{
  "version": 4,
  "terraform_version": "0.15.4",
  "serial": 2523,
  "lineage": "1a140571-8b4d-c1da-5722-fd572bd49022",
  "outputs": {},
  "resources": [
    {
      "mode": "managed",
      "type": "aws_route53_record",
      "name": "training-vm-oz-0",
      "provider": "provider[\"registry.terraform.io/hashicorp/aws\"]",
      "instances": [
        {
          "schema_version": 2,
          "attributes": {
            "alias": [],
            "allow_overwrite": null,
            "failover_routing_policy": [],
            "fqdn": "gat-0.oz.galaxy.training",
            "geolocation_routing_policy": [],
            "health_check_id": "",
            "id": "Z06074271TNBSU75H5S3Y_gat-0.oz.galaxy.training_A",
            "latency_routing_policy": [],
            "multivalue_answer_routing_policy": null,
            "name": "gat-0.oz.galaxy.training",
            "records": [
              "115.146.87.166"
            ],
            "set_identifier": "",
            "ttl": 7200,
            "type": "A",
            "weighted_routing_policy": [],
            "zone_id": "Z06074271TNBSU75H5S3Y"
          },
          "sensitive_attributes": [],
          "private": "eyJzY2hlbWFfdmVyc2lvbiI6IjIifQ=="
        }
      ]
    },
    {
      "mode": "managed",
      "type": "aws_route53_record",
      "name": "training-vm-oz-0-wildcard",
      "provider": "provider[\"registry.terraform.io/hashicorp/aws\"]",
      "instances": [
        {
          "schema_version": 2,
          "attributes": {
            "alias": [],
            "allow_overwrite": null,
            "failover_routing_policy": [],
            "fqdn": "*.interactivetoolentrypoint.interactivetool.gat-0.oz.galaxy.training",
            "geolocation_routing_policy": [],
            "health_check_id": "",
            "id": "Z06074271TNBSU75H5S3Y_*.interactivetoolentrypoint.interactivetool.gat-0.oz.galaxy.training_CNAME",
            "latency_routing_policy": [],
            "multivalue_answer_routing_policy": null,
            "name": "*.interactivetoolentrypoint.interactivetool.gat-0.oz.galaxy.training",
            "records": [
              "gat-0.oz.galaxy.training"
            ],
            "set_identifier": "",
            "ttl": 7200,
            "type": "CNAME",
            "weighted_routing_policy": [],
            "zone_id": "Z06074271TNBSU75H5S3Y"
          },
          "sensitive_attributes": [],
          "private": "eyJzY2hlbWFfdmVyc2lvbiI6IjIifQ=="
        }
      ]
    },
    {
      "mode": "managed",
      "type": "aws_route53_record",
      "name": "training-vm-oz-1",
      "provider": "provider[\"registry.terraform.io/hashicorp/aws\"]",
      "instances": [
        {
          "schema_version": 2,
          "attributes": {
            "alias": [],
            "allow_overwrite": null,
            "failover_routing_policy": [],
            "fqdn": "gat-1.oz.galaxy.training",
            "geolocation_routing_policy": [],
            "health_check_id": "",
            "id": "Z06074271TNBSU75H5S3Y_gat-1.oz.galaxy.training_A",
            "latency_routing_policy": [],
            "multivalue_answer_routing_policy": null,
            "name": "gat-1.oz.galaxy.training",
            "records": [
              "115.146.86.78"
            ],
            "set_identifier": "",
            "ttl": 7200,
            "type": "A",
            "weighted_routing_policy": [],
            "zone_id": "Z06074271TNBSU75H5S3Y"
          },
          "sensitive_attributes": [],
          "private": "eyJzY2hlbWFfdmVyc2lvbiI6IjIifQ=="
        }
      ]
    },
    {
      "mode": "managed",
      "type": "aws_route53_record",
      "name": "training-vm-oz-1-wildcard",
      "provider": "provider[\"registry.terraform.io/hashicorp/aws\"]",
      "instances": [
        {
          "schema_version": 2,
          "attributes": {
            "alias": [],
            "allow_overwrite": null,
            "failover_routing_policy": [],
            "fqdn": "*.interactivetoolentrypoint.interactivetool.gat-1.oz.galaxy.training",
            "geolocation_routing_policy": [],
            "health_check_id": "",
            "id": "Z06074271TNBSU75H5S3Y_*.interactivetoolentrypoint.interactivetool.gat-1.oz.galaxy.training_CNAME",
            "latency_routing_policy": [],
            "multivalue_answer_routing_policy": null,
            "name": "*.interactivetoolentrypoint.interactivetool.gat-1.oz.galaxy.training",
            "records": [
              "gat-1.oz.galaxy.training"
            ],
            "set_identifier": "",
            "ttl": 7200,
            "type": "CNAME",
            "weighted_routing_policy": [],
            "zone_id": "Z06074271TNBSU75H5S3Y"
          },
          "sensitive_attributes": [],
          "private": "eyJzY2hlbWFfdmVyc2lvbiI6IjIifQ=="
        }
      ]
    },
    {
      "mode": "managed",
      "type": "aws_route53_record",
      "name": "training-vm-oz-avasn",
      "provider": "provider[\"registry.terraform.io/hashicorp/aws\"]",
      "instances": [
        {
          "schema_version": 2,
          "attributes": {
            "alias": [],
            "allow_overwrite": null,
            "failover_routing_policy": [],
            "fqdn": "gat-avans.oz.galaxy.training",
            "geolocation_routing_policy": [],
            "health_check_id": "",
            "id": "Z06074271TNBSU75H5S3Y_gat-avans.oz.galaxy.training_A",
            "latency_routing_policy": [],
            "multivalue_answer_routing_policy": null,
            "name": "gat-avans.oz.galaxy.training",
            "records": [
              "145.38.206.76"
            ],
            "set_identifier": "",
            "ttl": 7200,
            "type": "A",
            "weighted_routing_policy": [],
            "zone_id": "Z06074271TNBSU75H5S3Y"
          },
          "sensitive_attributes": [],
          "private": "eyJzY2hlbWFfdmVyc2lvbiI6IjIifQ=="
        }
      ]
    },
    {
      "mode": "managed",
      "type": "aws_route53_record",
      "name": "training-vm-us-0",
      "provider": "provider[\"registry.terraform.io/hashicorp/aws\"]",
      "instances": [
        {
          "schema_version": 2,
          "attributes": {
            "alias": [],
            "allow_overwrite": null,
            "failover_routing_policy": [],
            "fqdn": "gat-0.us.galaxy.training",
            "geolocation_routing_policy": [],
            "health_check_id": "",
            "id": "Z022528316NCQCRTGOOLK_gat-0.us.galaxy.training_A",
            "latency_routing_policy": [],
            "multivalue_answer_routing_policy": null,
            "name": "gat-0.us.galaxy.training",
            "records": [
              "149.165.154.146"
            ],
            "set_identifier": "",
            "ttl": 7200,
            "type": "A",
            "weighted_routing_policy": [],
            "zone_id": "Z022528316NCQCRTGOOLK"
          },
          "sensitive_attributes": [],
          "private": "eyJzY2hlbWFfdmVyc2lvbiI6IjIifQ=="
        }
      ]
    },
    {
      "mode": "managed",
      "type": "aws_route53_record",
      "name": "training-vm-us-0-wildcard",
      "provider": "provider[\"registry.terraform.io/hashicorp/aws\"]",
      "instances": [
        {
          "schema_version": 2,
          "attributes": {
            "alias": [],
            "allow_overwrite": null,
            "failover_routing_policy": [],
            "fqdn": "*.interactivetoolentrypoint.interactivetool.gat-0.us.galaxy.training",
            "geolocation_routing_policy": [],
            "health_check_id": "",
            "id": "Z022528316NCQCRTGOOLK_*.interactivetoolentrypoint.interactivetool.gat-0.us.galaxy.training_CNAME",
            "latency_routing_policy": [],
            "multivalue_answer_routing_policy": null,
            "name": "*.interactivetoolentrypoint.interactivetool.gat-0.us.galaxy.training",
            "records": [
              "gat-0.us.galaxy.training"
            ],
            "set_identifier": "",
            "ttl": 7200,
            "type": "CNAME",
            "weighted_routing_policy": [],
            "zone_id": "Z022528316NCQCRTGOOLK"
          },
          "sensitive_attributes": [],
          "private": "eyJzY2hlbWFfdmVyc2lvbiI6IjIifQ=="
        }
      ]
    },
    {
      "mode": "managed",
      "type": "aws_route53_record",
      "name": "training-vm-us-1",
      "provider": "provider[\"registry.terraform.io/hashicorp/aws\"]",
      "instances": [
        {
          "schema_version": 2,
          "attributes": {
            "alias": [],
            "allow_overwrite": null,
            "failover_routing_policy": [],
            "fqdn": "gat-1.us.galaxy.training",
            "geolocation_routing_policy": [],
            "health_check_id": "",
            "id": "Z022528316NCQCRTGOOLK_gat-1.us.galaxy.training_A",
            "latency_routing_policy": [],
            "multivalue_answer_routing_policy": null,
            "name": "gat-1.us.galaxy.training",
            "records": [
              "149.165.155.5"
            ],
            "set_identifier": "",
            "ttl": 7200,
            "type": "A",
            "weighted_routing_policy": [],
            "zone_id": "Z022528316NCQCRTGOOLK"
          },
          "sensitive_attributes": [],
          "private": "eyJzY2hlbWFfdmVyc2lvbiI6IjIifQ=="
        }
      ]
    },
    {
      "mode": "managed",
      "type": "aws_route53_record",
      "name": "training-vm-us-1-wildcard",
      "provider": "provider[\"registry.terraform.io/hashicorp/aws\"]",
      "instances": [
        {
          "schema_version": 2,
          "attributes": {
            "alias": [],
            "allow_overwrite": null,
            "failover_routing_policy": [],
            "fqdn": "*.interactivetoolentrypoint.interactivetool.gat-1.us.galaxy.training",
            "geolocation_routing_policy": [],
            "health_check_id": "",
            "id": "Z022528316NCQCRTGOOLK_*.interactivetoolentrypoint.interactivetool.gat-1.us.galaxy.training_CNAME",
            "latency_routing_policy": [],
            "multivalue_answer_routing_policy": null,
            "name": "*.interactivetoolentrypoint.interactivetool.gat-1.us.galaxy.training",
            "records": [
              "gat-1.us.galaxy.training"
            ],
            "set_identifier": "",
            "ttl": 7200,
            "type": "CNAME",
            "weighted_routing_policy": [],
            "zone_id": "Z022528316NCQCRTGOOLK"
          },
          "sensitive_attributes": [],
          "private": "eyJzY2hlbWFfdmVyc2lvbiI6IjIifQ=="
        }
      ]
    },
    {
      "mode": "managed",
      "type": "aws_route53_record",
      "name": "training-vm-us-10",
      "provider": "provider[\"registry.terraform.io/hashicorp/aws\"]",
      "instances": [
        {
          "schema_version": 2,
          "attributes": {
            "alias": [],
            "allow_overwrite": null,
            "failover_routing_policy": [],
            "fqdn": "gat-10.us.galaxy.training",
            "geolocation_routing_policy": [],
            "health_check_id": null,
            "id": "Z022528316NCQCRTGOOLK_gat-10.us.galaxy.training_A",
            "latency_routing_policy": [],
            "multivalue_answer_routing_policy": null,
            "name": "gat-10.us.galaxy.training",
            "records": [
              "149.165.155.132"
            ],
            "set_identifier": null,
            "ttl": 7200,
            "type": "A",
            "weighted_routing_policy": [],
            "zone_id": "Z022528316NCQCRTGOOLK"
          },
          "sensitive_attributes": [],
          "private": "eyJzY2hlbWFfdmVyc2lvbiI6IjIifQ=="
        }
      ]
    },
    {
      "mode": "managed",
      "type": "aws_route53_record",
      "name": "training-vm-us-10-wildcard",
      "provider": "provider[\"registry.terraform.io/hashicorp/aws\"]",
      "instances": [
        {
          "schema_version": 2,
          "attributes": {
            "alias": [],
            "allow_overwrite": null,
            "failover_routing_policy": [],
            "fqdn": "*.interactivetoolentrypoint.interactivetool.gat-10.us.galaxy.training",
            "geolocation_routing_policy": [],
            "health_check_id": null,
            "id": "Z022528316NCQCRTGOOLK_*.interactivetoolentrypoint.interactivetool.gat-10.us.galaxy.training_CNAME",
            "latency_routing_policy": [],
            "multivalue_answer_routing_policy": null,
            "name": "*.interactivetoolentrypoint.interactivetool.gat-10.us.galaxy.training",
            "records": [
              "gat-10.us.galaxy.training"
            ],
            "set_identifier": null,
            "ttl": 7200,
            "type": "CNAME",
            "weighted_routing_policy": [],
            "zone_id": "Z022528316NCQCRTGOOLK"
          },
          "sensitive_attributes": [],
          "private": "eyJzY2hlbWFfdmVyc2lvbiI6IjIifQ=="
        }
      ]
    },
    {
      "mode": "managed",
      "type": "aws_route53_record",
      "name": "training-vm-us-11",
      "provider": "provider[\"registry.terraform.io/hashicorp/aws\"]",
      "instances": [
        {
          "schema_version": 2,
          "attributes": {
            "alias": [],
            "allow_overwrite": null,
            "failover_routing_policy": [],
            "fqdn": "gat-11.us.galaxy.training",
            "geolocation_routing_policy": [],
            "health_check_id": null,
            "id": "Z022528316NCQCRTGOOLK_gat-11.us.galaxy.training_A",
            "latency_routing_policy": [],
            "multivalue_answer_routing_policy": null,
            "name": "gat-11.us.galaxy.training",
            "records": [
              "149.165.154.68"
            ],
            "set_identifier": null,
            "ttl": 7200,
            "type": "A",
            "weighted_routing_policy": [],
            "zone_id": "Z022528316NCQCRTGOOLK"
          },
          "sensitive_attributes": [],
          "private": "eyJzY2hlbWFfdmVyc2lvbiI6IjIifQ=="
        }
      ]
    },
    {
      "mode": "managed",
      "type": "aws_route53_record",
      "name": "training-vm-us-11-wildcard",
      "provider": "provider[\"registry.terraform.io/hashicorp/aws\"]",
      "instances": [
        {
          "schema_version": 2,
          "attributes": {
            "alias": [],
            "allow_overwrite": null,
            "failover_routing_policy": [],
            "fqdn": "*.interactivetoolentrypoint.interactivetool.gat-11.us.galaxy.training",
            "geolocation_routing_policy": [],
            "health_check_id": null,
            "id": "Z022528316NCQCRTGOOLK_*.interactivetoolentrypoint.interactivetool.gat-11.us.galaxy.training_CNAME",
            "latency_routing_policy": [],
            "multivalue_answer_routing_policy": null,
            "name": "*.interactivetoolentrypoint.interactivetool.gat-11.us.galaxy.training",
            "records": [
              "gat-11.us.galaxy.training"
            ],
            "set_identifier": null,
            "ttl": 7200,
            "type": "CNAME",
            "weighted_routing_policy": [],
            "zone_id": "Z022528316NCQCRTGOOLK"
          },
          "sensitive_attributes": [],
          "private": "eyJzY2hlbWFfdmVyc2lvbiI6IjIifQ=="
        }
      ]
    },
    {
      "mode": "managed",
      "type": "aws_route53_record",
      "name": "training-vm-us-12",
      "provider": "provider[\"registry.terraform.io/hashicorp/aws\"]",
      "instances": [
        {
          "schema_version": 2,
          "attributes": {
            "alias": [],
            "allow_overwrite": null,
            "failover_routing_policy": [],
            "fqdn": "gat-12.us.galaxy.training",
            "geolocation_routing_policy": [],
            "health_check_id": null,
            "id": "Z022528316NCQCRTGOOLK_gat-12.us.galaxy.training_A",
            "latency_routing_policy": [],
            "multivalue_answer_routing_policy": null,
            "name": "gat-12.us.galaxy.training",
            "records": [
              "149.165.152.31"
            ],
            "set_identifier": null,
            "ttl": 7200,
            "type": "A",
            "weighted_routing_policy": [],
            "zone_id": "Z022528316NCQCRTGOOLK"
          },
          "sensitive_attributes": [],
          "private": "eyJzY2hlbWFfdmVyc2lvbiI6IjIifQ=="
        }
      ]
    },
    {
      "mode": "managed",
      "type": "aws_route53_record",
      "name": "training-vm-us-12-wildcard",
      "provider": "provider[\"registry.terraform.io/hashicorp/aws\"]",
      "instances": [
        {
          "schema_version": 2,
          "attributes": {
            "alias": [],
            "allow_overwrite": null,
            "failover_routing_policy": [],
            "fqdn": "*.interactivetoolentrypoint.interactivetool.gat-12.us.galaxy.training",
            "geolocation_routing_policy": [],
            "health_check_id": null,
            "id": "Z022528316NCQCRTGOOLK_*.interactivetoolentrypoint.interactivetool.gat-12.us.galaxy.training_CNAME",
            "latency_routing_policy": [],
            "multivalue_answer_routing_policy": null,
            "name": "*.interactivetoolentrypoint.interactivetool.gat-12.us.galaxy.training",
            "records": [
              "gat-12.us.galaxy.training"
            ],
            "set_identifier": null,
            "ttl": 7200,
            "type": "CNAME",
            "weighted_routing_policy": [],
            "zone_id": "Z022528316NCQCRTGOOLK"
          },
          "sensitive_attributes": [],
          "private": "eyJzY2hlbWFfdmVyc2lvbiI6IjIifQ=="
        }
      ]
    },
    {
      "mode": "managed",
      "type": "aws_route53_record",
      "name": "training-vm-us-13",
      "provider": "provider[\"registry.terraform.io/hashicorp/aws\"]",
      "instances": [
        {
          "schema_version": 2,
          "attributes": {
            "alias": [],
            "allow_overwrite": null,
            "failover_routing_policy": [],
            "fqdn": "gat-13.us.galaxy.training",
            "geolocation_routing_policy": [],
            "health_check_id": null,
            "id": "Z022528316NCQCRTGOOLK_gat-13.us.galaxy.training_A",
            "latency_routing_policy": [],
            "multivalue_answer_routing_policy": null,
            "name": "gat-13.us.galaxy.training",
            "records": [
              "149.165.155.126"
            ],
            "set_identifier": null,
            "ttl": 7200,
            "type": "A",
            "weighted_routing_policy": [],
            "zone_id": "Z022528316NCQCRTGOOLK"
          },
          "sensitive_attributes": [],
          "private": "eyJzY2hlbWFfdmVyc2lvbiI6IjIifQ=="
        }
      ]
    },
    {
      "mode": "managed",
      "type": "aws_route53_record",
      "name": "training-vm-us-13-wildcard",
      "provider": "provider[\"registry.terraform.io/hashicorp/aws\"]",
      "instances": [
        {
          "schema_version": 2,
          "attributes": {
            "alias": [],
            "allow_overwrite": null,
            "failover_routing_policy": [],
            "fqdn": "*.interactivetoolentrypoint.interactivetool.gat-13.us.galaxy.training",
            "geolocation_routing_policy": [],
            "health_check_id": null,
            "id": "Z022528316NCQCRTGOOLK_*.interactivetoolentrypoint.interactivetool.gat-13.us.galaxy.training_CNAME",
            "latency_routing_policy": [],
            "multivalue_answer_routing_policy": null,
            "name": "*.interactivetoolentrypoint.interactivetool.gat-13.us.galaxy.training",
            "records": [
              "gat-13.us.galaxy.training"
            ],
            "set_identifier": null,
            "ttl": 7200,
            "type": "CNAME",
            "weighted_routing_policy": [],
            "zone_id": "Z022528316NCQCRTGOOLK"
          },
          "sensitive_attributes": [],
          "private": "eyJzY2hlbWFfdmVyc2lvbiI6IjIifQ=="
        }
      ]
    },
    {
      "mode": "managed",
      "type": "aws_route53_record",
      "name": "training-vm-us-14",
      "provider": "provider[\"registry.terraform.io/hashicorp/aws\"]",
      "instances": [
        {
          "schema_version": 2,
          "attributes": {
            "alias": [],
            "allow_overwrite": null,
            "failover_routing_policy": [],
            "fqdn": "gat-14.us.galaxy.training",
            "geolocation_routing_policy": [],
            "health_check_id": null,
            "id": "Z022528316NCQCRTGOOLK_gat-14.us.galaxy.training_A",
            "latency_routing_policy": [],
            "multivalue_answer_routing_policy": null,
            "name": "gat-14.us.galaxy.training",
            "records": [
              "149.165.152.100"
            ],
            "set_identifier": null,
            "ttl": 7200,
            "type": "A",
            "weighted_routing_policy": [],
            "zone_id": "Z022528316NCQCRTGOOLK"
          },
          "sensitive_attributes": [],
          "private": "eyJzY2hlbWFfdmVyc2lvbiI6IjIifQ=="
        }
      ]
    },
    {
      "mode": "managed",
      "type": "aws_route53_record",
      "name": "training-vm-us-14-wildcard",
      "provider": "provider[\"registry.terraform.io/hashicorp/aws\"]",
      "instances": [
        {
          "schema_version": 2,
          "attributes": {
            "alias": [],
            "allow_overwrite": null,
            "failover_routing_policy": [],
            "fqdn": "*.interactivetoolentrypoint.interactivetool.gat-14.us.galaxy.training",
            "geolocation_routing_policy": [],
            "health_check_id": null,
            "id": "Z022528316NCQCRTGOOLK_*.interactivetoolentrypoint.interactivetool.gat-14.us.galaxy.training_CNAME",
            "latency_routing_policy": [],
            "multivalue_answer_routing_policy": null,
            "name": "*.interactivetoolentrypoint.interactivetool.gat-14.us.galaxy.training",
            "records": [
              "gat-14.us.galaxy.training"
            ],
            "set_identifier": null,
            "ttl": 7200,
            "type": "CNAME",
            "weighted_routing_policy": [],
            "zone_id": "Z022528316NCQCRTGOOLK"
          },
          "sensitive_attributes": [],
          "private": "eyJzY2hlbWFfdmVyc2lvbiI6IjIifQ=="
        }
      ]
    },
    {
      "mode": "managed",
      "type": "aws_route53_record",
      "name": "training-vm-us-15",
      "provider": "provider[\"registry.terraform.io/hashicorp/aws\"]",
      "instances": [
        {
          "schema_version": 2,
          "attributes": {
            "alias": [],
            "allow_overwrite": null,
            "failover_routing_policy": [],
            "fqdn": "gat-15.us.galaxy.training",
            "geolocation_routing_policy": [],
            "health_check_id": null,
            "id": "Z022528316NCQCRTGOOLK_gat-15.us.galaxy.training_A",
            "latency_routing_policy": [],
            "multivalue_answer_routing_policy": null,
            "name": "gat-15.us.galaxy.training",
            "records": [
              "149.165.154.168"
            ],
            "set_identifier": null,
            "ttl": 7200,
            "type": "A",
            "weighted_routing_policy": [],
            "zone_id": "Z022528316NCQCRTGOOLK"
          },
          "sensitive_attributes": [],
          "private": "eyJzY2hlbWFfdmVyc2lvbiI6IjIifQ=="
        }
      ]
    },
    {
      "mode": "managed",
      "type": "aws_route53_record",
      "name": "training-vm-us-15-wildcard",
      "provider": "provider[\"registry.terraform.io/hashicorp/aws\"]",
      "instances": [
        {
          "schema_version": 2,
          "attributes": {
            "alias": [],
            "allow_overwrite": null,
            "failover_routing_policy": [],
            "fqdn": "*.interactivetoolentrypoint.interactivetool.gat-15.us.galaxy.training",
            "geolocation_routing_policy": [],
            "health_check_id": null,
            "id": "Z022528316NCQCRTGOOLK_*.interactivetoolentrypoint.interactivetool.gat-15.us.galaxy.training_CNAME",
            "latency_routing_policy": [],
            "multivalue_answer_routing_policy": null,
            "name": "*.interactivetoolentrypoint.interactivetool.gat-15.us.galaxy.training",
            "records": [
              "gat-15.us.galaxy.training"
            ],
            "set_identifier": null,
            "ttl": 7200,
            "type": "CNAME",
            "weighted_routing_policy": [],
            "zone_id": "Z022528316NCQCRTGOOLK"
          },
          "sensitive_attributes": [],
          "private": "eyJzY2hlbWFfdmVyc2lvbiI6IjIifQ=="
        }
      ]
    },
    {
      "mode": "managed",
      "type": "aws_route53_record",
      "name": "training-vm-us-16",
      "provider": "provider[\"registry.terraform.io/hashicorp/aws\"]",
      "instances": [
        {
          "schema_version": 2,
          "attributes": {
            "alias": [],
            "allow_overwrite": null,
            "failover_routing_policy": [],
            "fqdn": "gat-16.us.galaxy.training",
            "geolocation_routing_policy": [],
            "health_check_id": null,
            "id": "Z022528316NCQCRTGOOLK_gat-16.us.galaxy.training_A",
            "latency_routing_policy": [],
            "multivalue_answer_routing_policy": null,
            "name": "gat-16.us.galaxy.training",
            "records": [
              "149.165.153.148"
            ],
            "set_identifier": null,
            "ttl": 7200,
            "type": "A",
            "weighted_routing_policy": [],
            "zone_id": "Z022528316NCQCRTGOOLK"
          },
          "sensitive_attributes": [],
          "private": "eyJzY2hlbWFfdmVyc2lvbiI6IjIifQ=="
        }
      ]
    },
    {
      "mode": "managed",
      "type": "aws_route53_record",
      "name": "training-vm-us-16-wildcard",
      "provider": "provider[\"registry.terraform.io/hashicorp/aws\"]",
      "instances": [
        {
          "schema_version": 2,
          "attributes": {
            "alias": [],
            "allow_overwrite": null,
            "failover_routing_policy": [],
            "fqdn": "*.interactivetoolentrypoint.interactivetool.gat-16.us.galaxy.training",
            "geolocation_routing_policy": [],
            "health_check_id": null,
            "id": "Z022528316NCQCRTGOOLK_*.interactivetoolentrypoint.interactivetool.gat-16.us.galaxy.training_CNAME",
            "latency_routing_policy": [],
            "multivalue_answer_routing_policy": null,
            "name": "*.interactivetoolentrypoint.interactivetool.gat-16.us.galaxy.training",
            "records": [
              "gat-16.us.galaxy.training"
            ],
            "set_identifier": null,
            "ttl": 7200,
            "type": "CNAME",
            "weighted_routing_policy": [],
            "zone_id": "Z022528316NCQCRTGOOLK"
          },
          "sensitive_attributes": [],
          "private": "eyJzY2hlbWFfdmVyc2lvbiI6IjIifQ=="
        }
      ]
    },
    {
      "mode": "managed",
      "type": "aws_route53_record",
      "name": "training-vm-us-17",
      "provider": "provider[\"registry.terraform.io/hashicorp/aws\"]",
      "instances": [
        {
          "schema_version": 2,
          "attributes": {
            "alias": [],
            "allow_overwrite": null,
            "failover_routing_policy": [],
            "fqdn": "gat-17.us.galaxy.training",
            "geolocation_routing_policy": [],
            "health_check_id": null,
            "id": "Z022528316NCQCRTGOOLK_gat-17.us.galaxy.training_A",
            "latency_routing_policy": [],
            "multivalue_answer_routing_policy": null,
            "name": "gat-17.us.galaxy.training",
            "records": [
              "149.165.154.245"
            ],
            "set_identifier": null,
            "ttl": 7200,
            "type": "A",
            "weighted_routing_policy": [],
            "zone_id": "Z022528316NCQCRTGOOLK"
          },
          "sensitive_attributes": [],
          "private": "eyJzY2hlbWFfdmVyc2lvbiI6IjIifQ=="
        }
      ]
    },
    {
      "mode": "managed",
      "type": "aws_route53_record",
      "name": "training-vm-us-17-wildcard",
      "provider": "provider[\"registry.terraform.io/hashicorp/aws\"]",
      "instances": [
        {
          "schema_version": 2,
          "attributes": {
            "alias": [],
            "allow_overwrite": null,
            "failover_routing_policy": [],
            "fqdn": "*.interactivetoolentrypoint.interactivetool.gat-17.us.galaxy.training",
            "geolocation_routing_policy": [],
            "health_check_id": null,
            "id": "Z022528316NCQCRTGOOLK_*.interactivetoolentrypoint.interactivetool.gat-17.us.galaxy.training_CNAME",
            "latency_routing_policy": [],
            "multivalue_answer_routing_policy": null,
            "name": "*.interactivetoolentrypoint.interactivetool.gat-17.us.galaxy.training",
            "records": [
              "gat-17.us.galaxy.training"
            ],
            "set_identifier": null,
            "ttl": 7200,
            "type": "CNAME",
            "weighted_routing_policy": [],
            "zone_id": "Z022528316NCQCRTGOOLK"
          },
          "sensitive_attributes": [],
          "private": "eyJzY2hlbWFfdmVyc2lvbiI6IjIifQ=="
        }
      ]
    },
    {
      "mode": "managed",
      "type": "aws_route53_record",
      "name": "training-vm-us-18",
      "provider": "provider[\"registry.terraform.io/hashicorp/aws\"]",
      "instances": [
        {
          "schema_version": 2,
          "attributes": {
            "alias": [],
            "allow_overwrite": null,
            "failover_routing_policy": [],
            "fqdn": "gat-18.us.galaxy.training",
            "geolocation_routing_policy": [],
            "health_check_id": null,
            "id": "Z022528316NCQCRTGOOLK_gat-18.us.galaxy.training_A",
            "latency_routing_policy": [],
            "multivalue_answer_routing_policy": null,
            "name": "gat-18.us.galaxy.training",
            "records": [
              "149.165.154.115"
            ],
            "set_identifier": null,
            "ttl": 7200,
            "type": "A",
            "weighted_routing_policy": [],
            "zone_id": "Z022528316NCQCRTGOOLK"
          },
          "sensitive_attributes": [],
          "private": "eyJzY2hlbWFfdmVyc2lvbiI6IjIifQ=="
        }
      ]
    },
    {
      "mode": "managed",
      "type": "aws_route53_record",
      "name": "training-vm-us-18-wildcard",
      "provider": "provider[\"registry.terraform.io/hashicorp/aws\"]",
      "instances": [
        {
          "schema_version": 2,
          "attributes": {
            "alias": [],
            "allow_overwrite": null,
            "failover_routing_policy": [],
            "fqdn": "*.interactivetoolentrypoint.interactivetool.gat-18.us.galaxy.training",
            "geolocation_routing_policy": [],
            "health_check_id": null,
            "id": "Z022528316NCQCRTGOOLK_*.interactivetoolentrypoint.interactivetool.gat-18.us.galaxy.training_CNAME",
            "latency_routing_policy": [],
            "multivalue_answer_routing_policy": null,
            "name": "*.interactivetoolentrypoint.interactivetool.gat-18.us.galaxy.training",
            "records": [
              "gat-18.us.galaxy.training"
            ],
            "set_identifier": null,
            "ttl": 7200,
            "type": "CNAME",
            "weighted_routing_policy": [],
            "zone_id": "Z022528316NCQCRTGOOLK"
          },
          "sensitive_attributes": [],
          "private": "eyJzY2hlbWFfdmVyc2lvbiI6IjIifQ=="
        }
      ]
    },
    {
      "mode": "managed",
      "type": "aws_route53_record",
      "name": "training-vm-us-19",
      "provider": "provider[\"registry.terraform.io/hashicorp/aws\"]",
      "instances": [
        {
          "schema_version": 2,
          "attributes": {
            "alias": [],
            "allow_overwrite": null,
            "failover_routing_policy": [],
            "fqdn": "gat-19.us.galaxy.training",
            "geolocation_routing_policy": [],
            "health_check_id": null,
            "id": "Z022528316NCQCRTGOOLK_gat-19.us.galaxy.training_A",
            "latency_routing_policy": [],
            "multivalue_answer_routing_policy": null,
            "name": "gat-19.us.galaxy.training",
            "records": [
              "149.165.155.54"
            ],
            "set_identifier": null,
            "ttl": 7200,
            "type": "A",
            "weighted_routing_policy": [],
            "zone_id": "Z022528316NCQCRTGOOLK"
          },
          "sensitive_attributes": [],
          "private": "eyJzY2hlbWFfdmVyc2lvbiI6IjIifQ=="
        }
      ]
    },
    {
      "mode": "managed",
      "type": "aws_route53_record",
      "name": "training-vm-us-19-wildcard",
      "provider": "provider[\"registry.terraform.io/hashicorp/aws\"]",
      "instances": [
        {
          "schema_version": 2,
          "attributes": {
            "alias": [],
            "allow_overwrite": null,
            "failover_routing_policy": [],
            "fqdn": "*.interactivetoolentrypoint.interactivetool.gat-19.us.galaxy.training",
            "geolocation_routing_policy": [],
            "health_check_id": null,
            "id": "Z022528316NCQCRTGOOLK_*.interactivetoolentrypoint.interactivetool.gat-19.us.galaxy.training_CNAME",
            "latency_routing_policy": [],
            "multivalue_answer_routing_policy": null,
            "name": "*.interactivetoolentrypoint.interactivetool.gat-19.us.galaxy.training",
            "records": [
              "gat-19.us.galaxy.training"
            ],
            "set_identifier": null,
            "ttl": 7200,
            "type": "CNAME",
            "weighted_routing_policy": [],
            "zone_id": "Z022528316NCQCRTGOOLK"
          },
          "sensitive_attributes": [],
          "private": "eyJzY2hlbWFfdmVyc2lvbiI6IjIifQ=="
        }
      ]
    },
    {
      "mode": "managed",
      "type": "aws_route53_record",
      "name": "training-vm-us-2",
      "provider": "provider[\"registry.terraform.io/hashicorp/aws\"]",
      "instances": [
        {
          "schema_version": 2,
          "attributes": {
            "alias": [],
            "allow_overwrite": null,
            "failover_routing_policy": [],
            "fqdn": "gat-2.us.galaxy.training",
            "geolocation_routing_policy": [],
            "health_check_id": "",
            "id": "Z022528316NCQCRTGOOLK_gat-2.us.galaxy.training_A",
            "latency_routing_policy": [],
            "multivalue_answer_routing_policy": null,
            "name": "gat-2.us.galaxy.training",
            "records": [
              "149.165.153.230"
            ],
            "set_identifier": "",
            "ttl": 7200,
            "type": "A",
            "weighted_routing_policy": [],
            "zone_id": "Z022528316NCQCRTGOOLK"
          },
          "sensitive_attributes": [],
          "private": "eyJzY2hlbWFfdmVyc2lvbiI6IjIifQ=="
        }
      ]
    },
    {
      "mode": "managed",
      "type": "aws_route53_record",
      "name": "training-vm-us-2-wildcard",
      "provider": "provider[\"registry.terraform.io/hashicorp/aws\"]",
      "instances": [
        {
          "schema_version": 2,
          "attributes": {
            "alias": [],
            "allow_overwrite": null,
            "failover_routing_policy": [],
            "fqdn": "*.interactivetoolentrypoint.interactivetool.gat-2.us.galaxy.training",
            "geolocation_routing_policy": [],
            "health_check_id": "",
            "id": "Z022528316NCQCRTGOOLK_*.interactivetoolentrypoint.interactivetool.gat-2.us.galaxy.training_CNAME",
            "latency_routing_policy": [],
            "multivalue_answer_routing_policy": null,
            "name": "*.interactivetoolentrypoint.interactivetool.gat-2.us.galaxy.training",
            "records": [
              "gat-2.us.galaxy.training"
            ],
            "set_identifier": "",
            "ttl": 7200,
            "type": "CNAME",
            "weighted_routing_policy": [],
            "zone_id": "Z022528316NCQCRTGOOLK"
          },
          "sensitive_attributes": [],
          "private": "eyJzY2hlbWFfdmVyc2lvbiI6IjIifQ=="
        }
      ]
    },
    {
      "mode": "managed",
      "type": "aws_route53_record",
      "name": "training-vm-us-20",
      "provider": "provider[\"registry.terraform.io/hashicorp/aws\"]",
      "instances": [
        {
          "schema_version": 2,
          "attributes": {
            "alias": [],
            "allow_overwrite": null,
            "failover_routing_policy": [],
            "fqdn": "gat-20.us.galaxy.training",
            "geolocation_routing_policy": [],
            "health_check_id": null,
            "id": "Z022528316NCQCRTGOOLK_gat-20.us.galaxy.training_A",
            "latency_routing_policy": [],
            "multivalue_answer_routing_policy": null,
            "name": "gat-20.us.galaxy.training",
            "records": [
              "149.165.155.11"
            ],
            "set_identifier": null,
            "ttl": 7200,
            "type": "A",
            "weighted_routing_policy": [],
            "zone_id": "Z022528316NCQCRTGOOLK"
          },
          "sensitive_attributes": [],
          "private": "eyJzY2hlbWFfdmVyc2lvbiI6IjIifQ=="
        }
      ]
    },
    {
      "mode": "managed",
      "type": "aws_route53_record",
      "name": "training-vm-us-20-wildcard",
      "provider": "provider[\"registry.terraform.io/hashicorp/aws\"]",
      "instances": [
        {
          "schema_version": 2,
          "attributes": {
            "alias": [],
            "allow_overwrite": null,
            "failover_routing_policy": [],
            "fqdn": "*.interactivetoolentrypoint.interactivetool.gat-20.us.galaxy.training",
            "geolocation_routing_policy": [],
            "health_check_id": null,
            "id": "Z022528316NCQCRTGOOLK_*.interactivetoolentrypoint.interactivetool.gat-20.us.galaxy.training_CNAME",
            "latency_routing_policy": [],
            "multivalue_answer_routing_policy": null,
            "name": "*.interactivetoolentrypoint.interactivetool.gat-20.us.galaxy.training",
            "records": [
              "gat-20.us.galaxy.training"
            ],
            "set_identifier": null,
            "ttl": 7200,
            "type": "CNAME",
            "weighted_routing_policy": [],
            "zone_id": "Z022528316NCQCRTGOOLK"
          },
          "sensitive_attributes": [],
          "private": "eyJzY2hlbWFfdmVyc2lvbiI6IjIifQ=="
        }
      ]
    },
    {
      "mode": "managed",
      "type": "aws_route53_record",
      "name": "training-vm-us-21",
      "provider": "provider[\"registry.terraform.io/hashicorp/aws\"]",
      "instances": [
        {
          "schema_version": 2,
          "attributes": {
            "alias": [],
            "allow_overwrite": null,
            "failover_routing_policy": [],
            "fqdn": "gat-21.us.galaxy.training",
            "geolocation_routing_policy": [],
            "health_check_id": null,
            "id": "Z022528316NCQCRTGOOLK_gat-21.us.galaxy.training_A",
            "latency_routing_policy": [],
            "multivalue_answer_routing_policy": null,
            "name": "gat-21.us.galaxy.training",
            "records": [
              "149.165.153.124"
            ],
            "set_identifier": null,
            "ttl": 7200,
            "type": "A",
            "weighted_routing_policy": [],
            "zone_id": "Z022528316NCQCRTGOOLK"
          },
          "sensitive_attributes": [],
          "private": "eyJzY2hlbWFfdmVyc2lvbiI6IjIifQ=="
        }
      ]
    },
    {
      "mode": "managed",
      "type": "aws_route53_record",
      "name": "training-vm-us-21-wildcard",
      "provider": "provider[\"registry.terraform.io/hashicorp/aws\"]",
      "instances": [
        {
          "schema_version": 2,
          "attributes": {
            "alias": [],
            "allow_overwrite": null,
            "failover_routing_policy": [],
            "fqdn": "*.interactivetoolentrypoint.interactivetool.gat-21.us.galaxy.training",
            "geolocation_routing_policy": [],
            "health_check_id": null,
            "id": "Z022528316NCQCRTGOOLK_*.interactivetoolentrypoint.interactivetool.gat-21.us.galaxy.training_CNAME",
            "latency_routing_policy": [],
            "multivalue_answer_routing_policy": null,
            "name": "*.interactivetoolentrypoint.interactivetool.gat-21.us.galaxy.training",
            "records": [
              "gat-21.us.galaxy.training"
            ],
            "set_identifier": null,
            "ttl": 7200,
            "type": "CNAME",
            "weighted_routing_policy": [],
            "zone_id": "Z022528316NCQCRTGOOLK"
          },
          "sensitive_attributes": [],
          "private": "eyJzY2hlbWFfdmVyc2lvbiI6IjIifQ=="
        }
      ]
    },
    {
      "mode": "managed",
      "type": "aws_route53_record",
      "name": "training-vm-us-22",
      "provider": "provider[\"registry.terraform.io/hashicorp/aws\"]",
      "instances": [
        {
          "schema_version": 2,
          "attributes": {
            "alias": [],
            "allow_overwrite": null,
            "failover_routing_policy": [],
            "fqdn": "gat-22.us.galaxy.training",
            "geolocation_routing_policy": [],
            "health_check_id": null,
            "id": "Z022528316NCQCRTGOOLK_gat-22.us.galaxy.training_A",
            "latency_routing_policy": [],
            "multivalue_answer_routing_policy": null,
            "name": "gat-22.us.galaxy.training",
            "records": [
              "149.165.154.98"
            ],
            "set_identifier": null,
            "ttl": 7200,
            "type": "A",
            "weighted_routing_policy": [],
            "zone_id": "Z022528316NCQCRTGOOLK"
          },
          "sensitive_attributes": [],
          "private": "eyJzY2hlbWFfdmVyc2lvbiI6IjIifQ=="
        }
      ]
    },
    {
      "mode": "managed",
      "type": "aws_route53_record",
      "name": "training-vm-us-22-wildcard",
      "provider": "provider[\"registry.terraform.io/hashicorp/aws\"]",
      "instances": [
        {
          "schema_version": 2,
          "attributes": {
            "alias": [],
            "allow_overwrite": null,
            "failover_routing_policy": [],
            "fqdn": "*.interactivetoolentrypoint.interactivetool.gat-22.us.galaxy.training",
            "geolocation_routing_policy": [],
            "health_check_id": null,
            "id": "Z022528316NCQCRTGOOLK_*.interactivetoolentrypoint.interactivetool.gat-22.us.galaxy.training_CNAME",
            "latency_routing_policy": [],
            "multivalue_answer_routing_policy": null,
            "name": "*.interactivetoolentrypoint.interactivetool.gat-22.us.galaxy.training",
            "records": [
              "gat-22.us.galaxy.training"
            ],
            "set_identifier": null,
            "ttl": 7200,
            "type": "CNAME",
            "weighted_routing_policy": [],
            "zone_id": "Z022528316NCQCRTGOOLK"
          },
          "sensitive_attributes": [],
          "private": "eyJzY2hlbWFfdmVyc2lvbiI6IjIifQ=="
        }
      ]
    },
    {
      "mode": "managed",
      "type": "aws_route53_record",
      "name": "training-vm-us-23",
      "provider": "provider[\"registry.terraform.io/hashicorp/aws\"]",
      "instances": [
        {
          "schema_version": 2,
          "attributes": {
            "alias": [],
            "allow_overwrite": null,
            "failover_routing_policy": [],
            "fqdn": "gat-23.us.galaxy.training",
            "geolocation_routing_policy": [],
            "health_check_id": null,
            "id": "Z022528316NCQCRTGOOLK_gat-23.us.galaxy.training_A",
            "latency_routing_policy": [],
            "multivalue_answer_routing_policy": null,
            "name": "gat-23.us.galaxy.training",
            "records": [
              "149.165.152.208"
            ],
            "set_identifier": null,
            "ttl": 7200,
            "type": "A",
            "weighted_routing_policy": [],
            "zone_id": "Z022528316NCQCRTGOOLK"
          },
          "sensitive_attributes": [],
          "private": "eyJzY2hlbWFfdmVyc2lvbiI6IjIifQ=="
        }
      ]
    },
    {
      "mode": "managed",
      "type": "aws_route53_record",
      "name": "training-vm-us-23-wildcard",
      "provider": "provider[\"registry.terraform.io/hashicorp/aws\"]",
      "instances": [
        {
          "schema_version": 2,
          "attributes": {
            "alias": [],
            "allow_overwrite": null,
            "failover_routing_policy": [],
            "fqdn": "*.interactivetoolentrypoint.interactivetool.gat-23.us.galaxy.training",
            "geolocation_routing_policy": [],
            "health_check_id": null,
            "id": "Z022528316NCQCRTGOOLK_*.interactivetoolentrypoint.interactivetool.gat-23.us.galaxy.training_CNAME",
            "latency_routing_policy": [],
            "multivalue_answer_routing_policy": null,
            "name": "*.interactivetoolentrypoint.interactivetool.gat-23.us.galaxy.training",
            "records": [
              "gat-23.us.galaxy.training"
            ],
            "set_identifier": null,
            "ttl": 7200,
            "type": "CNAME",
            "weighted_routing_policy": [],
            "zone_id": "Z022528316NCQCRTGOOLK"
          },
          "sensitive_attributes": [],
          "private": "eyJzY2hlbWFfdmVyc2lvbiI6IjIifQ=="
        }
      ]
    },
    {
      "mode": "managed",
      "type": "aws_route53_record",
      "name": "training-vm-us-24",
      "provider": "provider[\"registry.terraform.io/hashicorp/aws\"]",
      "instances": [
        {
          "schema_version": 2,
          "attributes": {
            "alias": [],
            "allow_overwrite": null,
            "failover_routing_policy": [],
            "fqdn": "gat-24.us.galaxy.training",
            "geolocation_routing_policy": [],
            "health_check_id": null,
            "id": "Z022528316NCQCRTGOOLK_gat-24.us.galaxy.training_A",
            "latency_routing_policy": [],
            "multivalue_answer_routing_policy": null,
            "name": "gat-24.us.galaxy.training",
            "records": [
              "149.165.153.135"
            ],
            "set_identifier": null,
            "ttl": 7200,
            "type": "A",
            "weighted_routing_policy": [],
            "zone_id": "Z022528316NCQCRTGOOLK"
          },
          "sensitive_attributes": [],
          "private": "eyJzY2hlbWFfdmVyc2lvbiI6IjIifQ=="
        }
      ]
    },
    {
      "mode": "managed",
      "type": "aws_route53_record",
      "name": "training-vm-us-24-wildcard",
      "provider": "provider[\"registry.terraform.io/hashicorp/aws\"]",
      "instances": [
        {
          "schema_version": 2,
          "attributes": {
            "alias": [],
            "allow_overwrite": null,
            "failover_routing_policy": [],
            "fqdn": "*.interactivetoolentrypoint.interactivetool.gat-24.us.galaxy.training",
            "geolocation_routing_policy": [],
            "health_check_id": null,
            "id": "Z022528316NCQCRTGOOLK_*.interactivetoolentrypoint.interactivetool.gat-24.us.galaxy.training_CNAME",
            "latency_routing_policy": [],
            "multivalue_answer_routing_policy": null,
            "name": "*.interactivetoolentrypoint.interactivetool.gat-24.us.galaxy.training",
            "records": [
              "gat-24.us.galaxy.training"
            ],
            "set_identifier": null,
            "ttl": 7200,
            "type": "CNAME",
            "weighted_routing_policy": [],
            "zone_id": "Z022528316NCQCRTGOOLK"
          },
          "sensitive_attributes": [],
          "private": "eyJzY2hlbWFfdmVyc2lvbiI6IjIifQ=="
        }
      ]
    },
    {
      "mode": "managed",
      "type": "aws_route53_record",
      "name": "training-vm-us-25",
      "provider": "provider[\"registry.terraform.io/hashicorp/aws\"]",
      "instances": [
        {
          "schema_version": 2,
          "attributes": {
            "alias": [],
            "allow_overwrite": null,
            "failover_routing_policy": [],
            "fqdn": "gat-25.us.galaxy.training",
            "geolocation_routing_policy": [],
            "health_check_id": null,
            "id": "Z022528316NCQCRTGOOLK_gat-25.us.galaxy.training_A",
            "latency_routing_policy": [],
            "multivalue_answer_routing_policy": null,
            "name": "gat-25.us.galaxy.training",
            "records": [
              "149.165.155.201"
            ],
            "set_identifier": null,
            "ttl": 7200,
            "type": "A",
            "weighted_routing_policy": [],
            "zone_id": "Z022528316NCQCRTGOOLK"
          },
          "sensitive_attributes": [],
          "private": "eyJzY2hlbWFfdmVyc2lvbiI6IjIifQ=="
        }
      ]
    },
    {
      "mode": "managed",
      "type": "aws_route53_record",
      "name": "training-vm-us-25-wildcard",
      "provider": "provider[\"registry.terraform.io/hashicorp/aws\"]",
      "instances": [
        {
          "schema_version": 2,
          "attributes": {
            "alias": [],
            "allow_overwrite": null,
            "failover_routing_policy": [],
            "fqdn": "*.interactivetoolentrypoint.interactivetool.gat-25.us.galaxy.training",
            "geolocation_routing_policy": [],
            "health_check_id": null,
            "id": "Z022528316NCQCRTGOOLK_*.interactivetoolentrypoint.interactivetool.gat-25.us.galaxy.training_CNAME",
            "latency_routing_policy": [],
            "multivalue_answer_routing_policy": null,
            "name": "*.interactivetoolentrypoint.interactivetool.gat-25.us.galaxy.training",
            "records": [
              "gat-25.us.galaxy.training"
            ],
            "set_identifier": null,
            "ttl": 7200,
            "type": "CNAME",
            "weighted_routing_policy": [],
            "zone_id": "Z022528316NCQCRTGOOLK"
          },
          "sensitive_attributes": [],
          "private": "eyJzY2hlbWFfdmVyc2lvbiI6IjIifQ=="
        }
      ]
    },
    {
      "mode": "managed",
      "type": "aws_route53_record",
      "name": "training-vm-us-26",
      "provider": "provider[\"registry.terraform.io/hashicorp/aws\"]",
      "instances": [
        {
          "schema_version": 2,
          "attributes": {
            "alias": [],
            "allow_overwrite": null,
            "failover_routing_policy": [],
            "fqdn": "gat-26.us.galaxy.training",
            "geolocation_routing_policy": [],
            "health_check_id": null,
            "id": "Z022528316NCQCRTGOOLK_gat-26.us.galaxy.training_A",
            "latency_routing_policy": [],
            "multivalue_answer_routing_policy": null,
            "name": "gat-26.us.galaxy.training",
            "records": [
              "149.165.153.254"
            ],
            "set_identifier": null,
            "ttl": 7200,
            "type": "A",
            "weighted_routing_policy": [],
            "zone_id": "Z022528316NCQCRTGOOLK"
          },
          "sensitive_attributes": [],
          "private": "eyJzY2hlbWFfdmVyc2lvbiI6IjIifQ=="
        }
      ]
    },
    {
      "mode": "managed",
      "type": "aws_route53_record",
      "name": "training-vm-us-26-wildcard",
      "provider": "provider[\"registry.terraform.io/hashicorp/aws\"]",
      "instances": [
        {
          "schema_version": 2,
          "attributes": {
            "alias": [],
            "allow_overwrite": null,
            "failover_routing_policy": [],
            "fqdn": "*.interactivetoolentrypoint.interactivetool.gat-26.us.galaxy.training",
            "geolocation_routing_policy": [],
            "health_check_id": null,
            "id": "Z022528316NCQCRTGOOLK_*.interactivetoolentrypoint.interactivetool.gat-26.us.galaxy.training_CNAME",
            "latency_routing_policy": [],
            "multivalue_answer_routing_policy": null,
            "name": "*.interactivetoolentrypoint.interactivetool.gat-26.us.galaxy.training",
            "records": [
              "gat-26.us.galaxy.training"
            ],
            "set_identifier": null,
            "ttl": 7200,
            "type": "CNAME",
            "weighted_routing_policy": [],
            "zone_id": "Z022528316NCQCRTGOOLK"
          },
          "sensitive_attributes": [],
          "private": "eyJzY2hlbWFfdmVyc2lvbiI6IjIifQ=="
        }
      ]
    },
    {
      "mode": "managed",
      "type": "aws_route53_record",
      "name": "training-vm-us-27",
      "provider": "provider[\"registry.terraform.io/hashicorp/aws\"]",
      "instances": [
        {
          "schema_version": 2,
          "attributes": {
            "alias": [],
            "allow_overwrite": null,
            "failover_routing_policy": [],
            "fqdn": "gat-27.us.galaxy.training",
            "geolocation_routing_policy": [],
            "health_check_id": null,
            "id": "Z022528316NCQCRTGOOLK_gat-27.us.galaxy.training_A",
            "latency_routing_policy": [],
            "multivalue_answer_routing_policy": null,
            "name": "gat-27.us.galaxy.training",
            "records": [
              "149.165.155.169"
            ],
            "set_identifier": null,
            "ttl": 7200,
            "type": "A",
            "weighted_routing_policy": [],
            "zone_id": "Z022528316NCQCRTGOOLK"
          },
          "sensitive_attributes": [],
          "private": "eyJzY2hlbWFfdmVyc2lvbiI6IjIifQ=="
        }
      ]
    },
    {
      "mode": "managed",
      "type": "aws_route53_record",
      "name": "training-vm-us-27-wildcard",
      "provider": "provider[\"registry.terraform.io/hashicorp/aws\"]",
      "instances": [
        {
          "schema_version": 2,
          "attributes": {
            "alias": [],
            "allow_overwrite": null,
            "failover_routing_policy": [],
            "fqdn": "*.interactivetoolentrypoint.interactivetool.gat-27.us.galaxy.training",
            "geolocation_routing_policy": [],
            "health_check_id": null,
            "id": "Z022528316NCQCRTGOOLK_*.interactivetoolentrypoint.interactivetool.gat-27.us.galaxy.training_CNAME",
            "latency_routing_policy": [],
            "multivalue_answer_routing_policy": null,
            "name": "*.interactivetoolentrypoint.interactivetool.gat-27.us.galaxy.training",
            "records": [
              "gat-27.us.galaxy.training"
            ],
            "set_identifier": null,
            "ttl": 7200,
            "type": "CNAME",
            "weighted_routing_policy": [],
            "zone_id": "Z022528316NCQCRTGOOLK"
          },
          "sensitive_attributes": [],
          "private": "eyJzY2hlbWFfdmVyc2lvbiI6IjIifQ=="
        }
      ]
    },
    {
      "mode": "managed",
      "type": "aws_route53_record",
      "name": "training-vm-us-28",
      "provider": "provider[\"registry.terraform.io/hashicorp/aws\"]",
      "instances": [
        {
          "schema_version": 2,
          "attributes": {
            "alias": [],
            "allow_overwrite": null,
            "failover_routing_policy": [],
            "fqdn": "gat-28.us.galaxy.training",
            "geolocation_routing_policy": [],
            "health_check_id": null,
            "id": "Z022528316NCQCRTGOOLK_gat-28.us.galaxy.training_A",
            "latency_routing_policy": [],
            "multivalue_answer_routing_policy": null,
            "name": "gat-28.us.galaxy.training",
            "records": [
              "149.165.154.54"
            ],
            "set_identifier": null,
            "ttl": 7200,
            "type": "A",
            "weighted_routing_policy": [],
            "zone_id": "Z022528316NCQCRTGOOLK"
          },
          "sensitive_attributes": [],
          "private": "eyJzY2hlbWFfdmVyc2lvbiI6IjIifQ=="
        }
      ]
    },
    {
      "mode": "managed",
      "type": "aws_route53_record",
      "name": "training-vm-us-28-wildcard",
      "provider": "provider[\"registry.terraform.io/hashicorp/aws\"]",
      "instances": [
        {
          "schema_version": 2,
          "attributes": {
            "alias": [],
            "allow_overwrite": null,
            "failover_routing_policy": [],
            "fqdn": "*.interactivetoolentrypoint.interactivetool.gat-28.us.galaxy.training",
            "geolocation_routing_policy": [],
            "health_check_id": null,
            "id": "Z022528316NCQCRTGOOLK_*.interactivetoolentrypoint.interactivetool.gat-28.us.galaxy.training_CNAME",
            "latency_routing_policy": [],
            "multivalue_answer_routing_policy": null,
            "name": "*.interactivetoolentrypoint.interactivetool.gat-28.us.galaxy.training",
            "records": [
              "gat-28.us.galaxy.training"
            ],
            "set_identifier": null,
            "ttl": 7200,
            "type": "CNAME",
            "weighted_routing_policy": [],
            "zone_id": "Z022528316NCQCRTGOOLK"
          },
          "sensitive_attributes": [],
          "private": "eyJzY2hlbWFfdmVyc2lvbiI6IjIifQ=="
        }
      ]
    },
    {
      "mode": "managed",
      "type": "aws_route53_record",
      "name": "training-vm-us-29",
      "provider": "provider[\"registry.terraform.io/hashicorp/aws\"]",
      "instances": [
        {
          "schema_version": 2,
          "attributes": {
            "alias": [],
            "allow_overwrite": null,
            "failover_routing_policy": [],
            "fqdn": "gat-29.us.galaxy.training",
            "geolocation_routing_policy": [],
            "health_check_id": null,
            "id": "Z022528316NCQCRTGOOLK_gat-29.us.galaxy.training_A",
            "latency_routing_policy": [],
            "multivalue_answer_routing_policy": null,
            "name": "gat-29.us.galaxy.training",
            "records": [
              "149.165.153.134"
            ],
            "set_identifier": null,
            "ttl": 7200,
            "type": "A",
            "weighted_routing_policy": [],
            "zone_id": "Z022528316NCQCRTGOOLK"
          },
          "sensitive_attributes": [],
          "private": "eyJzY2hlbWFfdmVyc2lvbiI6IjIifQ=="
        }
      ]
    },
    {
      "mode": "managed",
      "type": "aws_route53_record",
      "name": "training-vm-us-29-wildcard",
      "provider": "provider[\"registry.terraform.io/hashicorp/aws\"]",
      "instances": [
        {
          "schema_version": 2,
          "attributes": {
            "alias": [],
            "allow_overwrite": null,
            "failover_routing_policy": [],
            "fqdn": "*.interactivetoolentrypoint.interactivetool.gat-29.us.galaxy.training",
            "geolocation_routing_policy": [],
            "health_check_id": null,
            "id": "Z022528316NCQCRTGOOLK_*.interactivetoolentrypoint.interactivetool.gat-29.us.galaxy.training_CNAME",
            "latency_routing_policy": [],
            "multivalue_answer_routing_policy": null,
            "name": "*.interactivetoolentrypoint.interactivetool.gat-29.us.galaxy.training",
            "records": [
              "gat-29.us.galaxy.training"
            ],
            "set_identifier": null,
            "ttl": 7200,
            "type": "CNAME",
            "weighted_routing_policy": [],
            "zone_id": "Z022528316NCQCRTGOOLK"
          },
          "sensitive_attributes": [],
          "private": "eyJzY2hlbWFfdmVyc2lvbiI6IjIifQ=="
        }
      ]
    },
    {
      "mode": "managed",
      "type": "aws_route53_record",
      "name": "training-vm-us-3",
      "provider": "provider[\"registry.terraform.io/hashicorp/aws\"]",
      "instances": [
        {
          "schema_version": 2,
          "attributes": {
            "alias": [],
            "allow_overwrite": null,
            "failover_routing_policy": [],
            "fqdn": "gat-3.us.galaxy.training",
            "geolocation_routing_policy": [],
            "health_check_id": "",
            "id": "Z022528316NCQCRTGOOLK_gat-3.us.galaxy.training_A",
            "latency_routing_policy": [],
            "multivalue_answer_routing_policy": null,
            "name": "gat-3.us.galaxy.training",
            "records": [
              "149.165.152.252"
            ],
            "set_identifier": "",
            "ttl": 7200,
            "type": "A",
            "weighted_routing_policy": [],
            "zone_id": "Z022528316NCQCRTGOOLK"
          },
          "sensitive_attributes": [],
          "private": "eyJzY2hlbWFfdmVyc2lvbiI6IjIifQ=="
        }
      ]
    },
    {
      "mode": "managed",
      "type": "aws_route53_record",
      "name": "training-vm-us-3-wildcard",
      "provider": "provider[\"registry.terraform.io/hashicorp/aws\"]",
      "instances": [
        {
          "schema_version": 2,
          "attributes": {
            "alias": [],
            "allow_overwrite": null,
            "failover_routing_policy": [],
            "fqdn": "*.interactivetoolentrypoint.interactivetool.gat-3.us.galaxy.training",
            "geolocation_routing_policy": [],
            "health_check_id": "",
            "id": "Z022528316NCQCRTGOOLK_*.interactivetoolentrypoint.interactivetool.gat-3.us.galaxy.training_CNAME",
            "latency_routing_policy": [],
            "multivalue_answer_routing_policy": null,
            "name": "*.interactivetoolentrypoint.interactivetool.gat-3.us.galaxy.training",
            "records": [
              "gat-3.us.galaxy.training"
            ],
            "set_identifier": "",
            "ttl": 7200,
            "type": "CNAME",
            "weighted_routing_policy": [],
            "zone_id": "Z022528316NCQCRTGOOLK"
          },
          "sensitive_attributes": [],
          "private": "eyJzY2hlbWFfdmVyc2lvbiI6IjIifQ=="
        }
      ]
    },
    {
      "mode": "managed",
      "type": "aws_route53_record",
      "name": "training-vm-us-4",
      "provider": "provider[\"registry.terraform.io/hashicorp/aws\"]",
      "instances": [
        {
          "schema_version": 2,
          "attributes": {
            "alias": [],
            "allow_overwrite": null,
            "failover_routing_policy": [],
            "fqdn": "gat-4.us.galaxy.training",
            "geolocation_routing_policy": [],
            "health_check_id": "",
            "id": "Z022528316NCQCRTGOOLK_gat-4.us.galaxy.training_A",
            "latency_routing_policy": [],
            "multivalue_answer_routing_policy": null,
            "name": "gat-4.us.galaxy.training",
            "records": [
              "149.165.154.48"
            ],
            "set_identifier": "",
            "ttl": 7200,
            "type": "A",
            "weighted_routing_policy": [],
            "zone_id": "Z022528316NCQCRTGOOLK"
          },
          "sensitive_attributes": [],
          "private": "eyJzY2hlbWFfdmVyc2lvbiI6IjIifQ=="
        }
      ]
    },
    {
      "mode": "managed",
      "type": "aws_route53_record",
      "name": "training-vm-us-4-wildcard",
      "provider": "provider[\"registry.terraform.io/hashicorp/aws\"]",
      "instances": [
        {
          "schema_version": 2,
          "attributes": {
            "alias": [],
            "allow_overwrite": null,
            "failover_routing_policy": [],
            "fqdn": "*.interactivetoolentrypoint.interactivetool.gat-4.us.galaxy.training",
            "geolocation_routing_policy": [],
            "health_check_id": "",
            "id": "Z022528316NCQCRTGOOLK_*.interactivetoolentrypoint.interactivetool.gat-4.us.galaxy.training_CNAME",
            "latency_routing_policy": [],
            "multivalue_answer_routing_policy": null,
            "name": "*.interactivetoolentrypoint.interactivetool.gat-4.us.galaxy.training",
            "records": [
              "gat-4.us.galaxy.training"
            ],
            "set_identifier": "",
            "ttl": 7200,
            "type": "CNAME",
            "weighted_routing_policy": [],
            "zone_id": "Z022528316NCQCRTGOOLK"
          },
          "sensitive_attributes": [],
          "private": "eyJzY2hlbWFfdmVyc2lvbiI6IjIifQ=="
        }
      ]
    },
    {
      "mode": "managed",
      "type": "aws_route53_record",
      "name": "training-vm-us-5",
      "provider": "provider[\"registry.terraform.io/hashicorp/aws\"]",
      "instances": [
        {
          "schema_version": 2,
          "attributes": {
            "alias": [],
            "allow_overwrite": null,
            "failover_routing_policy": [],
            "fqdn": "gat-5.us.galaxy.training",
            "geolocation_routing_policy": [],
            "health_check_id": "",
            "id": "Z022528316NCQCRTGOOLK_gat-5.us.galaxy.training_A",
            "latency_routing_policy": [],
            "multivalue_answer_routing_policy": null,
            "name": "gat-5.us.galaxy.training",
            "records": [
              "149.165.152.239"
            ],
            "set_identifier": "",
            "ttl": 7200,
            "type": "A",
            "weighted_routing_policy": [],
            "zone_id": "Z022528316NCQCRTGOOLK"
          },
          "sensitive_attributes": [],
          "private": "eyJzY2hlbWFfdmVyc2lvbiI6IjIifQ=="
        }
      ]
    },
    {
      "mode": "managed",
      "type": "aws_route53_record",
      "name": "training-vm-us-5-wildcard",
      "provider": "provider[\"registry.terraform.io/hashicorp/aws\"]",
      "instances": [
        {
          "schema_version": 2,
          "attributes": {
            "alias": [],
            "allow_overwrite": null,
            "failover_routing_policy": [],
            "fqdn": "*.interactivetoolentrypoint.interactivetool.gat-5.us.galaxy.training",
            "geolocation_routing_policy": [],
            "health_check_id": "",
            "id": "Z022528316NCQCRTGOOLK_*.interactivetoolentrypoint.interactivetool.gat-5.us.galaxy.training_CNAME",
            "latency_routing_policy": [],
            "multivalue_answer_routing_policy": null,
            "name": "*.interactivetoolentrypoint.interactivetool.gat-5.us.galaxy.training",
            "records": [
              "gat-5.us.galaxy.training"
            ],
            "set_identifier": "",
            "ttl": 7200,
            "type": "CNAME",
            "weighted_routing_policy": [],
            "zone_id": "Z022528316NCQCRTGOOLK"
          },
          "sensitive_attributes": [],
          "private": "eyJzY2hlbWFfdmVyc2lvbiI6IjIifQ=="
        }
      ]
    },
    {
      "mode": "managed",
      "type": "aws_route53_record",
      "name": "training-vm-us-6",
      "provider": "provider[\"registry.terraform.io/hashicorp/aws\"]",
      "instances": [
        {
          "schema_version": 2,
          "attributes": {
            "alias": [],
            "allow_overwrite": null,
            "failover_routing_policy": [],
            "fqdn": "gat-6.us.galaxy.training",
            "geolocation_routing_policy": [],
            "health_check_id": "",
            "id": "Z022528316NCQCRTGOOLK_gat-6.us.galaxy.training_A",
            "latency_routing_policy": [],
            "multivalue_answer_routing_policy": null,
            "name": "gat-6.us.galaxy.training",
            "records": [
              "149.165.152.30"
            ],
            "set_identifier": "",
            "ttl": 7200,
            "type": "A",
            "weighted_routing_policy": [],
            "zone_id": "Z022528316NCQCRTGOOLK"
          },
          "sensitive_attributes": [],
          "private": "eyJzY2hlbWFfdmVyc2lvbiI6IjIifQ=="
        }
      ]
    },
    {
      "mode": "managed",
      "type": "aws_route53_record",
      "name": "training-vm-us-6-wildcard",
      "provider": "provider[\"registry.terraform.io/hashicorp/aws\"]",
      "instances": [
        {
          "schema_version": 2,
          "attributes": {
            "alias": [],
            "allow_overwrite": null,
            "failover_routing_policy": [],
            "fqdn": "*.interactivetoolentrypoint.interactivetool.gat-6.us.galaxy.training",
            "geolocation_routing_policy": [],
            "health_check_id": "",
            "id": "Z022528316NCQCRTGOOLK_*.interactivetoolentrypoint.interactivetool.gat-6.us.galaxy.training_CNAME",
            "latency_routing_policy": [],
            "multivalue_answer_routing_policy": null,
            "name": "*.interactivetoolentrypoint.interactivetool.gat-6.us.galaxy.training",
            "records": [
              "gat-6.us.galaxy.training"
            ],
            "set_identifier": "",
            "ttl": 7200,
            "type": "CNAME",
            "weighted_routing_policy": [],
            "zone_id": "Z022528316NCQCRTGOOLK"
          },
          "sensitive_attributes": [],
          "private": "eyJzY2hlbWFfdmVyc2lvbiI6IjIifQ=="
        }
      ]
    },
    {
      "mode": "managed",
      "type": "aws_route53_record",
      "name": "training-vm-us-7",
      "provider": "provider[\"registry.terraform.io/hashicorp/aws\"]",
      "instances": [
        {
          "schema_version": 2,
          "attributes": {
            "alias": [],
            "allow_overwrite": null,
            "failover_routing_policy": [],
            "fqdn": "gat-7.us.galaxy.training",
            "geolocation_routing_policy": [],
            "health_check_id": "",
            "id": "Z022528316NCQCRTGOOLK_gat-7.us.galaxy.training_A",
            "latency_routing_policy": [],
            "multivalue_answer_routing_policy": null,
            "name": "gat-7.us.galaxy.training",
            "records": [
              "149.165.155.235"
            ],
            "set_identifier": "",
            "ttl": 7200,
            "type": "A",
            "weighted_routing_policy": [],
            "zone_id": "Z022528316NCQCRTGOOLK"
          },
          "sensitive_attributes": [],
          "private": "eyJzY2hlbWFfdmVyc2lvbiI6IjIifQ=="
        }
      ]
    },
    {
      "mode": "managed",
      "type": "aws_route53_record",
      "name": "training-vm-us-7-wildcard",
      "provider": "provider[\"registry.terraform.io/hashicorp/aws\"]",
      "instances": [
        {
          "schema_version": 2,
          "attributes": {
            "alias": [],
            "allow_overwrite": null,
            "failover_routing_policy": [],
            "fqdn": "*.interactivetoolentrypoint.interactivetool.gat-7.us.galaxy.training",
            "geolocation_routing_policy": [],
            "health_check_id": "",
            "id": "Z022528316NCQCRTGOOLK_*.interactivetoolentrypoint.interactivetool.gat-7.us.galaxy.training_CNAME",
            "latency_routing_policy": [],
            "multivalue_answer_routing_policy": null,
            "name": "*.interactivetoolentrypoint.interactivetool.gat-7.us.galaxy.training",
            "records": [
              "gat-7.us.galaxy.training"
            ],
            "set_identifier": "",
            "ttl": 7200,
            "type": "CNAME",
            "weighted_routing_policy": [],
            "zone_id": "Z022528316NCQCRTGOOLK"
          },
          "sensitive_attributes": [],
          "private": "eyJzY2hlbWFfdmVyc2lvbiI6IjIifQ=="
        }
      ]
    },
    {
      "mode": "managed",
      "type": "aws_route53_record",
      "name": "training-vm-us-8",
      "provider": "provider[\"registry.terraform.io/hashicorp/aws\"]",
      "instances": [
        {
          "schema_version": 2,
          "attributes": {
            "alias": [],
            "allow_overwrite": null,
            "failover_routing_policy": [],
            "fqdn": "gat-8.us.galaxy.training",
            "geolocation_routing_policy": [],
            "health_check_id": "",
            "id": "Z022528316NCQCRTGOOLK_gat-8.us.galaxy.training_A",
            "latency_routing_policy": [],
            "multivalue_answer_routing_policy": null,
            "name": "gat-8.us.galaxy.training",
            "records": [
              "149.165.154.18"
            ],
            "set_identifier": "",
            "ttl": 7200,
            "type": "A",
            "weighted_routing_policy": [],
            "zone_id": "Z022528316NCQCRTGOOLK"
          },
          "sensitive_attributes": [],
          "private": "eyJzY2hlbWFfdmVyc2lvbiI6IjIifQ=="
        }
      ]
    },
    {
      "mode": "managed",
      "type": "aws_route53_record",
      "name": "training-vm-us-8-wildcard",
      "provider": "provider[\"registry.terraform.io/hashicorp/aws\"]",
      "instances": [
        {
          "schema_version": 2,
          "attributes": {
            "alias": [],
            "allow_overwrite": null,
            "failover_routing_policy": [],
            "fqdn": "*.interactivetoolentrypoint.interactivetool.gat-8.us.galaxy.training",
            "geolocation_routing_policy": [],
            "health_check_id": "",
            "id": "Z022528316NCQCRTGOOLK_*.interactivetoolentrypoint.interactivetool.gat-8.us.galaxy.training_CNAME",
            "latency_routing_policy": [],
            "multivalue_answer_routing_policy": null,
            "name": "*.interactivetoolentrypoint.interactivetool.gat-8.us.galaxy.training",
            "records": [
              "gat-8.us.galaxy.training"
            ],
            "set_identifier": "",
            "ttl": 7200,
            "type": "CNAME",
            "weighted_routing_policy": [],
            "zone_id": "Z022528316NCQCRTGOOLK"
          },
          "sensitive_attributes": [],
          "private": "eyJzY2hlbWFfdmVyc2lvbiI6IjIifQ=="
        }
      ]
    },
    {
      "mode": "managed",
      "type": "aws_route53_record",
      "name": "training-vm-us-9",
      "provider": "provider[\"registry.terraform.io/hashicorp/aws\"]",
      "instances": [
        {
          "schema_version": 2,
          "attributes": {
            "alias": [],
            "allow_overwrite": null,
            "failover_routing_policy": [],
            "fqdn": "gat-9.us.galaxy.training",
            "geolocation_routing_policy": [],
            "health_check_id": "",
            "id": "Z022528316NCQCRTGOOLK_gat-9.us.galaxy.training_A",
            "latency_routing_policy": [],
            "multivalue_answer_routing_policy": null,
            "name": "gat-9.us.galaxy.training",
            "records": [
              "149.165.154.248"
            ],
            "set_identifier": "",
            "ttl": 7200,
            "type": "A",
            "weighted_routing_policy": [],
            "zone_id": "Z022528316NCQCRTGOOLK"
          },
          "sensitive_attributes": [],
          "private": "eyJzY2hlbWFfdmVyc2lvbiI6IjIifQ=="
        }
      ]
    },
    {
      "mode": "managed",
      "type": "aws_route53_record",
      "name": "training-vm-us-9-wildcard",
      "provider": "provider[\"registry.terraform.io/hashicorp/aws\"]",
      "instances": [
        {
          "schema_version": 2,
          "attributes": {
            "alias": [],
            "allow_overwrite": null,
            "failover_routing_policy": [],
            "fqdn": "*.interactivetoolentrypoint.interactivetool.gat-9.us.galaxy.training",
            "geolocation_routing_policy": [],
            "health_check_id": "",
            "id": "Z022528316NCQCRTGOOLK_*.interactivetoolentrypoint.interactivetool.gat-9.us.galaxy.training_CNAME",
            "latency_routing_policy": [],
            "multivalue_answer_routing_policy": null,
            "name": "*.interactivetoolentrypoint.interactivetool.gat-9.us.galaxy.training",
            "records": [
              "gat-9.us.galaxy.training"
            ],
            "set_identifier": "",
            "ttl": 7200,
            "type": "CNAME",
            "weighted_routing_policy": [],
            "zone_id": "Z022528316NCQCRTGOOLK"
          },
          "sensitive_attributes": [],
          "private": "eyJzY2hlbWFfdmVyc2lvbiI6IjIifQ=="
        }
      ]
    }
  ]
}
