{
  "version": 4,
  "terraform_version": "0.15.4",
  "serial": 1605,
  "lineage": "1a140571-8b4d-c1da-5722-fd572bd49022",
  "outputs": {
    "test-be": {
      "value": [
        "de62ec0f-a467-4315-9485-85606a5738f9"
      ],
      "type": [
        "tuple",
        [
          "string"
        ]
      ]
    },
    "test-eu": {
      "value": [
        "12765cb5-53b6-48a4-b930-16cbcf6a7fc6"
      ],
      "type": [
        "tuple",
        [
          "string"
        ]
      ]
    },
    "training_dns-be": {
      "value": [
        []
      ],
      "type": [
        "tuple",
        [
          [
            "tuple",
            []
          ]
        ]
      ]
    },
    "training_ips-be": {
      "value": [
        []
      ],
      "type": [
        "tuple",
        [
          [
            "tuple",
            []
          ]
        ]
      ]
    }
  },
  "resources": [
    {
      "mode": "managed",
      "type": "aws_route53_record",
      "name": "training-vm-oz-0",
      "provider": "provider[\"registry.terraform.io/hashicorp/aws\"]",
      "instances": [
        {
          "schema_version": 2,
          "attributes": {
            "alias": [],
            "allow_overwrite": null,
            "failover_routing_policy": [],
            "fqdn": "gat-0.oz.training.galaxyproject.eu",
            "geolocation_routing_policy": [],
            "health_check_id": "",
            "id": "Z05016927AMHTHGB1IS2_gat-0.oz.training.galaxyproject.eu_A",
            "latency_routing_policy": [],
            "multivalue_answer_routing_policy": null,
            "name": "gat-0.oz.training.galaxyproject.eu",
            "records": [
              "115.146.85.100"
            ],
            "set_identifier": "",
            "ttl": 7200,
            "type": "A",
            "weighted_routing_policy": [],
            "zone_id": "Z05016927AMHTHGB1IS2"
          },
          "sensitive_attributes": [],
          "private": "eyJzY2hlbWFfdmVyc2lvbiI6IjIifQ==",
          "dependencies": [
            "data.aws_route53_zone.training-gxp-eu"
          ]
        }
      ]
    },
    {
      "mode": "managed",
      "type": "aws_route53_record",
      "name": "training-vm-oz-1",
      "provider": "provider[\"registry.terraform.io/hashicorp/aws\"]",
      "instances": [
        {
          "schema_version": 2,
          "attributes": {
            "alias": [],
            "allow_overwrite": null,
            "failover_routing_policy": [],
            "fqdn": "gat-1.oz.training.galaxyproject.eu",
            "geolocation_routing_policy": [],
            "health_check_id": "",
            "id": "Z05016927AMHTHGB1IS2_gat-1.oz.training.galaxyproject.eu_A",
            "latency_routing_policy": [],
            "multivalue_answer_routing_policy": null,
            "name": "gat-1.oz.training.galaxyproject.eu",
            "records": [
              "115.146.87.180"
            ],
            "set_identifier": "",
            "ttl": 7200,
            "type": "A",
            "weighted_routing_policy": [],
            "zone_id": "Z05016927AMHTHGB1IS2"
          },
          "sensitive_attributes": [],
          "private": "eyJzY2hlbWFfdmVyc2lvbiI6IjIifQ==",
          "dependencies": [
            "data.aws_route53_zone.training-gxp-eu"
          ]
        }
      ]
    },
    {
      "mode": "managed",
      "type": "aws_route53_record",
      "name": "training-vm-oz-10",
      "provider": "provider[\"registry.terraform.io/hashicorp/aws\"]",
      "instances": [
        {
          "schema_version": 2,
          "attributes": {
            "alias": [],
            "allow_overwrite": null,
            "failover_routing_policy": [],
            "fqdn": "gat-10.oz.training.galaxyproject.eu",
            "geolocation_routing_policy": [],
            "health_check_id": "",
            "id": "Z05016927AMHTHGB1IS2_gat-10.oz.training.galaxyproject.eu_A",
            "latency_routing_policy": [],
            "multivalue_answer_routing_policy": null,
            "name": "gat-10.oz.training.galaxyproject.eu",
            "records": [
              "118.138.233.83"
            ],
            "set_identifier": "",
            "ttl": 7200,
            "type": "A",
            "weighted_routing_policy": [],
            "zone_id": "Z05016927AMHTHGB1IS2"
          },
          "sensitive_attributes": [],
          "private": "eyJzY2hlbWFfdmVyc2lvbiI6IjIifQ==",
          "dependencies": [
            "data.aws_route53_zone.training-gxp-eu"
          ]
        }
      ]
    },
    {
      "mode": "managed",
      "type": "aws_route53_record",
      "name": "training-vm-oz-11",
      "provider": "provider[\"registry.terraform.io/hashicorp/aws\"]",
      "instances": [
        {
          "schema_version": 2,
          "attributes": {
            "alias": [],
            "allow_overwrite": null,
            "failover_routing_policy": [],
            "fqdn": "gat-11.oz.training.galaxyproject.eu",
            "geolocation_routing_policy": [],
            "health_check_id": "",
            "id": "Z05016927AMHTHGB1IS2_gat-11.oz.training.galaxyproject.eu_A",
            "latency_routing_policy": [],
            "multivalue_answer_routing_policy": null,
            "name": "gat-11.oz.training.galaxyproject.eu",
            "records": [
              "115.146.86.205"
            ],
            "set_identifier": "",
            "ttl": 7200,
            "type": "A",
            "weighted_routing_policy": [],
            "zone_id": "Z05016927AMHTHGB1IS2"
          },
          "sensitive_attributes": [],
          "private": "eyJzY2hlbWFfdmVyc2lvbiI6IjIifQ==",
          "dependencies": [
            "data.aws_route53_zone.training-gxp-eu"
          ]
        }
      ]
    },
    {
      "mode": "managed",
      "type": "aws_route53_record",
      "name": "training-vm-oz-12",
      "provider": "provider[\"registry.terraform.io/hashicorp/aws\"]",
      "instances": [
        {
          "schema_version": 2,
          "attributes": {
            "alias": [],
            "allow_overwrite": null,
            "failover_routing_policy": [],
            "fqdn": "gat-12.oz.training.galaxyproject.eu",
            "geolocation_routing_policy": [],
            "health_check_id": "",
            "id": "Z05016927AMHTHGB1IS2_gat-12.oz.training.galaxyproject.eu_A",
            "latency_routing_policy": [],
            "multivalue_answer_routing_policy": null,
            "name": "gat-12.oz.training.galaxyproject.eu",
            "records": [
              "115.146.86.208"
            ],
            "set_identifier": "",
            "ttl": 7200,
            "type": "A",
            "weighted_routing_policy": [],
            "zone_id": "Z05016927AMHTHGB1IS2"
          },
          "sensitive_attributes": [],
          "private": "eyJzY2hlbWFfdmVyc2lvbiI6IjIifQ==",
          "dependencies": [
            "data.aws_route53_zone.training-gxp-eu"
          ]
        }
      ]
    },
    {
      "mode": "managed",
      "type": "aws_route53_record",
      "name": "training-vm-oz-13",
      "provider": "provider[\"registry.terraform.io/hashicorp/aws\"]",
      "instances": [
        {
          "schema_version": 2,
          "attributes": {
            "alias": [],
            "allow_overwrite": null,
            "failover_routing_policy": [],
            "fqdn": "gat-13.oz.training.galaxyproject.eu",
            "geolocation_routing_policy": [],
            "health_check_id": "",
            "id": "Z05016927AMHTHGB1IS2_gat-13.oz.training.galaxyproject.eu_A",
            "latency_routing_policy": [],
            "multivalue_answer_routing_policy": null,
            "name": "gat-13.oz.training.galaxyproject.eu",
            "records": [
              "115.146.85.215"
            ],
            "set_identifier": "",
            "ttl": 7200,
            "type": "A",
            "weighted_routing_policy": [],
            "zone_id": "Z05016927AMHTHGB1IS2"
          },
          "sensitive_attributes": [],
          "private": "eyJzY2hlbWFfdmVyc2lvbiI6IjIifQ==",
          "dependencies": [
            "data.aws_route53_zone.training-gxp-eu"
          ]
        }
      ]
    },
    {
      "mode": "managed",
      "type": "aws_route53_record",
      "name": "training-vm-oz-14",
      "provider": "provider[\"registry.terraform.io/hashicorp/aws\"]",
      "instances": [
        {
          "schema_version": 2,
          "attributes": {
            "alias": [],
            "allow_overwrite": null,
            "failover_routing_policy": [],
            "fqdn": "gat-14.oz.training.galaxyproject.eu",
            "geolocation_routing_policy": [],
            "health_check_id": "",
            "id": "Z05016927AMHTHGB1IS2_gat-14.oz.training.galaxyproject.eu_A",
            "latency_routing_policy": [],
            "multivalue_answer_routing_policy": null,
            "name": "gat-14.oz.training.galaxyproject.eu",
            "records": [
              "115.146.86.152"
            ],
            "set_identifier": "",
            "ttl": 7200,
            "type": "A",
            "weighted_routing_policy": [],
            "zone_id": "Z05016927AMHTHGB1IS2"
          },
          "sensitive_attributes": [],
          "private": "eyJzY2hlbWFfdmVyc2lvbiI6IjIifQ==",
          "dependencies": [
            "data.aws_route53_zone.training-gxp-eu"
          ]
        }
      ]
    },
    {
      "mode": "managed",
      "type": "aws_route53_record",
      "name": "training-vm-oz-15",
      "provider": "provider[\"registry.terraform.io/hashicorp/aws\"]",
      "instances": [
        {
          "schema_version": 2,
          "attributes": {
            "alias": [],
            "allow_overwrite": null,
            "failover_routing_policy": [],
            "fqdn": "gat-15.oz.training.galaxyproject.eu",
            "geolocation_routing_policy": [],
            "health_check_id": "",
            "id": "Z05016927AMHTHGB1IS2_gat-15.oz.training.galaxyproject.eu_A",
            "latency_routing_policy": [],
            "multivalue_answer_routing_policy": null,
            "name": "gat-15.oz.training.galaxyproject.eu",
            "records": [
              "115.146.84.210"
            ],
            "set_identifier": "",
            "ttl": 7200,
            "type": "A",
            "weighted_routing_policy": [],
            "zone_id": "Z05016927AMHTHGB1IS2"
          },
          "sensitive_attributes": [],
          "private": "eyJzY2hlbWFfdmVyc2lvbiI6IjIifQ==",
          "dependencies": [
            "data.aws_route53_zone.training-gxp-eu"
          ]
        }
      ]
    },
    {
      "mode": "managed",
      "type": "aws_route53_record",
      "name": "training-vm-oz-16",
      "provider": "provider[\"registry.terraform.io/hashicorp/aws\"]",
      "instances": [
        {
          "schema_version": 2,
          "attributes": {
            "alias": [],
            "allow_overwrite": null,
            "failover_routing_policy": [],
            "fqdn": "gat-16.oz.training.galaxyproject.eu",
            "geolocation_routing_policy": [],
            "health_check_id": "",
            "id": "Z05016927AMHTHGB1IS2_gat-16.oz.training.galaxyproject.eu_A",
            "latency_routing_policy": [],
            "multivalue_answer_routing_policy": null,
            "name": "gat-16.oz.training.galaxyproject.eu",
            "records": [
              "115.146.85.210"
            ],
            "set_identifier": "",
            "ttl": 7200,
            "type": "A",
            "weighted_routing_policy": [],
            "zone_id": "Z05016927AMHTHGB1IS2"
          },
          "sensitive_attributes": [],
          "private": "eyJzY2hlbWFfdmVyc2lvbiI6IjIifQ==",
          "dependencies": [
            "data.aws_route53_zone.training-gxp-eu"
          ]
        }
      ]
    },
    {
      "mode": "managed",
      "type": "aws_route53_record",
      "name": "training-vm-oz-17",
      "provider": "provider[\"registry.terraform.io/hashicorp/aws\"]",
      "instances": [
        {
          "schema_version": 2,
          "attributes": {
            "alias": [],
            "allow_overwrite": null,
            "failover_routing_policy": [],
            "fqdn": "gat-17.oz.training.galaxyproject.eu",
            "geolocation_routing_policy": [],
            "health_check_id": "",
            "id": "Z05016927AMHTHGB1IS2_gat-17.oz.training.galaxyproject.eu_A",
            "latency_routing_policy": [],
            "multivalue_answer_routing_policy": null,
            "name": "gat-17.oz.training.galaxyproject.eu",
            "records": [
              "115.146.85.23"
            ],
            "set_identifier": "",
            "ttl": 7200,
            "type": "A",
            "weighted_routing_policy": [],
            "zone_id": "Z05016927AMHTHGB1IS2"
          },
          "sensitive_attributes": [],
          "private": "eyJzY2hlbWFfdmVyc2lvbiI6IjIifQ==",
          "dependencies": [
            "data.aws_route53_zone.training-gxp-eu"
          ]
        }
      ]
    },
    {
      "mode": "managed",
      "type": "aws_route53_record",
      "name": "training-vm-oz-18",
      "provider": "provider[\"registry.terraform.io/hashicorp/aws\"]",
      "instances": [
        {
          "schema_version": 2,
          "attributes": {
            "alias": [],
            "allow_overwrite": null,
            "failover_routing_policy": [],
            "fqdn": "gat-18.oz.training.galaxyproject.eu",
            "geolocation_routing_policy": [],
            "health_check_id": "",
            "id": "Z05016927AMHTHGB1IS2_gat-18.oz.training.galaxyproject.eu_A",
            "latency_routing_policy": [],
            "multivalue_answer_routing_policy": null,
            "name": "gat-18.oz.training.galaxyproject.eu",
            "records": [
              "118.138.237.119"
            ],
            "set_identifier": "",
            "ttl": 7200,
            "type": "A",
            "weighted_routing_policy": [],
            "zone_id": "Z05016927AMHTHGB1IS2"
          },
          "sensitive_attributes": [],
          "private": "eyJzY2hlbWFfdmVyc2lvbiI6IjIifQ==",
          "dependencies": [
            "data.aws_route53_zone.training-gxp-eu"
          ]
        }
      ]
    },
    {
      "mode": "managed",
      "type": "aws_route53_record",
      "name": "training-vm-oz-19",
      "provider": "provider[\"registry.terraform.io/hashicorp/aws\"]",
      "instances": [
        {
          "schema_version": 2,
          "attributes": {
            "alias": [],
            "allow_overwrite": null,
            "failover_routing_policy": [],
            "fqdn": "gat-19.oz.training.galaxyproject.eu",
            "geolocation_routing_policy": [],
            "health_check_id": "",
            "id": "Z05016927AMHTHGB1IS2_gat-19.oz.training.galaxyproject.eu_A",
            "latency_routing_policy": [],
            "multivalue_answer_routing_policy": null,
            "name": "gat-19.oz.training.galaxyproject.eu",
            "records": [
              "115.146.87.68"
            ],
            "set_identifier": "",
            "ttl": 7200,
            "type": "A",
            "weighted_routing_policy": [],
            "zone_id": "Z05016927AMHTHGB1IS2"
          },
          "sensitive_attributes": [],
          "private": "eyJzY2hlbWFfdmVyc2lvbiI6IjIifQ==",
          "dependencies": [
            "data.aws_route53_zone.training-gxp-eu"
          ]
        }
      ]
    },
    {
      "mode": "managed",
      "type": "aws_route53_record",
      "name": "training-vm-oz-2",
      "provider": "provider[\"registry.terraform.io/hashicorp/aws\"]",
      "instances": [
        {
          "schema_version": 2,
          "attributes": {
            "alias": [],
            "allow_overwrite": null,
            "failover_routing_policy": [],
            "fqdn": "gat-2.oz.training.galaxyproject.eu",
            "geolocation_routing_policy": [],
            "health_check_id": "",
            "id": "Z05016927AMHTHGB1IS2_gat-2.oz.training.galaxyproject.eu_A",
            "latency_routing_policy": [],
            "multivalue_answer_routing_policy": null,
            "name": "gat-2.oz.training.galaxyproject.eu",
            "records": [
              "115.146.84.179"
            ],
            "set_identifier": "",
            "ttl": 7200,
            "type": "A",
            "weighted_routing_policy": [],
            "zone_id": "Z05016927AMHTHGB1IS2"
          },
          "sensitive_attributes": [],
          "private": "eyJzY2hlbWFfdmVyc2lvbiI6IjIifQ==",
          "dependencies": [
            "data.aws_route53_zone.training-gxp-eu"
          ]
        }
      ]
    },
    {
      "mode": "managed",
      "type": "aws_route53_record",
      "name": "training-vm-oz-20",
      "provider": "provider[\"registry.terraform.io/hashicorp/aws\"]",
      "instances": [
        {
          "schema_version": 2,
          "attributes": {
            "alias": [],
            "allow_overwrite": null,
            "failover_routing_policy": [],
            "fqdn": "gat-20.oz.training.galaxyproject.eu",
            "geolocation_routing_policy": [],
            "health_check_id": "",
            "id": "Z05016927AMHTHGB1IS2_gat-20.oz.training.galaxyproject.eu_A",
            "latency_routing_policy": [],
            "multivalue_answer_routing_policy": null,
            "name": "gat-20.oz.training.galaxyproject.eu",
            "records": [
              "115.146.85.30"
            ],
            "set_identifier": "",
            "ttl": 7200,
            "type": "A",
            "weighted_routing_policy": [],
            "zone_id": "Z05016927AMHTHGB1IS2"
          },
          "sensitive_attributes": [],
          "private": "eyJzY2hlbWFfdmVyc2lvbiI6IjIifQ==",
          "dependencies": [
            "data.aws_route53_zone.training-gxp-eu"
          ]
        }
      ]
    },
    {
      "mode": "managed",
      "type": "aws_route53_record",
      "name": "training-vm-oz-21",
      "provider": "provider[\"registry.terraform.io/hashicorp/aws\"]",
      "instances": [
        {
          "schema_version": 2,
          "attributes": {
            "alias": [],
            "allow_overwrite": null,
            "failover_routing_policy": [],
            "fqdn": "gat-21.oz.training.galaxyproject.eu",
            "geolocation_routing_policy": [],
            "health_check_id": "",
            "id": "Z05016927AMHTHGB1IS2_gat-21.oz.training.galaxyproject.eu_A",
            "latency_routing_policy": [],
            "multivalue_answer_routing_policy": null,
            "name": "gat-21.oz.training.galaxyproject.eu",
            "records": [
              "115.146.87.15"
            ],
            "set_identifier": "",
            "ttl": 7200,
            "type": "A",
            "weighted_routing_policy": [],
            "zone_id": "Z05016927AMHTHGB1IS2"
          },
          "sensitive_attributes": [],
          "private": "eyJzY2hlbWFfdmVyc2lvbiI6IjIifQ==",
          "dependencies": [
            "data.aws_route53_zone.training-gxp-eu"
          ]
        }
      ]
    },
    {
      "mode": "managed",
      "type": "aws_route53_record",
      "name": "training-vm-oz-22",
      "provider": "provider[\"registry.terraform.io/hashicorp/aws\"]",
      "instances": [
        {
          "schema_version": 2,
          "attributes": {
            "alias": [],
            "allow_overwrite": null,
            "failover_routing_policy": [],
            "fqdn": "gat-22.oz.training.galaxyproject.eu",
            "geolocation_routing_policy": [],
            "health_check_id": "",
            "id": "Z05016927AMHTHGB1IS2_gat-22.oz.training.galaxyproject.eu_A",
            "latency_routing_policy": [],
            "multivalue_answer_routing_policy": null,
            "name": "gat-22.oz.training.galaxyproject.eu",
            "records": [
              "115.146.84.125"
            ],
            "set_identifier": "",
            "ttl": 7200,
            "type": "A",
            "weighted_routing_policy": [],
            "zone_id": "Z05016927AMHTHGB1IS2"
          },
          "sensitive_attributes": [],
          "private": "eyJzY2hlbWFfdmVyc2lvbiI6IjIifQ==",
          "dependencies": [
            "data.aws_route53_zone.training-gxp-eu"
          ]
        }
      ]
    },
    {
      "mode": "managed",
      "type": "aws_route53_record",
      "name": "training-vm-oz-23",
      "provider": "provider[\"registry.terraform.io/hashicorp/aws\"]",
      "instances": [
        {
          "schema_version": 2,
          "attributes": {
            "alias": [],
            "allow_overwrite": null,
            "failover_routing_policy": [],
            "fqdn": "gat-23.oz.training.galaxyproject.eu",
            "geolocation_routing_policy": [],
            "health_check_id": "",
            "id": "Z05016927AMHTHGB1IS2_gat-23.oz.training.galaxyproject.eu_A",
            "latency_routing_policy": [],
            "multivalue_answer_routing_policy": null,
            "name": "gat-23.oz.training.galaxyproject.eu",
            "records": [
              "115.146.86.87"
            ],
            "set_identifier": "",
            "ttl": 7200,
            "type": "A",
            "weighted_routing_policy": [],
            "zone_id": "Z05016927AMHTHGB1IS2"
          },
          "sensitive_attributes": [],
          "private": "eyJzY2hlbWFfdmVyc2lvbiI6IjIifQ==",
          "dependencies": [
            "data.aws_route53_zone.training-gxp-eu"
          ]
        }
      ]
    },
    {
      "mode": "managed",
      "type": "aws_route53_record",
      "name": "training-vm-oz-24",
      "provider": "provider[\"registry.terraform.io/hashicorp/aws\"]",
      "instances": [
        {
          "schema_version": 2,
          "attributes": {
            "alias": [],
            "allow_overwrite": null,
            "failover_routing_policy": [],
            "fqdn": "gat-24.oz.training.galaxyproject.eu",
            "geolocation_routing_policy": [],
            "health_check_id": "",
            "id": "Z05016927AMHTHGB1IS2_gat-24.oz.training.galaxyproject.eu_A",
            "latency_routing_policy": [],
            "multivalue_answer_routing_policy": null,
            "name": "gat-24.oz.training.galaxyproject.eu",
            "records": [
              "115.146.86.245"
            ],
            "set_identifier": "",
            "ttl": 7200,
            "type": "A",
            "weighted_routing_policy": [],
            "zone_id": "Z05016927AMHTHGB1IS2"
          },
          "sensitive_attributes": [],
          "private": "eyJzY2hlbWFfdmVyc2lvbiI6IjIifQ==",
          "dependencies": [
            "data.aws_route53_zone.training-gxp-eu"
          ]
        }
      ]
    },
    {
      "mode": "managed",
      "type": "aws_route53_record",
      "name": "training-vm-oz-25",
      "provider": "provider[\"registry.terraform.io/hashicorp/aws\"]",
      "instances": [
        {
          "schema_version": 2,
          "attributes": {
            "alias": [],
            "allow_overwrite": null,
            "failover_routing_policy": [],
            "fqdn": "gat-25.oz.training.galaxyproject.eu",
            "geolocation_routing_policy": [],
            "health_check_id": "",
            "id": "Z05016927AMHTHGB1IS2_gat-25.oz.training.galaxyproject.eu_A",
            "latency_routing_policy": [],
            "multivalue_answer_routing_policy": null,
            "name": "gat-25.oz.training.galaxyproject.eu",
            "records": [
              "115.146.84.197"
            ],
            "set_identifier": "",
            "ttl": 7200,
            "type": "A",
            "weighted_routing_policy": [],
            "zone_id": "Z05016927AMHTHGB1IS2"
          },
          "sensitive_attributes": [],
          "private": "eyJzY2hlbWFfdmVyc2lvbiI6IjIifQ==",
          "dependencies": [
            "data.aws_route53_zone.training-gxp-eu"
          ]
        }
      ]
    },
    {
      "mode": "managed",
      "type": "aws_route53_record",
      "name": "training-vm-oz-26",
      "provider": "provider[\"registry.terraform.io/hashicorp/aws\"]",
      "instances": [
        {
          "schema_version": 2,
          "attributes": {
            "alias": [],
            "allow_overwrite": null,
            "failover_routing_policy": [],
            "fqdn": "gat-26.oz.training.galaxyproject.eu",
            "geolocation_routing_policy": [],
            "health_check_id": "",
            "id": "Z05016927AMHTHGB1IS2_gat-26.oz.training.galaxyproject.eu_A",
            "latency_routing_policy": [],
            "multivalue_answer_routing_policy": null,
            "name": "gat-26.oz.training.galaxyproject.eu",
            "records": [
              "118.138.236.18"
            ],
            "set_identifier": "",
            "ttl": 7200,
            "type": "A",
            "weighted_routing_policy": [],
            "zone_id": "Z05016927AMHTHGB1IS2"
          },
          "sensitive_attributes": [],
          "private": "eyJzY2hlbWFfdmVyc2lvbiI6IjIifQ==",
          "dependencies": [
            "data.aws_route53_zone.training-gxp-eu"
          ]
        }
      ]
    },
    {
      "mode": "managed",
      "type": "aws_route53_record",
      "name": "training-vm-oz-27",
      "provider": "provider[\"registry.terraform.io/hashicorp/aws\"]",
      "instances": [
        {
          "schema_version": 2,
          "attributes": {
            "alias": [],
            "allow_overwrite": null,
            "failover_routing_policy": [],
            "fqdn": "gat-27.oz.training.galaxyproject.eu",
            "geolocation_routing_policy": [],
            "health_check_id": "",
            "id": "Z05016927AMHTHGB1IS2_gat-27.oz.training.galaxyproject.eu_A",
            "latency_routing_policy": [],
            "multivalue_answer_routing_policy": null,
            "name": "gat-27.oz.training.galaxyproject.eu",
            "records": [
              "115.146.85.218"
            ],
            "set_identifier": "",
            "ttl": 7200,
            "type": "A",
            "weighted_routing_policy": [],
            "zone_id": "Z05016927AMHTHGB1IS2"
          },
          "sensitive_attributes": [],
          "private": "eyJzY2hlbWFfdmVyc2lvbiI6IjIifQ==",
          "dependencies": [
            "data.aws_route53_zone.training-gxp-eu"
          ]
        }
      ]
    },
    {
      "mode": "managed",
      "type": "aws_route53_record",
      "name": "training-vm-oz-28",
      "provider": "provider[\"registry.terraform.io/hashicorp/aws\"]",
      "instances": [
        {
          "schema_version": 2,
          "attributes": {
            "alias": [],
            "allow_overwrite": null,
            "failover_routing_policy": [],
            "fqdn": "gat-28.oz.training.galaxyproject.eu",
            "geolocation_routing_policy": [],
            "health_check_id": "",
            "id": "Z05016927AMHTHGB1IS2_gat-28.oz.training.galaxyproject.eu_A",
            "latency_routing_policy": [],
            "multivalue_answer_routing_policy": null,
            "name": "gat-28.oz.training.galaxyproject.eu",
            "records": [
              "115.146.86.94"
            ],
            "set_identifier": "",
            "ttl": 7200,
            "type": "A",
            "weighted_routing_policy": [],
            "zone_id": "Z05016927AMHTHGB1IS2"
          },
          "sensitive_attributes": [],
          "private": "eyJzY2hlbWFfdmVyc2lvbiI6IjIifQ==",
          "dependencies": [
            "data.aws_route53_zone.training-gxp-eu"
          ]
        }
      ]
    },
    {
      "mode": "managed",
      "type": "aws_route53_record",
      "name": "training-vm-oz-29",
      "provider": "provider[\"registry.terraform.io/hashicorp/aws\"]",
      "instances": [
        {
          "schema_version": 2,
          "attributes": {
            "alias": [],
            "allow_overwrite": null,
            "failover_routing_policy": [],
            "fqdn": "gat-29.oz.training.galaxyproject.eu",
            "geolocation_routing_policy": [],
            "health_check_id": "",
            "id": "Z05016927AMHTHGB1IS2_gat-29.oz.training.galaxyproject.eu_A",
            "latency_routing_policy": [],
            "multivalue_answer_routing_policy": null,
            "name": "gat-29.oz.training.galaxyproject.eu",
            "records": [
              "115.146.86.156"
            ],
            "set_identifier": "",
            "ttl": 7200,
            "type": "A",
            "weighted_routing_policy": [],
            "zone_id": "Z05016927AMHTHGB1IS2"
          },
          "sensitive_attributes": [],
          "private": "eyJzY2hlbWFfdmVyc2lvbiI6IjIifQ==",
          "dependencies": [
            "data.aws_route53_zone.training-gxp-eu"
          ]
        }
      ]
    },
    {
      "mode": "managed",
      "type": "aws_route53_record",
      "name": "training-vm-oz-3",
      "provider": "provider[\"registry.terraform.io/hashicorp/aws\"]",
      "instances": [
        {
          "schema_version": 2,
          "attributes": {
            "alias": [],
            "allow_overwrite": null,
            "failover_routing_policy": [],
            "fqdn": "gat-3.oz.training.galaxyproject.eu",
            "geolocation_routing_policy": [],
            "health_check_id": "",
            "id": "Z05016927AMHTHGB1IS2_gat-3.oz.training.galaxyproject.eu_A",
            "latency_routing_policy": [],
            "multivalue_answer_routing_policy": null,
            "name": "gat-3.oz.training.galaxyproject.eu",
            "records": [
              "118.138.235.117"
            ],
            "set_identifier": "",
            "ttl": 7200,
            "type": "A",
            "weighted_routing_policy": [],
            "zone_id": "Z05016927AMHTHGB1IS2"
          },
          "sensitive_attributes": [],
          "private": "eyJzY2hlbWFfdmVyc2lvbiI6IjIifQ==",
          "dependencies": [
            "data.aws_route53_zone.training-gxp-eu"
          ]
        }
      ]
    },
    {
      "mode": "managed",
      "type": "aws_route53_record",
      "name": "training-vm-oz-30",
      "provider": "provider[\"registry.terraform.io/hashicorp/aws\"]",
      "instances": [
        {
          "schema_version": 2,
          "attributes": {
            "alias": [],
            "allow_overwrite": null,
            "failover_routing_policy": [],
            "fqdn": "gat-30.oz.training.galaxyproject.eu",
            "geolocation_routing_policy": [],
            "health_check_id": "",
            "id": "Z05016927AMHTHGB1IS2_gat-30.oz.training.galaxyproject.eu_A",
            "latency_routing_policy": [],
            "multivalue_answer_routing_policy": null,
            "name": "gat-30.oz.training.galaxyproject.eu",
            "records": [
              "115.146.87.235"
            ],
            "set_identifier": "",
            "ttl": 7200,
            "type": "A",
            "weighted_routing_policy": [],
            "zone_id": "Z05016927AMHTHGB1IS2"
          },
          "sensitive_attributes": [],
          "private": "eyJzY2hlbWFfdmVyc2lvbiI6IjIifQ==",
          "dependencies": [
            "data.aws_route53_zone.training-gxp-eu"
          ]
        }
      ]
    },
    {
      "mode": "managed",
      "type": "aws_route53_record",
      "name": "training-vm-oz-31",
      "provider": "provider[\"registry.terraform.io/hashicorp/aws\"]",
      "instances": [
        {
          "schema_version": 2,
          "attributes": {
            "alias": [],
            "allow_overwrite": null,
            "failover_routing_policy": [],
            "fqdn": "gat-31.oz.training.galaxyproject.eu",
            "geolocation_routing_policy": [],
            "health_check_id": "",
            "id": "Z05016927AMHTHGB1IS2_gat-31.oz.training.galaxyproject.eu_A",
            "latency_routing_policy": [],
            "multivalue_answer_routing_policy": null,
            "name": "gat-31.oz.training.galaxyproject.eu",
            "records": [
              "115.146.87.11"
            ],
            "set_identifier": "",
            "ttl": 7200,
            "type": "A",
            "weighted_routing_policy": [],
            "zone_id": "Z05016927AMHTHGB1IS2"
          },
          "sensitive_attributes": [],
          "private": "eyJzY2hlbWFfdmVyc2lvbiI6IjIifQ==",
          "dependencies": [
            "data.aws_route53_zone.training-gxp-eu"
          ]
        }
      ]
    },
    {
      "mode": "managed",
      "type": "aws_route53_record",
      "name": "training-vm-oz-32",
      "provider": "provider[\"registry.terraform.io/hashicorp/aws\"]",
      "instances": [
        {
          "schema_version": 2,
          "attributes": {
            "alias": [],
            "allow_overwrite": null,
            "failover_routing_policy": [],
            "fqdn": "gat-32.oz.training.galaxyproject.eu",
            "geolocation_routing_policy": [],
            "health_check_id": "",
            "id": "Z05016927AMHTHGB1IS2_gat-32.oz.training.galaxyproject.eu_A",
            "latency_routing_policy": [],
            "multivalue_answer_routing_policy": null,
            "name": "gat-32.oz.training.galaxyproject.eu",
            "records": [
              "115.146.85.136"
            ],
            "set_identifier": "",
            "ttl": 7200,
            "type": "A",
            "weighted_routing_policy": [],
            "zone_id": "Z05016927AMHTHGB1IS2"
          },
          "sensitive_attributes": [],
          "private": "eyJzY2hlbWFfdmVyc2lvbiI6IjIifQ==",
          "dependencies": [
            "data.aws_route53_zone.training-gxp-eu"
          ]
        }
      ]
    },
    {
      "mode": "managed",
      "type": "aws_route53_record",
      "name": "training-vm-oz-33",
      "provider": "provider[\"registry.terraform.io/hashicorp/aws\"]",
      "instances": [
        {
          "schema_version": 2,
          "attributes": {
            "alias": [],
            "allow_overwrite": null,
            "failover_routing_policy": [],
            "fqdn": "gat-33.oz.training.galaxyproject.eu",
            "geolocation_routing_policy": [],
            "health_check_id": "",
            "id": "Z05016927AMHTHGB1IS2_gat-33.oz.training.galaxyproject.eu_A",
            "latency_routing_policy": [],
            "multivalue_answer_routing_policy": null,
            "name": "gat-33.oz.training.galaxyproject.eu",
            "records": [
              "115.146.87.207"
            ],
            "set_identifier": "",
            "ttl": 7200,
            "type": "A",
            "weighted_routing_policy": [],
            "zone_id": "Z05016927AMHTHGB1IS2"
          },
          "sensitive_attributes": [],
          "private": "eyJzY2hlbWFfdmVyc2lvbiI6IjIifQ==",
          "dependencies": [
            "data.aws_route53_zone.training-gxp-eu"
          ]
        }
      ]
    },
    {
      "mode": "managed",
      "type": "aws_route53_record",
      "name": "training-vm-oz-34",
      "provider": "provider[\"registry.terraform.io/hashicorp/aws\"]",
      "instances": [
        {
          "schema_version": 2,
          "attributes": {
            "alias": [],
            "allow_overwrite": null,
            "failover_routing_policy": [],
            "fqdn": "gat-34.oz.training.galaxyproject.eu",
            "geolocation_routing_policy": [],
            "health_check_id": "",
            "id": "Z05016927AMHTHGB1IS2_gat-34.oz.training.galaxyproject.eu_A",
            "latency_routing_policy": [],
            "multivalue_answer_routing_policy": null,
            "name": "gat-34.oz.training.galaxyproject.eu",
            "records": [
              "118.138.236.73"
            ],
            "set_identifier": "",
            "ttl": 7200,
            "type": "A",
            "weighted_routing_policy": [],
            "zone_id": "Z05016927AMHTHGB1IS2"
          },
          "sensitive_attributes": [],
          "private": "eyJzY2hlbWFfdmVyc2lvbiI6IjIifQ==",
          "dependencies": [
            "data.aws_route53_zone.training-gxp-eu"
          ]
        }
      ]
    },
    {
      "mode": "managed",
      "type": "aws_route53_record",
      "name": "training-vm-oz-35",
      "provider": "provider[\"registry.terraform.io/hashicorp/aws\"]",
      "instances": [
        {
          "schema_version": 2,
          "attributes": {
            "alias": [],
            "allow_overwrite": null,
            "failover_routing_policy": [],
            "fqdn": "gat-35.oz.training.galaxyproject.eu",
            "geolocation_routing_policy": [],
            "health_check_id": "",
            "id": "Z05016927AMHTHGB1IS2_gat-35.oz.training.galaxyproject.eu_A",
            "latency_routing_policy": [],
            "multivalue_answer_routing_policy": null,
            "name": "gat-35.oz.training.galaxyproject.eu",
            "records": [
              "118.138.238.44"
            ],
            "set_identifier": "",
            "ttl": 7200,
            "type": "A",
            "weighted_routing_policy": [],
            "zone_id": "Z05016927AMHTHGB1IS2"
          },
          "sensitive_attributes": [],
          "private": "eyJzY2hlbWFfdmVyc2lvbiI6IjIifQ==",
          "dependencies": [
            "data.aws_route53_zone.training-gxp-eu"
          ]
        }
      ]
    },
    {
      "mode": "managed",
      "type": "aws_route53_record",
      "name": "training-vm-oz-36",
      "provider": "provider[\"registry.terraform.io/hashicorp/aws\"]",
      "instances": [
        {
          "schema_version": 2,
          "attributes": {
            "alias": [],
            "allow_overwrite": null,
            "failover_routing_policy": [],
            "fqdn": "gat-36.oz.training.galaxyproject.eu",
            "geolocation_routing_policy": [],
            "health_check_id": "",
            "id": "Z05016927AMHTHGB1IS2_gat-36.oz.training.galaxyproject.eu_A",
            "latency_routing_policy": [],
            "multivalue_answer_routing_policy": null,
            "name": "gat-36.oz.training.galaxyproject.eu",
            "records": [
              "115.146.86.149"
            ],
            "set_identifier": "",
            "ttl": 7200,
            "type": "A",
            "weighted_routing_policy": [],
            "zone_id": "Z05016927AMHTHGB1IS2"
          },
          "sensitive_attributes": [],
          "private": "eyJzY2hlbWFfdmVyc2lvbiI6IjIifQ==",
          "dependencies": [
            "data.aws_route53_zone.training-gxp-eu"
          ]
        }
      ]
    },
    {
      "mode": "managed",
      "type": "aws_route53_record",
      "name": "training-vm-oz-37",
      "provider": "provider[\"registry.terraform.io/hashicorp/aws\"]",
      "instances": [
        {
          "schema_version": 2,
          "attributes": {
            "alias": [],
            "allow_overwrite": null,
            "failover_routing_policy": [],
            "fqdn": "gat-37.oz.training.galaxyproject.eu",
            "geolocation_routing_policy": [],
            "health_check_id": "",
            "id": "Z05016927AMHTHGB1IS2_gat-37.oz.training.galaxyproject.eu_A",
            "latency_routing_policy": [],
            "multivalue_answer_routing_policy": null,
            "name": "gat-37.oz.training.galaxyproject.eu",
            "records": [
              "115.146.87.191"
            ],
            "set_identifier": "",
            "ttl": 7200,
            "type": "A",
            "weighted_routing_policy": [],
            "zone_id": "Z05016927AMHTHGB1IS2"
          },
          "sensitive_attributes": [],
          "private": "eyJzY2hlbWFfdmVyc2lvbiI6IjIifQ==",
          "dependencies": [
            "data.aws_route53_zone.training-gxp-eu"
          ]
        }
      ]
    },
    {
      "mode": "managed",
      "type": "aws_route53_record",
      "name": "training-vm-oz-38",
      "provider": "provider[\"registry.terraform.io/hashicorp/aws\"]",
      "instances": [
        {
          "schema_version": 2,
          "attributes": {
            "alias": [],
            "allow_overwrite": null,
            "failover_routing_policy": [],
            "fqdn": "gat-38.oz.training.galaxyproject.eu",
            "geolocation_routing_policy": [],
            "health_check_id": "",
            "id": "Z05016927AMHTHGB1IS2_gat-38.oz.training.galaxyproject.eu_A",
            "latency_routing_policy": [],
            "multivalue_answer_routing_policy": null,
            "name": "gat-38.oz.training.galaxyproject.eu",
            "records": [
              "115.146.84.60"
            ],
            "set_identifier": "",
            "ttl": 7200,
            "type": "A",
            "weighted_routing_policy": [],
            "zone_id": "Z05016927AMHTHGB1IS2"
          },
          "sensitive_attributes": [],
          "private": "eyJzY2hlbWFfdmVyc2lvbiI6IjIifQ==",
          "dependencies": [
            "data.aws_route53_zone.training-gxp-eu"
          ]
        }
      ]
    },
    {
      "mode": "managed",
      "type": "aws_route53_record",
      "name": "training-vm-oz-39",
      "provider": "provider[\"registry.terraform.io/hashicorp/aws\"]",
      "instances": [
        {
          "schema_version": 2,
          "attributes": {
            "alias": [],
            "allow_overwrite": null,
            "failover_routing_policy": [],
            "fqdn": "gat-39.oz.training.galaxyproject.eu",
            "geolocation_routing_policy": [],
            "health_check_id": "",
            "id": "Z05016927AMHTHGB1IS2_gat-39.oz.training.galaxyproject.eu_A",
            "latency_routing_policy": [],
            "multivalue_answer_routing_policy": null,
            "name": "gat-39.oz.training.galaxyproject.eu",
            "records": [
              "115.146.86.85"
            ],
            "set_identifier": "",
            "ttl": 7200,
            "type": "A",
            "weighted_routing_policy": [],
            "zone_id": "Z05016927AMHTHGB1IS2"
          },
          "sensitive_attributes": [],
          "private": "eyJzY2hlbWFfdmVyc2lvbiI6IjIifQ==",
          "dependencies": [
            "data.aws_route53_zone.training-gxp-eu"
          ]
        }
      ]
    },
    {
      "mode": "managed",
      "type": "aws_route53_record",
      "name": "training-vm-oz-4",
      "provider": "provider[\"registry.terraform.io/hashicorp/aws\"]",
      "instances": [
        {
          "schema_version": 2,
          "attributes": {
            "alias": [],
            "allow_overwrite": null,
            "failover_routing_policy": [],
            "fqdn": "gat-4.oz.training.galaxyproject.eu",
            "geolocation_routing_policy": [],
            "health_check_id": "",
            "id": "Z05016927AMHTHGB1IS2_gat-4.oz.training.galaxyproject.eu_A",
            "latency_routing_policy": [],
            "multivalue_answer_routing_policy": null,
            "name": "gat-4.oz.training.galaxyproject.eu",
            "records": [
              "115.146.87.56"
            ],
            "set_identifier": "",
            "ttl": 7200,
            "type": "A",
            "weighted_routing_policy": [],
            "zone_id": "Z05016927AMHTHGB1IS2"
          },
          "sensitive_attributes": [],
          "private": "eyJzY2hlbWFfdmVyc2lvbiI6IjIifQ==",
          "dependencies": [
            "data.aws_route53_zone.training-gxp-eu"
          ]
        }
      ]
    },
    {
      "mode": "managed",
      "type": "aws_route53_record",
      "name": "training-vm-oz-5",
      "provider": "provider[\"registry.terraform.io/hashicorp/aws\"]",
      "instances": [
        {
          "schema_version": 2,
          "attributes": {
            "alias": [],
            "allow_overwrite": null,
            "failover_routing_policy": [],
            "fqdn": "gat-5.oz.training.galaxyproject.eu",
            "geolocation_routing_policy": [],
            "health_check_id": "",
            "id": "Z05016927AMHTHGB1IS2_gat-5.oz.training.galaxyproject.eu_A",
            "latency_routing_policy": [],
            "multivalue_answer_routing_policy": null,
            "name": "gat-5.oz.training.galaxyproject.eu",
            "records": [
              "115.146.86.89"
            ],
            "set_identifier": "",
            "ttl": 7200,
            "type": "A",
            "weighted_routing_policy": [],
            "zone_id": "Z05016927AMHTHGB1IS2"
          },
          "sensitive_attributes": [],
          "private": "eyJzY2hlbWFfdmVyc2lvbiI6IjIifQ==",
          "dependencies": [
            "data.aws_route53_zone.training-gxp-eu"
          ]
        }
      ]
    },
    {
      "mode": "managed",
      "type": "aws_route53_record",
      "name": "training-vm-oz-6",
      "provider": "provider[\"registry.terraform.io/hashicorp/aws\"]",
      "instances": [
        {
          "schema_version": 2,
          "attributes": {
            "alias": [],
            "allow_overwrite": null,
            "failover_routing_policy": [],
            "fqdn": "gat-6.oz.training.galaxyproject.eu",
            "geolocation_routing_policy": [],
            "health_check_id": "",
            "id": "Z05016927AMHTHGB1IS2_gat-6.oz.training.galaxyproject.eu_A",
            "latency_routing_policy": [],
            "multivalue_answer_routing_policy": null,
            "name": "gat-6.oz.training.galaxyproject.eu",
            "records": [
              "115.146.84.215"
            ],
            "set_identifier": "",
            "ttl": 7200,
            "type": "A",
            "weighted_routing_policy": [],
            "zone_id": "Z05016927AMHTHGB1IS2"
          },
          "sensitive_attributes": [],
          "private": "eyJzY2hlbWFfdmVyc2lvbiI6IjIifQ==",
          "dependencies": [
            "data.aws_route53_zone.training-gxp-eu"
          ]
        }
      ]
    },
    {
      "mode": "managed",
      "type": "aws_route53_record",
      "name": "training-vm-oz-7",
      "provider": "provider[\"registry.terraform.io/hashicorp/aws\"]",
      "instances": [
        {
          "schema_version": 2,
          "attributes": {
            "alias": [],
            "allow_overwrite": null,
            "failover_routing_policy": [],
            "fqdn": "gat-7.oz.training.galaxyproject.eu",
            "geolocation_routing_policy": [],
            "health_check_id": "",
            "id": "Z05016927AMHTHGB1IS2_gat-7.oz.training.galaxyproject.eu_A",
            "latency_routing_policy": [],
            "multivalue_answer_routing_policy": null,
            "name": "gat-7.oz.training.galaxyproject.eu",
            "records": [
              "115.146.86.231"
            ],
            "set_identifier": "",
            "ttl": 7200,
            "type": "A",
            "weighted_routing_policy": [],
            "zone_id": "Z05016927AMHTHGB1IS2"
          },
          "sensitive_attributes": [],
          "private": "eyJzY2hlbWFfdmVyc2lvbiI6IjIifQ==",
          "dependencies": [
            "data.aws_route53_zone.training-gxp-eu"
          ]
        }
      ]
    },
    {
      "mode": "managed",
      "type": "aws_route53_record",
      "name": "training-vm-oz-8",
      "provider": "provider[\"registry.terraform.io/hashicorp/aws\"]",
      "instances": [
        {
          "schema_version": 2,
          "attributes": {
            "alias": [],
            "allow_overwrite": null,
            "failover_routing_policy": [],
            "fqdn": "gat-8.oz.training.galaxyproject.eu",
            "geolocation_routing_policy": [],
            "health_check_id": "",
            "id": "Z05016927AMHTHGB1IS2_gat-8.oz.training.galaxyproject.eu_A",
            "latency_routing_policy": [],
            "multivalue_answer_routing_policy": null,
            "name": "gat-8.oz.training.galaxyproject.eu",
            "records": [
              "115.146.84.172"
            ],
            "set_identifier": "",
            "ttl": 7200,
            "type": "A",
            "weighted_routing_policy": [],
            "zone_id": "Z05016927AMHTHGB1IS2"
          },
          "sensitive_attributes": [],
          "private": "eyJzY2hlbWFfdmVyc2lvbiI6IjIifQ==",
          "dependencies": [
            "data.aws_route53_zone.training-gxp-eu"
          ]
        }
      ]
    },
    {
      "mode": "managed",
      "type": "aws_route53_record",
      "name": "training-vm-oz-9",
      "provider": "provider[\"registry.terraform.io/hashicorp/aws\"]",
      "instances": [
        {
          "schema_version": 2,
          "attributes": {
            "alias": [],
            "allow_overwrite": null,
            "failover_routing_policy": [],
            "fqdn": "gat-9.oz.training.galaxyproject.eu",
            "geolocation_routing_policy": [],
            "health_check_id": "",
            "id": "Z05016927AMHTHGB1IS2_gat-9.oz.training.galaxyproject.eu_A",
            "latency_routing_policy": [],
            "multivalue_answer_routing_policy": null,
            "name": "gat-9.oz.training.galaxyproject.eu",
            "records": [
              "115.146.85.33"
            ],
            "set_identifier": "",
            "ttl": 7200,
            "type": "A",
            "weighted_routing_policy": [],
            "zone_id": "Z05016927AMHTHGB1IS2"
          },
          "sensitive_attributes": [],
          "private": "eyJzY2hlbWFfdmVyc2lvbiI6IjIifQ==",
          "dependencies": [
            "data.aws_route53_zone.training-gxp-eu"
          ]
        }
      ]
    }
  ]
}
