{
  "version": 4,
  "terraform_version": "0.15.4",
  "serial": 2404,
  "lineage": "1a140571-8b4d-c1da-5722-fd572bd49022",
  "outputs": {},
  "resources": [
    {
      "mode": "managed",
      "type": "aws_route53_record",
      "name": "training-vm-oz-0",
      "provider": "provider[\"registry.terraform.io/hashicorp/aws\"]",
      "instances": [
        {
          "schema_version": 2,
          "attributes": {
            "alias": [],
            "allow_overwrite": null,
            "failover_routing_policy": [],
            "fqdn": "gat-0.oz.galaxy.training",
            "geolocation_routing_policy": [],
            "health_check_id": null,
            "id": "Z06074271TNBSU75H5S3Y_gat-0.oz.galaxy.training_A",
            "latency_routing_policy": [],
            "multivalue_answer_routing_policy": null,
            "name": "gat-0.oz.galaxy.training",
            "records": [
              "115.146.87.20"
            ],
            "set_identifier": null,
            "ttl": 7200,
            "type": "A",
            "weighted_routing_policy": [],
            "zone_id": "Z06074271TNBSU75H5S3Y"
          },
          "sensitive_attributes": [],
          "private": "eyJzY2hlbWFfdmVyc2lvbiI6IjIifQ=="
        }
      ]
    },
    {
      "mode": "managed",
      "type": "aws_route53_record",
      "name": "training-vm-oz-0-wildcard",
      "provider": "provider[\"registry.terraform.io/hashicorp/aws\"]",
      "instances": [
        {
          "schema_version": 2,
          "attributes": {
            "alias": [],
            "allow_overwrite": null,
            "failover_routing_policy": [],
            "fqdn": "*.interactivetoolentrypoint.interactivetool.gat-0.oz.galaxy.training",
            "geolocation_routing_policy": [],
            "health_check_id": null,
            "id": "Z06074271TNBSU75H5S3Y_*.interactivetoolentrypoint.interactivetool.gat-0.oz.galaxy.training_CNAME",
            "latency_routing_policy": [],
            "multivalue_answer_routing_policy": null,
            "name": "*.interactivetoolentrypoint.interactivetool.gat-0.oz.galaxy.training",
            "records": [
              "gat-0.oz.galaxy.training"
            ],
            "set_identifier": null,
            "ttl": 7200,
            "type": "CNAME",
            "weighted_routing_policy": [],
            "zone_id": "Z06074271TNBSU75H5S3Y"
          },
          "sensitive_attributes": [],
          "private": "eyJzY2hlbWFfdmVyc2lvbiI6IjIifQ=="
        }
      ]
    },
    {
      "mode": "managed",
      "type": "aws_route53_record",
      "name": "training-vm-oz-1",
      "provider": "provider[\"registry.terraform.io/hashicorp/aws\"]",
      "instances": [
        {
          "schema_version": 2,
          "attributes": {
            "alias": [],
            "allow_overwrite": null,
            "failover_routing_policy": [],
            "fqdn": "gat-1.oz.galaxy.training",
            "geolocation_routing_policy": [],
            "health_check_id": null,
            "id": "Z06074271TNBSU75H5S3Y_gat-1.oz.galaxy.training_A",
            "latency_routing_policy": [],
            "multivalue_answer_routing_policy": null,
            "name": "gat-1.oz.galaxy.training",
            "records": [
              "115.146.84.170"
            ],
            "set_identifier": null,
            "ttl": 7200,
            "type": "A",
            "weighted_routing_policy": [],
            "zone_id": "Z06074271TNBSU75H5S3Y"
          },
          "sensitive_attributes": [],
          "private": "eyJzY2hlbWFfdmVyc2lvbiI6IjIifQ=="
        }
      ]
    },
    {
      "mode": "managed",
      "type": "aws_route53_record",
      "name": "training-vm-oz-1-wildcard",
      "provider": "provider[\"registry.terraform.io/hashicorp/aws\"]",
      "instances": [
        {
          "schema_version": 2,
          "attributes": {
            "alias": [],
            "allow_overwrite": null,
            "failover_routing_policy": [],
            "fqdn": "*.interactivetoolentrypoint.interactivetool.gat-1.oz.galaxy.training",
            "geolocation_routing_policy": [],
            "health_check_id": null,
            "id": "Z06074271TNBSU75H5S3Y_*.interactivetoolentrypoint.interactivetool.gat-1.oz.galaxy.training_CNAME",
            "latency_routing_policy": [],
            "multivalue_answer_routing_policy": null,
            "name": "*.interactivetoolentrypoint.interactivetool.gat-1.oz.galaxy.training",
            "records": [
              "gat-1.oz.galaxy.training"
            ],
            "set_identifier": null,
            "ttl": 7200,
            "type": "CNAME",
            "weighted_routing_policy": [],
            "zone_id": "Z06074271TNBSU75H5S3Y"
          },
          "sensitive_attributes": [],
          "private": "eyJzY2hlbWFfdmVyc2lvbiI6IjIifQ=="
        }
      ]
    },
    {
      "mode": "managed",
      "type": "aws_route53_record",
      "name": "training-vm-oz-10",
      "provider": "provider[\"registry.terraform.io/hashicorp/aws\"]",
      "instances": [
        {
          "schema_version": 2,
          "attributes": {
            "alias": [],
            "allow_overwrite": null,
            "failover_routing_policy": [],
            "fqdn": "gat-10.oz.galaxy.training",
            "geolocation_routing_policy": [],
            "health_check_id": null,
            "id": "Z06074271TNBSU75H5S3Y_gat-10.oz.galaxy.training_A",
            "latency_routing_policy": [],
            "multivalue_answer_routing_policy": null,
            "name": "gat-10.oz.galaxy.training",
            "records": [
              "115.146.86.127"
            ],
            "set_identifier": null,
            "ttl": 7200,
            "type": "A",
            "weighted_routing_policy": [],
            "zone_id": "Z06074271TNBSU75H5S3Y"
          },
          "sensitive_attributes": [],
          "private": "eyJzY2hlbWFfdmVyc2lvbiI6IjIifQ=="
        }
      ]
    },
    {
      "mode": "managed",
      "type": "aws_route53_record",
      "name": "training-vm-oz-10-wildcard",
      "provider": "provider[\"registry.terraform.io/hashicorp/aws\"]",
      "instances": [
        {
          "schema_version": 2,
          "attributes": {
            "alias": [],
            "allow_overwrite": null,
            "failover_routing_policy": [],
            "fqdn": "*.interactivetoolentrypoint.interactivetool.gat-10.oz.galaxy.training",
            "geolocation_routing_policy": [],
            "health_check_id": null,
            "id": "Z06074271TNBSU75H5S3Y_*.interactivetoolentrypoint.interactivetool.gat-10.oz.galaxy.training_CNAME",
            "latency_routing_policy": [],
            "multivalue_answer_routing_policy": null,
            "name": "*.interactivetoolentrypoint.interactivetool.gat-10.oz.galaxy.training",
            "records": [
              "gat-10.oz.galaxy.training"
            ],
            "set_identifier": null,
            "ttl": 7200,
            "type": "CNAME",
            "weighted_routing_policy": [],
            "zone_id": "Z06074271TNBSU75H5S3Y"
          },
          "sensitive_attributes": [],
          "private": "eyJzY2hlbWFfdmVyc2lvbiI6IjIifQ=="
        }
      ]
    },
    {
      "mode": "managed",
      "type": "aws_route53_record",
      "name": "training-vm-oz-11",
      "provider": "provider[\"registry.terraform.io/hashicorp/aws\"]",
      "instances": [
        {
          "schema_version": 2,
          "attributes": {
            "alias": [],
            "allow_overwrite": null,
            "failover_routing_policy": [],
            "fqdn": "gat-11.oz.galaxy.training",
            "geolocation_routing_policy": [],
            "health_check_id": null,
            "id": "Z06074271TNBSU75H5S3Y_gat-11.oz.galaxy.training_A",
            "latency_routing_policy": [],
            "multivalue_answer_routing_policy": null,
            "name": "gat-11.oz.galaxy.training",
            "records": [
              "115.146.86.74"
            ],
            "set_identifier": null,
            "ttl": 7200,
            "type": "A",
            "weighted_routing_policy": [],
            "zone_id": "Z06074271TNBSU75H5S3Y"
          },
          "sensitive_attributes": [],
          "private": "eyJzY2hlbWFfdmVyc2lvbiI6IjIifQ=="
        }
      ]
    },
    {
      "mode": "managed",
      "type": "aws_route53_record",
      "name": "training-vm-oz-11-wildcard",
      "provider": "provider[\"registry.terraform.io/hashicorp/aws\"]",
      "instances": [
        {
          "schema_version": 2,
          "attributes": {
            "alias": [],
            "allow_overwrite": null,
            "failover_routing_policy": [],
            "fqdn": "*.interactivetoolentrypoint.interactivetool.gat-11.oz.galaxy.training",
            "geolocation_routing_policy": [],
            "health_check_id": null,
            "id": "Z06074271TNBSU75H5S3Y_*.interactivetoolentrypoint.interactivetool.gat-11.oz.galaxy.training_CNAME",
            "latency_routing_policy": [],
            "multivalue_answer_routing_policy": null,
            "name": "*.interactivetoolentrypoint.interactivetool.gat-11.oz.galaxy.training",
            "records": [
              "gat-11.oz.galaxy.training"
            ],
            "set_identifier": null,
            "ttl": 7200,
            "type": "CNAME",
            "weighted_routing_policy": [],
            "zone_id": "Z06074271TNBSU75H5S3Y"
          },
          "sensitive_attributes": [],
          "private": "eyJzY2hlbWFfdmVyc2lvbiI6IjIifQ=="
        }
      ]
    },
    {
      "mode": "managed",
      "type": "aws_route53_record",
      "name": "training-vm-oz-12",
      "provider": "provider[\"registry.terraform.io/hashicorp/aws\"]",
      "instances": [
        {
          "schema_version": 2,
          "attributes": {
            "alias": [],
            "allow_overwrite": null,
            "failover_routing_policy": [],
            "fqdn": "gat-12.oz.galaxy.training",
            "geolocation_routing_policy": [],
            "health_check_id": null,
            "id": "Z06074271TNBSU75H5S3Y_gat-12.oz.galaxy.training_A",
            "latency_routing_policy": [],
            "multivalue_answer_routing_policy": null,
            "name": "gat-12.oz.galaxy.training",
            "records": [
              "115.146.85.101"
            ],
            "set_identifier": null,
            "ttl": 7200,
            "type": "A",
            "weighted_routing_policy": [],
            "zone_id": "Z06074271TNBSU75H5S3Y"
          },
          "sensitive_attributes": [],
          "private": "eyJzY2hlbWFfdmVyc2lvbiI6IjIifQ=="
        }
      ]
    },
    {
      "mode": "managed",
      "type": "aws_route53_record",
      "name": "training-vm-oz-12-wildcard",
      "provider": "provider[\"registry.terraform.io/hashicorp/aws\"]",
      "instances": [
        {
          "schema_version": 2,
          "attributes": {
            "alias": [],
            "allow_overwrite": null,
            "failover_routing_policy": [],
            "fqdn": "*.interactivetoolentrypoint.interactivetool.gat-12.oz.galaxy.training",
            "geolocation_routing_policy": [],
            "health_check_id": null,
            "id": "Z06074271TNBSU75H5S3Y_*.interactivetoolentrypoint.interactivetool.gat-12.oz.galaxy.training_CNAME",
            "latency_routing_policy": [],
            "multivalue_answer_routing_policy": null,
            "name": "*.interactivetoolentrypoint.interactivetool.gat-12.oz.galaxy.training",
            "records": [
              "gat-12.oz.galaxy.training"
            ],
            "set_identifier": null,
            "ttl": 7200,
            "type": "CNAME",
            "weighted_routing_policy": [],
            "zone_id": "Z06074271TNBSU75H5S3Y"
          },
          "sensitive_attributes": [],
          "private": "eyJzY2hlbWFfdmVyc2lvbiI6IjIifQ=="
        }
      ]
    },
    {
      "mode": "managed",
      "type": "aws_route53_record",
      "name": "training-vm-oz-13",
      "provider": "provider[\"registry.terraform.io/hashicorp/aws\"]",
      "instances": [
        {
          "schema_version": 2,
          "attributes": {
            "alias": [],
            "allow_overwrite": null,
            "failover_routing_policy": [],
            "fqdn": "gat-13.oz.galaxy.training",
            "geolocation_routing_policy": [],
            "health_check_id": null,
            "id": "Z06074271TNBSU75H5S3Y_gat-13.oz.galaxy.training_A",
            "latency_routing_policy": [],
            "multivalue_answer_routing_policy": null,
            "name": "gat-13.oz.galaxy.training",
            "records": [
              "115.146.87.247"
            ],
            "set_identifier": null,
            "ttl": 7200,
            "type": "A",
            "weighted_routing_policy": [],
            "zone_id": "Z06074271TNBSU75H5S3Y"
          },
          "sensitive_attributes": [],
          "private": "eyJzY2hlbWFfdmVyc2lvbiI6IjIifQ=="
        }
      ]
    },
    {
      "mode": "managed",
      "type": "aws_route53_record",
      "name": "training-vm-oz-13-wildcard",
      "provider": "provider[\"registry.terraform.io/hashicorp/aws\"]",
      "instances": [
        {
          "schema_version": 2,
          "attributes": {
            "alias": [],
            "allow_overwrite": null,
            "failover_routing_policy": [],
            "fqdn": "*.interactivetoolentrypoint.interactivetool.gat-13.oz.galaxy.training",
            "geolocation_routing_policy": [],
            "health_check_id": null,
            "id": "Z06074271TNBSU75H5S3Y_*.interactivetoolentrypoint.interactivetool.gat-13.oz.galaxy.training_CNAME",
            "latency_routing_policy": [],
            "multivalue_answer_routing_policy": null,
            "name": "*.interactivetoolentrypoint.interactivetool.gat-13.oz.galaxy.training",
            "records": [
              "gat-13.oz.galaxy.training"
            ],
            "set_identifier": null,
            "ttl": 7200,
            "type": "CNAME",
            "weighted_routing_policy": [],
            "zone_id": "Z06074271TNBSU75H5S3Y"
          },
          "sensitive_attributes": [],
          "private": "eyJzY2hlbWFfdmVyc2lvbiI6IjIifQ=="
        }
      ]
    },
    {
      "mode": "managed",
      "type": "aws_route53_record",
      "name": "training-vm-oz-14",
      "provider": "provider[\"registry.terraform.io/hashicorp/aws\"]",
      "instances": [
        {
          "schema_version": 2,
          "attributes": {
            "alias": [],
            "allow_overwrite": null,
            "failover_routing_policy": [],
            "fqdn": "gat-14.oz.galaxy.training",
            "geolocation_routing_policy": [],
            "health_check_id": null,
            "id": "Z06074271TNBSU75H5S3Y_gat-14.oz.galaxy.training_A",
            "latency_routing_policy": [],
            "multivalue_answer_routing_policy": null,
            "name": "gat-14.oz.galaxy.training",
            "records": [
              "115.146.85.247"
            ],
            "set_identifier": null,
            "ttl": 7200,
            "type": "A",
            "weighted_routing_policy": [],
            "zone_id": "Z06074271TNBSU75H5S3Y"
          },
          "sensitive_attributes": [],
          "private": "eyJzY2hlbWFfdmVyc2lvbiI6IjIifQ=="
        }
      ]
    },
    {
      "mode": "managed",
      "type": "aws_route53_record",
      "name": "training-vm-oz-14-wildcard",
      "provider": "provider[\"registry.terraform.io/hashicorp/aws\"]",
      "instances": [
        {
          "schema_version": 2,
          "attributes": {
            "alias": [],
            "allow_overwrite": null,
            "failover_routing_policy": [],
            "fqdn": "*.interactivetoolentrypoint.interactivetool.gat-14.oz.galaxy.training",
            "geolocation_routing_policy": [],
            "health_check_id": null,
            "id": "Z06074271TNBSU75H5S3Y_*.interactivetoolentrypoint.interactivetool.gat-14.oz.galaxy.training_CNAME",
            "latency_routing_policy": [],
            "multivalue_answer_routing_policy": null,
            "name": "*.interactivetoolentrypoint.interactivetool.gat-14.oz.galaxy.training",
            "records": [
              "gat-14.oz.galaxy.training"
            ],
            "set_identifier": null,
            "ttl": 7200,
            "type": "CNAME",
            "weighted_routing_policy": [],
            "zone_id": "Z06074271TNBSU75H5S3Y"
          },
          "sensitive_attributes": [],
          "private": "eyJzY2hlbWFfdmVyc2lvbiI6IjIifQ=="
        }
      ]
    },
    {
      "mode": "managed",
      "type": "aws_route53_record",
      "name": "training-vm-oz-15",
      "provider": "provider[\"registry.terraform.io/hashicorp/aws\"]",
      "instances": [
        {
          "schema_version": 2,
          "attributes": {
            "alias": [],
            "allow_overwrite": null,
            "failover_routing_policy": [],
            "fqdn": "gat-15.oz.galaxy.training",
            "geolocation_routing_policy": [],
            "health_check_id": null,
            "id": "Z06074271TNBSU75H5S3Y_gat-15.oz.galaxy.training_A",
            "latency_routing_policy": [],
            "multivalue_answer_routing_policy": null,
            "name": "gat-15.oz.galaxy.training",
            "records": [
              "115.146.87.191"
            ],
            "set_identifier": null,
            "ttl": 7200,
            "type": "A",
            "weighted_routing_policy": [],
            "zone_id": "Z06074271TNBSU75H5S3Y"
          },
          "sensitive_attributes": [],
          "private": "eyJzY2hlbWFfdmVyc2lvbiI6IjIifQ=="
        }
      ]
    },
    {
      "mode": "managed",
      "type": "aws_route53_record",
      "name": "training-vm-oz-15-wildcard",
      "provider": "provider[\"registry.terraform.io/hashicorp/aws\"]",
      "instances": [
        {
          "schema_version": 2,
          "attributes": {
            "alias": [],
            "allow_overwrite": null,
            "failover_routing_policy": [],
            "fqdn": "*.interactivetoolentrypoint.interactivetool.gat-15.oz.galaxy.training",
            "geolocation_routing_policy": [],
            "health_check_id": null,
            "id": "Z06074271TNBSU75H5S3Y_*.interactivetoolentrypoint.interactivetool.gat-15.oz.galaxy.training_CNAME",
            "latency_routing_policy": [],
            "multivalue_answer_routing_policy": null,
            "name": "*.interactivetoolentrypoint.interactivetool.gat-15.oz.galaxy.training",
            "records": [
              "gat-15.oz.galaxy.training"
            ],
            "set_identifier": null,
            "ttl": 7200,
            "type": "CNAME",
            "weighted_routing_policy": [],
            "zone_id": "Z06074271TNBSU75H5S3Y"
          },
          "sensitive_attributes": [],
          "private": "eyJzY2hlbWFfdmVyc2lvbiI6IjIifQ=="
        }
      ]
    },
    {
      "mode": "managed",
      "type": "aws_route53_record",
      "name": "training-vm-oz-16",
      "provider": "provider[\"registry.terraform.io/hashicorp/aws\"]",
      "instances": [
        {
          "schema_version": 2,
          "attributes": {
            "alias": [],
            "allow_overwrite": null,
            "failover_routing_policy": [],
            "fqdn": "gat-16.oz.galaxy.training",
            "geolocation_routing_policy": [],
            "health_check_id": null,
            "id": "Z06074271TNBSU75H5S3Y_gat-16.oz.galaxy.training_A",
            "latency_routing_policy": [],
            "multivalue_answer_routing_policy": null,
            "name": "gat-16.oz.galaxy.training",
            "records": [
              "115.146.85.74"
            ],
            "set_identifier": null,
            "ttl": 7200,
            "type": "A",
            "weighted_routing_policy": [],
            "zone_id": "Z06074271TNBSU75H5S3Y"
          },
          "sensitive_attributes": [],
          "private": "eyJzY2hlbWFfdmVyc2lvbiI6IjIifQ=="
        }
      ]
    },
    {
      "mode": "managed",
      "type": "aws_route53_record",
      "name": "training-vm-oz-16-wildcard",
      "provider": "provider[\"registry.terraform.io/hashicorp/aws\"]",
      "instances": [
        {
          "schema_version": 2,
          "attributes": {
            "alias": [],
            "allow_overwrite": null,
            "failover_routing_policy": [],
            "fqdn": "*.interactivetoolentrypoint.interactivetool.gat-16.oz.galaxy.training",
            "geolocation_routing_policy": [],
            "health_check_id": null,
            "id": "Z06074271TNBSU75H5S3Y_*.interactivetoolentrypoint.interactivetool.gat-16.oz.galaxy.training_CNAME",
            "latency_routing_policy": [],
            "multivalue_answer_routing_policy": null,
            "name": "*.interactivetoolentrypoint.interactivetool.gat-16.oz.galaxy.training",
            "records": [
              "gat-16.oz.galaxy.training"
            ],
            "set_identifier": null,
            "ttl": 7200,
            "type": "CNAME",
            "weighted_routing_policy": [],
            "zone_id": "Z06074271TNBSU75H5S3Y"
          },
          "sensitive_attributes": [],
          "private": "eyJzY2hlbWFfdmVyc2lvbiI6IjIifQ=="
        }
      ]
    },
    {
      "mode": "managed",
      "type": "aws_route53_record",
      "name": "training-vm-oz-17",
      "provider": "provider[\"registry.terraform.io/hashicorp/aws\"]",
      "instances": [
        {
          "schema_version": 2,
          "attributes": {
            "alias": [],
            "allow_overwrite": null,
            "failover_routing_policy": [],
            "fqdn": "gat-17.oz.galaxy.training",
            "geolocation_routing_policy": [],
            "health_check_id": null,
            "id": "Z06074271TNBSU75H5S3Y_gat-17.oz.galaxy.training_A",
            "latency_routing_policy": [],
            "multivalue_answer_routing_policy": null,
            "name": "gat-17.oz.galaxy.training",
            "records": [
              "115.146.85.29"
            ],
            "set_identifier": null,
            "ttl": 7200,
            "type": "A",
            "weighted_routing_policy": [],
            "zone_id": "Z06074271TNBSU75H5S3Y"
          },
          "sensitive_attributes": [],
          "private": "eyJzY2hlbWFfdmVyc2lvbiI6IjIifQ=="
        }
      ]
    },
    {
      "mode": "managed",
      "type": "aws_route53_record",
      "name": "training-vm-oz-17-wildcard",
      "provider": "provider[\"registry.terraform.io/hashicorp/aws\"]",
      "instances": [
        {
          "schema_version": 2,
          "attributes": {
            "alias": [],
            "allow_overwrite": null,
            "failover_routing_policy": [],
            "fqdn": "*.interactivetoolentrypoint.interactivetool.gat-17.oz.galaxy.training",
            "geolocation_routing_policy": [],
            "health_check_id": null,
            "id": "Z06074271TNBSU75H5S3Y_*.interactivetoolentrypoint.interactivetool.gat-17.oz.galaxy.training_CNAME",
            "latency_routing_policy": [],
            "multivalue_answer_routing_policy": null,
            "name": "*.interactivetoolentrypoint.interactivetool.gat-17.oz.galaxy.training",
            "records": [
              "gat-17.oz.galaxy.training"
            ],
            "set_identifier": null,
            "ttl": 7200,
            "type": "CNAME",
            "weighted_routing_policy": [],
            "zone_id": "Z06074271TNBSU75H5S3Y"
          },
          "sensitive_attributes": [],
          "private": "eyJzY2hlbWFfdmVyc2lvbiI6IjIifQ=="
        }
      ]
    },
    {
      "mode": "managed",
      "type": "aws_route53_record",
      "name": "training-vm-oz-18",
      "provider": "provider[\"registry.terraform.io/hashicorp/aws\"]",
      "instances": [
        {
          "schema_version": 2,
          "attributes": {
            "alias": [],
            "allow_overwrite": null,
            "failover_routing_policy": [],
            "fqdn": "gat-18.oz.galaxy.training",
            "geolocation_routing_policy": [],
            "health_check_id": null,
            "id": "Z06074271TNBSU75H5S3Y_gat-18.oz.galaxy.training_A",
            "latency_routing_policy": [],
            "multivalue_answer_routing_policy": null,
            "name": "gat-18.oz.galaxy.training",
            "records": [
              "115.146.85.11"
            ],
            "set_identifier": null,
            "ttl": 7200,
            "type": "A",
            "weighted_routing_policy": [],
            "zone_id": "Z06074271TNBSU75H5S3Y"
          },
          "sensitive_attributes": [],
          "private": "eyJzY2hlbWFfdmVyc2lvbiI6IjIifQ=="
        }
      ]
    },
    {
      "mode": "managed",
      "type": "aws_route53_record",
      "name": "training-vm-oz-18-wildcard",
      "provider": "provider[\"registry.terraform.io/hashicorp/aws\"]",
      "instances": [
        {
          "schema_version": 2,
          "attributes": {
            "alias": [],
            "allow_overwrite": null,
            "failover_routing_policy": [],
            "fqdn": "*.interactivetoolentrypoint.interactivetool.gat-18.oz.galaxy.training",
            "geolocation_routing_policy": [],
            "health_check_id": null,
            "id": "Z06074271TNBSU75H5S3Y_*.interactivetoolentrypoint.interactivetool.gat-18.oz.galaxy.training_CNAME",
            "latency_routing_policy": [],
            "multivalue_answer_routing_policy": null,
            "name": "*.interactivetoolentrypoint.interactivetool.gat-18.oz.galaxy.training",
            "records": [
              "gat-18.oz.galaxy.training"
            ],
            "set_identifier": null,
            "ttl": 7200,
            "type": "CNAME",
            "weighted_routing_policy": [],
            "zone_id": "Z06074271TNBSU75H5S3Y"
          },
          "sensitive_attributes": [],
          "private": "eyJzY2hlbWFfdmVyc2lvbiI6IjIifQ=="
        }
      ]
    },
    {
      "mode": "managed",
      "type": "aws_route53_record",
      "name": "training-vm-oz-19",
      "provider": "provider[\"registry.terraform.io/hashicorp/aws\"]",
      "instances": [
        {
          "schema_version": 2,
          "attributes": {
            "alias": [],
            "allow_overwrite": null,
            "failover_routing_policy": [],
            "fqdn": "gat-19.oz.galaxy.training",
            "geolocation_routing_policy": [],
            "health_check_id": null,
            "id": "Z06074271TNBSU75H5S3Y_gat-19.oz.galaxy.training_A",
            "latency_routing_policy": [],
            "multivalue_answer_routing_policy": null,
            "name": "gat-19.oz.galaxy.training",
            "records": [
              "115.146.85.124"
            ],
            "set_identifier": null,
            "ttl": 7200,
            "type": "A",
            "weighted_routing_policy": [],
            "zone_id": "Z06074271TNBSU75H5S3Y"
          },
          "sensitive_attributes": [],
          "private": "eyJzY2hlbWFfdmVyc2lvbiI6IjIifQ=="
        }
      ]
    },
    {
      "mode": "managed",
      "type": "aws_route53_record",
      "name": "training-vm-oz-19-wildcard",
      "provider": "provider[\"registry.terraform.io/hashicorp/aws\"]",
      "instances": [
        {
          "schema_version": 2,
          "attributes": {
            "alias": [],
            "allow_overwrite": null,
            "failover_routing_policy": [],
            "fqdn": "*.interactivetoolentrypoint.interactivetool.gat-19.oz.galaxy.training",
            "geolocation_routing_policy": [],
            "health_check_id": null,
            "id": "Z06074271TNBSU75H5S3Y_*.interactivetoolentrypoint.interactivetool.gat-19.oz.galaxy.training_CNAME",
            "latency_routing_policy": [],
            "multivalue_answer_routing_policy": null,
            "name": "*.interactivetoolentrypoint.interactivetool.gat-19.oz.galaxy.training",
            "records": [
              "gat-19.oz.galaxy.training"
            ],
            "set_identifier": null,
            "ttl": 7200,
            "type": "CNAME",
            "weighted_routing_policy": [],
            "zone_id": "Z06074271TNBSU75H5S3Y"
          },
          "sensitive_attributes": [],
          "private": "eyJzY2hlbWFfdmVyc2lvbiI6IjIifQ=="
        }
      ]
    },
    {
      "mode": "managed",
      "type": "aws_route53_record",
      "name": "training-vm-oz-2",
      "provider": "provider[\"registry.terraform.io/hashicorp/aws\"]",
      "instances": [
        {
          "schema_version": 2,
          "attributes": {
            "alias": [],
            "allow_overwrite": null,
            "failover_routing_policy": [],
            "fqdn": "gat-2.oz.galaxy.training",
            "geolocation_routing_policy": [],
            "health_check_id": null,
            "id": "Z06074271TNBSU75H5S3Y_gat-2.oz.galaxy.training_A",
            "latency_routing_policy": [],
            "multivalue_answer_routing_policy": null,
            "name": "gat-2.oz.galaxy.training",
            "records": [
              "115.146.85.3"
            ],
            "set_identifier": null,
            "ttl": 7200,
            "type": "A",
            "weighted_routing_policy": [],
            "zone_id": "Z06074271TNBSU75H5S3Y"
          },
          "sensitive_attributes": [],
          "private": "eyJzY2hlbWFfdmVyc2lvbiI6IjIifQ=="
        }
      ]
    },
    {
      "mode": "managed",
      "type": "aws_route53_record",
      "name": "training-vm-oz-2-wildcard",
      "provider": "provider[\"registry.terraform.io/hashicorp/aws\"]",
      "instances": [
        {
          "schema_version": 2,
          "attributes": {
            "alias": [],
            "allow_overwrite": null,
            "failover_routing_policy": [],
            "fqdn": "*.interactivetoolentrypoint.interactivetool.gat-2.oz.galaxy.training",
            "geolocation_routing_policy": [],
            "health_check_id": null,
            "id": "Z06074271TNBSU75H5S3Y_*.interactivetoolentrypoint.interactivetool.gat-2.oz.galaxy.training_CNAME",
            "latency_routing_policy": [],
            "multivalue_answer_routing_policy": null,
            "name": "*.interactivetoolentrypoint.interactivetool.gat-2.oz.galaxy.training",
            "records": [
              "gat-2.oz.galaxy.training"
            ],
            "set_identifier": null,
            "ttl": 7200,
            "type": "CNAME",
            "weighted_routing_policy": [],
            "zone_id": "Z06074271TNBSU75H5S3Y"
          },
          "sensitive_attributes": [],
          "private": "eyJzY2hlbWFfdmVyc2lvbiI6IjIifQ=="
        }
      ]
    },
    {
      "mode": "managed",
      "type": "aws_route53_record",
      "name": "training-vm-oz-20",
      "provider": "provider[\"registry.terraform.io/hashicorp/aws\"]",
      "instances": [
        {
          "schema_version": 2,
          "attributes": {
            "alias": [],
            "allow_overwrite": null,
            "failover_routing_policy": [],
            "fqdn": "gat-20.oz.galaxy.training",
            "geolocation_routing_policy": [],
            "health_check_id": null,
            "id": "Z06074271TNBSU75H5S3Y_gat-20.oz.galaxy.training_A",
            "latency_routing_policy": [],
            "multivalue_answer_routing_policy": null,
            "name": "gat-20.oz.galaxy.training",
            "records": [
              "115.146.84.151"
            ],
            "set_identifier": null,
            "ttl": 7200,
            "type": "A",
            "weighted_routing_policy": [],
            "zone_id": "Z06074271TNBSU75H5S3Y"
          },
          "sensitive_attributes": [],
          "private": "eyJzY2hlbWFfdmVyc2lvbiI6IjIifQ=="
        }
      ]
    },
    {
      "mode": "managed",
      "type": "aws_route53_record",
      "name": "training-vm-oz-20-wildcard",
      "provider": "provider[\"registry.terraform.io/hashicorp/aws\"]",
      "instances": [
        {
          "schema_version": 2,
          "attributes": {
            "alias": [],
            "allow_overwrite": null,
            "failover_routing_policy": [],
            "fqdn": "*.interactivetoolentrypoint.interactivetool.gat-20.oz.galaxy.training",
            "geolocation_routing_policy": [],
            "health_check_id": null,
            "id": "Z06074271TNBSU75H5S3Y_*.interactivetoolentrypoint.interactivetool.gat-20.oz.galaxy.training_CNAME",
            "latency_routing_policy": [],
            "multivalue_answer_routing_policy": null,
            "name": "*.interactivetoolentrypoint.interactivetool.gat-20.oz.galaxy.training",
            "records": [
              "gat-20.oz.galaxy.training"
            ],
            "set_identifier": null,
            "ttl": 7200,
            "type": "CNAME",
            "weighted_routing_policy": [],
            "zone_id": "Z06074271TNBSU75H5S3Y"
          },
          "sensitive_attributes": [],
          "private": "eyJzY2hlbWFfdmVyc2lvbiI6IjIifQ=="
        }
      ]
    },
    {
      "mode": "managed",
      "type": "aws_route53_record",
      "name": "training-vm-oz-21",
      "provider": "provider[\"registry.terraform.io/hashicorp/aws\"]",
      "instances": [
        {
          "schema_version": 2,
          "attributes": {
            "alias": [],
            "allow_overwrite": null,
            "failover_routing_policy": [],
            "fqdn": "gat-21.oz.galaxy.training",
            "geolocation_routing_policy": [],
            "health_check_id": null,
            "id": "Z06074271TNBSU75H5S3Y_gat-21.oz.galaxy.training_A",
            "latency_routing_policy": [],
            "multivalue_answer_routing_policy": null,
            "name": "gat-21.oz.galaxy.training",
            "records": [
              "115.146.86.223"
            ],
            "set_identifier": null,
            "ttl": 7200,
            "type": "A",
            "weighted_routing_policy": [],
            "zone_id": "Z06074271TNBSU75H5S3Y"
          },
          "sensitive_attributes": [],
          "private": "eyJzY2hlbWFfdmVyc2lvbiI6IjIifQ=="
        }
      ]
    },
    {
      "mode": "managed",
      "type": "aws_route53_record",
      "name": "training-vm-oz-21-wildcard",
      "provider": "provider[\"registry.terraform.io/hashicorp/aws\"]",
      "instances": [
        {
          "schema_version": 2,
          "attributes": {
            "alias": [],
            "allow_overwrite": null,
            "failover_routing_policy": [],
            "fqdn": "*.interactivetoolentrypoint.interactivetool.gat-21.oz.galaxy.training",
            "geolocation_routing_policy": [],
            "health_check_id": null,
            "id": "Z06074271TNBSU75H5S3Y_*.interactivetoolentrypoint.interactivetool.gat-21.oz.galaxy.training_CNAME",
            "latency_routing_policy": [],
            "multivalue_answer_routing_policy": null,
            "name": "*.interactivetoolentrypoint.interactivetool.gat-21.oz.galaxy.training",
            "records": [
              "gat-21.oz.galaxy.training"
            ],
            "set_identifier": null,
            "ttl": 7200,
            "type": "CNAME",
            "weighted_routing_policy": [],
            "zone_id": "Z06074271TNBSU75H5S3Y"
          },
          "sensitive_attributes": [],
          "private": "eyJzY2hlbWFfdmVyc2lvbiI6IjIifQ=="
        }
      ]
    },
    {
      "mode": "managed",
      "type": "aws_route53_record",
      "name": "training-vm-oz-22",
      "provider": "provider[\"registry.terraform.io/hashicorp/aws\"]",
      "instances": [
        {
          "schema_version": 2,
          "attributes": {
            "alias": [],
            "allow_overwrite": null,
            "failover_routing_policy": [],
            "fqdn": "gat-22.oz.galaxy.training",
            "geolocation_routing_policy": [],
            "health_check_id": null,
            "id": "Z06074271TNBSU75H5S3Y_gat-22.oz.galaxy.training_A",
            "latency_routing_policy": [],
            "multivalue_answer_routing_policy": null,
            "name": "gat-22.oz.galaxy.training",
            "records": [
              "115.146.86.23"
            ],
            "set_identifier": null,
            "ttl": 7200,
            "type": "A",
            "weighted_routing_policy": [],
            "zone_id": "Z06074271TNBSU75H5S3Y"
          },
          "sensitive_attributes": [],
          "private": "eyJzY2hlbWFfdmVyc2lvbiI6IjIifQ=="
        }
      ]
    },
    {
      "mode": "managed",
      "type": "aws_route53_record",
      "name": "training-vm-oz-22-wildcard",
      "provider": "provider[\"registry.terraform.io/hashicorp/aws\"]",
      "instances": [
        {
          "schema_version": 2,
          "attributes": {
            "alias": [],
            "allow_overwrite": null,
            "failover_routing_policy": [],
            "fqdn": "*.interactivetoolentrypoint.interactivetool.gat-22.oz.galaxy.training",
            "geolocation_routing_policy": [],
            "health_check_id": null,
            "id": "Z06074271TNBSU75H5S3Y_*.interactivetoolentrypoint.interactivetool.gat-22.oz.galaxy.training_CNAME",
            "latency_routing_policy": [],
            "multivalue_answer_routing_policy": null,
            "name": "*.interactivetoolentrypoint.interactivetool.gat-22.oz.galaxy.training",
            "records": [
              "gat-22.oz.galaxy.training"
            ],
            "set_identifier": null,
            "ttl": 7200,
            "type": "CNAME",
            "weighted_routing_policy": [],
            "zone_id": "Z06074271TNBSU75H5S3Y"
          },
          "sensitive_attributes": [],
          "private": "eyJzY2hlbWFfdmVyc2lvbiI6IjIifQ=="
        }
      ]
    },
    {
      "mode": "managed",
      "type": "aws_route53_record",
      "name": "training-vm-oz-23",
      "provider": "provider[\"registry.terraform.io/hashicorp/aws\"]",
      "instances": [
        {
          "schema_version": 2,
          "attributes": {
            "alias": [],
            "allow_overwrite": null,
            "failover_routing_policy": [],
            "fqdn": "gat-23.oz.galaxy.training",
            "geolocation_routing_policy": [],
            "health_check_id": null,
            "id": "Z06074271TNBSU75H5S3Y_gat-23.oz.galaxy.training_A",
            "latency_routing_policy": [],
            "multivalue_answer_routing_policy": null,
            "name": "gat-23.oz.galaxy.training",
            "records": [
              "115.146.87.137"
            ],
            "set_identifier": null,
            "ttl": 7200,
            "type": "A",
            "weighted_routing_policy": [],
            "zone_id": "Z06074271TNBSU75H5S3Y"
          },
          "sensitive_attributes": [],
          "private": "eyJzY2hlbWFfdmVyc2lvbiI6IjIifQ=="
        }
      ]
    },
    {
      "mode": "managed",
      "type": "aws_route53_record",
      "name": "training-vm-oz-23-wildcard",
      "provider": "provider[\"registry.terraform.io/hashicorp/aws\"]",
      "instances": [
        {
          "schema_version": 2,
          "attributes": {
            "alias": [],
            "allow_overwrite": null,
            "failover_routing_policy": [],
            "fqdn": "*.interactivetoolentrypoint.interactivetool.gat-23.oz.galaxy.training",
            "geolocation_routing_policy": [],
            "health_check_id": null,
            "id": "Z06074271TNBSU75H5S3Y_*.interactivetoolentrypoint.interactivetool.gat-23.oz.galaxy.training_CNAME",
            "latency_routing_policy": [],
            "multivalue_answer_routing_policy": null,
            "name": "*.interactivetoolentrypoint.interactivetool.gat-23.oz.galaxy.training",
            "records": [
              "gat-23.oz.galaxy.training"
            ],
            "set_identifier": null,
            "ttl": 7200,
            "type": "CNAME",
            "weighted_routing_policy": [],
            "zone_id": "Z06074271TNBSU75H5S3Y"
          },
          "sensitive_attributes": [],
          "private": "eyJzY2hlbWFfdmVyc2lvbiI6IjIifQ=="
        }
      ]
    },
    {
      "mode": "managed",
      "type": "aws_route53_record",
      "name": "training-vm-oz-24",
      "provider": "provider[\"registry.terraform.io/hashicorp/aws\"]",
      "instances": [
        {
          "schema_version": 2,
          "attributes": {
            "alias": [],
            "allow_overwrite": null,
            "failover_routing_policy": [],
            "fqdn": "gat-24.oz.galaxy.training",
            "geolocation_routing_policy": [],
            "health_check_id": null,
            "id": "Z06074271TNBSU75H5S3Y_gat-24.oz.galaxy.training_A",
            "latency_routing_policy": [],
            "multivalue_answer_routing_policy": null,
            "name": "gat-24.oz.galaxy.training",
            "records": [
              "115.146.85.155"
            ],
            "set_identifier": null,
            "ttl": 7200,
            "type": "A",
            "weighted_routing_policy": [],
            "zone_id": "Z06074271TNBSU75H5S3Y"
          },
          "sensitive_attributes": [],
          "private": "eyJzY2hlbWFfdmVyc2lvbiI6IjIifQ=="
        }
      ]
    },
    {
      "mode": "managed",
      "type": "aws_route53_record",
      "name": "training-vm-oz-24-wildcard",
      "provider": "provider[\"registry.terraform.io/hashicorp/aws\"]",
      "instances": [
        {
          "schema_version": 2,
          "attributes": {
            "alias": [],
            "allow_overwrite": null,
            "failover_routing_policy": [],
            "fqdn": "*.interactivetoolentrypoint.interactivetool.gat-24.oz.galaxy.training",
            "geolocation_routing_policy": [],
            "health_check_id": null,
            "id": "Z06074271TNBSU75H5S3Y_*.interactivetoolentrypoint.interactivetool.gat-24.oz.galaxy.training_CNAME",
            "latency_routing_policy": [],
            "multivalue_answer_routing_policy": null,
            "name": "*.interactivetoolentrypoint.interactivetool.gat-24.oz.galaxy.training",
            "records": [
              "gat-24.oz.galaxy.training"
            ],
            "set_identifier": null,
            "ttl": 7200,
            "type": "CNAME",
            "weighted_routing_policy": [],
            "zone_id": "Z06074271TNBSU75H5S3Y"
          },
          "sensitive_attributes": [],
          "private": "eyJzY2hlbWFfdmVyc2lvbiI6IjIifQ=="
        }
      ]
    },
    {
      "mode": "managed",
      "type": "aws_route53_record",
      "name": "training-vm-oz-25",
      "provider": "provider[\"registry.terraform.io/hashicorp/aws\"]",
      "instances": [
        {
          "schema_version": 2,
          "attributes": {
            "alias": [],
            "allow_overwrite": null,
            "failover_routing_policy": [],
            "fqdn": "gat-25.oz.galaxy.training",
            "geolocation_routing_policy": [],
            "health_check_id": null,
            "id": "Z06074271TNBSU75H5S3Y_gat-25.oz.galaxy.training_A",
            "latency_routing_policy": [],
            "multivalue_answer_routing_policy": null,
            "name": "gat-25.oz.galaxy.training",
            "records": [
              "115.146.84.198"
            ],
            "set_identifier": null,
            "ttl": 7200,
            "type": "A",
            "weighted_routing_policy": [],
            "zone_id": "Z06074271TNBSU75H5S3Y"
          },
          "sensitive_attributes": [],
          "private": "eyJzY2hlbWFfdmVyc2lvbiI6IjIifQ=="
        }
      ]
    },
    {
      "mode": "managed",
      "type": "aws_route53_record",
      "name": "training-vm-oz-25-wildcard",
      "provider": "provider[\"registry.terraform.io/hashicorp/aws\"]",
      "instances": [
        {
          "schema_version": 2,
          "attributes": {
            "alias": [],
            "allow_overwrite": null,
            "failover_routing_policy": [],
            "fqdn": "*.interactivetoolentrypoint.interactivetool.gat-25.oz.galaxy.training",
            "geolocation_routing_policy": [],
            "health_check_id": null,
            "id": "Z06074271TNBSU75H5S3Y_*.interactivetoolentrypoint.interactivetool.gat-25.oz.galaxy.training_CNAME",
            "latency_routing_policy": [],
            "multivalue_answer_routing_policy": null,
            "name": "*.interactivetoolentrypoint.interactivetool.gat-25.oz.galaxy.training",
            "records": [
              "gat-25.oz.galaxy.training"
            ],
            "set_identifier": null,
            "ttl": 7200,
            "type": "CNAME",
            "weighted_routing_policy": [],
            "zone_id": "Z06074271TNBSU75H5S3Y"
          },
          "sensitive_attributes": [],
          "private": "eyJzY2hlbWFfdmVyc2lvbiI6IjIifQ=="
        }
      ]
    },
    {
      "mode": "managed",
      "type": "aws_route53_record",
      "name": "training-vm-oz-26",
      "provider": "provider[\"registry.terraform.io/hashicorp/aws\"]",
      "instances": [
        {
          "schema_version": 2,
          "attributes": {
            "alias": [],
            "allow_overwrite": null,
            "failover_routing_policy": [],
            "fqdn": "gat-26.oz.galaxy.training",
            "geolocation_routing_policy": [],
            "health_check_id": null,
            "id": "Z06074271TNBSU75H5S3Y_gat-26.oz.galaxy.training_A",
            "latency_routing_policy": [],
            "multivalue_answer_routing_policy": null,
            "name": "gat-26.oz.galaxy.training",
            "records": [
              "115.146.84.148"
            ],
            "set_identifier": null,
            "ttl": 7200,
            "type": "A",
            "weighted_routing_policy": [],
            "zone_id": "Z06074271TNBSU75H5S3Y"
          },
          "sensitive_attributes": [],
          "private": "eyJzY2hlbWFfdmVyc2lvbiI6IjIifQ=="
        }
      ]
    },
    {
      "mode": "managed",
      "type": "aws_route53_record",
      "name": "training-vm-oz-26-wildcard",
      "provider": "provider[\"registry.terraform.io/hashicorp/aws\"]",
      "instances": [
        {
          "schema_version": 2,
          "attributes": {
            "alias": [],
            "allow_overwrite": null,
            "failover_routing_policy": [],
            "fqdn": "*.interactivetoolentrypoint.interactivetool.gat-26.oz.galaxy.training",
            "geolocation_routing_policy": [],
            "health_check_id": null,
            "id": "Z06074271TNBSU75H5S3Y_*.interactivetoolentrypoint.interactivetool.gat-26.oz.galaxy.training_CNAME",
            "latency_routing_policy": [],
            "multivalue_answer_routing_policy": null,
            "name": "*.interactivetoolentrypoint.interactivetool.gat-26.oz.galaxy.training",
            "records": [
              "gat-26.oz.galaxy.training"
            ],
            "set_identifier": null,
            "ttl": 7200,
            "type": "CNAME",
            "weighted_routing_policy": [],
            "zone_id": "Z06074271TNBSU75H5S3Y"
          },
          "sensitive_attributes": [],
          "private": "eyJzY2hlbWFfdmVyc2lvbiI6IjIifQ=="
        }
      ]
    },
    {
      "mode": "managed",
      "type": "aws_route53_record",
      "name": "training-vm-oz-27",
      "provider": "provider[\"registry.terraform.io/hashicorp/aws\"]",
      "instances": [
        {
          "schema_version": 2,
          "attributes": {
            "alias": [],
            "allow_overwrite": null,
            "failover_routing_policy": [],
            "fqdn": "gat-27.oz.galaxy.training",
            "geolocation_routing_policy": [],
            "health_check_id": null,
            "id": "Z06074271TNBSU75H5S3Y_gat-27.oz.galaxy.training_A",
            "latency_routing_policy": [],
            "multivalue_answer_routing_policy": null,
            "name": "gat-27.oz.galaxy.training",
            "records": [
              "115.146.87.178"
            ],
            "set_identifier": null,
            "ttl": 7200,
            "type": "A",
            "weighted_routing_policy": [],
            "zone_id": "Z06074271TNBSU75H5S3Y"
          },
          "sensitive_attributes": [],
          "private": "eyJzY2hlbWFfdmVyc2lvbiI6IjIifQ=="
        }
      ]
    },
    {
      "mode": "managed",
      "type": "aws_route53_record",
      "name": "training-vm-oz-27-wildcard",
      "provider": "provider[\"registry.terraform.io/hashicorp/aws\"]",
      "instances": [
        {
          "schema_version": 2,
          "attributes": {
            "alias": [],
            "allow_overwrite": null,
            "failover_routing_policy": [],
            "fqdn": "*.interactivetoolentrypoint.interactivetool.gat-27.oz.galaxy.training",
            "geolocation_routing_policy": [],
            "health_check_id": null,
            "id": "Z06074271TNBSU75H5S3Y_*.interactivetoolentrypoint.interactivetool.gat-27.oz.galaxy.training_CNAME",
            "latency_routing_policy": [],
            "multivalue_answer_routing_policy": null,
            "name": "*.interactivetoolentrypoint.interactivetool.gat-27.oz.galaxy.training",
            "records": [
              "gat-27.oz.galaxy.training"
            ],
            "set_identifier": null,
            "ttl": 7200,
            "type": "CNAME",
            "weighted_routing_policy": [],
            "zone_id": "Z06074271TNBSU75H5S3Y"
          },
          "sensitive_attributes": [],
          "private": "eyJzY2hlbWFfdmVyc2lvbiI6IjIifQ=="
        }
      ]
    },
    {
      "mode": "managed",
      "type": "aws_route53_record",
      "name": "training-vm-oz-28",
      "provider": "provider[\"registry.terraform.io/hashicorp/aws\"]",
      "instances": [
        {
          "schema_version": 2,
          "attributes": {
            "alias": [],
            "allow_overwrite": null,
            "failover_routing_policy": [],
            "fqdn": "gat-28.oz.galaxy.training",
            "geolocation_routing_policy": [],
            "health_check_id": null,
            "id": "Z06074271TNBSU75H5S3Y_gat-28.oz.galaxy.training_A",
            "latency_routing_policy": [],
            "multivalue_answer_routing_policy": null,
            "name": "gat-28.oz.galaxy.training",
            "records": [
              "115.146.87.94"
            ],
            "set_identifier": null,
            "ttl": 7200,
            "type": "A",
            "weighted_routing_policy": [],
            "zone_id": "Z06074271TNBSU75H5S3Y"
          },
          "sensitive_attributes": [],
          "private": "eyJzY2hlbWFfdmVyc2lvbiI6IjIifQ=="
        }
      ]
    },
    {
      "mode": "managed",
      "type": "aws_route53_record",
      "name": "training-vm-oz-28-wildcard",
      "provider": "provider[\"registry.terraform.io/hashicorp/aws\"]",
      "instances": [
        {
          "schema_version": 2,
          "attributes": {
            "alias": [],
            "allow_overwrite": null,
            "failover_routing_policy": [],
            "fqdn": "*.interactivetoolentrypoint.interactivetool.gat-28.oz.galaxy.training",
            "geolocation_routing_policy": [],
            "health_check_id": null,
            "id": "Z06074271TNBSU75H5S3Y_*.interactivetoolentrypoint.interactivetool.gat-28.oz.galaxy.training_CNAME",
            "latency_routing_policy": [],
            "multivalue_answer_routing_policy": null,
            "name": "*.interactivetoolentrypoint.interactivetool.gat-28.oz.galaxy.training",
            "records": [
              "gat-28.oz.galaxy.training"
            ],
            "set_identifier": null,
            "ttl": 7200,
            "type": "CNAME",
            "weighted_routing_policy": [],
            "zone_id": "Z06074271TNBSU75H5S3Y"
          },
          "sensitive_attributes": [],
          "private": "eyJzY2hlbWFfdmVyc2lvbiI6IjIifQ=="
        }
      ]
    },
    {
      "mode": "managed",
      "type": "aws_route53_record",
      "name": "training-vm-oz-29",
      "provider": "provider[\"registry.terraform.io/hashicorp/aws\"]",
      "instances": [
        {
          "schema_version": 2,
          "attributes": {
            "alias": [],
            "allow_overwrite": null,
            "failover_routing_policy": [],
            "fqdn": "gat-29.oz.galaxy.training",
            "geolocation_routing_policy": [],
            "health_check_id": null,
            "id": "Z06074271TNBSU75H5S3Y_gat-29.oz.galaxy.training_A",
            "latency_routing_policy": [],
            "multivalue_answer_routing_policy": null,
            "name": "gat-29.oz.galaxy.training",
            "records": [
              "115.146.86.71"
            ],
            "set_identifier": null,
            "ttl": 7200,
            "type": "A",
            "weighted_routing_policy": [],
            "zone_id": "Z06074271TNBSU75H5S3Y"
          },
          "sensitive_attributes": [],
          "private": "eyJzY2hlbWFfdmVyc2lvbiI6IjIifQ=="
        }
      ]
    },
    {
      "mode": "managed",
      "type": "aws_route53_record",
      "name": "training-vm-oz-29-wildcard",
      "provider": "provider[\"registry.terraform.io/hashicorp/aws\"]",
      "instances": [
        {
          "schema_version": 2,
          "attributes": {
            "alias": [],
            "allow_overwrite": null,
            "failover_routing_policy": [],
            "fqdn": "*.interactivetoolentrypoint.interactivetool.gat-29.oz.galaxy.training",
            "geolocation_routing_policy": [],
            "health_check_id": null,
            "id": "Z06074271TNBSU75H5S3Y_*.interactivetoolentrypoint.interactivetool.gat-29.oz.galaxy.training_CNAME",
            "latency_routing_policy": [],
            "multivalue_answer_routing_policy": null,
            "name": "*.interactivetoolentrypoint.interactivetool.gat-29.oz.galaxy.training",
            "records": [
              "gat-29.oz.galaxy.training"
            ],
            "set_identifier": null,
            "ttl": 7200,
            "type": "CNAME",
            "weighted_routing_policy": [],
            "zone_id": "Z06074271TNBSU75H5S3Y"
          },
          "sensitive_attributes": [],
          "private": "eyJzY2hlbWFfdmVyc2lvbiI6IjIifQ=="
        }
      ]
    },
    {
      "mode": "managed",
      "type": "aws_route53_record",
      "name": "training-vm-oz-3",
      "provider": "provider[\"registry.terraform.io/hashicorp/aws\"]",
      "instances": [
        {
          "schema_version": 2,
          "attributes": {
            "alias": [],
            "allow_overwrite": null,
            "failover_routing_policy": [],
            "fqdn": "gat-3.oz.galaxy.training",
            "geolocation_routing_policy": [],
            "health_check_id": null,
            "id": "Z06074271TNBSU75H5S3Y_gat-3.oz.galaxy.training_A",
            "latency_routing_policy": [],
            "multivalue_answer_routing_policy": null,
            "name": "gat-3.oz.galaxy.training",
            "records": [
              "115.146.84.134"
            ],
            "set_identifier": null,
            "ttl": 7200,
            "type": "A",
            "weighted_routing_policy": [],
            "zone_id": "Z06074271TNBSU75H5S3Y"
          },
          "sensitive_attributes": [],
          "private": "eyJzY2hlbWFfdmVyc2lvbiI6IjIifQ=="
        }
      ]
    },
    {
      "mode": "managed",
      "type": "aws_route53_record",
      "name": "training-vm-oz-3-wildcard",
      "provider": "provider[\"registry.terraform.io/hashicorp/aws\"]",
      "instances": [
        {
          "schema_version": 2,
          "attributes": {
            "alias": [],
            "allow_overwrite": null,
            "failover_routing_policy": [],
            "fqdn": "*.interactivetoolentrypoint.interactivetool.gat-3.oz.galaxy.training",
            "geolocation_routing_policy": [],
            "health_check_id": null,
            "id": "Z06074271TNBSU75H5S3Y_*.interactivetoolentrypoint.interactivetool.gat-3.oz.galaxy.training_CNAME",
            "latency_routing_policy": [],
            "multivalue_answer_routing_policy": null,
            "name": "*.interactivetoolentrypoint.interactivetool.gat-3.oz.galaxy.training",
            "records": [
              "gat-3.oz.galaxy.training"
            ],
            "set_identifier": null,
            "ttl": 7200,
            "type": "CNAME",
            "weighted_routing_policy": [],
            "zone_id": "Z06074271TNBSU75H5S3Y"
          },
          "sensitive_attributes": [],
          "private": "eyJzY2hlbWFfdmVyc2lvbiI6IjIifQ=="
        }
      ]
    },
    {
      "mode": "managed",
      "type": "aws_route53_record",
      "name": "training-vm-oz-30",
      "provider": "provider[\"registry.terraform.io/hashicorp/aws\"]",
      "instances": [
        {
          "schema_version": 2,
          "attributes": {
            "alias": [],
            "allow_overwrite": null,
            "failover_routing_policy": [],
            "fqdn": "gat-30.oz.galaxy.training",
            "geolocation_routing_policy": [],
            "health_check_id": null,
            "id": "Z06074271TNBSU75H5S3Y_gat-30.oz.galaxy.training_A",
            "latency_routing_policy": [],
            "multivalue_answer_routing_policy": null,
            "name": "gat-30.oz.galaxy.training",
            "records": [
              "115.146.84.234"
            ],
            "set_identifier": null,
            "ttl": 7200,
            "type": "A",
            "weighted_routing_policy": [],
            "zone_id": "Z06074271TNBSU75H5S3Y"
          },
          "sensitive_attributes": [],
          "private": "eyJzY2hlbWFfdmVyc2lvbiI6IjIifQ=="
        }
      ]
    },
    {
      "mode": "managed",
      "type": "aws_route53_record",
      "name": "training-vm-oz-30-wildcard",
      "provider": "provider[\"registry.terraform.io/hashicorp/aws\"]",
      "instances": [
        {
          "schema_version": 2,
          "attributes": {
            "alias": [],
            "allow_overwrite": null,
            "failover_routing_policy": [],
            "fqdn": "*.interactivetoolentrypoint.interactivetool.gat-30.oz.galaxy.training",
            "geolocation_routing_policy": [],
            "health_check_id": null,
            "id": "Z06074271TNBSU75H5S3Y_*.interactivetoolentrypoint.interactivetool.gat-30.oz.galaxy.training_CNAME",
            "latency_routing_policy": [],
            "multivalue_answer_routing_policy": null,
            "name": "*.interactivetoolentrypoint.interactivetool.gat-30.oz.galaxy.training",
            "records": [
              "gat-30.oz.galaxy.training"
            ],
            "set_identifier": null,
            "ttl": 7200,
            "type": "CNAME",
            "weighted_routing_policy": [],
            "zone_id": "Z06074271TNBSU75H5S3Y"
          },
          "sensitive_attributes": [],
          "private": "eyJzY2hlbWFfdmVyc2lvbiI6IjIifQ=="
        }
      ]
    },
    {
      "mode": "managed",
      "type": "aws_route53_record",
      "name": "training-vm-oz-31",
      "provider": "provider[\"registry.terraform.io/hashicorp/aws\"]",
      "instances": [
        {
          "schema_version": 2,
          "attributes": {
            "alias": [],
            "allow_overwrite": null,
            "failover_routing_policy": [],
            "fqdn": "gat-31.oz.galaxy.training",
            "geolocation_routing_policy": [],
            "health_check_id": null,
            "id": "Z06074271TNBSU75H5S3Y_gat-31.oz.galaxy.training_A",
            "latency_routing_policy": [],
            "multivalue_answer_routing_policy": null,
            "name": "gat-31.oz.galaxy.training",
            "records": [
              "115.146.85.138"
            ],
            "set_identifier": null,
            "ttl": 7200,
            "type": "A",
            "weighted_routing_policy": [],
            "zone_id": "Z06074271TNBSU75H5S3Y"
          },
          "sensitive_attributes": [],
          "private": "eyJzY2hlbWFfdmVyc2lvbiI6IjIifQ=="
        }
      ]
    },
    {
      "mode": "managed",
      "type": "aws_route53_record",
      "name": "training-vm-oz-31-wildcard",
      "provider": "provider[\"registry.terraform.io/hashicorp/aws\"]",
      "instances": [
        {
          "schema_version": 2,
          "attributes": {
            "alias": [],
            "allow_overwrite": null,
            "failover_routing_policy": [],
            "fqdn": "*.interactivetoolentrypoint.interactivetool.gat-31.oz.galaxy.training",
            "geolocation_routing_policy": [],
            "health_check_id": null,
            "id": "Z06074271TNBSU75H5S3Y_*.interactivetoolentrypoint.interactivetool.gat-31.oz.galaxy.training_CNAME",
            "latency_routing_policy": [],
            "multivalue_answer_routing_policy": null,
            "name": "*.interactivetoolentrypoint.interactivetool.gat-31.oz.galaxy.training",
            "records": [
              "gat-31.oz.galaxy.training"
            ],
            "set_identifier": null,
            "ttl": 7200,
            "type": "CNAME",
            "weighted_routing_policy": [],
            "zone_id": "Z06074271TNBSU75H5S3Y"
          },
          "sensitive_attributes": [],
          "private": "eyJzY2hlbWFfdmVyc2lvbiI6IjIifQ=="
        }
      ]
    },
    {
      "mode": "managed",
      "type": "aws_route53_record",
      "name": "training-vm-oz-32",
      "provider": "provider[\"registry.terraform.io/hashicorp/aws\"]",
      "instances": [
        {
          "schema_version": 2,
          "attributes": {
            "alias": [],
            "allow_overwrite": null,
            "failover_routing_policy": [],
            "fqdn": "gat-32.oz.galaxy.training",
            "geolocation_routing_policy": [],
            "health_check_id": null,
            "id": "Z06074271TNBSU75H5S3Y_gat-32.oz.galaxy.training_A",
            "latency_routing_policy": [],
            "multivalue_answer_routing_policy": null,
            "name": "gat-32.oz.galaxy.training",
            "records": [
              "115.146.85.46"
            ],
            "set_identifier": null,
            "ttl": 7200,
            "type": "A",
            "weighted_routing_policy": [],
            "zone_id": "Z06074271TNBSU75H5S3Y"
          },
          "sensitive_attributes": [],
          "private": "eyJzY2hlbWFfdmVyc2lvbiI6IjIifQ=="
        }
      ]
    },
    {
      "mode": "managed",
      "type": "aws_route53_record",
      "name": "training-vm-oz-32-wildcard",
      "provider": "provider[\"registry.terraform.io/hashicorp/aws\"]",
      "instances": [
        {
          "schema_version": 2,
          "attributes": {
            "alias": [],
            "allow_overwrite": null,
            "failover_routing_policy": [],
            "fqdn": "*.interactivetoolentrypoint.interactivetool.gat-32.oz.galaxy.training",
            "geolocation_routing_policy": [],
            "health_check_id": null,
            "id": "Z06074271TNBSU75H5S3Y_*.interactivetoolentrypoint.interactivetool.gat-32.oz.galaxy.training_CNAME",
            "latency_routing_policy": [],
            "multivalue_answer_routing_policy": null,
            "name": "*.interactivetoolentrypoint.interactivetool.gat-32.oz.galaxy.training",
            "records": [
              "gat-32.oz.galaxy.training"
            ],
            "set_identifier": null,
            "ttl": 7200,
            "type": "CNAME",
            "weighted_routing_policy": [],
            "zone_id": "Z06074271TNBSU75H5S3Y"
          },
          "sensitive_attributes": [],
          "private": "eyJzY2hlbWFfdmVyc2lvbiI6IjIifQ=="
        }
      ]
    },
    {
      "mode": "managed",
      "type": "aws_route53_record",
      "name": "training-vm-oz-33",
      "provider": "provider[\"registry.terraform.io/hashicorp/aws\"]",
      "instances": [
        {
          "schema_version": 2,
          "attributes": {
            "alias": [],
            "allow_overwrite": null,
            "failover_routing_policy": [],
            "fqdn": "gat-33.oz.galaxy.training",
            "geolocation_routing_policy": [],
            "health_check_id": null,
            "id": "Z06074271TNBSU75H5S3Y_gat-33.oz.galaxy.training_A",
            "latency_routing_policy": [],
            "multivalue_answer_routing_policy": null,
            "name": "gat-33.oz.galaxy.training",
            "records": [
              "115.146.84.201"
            ],
            "set_identifier": null,
            "ttl": 7200,
            "type": "A",
            "weighted_routing_policy": [],
            "zone_id": "Z06074271TNBSU75H5S3Y"
          },
          "sensitive_attributes": [],
          "private": "eyJzY2hlbWFfdmVyc2lvbiI6IjIifQ=="
        }
      ]
    },
    {
      "mode": "managed",
      "type": "aws_route53_record",
      "name": "training-vm-oz-33-wildcard",
      "provider": "provider[\"registry.terraform.io/hashicorp/aws\"]",
      "instances": [
        {
          "schema_version": 2,
          "attributes": {
            "alias": [],
            "allow_overwrite": null,
            "failover_routing_policy": [],
            "fqdn": "*.interactivetoolentrypoint.interactivetool.gat-33.oz.galaxy.training",
            "geolocation_routing_policy": [],
            "health_check_id": null,
            "id": "Z06074271TNBSU75H5S3Y_*.interactivetoolentrypoint.interactivetool.gat-33.oz.galaxy.training_CNAME",
            "latency_routing_policy": [],
            "multivalue_answer_routing_policy": null,
            "name": "*.interactivetoolentrypoint.interactivetool.gat-33.oz.galaxy.training",
            "records": [
              "gat-33.oz.galaxy.training"
            ],
            "set_identifier": null,
            "ttl": 7200,
            "type": "CNAME",
            "weighted_routing_policy": [],
            "zone_id": "Z06074271TNBSU75H5S3Y"
          },
          "sensitive_attributes": [],
          "private": "eyJzY2hlbWFfdmVyc2lvbiI6IjIifQ=="
        }
      ]
    },
    {
      "mode": "managed",
      "type": "aws_route53_record",
      "name": "training-vm-oz-34",
      "provider": "provider[\"registry.terraform.io/hashicorp/aws\"]",
      "instances": [
        {
          "schema_version": 2,
          "attributes": {
            "alias": [],
            "allow_overwrite": null,
            "failover_routing_policy": [],
            "fqdn": "gat-34.oz.galaxy.training",
            "geolocation_routing_policy": [],
            "health_check_id": null,
            "id": "Z06074271TNBSU75H5S3Y_gat-34.oz.galaxy.training_A",
            "latency_routing_policy": [],
            "multivalue_answer_routing_policy": null,
            "name": "gat-34.oz.galaxy.training",
            "records": [
              "115.146.84.36"
            ],
            "set_identifier": null,
            "ttl": 7200,
            "type": "A",
            "weighted_routing_policy": [],
            "zone_id": "Z06074271TNBSU75H5S3Y"
          },
          "sensitive_attributes": [],
          "private": "eyJzY2hlbWFfdmVyc2lvbiI6IjIifQ=="
        }
      ]
    },
    {
      "mode": "managed",
      "type": "aws_route53_record",
      "name": "training-vm-oz-34-wildcard",
      "provider": "provider[\"registry.terraform.io/hashicorp/aws\"]",
      "instances": [
        {
          "schema_version": 2,
          "attributes": {
            "alias": [],
            "allow_overwrite": null,
            "failover_routing_policy": [],
            "fqdn": "*.interactivetoolentrypoint.interactivetool.gat-34.oz.galaxy.training",
            "geolocation_routing_policy": [],
            "health_check_id": null,
            "id": "Z06074271TNBSU75H5S3Y_*.interactivetoolentrypoint.interactivetool.gat-34.oz.galaxy.training_CNAME",
            "latency_routing_policy": [],
            "multivalue_answer_routing_policy": null,
            "name": "*.interactivetoolentrypoint.interactivetool.gat-34.oz.galaxy.training",
            "records": [
              "gat-34.oz.galaxy.training"
            ],
            "set_identifier": null,
            "ttl": 7200,
            "type": "CNAME",
            "weighted_routing_policy": [],
            "zone_id": "Z06074271TNBSU75H5S3Y"
          },
          "sensitive_attributes": [],
          "private": "eyJzY2hlbWFfdmVyc2lvbiI6IjIifQ=="
        }
      ]
    },
    {
      "mode": "managed",
      "type": "aws_route53_record",
      "name": "training-vm-oz-4",
      "provider": "provider[\"registry.terraform.io/hashicorp/aws\"]",
      "instances": [
        {
          "schema_version": 2,
          "attributes": {
            "alias": [],
            "allow_overwrite": null,
            "failover_routing_policy": [],
            "fqdn": "gat-4.oz.galaxy.training",
            "geolocation_routing_policy": [],
            "health_check_id": null,
            "id": "Z06074271TNBSU75H5S3Y_gat-4.oz.galaxy.training_A",
            "latency_routing_policy": [],
            "multivalue_answer_routing_policy": null,
            "name": "gat-4.oz.galaxy.training",
            "records": [
              "115.146.84.86"
            ],
            "set_identifier": null,
            "ttl": 7200,
            "type": "A",
            "weighted_routing_policy": [],
            "zone_id": "Z06074271TNBSU75H5S3Y"
          },
          "sensitive_attributes": [],
          "private": "eyJzY2hlbWFfdmVyc2lvbiI6IjIifQ=="
        }
      ]
    },
    {
      "mode": "managed",
      "type": "aws_route53_record",
      "name": "training-vm-oz-4-wildcard",
      "provider": "provider[\"registry.terraform.io/hashicorp/aws\"]",
      "instances": [
        {
          "schema_version": 2,
          "attributes": {
            "alias": [],
            "allow_overwrite": null,
            "failover_routing_policy": [],
            "fqdn": "*.interactivetoolentrypoint.interactivetool.gat-4.oz.galaxy.training",
            "geolocation_routing_policy": [],
            "health_check_id": null,
            "id": "Z06074271TNBSU75H5S3Y_*.interactivetoolentrypoint.interactivetool.gat-4.oz.galaxy.training_CNAME",
            "latency_routing_policy": [],
            "multivalue_answer_routing_policy": null,
            "name": "*.interactivetoolentrypoint.interactivetool.gat-4.oz.galaxy.training",
            "records": [
              "gat-4.oz.galaxy.training"
            ],
            "set_identifier": null,
            "ttl": 7200,
            "type": "CNAME",
            "weighted_routing_policy": [],
            "zone_id": "Z06074271TNBSU75H5S3Y"
          },
          "sensitive_attributes": [],
          "private": "eyJzY2hlbWFfdmVyc2lvbiI6IjIifQ=="
        }
      ]
    },
    {
      "mode": "managed",
      "type": "aws_route53_record",
      "name": "training-vm-oz-5",
      "provider": "provider[\"registry.terraform.io/hashicorp/aws\"]",
      "instances": [
        {
          "schema_version": 2,
          "attributes": {
            "alias": [],
            "allow_overwrite": null,
            "failover_routing_policy": [],
            "fqdn": "gat-5.oz.galaxy.training",
            "geolocation_routing_policy": [],
            "health_check_id": null,
            "id": "Z06074271TNBSU75H5S3Y_gat-5.oz.galaxy.training_A",
            "latency_routing_policy": [],
            "multivalue_answer_routing_policy": null,
            "name": "gat-5.oz.galaxy.training",
            "records": [
              "115.146.85.111"
            ],
            "set_identifier": null,
            "ttl": 7200,
            "type": "A",
            "weighted_routing_policy": [],
            "zone_id": "Z06074271TNBSU75H5S3Y"
          },
          "sensitive_attributes": [],
          "private": "eyJzY2hlbWFfdmVyc2lvbiI6IjIifQ=="
        }
      ]
    },
    {
      "mode": "managed",
      "type": "aws_route53_record",
      "name": "training-vm-oz-5-wildcard",
      "provider": "provider[\"registry.terraform.io/hashicorp/aws\"]",
      "instances": [
        {
          "schema_version": 2,
          "attributes": {
            "alias": [],
            "allow_overwrite": null,
            "failover_routing_policy": [],
            "fqdn": "*.interactivetoolentrypoint.interactivetool.gat-5.oz.galaxy.training",
            "geolocation_routing_policy": [],
            "health_check_id": null,
            "id": "Z06074271TNBSU75H5S3Y_*.interactivetoolentrypoint.interactivetool.gat-5.oz.galaxy.training_CNAME",
            "latency_routing_policy": [],
            "multivalue_answer_routing_policy": null,
            "name": "*.interactivetoolentrypoint.interactivetool.gat-5.oz.galaxy.training",
            "records": [
              "gat-5.oz.galaxy.training"
            ],
            "set_identifier": null,
            "ttl": 7200,
            "type": "CNAME",
            "weighted_routing_policy": [],
            "zone_id": "Z06074271TNBSU75H5S3Y"
          },
          "sensitive_attributes": [],
          "private": "eyJzY2hlbWFfdmVyc2lvbiI6IjIifQ=="
        }
      ]
    },
    {
      "mode": "managed",
      "type": "aws_route53_record",
      "name": "training-vm-oz-6",
      "provider": "provider[\"registry.terraform.io/hashicorp/aws\"]",
      "instances": [
        {
          "schema_version": 2,
          "attributes": {
            "alias": [],
            "allow_overwrite": null,
            "failover_routing_policy": [],
            "fqdn": "gat-6.oz.galaxy.training",
            "geolocation_routing_policy": [],
            "health_check_id": null,
            "id": "Z06074271TNBSU75H5S3Y_gat-6.oz.galaxy.training_A",
            "latency_routing_policy": [],
            "multivalue_answer_routing_policy": null,
            "name": "gat-6.oz.galaxy.training",
            "records": [
              "115.146.85.226"
            ],
            "set_identifier": null,
            "ttl": 7200,
            "type": "A",
            "weighted_routing_policy": [],
            "zone_id": "Z06074271TNBSU75H5S3Y"
          },
          "sensitive_attributes": [],
          "private": "eyJzY2hlbWFfdmVyc2lvbiI6IjIifQ=="
        }
      ]
    },
    {
      "mode": "managed",
      "type": "aws_route53_record",
      "name": "training-vm-oz-6-wildcard",
      "provider": "provider[\"registry.terraform.io/hashicorp/aws\"]",
      "instances": [
        {
          "schema_version": 2,
          "attributes": {
            "alias": [],
            "allow_overwrite": null,
            "failover_routing_policy": [],
            "fqdn": "*.interactivetoolentrypoint.interactivetool.gat-6.oz.galaxy.training",
            "geolocation_routing_policy": [],
            "health_check_id": null,
            "id": "Z06074271TNBSU75H5S3Y_*.interactivetoolentrypoint.interactivetool.gat-6.oz.galaxy.training_CNAME",
            "latency_routing_policy": [],
            "multivalue_answer_routing_policy": null,
            "name": "*.interactivetoolentrypoint.interactivetool.gat-6.oz.galaxy.training",
            "records": [
              "gat-6.oz.galaxy.training"
            ],
            "set_identifier": null,
            "ttl": 7200,
            "type": "CNAME",
            "weighted_routing_policy": [],
            "zone_id": "Z06074271TNBSU75H5S3Y"
          },
          "sensitive_attributes": [],
          "private": "eyJzY2hlbWFfdmVyc2lvbiI6IjIifQ=="
        }
      ]
    },
    {
      "mode": "managed",
      "type": "aws_route53_record",
      "name": "training-vm-oz-7",
      "provider": "provider[\"registry.terraform.io/hashicorp/aws\"]",
      "instances": [
        {
          "schema_version": 2,
          "attributes": {
            "alias": [],
            "allow_overwrite": null,
            "failover_routing_policy": [],
            "fqdn": "gat-7.oz.galaxy.training",
            "geolocation_routing_policy": [],
            "health_check_id": null,
            "id": "Z06074271TNBSU75H5S3Y_gat-7.oz.galaxy.training_A",
            "latency_routing_policy": [],
            "multivalue_answer_routing_policy": null,
            "name": "gat-7.oz.galaxy.training",
            "records": [
              "115.146.85.61"
            ],
            "set_identifier": null,
            "ttl": 7200,
            "type": "A",
            "weighted_routing_policy": [],
            "zone_id": "Z06074271TNBSU75H5S3Y"
          },
          "sensitive_attributes": [],
          "private": "eyJzY2hlbWFfdmVyc2lvbiI6IjIifQ=="
        }
      ]
    },
    {
      "mode": "managed",
      "type": "aws_route53_record",
      "name": "training-vm-oz-7-wildcard",
      "provider": "provider[\"registry.terraform.io/hashicorp/aws\"]",
      "instances": [
        {
          "schema_version": 2,
          "attributes": {
            "alias": [],
            "allow_overwrite": null,
            "failover_routing_policy": [],
            "fqdn": "*.interactivetoolentrypoint.interactivetool.gat-7.oz.galaxy.training",
            "geolocation_routing_policy": [],
            "health_check_id": null,
            "id": "Z06074271TNBSU75H5S3Y_*.interactivetoolentrypoint.interactivetool.gat-7.oz.galaxy.training_CNAME",
            "latency_routing_policy": [],
            "multivalue_answer_routing_policy": null,
            "name": "*.interactivetoolentrypoint.interactivetool.gat-7.oz.galaxy.training",
            "records": [
              "gat-7.oz.galaxy.training"
            ],
            "set_identifier": null,
            "ttl": 7200,
            "type": "CNAME",
            "weighted_routing_policy": [],
            "zone_id": "Z06074271TNBSU75H5S3Y"
          },
          "sensitive_attributes": [],
          "private": "eyJzY2hlbWFfdmVyc2lvbiI6IjIifQ=="
        }
      ]
    },
    {
      "mode": "managed",
      "type": "aws_route53_record",
      "name": "training-vm-oz-8",
      "provider": "provider[\"registry.terraform.io/hashicorp/aws\"]",
      "instances": [
        {
          "schema_version": 2,
          "attributes": {
            "alias": [],
            "allow_overwrite": null,
            "failover_routing_policy": [],
            "fqdn": "gat-8.oz.galaxy.training",
            "geolocation_routing_policy": [],
            "health_check_id": null,
            "id": "Z06074271TNBSU75H5S3Y_gat-8.oz.galaxy.training_A",
            "latency_routing_policy": [],
            "multivalue_answer_routing_policy": null,
            "name": "gat-8.oz.galaxy.training",
            "records": [
              "115.146.85.242"
            ],
            "set_identifier": null,
            "ttl": 7200,
            "type": "A",
            "weighted_routing_policy": [],
            "zone_id": "Z06074271TNBSU75H5S3Y"
          },
          "sensitive_attributes": [],
          "private": "eyJzY2hlbWFfdmVyc2lvbiI6IjIifQ=="
        }
      ]
    },
    {
      "mode": "managed",
      "type": "aws_route53_record",
      "name": "training-vm-oz-8-wildcard",
      "provider": "provider[\"registry.terraform.io/hashicorp/aws\"]",
      "instances": [
        {
          "schema_version": 2,
          "attributes": {
            "alias": [],
            "allow_overwrite": null,
            "failover_routing_policy": [],
            "fqdn": "*.interactivetoolentrypoint.interactivetool.gat-8.oz.galaxy.training",
            "geolocation_routing_policy": [],
            "health_check_id": null,
            "id": "Z06074271TNBSU75H5S3Y_*.interactivetoolentrypoint.interactivetool.gat-8.oz.galaxy.training_CNAME",
            "latency_routing_policy": [],
            "multivalue_answer_routing_policy": null,
            "name": "*.interactivetoolentrypoint.interactivetool.gat-8.oz.galaxy.training",
            "records": [
              "gat-8.oz.galaxy.training"
            ],
            "set_identifier": null,
            "ttl": 7200,
            "type": "CNAME",
            "weighted_routing_policy": [],
            "zone_id": "Z06074271TNBSU75H5S3Y"
          },
          "sensitive_attributes": [],
          "private": "eyJzY2hlbWFfdmVyc2lvbiI6IjIifQ=="
        }
      ]
    },
    {
      "mode": "managed",
      "type": "aws_route53_record",
      "name": "training-vm-oz-9",
      "provider": "provider[\"registry.terraform.io/hashicorp/aws\"]",
      "instances": [
        {
          "schema_version": 2,
          "attributes": {
            "alias": [],
            "allow_overwrite": null,
            "failover_routing_policy": [],
            "fqdn": "gat-9.oz.galaxy.training",
            "geolocation_routing_policy": [],
            "health_check_id": null,
            "id": "Z06074271TNBSU75H5S3Y_gat-9.oz.galaxy.training_A",
            "latency_routing_policy": [],
            "multivalue_answer_routing_policy": null,
            "name": "gat-9.oz.galaxy.training",
            "records": [
              "115.146.84.119"
            ],
            "set_identifier": null,
            "ttl": 7200,
            "type": "A",
            "weighted_routing_policy": [],
            "zone_id": "Z06074271TNBSU75H5S3Y"
          },
          "sensitive_attributes": [],
          "private": "eyJzY2hlbWFfdmVyc2lvbiI6IjIifQ=="
        }
      ]
    },
    {
      "mode": "managed",
      "type": "aws_route53_record",
      "name": "training-vm-oz-9-wildcard",
      "provider": "provider[\"registry.terraform.io/hashicorp/aws\"]",
      "instances": [
        {
          "schema_version": 2,
          "attributes": {
            "alias": [],
            "allow_overwrite": null,
            "failover_routing_policy": [],
            "fqdn": "*.interactivetoolentrypoint.interactivetool.gat-9.oz.galaxy.training",
            "geolocation_routing_policy": [],
            "health_check_id": null,
            "id": "Z06074271TNBSU75H5S3Y_*.interactivetoolentrypoint.interactivetool.gat-9.oz.galaxy.training_CNAME",
            "latency_routing_policy": [],
            "multivalue_answer_routing_policy": null,
            "name": "*.interactivetoolentrypoint.interactivetool.gat-9.oz.galaxy.training",
            "records": [
              "gat-9.oz.galaxy.training"
            ],
            "set_identifier": null,
            "ttl": 7200,
            "type": "CNAME",
            "weighted_routing_policy": [],
            "zone_id": "Z06074271TNBSU75H5S3Y"
          },
          "sensitive_attributes": [],
          "private": "eyJzY2hlbWFfdmVyc2lvbiI6IjIifQ=="
        }
      ]
    },
    {
      "mode": "managed",
      "type": "aws_route53_record",
      "name": "training-vm-us-0",
      "provider": "provider[\"registry.terraform.io/hashicorp/aws\"]",
      "instances": [
        {
          "schema_version": 2,
          "attributes": {
            "alias": [],
            "allow_overwrite": null,
            "failover_routing_policy": [],
            "fqdn": "gat-0.us.galaxy.training",
            "geolocation_routing_policy": [],
            "health_check_id": "",
            "id": "Z022528316NCQCRTGOOLK_gat-0.us.galaxy.training_A",
            "latency_routing_policy": [],
            "multivalue_answer_routing_policy": null,
            "name": "gat-0.us.galaxy.training",
            "records": [
              "149.165.159.119"
            ],
            "set_identifier": "",
            "ttl": 7200,
            "type": "A",
            "weighted_routing_policy": [],
            "zone_id": "Z022528316NCQCRTGOOLK"
          },
          "sensitive_attributes": [],
          "private": "eyJzY2hlbWFfdmVyc2lvbiI6IjIifQ=="
        }
      ]
    },
    {
      "mode": "managed",
      "type": "aws_route53_record",
      "name": "training-vm-us-0-wildcard",
      "provider": "provider[\"registry.terraform.io/hashicorp/aws\"]",
      "instances": [
        {
          "schema_version": 2,
          "attributes": {
            "alias": [],
            "allow_overwrite": null,
            "failover_routing_policy": [],
            "fqdn": "*.interactivetoolentrypoint.interactivetool.gat-0.us.galaxy.training",
            "geolocation_routing_policy": [],
            "health_check_id": null,
            "id": "Z022528316NCQCRTGOOLK_*.interactivetoolentrypoint.interactivetool.gat-0.us.galaxy.training_CNAME",
            "latency_routing_policy": [],
            "multivalue_answer_routing_policy": null,
            "name": "*.interactivetoolentrypoint.interactivetool.gat-0.us.galaxy.training",
            "records": [
              "gat-0.us.galaxy.training"
            ],
            "set_identifier": null,
            "ttl": 7200,
            "type": "CNAME",
            "weighted_routing_policy": [],
            "zone_id": "Z022528316NCQCRTGOOLK"
          },
          "sensitive_attributes": [],
          "private": "eyJzY2hlbWFfdmVyc2lvbiI6IjIifQ=="
        }
      ]
    },
    {
      "mode": "managed",
      "type": "aws_route53_record",
      "name": "training-vm-us-1",
      "provider": "provider[\"registry.terraform.io/hashicorp/aws\"]",
      "instances": [
        {
          "schema_version": 2,
          "attributes": {
            "alias": [],
            "allow_overwrite": null,
            "failover_routing_policy": [],
            "fqdn": "gat-1.us.galaxy.training",
            "geolocation_routing_policy": [],
            "health_check_id": "",
            "id": "Z022528316NCQCRTGOOLK_gat-1.us.galaxy.training_A",
            "latency_routing_policy": [],
            "multivalue_answer_routing_policy": null,
            "name": "gat-1.us.galaxy.training",
            "records": [
              "149.165.159.102"
            ],
            "set_identifier": "",
            "ttl": 7200,
            "type": "A",
            "weighted_routing_policy": [],
            "zone_id": "Z022528316NCQCRTGOOLK"
          },
          "sensitive_attributes": [],
          "private": "eyJzY2hlbWFfdmVyc2lvbiI6IjIifQ=="
        }
      ]
    },
    {
      "mode": "managed",
      "type": "aws_route53_record",
      "name": "training-vm-us-1-wildcard",
      "provider": "provider[\"registry.terraform.io/hashicorp/aws\"]",
      "instances": [
        {
          "schema_version": 2,
          "attributes": {
            "alias": [],
            "allow_overwrite": null,
            "failover_routing_policy": [],
            "fqdn": "*.interactivetoolentrypoint.interactivetool.gat-1.us.galaxy.training",
            "geolocation_routing_policy": [],
            "health_check_id": null,
            "id": "Z022528316NCQCRTGOOLK_*.interactivetoolentrypoint.interactivetool.gat-1.us.galaxy.training_CNAME",
            "latency_routing_policy": [],
            "multivalue_answer_routing_policy": null,
            "name": "*.interactivetoolentrypoint.interactivetool.gat-1.us.galaxy.training",
            "records": [
              "gat-1.us.galaxy.training"
            ],
            "set_identifier": null,
            "ttl": 7200,
            "type": "CNAME",
            "weighted_routing_policy": [],
            "zone_id": "Z022528316NCQCRTGOOLK"
          },
          "sensitive_attributes": [],
          "private": "eyJzY2hlbWFfdmVyc2lvbiI6IjIifQ=="
        }
      ]
    },
    {
      "mode": "managed",
      "type": "aws_route53_record",
      "name": "training-vm-us-10",
      "provider": "provider[\"registry.terraform.io/hashicorp/aws\"]",
      "instances": [
        {
          "schema_version": 2,
          "attributes": {
            "alias": [],
            "allow_overwrite": null,
            "failover_routing_policy": [],
            "fqdn": "gat-10.us.galaxy.training",
            "geolocation_routing_policy": [],
            "health_check_id": "",
            "id": "Z022528316NCQCRTGOOLK_gat-10.us.galaxy.training_A",
            "latency_routing_policy": [],
            "multivalue_answer_routing_policy": null,
            "name": "gat-10.us.galaxy.training",
            "records": [
              "149.165.159.229"
            ],
            "set_identifier": "",
            "ttl": 7200,
            "type": "A",
            "weighted_routing_policy": [],
            "zone_id": "Z022528316NCQCRTGOOLK"
          },
          "sensitive_attributes": [],
          "private": "eyJzY2hlbWFfdmVyc2lvbiI6IjIifQ=="
        }
      ]
    },
    {
      "mode": "managed",
      "type": "aws_route53_record",
      "name": "training-vm-us-10-wildcard",
      "provider": "provider[\"registry.terraform.io/hashicorp/aws\"]",
      "instances": [
        {
          "schema_version": 2,
          "attributes": {
            "alias": [],
            "allow_overwrite": null,
            "failover_routing_policy": [],
            "fqdn": "*.interactivetoolentrypoint.interactivetool.gat-10.us.galaxy.training",
            "geolocation_routing_policy": [],
            "health_check_id": null,
            "id": "Z022528316NCQCRTGOOLK_*.interactivetoolentrypoint.interactivetool.gat-10.us.galaxy.training_CNAME",
            "latency_routing_policy": [],
            "multivalue_answer_routing_policy": null,
            "name": "*.interactivetoolentrypoint.interactivetool.gat-10.us.galaxy.training",
            "records": [
              "gat-10.us.galaxy.training"
            ],
            "set_identifier": null,
            "ttl": 7200,
            "type": "CNAME",
            "weighted_routing_policy": [],
            "zone_id": "Z022528316NCQCRTGOOLK"
          },
          "sensitive_attributes": [],
          "private": "eyJzY2hlbWFfdmVyc2lvbiI6IjIifQ=="
        }
      ]
    },
    {
      "mode": "managed",
      "type": "aws_route53_record",
      "name": "training-vm-us-11",
      "provider": "provider[\"registry.terraform.io/hashicorp/aws\"]",
      "instances": [
        {
          "schema_version": 2,
          "attributes": {
            "alias": [],
            "allow_overwrite": null,
            "failover_routing_policy": [],
            "fqdn": "gat-11.us.galaxy.training",
            "geolocation_routing_policy": [],
            "health_check_id": "",
            "id": "Z022528316NCQCRTGOOLK_gat-11.us.galaxy.training_A",
            "latency_routing_policy": [],
            "multivalue_answer_routing_policy": null,
            "name": "gat-11.us.galaxy.training",
            "records": [
              "149.165.159.213"
            ],
            "set_identifier": "",
            "ttl": 7200,
            "type": "A",
            "weighted_routing_policy": [],
            "zone_id": "Z022528316NCQCRTGOOLK"
          },
          "sensitive_attributes": [],
          "private": "eyJzY2hlbWFfdmVyc2lvbiI6IjIifQ=="
        }
      ]
    },
    {
      "mode": "managed",
      "type": "aws_route53_record",
      "name": "training-vm-us-11-wildcard",
      "provider": "provider[\"registry.terraform.io/hashicorp/aws\"]",
      "instances": [
        {
          "schema_version": 2,
          "attributes": {
            "alias": [],
            "allow_overwrite": null,
            "failover_routing_policy": [],
            "fqdn": "*.interactivetoolentrypoint.interactivetool.gat-11.us.galaxy.training",
            "geolocation_routing_policy": [],
            "health_check_id": null,
            "id": "Z022528316NCQCRTGOOLK_*.interactivetoolentrypoint.interactivetool.gat-11.us.galaxy.training_CNAME",
            "latency_routing_policy": [],
            "multivalue_answer_routing_policy": null,
            "name": "*.interactivetoolentrypoint.interactivetool.gat-11.us.galaxy.training",
            "records": [
              "gat-11.us.galaxy.training"
            ],
            "set_identifier": null,
            "ttl": 7200,
            "type": "CNAME",
            "weighted_routing_policy": [],
            "zone_id": "Z022528316NCQCRTGOOLK"
          },
          "sensitive_attributes": [],
          "private": "eyJzY2hlbWFfdmVyc2lvbiI6IjIifQ=="
        }
      ]
    },
    {
      "mode": "managed",
      "type": "aws_route53_record",
      "name": "training-vm-us-12",
      "provider": "provider[\"registry.terraform.io/hashicorp/aws\"]",
      "instances": [
        {
          "schema_version": 2,
          "attributes": {
            "alias": [],
            "allow_overwrite": null,
            "failover_routing_policy": [],
            "fqdn": "gat-12.us.galaxy.training",
            "geolocation_routing_policy": [],
            "health_check_id": "",
            "id": "Z022528316NCQCRTGOOLK_gat-12.us.galaxy.training_A",
            "latency_routing_policy": [],
            "multivalue_answer_routing_policy": null,
            "name": "gat-12.us.galaxy.training",
            "records": [
              "149.165.159.81"
            ],
            "set_identifier": "",
            "ttl": 7200,
            "type": "A",
            "weighted_routing_policy": [],
            "zone_id": "Z022528316NCQCRTGOOLK"
          },
          "sensitive_attributes": [],
          "private": "eyJzY2hlbWFfdmVyc2lvbiI6IjIifQ=="
        }
      ]
    },
    {
      "mode": "managed",
      "type": "aws_route53_record",
      "name": "training-vm-us-12-wildcard",
      "provider": "provider[\"registry.terraform.io/hashicorp/aws\"]",
      "instances": [
        {
          "schema_version": 2,
          "attributes": {
            "alias": [],
            "allow_overwrite": null,
            "failover_routing_policy": [],
            "fqdn": "*.interactivetoolentrypoint.interactivetool.gat-12.us.galaxy.training",
            "geolocation_routing_policy": [],
            "health_check_id": null,
            "id": "Z022528316NCQCRTGOOLK_*.interactivetoolentrypoint.interactivetool.gat-12.us.galaxy.training_CNAME",
            "latency_routing_policy": [],
            "multivalue_answer_routing_policy": null,
            "name": "*.interactivetoolentrypoint.interactivetool.gat-12.us.galaxy.training",
            "records": [
              "gat-12.us.galaxy.training"
            ],
            "set_identifier": null,
            "ttl": 7200,
            "type": "CNAME",
            "weighted_routing_policy": [],
            "zone_id": "Z022528316NCQCRTGOOLK"
          },
          "sensitive_attributes": [],
          "private": "eyJzY2hlbWFfdmVyc2lvbiI6IjIifQ=="
        }
      ]
    },
    {
      "mode": "managed",
      "type": "aws_route53_record",
      "name": "training-vm-us-13",
      "provider": "provider[\"registry.terraform.io/hashicorp/aws\"]",
      "instances": [
        {
          "schema_version": 2,
          "attributes": {
            "alias": [],
            "allow_overwrite": null,
            "failover_routing_policy": [],
            "fqdn": "gat-13.us.galaxy.training",
            "geolocation_routing_policy": [],
            "health_check_id": "",
            "id": "Z022528316NCQCRTGOOLK_gat-13.us.galaxy.training_A",
            "latency_routing_policy": [],
            "multivalue_answer_routing_policy": null,
            "name": "gat-13.us.galaxy.training",
            "records": [
              "149.165.159.128"
            ],
            "set_identifier": "",
            "ttl": 7200,
            "type": "A",
            "weighted_routing_policy": [],
            "zone_id": "Z022528316NCQCRTGOOLK"
          },
          "sensitive_attributes": [],
          "private": "eyJzY2hlbWFfdmVyc2lvbiI6IjIifQ=="
        }
      ]
    },
    {
      "mode": "managed",
      "type": "aws_route53_record",
      "name": "training-vm-us-13-wildcard",
      "provider": "provider[\"registry.terraform.io/hashicorp/aws\"]",
      "instances": [
        {
          "schema_version": 2,
          "attributes": {
            "alias": [],
            "allow_overwrite": null,
            "failover_routing_policy": [],
            "fqdn": "*.interactivetoolentrypoint.interactivetool.gat-13.us.galaxy.training",
            "geolocation_routing_policy": [],
            "health_check_id": null,
            "id": "Z022528316NCQCRTGOOLK_*.interactivetoolentrypoint.interactivetool.gat-13.us.galaxy.training_CNAME",
            "latency_routing_policy": [],
            "multivalue_answer_routing_policy": null,
            "name": "*.interactivetoolentrypoint.interactivetool.gat-13.us.galaxy.training",
            "records": [
              "gat-13.us.galaxy.training"
            ],
            "set_identifier": null,
            "ttl": 7200,
            "type": "CNAME",
            "weighted_routing_policy": [],
            "zone_id": "Z022528316NCQCRTGOOLK"
          },
          "sensitive_attributes": [],
          "private": "eyJzY2hlbWFfdmVyc2lvbiI6IjIifQ=="
        }
      ]
    },
    {
      "mode": "managed",
      "type": "aws_route53_record",
      "name": "training-vm-us-14",
      "provider": "provider[\"registry.terraform.io/hashicorp/aws\"]",
      "instances": [
        {
          "schema_version": 2,
          "attributes": {
            "alias": [],
            "allow_overwrite": null,
            "failover_routing_policy": [],
            "fqdn": "gat-14.us.galaxy.training",
            "geolocation_routing_policy": [],
            "health_check_id": "",
            "id": "Z022528316NCQCRTGOOLK_gat-14.us.galaxy.training_A",
            "latency_routing_policy": [],
            "multivalue_answer_routing_policy": null,
            "name": "gat-14.us.galaxy.training",
            "records": [
              "149.165.159.90"
            ],
            "set_identifier": "",
            "ttl": 7200,
            "type": "A",
            "weighted_routing_policy": [],
            "zone_id": "Z022528316NCQCRTGOOLK"
          },
          "sensitive_attributes": [],
          "private": "eyJzY2hlbWFfdmVyc2lvbiI6IjIifQ=="
        }
      ]
    },
    {
      "mode": "managed",
      "type": "aws_route53_record",
      "name": "training-vm-us-14-wildcard",
      "provider": "provider[\"registry.terraform.io/hashicorp/aws\"]",
      "instances": [
        {
          "schema_version": 2,
          "attributes": {
            "alias": [],
            "allow_overwrite": null,
            "failover_routing_policy": [],
            "fqdn": "*.interactivetoolentrypoint.interactivetool.gat-14.us.galaxy.training",
            "geolocation_routing_policy": [],
            "health_check_id": null,
            "id": "Z022528316NCQCRTGOOLK_*.interactivetoolentrypoint.interactivetool.gat-14.us.galaxy.training_CNAME",
            "latency_routing_policy": [],
            "multivalue_answer_routing_policy": null,
            "name": "*.interactivetoolentrypoint.interactivetool.gat-14.us.galaxy.training",
            "records": [
              "gat-14.us.galaxy.training"
            ],
            "set_identifier": null,
            "ttl": 7200,
            "type": "CNAME",
            "weighted_routing_policy": [],
            "zone_id": "Z022528316NCQCRTGOOLK"
          },
          "sensitive_attributes": [],
          "private": "eyJzY2hlbWFfdmVyc2lvbiI6IjIifQ=="
        }
      ]
    },
    {
      "mode": "managed",
      "type": "aws_route53_record",
      "name": "training-vm-us-15",
      "provider": "provider[\"registry.terraform.io/hashicorp/aws\"]",
      "instances": [
        {
          "schema_version": 2,
          "attributes": {
            "alias": [],
            "allow_overwrite": null,
            "failover_routing_policy": [],
            "fqdn": "gat-15.us.galaxy.training",
            "geolocation_routing_policy": [],
            "health_check_id": "",
            "id": "Z022528316NCQCRTGOOLK_gat-15.us.galaxy.training_A",
            "latency_routing_policy": [],
            "multivalue_answer_routing_policy": null,
            "name": "gat-15.us.galaxy.training",
            "records": [
              "149.165.159.191"
            ],
            "set_identifier": "",
            "ttl": 7200,
            "type": "A",
            "weighted_routing_policy": [],
            "zone_id": "Z022528316NCQCRTGOOLK"
          },
          "sensitive_attributes": [],
          "private": "eyJzY2hlbWFfdmVyc2lvbiI6IjIifQ=="
        }
      ]
    },
    {
      "mode": "managed",
      "type": "aws_route53_record",
      "name": "training-vm-us-15-wildcard",
      "provider": "provider[\"registry.terraform.io/hashicorp/aws\"]",
      "instances": [
        {
          "schema_version": 2,
          "attributes": {
            "alias": [],
            "allow_overwrite": null,
            "failover_routing_policy": [],
            "fqdn": "*.interactivetoolentrypoint.interactivetool.gat-15.us.galaxy.training",
            "geolocation_routing_policy": [],
            "health_check_id": null,
            "id": "Z022528316NCQCRTGOOLK_*.interactivetoolentrypoint.interactivetool.gat-15.us.galaxy.training_CNAME",
            "latency_routing_policy": [],
            "multivalue_answer_routing_policy": null,
            "name": "*.interactivetoolentrypoint.interactivetool.gat-15.us.galaxy.training",
            "records": [
              "gat-15.us.galaxy.training"
            ],
            "set_identifier": null,
            "ttl": 7200,
            "type": "CNAME",
            "weighted_routing_policy": [],
            "zone_id": "Z022528316NCQCRTGOOLK"
          },
          "sensitive_attributes": [],
          "private": "eyJzY2hlbWFfdmVyc2lvbiI6IjIifQ=="
        }
      ]
    },
    {
      "mode": "managed",
      "type": "aws_route53_record",
      "name": "training-vm-us-16",
      "provider": "provider[\"registry.terraform.io/hashicorp/aws\"]",
      "instances": [
        {
          "schema_version": 2,
          "attributes": {
            "alias": [],
            "allow_overwrite": null,
            "failover_routing_policy": [],
            "fqdn": "gat-16.us.galaxy.training",
            "geolocation_routing_policy": [],
            "health_check_id": "",
            "id": "Z022528316NCQCRTGOOLK_gat-16.us.galaxy.training_A",
            "latency_routing_policy": [],
            "multivalue_answer_routing_policy": null,
            "name": "gat-16.us.galaxy.training",
            "records": [
              "149.165.159.66"
            ],
            "set_identifier": "",
            "ttl": 7200,
            "type": "A",
            "weighted_routing_policy": [],
            "zone_id": "Z022528316NCQCRTGOOLK"
          },
          "sensitive_attributes": [],
          "private": "eyJzY2hlbWFfdmVyc2lvbiI6IjIifQ=="
        }
      ]
    },
    {
      "mode": "managed",
      "type": "aws_route53_record",
      "name": "training-vm-us-16-wildcard",
      "provider": "provider[\"registry.terraform.io/hashicorp/aws\"]",
      "instances": [
        {
          "schema_version": 2,
          "attributes": {
            "alias": [],
            "allow_overwrite": null,
            "failover_routing_policy": [],
            "fqdn": "*.interactivetoolentrypoint.interactivetool.gat-16.us.galaxy.training",
            "geolocation_routing_policy": [],
            "health_check_id": null,
            "id": "Z022528316NCQCRTGOOLK_*.interactivetoolentrypoint.interactivetool.gat-16.us.galaxy.training_CNAME",
            "latency_routing_policy": [],
            "multivalue_answer_routing_policy": null,
            "name": "*.interactivetoolentrypoint.interactivetool.gat-16.us.galaxy.training",
            "records": [
              "gat-16.us.galaxy.training"
            ],
            "set_identifier": null,
            "ttl": 7200,
            "type": "CNAME",
            "weighted_routing_policy": [],
            "zone_id": "Z022528316NCQCRTGOOLK"
          },
          "sensitive_attributes": [],
          "private": "eyJzY2hlbWFfdmVyc2lvbiI6IjIifQ=="
        }
      ]
    },
    {
      "mode": "managed",
      "type": "aws_route53_record",
      "name": "training-vm-us-17",
      "provider": "provider[\"registry.terraform.io/hashicorp/aws\"]",
      "instances": [
        {
          "schema_version": 2,
          "attributes": {
            "alias": [],
            "allow_overwrite": null,
            "failover_routing_policy": [],
            "fqdn": "gat-17.us.galaxy.training",
            "geolocation_routing_policy": [],
            "health_check_id": "",
            "id": "Z022528316NCQCRTGOOLK_gat-17.us.galaxy.training_A",
            "latency_routing_policy": [],
            "multivalue_answer_routing_policy": null,
            "name": "gat-17.us.galaxy.training",
            "records": [
              "149.165.159.151"
            ],
            "set_identifier": "",
            "ttl": 7200,
            "type": "A",
            "weighted_routing_policy": [],
            "zone_id": "Z022528316NCQCRTGOOLK"
          },
          "sensitive_attributes": [],
          "private": "eyJzY2hlbWFfdmVyc2lvbiI6IjIifQ=="
        }
      ]
    },
    {
      "mode": "managed",
      "type": "aws_route53_record",
      "name": "training-vm-us-17-wildcard",
      "provider": "provider[\"registry.terraform.io/hashicorp/aws\"]",
      "instances": [
        {
          "schema_version": 2,
          "attributes": {
            "alias": [],
            "allow_overwrite": null,
            "failover_routing_policy": [],
            "fqdn": "*.interactivetoolentrypoint.interactivetool.gat-17.us.galaxy.training",
            "geolocation_routing_policy": [],
            "health_check_id": null,
            "id": "Z022528316NCQCRTGOOLK_*.interactivetoolentrypoint.interactivetool.gat-17.us.galaxy.training_CNAME",
            "latency_routing_policy": [],
            "multivalue_answer_routing_policy": null,
            "name": "*.interactivetoolentrypoint.interactivetool.gat-17.us.galaxy.training",
            "records": [
              "gat-17.us.galaxy.training"
            ],
            "set_identifier": null,
            "ttl": 7200,
            "type": "CNAME",
            "weighted_routing_policy": [],
            "zone_id": "Z022528316NCQCRTGOOLK"
          },
          "sensitive_attributes": [],
          "private": "eyJzY2hlbWFfdmVyc2lvbiI6IjIifQ=="
        }
      ]
    },
    {
      "mode": "managed",
      "type": "aws_route53_record",
      "name": "training-vm-us-18",
      "provider": "provider[\"registry.terraform.io/hashicorp/aws\"]",
      "instances": [
        {
          "schema_version": 2,
          "attributes": {
            "alias": [],
            "allow_overwrite": null,
            "failover_routing_policy": [],
            "fqdn": "gat-18.us.galaxy.training",
            "geolocation_routing_policy": [],
            "health_check_id": "",
            "id": "Z022528316NCQCRTGOOLK_gat-18.us.galaxy.training_A",
            "latency_routing_policy": [],
            "multivalue_answer_routing_policy": null,
            "name": "gat-18.us.galaxy.training",
            "records": [
              "149.165.159.154"
            ],
            "set_identifier": "",
            "ttl": 7200,
            "type": "A",
            "weighted_routing_policy": [],
            "zone_id": "Z022528316NCQCRTGOOLK"
          },
          "sensitive_attributes": [],
          "private": "eyJzY2hlbWFfdmVyc2lvbiI6IjIifQ=="
        }
      ]
    },
    {
      "mode": "managed",
      "type": "aws_route53_record",
      "name": "training-vm-us-18-wildcard",
      "provider": "provider[\"registry.terraform.io/hashicorp/aws\"]",
      "instances": [
        {
          "schema_version": 2,
          "attributes": {
            "alias": [],
            "allow_overwrite": null,
            "failover_routing_policy": [],
            "fqdn": "*.interactivetoolentrypoint.interactivetool.gat-18.us.galaxy.training",
            "geolocation_routing_policy": [],
            "health_check_id": null,
            "id": "Z022528316NCQCRTGOOLK_*.interactivetoolentrypoint.interactivetool.gat-18.us.galaxy.training_CNAME",
            "latency_routing_policy": [],
            "multivalue_answer_routing_policy": null,
            "name": "*.interactivetoolentrypoint.interactivetool.gat-18.us.galaxy.training",
            "records": [
              "gat-18.us.galaxy.training"
            ],
            "set_identifier": null,
            "ttl": 7200,
            "type": "CNAME",
            "weighted_routing_policy": [],
            "zone_id": "Z022528316NCQCRTGOOLK"
          },
          "sensitive_attributes": [],
          "private": "eyJzY2hlbWFfdmVyc2lvbiI6IjIifQ=="
        }
      ]
    },
    {
      "mode": "managed",
      "type": "aws_route53_record",
      "name": "training-vm-us-19",
      "provider": "provider[\"registry.terraform.io/hashicorp/aws\"]",
      "instances": [
        {
          "schema_version": 2,
          "attributes": {
            "alias": [],
            "allow_overwrite": null,
            "failover_routing_policy": [],
            "fqdn": "gat-19.us.galaxy.training",
            "geolocation_routing_policy": [],
            "health_check_id": "",
            "id": "Z022528316NCQCRTGOOLK_gat-19.us.galaxy.training_A",
            "latency_routing_policy": [],
            "multivalue_answer_routing_policy": null,
            "name": "gat-19.us.galaxy.training",
            "records": [
              "149.165.159.175"
            ],
            "set_identifier": "",
            "ttl": 7200,
            "type": "A",
            "weighted_routing_policy": [],
            "zone_id": "Z022528316NCQCRTGOOLK"
          },
          "sensitive_attributes": [],
          "private": "eyJzY2hlbWFfdmVyc2lvbiI6IjIifQ=="
        }
      ]
    },
    {
      "mode": "managed",
      "type": "aws_route53_record",
      "name": "training-vm-us-19-wildcard",
      "provider": "provider[\"registry.terraform.io/hashicorp/aws\"]",
      "instances": [
        {
          "schema_version": 2,
          "attributes": {
            "alias": [],
            "allow_overwrite": null,
            "failover_routing_policy": [],
            "fqdn": "*.interactivetoolentrypoint.interactivetool.gat-19.us.galaxy.training",
            "geolocation_routing_policy": [],
            "health_check_id": null,
            "id": "Z022528316NCQCRTGOOLK_*.interactivetoolentrypoint.interactivetool.gat-19.us.galaxy.training_CNAME",
            "latency_routing_policy": [],
            "multivalue_answer_routing_policy": null,
            "name": "*.interactivetoolentrypoint.interactivetool.gat-19.us.galaxy.training",
            "records": [
              "gat-19.us.galaxy.training"
            ],
            "set_identifier": null,
            "ttl": 7200,
            "type": "CNAME",
            "weighted_routing_policy": [],
            "zone_id": "Z022528316NCQCRTGOOLK"
          },
          "sensitive_attributes": [],
          "private": "eyJzY2hlbWFfdmVyc2lvbiI6IjIifQ=="
        }
      ]
    },
    {
      "mode": "managed",
      "type": "aws_route53_record",
      "name": "training-vm-us-2",
      "provider": "provider[\"registry.terraform.io/hashicorp/aws\"]",
      "instances": [
        {
          "schema_version": 2,
          "attributes": {
            "alias": [],
            "allow_overwrite": null,
            "failover_routing_policy": [],
            "fqdn": "gat-2.us.galaxy.training",
            "geolocation_routing_policy": [],
            "health_check_id": "",
            "id": "Z022528316NCQCRTGOOLK_gat-2.us.galaxy.training_A",
            "latency_routing_policy": [],
            "multivalue_answer_routing_policy": null,
            "name": "gat-2.us.galaxy.training",
            "records": [
              "149.165.159.15"
            ],
            "set_identifier": "",
            "ttl": 7200,
            "type": "A",
            "weighted_routing_policy": [],
            "zone_id": "Z022528316NCQCRTGOOLK"
          },
          "sensitive_attributes": [],
          "private": "eyJzY2hlbWFfdmVyc2lvbiI6IjIifQ=="
        }
      ]
    },
    {
      "mode": "managed",
      "type": "aws_route53_record",
      "name": "training-vm-us-2-wildcard",
      "provider": "provider[\"registry.terraform.io/hashicorp/aws\"]",
      "instances": [
        {
          "schema_version": 2,
          "attributes": {
            "alias": [],
            "allow_overwrite": null,
            "failover_routing_policy": [],
            "fqdn": "*.interactivetoolentrypoint.interactivetool.gat-2.us.galaxy.training",
            "geolocation_routing_policy": [],
            "health_check_id": null,
            "id": "Z022528316NCQCRTGOOLK_*.interactivetoolentrypoint.interactivetool.gat-2.us.galaxy.training_CNAME",
            "latency_routing_policy": [],
            "multivalue_answer_routing_policy": null,
            "name": "*.interactivetoolentrypoint.interactivetool.gat-2.us.galaxy.training",
            "records": [
              "gat-2.us.galaxy.training"
            ],
            "set_identifier": null,
            "ttl": 7200,
            "type": "CNAME",
            "weighted_routing_policy": [],
            "zone_id": "Z022528316NCQCRTGOOLK"
          },
          "sensitive_attributes": [],
          "private": "eyJzY2hlbWFfdmVyc2lvbiI6IjIifQ=="
        }
      ]
    },
    {
      "mode": "managed",
      "type": "aws_route53_record",
      "name": "training-vm-us-20",
      "provider": "provider[\"registry.terraform.io/hashicorp/aws\"]",
      "instances": [
        {
          "schema_version": 2,
          "attributes": {
            "alias": [],
            "allow_overwrite": null,
            "failover_routing_policy": [],
            "fqdn": "gat-20.us.galaxy.training",
            "geolocation_routing_policy": [],
            "health_check_id": "",
            "id": "Z022528316NCQCRTGOOLK_gat-20.us.galaxy.training_A",
            "latency_routing_policy": [],
            "multivalue_answer_routing_policy": null,
            "name": "gat-20.us.galaxy.training",
            "records": [
              "149.165.159.252"
            ],
            "set_identifier": "",
            "ttl": 7200,
            "type": "A",
            "weighted_routing_policy": [],
            "zone_id": "Z022528316NCQCRTGOOLK"
          },
          "sensitive_attributes": [],
          "private": "eyJzY2hlbWFfdmVyc2lvbiI6IjIifQ=="
        }
      ]
    },
    {
      "mode": "managed",
      "type": "aws_route53_record",
      "name": "training-vm-us-20-wildcard",
      "provider": "provider[\"registry.terraform.io/hashicorp/aws\"]",
      "instances": [
        {
          "schema_version": 2,
          "attributes": {
            "alias": [],
            "allow_overwrite": null,
            "failover_routing_policy": [],
            "fqdn": "*.interactivetoolentrypoint.interactivetool.gat-20.us.galaxy.training",
            "geolocation_routing_policy": [],
            "health_check_id": null,
            "id": "Z022528316NCQCRTGOOLK_*.interactivetoolentrypoint.interactivetool.gat-20.us.galaxy.training_CNAME",
            "latency_routing_policy": [],
            "multivalue_answer_routing_policy": null,
            "name": "*.interactivetoolentrypoint.interactivetool.gat-20.us.galaxy.training",
            "records": [
              "gat-20.us.galaxy.training"
            ],
            "set_identifier": null,
            "ttl": 7200,
            "type": "CNAME",
            "weighted_routing_policy": [],
            "zone_id": "Z022528316NCQCRTGOOLK"
          },
          "sensitive_attributes": [],
          "private": "eyJzY2hlbWFfdmVyc2lvbiI6IjIifQ=="
        }
      ]
    },
    {
      "mode": "managed",
      "type": "aws_route53_record",
      "name": "training-vm-us-21",
      "provider": "provider[\"registry.terraform.io/hashicorp/aws\"]",
      "instances": [
        {
          "schema_version": 2,
          "attributes": {
            "alias": [],
            "allow_overwrite": null,
            "failover_routing_policy": [],
            "fqdn": "gat-21.us.galaxy.training",
            "geolocation_routing_policy": [],
            "health_check_id": "",
            "id": "Z022528316NCQCRTGOOLK_gat-21.us.galaxy.training_A",
            "latency_routing_policy": [],
            "multivalue_answer_routing_policy": null,
            "name": "gat-21.us.galaxy.training",
            "records": [
              "149.165.159.179"
            ],
            "set_identifier": "",
            "ttl": 7200,
            "type": "A",
            "weighted_routing_policy": [],
            "zone_id": "Z022528316NCQCRTGOOLK"
          },
          "sensitive_attributes": [],
          "private": "eyJzY2hlbWFfdmVyc2lvbiI6IjIifQ=="
        }
      ]
    },
    {
      "mode": "managed",
      "type": "aws_route53_record",
      "name": "training-vm-us-21-wildcard",
      "provider": "provider[\"registry.terraform.io/hashicorp/aws\"]",
      "instances": [
        {
          "schema_version": 2,
          "attributes": {
            "alias": [],
            "allow_overwrite": null,
            "failover_routing_policy": [],
            "fqdn": "*.interactivetoolentrypoint.interactivetool.gat-21.us.galaxy.training",
            "geolocation_routing_policy": [],
            "health_check_id": null,
            "id": "Z022528316NCQCRTGOOLK_*.interactivetoolentrypoint.interactivetool.gat-21.us.galaxy.training_CNAME",
            "latency_routing_policy": [],
            "multivalue_answer_routing_policy": null,
            "name": "*.interactivetoolentrypoint.interactivetool.gat-21.us.galaxy.training",
            "records": [
              "gat-21.us.galaxy.training"
            ],
            "set_identifier": null,
            "ttl": 7200,
            "type": "CNAME",
            "weighted_routing_policy": [],
            "zone_id": "Z022528316NCQCRTGOOLK"
          },
          "sensitive_attributes": [],
          "private": "eyJzY2hlbWFfdmVyc2lvbiI6IjIifQ=="
        }
      ]
    },
    {
      "mode": "managed",
      "type": "aws_route53_record",
      "name": "training-vm-us-22",
      "provider": "provider[\"registry.terraform.io/hashicorp/aws\"]",
      "instances": [
        {
          "schema_version": 2,
          "attributes": {
            "alias": [],
            "allow_overwrite": null,
            "failover_routing_policy": [],
            "fqdn": "gat-22.us.galaxy.training",
            "geolocation_routing_policy": [],
            "health_check_id": "",
            "id": "Z022528316NCQCRTGOOLK_gat-22.us.galaxy.training_A",
            "latency_routing_policy": [],
            "multivalue_answer_routing_policy": null,
            "name": "gat-22.us.galaxy.training",
            "records": [
              "149.165.159.172"
            ],
            "set_identifier": "",
            "ttl": 7200,
            "type": "A",
            "weighted_routing_policy": [],
            "zone_id": "Z022528316NCQCRTGOOLK"
          },
          "sensitive_attributes": [],
          "private": "eyJzY2hlbWFfdmVyc2lvbiI6IjIifQ=="
        }
      ]
    },
    {
      "mode": "managed",
      "type": "aws_route53_record",
      "name": "training-vm-us-22-wildcard",
      "provider": "provider[\"registry.terraform.io/hashicorp/aws\"]",
      "instances": [
        {
          "schema_version": 2,
          "attributes": {
            "alias": [],
            "allow_overwrite": null,
            "failover_routing_policy": [],
            "fqdn": "*.interactivetoolentrypoint.interactivetool.gat-22.us.galaxy.training",
            "geolocation_routing_policy": [],
            "health_check_id": null,
            "id": "Z022528316NCQCRTGOOLK_*.interactivetoolentrypoint.interactivetool.gat-22.us.galaxy.training_CNAME",
            "latency_routing_policy": [],
            "multivalue_answer_routing_policy": null,
            "name": "*.interactivetoolentrypoint.interactivetool.gat-22.us.galaxy.training",
            "records": [
              "gat-22.us.galaxy.training"
            ],
            "set_identifier": null,
            "ttl": 7200,
            "type": "CNAME",
            "weighted_routing_policy": [],
            "zone_id": "Z022528316NCQCRTGOOLK"
          },
          "sensitive_attributes": [],
          "private": "eyJzY2hlbWFfdmVyc2lvbiI6IjIifQ=="
        }
      ]
    },
    {
      "mode": "managed",
      "type": "aws_route53_record",
      "name": "training-vm-us-23",
      "provider": "provider[\"registry.terraform.io/hashicorp/aws\"]",
      "instances": [
        {
          "schema_version": 2,
          "attributes": {
            "alias": [],
            "allow_overwrite": null,
            "failover_routing_policy": [],
            "fqdn": "gat-23.us.galaxy.training",
            "geolocation_routing_policy": [],
            "health_check_id": "",
            "id": "Z022528316NCQCRTGOOLK_gat-23.us.galaxy.training_A",
            "latency_routing_policy": [],
            "multivalue_answer_routing_policy": null,
            "name": "gat-23.us.galaxy.training",
            "records": [
              "149.165.159.42"
            ],
            "set_identifier": "",
            "ttl": 7200,
            "type": "A",
            "weighted_routing_policy": [],
            "zone_id": "Z022528316NCQCRTGOOLK"
          },
          "sensitive_attributes": [],
          "private": "eyJzY2hlbWFfdmVyc2lvbiI6IjIifQ=="
        }
      ]
    },
    {
      "mode": "managed",
      "type": "aws_route53_record",
      "name": "training-vm-us-23-wildcard",
      "provider": "provider[\"registry.terraform.io/hashicorp/aws\"]",
      "instances": [
        {
          "schema_version": 2,
          "attributes": {
            "alias": [],
            "allow_overwrite": null,
            "failover_routing_policy": [],
            "fqdn": "*.interactivetoolentrypoint.interactivetool.gat-23.us.galaxy.training",
            "geolocation_routing_policy": [],
            "health_check_id": null,
            "id": "Z022528316NCQCRTGOOLK_*.interactivetoolentrypoint.interactivetool.gat-23.us.galaxy.training_CNAME",
            "latency_routing_policy": [],
            "multivalue_answer_routing_policy": null,
            "name": "*.interactivetoolentrypoint.interactivetool.gat-23.us.galaxy.training",
            "records": [
              "gat-23.us.galaxy.training"
            ],
            "set_identifier": null,
            "ttl": 7200,
            "type": "CNAME",
            "weighted_routing_policy": [],
            "zone_id": "Z022528316NCQCRTGOOLK"
          },
          "sensitive_attributes": [],
          "private": "eyJzY2hlbWFfdmVyc2lvbiI6IjIifQ=="
        }
      ]
    },
    {
      "mode": "managed",
      "type": "aws_route53_record",
      "name": "training-vm-us-24",
      "provider": "provider[\"registry.terraform.io/hashicorp/aws\"]",
      "instances": [
        {
          "schema_version": 2,
          "attributes": {
            "alias": [],
            "allow_overwrite": null,
            "failover_routing_policy": [],
            "fqdn": "gat-24.us.galaxy.training",
            "geolocation_routing_policy": [],
            "health_check_id": "",
            "id": "Z022528316NCQCRTGOOLK_gat-24.us.galaxy.training_A",
            "latency_routing_policy": [],
            "multivalue_answer_routing_policy": null,
            "name": "gat-24.us.galaxy.training",
            "records": [
              "149.165.159.146"
            ],
            "set_identifier": "",
            "ttl": 7200,
            "type": "A",
            "weighted_routing_policy": [],
            "zone_id": "Z022528316NCQCRTGOOLK"
          },
          "sensitive_attributes": [],
          "private": "eyJzY2hlbWFfdmVyc2lvbiI6IjIifQ=="
        }
      ]
    },
    {
      "mode": "managed",
      "type": "aws_route53_record",
      "name": "training-vm-us-24-wildcard",
      "provider": "provider[\"registry.terraform.io/hashicorp/aws\"]",
      "instances": [
        {
          "schema_version": 2,
          "attributes": {
            "alias": [],
            "allow_overwrite": null,
            "failover_routing_policy": [],
            "fqdn": "*.interactivetoolentrypoint.interactivetool.gat-24.us.galaxy.training",
            "geolocation_routing_policy": [],
            "health_check_id": null,
            "id": "Z022528316NCQCRTGOOLK_*.interactivetoolentrypoint.interactivetool.gat-24.us.galaxy.training_CNAME",
            "latency_routing_policy": [],
            "multivalue_answer_routing_policy": null,
            "name": "*.interactivetoolentrypoint.interactivetool.gat-24.us.galaxy.training",
            "records": [
              "gat-24.us.galaxy.training"
            ],
            "set_identifier": null,
            "ttl": 7200,
            "type": "CNAME",
            "weighted_routing_policy": [],
            "zone_id": "Z022528316NCQCRTGOOLK"
          },
          "sensitive_attributes": [],
          "private": "eyJzY2hlbWFfdmVyc2lvbiI6IjIifQ=="
        }
      ]
    },
    {
      "mode": "managed",
      "type": "aws_route53_record",
      "name": "training-vm-us-25",
      "provider": "provider[\"registry.terraform.io/hashicorp/aws\"]",
      "instances": [
        {
          "schema_version": 2,
          "attributes": {
            "alias": [],
            "allow_overwrite": null,
            "failover_routing_policy": [],
            "fqdn": "gat-25.us.galaxy.training",
            "geolocation_routing_policy": [],
            "health_check_id": "",
            "id": "Z022528316NCQCRTGOOLK_gat-25.us.galaxy.training_A",
            "latency_routing_policy": [],
            "multivalue_answer_routing_policy": null,
            "name": "gat-25.us.galaxy.training",
            "records": [
              "149.165.159.254"
            ],
            "set_identifier": "",
            "ttl": 7200,
            "type": "A",
            "weighted_routing_policy": [],
            "zone_id": "Z022528316NCQCRTGOOLK"
          },
          "sensitive_attributes": [],
          "private": "eyJzY2hlbWFfdmVyc2lvbiI6IjIifQ=="
        }
      ]
    },
    {
      "mode": "managed",
      "type": "aws_route53_record",
      "name": "training-vm-us-25-wildcard",
      "provider": "provider[\"registry.terraform.io/hashicorp/aws\"]",
      "instances": [
        {
          "schema_version": 2,
          "attributes": {
            "alias": [],
            "allow_overwrite": null,
            "failover_routing_policy": [],
            "fqdn": "*.interactivetoolentrypoint.interactivetool.gat-25.us.galaxy.training",
            "geolocation_routing_policy": [],
            "health_check_id": null,
            "id": "Z022528316NCQCRTGOOLK_*.interactivetoolentrypoint.interactivetool.gat-25.us.galaxy.training_CNAME",
            "latency_routing_policy": [],
            "multivalue_answer_routing_policy": null,
            "name": "*.interactivetoolentrypoint.interactivetool.gat-25.us.galaxy.training",
            "records": [
              "gat-25.us.galaxy.training"
            ],
            "set_identifier": null,
            "ttl": 7200,
            "type": "CNAME",
            "weighted_routing_policy": [],
            "zone_id": "Z022528316NCQCRTGOOLK"
          },
          "sensitive_attributes": [],
          "private": "eyJzY2hlbWFfdmVyc2lvbiI6IjIifQ=="
        }
      ]
    },
    {
      "mode": "managed",
      "type": "aws_route53_record",
      "name": "training-vm-us-26",
      "provider": "provider[\"registry.terraform.io/hashicorp/aws\"]",
      "instances": [
        {
          "schema_version": 2,
          "attributes": {
            "alias": [],
            "allow_overwrite": null,
            "failover_routing_policy": [],
            "fqdn": "gat-26.us.galaxy.training",
            "geolocation_routing_policy": [],
            "health_check_id": "",
            "id": "Z022528316NCQCRTGOOLK_gat-26.us.galaxy.training_A",
            "latency_routing_policy": [],
            "multivalue_answer_routing_policy": null,
            "name": "gat-26.us.galaxy.training",
            "records": [
              "149.165.159.26"
            ],
            "set_identifier": "",
            "ttl": 7200,
            "type": "A",
            "weighted_routing_policy": [],
            "zone_id": "Z022528316NCQCRTGOOLK"
          },
          "sensitive_attributes": [],
          "private": "eyJzY2hlbWFfdmVyc2lvbiI6IjIifQ=="
        }
      ]
    },
    {
      "mode": "managed",
      "type": "aws_route53_record",
      "name": "training-vm-us-26-wildcard",
      "provider": "provider[\"registry.terraform.io/hashicorp/aws\"]",
      "instances": [
        {
          "schema_version": 2,
          "attributes": {
            "alias": [],
            "allow_overwrite": null,
            "failover_routing_policy": [],
            "fqdn": "*.interactivetoolentrypoint.interactivetool.gat-26.us.galaxy.training",
            "geolocation_routing_policy": [],
            "health_check_id": null,
            "id": "Z022528316NCQCRTGOOLK_*.interactivetoolentrypoint.interactivetool.gat-26.us.galaxy.training_CNAME",
            "latency_routing_policy": [],
            "multivalue_answer_routing_policy": null,
            "name": "*.interactivetoolentrypoint.interactivetool.gat-26.us.galaxy.training",
            "records": [
              "gat-26.us.galaxy.training"
            ],
            "set_identifier": null,
            "ttl": 7200,
            "type": "CNAME",
            "weighted_routing_policy": [],
            "zone_id": "Z022528316NCQCRTGOOLK"
          },
          "sensitive_attributes": [],
          "private": "eyJzY2hlbWFfdmVyc2lvbiI6IjIifQ=="
        }
      ]
    },
    {
      "mode": "managed",
      "type": "aws_route53_record",
      "name": "training-vm-us-27",
      "provider": "provider[\"registry.terraform.io/hashicorp/aws\"]",
      "instances": [
        {
          "schema_version": 2,
          "attributes": {
            "alias": [],
            "allow_overwrite": null,
            "failover_routing_policy": [],
            "fqdn": "gat-27.us.galaxy.training",
            "geolocation_routing_policy": [],
            "health_check_id": "",
            "id": "Z022528316NCQCRTGOOLK_gat-27.us.galaxy.training_A",
            "latency_routing_policy": [],
            "multivalue_answer_routing_policy": null,
            "name": "gat-27.us.galaxy.training",
            "records": [
              "149.165.159.188"
            ],
            "set_identifier": "",
            "ttl": 7200,
            "type": "A",
            "weighted_routing_policy": [],
            "zone_id": "Z022528316NCQCRTGOOLK"
          },
          "sensitive_attributes": [],
          "private": "eyJzY2hlbWFfdmVyc2lvbiI6IjIifQ=="
        }
      ]
    },
    {
      "mode": "managed",
      "type": "aws_route53_record",
      "name": "training-vm-us-27-wildcard",
      "provider": "provider[\"registry.terraform.io/hashicorp/aws\"]",
      "instances": [
        {
          "schema_version": 2,
          "attributes": {
            "alias": [],
            "allow_overwrite": null,
            "failover_routing_policy": [],
            "fqdn": "*.interactivetoolentrypoint.interactivetool.gat-27.us.galaxy.training",
            "geolocation_routing_policy": [],
            "health_check_id": null,
            "id": "Z022528316NCQCRTGOOLK_*.interactivetoolentrypoint.interactivetool.gat-27.us.galaxy.training_CNAME",
            "latency_routing_policy": [],
            "multivalue_answer_routing_policy": null,
            "name": "*.interactivetoolentrypoint.interactivetool.gat-27.us.galaxy.training",
            "records": [
              "gat-27.us.galaxy.training"
            ],
            "set_identifier": null,
            "ttl": 7200,
            "type": "CNAME",
            "weighted_routing_policy": [],
            "zone_id": "Z022528316NCQCRTGOOLK"
          },
          "sensitive_attributes": [],
          "private": "eyJzY2hlbWFfdmVyc2lvbiI6IjIifQ=="
        }
      ]
    },
    {
      "mode": "managed",
      "type": "aws_route53_record",
      "name": "training-vm-us-28",
      "provider": "provider[\"registry.terraform.io/hashicorp/aws\"]",
      "instances": [
        {
          "schema_version": 2,
          "attributes": {
            "alias": [],
            "allow_overwrite": null,
            "failover_routing_policy": [],
            "fqdn": "gat-28.us.galaxy.training",
            "geolocation_routing_policy": [],
            "health_check_id": "",
            "id": "Z022528316NCQCRTGOOLK_gat-28.us.galaxy.training_A",
            "latency_routing_policy": [],
            "multivalue_answer_routing_policy": null,
            "name": "gat-28.us.galaxy.training",
            "records": [
              "149.165.159.223"
            ],
            "set_identifier": "",
            "ttl": 7200,
            "type": "A",
            "weighted_routing_policy": [],
            "zone_id": "Z022528316NCQCRTGOOLK"
          },
          "sensitive_attributes": [],
          "private": "eyJzY2hlbWFfdmVyc2lvbiI6IjIifQ=="
        }
      ]
    },
    {
      "mode": "managed",
      "type": "aws_route53_record",
      "name": "training-vm-us-28-wildcard",
      "provider": "provider[\"registry.terraform.io/hashicorp/aws\"]",
      "instances": [
        {
          "schema_version": 2,
          "attributes": {
            "alias": [],
            "allow_overwrite": null,
            "failover_routing_policy": [],
            "fqdn": "*.interactivetoolentrypoint.interactivetool.gat-28.us.galaxy.training",
            "geolocation_routing_policy": [],
            "health_check_id": null,
            "id": "Z022528316NCQCRTGOOLK_*.interactivetoolentrypoint.interactivetool.gat-28.us.galaxy.training_CNAME",
            "latency_routing_policy": [],
            "multivalue_answer_routing_policy": null,
            "name": "*.interactivetoolentrypoint.interactivetool.gat-28.us.galaxy.training",
            "records": [
              "gat-28.us.galaxy.training"
            ],
            "set_identifier": null,
            "ttl": 7200,
            "type": "CNAME",
            "weighted_routing_policy": [],
            "zone_id": "Z022528316NCQCRTGOOLK"
          },
          "sensitive_attributes": [],
          "private": "eyJzY2hlbWFfdmVyc2lvbiI6IjIifQ=="
        }
      ]
    },
    {
      "mode": "managed",
      "type": "aws_route53_record",
      "name": "training-vm-us-29",
      "provider": "provider[\"registry.terraform.io/hashicorp/aws\"]",
      "instances": [
        {
          "schema_version": 2,
          "attributes": {
            "alias": [],
            "allow_overwrite": null,
            "failover_routing_policy": [],
            "fqdn": "gat-29.us.galaxy.training",
            "geolocation_routing_policy": [],
            "health_check_id": "",
            "id": "Z022528316NCQCRTGOOLK_gat-29.us.galaxy.training_A",
            "latency_routing_policy": [],
            "multivalue_answer_routing_policy": null,
            "name": "gat-29.us.galaxy.training",
            "records": [
              "149.165.159.249"
            ],
            "set_identifier": "",
            "ttl": 7200,
            "type": "A",
            "weighted_routing_policy": [],
            "zone_id": "Z022528316NCQCRTGOOLK"
          },
          "sensitive_attributes": [],
          "private": "eyJzY2hlbWFfdmVyc2lvbiI6IjIifQ=="
        }
      ]
    },
    {
      "mode": "managed",
      "type": "aws_route53_record",
      "name": "training-vm-us-29-wildcard",
      "provider": "provider[\"registry.terraform.io/hashicorp/aws\"]",
      "instances": [
        {
          "schema_version": 2,
          "attributes": {
            "alias": [],
            "allow_overwrite": null,
            "failover_routing_policy": [],
            "fqdn": "*.interactivetoolentrypoint.interactivetool.gat-29.us.galaxy.training",
            "geolocation_routing_policy": [],
            "health_check_id": null,
            "id": "Z022528316NCQCRTGOOLK_*.interactivetoolentrypoint.interactivetool.gat-29.us.galaxy.training_CNAME",
            "latency_routing_policy": [],
            "multivalue_answer_routing_policy": null,
            "name": "*.interactivetoolentrypoint.interactivetool.gat-29.us.galaxy.training",
            "records": [
              "gat-29.us.galaxy.training"
            ],
            "set_identifier": null,
            "ttl": 7200,
            "type": "CNAME",
            "weighted_routing_policy": [],
            "zone_id": "Z022528316NCQCRTGOOLK"
          },
          "sensitive_attributes": [],
          "private": "eyJzY2hlbWFfdmVyc2lvbiI6IjIifQ=="
        }
      ]
    },
    {
      "mode": "managed",
      "type": "aws_route53_record",
      "name": "training-vm-us-3",
      "provider": "provider[\"registry.terraform.io/hashicorp/aws\"]",
      "instances": [
        {
          "schema_version": 2,
          "attributes": {
            "alias": [],
            "allow_overwrite": null,
            "failover_routing_policy": [],
            "fqdn": "gat-3.us.galaxy.training",
            "geolocation_routing_policy": [],
            "health_check_id": "",
            "id": "Z022528316NCQCRTGOOLK_gat-3.us.galaxy.training_A",
            "latency_routing_policy": [],
            "multivalue_answer_routing_policy": null,
            "name": "gat-3.us.galaxy.training",
            "records": [
              "149.165.159.57"
            ],
            "set_identifier": "",
            "ttl": 7200,
            "type": "A",
            "weighted_routing_policy": [],
            "zone_id": "Z022528316NCQCRTGOOLK"
          },
          "sensitive_attributes": [],
          "private": "eyJzY2hlbWFfdmVyc2lvbiI6IjIifQ=="
        }
      ]
    },
    {
      "mode": "managed",
      "type": "aws_route53_record",
      "name": "training-vm-us-3-wildcard",
      "provider": "provider[\"registry.terraform.io/hashicorp/aws\"]",
      "instances": [
        {
          "schema_version": 2,
          "attributes": {
            "alias": [],
            "allow_overwrite": null,
            "failover_routing_policy": [],
            "fqdn": "*.interactivetoolentrypoint.interactivetool.gat-3.us.galaxy.training",
            "geolocation_routing_policy": [],
            "health_check_id": null,
            "id": "Z022528316NCQCRTGOOLK_*.interactivetoolentrypoint.interactivetool.gat-3.us.galaxy.training_CNAME",
            "latency_routing_policy": [],
            "multivalue_answer_routing_policy": null,
            "name": "*.interactivetoolentrypoint.interactivetool.gat-3.us.galaxy.training",
            "records": [
              "gat-3.us.galaxy.training"
            ],
            "set_identifier": null,
            "ttl": 7200,
            "type": "CNAME",
            "weighted_routing_policy": [],
            "zone_id": "Z022528316NCQCRTGOOLK"
          },
          "sensitive_attributes": [],
          "private": "eyJzY2hlbWFfdmVyc2lvbiI6IjIifQ=="
        }
      ]
    },
    {
      "mode": "managed",
      "type": "aws_route53_record",
      "name": "training-vm-us-30",
      "provider": "provider[\"registry.terraform.io/hashicorp/aws\"]",
      "instances": [
        {
          "schema_version": 2,
          "attributes": {
            "alias": [],
            "allow_overwrite": null,
            "failover_routing_policy": [],
            "fqdn": "gat-30.us.galaxy.training",
            "geolocation_routing_policy": [],
            "health_check_id": "",
            "id": "Z022528316NCQCRTGOOLK_gat-30.us.galaxy.training_A",
            "latency_routing_policy": [],
            "multivalue_answer_routing_policy": null,
            "name": "gat-30.us.galaxy.training",
            "records": [
              "149.165.159.55"
            ],
            "set_identifier": "",
            "ttl": 7200,
            "type": "A",
            "weighted_routing_policy": [],
            "zone_id": "Z022528316NCQCRTGOOLK"
          },
          "sensitive_attributes": [],
          "private": "eyJzY2hlbWFfdmVyc2lvbiI6IjIifQ=="
        }
      ]
    },
    {
      "mode": "managed",
      "type": "aws_route53_record",
      "name": "training-vm-us-30-wildcard",
      "provider": "provider[\"registry.terraform.io/hashicorp/aws\"]",
      "instances": [
        {
          "schema_version": 2,
          "attributes": {
            "alias": [],
            "allow_overwrite": null,
            "failover_routing_policy": [],
            "fqdn": "*.interactivetoolentrypoint.interactivetool.gat-30.us.galaxy.training",
            "geolocation_routing_policy": [],
            "health_check_id": null,
            "id": "Z022528316NCQCRTGOOLK_*.interactivetoolentrypoint.interactivetool.gat-30.us.galaxy.training_CNAME",
            "latency_routing_policy": [],
            "multivalue_answer_routing_policy": null,
            "name": "*.interactivetoolentrypoint.interactivetool.gat-30.us.galaxy.training",
            "records": [
              "gat-30.us.galaxy.training"
            ],
            "set_identifier": null,
            "ttl": 7200,
            "type": "CNAME",
            "weighted_routing_policy": [],
            "zone_id": "Z022528316NCQCRTGOOLK"
          },
          "sensitive_attributes": [],
          "private": "eyJzY2hlbWFfdmVyc2lvbiI6IjIifQ=="
        }
      ]
    },
    {
      "mode": "managed",
      "type": "aws_route53_record",
      "name": "training-vm-us-31",
      "provider": "provider[\"registry.terraform.io/hashicorp/aws\"]",
      "instances": [
        {
          "schema_version": 2,
          "attributes": {
            "alias": [],
            "allow_overwrite": null,
            "failover_routing_policy": [],
            "fqdn": "gat-31.us.galaxy.training",
            "geolocation_routing_policy": [],
            "health_check_id": "",
            "id": "Z022528316NCQCRTGOOLK_gat-31.us.galaxy.training_A",
            "latency_routing_policy": [],
            "multivalue_answer_routing_policy": null,
            "name": "gat-31.us.galaxy.training",
            "records": [
              "149.165.159.184"
            ],
            "set_identifier": "",
            "ttl": 7200,
            "type": "A",
            "weighted_routing_policy": [],
            "zone_id": "Z022528316NCQCRTGOOLK"
          },
          "sensitive_attributes": [],
          "private": "eyJzY2hlbWFfdmVyc2lvbiI6IjIifQ=="
        }
      ]
    },
    {
      "mode": "managed",
      "type": "aws_route53_record",
      "name": "training-vm-us-31-wildcard",
      "provider": "provider[\"registry.terraform.io/hashicorp/aws\"]",
      "instances": [
        {
          "schema_version": 2,
          "attributes": {
            "alias": [],
            "allow_overwrite": null,
            "failover_routing_policy": [],
            "fqdn": "*.interactivetoolentrypoint.interactivetool.gat-31.us.galaxy.training",
            "geolocation_routing_policy": [],
            "health_check_id": null,
            "id": "Z022528316NCQCRTGOOLK_*.interactivetoolentrypoint.interactivetool.gat-31.us.galaxy.training_CNAME",
            "latency_routing_policy": [],
            "multivalue_answer_routing_policy": null,
            "name": "*.interactivetoolentrypoint.interactivetool.gat-31.us.galaxy.training",
            "records": [
              "gat-31.us.galaxy.training"
            ],
            "set_identifier": null,
            "ttl": 7200,
            "type": "CNAME",
            "weighted_routing_policy": [],
            "zone_id": "Z022528316NCQCRTGOOLK"
          },
          "sensitive_attributes": [],
          "private": "eyJzY2hlbWFfdmVyc2lvbiI6IjIifQ=="
        }
      ]
    },
    {
      "mode": "managed",
      "type": "aws_route53_record",
      "name": "training-vm-us-32",
      "provider": "provider[\"registry.terraform.io/hashicorp/aws\"]",
      "instances": [
        {
          "schema_version": 2,
          "attributes": {
            "alias": [],
            "allow_overwrite": null,
            "failover_routing_policy": [],
            "fqdn": "gat-32.us.galaxy.training",
            "geolocation_routing_policy": [],
            "health_check_id": "",
            "id": "Z022528316NCQCRTGOOLK_gat-32.us.galaxy.training_A",
            "latency_routing_policy": [],
            "multivalue_answer_routing_policy": null,
            "name": "gat-32.us.galaxy.training",
            "records": [
              "149.165.159.185"
            ],
            "set_identifier": "",
            "ttl": 7200,
            "type": "A",
            "weighted_routing_policy": [],
            "zone_id": "Z022528316NCQCRTGOOLK"
          },
          "sensitive_attributes": [],
          "private": "eyJzY2hlbWFfdmVyc2lvbiI6IjIifQ=="
        }
      ]
    },
    {
      "mode": "managed",
      "type": "aws_route53_record",
      "name": "training-vm-us-32-wildcard",
      "provider": "provider[\"registry.terraform.io/hashicorp/aws\"]",
      "instances": [
        {
          "schema_version": 2,
          "attributes": {
            "alias": [],
            "allow_overwrite": null,
            "failover_routing_policy": [],
            "fqdn": "*.interactivetoolentrypoint.interactivetool.gat-32.us.galaxy.training",
            "geolocation_routing_policy": [],
            "health_check_id": null,
            "id": "Z022528316NCQCRTGOOLK_*.interactivetoolentrypoint.interactivetool.gat-32.us.galaxy.training_CNAME",
            "latency_routing_policy": [],
            "multivalue_answer_routing_policy": null,
            "name": "*.interactivetoolentrypoint.interactivetool.gat-32.us.galaxy.training",
            "records": [
              "gat-32.us.galaxy.training"
            ],
            "set_identifier": null,
            "ttl": 7200,
            "type": "CNAME",
            "weighted_routing_policy": [],
            "zone_id": "Z022528316NCQCRTGOOLK"
          },
          "sensitive_attributes": [],
          "private": "eyJzY2hlbWFfdmVyc2lvbiI6IjIifQ=="
        }
      ]
    },
    {
      "mode": "managed",
      "type": "aws_route53_record",
      "name": "training-vm-us-33",
      "provider": "provider[\"registry.terraform.io/hashicorp/aws\"]",
      "instances": [
        {
          "schema_version": 2,
          "attributes": {
            "alias": [],
            "allow_overwrite": null,
            "failover_routing_policy": [],
            "fqdn": "gat-33.us.galaxy.training",
            "geolocation_routing_policy": [],
            "health_check_id": "",
            "id": "Z022528316NCQCRTGOOLK_gat-33.us.galaxy.training_A",
            "latency_routing_policy": [],
            "multivalue_answer_routing_policy": null,
            "name": "gat-33.us.galaxy.training",
            "records": [
              "149.165.159.63"
            ],
            "set_identifier": "",
            "ttl": 7200,
            "type": "A",
            "weighted_routing_policy": [],
            "zone_id": "Z022528316NCQCRTGOOLK"
          },
          "sensitive_attributes": [],
          "private": "eyJzY2hlbWFfdmVyc2lvbiI6IjIifQ=="
        }
      ]
    },
    {
      "mode": "managed",
      "type": "aws_route53_record",
      "name": "training-vm-us-33-wildcard",
      "provider": "provider[\"registry.terraform.io/hashicorp/aws\"]",
      "instances": [
        {
          "schema_version": 2,
          "attributes": {
            "alias": [],
            "allow_overwrite": null,
            "failover_routing_policy": [],
            "fqdn": "*.interactivetoolentrypoint.interactivetool.gat-33.us.galaxy.training",
            "geolocation_routing_policy": [],
            "health_check_id": null,
            "id": "Z022528316NCQCRTGOOLK_*.interactivetoolentrypoint.interactivetool.gat-33.us.galaxy.training_CNAME",
            "latency_routing_policy": [],
            "multivalue_answer_routing_policy": null,
            "name": "*.interactivetoolentrypoint.interactivetool.gat-33.us.galaxy.training",
            "records": [
              "gat-33.us.galaxy.training"
            ],
            "set_identifier": null,
            "ttl": 7200,
            "type": "CNAME",
            "weighted_routing_policy": [],
            "zone_id": "Z022528316NCQCRTGOOLK"
          },
          "sensitive_attributes": [],
          "private": "eyJzY2hlbWFfdmVyc2lvbiI6IjIifQ=="
        }
      ]
    },
    {
      "mode": "managed",
      "type": "aws_route53_record",
      "name": "training-vm-us-34",
      "provider": "provider[\"registry.terraform.io/hashicorp/aws\"]",
      "instances": [
        {
          "schema_version": 2,
          "attributes": {
            "alias": [],
            "allow_overwrite": null,
            "failover_routing_policy": [],
            "fqdn": "gat-34.us.galaxy.training",
            "geolocation_routing_policy": [],
            "health_check_id": "",
            "id": "Z022528316NCQCRTGOOLK_gat-34.us.galaxy.training_A",
            "latency_routing_policy": [],
            "multivalue_answer_routing_policy": null,
            "name": "gat-34.us.galaxy.training",
            "records": [
              "149.165.159.93"
            ],
            "set_identifier": "",
            "ttl": 7200,
            "type": "A",
            "weighted_routing_policy": [],
            "zone_id": "Z022528316NCQCRTGOOLK"
          },
          "sensitive_attributes": [],
          "private": "eyJzY2hlbWFfdmVyc2lvbiI6IjIifQ=="
        }
      ]
    },
    {
      "mode": "managed",
      "type": "aws_route53_record",
      "name": "training-vm-us-34-wildcard",
      "provider": "provider[\"registry.terraform.io/hashicorp/aws\"]",
      "instances": [
        {
          "schema_version": 2,
          "attributes": {
            "alias": [],
            "allow_overwrite": null,
            "failover_routing_policy": [],
            "fqdn": "*.interactivetoolentrypoint.interactivetool.gat-34.us.galaxy.training",
            "geolocation_routing_policy": [],
            "health_check_id": null,
            "id": "Z022528316NCQCRTGOOLK_*.interactivetoolentrypoint.interactivetool.gat-34.us.galaxy.training_CNAME",
            "latency_routing_policy": [],
            "multivalue_answer_routing_policy": null,
            "name": "*.interactivetoolentrypoint.interactivetool.gat-34.us.galaxy.training",
            "records": [
              "gat-34.us.galaxy.training"
            ],
            "set_identifier": null,
            "ttl": 7200,
            "type": "CNAME",
            "weighted_routing_policy": [],
            "zone_id": "Z022528316NCQCRTGOOLK"
          },
          "sensitive_attributes": [],
          "private": "eyJzY2hlbWFfdmVyc2lvbiI6IjIifQ=="
        }
      ]
    },
    {
      "mode": "managed",
      "type": "aws_route53_record",
      "name": "training-vm-us-35",
      "provider": "provider[\"registry.terraform.io/hashicorp/aws\"]",
      "instances": [
        {
          "schema_version": 2,
          "attributes": {
            "alias": [],
            "allow_overwrite": null,
            "failover_routing_policy": [],
            "fqdn": "gat-35.us.galaxy.training",
            "geolocation_routing_policy": [],
            "health_check_id": "",
            "id": "Z022528316NCQCRTGOOLK_gat-35.us.galaxy.training_A",
            "latency_routing_policy": [],
            "multivalue_answer_routing_policy": null,
            "name": "gat-35.us.galaxy.training",
            "records": [
              "149.165.159.200"
            ],
            "set_identifier": "",
            "ttl": 7200,
            "type": "A",
            "weighted_routing_policy": [],
            "zone_id": "Z022528316NCQCRTGOOLK"
          },
          "sensitive_attributes": [],
          "private": "eyJzY2hlbWFfdmVyc2lvbiI6IjIifQ=="
        }
      ]
    },
    {
      "mode": "managed",
      "type": "aws_route53_record",
      "name": "training-vm-us-35-wildcard",
      "provider": "provider[\"registry.terraform.io/hashicorp/aws\"]",
      "instances": [
        {
          "schema_version": 2,
          "attributes": {
            "alias": [],
            "allow_overwrite": null,
            "failover_routing_policy": [],
            "fqdn": "*.interactivetoolentrypoint.interactivetool.gat-35.us.galaxy.training",
            "geolocation_routing_policy": [],
            "health_check_id": null,
            "id": "Z022528316NCQCRTGOOLK_*.interactivetoolentrypoint.interactivetool.gat-35.us.galaxy.training_CNAME",
            "latency_routing_policy": [],
            "multivalue_answer_routing_policy": null,
            "name": "*.interactivetoolentrypoint.interactivetool.gat-35.us.galaxy.training",
            "records": [
              "gat-35.us.galaxy.training"
            ],
            "set_identifier": null,
            "ttl": 7200,
            "type": "CNAME",
            "weighted_routing_policy": [],
            "zone_id": "Z022528316NCQCRTGOOLK"
          },
          "sensitive_attributes": [],
          "private": "eyJzY2hlbWFfdmVyc2lvbiI6IjIifQ=="
        }
      ]
    },
    {
      "mode": "managed",
      "type": "aws_route53_record",
      "name": "training-vm-us-36",
      "provider": "provider[\"registry.terraform.io/hashicorp/aws\"]",
      "instances": [
        {
          "schema_version": 2,
          "attributes": {
            "alias": [],
            "allow_overwrite": null,
            "failover_routing_policy": [],
            "fqdn": "gat-36.us.galaxy.training",
            "geolocation_routing_policy": [],
            "health_check_id": "",
            "id": "Z022528316NCQCRTGOOLK_gat-36.us.galaxy.training_A",
            "latency_routing_policy": [],
            "multivalue_answer_routing_policy": null,
            "name": "gat-36.us.galaxy.training",
            "records": [
              "149.165.159.241"
            ],
            "set_identifier": "",
            "ttl": 7200,
            "type": "A",
            "weighted_routing_policy": [],
            "zone_id": "Z022528316NCQCRTGOOLK"
          },
          "sensitive_attributes": [],
          "private": "eyJzY2hlbWFfdmVyc2lvbiI6IjIifQ=="
        }
      ]
    },
    {
      "mode": "managed",
      "type": "aws_route53_record",
      "name": "training-vm-us-36-wildcard",
      "provider": "provider[\"registry.terraform.io/hashicorp/aws\"]",
      "instances": [
        {
          "schema_version": 2,
          "attributes": {
            "alias": [],
            "allow_overwrite": null,
            "failover_routing_policy": [],
            "fqdn": "*.interactivetoolentrypoint.interactivetool.gat-36.us.galaxy.training",
            "geolocation_routing_policy": [],
            "health_check_id": null,
            "id": "Z022528316NCQCRTGOOLK_*.interactivetoolentrypoint.interactivetool.gat-36.us.galaxy.training_CNAME",
            "latency_routing_policy": [],
            "multivalue_answer_routing_policy": null,
            "name": "*.interactivetoolentrypoint.interactivetool.gat-36.us.galaxy.training",
            "records": [
              "gat-36.us.galaxy.training"
            ],
            "set_identifier": null,
            "ttl": 7200,
            "type": "CNAME",
            "weighted_routing_policy": [],
            "zone_id": "Z022528316NCQCRTGOOLK"
          },
          "sensitive_attributes": [],
          "private": "eyJzY2hlbWFfdmVyc2lvbiI6IjIifQ=="
        }
      ]
    },
    {
      "mode": "managed",
      "type": "aws_route53_record",
      "name": "training-vm-us-37",
      "provider": "provider[\"registry.terraform.io/hashicorp/aws\"]",
      "instances": [
        {
          "schema_version": 2,
          "attributes": {
            "alias": [],
            "allow_overwrite": null,
            "failover_routing_policy": [],
            "fqdn": "gat-37.us.galaxy.training",
            "geolocation_routing_policy": [],
            "health_check_id": "",
            "id": "Z022528316NCQCRTGOOLK_gat-37.us.galaxy.training_A",
            "latency_routing_policy": [],
            "multivalue_answer_routing_policy": null,
            "name": "gat-37.us.galaxy.training",
            "records": [
              "149.165.159.142"
            ],
            "set_identifier": "",
            "ttl": 7200,
            "type": "A",
            "weighted_routing_policy": [],
            "zone_id": "Z022528316NCQCRTGOOLK"
          },
          "sensitive_attributes": [],
          "private": "eyJzY2hlbWFfdmVyc2lvbiI6IjIifQ=="
        }
      ]
    },
    {
      "mode": "managed",
      "type": "aws_route53_record",
      "name": "training-vm-us-37-wildcard",
      "provider": "provider[\"registry.terraform.io/hashicorp/aws\"]",
      "instances": [
        {
          "schema_version": 2,
          "attributes": {
            "alias": [],
            "allow_overwrite": null,
            "failover_routing_policy": [],
            "fqdn": "*.interactivetoolentrypoint.interactivetool.gat-37.us.galaxy.training",
            "geolocation_routing_policy": [],
            "health_check_id": null,
            "id": "Z022528316NCQCRTGOOLK_*.interactivetoolentrypoint.interactivetool.gat-37.us.galaxy.training_CNAME",
            "latency_routing_policy": [],
            "multivalue_answer_routing_policy": null,
            "name": "*.interactivetoolentrypoint.interactivetool.gat-37.us.galaxy.training",
            "records": [
              "gat-37.us.galaxy.training"
            ],
            "set_identifier": null,
            "ttl": 7200,
            "type": "CNAME",
            "weighted_routing_policy": [],
            "zone_id": "Z022528316NCQCRTGOOLK"
          },
          "sensitive_attributes": [],
          "private": "eyJzY2hlbWFfdmVyc2lvbiI6IjIifQ=="
        }
      ]
    },
    {
      "mode": "managed",
      "type": "aws_route53_record",
      "name": "training-vm-us-38",
      "provider": "provider[\"registry.terraform.io/hashicorp/aws\"]",
      "instances": [
        {
          "schema_version": 2,
          "attributes": {
            "alias": [],
            "allow_overwrite": null,
            "failover_routing_policy": [],
            "fqdn": "gat-38.us.galaxy.training",
            "geolocation_routing_policy": [],
            "health_check_id": "",
            "id": "Z022528316NCQCRTGOOLK_gat-38.us.galaxy.training_A",
            "latency_routing_policy": [],
            "multivalue_answer_routing_policy": null,
            "name": "gat-38.us.galaxy.training",
            "records": [
              "149.165.159.36"
            ],
            "set_identifier": "",
            "ttl": 7200,
            "type": "A",
            "weighted_routing_policy": [],
            "zone_id": "Z022528316NCQCRTGOOLK"
          },
          "sensitive_attributes": [],
          "private": "eyJzY2hlbWFfdmVyc2lvbiI6IjIifQ=="
        }
      ]
    },
    {
      "mode": "managed",
      "type": "aws_route53_record",
      "name": "training-vm-us-38-wildcard",
      "provider": "provider[\"registry.terraform.io/hashicorp/aws\"]",
      "instances": [
        {
          "schema_version": 2,
          "attributes": {
            "alias": [],
            "allow_overwrite": null,
            "failover_routing_policy": [],
            "fqdn": "*.interactivetoolentrypoint.interactivetool.gat-38.us.galaxy.training",
            "geolocation_routing_policy": [],
            "health_check_id": null,
            "id": "Z022528316NCQCRTGOOLK_*.interactivetoolentrypoint.interactivetool.gat-38.us.galaxy.training_CNAME",
            "latency_routing_policy": [],
            "multivalue_answer_routing_policy": null,
            "name": "*.interactivetoolentrypoint.interactivetool.gat-38.us.galaxy.training",
            "records": [
              "gat-38.us.galaxy.training"
            ],
            "set_identifier": null,
            "ttl": 7200,
            "type": "CNAME",
            "weighted_routing_policy": [],
            "zone_id": "Z022528316NCQCRTGOOLK"
          },
          "sensitive_attributes": [],
          "private": "eyJzY2hlbWFfdmVyc2lvbiI6IjIifQ=="
        }
      ]
    },
    {
      "mode": "managed",
      "type": "aws_route53_record",
      "name": "training-vm-us-39",
      "provider": "provider[\"registry.terraform.io/hashicorp/aws\"]",
      "instances": [
        {
          "schema_version": 2,
          "attributes": {
            "alias": [],
            "allow_overwrite": null,
            "failover_routing_policy": [],
            "fqdn": "gat-39.us.galaxy.training",
            "geolocation_routing_policy": [],
            "health_check_id": "",
            "id": "Z022528316NCQCRTGOOLK_gat-39.us.galaxy.training_A",
            "latency_routing_policy": [],
            "multivalue_answer_routing_policy": null,
            "name": "gat-39.us.galaxy.training",
            "records": [
              "149.165.159.173"
            ],
            "set_identifier": "",
            "ttl": 7200,
            "type": "A",
            "weighted_routing_policy": [],
            "zone_id": "Z022528316NCQCRTGOOLK"
          },
          "sensitive_attributes": [],
          "private": "eyJzY2hlbWFfdmVyc2lvbiI6IjIifQ=="
        }
      ]
    },
    {
      "mode": "managed",
      "type": "aws_route53_record",
      "name": "training-vm-us-39-wildcard",
      "provider": "provider[\"registry.terraform.io/hashicorp/aws\"]",
      "instances": [
        {
          "schema_version": 2,
          "attributes": {
            "alias": [],
            "allow_overwrite": null,
            "failover_routing_policy": [],
            "fqdn": "*.interactivetoolentrypoint.interactivetool.gat-39.us.galaxy.training",
            "geolocation_routing_policy": [],
            "health_check_id": null,
            "id": "Z022528316NCQCRTGOOLK_*.interactivetoolentrypoint.interactivetool.gat-39.us.galaxy.training_CNAME",
            "latency_routing_policy": [],
            "multivalue_answer_routing_policy": null,
            "name": "*.interactivetoolentrypoint.interactivetool.gat-39.us.galaxy.training",
            "records": [
              "gat-39.us.galaxy.training"
            ],
            "set_identifier": null,
            "ttl": 7200,
            "type": "CNAME",
            "weighted_routing_policy": [],
            "zone_id": "Z022528316NCQCRTGOOLK"
          },
          "sensitive_attributes": [],
          "private": "eyJzY2hlbWFfdmVyc2lvbiI6IjIifQ=="
        }
      ]
    },
    {
      "mode": "managed",
      "type": "aws_route53_record",
      "name": "training-vm-us-4",
      "provider": "provider[\"registry.terraform.io/hashicorp/aws\"]",
      "instances": [
        {
          "schema_version": 2,
          "attributes": {
            "alias": [],
            "allow_overwrite": null,
            "failover_routing_policy": [],
            "fqdn": "gat-4.us.galaxy.training",
            "geolocation_routing_policy": [],
            "health_check_id": "",
            "id": "Z022528316NCQCRTGOOLK_gat-4.us.galaxy.training_A",
            "latency_routing_policy": [],
            "multivalue_answer_routing_policy": null,
            "name": "gat-4.us.galaxy.training",
            "records": [
              "149.165.159.220"
            ],
            "set_identifier": "",
            "ttl": 7200,
            "type": "A",
            "weighted_routing_policy": [],
            "zone_id": "Z022528316NCQCRTGOOLK"
          },
          "sensitive_attributes": [],
          "private": "eyJzY2hlbWFfdmVyc2lvbiI6IjIifQ=="
        }
      ]
    },
    {
      "mode": "managed",
      "type": "aws_route53_record",
      "name": "training-vm-us-4-wildcard",
      "provider": "provider[\"registry.terraform.io/hashicorp/aws\"]",
      "instances": [
        {
          "schema_version": 2,
          "attributes": {
            "alias": [],
            "allow_overwrite": null,
            "failover_routing_policy": [],
            "fqdn": "*.interactivetoolentrypoint.interactivetool.gat-4.us.galaxy.training",
            "geolocation_routing_policy": [],
            "health_check_id": null,
            "id": "Z022528316NCQCRTGOOLK_*.interactivetoolentrypoint.interactivetool.gat-4.us.galaxy.training_CNAME",
            "latency_routing_policy": [],
            "multivalue_answer_routing_policy": null,
            "name": "*.interactivetoolentrypoint.interactivetool.gat-4.us.galaxy.training",
            "records": [
              "gat-4.us.galaxy.training"
            ],
            "set_identifier": null,
            "ttl": 7200,
            "type": "CNAME",
            "weighted_routing_policy": [],
            "zone_id": "Z022528316NCQCRTGOOLK"
          },
          "sensitive_attributes": [],
          "private": "eyJzY2hlbWFfdmVyc2lvbiI6IjIifQ=="
        }
      ]
    },
    {
      "mode": "managed",
      "type": "aws_route53_record",
      "name": "training-vm-us-5",
      "provider": "provider[\"registry.terraform.io/hashicorp/aws\"]",
      "instances": [
        {
          "schema_version": 2,
          "attributes": {
            "alias": [],
            "allow_overwrite": null,
            "failover_routing_policy": [],
            "fqdn": "gat-5.us.galaxy.training",
            "geolocation_routing_policy": [],
            "health_check_id": "",
            "id": "Z022528316NCQCRTGOOLK_gat-5.us.galaxy.training_A",
            "latency_routing_policy": [],
            "multivalue_answer_routing_policy": null,
            "name": "gat-5.us.galaxy.training",
            "records": [
              "149.165.159.105"
            ],
            "set_identifier": "",
            "ttl": 7200,
            "type": "A",
            "weighted_routing_policy": [],
            "zone_id": "Z022528316NCQCRTGOOLK"
          },
          "sensitive_attributes": [],
          "private": "eyJzY2hlbWFfdmVyc2lvbiI6IjIifQ=="
        }
      ]
    },
    {
      "mode": "managed",
      "type": "aws_route53_record",
      "name": "training-vm-us-5-wildcard",
      "provider": "provider[\"registry.terraform.io/hashicorp/aws\"]",
      "instances": [
        {
          "schema_version": 2,
          "attributes": {
            "alias": [],
            "allow_overwrite": null,
            "failover_routing_policy": [],
            "fqdn": "*.interactivetoolentrypoint.interactivetool.gat-5.us.galaxy.training",
            "geolocation_routing_policy": [],
            "health_check_id": null,
            "id": "Z022528316NCQCRTGOOLK_*.interactivetoolentrypoint.interactivetool.gat-5.us.galaxy.training_CNAME",
            "latency_routing_policy": [],
            "multivalue_answer_routing_policy": null,
            "name": "*.interactivetoolentrypoint.interactivetool.gat-5.us.galaxy.training",
            "records": [
              "gat-5.us.galaxy.training"
            ],
            "set_identifier": null,
            "ttl": 7200,
            "type": "CNAME",
            "weighted_routing_policy": [],
            "zone_id": "Z022528316NCQCRTGOOLK"
          },
          "sensitive_attributes": [],
          "private": "eyJzY2hlbWFfdmVyc2lvbiI6IjIifQ=="
        }
      ]
    },
    {
      "mode": "managed",
      "type": "aws_route53_record",
      "name": "training-vm-us-6",
      "provider": "provider[\"registry.terraform.io/hashicorp/aws\"]",
      "instances": [
        {
          "schema_version": 2,
          "attributes": {
            "alias": [],
            "allow_overwrite": null,
            "failover_routing_policy": [],
            "fqdn": "gat-6.us.galaxy.training",
            "geolocation_routing_policy": [],
            "health_check_id": "",
            "id": "Z022528316NCQCRTGOOLK_gat-6.us.galaxy.training_A",
            "latency_routing_policy": [],
            "multivalue_answer_routing_policy": null,
            "name": "gat-6.us.galaxy.training",
            "records": [
              "149.165.159.83"
            ],
            "set_identifier": "",
            "ttl": 7200,
            "type": "A",
            "weighted_routing_policy": [],
            "zone_id": "Z022528316NCQCRTGOOLK"
          },
          "sensitive_attributes": [],
          "private": "eyJzY2hlbWFfdmVyc2lvbiI6IjIifQ=="
        }
      ]
    },
    {
      "mode": "managed",
      "type": "aws_route53_record",
      "name": "training-vm-us-6-wildcard",
      "provider": "provider[\"registry.terraform.io/hashicorp/aws\"]",
      "instances": [
        {
          "schema_version": 2,
          "attributes": {
            "alias": [],
            "allow_overwrite": null,
            "failover_routing_policy": [],
            "fqdn": "*.interactivetoolentrypoint.interactivetool.gat-6.us.galaxy.training",
            "geolocation_routing_policy": [],
            "health_check_id": null,
            "id": "Z022528316NCQCRTGOOLK_*.interactivetoolentrypoint.interactivetool.gat-6.us.galaxy.training_CNAME",
            "latency_routing_policy": [],
            "multivalue_answer_routing_policy": null,
            "name": "*.interactivetoolentrypoint.interactivetool.gat-6.us.galaxy.training",
            "records": [
              "gat-6.us.galaxy.training"
            ],
            "set_identifier": null,
            "ttl": 7200,
            "type": "CNAME",
            "weighted_routing_policy": [],
            "zone_id": "Z022528316NCQCRTGOOLK"
          },
          "sensitive_attributes": [],
          "private": "eyJzY2hlbWFfdmVyc2lvbiI6IjIifQ=="
        }
      ]
    },
    {
      "mode": "managed",
      "type": "aws_route53_record",
      "name": "training-vm-us-7",
      "provider": "provider[\"registry.terraform.io/hashicorp/aws\"]",
      "instances": [
        {
          "schema_version": 2,
          "attributes": {
            "alias": [],
            "allow_overwrite": null,
            "failover_routing_policy": [],
            "fqdn": "gat-7.us.galaxy.training",
            "geolocation_routing_policy": [],
            "health_check_id": "",
            "id": "Z022528316NCQCRTGOOLK_gat-7.us.galaxy.training_A",
            "latency_routing_policy": [],
            "multivalue_answer_routing_policy": null,
            "name": "gat-7.us.galaxy.training",
            "records": [
              "149.165.159.82"
            ],
            "set_identifier": "",
            "ttl": 7200,
            "type": "A",
            "weighted_routing_policy": [],
            "zone_id": "Z022528316NCQCRTGOOLK"
          },
          "sensitive_attributes": [],
          "private": "eyJzY2hlbWFfdmVyc2lvbiI6IjIifQ=="
        }
      ]
    },
    {
      "mode": "managed",
      "type": "aws_route53_record",
      "name": "training-vm-us-7-wildcard",
      "provider": "provider[\"registry.terraform.io/hashicorp/aws\"]",
      "instances": [
        {
          "schema_version": 2,
          "attributes": {
            "alias": [],
            "allow_overwrite": null,
            "failover_routing_policy": [],
            "fqdn": "*.interactivetoolentrypoint.interactivetool.gat-7.us.galaxy.training",
            "geolocation_routing_policy": [],
            "health_check_id": null,
            "id": "Z022528316NCQCRTGOOLK_*.interactivetoolentrypoint.interactivetool.gat-7.us.galaxy.training_CNAME",
            "latency_routing_policy": [],
            "multivalue_answer_routing_policy": null,
            "name": "*.interactivetoolentrypoint.interactivetool.gat-7.us.galaxy.training",
            "records": [
              "gat-7.us.galaxy.training"
            ],
            "set_identifier": null,
            "ttl": 7200,
            "type": "CNAME",
            "weighted_routing_policy": [],
            "zone_id": "Z022528316NCQCRTGOOLK"
          },
          "sensitive_attributes": [],
          "private": "eyJzY2hlbWFfdmVyc2lvbiI6IjIifQ=="
        }
      ]
    },
    {
      "mode": "managed",
      "type": "aws_route53_record",
      "name": "training-vm-us-8",
      "provider": "provider[\"registry.terraform.io/hashicorp/aws\"]",
      "instances": [
        {
          "schema_version": 2,
          "attributes": {
            "alias": [],
            "allow_overwrite": null,
            "failover_routing_policy": [],
            "fqdn": "gat-8.us.galaxy.training",
            "geolocation_routing_policy": [],
            "health_check_id": "",
            "id": "Z022528316NCQCRTGOOLK_gat-8.us.galaxy.training_A",
            "latency_routing_policy": [],
            "multivalue_answer_routing_policy": null,
            "name": "gat-8.us.galaxy.training",
            "records": [
              "149.165.159.211"
            ],
            "set_identifier": "",
            "ttl": 7200,
            "type": "A",
            "weighted_routing_policy": [],
            "zone_id": "Z022528316NCQCRTGOOLK"
          },
          "sensitive_attributes": [],
          "private": "eyJzY2hlbWFfdmVyc2lvbiI6IjIifQ=="
        }
      ]
    },
    {
      "mode": "managed",
      "type": "aws_route53_record",
      "name": "training-vm-us-8-wildcard",
      "provider": "provider[\"registry.terraform.io/hashicorp/aws\"]",
      "instances": [
        {
          "schema_version": 2,
          "attributes": {
            "alias": [],
            "allow_overwrite": null,
            "failover_routing_policy": [],
            "fqdn": "*.interactivetoolentrypoint.interactivetool.gat-8.us.galaxy.training",
            "geolocation_routing_policy": [],
            "health_check_id": null,
            "id": "Z022528316NCQCRTGOOLK_*.interactivetoolentrypoint.interactivetool.gat-8.us.galaxy.training_CNAME",
            "latency_routing_policy": [],
            "multivalue_answer_routing_policy": null,
            "name": "*.interactivetoolentrypoint.interactivetool.gat-8.us.galaxy.training",
            "records": [
              "gat-8.us.galaxy.training"
            ],
            "set_identifier": null,
            "ttl": 7200,
            "type": "CNAME",
            "weighted_routing_policy": [],
            "zone_id": "Z022528316NCQCRTGOOLK"
          },
          "sensitive_attributes": [],
          "private": "eyJzY2hlbWFfdmVyc2lvbiI6IjIifQ=="
        }
      ]
    },
    {
      "mode": "managed",
      "type": "aws_route53_record",
      "name": "training-vm-us-9",
      "provider": "provider[\"registry.terraform.io/hashicorp/aws\"]",
      "instances": [
        {
          "schema_version": 2,
          "attributes": {
            "alias": [],
            "allow_overwrite": null,
            "failover_routing_policy": [],
            "fqdn": "gat-9.us.galaxy.training",
            "geolocation_routing_policy": [],
            "health_check_id": "",
            "id": "Z022528316NCQCRTGOOLK_gat-9.us.galaxy.training_A",
            "latency_routing_policy": [],
            "multivalue_answer_routing_policy": null,
            "name": "gat-9.us.galaxy.training",
            "records": [
              "149.165.159.196"
            ],
            "set_identifier": "",
            "ttl": 7200,
            "type": "A",
            "weighted_routing_policy": [],
            "zone_id": "Z022528316NCQCRTGOOLK"
          },
          "sensitive_attributes": [],
          "private": "eyJzY2hlbWFfdmVyc2lvbiI6IjIifQ=="
        }
      ]
    },
    {
      "mode": "managed",
      "type": "aws_route53_record",
      "name": "training-vm-us-9-wildcard",
      "provider": "provider[\"registry.terraform.io/hashicorp/aws\"]",
      "instances": [
        {
          "schema_version": 2,
          "attributes": {
            "alias": [],
            "allow_overwrite": null,
            "failover_routing_policy": [],
            "fqdn": "*.interactivetoolentrypoint.interactivetool.gat-9.us.galaxy.training",
            "geolocation_routing_policy": [],
            "health_check_id": null,
            "id": "Z022528316NCQCRTGOOLK_*.interactivetoolentrypoint.interactivetool.gat-9.us.galaxy.training_CNAME",
            "latency_routing_policy": [],
            "multivalue_answer_routing_policy": null,
            "name": "*.interactivetoolentrypoint.interactivetool.gat-9.us.galaxy.training",
            "records": [
              "gat-9.us.galaxy.training"
            ],
            "set_identifier": null,
            "ttl": 7200,
            "type": "CNAME",
            "weighted_routing_policy": [],
            "zone_id": "Z022528316NCQCRTGOOLK"
          },
          "sensitive_attributes": [],
          "private": "eyJzY2hlbWFfdmVyc2lvbiI6IjIifQ=="
        }
      ]
    }
  ]
}
