{
  "version": 4,
  "terraform_version": "0.15.4",
  "serial": 2471,
  "lineage": "1a140571-8b4d-c1da-5722-fd572bd49022",
  "outputs": {},
  "resources": [
    {
      "mode": "managed",
      "type": "aws_route53_record",
      "name": "training-vm-oz-0",
      "provider": "provider[\"registry.terraform.io/hashicorp/aws\"]",
      "instances": [
        {
          "schema_version": 2,
          "attributes": {
            "alias": [],
            "allow_overwrite": null,
            "failover_routing_policy": [],
            "fqdn": "gat-0.oz.galaxy.training",
            "geolocation_routing_policy": [],
            "health_check_id": "",
            "id": "Z06074271TNBSU75H5S3Y_gat-0.oz.galaxy.training_A",
            "latency_routing_policy": [],
            "multivalue_answer_routing_policy": null,
            "name": "gat-0.oz.galaxy.training",
            "records": [
              "115.146.87.166"
            ],
            "set_identifier": "",
            "ttl": 7200,
            "type": "A",
            "weighted_routing_policy": [],
            "zone_id": "Z06074271TNBSU75H5S3Y"
          },
          "sensitive_attributes": [],
          "private": "eyJzY2hlbWFfdmVyc2lvbiI6IjIifQ=="
        }
      ]
    },
    {
      "mode": "managed",
      "type": "aws_route53_record",
      "name": "training-vm-oz-0-wildcard",
      "provider": "provider[\"registry.terraform.io/hashicorp/aws\"]",
      "instances": [
        {
          "schema_version": 2,
          "attributes": {
            "alias": [],
            "allow_overwrite": null,
            "failover_routing_policy": [],
            "fqdn": "*.interactivetoolentrypoint.interactivetool.gat-0.oz.galaxy.training",
            "geolocation_routing_policy": [],
            "health_check_id": "",
            "id": "Z06074271TNBSU75H5S3Y_*.interactivetoolentrypoint.interactivetool.gat-0.oz.galaxy.training_CNAME",
            "latency_routing_policy": [],
            "multivalue_answer_routing_policy": null,
            "name": "*.interactivetoolentrypoint.interactivetool.gat-0.oz.galaxy.training",
            "records": [
              "gat-0.oz.galaxy.training"
            ],
            "set_identifier": "",
            "ttl": 7200,
            "type": "CNAME",
            "weighted_routing_policy": [],
            "zone_id": "Z06074271TNBSU75H5S3Y"
          },
          "sensitive_attributes": [],
          "private": "eyJzY2hlbWFfdmVyc2lvbiI6IjIifQ=="
        }
      ]
    },
    {
      "mode": "managed",
      "type": "aws_route53_record",
      "name": "training-vm-oz-1",
      "provider": "provider[\"registry.terraform.io/hashicorp/aws\"]",
      "instances": [
        {
          "schema_version": 2,
          "attributes": {
            "alias": [],
            "allow_overwrite": null,
            "failover_routing_policy": [],
            "fqdn": "gat-1.oz.galaxy.training",
            "geolocation_routing_policy": [],
            "health_check_id": "",
            "id": "Z06074271TNBSU75H5S3Y_gat-1.oz.galaxy.training_A",
            "latency_routing_policy": [],
            "multivalue_answer_routing_policy": null,
            "name": "gat-1.oz.galaxy.training",
            "records": [
              "115.146.86.78"
            ],
            "set_identifier": "",
            "ttl": 7200,
            "type": "A",
            "weighted_routing_policy": [],
            "zone_id": "Z06074271TNBSU75H5S3Y"
          },
          "sensitive_attributes": [],
          "private": "eyJzY2hlbWFfdmVyc2lvbiI6IjIifQ=="
        }
      ]
    },
    {
      "mode": "managed",
      "type": "aws_route53_record",
      "name": "training-vm-oz-1-wildcard",
      "provider": "provider[\"registry.terraform.io/hashicorp/aws\"]",
      "instances": [
        {
          "schema_version": 2,
          "attributes": {
            "alias": [],
            "allow_overwrite": null,
            "failover_routing_policy": [],
            "fqdn": "*.interactivetoolentrypoint.interactivetool.gat-1.oz.galaxy.training",
            "geolocation_routing_policy": [],
            "health_check_id": "",
            "id": "Z06074271TNBSU75H5S3Y_*.interactivetoolentrypoint.interactivetool.gat-1.oz.galaxy.training_CNAME",
            "latency_routing_policy": [],
            "multivalue_answer_routing_policy": null,
            "name": "*.interactivetoolentrypoint.interactivetool.gat-1.oz.galaxy.training",
            "records": [
              "gat-1.oz.galaxy.training"
            ],
            "set_identifier": "",
            "ttl": 7200,
            "type": "CNAME",
            "weighted_routing_policy": [],
            "zone_id": "Z06074271TNBSU75H5S3Y"
          },
          "sensitive_attributes": [],
          "private": "eyJzY2hlbWFfdmVyc2lvbiI6IjIifQ=="
        }
      ]
    },
    {
      "mode": "managed",
      "type": "aws_route53_record",
      "name": "training-vm-oz-avasn",
      "provider": "provider[\"registry.terraform.io/hashicorp/aws\"]",
      "instances": [
        {
          "schema_version": 2,
          "attributes": {
            "alias": [],
            "allow_overwrite": null,
            "failover_routing_policy": [],
            "fqdn": "gat-avans.oz.galaxy.training",
            "geolocation_routing_policy": [],
            "health_check_id": "",
            "id": "Z06074271TNBSU75H5S3Y_gat-avans.oz.galaxy.training_A",
            "latency_routing_policy": [],
            "multivalue_answer_routing_policy": null,
            "name": "gat-avans.oz.galaxy.training",
            "records": [
              "145.38.206.76"
            ],
            "set_identifier": "",
            "ttl": 7200,
            "type": "A",
            "weighted_routing_policy": [],
            "zone_id": "Z06074271TNBSU75H5S3Y"
          },
          "sensitive_attributes": [],
          "private": "eyJzY2hlbWFfdmVyc2lvbiI6IjIifQ=="
        }
      ]
    },
    {
      "mode": "managed",
      "type": "aws_route53_record",
      "name": "training-vm-us-0",
      "provider": "provider[\"registry.terraform.io/hashicorp/aws\"]",
      "instances": [
        {
          "schema_version": 2,
          "attributes": {
            "alias": [],
            "allow_overwrite": null,
            "failover_routing_policy": [],
            "fqdn": "gat-0.us.galaxy.training",
            "geolocation_routing_policy": [],
            "health_check_id": null,
            "id": "Z022528316NCQCRTGOOLK_gat-0.us.galaxy.training_A",
            "latency_routing_policy": [],
            "multivalue_answer_routing_policy": null,
            "name": "gat-0.us.galaxy.training",
            "records": [
              "149.165.155.82"
            ],
            "set_identifier": null,
            "ttl": 7200,
            "type": "A",
            "weighted_routing_policy": [],
            "zone_id": "Z022528316NCQCRTGOOLK"
          },
          "sensitive_attributes": [],
          "private": "eyJzY2hlbWFfdmVyc2lvbiI6IjIifQ=="
        }
      ]
    },
    {
      "mode": "managed",
      "type": "aws_route53_record",
      "name": "training-vm-us-0-wildcard",
      "provider": "provider[\"registry.terraform.io/hashicorp/aws\"]",
      "instances": [
        {
          "schema_version": 2,
          "attributes": {
            "alias": [],
            "allow_overwrite": null,
            "failover_routing_policy": [],
            "fqdn": "*.interactivetoolentrypoint.interactivetool.gat-0.us.galaxy.training",
            "geolocation_routing_policy": [],
            "health_check_id": null,
            "id": "Z022528316NCQCRTGOOLK_*.interactivetoolentrypoint.interactivetool.gat-0.us.galaxy.training_CNAME",
            "latency_routing_policy": [],
            "multivalue_answer_routing_policy": null,
            "name": "*.interactivetoolentrypoint.interactivetool.gat-0.us.galaxy.training",
            "records": [
              "gat-0.us.galaxy.training"
            ],
            "set_identifier": null,
            "ttl": 7200,
            "type": "CNAME",
            "weighted_routing_policy": [],
            "zone_id": "Z022528316NCQCRTGOOLK"
          },
          "sensitive_attributes": [],
          "private": "eyJzY2hlbWFfdmVyc2lvbiI6IjIifQ=="
        }
      ]
    },
    {
      "mode": "managed",
      "type": "aws_route53_record",
      "name": "training-vm-us-1",
      "provider": "provider[\"registry.terraform.io/hashicorp/aws\"]",
      "instances": [
        {
          "schema_version": 2,
          "attributes": {
            "alias": [],
            "allow_overwrite": null,
            "failover_routing_policy": [],
            "fqdn": "gat-1.us.galaxy.training",
            "geolocation_routing_policy": [],
            "health_check_id": null,
            "id": "Z022528316NCQCRTGOOLK_gat-1.us.galaxy.training_A",
            "latency_routing_policy": [],
            "multivalue_answer_routing_policy": null,
            "name": "gat-1.us.galaxy.training",
            "records": [
              "149.165.155.235"
            ],
            "set_identifier": null,
            "ttl": 7200,
            "type": "A",
            "weighted_routing_policy": [],
            "zone_id": "Z022528316NCQCRTGOOLK"
          },
          "sensitive_attributes": [],
          "private": "eyJzY2hlbWFfdmVyc2lvbiI6IjIifQ=="
        }
      ]
    },
    {
      "mode": "managed",
      "type": "aws_route53_record",
      "name": "training-vm-us-1-wildcard",
      "provider": "provider[\"registry.terraform.io/hashicorp/aws\"]",
      "instances": [
        {
          "schema_version": 2,
          "attributes": {
            "alias": [],
            "allow_overwrite": null,
            "failover_routing_policy": [],
            "fqdn": "*.interactivetoolentrypoint.interactivetool.gat-1.us.galaxy.training",
            "geolocation_routing_policy": [],
            "health_check_id": null,
            "id": "Z022528316NCQCRTGOOLK_*.interactivetoolentrypoint.interactivetool.gat-1.us.galaxy.training_CNAME",
            "latency_routing_policy": [],
            "multivalue_answer_routing_policy": null,
            "name": "*.interactivetoolentrypoint.interactivetool.gat-1.us.galaxy.training",
            "records": [
              "gat-1.us.galaxy.training"
            ],
            "set_identifier": null,
            "ttl": 7200,
            "type": "CNAME",
            "weighted_routing_policy": [],
            "zone_id": "Z022528316NCQCRTGOOLK"
          },
          "sensitive_attributes": [],
          "private": "eyJzY2hlbWFfdmVyc2lvbiI6IjIifQ=="
        }
      ]
    },
    {
      "mode": "managed",
      "type": "aws_route53_record",
      "name": "training-vm-us-2",
      "provider": "provider[\"registry.terraform.io/hashicorp/aws\"]",
      "instances": [
        {
          "schema_version": 2,
          "attributes": {
            "alias": [],
            "allow_overwrite": null,
            "failover_routing_policy": [],
            "fqdn": "gat-2.us.galaxy.training",
            "geolocation_routing_policy": [],
            "health_check_id": null,
            "id": "Z022528316NCQCRTGOOLK_gat-2.us.galaxy.training_A",
            "latency_routing_policy": [],
            "multivalue_answer_routing_policy": null,
            "name": "gat-2.us.galaxy.training",
            "records": [
              "149.165.153.231"
            ],
            "set_identifier": null,
            "ttl": 7200,
            "type": "A",
            "weighted_routing_policy": [],
            "zone_id": "Z022528316NCQCRTGOOLK"
          },
          "sensitive_attributes": [],
          "private": "eyJzY2hlbWFfdmVyc2lvbiI6IjIifQ=="
        }
      ]
    },
    {
      "mode": "managed",
      "type": "aws_route53_record",
      "name": "training-vm-us-2-wildcard",
      "provider": "provider[\"registry.terraform.io/hashicorp/aws\"]",
      "instances": [
        {
          "schema_version": 2,
          "attributes": {
            "alias": [],
            "allow_overwrite": null,
            "failover_routing_policy": [],
            "fqdn": "*.interactivetoolentrypoint.interactivetool.gat-2.us.galaxy.training",
            "geolocation_routing_policy": [],
            "health_check_id": null,
            "id": "Z022528316NCQCRTGOOLK_*.interactivetoolentrypoint.interactivetool.gat-2.us.galaxy.training_CNAME",
            "latency_routing_policy": [],
            "multivalue_answer_routing_policy": null,
            "name": "*.interactivetoolentrypoint.interactivetool.gat-2.us.galaxy.training",
            "records": [
              "gat-2.us.galaxy.training"
            ],
            "set_identifier": null,
            "ttl": 7200,
            "type": "CNAME",
            "weighted_routing_policy": [],
            "zone_id": "Z022528316NCQCRTGOOLK"
          },
          "sensitive_attributes": [],
          "private": "eyJzY2hlbWFfdmVyc2lvbiI6IjIifQ=="
        }
      ]
    },
    {
      "mode": "managed",
      "type": "aws_route53_record",
      "name": "training-vm-us-3",
      "provider": "provider[\"registry.terraform.io/hashicorp/aws\"]",
      "instances": [
        {
          "schema_version": 2,
          "attributes": {
            "alias": [],
            "allow_overwrite": null,
            "failover_routing_policy": [],
            "fqdn": "gat-3.us.galaxy.training",
            "geolocation_routing_policy": [],
            "health_check_id": null,
            "id": "Z022528316NCQCRTGOOLK_gat-3.us.galaxy.training_A",
            "latency_routing_policy": [],
            "multivalue_answer_routing_policy": null,
            "name": "gat-3.us.galaxy.training",
            "records": [
              "149.165.152.120"
            ],
            "set_identifier": null,
            "ttl": 7200,
            "type": "A",
            "weighted_routing_policy": [],
            "zone_id": "Z022528316NCQCRTGOOLK"
          },
          "sensitive_attributes": [],
          "private": "eyJzY2hlbWFfdmVyc2lvbiI6IjIifQ=="
        }
      ]
    },
    {
      "mode": "managed",
      "type": "aws_route53_record",
      "name": "training-vm-us-3-wildcard",
      "provider": "provider[\"registry.terraform.io/hashicorp/aws\"]",
      "instances": [
        {
          "schema_version": 2,
          "attributes": {
            "alias": [],
            "allow_overwrite": null,
            "failover_routing_policy": [],
            "fqdn": "*.interactivetoolentrypoint.interactivetool.gat-3.us.galaxy.training",
            "geolocation_routing_policy": [],
            "health_check_id": null,
            "id": "Z022528316NCQCRTGOOLK_*.interactivetoolentrypoint.interactivetool.gat-3.us.galaxy.training_CNAME",
            "latency_routing_policy": [],
            "multivalue_answer_routing_policy": null,
            "name": "*.interactivetoolentrypoint.interactivetool.gat-3.us.galaxy.training",
            "records": [
              "gat-3.us.galaxy.training"
            ],
            "set_identifier": null,
            "ttl": 7200,
            "type": "CNAME",
            "weighted_routing_policy": [],
            "zone_id": "Z022528316NCQCRTGOOLK"
          },
          "sensitive_attributes": [],
          "private": "eyJzY2hlbWFfdmVyc2lvbiI6IjIifQ=="
        }
      ]
    },
    {
      "mode": "managed",
      "type": "aws_route53_record",
      "name": "training-vm-us-4",
      "provider": "provider[\"registry.terraform.io/hashicorp/aws\"]",
      "instances": [
        {
          "schema_version": 2,
          "attributes": {
            "alias": [],
            "allow_overwrite": null,
            "failover_routing_policy": [],
            "fqdn": "gat-4.us.galaxy.training",
            "geolocation_routing_policy": [],
            "health_check_id": null,
            "id": "Z022528316NCQCRTGOOLK_gat-4.us.galaxy.training_A",
            "latency_routing_policy": [],
            "multivalue_answer_routing_policy": null,
            "name": "gat-4.us.galaxy.training",
            "records": [
              "149.165.152.15"
            ],
            "set_identifier": null,
            "ttl": 7200,
            "type": "A",
            "weighted_routing_policy": [],
            "zone_id": "Z022528316NCQCRTGOOLK"
          },
          "sensitive_attributes": [],
          "private": "eyJzY2hlbWFfdmVyc2lvbiI6IjIifQ=="
        }
      ]
    },
    {
      "mode": "managed",
      "type": "aws_route53_record",
      "name": "training-vm-us-4-wildcard",
      "provider": "provider[\"registry.terraform.io/hashicorp/aws\"]",
      "instances": [
        {
          "schema_version": 2,
          "attributes": {
            "alias": [],
            "allow_overwrite": null,
            "failover_routing_policy": [],
            "fqdn": "*.interactivetoolentrypoint.interactivetool.gat-4.us.galaxy.training",
            "geolocation_routing_policy": [],
            "health_check_id": null,
            "id": "Z022528316NCQCRTGOOLK_*.interactivetoolentrypoint.interactivetool.gat-4.us.galaxy.training_CNAME",
            "latency_routing_policy": [],
            "multivalue_answer_routing_policy": null,
            "name": "*.interactivetoolentrypoint.interactivetool.gat-4.us.galaxy.training",
            "records": [
              "gat-4.us.galaxy.training"
            ],
            "set_identifier": null,
            "ttl": 7200,
            "type": "CNAME",
            "weighted_routing_policy": [],
            "zone_id": "Z022528316NCQCRTGOOLK"
          },
          "sensitive_attributes": [],
          "private": "eyJzY2hlbWFfdmVyc2lvbiI6IjIifQ=="
        }
      ]
    },
    {
      "mode": "managed",
      "type": "aws_route53_record",
      "name": "training-vm-us-5",
      "provider": "provider[\"registry.terraform.io/hashicorp/aws\"]",
      "instances": [
        {
          "schema_version": 2,
          "attributes": {
            "alias": [],
            "allow_overwrite": null,
            "failover_routing_policy": [],
            "fqdn": "gat-5.us.galaxy.training",
            "geolocation_routing_policy": [],
            "health_check_id": null,
            "id": "Z022528316NCQCRTGOOLK_gat-5.us.galaxy.training_A",
            "latency_routing_policy": [],
            "multivalue_answer_routing_policy": null,
            "name": "gat-5.us.galaxy.training",
            "records": [
              "149.165.155.169"
            ],
            "set_identifier": null,
            "ttl": 7200,
            "type": "A",
            "weighted_routing_policy": [],
            "zone_id": "Z022528316NCQCRTGOOLK"
          },
          "sensitive_attributes": [],
          "private": "eyJzY2hlbWFfdmVyc2lvbiI6IjIifQ=="
        }
      ]
    },
    {
      "mode": "managed",
      "type": "aws_route53_record",
      "name": "training-vm-us-5-wildcard",
      "provider": "provider[\"registry.terraform.io/hashicorp/aws\"]",
      "instances": [
        {
          "schema_version": 2,
          "attributes": {
            "alias": [],
            "allow_overwrite": null,
            "failover_routing_policy": [],
            "fqdn": "*.interactivetoolentrypoint.interactivetool.gat-5.us.galaxy.training",
            "geolocation_routing_policy": [],
            "health_check_id": null,
            "id": "Z022528316NCQCRTGOOLK_*.interactivetoolentrypoint.interactivetool.gat-5.us.galaxy.training_CNAME",
            "latency_routing_policy": [],
            "multivalue_answer_routing_policy": null,
            "name": "*.interactivetoolentrypoint.interactivetool.gat-5.us.galaxy.training",
            "records": [
              "gat-5.us.galaxy.training"
            ],
            "set_identifier": null,
            "ttl": 7200,
            "type": "CNAME",
            "weighted_routing_policy": [],
            "zone_id": "Z022528316NCQCRTGOOLK"
          },
          "sensitive_attributes": [],
          "private": "eyJzY2hlbWFfdmVyc2lvbiI6IjIifQ=="
        }
      ]
    },
    {
      "mode": "managed",
      "type": "aws_route53_record",
      "name": "training-vm-us-6",
      "provider": "provider[\"registry.terraform.io/hashicorp/aws\"]",
      "instances": [
        {
          "schema_version": 2,
          "attributes": {
            "alias": [],
            "allow_overwrite": null,
            "failover_routing_policy": [],
            "fqdn": "gat-6.us.galaxy.training",
            "geolocation_routing_policy": [],
            "health_check_id": null,
            "id": "Z022528316NCQCRTGOOLK_gat-6.us.galaxy.training_A",
            "latency_routing_policy": [],
            "multivalue_answer_routing_policy": null,
            "name": "gat-6.us.galaxy.training",
            "records": [
              "149.165.154.245"
            ],
            "set_identifier": null,
            "ttl": 7200,
            "type": "A",
            "weighted_routing_policy": [],
            "zone_id": "Z022528316NCQCRTGOOLK"
          },
          "sensitive_attributes": [],
          "private": "eyJzY2hlbWFfdmVyc2lvbiI6IjIifQ=="
        }
      ]
    },
    {
      "mode": "managed",
      "type": "aws_route53_record",
      "name": "training-vm-us-6-wildcard",
      "provider": "provider[\"registry.terraform.io/hashicorp/aws\"]",
      "instances": [
        {
          "schema_version": 2,
          "attributes": {
            "alias": [],
            "allow_overwrite": null,
            "failover_routing_policy": [],
            "fqdn": "*.interactivetoolentrypoint.interactivetool.gat-6.us.galaxy.training",
            "geolocation_routing_policy": [],
            "health_check_id": null,
            "id": "Z022528316NCQCRTGOOLK_*.interactivetoolentrypoint.interactivetool.gat-6.us.galaxy.training_CNAME",
            "latency_routing_policy": [],
            "multivalue_answer_routing_policy": null,
            "name": "*.interactivetoolentrypoint.interactivetool.gat-6.us.galaxy.training",
            "records": [
              "gat-6.us.galaxy.training"
            ],
            "set_identifier": null,
            "ttl": 7200,
            "type": "CNAME",
            "weighted_routing_policy": [],
            "zone_id": "Z022528316NCQCRTGOOLK"
          },
          "sensitive_attributes": [],
          "private": "eyJzY2hlbWFfdmVyc2lvbiI6IjIifQ=="
        }
      ]
    },
    {
      "mode": "managed",
      "type": "aws_route53_record",
      "name": "training-vm-us-7",
      "provider": "provider[\"registry.terraform.io/hashicorp/aws\"]",
      "instances": [
        {
          "schema_version": 2,
          "attributes": {
            "alias": [],
            "allow_overwrite": null,
            "failover_routing_policy": [],
            "fqdn": "gat-7.us.galaxy.training",
            "geolocation_routing_policy": [],
            "health_check_id": null,
            "id": "Z022528316NCQCRTGOOLK_gat-7.us.galaxy.training_A",
            "latency_routing_policy": [],
            "multivalue_answer_routing_policy": null,
            "name": "gat-7.us.galaxy.training",
            "records": [
              "149.165.154.201"
            ],
            "set_identifier": null,
            "ttl": 7200,
            "type": "A",
            "weighted_routing_policy": [],
            "zone_id": "Z022528316NCQCRTGOOLK"
          },
          "sensitive_attributes": [],
          "private": "eyJzY2hlbWFfdmVyc2lvbiI6IjIifQ=="
        }
      ]
    },
    {
      "mode": "managed",
      "type": "aws_route53_record",
      "name": "training-vm-us-7-wildcard",
      "provider": "provider[\"registry.terraform.io/hashicorp/aws\"]",
      "instances": [
        {
          "schema_version": 2,
          "attributes": {
            "alias": [],
            "allow_overwrite": null,
            "failover_routing_policy": [],
            "fqdn": "*.interactivetoolentrypoint.interactivetool.gat-7.us.galaxy.training",
            "geolocation_routing_policy": [],
            "health_check_id": null,
            "id": "Z022528316NCQCRTGOOLK_*.interactivetoolentrypoint.interactivetool.gat-7.us.galaxy.training_CNAME",
            "latency_routing_policy": [],
            "multivalue_answer_routing_policy": null,
            "name": "*.interactivetoolentrypoint.interactivetool.gat-7.us.galaxy.training",
            "records": [
              "gat-7.us.galaxy.training"
            ],
            "set_identifier": null,
            "ttl": 7200,
            "type": "CNAME",
            "weighted_routing_policy": [],
            "zone_id": "Z022528316NCQCRTGOOLK"
          },
          "sensitive_attributes": [],
          "private": "eyJzY2hlbWFfdmVyc2lvbiI6IjIifQ=="
        }
      ]
    },
    {
      "mode": "managed",
      "type": "aws_route53_record",
      "name": "training-vm-us-8",
      "provider": "provider[\"registry.terraform.io/hashicorp/aws\"]",
      "instances": [
        {
          "schema_version": 2,
          "attributes": {
            "alias": [],
            "allow_overwrite": null,
            "failover_routing_policy": [],
            "fqdn": "gat-8.us.galaxy.training",
            "geolocation_routing_policy": [],
            "health_check_id": null,
            "id": "Z022528316NCQCRTGOOLK_gat-8.us.galaxy.training_A",
            "latency_routing_policy": [],
            "multivalue_answer_routing_policy": null,
            "name": "gat-8.us.galaxy.training",
            "records": [
              "149.165.152.67"
            ],
            "set_identifier": null,
            "ttl": 7200,
            "type": "A",
            "weighted_routing_policy": [],
            "zone_id": "Z022528316NCQCRTGOOLK"
          },
          "sensitive_attributes": [],
          "private": "eyJzY2hlbWFfdmVyc2lvbiI6IjIifQ=="
        }
      ]
    },
    {
      "mode": "managed",
      "type": "aws_route53_record",
      "name": "training-vm-us-8-wildcard",
      "provider": "provider[\"registry.terraform.io/hashicorp/aws\"]",
      "instances": [
        {
          "schema_version": 2,
          "attributes": {
            "alias": [],
            "allow_overwrite": null,
            "failover_routing_policy": [],
            "fqdn": "*.interactivetoolentrypoint.interactivetool.gat-8.us.galaxy.training",
            "geolocation_routing_policy": [],
            "health_check_id": null,
            "id": "Z022528316NCQCRTGOOLK_*.interactivetoolentrypoint.interactivetool.gat-8.us.galaxy.training_CNAME",
            "latency_routing_policy": [],
            "multivalue_answer_routing_policy": null,
            "name": "*.interactivetoolentrypoint.interactivetool.gat-8.us.galaxy.training",
            "records": [
              "gat-8.us.galaxy.training"
            ],
            "set_identifier": null,
            "ttl": 7200,
            "type": "CNAME",
            "weighted_routing_policy": [],
            "zone_id": "Z022528316NCQCRTGOOLK"
          },
          "sensitive_attributes": [],
          "private": "eyJzY2hlbWFfdmVyc2lvbiI6IjIifQ=="
        }
      ]
    },
    {
      "mode": "managed",
      "type": "aws_route53_record",
      "name": "training-vm-us-9",
      "provider": "provider[\"registry.terraform.io/hashicorp/aws\"]",
      "instances": [
        {
          "schema_version": 2,
          "attributes": {
            "alias": [],
            "allow_overwrite": null,
            "failover_routing_policy": [],
            "fqdn": "gat-9.us.galaxy.training",
            "geolocation_routing_policy": [],
            "health_check_id": null,
            "id": "Z022528316NCQCRTGOOLK_gat-9.us.galaxy.training_A",
            "latency_routing_policy": [],
            "multivalue_answer_routing_policy": null,
            "name": "gat-9.us.galaxy.training",
            "records": [
              "149.165.154.68"
            ],
            "set_identifier": null,
            "ttl": 7200,
            "type": "A",
            "weighted_routing_policy": [],
            "zone_id": "Z022528316NCQCRTGOOLK"
          },
          "sensitive_attributes": [],
          "private": "eyJzY2hlbWFfdmVyc2lvbiI6IjIifQ=="
        }
      ]
    },
    {
      "mode": "managed",
      "type": "aws_route53_record",
      "name": "training-vm-us-9-wildcard",
      "provider": "provider[\"registry.terraform.io/hashicorp/aws\"]",
      "instances": [
        {
          "schema_version": 2,
          "attributes": {
            "alias": [],
            "allow_overwrite": null,
            "failover_routing_policy": [],
            "fqdn": "*.interactivetoolentrypoint.interactivetool.gat-9.us.galaxy.training",
            "geolocation_routing_policy": [],
            "health_check_id": null,
            "id": "Z022528316NCQCRTGOOLK_*.interactivetoolentrypoint.interactivetool.gat-9.us.galaxy.training_CNAME",
            "latency_routing_policy": [],
            "multivalue_answer_routing_policy": null,
            "name": "*.interactivetoolentrypoint.interactivetool.gat-9.us.galaxy.training",
            "records": [
              "gat-9.us.galaxy.training"
            ],
            "set_identifier": null,
            "ttl": 7200,
            "type": "CNAME",
            "weighted_routing_policy": [],
            "zone_id": "Z022528316NCQCRTGOOLK"
          },
          "sensitive_attributes": [],
          "private": "eyJzY2hlbWFfdmVyc2lvbiI6IjIifQ=="
        }
      ]
    }
  ]
}
