{
  "version": 4,
  "terraform_version": "0.15.4",
  "serial": 1311,
  "lineage": "1a140571-8b4d-c1da-5722-fd572bd49022",
  "outputs": {
    "test-be": {
      "value": [
        "de62ec0f-a467-4315-9485-85606a5738f9"
      ],
      "type": [
        "tuple",
        [
          "string"
        ]
      ]
    },
    "test-eu": {
      "value": [
        "12765cb5-53b6-48a4-b930-16cbcf6a7fc6"
      ],
      "type": [
        "tuple",
        [
          "string"
        ]
      ]
    },
    "training_dns-be": {
      "value": [
        [
          "gat-0.be.training.galaxyproject.eu",
          "gat-1.be.training.galaxyproject.eu",
          "gat-2.be.training.galaxyproject.eu",
          "gat-3.be.training.galaxyproject.eu",
          "gat-4.be.training.galaxyproject.eu",
          "gat-5.be.training.galaxyproject.eu",
          "gat-6.be.training.galaxyproject.eu",
          "gat-7.be.training.galaxyproject.eu",
          "gat-8.be.training.galaxyproject.eu",
          "gat-9.be.training.galaxyproject.eu",
          "gat-10.be.training.galaxyproject.eu",
          "gat-11.be.training.galaxyproject.eu",
          "gat-12.be.training.galaxyproject.eu",
          "gat-13.be.training.galaxyproject.eu",
          "gat-14.be.training.galaxyproject.eu",
          "gat-15.be.training.galaxyproject.eu",
          "gat-16.be.training.galaxyproject.eu",
          "gat-17.be.training.galaxyproject.eu",
          "gat-18.be.training.galaxyproject.eu",
          "gat-19.be.training.galaxyproject.eu",
          "gat-20.be.training.galaxyproject.eu",
          "gat-21.be.training.galaxyproject.eu",
          "gat-22.be.training.galaxyproject.eu",
          "gat-23.be.training.galaxyproject.eu",
          "gat-24.be.training.galaxyproject.eu",
          "gat-25.be.training.galaxyproject.eu",
          "gat-26.be.training.galaxyproject.eu",
          "gat-27.be.training.galaxyproject.eu",
          "gat-28.be.training.galaxyproject.eu",
          "gat-29.be.training.galaxyproject.eu",
          "gat-30.be.training.galaxyproject.eu",
          "gat-31.be.training.galaxyproject.eu",
          "gat-32.be.training.galaxyproject.eu",
          "gat-33.be.training.galaxyproject.eu",
          "gat-34.be.training.galaxyproject.eu",
          "gat-35.be.training.galaxyproject.eu",
          "gat-36.be.training.galaxyproject.eu",
          "gat-37.be.training.galaxyproject.eu",
          "gat-38.be.training.galaxyproject.eu",
          "gat-39.be.training.galaxyproject.eu",
          "gat-40.be.training.galaxyproject.eu",
          "gat-41.be.training.galaxyproject.eu",
          "gat-42.be.training.galaxyproject.eu",
          "gat-43.be.training.galaxyproject.eu",
          "gat-44.be.training.galaxyproject.eu",
          "gat-45.be.training.galaxyproject.eu",
          "gat-46.be.training.galaxyproject.eu",
          "gat-47.be.training.galaxyproject.eu",
          "gat-48.be.training.galaxyproject.eu",
          "gat-49.be.training.galaxyproject.eu",
          "gat-50.be.training.galaxyproject.eu",
          "gat-51.be.training.galaxyproject.eu",
          "gat-52.be.training.galaxyproject.eu",
          "gat-53.be.training.galaxyproject.eu",
          "gat-54.be.training.galaxyproject.eu",
          "gat-55.be.training.galaxyproject.eu",
          "gat-56.be.training.galaxyproject.eu",
          "gat-57.be.training.galaxyproject.eu",
          "gat-58.be.training.galaxyproject.eu",
          "gat-59.be.training.galaxyproject.eu",
          "gat-60.be.training.galaxyproject.eu",
          "gat-61.be.training.galaxyproject.eu",
          "gat-62.be.training.galaxyproject.eu",
          "gat-63.be.training.galaxyproject.eu",
          "gat-64.be.training.galaxyproject.eu",
          "gat-65.be.training.galaxyproject.eu",
          "gat-66.be.training.galaxyproject.eu",
          "gat-67.be.training.galaxyproject.eu",
          "gat-68.be.training.galaxyproject.eu",
          "gat-69.be.training.galaxyproject.eu",
          "gat-70.be.training.galaxyproject.eu",
          "gat-71.be.training.galaxyproject.eu",
          "gat-72.be.training.galaxyproject.eu",
          "gat-73.be.training.galaxyproject.eu",
          "gat-74.be.training.galaxyproject.eu",
          "gat-75.be.training.galaxyproject.eu",
          "gat-76.be.training.galaxyproject.eu",
          "gat-77.be.training.galaxyproject.eu",
          "gat-78.be.training.galaxyproject.eu",
          "gat-79.be.training.galaxyproject.eu"
        ]
      ],
      "type": [
        "tuple",
        [
          [
            "tuple",
            [
              "string",
              "string",
              "string",
              "string",
              "string",
              "string",
              "string",
              "string",
              "string",
              "string",
              "string",
              "string",
              "string",
              "string",
              "string",
              "string",
              "string",
              "string",
              "string",
              "string",
              "string",
              "string",
              "string",
              "string",
              "string",
              "string",
              "string",
              "string",
              "string",
              "string",
              "string",
              "string",
              "string",
              "string",
              "string",
              "string",
              "string",
              "string",
              "string",
              "string",
              "string",
              "string",
              "string",
              "string",
              "string",
              "string",
              "string",
              "string",
              "string",
              "string",
              "string",
              "string",
              "string",
              "string",
              "string",
              "string",
              "string",
              "string",
              "string",
              "string",
              "string",
              "string",
              "string",
              "string",
              "string",
              "string",
              "string",
              "string",
              "string",
              "string",
              "string",
              "string",
              "string",
              "string",
              "string",
              "string",
              "string",
              "string",
              "string",
              "string"
            ]
          ]
        ]
      ]
    },
    "training_ips-be": {
      "value": [
        [
          "193.190.80.20",
          "193.190.80.21",
          "193.190.80.22",
          "193.190.80.23",
          "193.190.80.24",
          "193.190.80.25",
          "193.190.80.26",
          "193.190.80.27",
          "193.190.80.28",
          "193.190.80.29",
          "193.190.80.30",
          "193.190.80.31",
          "193.190.80.32",
          "193.190.80.33",
          "193.190.80.34",
          "193.190.80.35",
          "193.190.80.36",
          "193.190.80.37",
          "193.190.80.38",
          "193.190.80.39",
          "193.190.80.40",
          "193.190.80.41",
          "193.190.80.42",
          "193.190.80.43",
          "193.190.80.44",
          "193.190.80.45",
          "193.190.80.46",
          "193.190.80.47",
          "193.190.80.48",
          "193.190.80.49",
          "193.190.80.50",
          "193.190.80.51",
          "193.190.80.52",
          "193.190.80.53",
          "193.190.80.54",
          "193.190.80.55",
          "193.190.80.56",
          "193.190.80.57",
          "193.190.80.58",
          "193.190.80.59",
          "193.190.80.60",
          "193.190.80.61",
          "193.190.80.62",
          "193.190.80.63",
          "193.190.80.64",
          "193.190.80.65",
          "193.190.80.66",
          "193.190.80.67",
          "193.190.80.68",
          "193.190.80.69",
          "193.190.80.70",
          "193.190.80.71",
          "193.190.80.72",
          "193.190.80.73",
          "193.190.80.74",
          "193.190.80.75",
          "193.190.80.76",
          "193.190.80.77",
          "193.190.80.78",
          "193.190.80.79",
          "193.190.80.80",
          "193.190.80.81",
          "193.190.80.82",
          "193.190.80.83",
          "193.190.80.84",
          "193.190.80.85",
          "193.190.80.86",
          "193.190.80.87",
          "193.190.80.88",
          "193.190.80.89",
          "193.190.80.90",
          "193.190.80.91",
          "193.190.80.92",
          "193.190.80.93",
          "193.190.80.94",
          "193.190.80.95",
          "193.190.80.96",
          "193.190.80.97",
          "193.190.80.98",
          "193.190.80.99"
        ]
      ],
      "type": [
        "tuple",
        [
          [
            "tuple",
            [
              "string",
              "string",
              "string",
              "string",
              "string",
              "string",
              "string",
              "string",
              "string",
              "string",
              "string",
              "string",
              "string",
              "string",
              "string",
              "string",
              "string",
              "string",
              "string",
              "string",
              "string",
              "string",
              "string",
              "string",
              "string",
              "string",
              "string",
              "string",
              "string",
              "string",
              "string",
              "string",
              "string",
              "string",
              "string",
              "string",
              "string",
              "string",
              "string",
              "string",
              "string",
              "string",
              "string",
              "string",
              "string",
              "string",
              "string",
              "string",
              "string",
              "string",
              "string",
              "string",
              "string",
              "string",
              "string",
              "string",
              "string",
              "string",
              "string",
              "string",
              "string",
              "string",
              "string",
              "string",
              "string",
              "string",
              "string",
              "string",
              "string",
              "string",
              "string",
              "string",
              "string",
              "string",
              "string",
              "string",
              "string",
              "string",
              "string",
              "string"
            ]
          ]
        ]
      ]
    }
  },
  "resources": [
    {
      "mode": "data",
      "type": "aws_route53_zone",
      "name": "training-gxp-eu",
      "provider": "provider[\"registry.terraform.io/hashicorp/aws\"]",
      "instances": [
        {
          "schema_version": 0,
          "attributes": {
            "caller_reference": "terraform-20201124123049979600000001",
            "comment": "Managed by Terraform",
            "id": "Z05016927AMHTHGB1IS2",
            "linked_service_description": null,
            "linked_service_principal": null,
            "name": "training.galaxyproject.eu",
            "name_servers": [
              "ns-344.awsdns-43.com",
              "ns-752.awsdns-30.net",
              "ns-1148.awsdns-15.org",
              "ns-1689.awsdns-19.co.uk"
            ],
            "private_zone": false,
            "resource_record_set_count": 92,
            "tags": {},
            "vpc_id": null,
            "zone_id": "Z05016927AMHTHGB1IS2"
          },
          "sensitive_attributes": []
        }
      ]
    },
    {
      "mode": "data",
      "type": "openstack_images_image_v2",
      "name": "gat-image-be",
      "provider": "provider[\"registry.terraform.io/terraform-provider-openstack/openstack\"].vsc",
      "instances": [
        {
          "schema_version": 0,
          "attributes": {
            "checksum": "d456f3857a4944adda970fa5bac73dc2",
            "container_format": "bare",
            "created_at": "2021-06-15T14:36:57Z",
            "disk_format": "qcow2",
            "file": "/v2/images/de62ec0f-a467-4315-9485-85606a5738f9/file",
            "hidden": false,
            "id": "de62ec0f-a467-4315-9485-85606a5738f9",
            "member_status": null,
            "metadata": {},
            "min_disk_gb": 0,
            "min_ram_mb": 0,
            "most_recent": false,
            "name": "Ubuntu-20.04",
            "owner": "ee35a38495ad4dddbc646d0887a39135",
            "properties": null,
            "protected": false,
            "region": "regionOne",
            "schema": "/v2/schemas/image",
            "size_bytes": 814088192,
            "size_max": null,
            "size_min": null,
            "sort_direction": "asc",
            "sort_key": "name",
            "tag": null,
            "tags": [],
            "updated_at": "2021-06-15T14:37:24Z",
            "visibility": "public"
          },
          "sensitive_attributes": []
        }
      ]
    },
    {
      "mode": "data",
      "type": "openstack_images_image_v2",
      "name": "hello-be",
      "provider": "provider[\"registry.terraform.io/terraform-provider-openstack/openstack\"].vsc",
      "instances": [
        {
          "schema_version": 0,
          "attributes": {
            "checksum": "d456f3857a4944adda970fa5bac73dc2",
            "container_format": "bare",
            "created_at": "2021-06-15T14:36:57Z",
            "disk_format": "qcow2",
            "file": "/v2/images/de62ec0f-a467-4315-9485-85606a5738f9/file",
            "hidden": false,
            "id": "de62ec0f-a467-4315-9485-85606a5738f9",
            "member_status": null,
            "metadata": {},
            "min_disk_gb": 0,
            "min_ram_mb": 0,
            "most_recent": false,
            "name": "Ubuntu-20.04",
            "owner": "ee35a38495ad4dddbc646d0887a39135",
            "properties": null,
            "protected": false,
            "region": "regionOne",
            "schema": "/v2/schemas/image",
            "size_bytes": 814088192,
            "size_max": null,
            "size_min": null,
            "sort_direction": "asc",
            "sort_key": "name",
            "tag": null,
            "tags": [],
            "updated_at": "2021-06-15T14:37:24Z",
            "visibility": "public"
          },
          "sensitive_attributes": []
        }
      ]
    },
    {
      "mode": "data",
      "type": "openstack_images_image_v2",
      "name": "hello-eu",
      "provider": "provider[\"registry.terraform.io/terraform-provider-openstack/openstack\"].eu",
      "instances": [
        {
          "schema_version": 0,
          "attributes": {
            "checksum": "d273b4fb5280fcc9069cbe1bfa9634b0",
            "container_format": "bare",
            "created_at": "2020-05-06T08:03:33Z",
            "disk_format": "raw",
            "file": "/v2/images/12765cb5-53b6-48a4-b930-16cbcf6a7fc6/file",
            "hidden": false,
            "id": "12765cb5-53b6-48a4-b930-16cbcf6a7fc6",
            "member_status": null,
            "metadata": {},
            "min_disk_gb": 5,
            "min_ram_mb": 256,
            "most_recent": false,
            "name": "Ubuntu 20.04",
            "owner": "0e73357886c449e3a6eb13d513c49aa4",
            "properties": null,
            "protected": true,
            "region": "Freiburg",
            "schema": "/v2/schemas/image",
            "size_bytes": 2361393152,
            "size_max": null,
            "size_min": null,
            "sort_direction": "asc",
            "sort_key": "name",
            "tag": null,
            "tags": [],
            "updated_at": "2020-05-06T08:04:21Z",
            "visibility": "public"
          },
          "sensitive_attributes": []
        }
      ]
    },
    {
      "mode": "data",
      "type": "openstack_networking_floatingip_v2",
      "name": "floatingips",
      "provider": "provider[\"registry.terraform.io/terraform-provider-openstack/openstack\"].vsc",
      "instances": [
        {
          "index_key": 0,
          "schema_version": 0,
          "attributes": {
            "address": "193.190.80.20",
            "all_tags": [],
            "description": "",
            "dns_domain": "",
            "dns_name": "",
            "fixed_ip": "10.113.7.112",
            "id": "a09c2bf3-fd84-4731-8a86-8d129a77ee1e",
            "pool": "5c8d7f16-390b-40a0-add8-56c461242872",
            "port_id": "e58cbb00-16bc-46bd-9bb2-136a8d356ef9",
            "region": "regionOne",
            "status": "ACTIVE",
            "tags": null,
            "tenant_id": "46606f330313430bb0d464049481ab2f"
          },
          "sensitive_attributes": []
        },
        {
          "index_key": 1,
          "schema_version": 0,
          "attributes": {
            "address": "193.190.80.21",
            "all_tags": [],
            "description": "",
            "dns_domain": "",
            "dns_name": "",
            "fixed_ip": "10.113.7.168",
            "id": "75a0df89-1ae2-4cf5-b472-86a4e342eee6",
            "pool": "5c8d7f16-390b-40a0-add8-56c461242872",
            "port_id": "f24cf495-93ad-41c5-977b-ff02dfd4ae9f",
            "region": "regionOne",
            "status": "ACTIVE",
            "tags": null,
            "tenant_id": "46606f330313430bb0d464049481ab2f"
          },
          "sensitive_attributes": []
        },
        {
          "index_key": 2,
          "schema_version": 0,
          "attributes": {
            "address": "193.190.80.22",
            "all_tags": [],
            "description": "",
            "dns_domain": "",
            "dns_name": "",
            "fixed_ip": "10.113.7.166",
            "id": "747bd310-3ca6-4cd2-bb26-cd60b5ee828a",
            "pool": "5c8d7f16-390b-40a0-add8-56c461242872",
            "port_id": "82478777-f993-4afb-a633-93e529df66fb",
            "region": "regionOne",
            "status": "ACTIVE",
            "tags": null,
            "tenant_id": "46606f330313430bb0d464049481ab2f"
          },
          "sensitive_attributes": []
        },
        {
          "index_key": 3,
          "schema_version": 0,
          "attributes": {
            "address": "193.190.80.23",
            "all_tags": [],
            "description": "",
            "dns_domain": "",
            "dns_name": "",
            "fixed_ip": "10.113.7.135",
            "id": "c3122972-ae2f-4476-a1d8-3a7027df0623",
            "pool": "5c8d7f16-390b-40a0-add8-56c461242872",
            "port_id": "90f42dac-f160-4797-ace5-8ffe2d620643",
            "region": "regionOne",
            "status": "ACTIVE",
            "tags": null,
            "tenant_id": "46606f330313430bb0d464049481ab2f"
          },
          "sensitive_attributes": []
        },
        {
          "index_key": 4,
          "schema_version": 0,
          "attributes": {
            "address": "193.190.80.24",
            "all_tags": [],
            "description": "",
            "dns_domain": "",
            "dns_name": "",
            "fixed_ip": "10.113.7.100",
            "id": "60d8fef4-e17c-4e08-a551-ff0893bbf4c0",
            "pool": "5c8d7f16-390b-40a0-add8-56c461242872",
            "port_id": "4f7d00c5-fe71-4ce8-8f42-6b8b002ac2db",
            "region": "regionOne",
            "status": "ACTIVE",
            "tags": null,
            "tenant_id": "46606f330313430bb0d464049481ab2f"
          },
          "sensitive_attributes": []
        },
        {
          "index_key": 5,
          "schema_version": 0,
          "attributes": {
            "address": "193.190.80.25",
            "all_tags": [],
            "description": "",
            "dns_domain": "",
            "dns_name": "",
            "fixed_ip": "10.113.7.44",
            "id": "8ce29fb6-d88b-47b2-87c0-3c4a68ad4764",
            "pool": "5c8d7f16-390b-40a0-add8-56c461242872",
            "port_id": "377cd13a-9a9c-484f-89eb-7530967df492",
            "region": "regionOne",
            "status": "ACTIVE",
            "tags": null,
            "tenant_id": "46606f330313430bb0d464049481ab2f"
          },
          "sensitive_attributes": []
        },
        {
          "index_key": 6,
          "schema_version": 0,
          "attributes": {
            "address": "193.190.80.26",
            "all_tags": [],
            "description": "",
            "dns_domain": "",
            "dns_name": "",
            "fixed_ip": "10.113.7.29",
            "id": "3026f3e1-61b3-4a85-ab76-a4401d200eb3",
            "pool": "5c8d7f16-390b-40a0-add8-56c461242872",
            "port_id": "b7162240-560e-4069-b129-bb768ebfb5f9",
            "region": "regionOne",
            "status": "ACTIVE",
            "tags": null,
            "tenant_id": "46606f330313430bb0d464049481ab2f"
          },
          "sensitive_attributes": []
        },
        {
          "index_key": 7,
          "schema_version": 0,
          "attributes": {
            "address": "193.190.80.27",
            "all_tags": [],
            "description": "",
            "dns_domain": "",
            "dns_name": "",
            "fixed_ip": "10.113.7.116",
            "id": "a648dd01-575d-416e-9b79-59be19ba886e",
            "pool": "5c8d7f16-390b-40a0-add8-56c461242872",
            "port_id": "b3415b3d-453b-4ee6-ba04-56f0cba82f0a",
            "region": "regionOne",
            "status": "ACTIVE",
            "tags": null,
            "tenant_id": "46606f330313430bb0d464049481ab2f"
          },
          "sensitive_attributes": []
        },
        {
          "index_key": 8,
          "schema_version": 0,
          "attributes": {
            "address": "193.190.80.28",
            "all_tags": [],
            "description": "",
            "dns_domain": "",
            "dns_name": "",
            "fixed_ip": "10.113.7.63",
            "id": "00d445ef-21df-4b86-9ba9-adad690d0700",
            "pool": "5c8d7f16-390b-40a0-add8-56c461242872",
            "port_id": "8de688da-4297-43b2-b9e8-79365e48b840",
            "region": "regionOne",
            "status": "ACTIVE",
            "tags": null,
            "tenant_id": "46606f330313430bb0d464049481ab2f"
          },
          "sensitive_attributes": []
        },
        {
          "index_key": 9,
          "schema_version": 0,
          "attributes": {
            "address": "193.190.80.29",
            "all_tags": [],
            "description": "",
            "dns_domain": "",
            "dns_name": "",
            "fixed_ip": "10.113.7.51",
            "id": "da66545c-b578-4e55-b40f-f5965a63d88f",
            "pool": "5c8d7f16-390b-40a0-add8-56c461242872",
            "port_id": "fa4c7285-d061-4825-b048-d29c4a618de3",
            "region": "regionOne",
            "status": "ACTIVE",
            "tags": null,
            "tenant_id": "46606f330313430bb0d464049481ab2f"
          },
          "sensitive_attributes": []
        },
        {
          "index_key": 10,
          "schema_version": 0,
          "attributes": {
            "address": "193.190.80.30",
            "all_tags": [],
            "description": "",
            "dns_domain": "",
            "dns_name": "",
            "fixed_ip": "10.113.7.57",
            "id": "3d9fac0d-ebf1-4183-ab8d-6ab75e8d0dc4",
            "pool": "5c8d7f16-390b-40a0-add8-56c461242872",
            "port_id": "9aaaca5a-794c-457e-b894-e7aeb9621052",
            "region": "regionOne",
            "status": "ACTIVE",
            "tags": null,
            "tenant_id": "46606f330313430bb0d464049481ab2f"
          },
          "sensitive_attributes": []
        },
        {
          "index_key": 11,
          "schema_version": 0,
          "attributes": {
            "address": "193.190.80.31",
            "all_tags": [],
            "description": "",
            "dns_domain": "",
            "dns_name": "",
            "fixed_ip": "10.113.7.148",
            "id": "aaf64999-84da-4011-aa3e-ee9fee8cdb8d",
            "pool": "5c8d7f16-390b-40a0-add8-56c461242872",
            "port_id": "70ef9752-baf0-43ff-91c2-f0c3dcbb126e",
            "region": "regionOne",
            "status": "ACTIVE",
            "tags": null,
            "tenant_id": "46606f330313430bb0d464049481ab2f"
          },
          "sensitive_attributes": []
        },
        {
          "index_key": 12,
          "schema_version": 0,
          "attributes": {
            "address": "193.190.80.32",
            "all_tags": [],
            "description": "",
            "dns_domain": "",
            "dns_name": "",
            "fixed_ip": "10.113.7.134",
            "id": "46f68d4b-f40c-4cc1-a56a-343c8fe698e4",
            "pool": "5c8d7f16-390b-40a0-add8-56c461242872",
            "port_id": "fa828a87-7b7f-4405-8b75-1b351a63e908",
            "region": "regionOne",
            "status": "ACTIVE",
            "tags": null,
            "tenant_id": "46606f330313430bb0d464049481ab2f"
          },
          "sensitive_attributes": []
        },
        {
          "index_key": 13,
          "schema_version": 0,
          "attributes": {
            "address": "193.190.80.33",
            "all_tags": [],
            "description": "",
            "dns_domain": "",
            "dns_name": "",
            "fixed_ip": "10.113.7.78",
            "id": "eec21b2e-051b-4928-a739-8908036d65c1",
            "pool": "5c8d7f16-390b-40a0-add8-56c461242872",
            "port_id": "59a63935-ddc9-4b8a-83c6-f28ee4ca5593",
            "region": "regionOne",
            "status": "ACTIVE",
            "tags": null,
            "tenant_id": "46606f330313430bb0d464049481ab2f"
          },
          "sensitive_attributes": []
        },
        {
          "index_key": 14,
          "schema_version": 0,
          "attributes": {
            "address": "193.190.80.34",
            "all_tags": [],
            "description": "",
            "dns_domain": "",
            "dns_name": "",
            "fixed_ip": "10.113.7.20",
            "id": "0acbdc86-38fa-4b05-a127-f4a195ccadd7",
            "pool": "5c8d7f16-390b-40a0-add8-56c461242872",
            "port_id": "f49a5b3f-e441-4208-9793-4e9faa47dffb",
            "region": "regionOne",
            "status": "ACTIVE",
            "tags": null,
            "tenant_id": "46606f330313430bb0d464049481ab2f"
          },
          "sensitive_attributes": []
        },
        {
          "index_key": 15,
          "schema_version": 0,
          "attributes": {
            "address": "193.190.80.35",
            "all_tags": [],
            "description": "",
            "dns_domain": "",
            "dns_name": "",
            "fixed_ip": "10.113.7.15",
            "id": "d3020345-f590-4e15-9aee-409033cc2dda",
            "pool": "5c8d7f16-390b-40a0-add8-56c461242872",
            "port_id": "63008962-2d3a-4200-bf22-b4687736bfd5",
            "region": "regionOne",
            "status": "ACTIVE",
            "tags": null,
            "tenant_id": "46606f330313430bb0d464049481ab2f"
          },
          "sensitive_attributes": []
        },
        {
          "index_key": 16,
          "schema_version": 0,
          "attributes": {
            "address": "193.190.80.36",
            "all_tags": [],
            "description": "",
            "dns_domain": "",
            "dns_name": "",
            "fixed_ip": "10.113.7.202",
            "id": "d8f8304c-5b8f-4712-80f0-909405ba5e40",
            "pool": "5c8d7f16-390b-40a0-add8-56c461242872",
            "port_id": "7b928ab3-9cd1-4763-ae7a-aa775b0eafb8",
            "region": "regionOne",
            "status": "ACTIVE",
            "tags": null,
            "tenant_id": "46606f330313430bb0d464049481ab2f"
          },
          "sensitive_attributes": []
        },
        {
          "index_key": 17,
          "schema_version": 0,
          "attributes": {
            "address": "193.190.80.37",
            "all_tags": [],
            "description": "",
            "dns_domain": "",
            "dns_name": "",
            "fixed_ip": "10.113.7.240",
            "id": "72f83f86-b218-46bd-a6a5-2a21960ef5fa",
            "pool": "5c8d7f16-390b-40a0-add8-56c461242872",
            "port_id": "364288bd-9a4e-431d-833d-d7e06ac080ad",
            "region": "regionOne",
            "status": "ACTIVE",
            "tags": null,
            "tenant_id": "46606f330313430bb0d464049481ab2f"
          },
          "sensitive_attributes": []
        },
        {
          "index_key": 18,
          "schema_version": 0,
          "attributes": {
            "address": "193.190.80.38",
            "all_tags": [],
            "description": "",
            "dns_domain": "",
            "dns_name": "",
            "fixed_ip": "10.113.7.7",
            "id": "54cc7f73-3637-4b54-accd-bc04d0cee551",
            "pool": "5c8d7f16-390b-40a0-add8-56c461242872",
            "port_id": "aa010d1a-3ed0-422c-9921-ce49b735ce1d",
            "region": "regionOne",
            "status": "ACTIVE",
            "tags": null,
            "tenant_id": "46606f330313430bb0d464049481ab2f"
          },
          "sensitive_attributes": []
        },
        {
          "index_key": 19,
          "schema_version": 0,
          "attributes": {
            "address": "193.190.80.39",
            "all_tags": [],
            "description": "",
            "dns_domain": "",
            "dns_name": "",
            "fixed_ip": "10.113.7.108",
            "id": "bc904fdb-9d5b-42e8-a4e3-d042fd94bfd4",
            "pool": "5c8d7f16-390b-40a0-add8-56c461242872",
            "port_id": "f3950cb9-d8bd-4364-9db6-05d3dfed3133",
            "region": "regionOne",
            "status": "ACTIVE",
            "tags": null,
            "tenant_id": "46606f330313430bb0d464049481ab2f"
          },
          "sensitive_attributes": []
        },
        {
          "index_key": 20,
          "schema_version": 0,
          "attributes": {
            "address": "193.190.80.40",
            "all_tags": [],
            "description": "",
            "dns_domain": "",
            "dns_name": "",
            "fixed_ip": "10.113.7.62",
            "id": "0fb903c8-3c84-43c6-bc7d-a93e305a0436",
            "pool": "5c8d7f16-390b-40a0-add8-56c461242872",
            "port_id": "714b82c7-bd6e-456c-b1b5-e2a449a616e2",
            "region": "regionOne",
            "status": "ACTIVE",
            "tags": null,
            "tenant_id": "46606f330313430bb0d464049481ab2f"
          },
          "sensitive_attributes": []
        },
        {
          "index_key": 21,
          "schema_version": 0,
          "attributes": {
            "address": "193.190.80.41",
            "all_tags": [],
            "description": "",
            "dns_domain": "",
            "dns_name": "",
            "fixed_ip": "10.113.7.171",
            "id": "2e9de320-362c-4adc-a899-30752f6e0551",
            "pool": "5c8d7f16-390b-40a0-add8-56c461242872",
            "port_id": "a1955856-80ef-4bdd-ae6b-aef78ffff95e",
            "region": "regionOne",
            "status": "ACTIVE",
            "tags": null,
            "tenant_id": "46606f330313430bb0d464049481ab2f"
          },
          "sensitive_attributes": []
        },
        {
          "index_key": 22,
          "schema_version": 0,
          "attributes": {
            "address": "193.190.80.42",
            "all_tags": [],
            "description": "",
            "dns_domain": "",
            "dns_name": "",
            "fixed_ip": "10.113.7.217",
            "id": "5e179296-40e2-4426-91ff-eb647e42deda",
            "pool": "5c8d7f16-390b-40a0-add8-56c461242872",
            "port_id": "3c0944dc-6d40-4b82-bf41-30e9c2bc3180",
            "region": "regionOne",
            "status": "ACTIVE",
            "tags": null,
            "tenant_id": "46606f330313430bb0d464049481ab2f"
          },
          "sensitive_attributes": []
        },
        {
          "index_key": 23,
          "schema_version": 0,
          "attributes": {
            "address": "193.190.80.43",
            "all_tags": [],
            "description": "",
            "dns_domain": "",
            "dns_name": "",
            "fixed_ip": "10.113.7.74",
            "id": "7a5a6f92-c02f-44b0-8aa8-2af5199d7c8e",
            "pool": "5c8d7f16-390b-40a0-add8-56c461242872",
            "port_id": "46c60dca-957b-4ab2-94fd-26b2beb2386c",
            "region": "regionOne",
            "status": "ACTIVE",
            "tags": null,
            "tenant_id": "46606f330313430bb0d464049481ab2f"
          },
          "sensitive_attributes": []
        },
        {
          "index_key": 24,
          "schema_version": 0,
          "attributes": {
            "address": "193.190.80.44",
            "all_tags": [],
            "description": "",
            "dns_domain": "",
            "dns_name": "",
            "fixed_ip": "10.113.7.248",
            "id": "734eca8a-a841-4d4c-92aa-0cd85a8043a1",
            "pool": "5c8d7f16-390b-40a0-add8-56c461242872",
            "port_id": "0b143cdb-569b-405b-b70d-c121a2076208",
            "region": "regionOne",
            "status": "ACTIVE",
            "tags": null,
            "tenant_id": "46606f330313430bb0d464049481ab2f"
          },
          "sensitive_attributes": []
        },
        {
          "index_key": 25,
          "schema_version": 0,
          "attributes": {
            "address": "193.190.80.45",
            "all_tags": [],
            "description": "",
            "dns_domain": "",
            "dns_name": "",
            "fixed_ip": "10.113.7.191",
            "id": "c4697c9c-2810-4268-89f4-9b513cfac4bd",
            "pool": "5c8d7f16-390b-40a0-add8-56c461242872",
            "port_id": "9664f22d-0aa4-424f-9e18-c53cf76862ed",
            "region": "regionOne",
            "status": "ACTIVE",
            "tags": null,
            "tenant_id": "46606f330313430bb0d464049481ab2f"
          },
          "sensitive_attributes": []
        },
        {
          "index_key": 26,
          "schema_version": 0,
          "attributes": {
            "address": "193.190.80.46",
            "all_tags": [],
            "description": "",
            "dns_domain": "",
            "dns_name": "",
            "fixed_ip": "10.113.7.227",
            "id": "1194423e-9c2a-4b4f-a0fb-df4afd34fe9f",
            "pool": "5c8d7f16-390b-40a0-add8-56c461242872",
            "port_id": "6af9a942-233d-4aeb-8384-b58e520c716a",
            "region": "regionOne",
            "status": "ACTIVE",
            "tags": null,
            "tenant_id": "46606f330313430bb0d464049481ab2f"
          },
          "sensitive_attributes": []
        },
        {
          "index_key": 27,
          "schema_version": 0,
          "attributes": {
            "address": "193.190.80.47",
            "all_tags": [],
            "description": "",
            "dns_domain": "",
            "dns_name": "",
            "fixed_ip": "10.113.7.48",
            "id": "7d40e803-ca00-4b22-a4d2-7cc39da5967e",
            "pool": "5c8d7f16-390b-40a0-add8-56c461242872",
            "port_id": "3ac4655b-022a-4f2f-bf39-f8282bb706ea",
            "region": "regionOne",
            "status": "ACTIVE",
            "tags": null,
            "tenant_id": "46606f330313430bb0d464049481ab2f"
          },
          "sensitive_attributes": []
        },
        {
          "index_key": 28,
          "schema_version": 0,
          "attributes": {
            "address": "193.190.80.48",
            "all_tags": [],
            "description": "",
            "dns_domain": "",
            "dns_name": "",
            "fixed_ip": "10.113.7.243",
            "id": "f2baa4cb-59d0-40bb-b9ea-7b7f07476805",
            "pool": "5c8d7f16-390b-40a0-add8-56c461242872",
            "port_id": "48152a5f-930e-4dee-8afc-6ab33ca4dad2",
            "region": "regionOne",
            "status": "ACTIVE",
            "tags": null,
            "tenant_id": "46606f330313430bb0d464049481ab2f"
          },
          "sensitive_attributes": []
        },
        {
          "index_key": 29,
          "schema_version": 0,
          "attributes": {
            "address": "193.190.80.49",
            "all_tags": [],
            "description": "",
            "dns_domain": "",
            "dns_name": "",
            "fixed_ip": "10.113.7.35",
            "id": "a044593a-42e9-427d-9729-297555977f38",
            "pool": "5c8d7f16-390b-40a0-add8-56c461242872",
            "port_id": "8bf4b0c3-321c-4d3c-9e43-189e7de2fa14",
            "region": "regionOne",
            "status": "ACTIVE",
            "tags": null,
            "tenant_id": "46606f330313430bb0d464049481ab2f"
          },
          "sensitive_attributes": []
        },
        {
          "index_key": 30,
          "schema_version": 0,
          "attributes": {
            "address": "193.190.80.50",
            "all_tags": [],
            "description": "",
            "dns_domain": "",
            "dns_name": "",
            "fixed_ip": "10.113.7.153",
            "id": "111b646b-47cc-4278-99bf-99c3b975ea1d",
            "pool": "5c8d7f16-390b-40a0-add8-56c461242872",
            "port_id": "30fc5f5d-f949-4efd-810a-1590bd164b44",
            "region": "regionOne",
            "status": "ACTIVE",
            "tags": null,
            "tenant_id": "46606f330313430bb0d464049481ab2f"
          },
          "sensitive_attributes": []
        },
        {
          "index_key": 31,
          "schema_version": 0,
          "attributes": {
            "address": "193.190.80.51",
            "all_tags": [],
            "description": "",
            "dns_domain": "",
            "dns_name": "",
            "fixed_ip": "10.113.7.42",
            "id": "a56b8adf-b745-4b2e-8684-a4c7e1fa4c89",
            "pool": "5c8d7f16-390b-40a0-add8-56c461242872",
            "port_id": "60ce6958-d1db-458c-bdd0-b4e559fabf90",
            "region": "regionOne",
            "status": "ACTIVE",
            "tags": null,
            "tenant_id": "46606f330313430bb0d464049481ab2f"
          },
          "sensitive_attributes": []
        },
        {
          "index_key": 32,
          "schema_version": 0,
          "attributes": {
            "address": "193.190.80.52",
            "all_tags": [],
            "description": "",
            "dns_domain": "",
            "dns_name": "",
            "fixed_ip": "10.113.7.81",
            "id": "cebc7db4-df21-4ff7-8325-5197b8cd7ddb",
            "pool": "5c8d7f16-390b-40a0-add8-56c461242872",
            "port_id": "f6f05531-0396-41f0-9e65-f22b64893631",
            "region": "regionOne",
            "status": "ACTIVE",
            "tags": null,
            "tenant_id": "46606f330313430bb0d464049481ab2f"
          },
          "sensitive_attributes": []
        },
        {
          "index_key": 33,
          "schema_version": 0,
          "attributes": {
            "address": "193.190.80.53",
            "all_tags": [],
            "description": "",
            "dns_domain": "",
            "dns_name": "",
            "fixed_ip": "10.113.7.5",
            "id": "fd88fc74-4ce1-4c37-aec0-cc51c20ebf96",
            "pool": "5c8d7f16-390b-40a0-add8-56c461242872",
            "port_id": "fb91f604-aab5-4f11-b71c-c8f3dd7d9be6",
            "region": "regionOne",
            "status": "ACTIVE",
            "tags": null,
            "tenant_id": "46606f330313430bb0d464049481ab2f"
          },
          "sensitive_attributes": []
        },
        {
          "index_key": 34,
          "schema_version": 0,
          "attributes": {
            "address": "193.190.80.54",
            "all_tags": [],
            "description": "",
            "dns_domain": "",
            "dns_name": "",
            "fixed_ip": "10.113.7.219",
            "id": "642ca9d2-d402-4756-bfcc-16c4f3e10b75",
            "pool": "5c8d7f16-390b-40a0-add8-56c461242872",
            "port_id": "d79e2b9e-8b12-42a0-b4bf-d2285612e09b",
            "region": "regionOne",
            "status": "ACTIVE",
            "tags": null,
            "tenant_id": "46606f330313430bb0d464049481ab2f"
          },
          "sensitive_attributes": []
        },
        {
          "index_key": 35,
          "schema_version": 0,
          "attributes": {
            "address": "193.190.80.55",
            "all_tags": [],
            "description": "",
            "dns_domain": "",
            "dns_name": "",
            "fixed_ip": "10.113.7.122",
            "id": "a04e1323-9692-4174-97ce-386e9dcdeb1d",
            "pool": "5c8d7f16-390b-40a0-add8-56c461242872",
            "port_id": "a2cd2c0d-3a3b-4347-98f5-79d68188ae13",
            "region": "regionOne",
            "status": "ACTIVE",
            "tags": null,
            "tenant_id": "46606f330313430bb0d464049481ab2f"
          },
          "sensitive_attributes": []
        },
        {
          "index_key": 36,
          "schema_version": 0,
          "attributes": {
            "address": "193.190.80.56",
            "all_tags": [],
            "description": "",
            "dns_domain": "",
            "dns_name": "",
            "fixed_ip": "10.113.7.83",
            "id": "dbe96f37-efde-4e82-a58c-1001898fb787",
            "pool": "5c8d7f16-390b-40a0-add8-56c461242872",
            "port_id": "92cbcbbe-7196-464c-b8d2-f9395e3cbdc6",
            "region": "regionOne",
            "status": "ACTIVE",
            "tags": null,
            "tenant_id": "46606f330313430bb0d464049481ab2f"
          },
          "sensitive_attributes": []
        },
        {
          "index_key": 37,
          "schema_version": 0,
          "attributes": {
            "address": "193.190.80.57",
            "all_tags": [],
            "description": "",
            "dns_domain": "",
            "dns_name": "",
            "fixed_ip": "10.113.7.141",
            "id": "3a683eda-032d-4bed-8db1-ccd64525ebd5",
            "pool": "5c8d7f16-390b-40a0-add8-56c461242872",
            "port_id": "43c6195f-46bb-4315-88ff-01a41a7a70be",
            "region": "regionOne",
            "status": "ACTIVE",
            "tags": null,
            "tenant_id": "46606f330313430bb0d464049481ab2f"
          },
          "sensitive_attributes": []
        },
        {
          "index_key": 38,
          "schema_version": 0,
          "attributes": {
            "address": "193.190.80.58",
            "all_tags": [],
            "description": "",
            "dns_domain": "",
            "dns_name": "",
            "fixed_ip": "10.113.7.24",
            "id": "348a29ff-2227-4194-8b33-7b3dde9b5db5",
            "pool": "5c8d7f16-390b-40a0-add8-56c461242872",
            "port_id": "09d2b117-11cb-4880-97b1-5f19090e54cb",
            "region": "regionOne",
            "status": "ACTIVE",
            "tags": null,
            "tenant_id": "46606f330313430bb0d464049481ab2f"
          },
          "sensitive_attributes": []
        },
        {
          "index_key": 39,
          "schema_version": 0,
          "attributes": {
            "address": "193.190.80.59",
            "all_tags": [],
            "description": "",
            "dns_domain": "",
            "dns_name": "",
            "fixed_ip": "10.113.7.225",
            "id": "5528d295-6c4a-4565-b159-4eb78c8de1a2",
            "pool": "5c8d7f16-390b-40a0-add8-56c461242872",
            "port_id": "d9603055-1b35-4cb6-8cb8-f3e918a91fa3",
            "region": "regionOne",
            "status": "ACTIVE",
            "tags": null,
            "tenant_id": "46606f330313430bb0d464049481ab2f"
          },
          "sensitive_attributes": []
        },
        {
          "index_key": 40,
          "schema_version": 0,
          "attributes": {
            "address": "193.190.80.60",
            "all_tags": [],
            "description": "",
            "dns_domain": "",
            "dns_name": "",
            "fixed_ip": "10.113.7.40",
            "id": "b30760ee-ed01-4379-9895-5b143533cf2f",
            "pool": "5c8d7f16-390b-40a0-add8-56c461242872",
            "port_id": "16227504-c5c0-4740-8334-43a8bc35dd70",
            "region": "regionOne",
            "status": "ACTIVE",
            "tags": null,
            "tenant_id": "46606f330313430bb0d464049481ab2f"
          },
          "sensitive_attributes": []
        },
        {
          "index_key": 41,
          "schema_version": 0,
          "attributes": {
            "address": "193.190.80.61",
            "all_tags": [],
            "description": "",
            "dns_domain": "",
            "dns_name": "",
            "fixed_ip": "10.113.7.205",
            "id": "5b173dc0-48b3-459a-9348-bdf0f9f3801f",
            "pool": "5c8d7f16-390b-40a0-add8-56c461242872",
            "port_id": "051ea93c-6428-4b38-8a99-c05bb9cf1890",
            "region": "regionOne",
            "status": "ACTIVE",
            "tags": null,
            "tenant_id": "46606f330313430bb0d464049481ab2f"
          },
          "sensitive_attributes": []
        },
        {
          "index_key": 42,
          "schema_version": 0,
          "attributes": {
            "address": "193.190.80.62",
            "all_tags": [],
            "description": "",
            "dns_domain": "",
            "dns_name": "",
            "fixed_ip": "10.113.7.139",
            "id": "cdd810da-da63-4659-8da7-d16d16347434",
            "pool": "5c8d7f16-390b-40a0-add8-56c461242872",
            "port_id": "42904c3e-cfc0-4bf7-abeb-9eddbde3049b",
            "region": "regionOne",
            "status": "ACTIVE",
            "tags": null,
            "tenant_id": "46606f330313430bb0d464049481ab2f"
          },
          "sensitive_attributes": []
        },
        {
          "index_key": 43,
          "schema_version": 0,
          "attributes": {
            "address": "193.190.80.63",
            "all_tags": [],
            "description": "",
            "dns_domain": "",
            "dns_name": "",
            "fixed_ip": "10.113.7.158",
            "id": "0a6ef0af-6bf1-450c-babd-4c1e8478b57e",
            "pool": "5c8d7f16-390b-40a0-add8-56c461242872",
            "port_id": "2971f13b-1d78-4ff7-b5e4-59ed17ede9de",
            "region": "regionOne",
            "status": "ACTIVE",
            "tags": null,
            "tenant_id": "46606f330313430bb0d464049481ab2f"
          },
          "sensitive_attributes": []
        },
        {
          "index_key": 44,
          "schema_version": 0,
          "attributes": {
            "address": "193.190.80.64",
            "all_tags": [],
            "description": "",
            "dns_domain": "",
            "dns_name": "",
            "fixed_ip": "10.113.7.65",
            "id": "d7e10d44-8ec8-40c1-956c-0f0ef56f2cb3",
            "pool": "5c8d7f16-390b-40a0-add8-56c461242872",
            "port_id": "8179f556-c47a-4f86-b77e-0145a03d93f2",
            "region": "regionOne",
            "status": "ACTIVE",
            "tags": null,
            "tenant_id": "46606f330313430bb0d464049481ab2f"
          },
          "sensitive_attributes": []
        },
        {
          "index_key": 45,
          "schema_version": 0,
          "attributes": {
            "address": "193.190.80.65",
            "all_tags": [],
            "description": "",
            "dns_domain": "",
            "dns_name": "",
            "fixed_ip": "10.113.7.226",
            "id": "15ebc70c-d9a0-4d8c-a33a-7b01287c06b0",
            "pool": "5c8d7f16-390b-40a0-add8-56c461242872",
            "port_id": "6315a946-2707-4436-90ad-cc7e5869e23d",
            "region": "regionOne",
            "status": "ACTIVE",
            "tags": null,
            "tenant_id": "46606f330313430bb0d464049481ab2f"
          },
          "sensitive_attributes": []
        },
        {
          "index_key": 46,
          "schema_version": 0,
          "attributes": {
            "address": "193.190.80.66",
            "all_tags": [],
            "description": "",
            "dns_domain": "",
            "dns_name": "",
            "fixed_ip": "10.113.7.169",
            "id": "3118d33d-2068-4fa1-9562-f7103f491a0f",
            "pool": "5c8d7f16-390b-40a0-add8-56c461242872",
            "port_id": "46b05c2c-e16d-44e3-b419-c6f8961b72f4",
            "region": "regionOne",
            "status": "ACTIVE",
            "tags": null,
            "tenant_id": "46606f330313430bb0d464049481ab2f"
          },
          "sensitive_attributes": []
        },
        {
          "index_key": 47,
          "schema_version": 0,
          "attributes": {
            "address": "193.190.80.67",
            "all_tags": [],
            "description": "",
            "dns_domain": "",
            "dns_name": "",
            "fixed_ip": "10.113.7.19",
            "id": "da71de73-df64-4d57-a40e-5c18c7ff0772",
            "pool": "5c8d7f16-390b-40a0-add8-56c461242872",
            "port_id": "36f6a336-c5de-4758-903c-9526fda9be6e",
            "region": "regionOne",
            "status": "ACTIVE",
            "tags": null,
            "tenant_id": "46606f330313430bb0d464049481ab2f"
          },
          "sensitive_attributes": []
        },
        {
          "index_key": 48,
          "schema_version": 0,
          "attributes": {
            "address": "193.190.80.68",
            "all_tags": [],
            "description": "",
            "dns_domain": "",
            "dns_name": "",
            "fixed_ip": "10.113.7.113",
            "id": "9e71514b-219d-4a73-a566-8a0fd02582ea",
            "pool": "5c8d7f16-390b-40a0-add8-56c461242872",
            "port_id": "6558b94a-1c29-4492-a1d3-92742c4d420a",
            "region": "regionOne",
            "status": "ACTIVE",
            "tags": null,
            "tenant_id": "46606f330313430bb0d464049481ab2f"
          },
          "sensitive_attributes": []
        },
        {
          "index_key": 49,
          "schema_version": 0,
          "attributes": {
            "address": "193.190.80.69",
            "all_tags": [],
            "description": "",
            "dns_domain": "",
            "dns_name": "",
            "fixed_ip": "10.113.7.68",
            "id": "6bea98d3-ab75-4d66-bc73-672874ad3b31",
            "pool": "5c8d7f16-390b-40a0-add8-56c461242872",
            "port_id": "ad9965bc-ed64-4807-9a88-cf83da020a7e",
            "region": "regionOne",
            "status": "ACTIVE",
            "tags": null,
            "tenant_id": "46606f330313430bb0d464049481ab2f"
          },
          "sensitive_attributes": []
        },
        {
          "index_key": 50,
          "schema_version": 0,
          "attributes": {
            "address": "193.190.80.70",
            "all_tags": [],
            "description": "",
            "dns_domain": "",
            "dns_name": "",
            "fixed_ip": "10.113.7.245",
            "id": "6bcae70b-a836-4678-bb6c-3967b6bfdf93",
            "pool": "5c8d7f16-390b-40a0-add8-56c461242872",
            "port_id": "029ff40d-7e5e-4e47-86e6-0ac29d61aac7",
            "region": "regionOne",
            "status": "ACTIVE",
            "tags": null,
            "tenant_id": "46606f330313430bb0d464049481ab2f"
          },
          "sensitive_attributes": []
        },
        {
          "index_key": 51,
          "schema_version": 0,
          "attributes": {
            "address": "193.190.80.71",
            "all_tags": [],
            "description": "",
            "dns_domain": "",
            "dns_name": "",
            "fixed_ip": "10.113.7.110",
            "id": "db0d072b-62e7-4e26-8204-0d28736056d5",
            "pool": "5c8d7f16-390b-40a0-add8-56c461242872",
            "port_id": "892c7f36-df89-4f9e-a4b8-1e76a0f8c6ed",
            "region": "regionOne",
            "status": "ACTIVE",
            "tags": null,
            "tenant_id": "46606f330313430bb0d464049481ab2f"
          },
          "sensitive_attributes": []
        },
        {
          "index_key": 52,
          "schema_version": 0,
          "attributes": {
            "address": "193.190.80.72",
            "all_tags": [],
            "description": "",
            "dns_domain": "",
            "dns_name": "",
            "fixed_ip": "10.113.7.203",
            "id": "1e19dd33-0b9a-4dfb-809f-e773ac70b9bd",
            "pool": "5c8d7f16-390b-40a0-add8-56c461242872",
            "port_id": "8d70371a-2131-46aa-9a24-7fc2acf91a33",
            "region": "regionOne",
            "status": "ACTIVE",
            "tags": null,
            "tenant_id": "46606f330313430bb0d464049481ab2f"
          },
          "sensitive_attributes": []
        },
        {
          "index_key": 53,
          "schema_version": 0,
          "attributes": {
            "address": "193.190.80.73",
            "all_tags": [],
            "description": "",
            "dns_domain": "",
            "dns_name": "",
            "fixed_ip": "10.113.7.26",
            "id": "371f35ba-abdb-42dd-a028-30a093aba90f",
            "pool": "5c8d7f16-390b-40a0-add8-56c461242872",
            "port_id": "ee4c2071-9fde-4ee4-94bd-b1ab695c760b",
            "region": "regionOne",
            "status": "ACTIVE",
            "tags": null,
            "tenant_id": "46606f330313430bb0d464049481ab2f"
          },
          "sensitive_attributes": []
        },
        {
          "index_key": 54,
          "schema_version": 0,
          "attributes": {
            "address": "193.190.80.74",
            "all_tags": [],
            "description": "",
            "dns_domain": "",
            "dns_name": "",
            "fixed_ip": "10.113.7.128",
            "id": "393c942f-201a-4ff7-9c76-4830914d6419",
            "pool": "5c8d7f16-390b-40a0-add8-56c461242872",
            "port_id": "ed45eeeb-8727-4e3a-99b7-7aed3a71b11b",
            "region": "regionOne",
            "status": "ACTIVE",
            "tags": null,
            "tenant_id": "46606f330313430bb0d464049481ab2f"
          },
          "sensitive_attributes": []
        },
        {
          "index_key": 55,
          "schema_version": 0,
          "attributes": {
            "address": "193.190.80.75",
            "all_tags": [],
            "description": "",
            "dns_domain": "",
            "dns_name": "",
            "fixed_ip": "10.113.7.159",
            "id": "5138d056-8dae-48d9-82b3-982cc0d03e85",
            "pool": "5c8d7f16-390b-40a0-add8-56c461242872",
            "port_id": "75408a2e-1293-46f0-8bc4-fdb1a66caaed",
            "region": "regionOne",
            "status": "ACTIVE",
            "tags": null,
            "tenant_id": "46606f330313430bb0d464049481ab2f"
          },
          "sensitive_attributes": []
        },
        {
          "index_key": 56,
          "schema_version": 0,
          "attributes": {
            "address": "193.190.80.76",
            "all_tags": [],
            "description": "",
            "dns_domain": "",
            "dns_name": "",
            "fixed_ip": "10.113.7.126",
            "id": "df8c6e31-401d-4d05-8cb9-357acc0042cc",
            "pool": "5c8d7f16-390b-40a0-add8-56c461242872",
            "port_id": "34e7d735-2928-4a51-8557-0dad4ebdd8a1",
            "region": "regionOne",
            "status": "ACTIVE",
            "tags": null,
            "tenant_id": "46606f330313430bb0d464049481ab2f"
          },
          "sensitive_attributes": []
        },
        {
          "index_key": 57,
          "schema_version": 0,
          "attributes": {
            "address": "193.190.80.77",
            "all_tags": [],
            "description": "",
            "dns_domain": "",
            "dns_name": "",
            "fixed_ip": "10.113.7.242",
            "id": "1c563fde-df33-46f8-aad9-250b3dc17beb",
            "pool": "5c8d7f16-390b-40a0-add8-56c461242872",
            "port_id": "767efbe5-65dd-47c3-954f-deb19fe777e1",
            "region": "regionOne",
            "status": "ACTIVE",
            "tags": null,
            "tenant_id": "46606f330313430bb0d464049481ab2f"
          },
          "sensitive_attributes": []
        },
        {
          "index_key": 58,
          "schema_version": 0,
          "attributes": {
            "address": "193.190.80.78",
            "all_tags": [],
            "description": "",
            "dns_domain": "",
            "dns_name": "",
            "fixed_ip": "10.113.7.120",
            "id": "743ec9a7-82c9-496e-94a3-0fbb3cc419da",
            "pool": "5c8d7f16-390b-40a0-add8-56c461242872",
            "port_id": "bfec7e11-948a-48ef-a088-530b42cdbc47",
            "region": "regionOne",
            "status": "ACTIVE",
            "tags": null,
            "tenant_id": "46606f330313430bb0d464049481ab2f"
          },
          "sensitive_attributes": []
        },
        {
          "index_key": 59,
          "schema_version": 0,
          "attributes": {
            "address": "193.190.80.79",
            "all_tags": [],
            "description": "",
            "dns_domain": "",
            "dns_name": "",
            "fixed_ip": "10.113.7.154",
            "id": "27ce11a7-26f6-4014-94a4-c5ece83ba437",
            "pool": "5c8d7f16-390b-40a0-add8-56c461242872",
            "port_id": "d981b0c0-3af7-48fe-93d0-cb853eb5c778",
            "region": "regionOne",
            "status": "ACTIVE",
            "tags": null,
            "tenant_id": "46606f330313430bb0d464049481ab2f"
          },
          "sensitive_attributes": []
        },
        {
          "index_key": 60,
          "schema_version": 0,
          "attributes": {
            "address": "193.190.80.80",
            "all_tags": [],
            "description": "",
            "dns_domain": "",
            "dns_name": "",
            "fixed_ip": "10.113.7.53",
            "id": "8ac4bca1-8466-4649-bb5a-735748b190d4",
            "pool": "5c8d7f16-390b-40a0-add8-56c461242872",
            "port_id": "8881ee59-e6be-45c6-b377-1b35abf967a4",
            "region": "regionOne",
            "status": "ACTIVE",
            "tags": null,
            "tenant_id": "46606f330313430bb0d464049481ab2f"
          },
          "sensitive_attributes": []
        },
        {
          "index_key": 61,
          "schema_version": 0,
          "attributes": {
            "address": "193.190.80.81",
            "all_tags": [],
            "description": "",
            "dns_domain": "",
            "dns_name": "",
            "fixed_ip": "10.113.7.56",
            "id": "b5a54c9d-88f9-42bf-8a9e-615c199e1769",
            "pool": "5c8d7f16-390b-40a0-add8-56c461242872",
            "port_id": "5b0cd118-c619-45d4-b7d8-d7e546e22779",
            "region": "regionOne",
            "status": "ACTIVE",
            "tags": null,
            "tenant_id": "46606f330313430bb0d464049481ab2f"
          },
          "sensitive_attributes": []
        },
        {
          "index_key": 62,
          "schema_version": 0,
          "attributes": {
            "address": "193.190.80.82",
            "all_tags": [],
            "description": "",
            "dns_domain": "",
            "dns_name": "",
            "fixed_ip": "10.113.7.105",
            "id": "0bc1bbe2-15e0-4442-b666-e487db3cf0cc",
            "pool": "5c8d7f16-390b-40a0-add8-56c461242872",
            "port_id": "32a54329-555b-43f2-8d8f-889357125708",
            "region": "regionOne",
            "status": "ACTIVE",
            "tags": null,
            "tenant_id": "46606f330313430bb0d464049481ab2f"
          },
          "sensitive_attributes": []
        },
        {
          "index_key": 63,
          "schema_version": 0,
          "attributes": {
            "address": "193.190.80.83",
            "all_tags": [],
            "description": "",
            "dns_domain": "",
            "dns_name": "",
            "fixed_ip": "10.113.7.23",
            "id": "b590eb68-28ad-4639-94f6-a98bf68f94de",
            "pool": "5c8d7f16-390b-40a0-add8-56c461242872",
            "port_id": "bff56a9a-d7dd-4ea5-8012-c4a01cccf1c2",
            "region": "regionOne",
            "status": "ACTIVE",
            "tags": null,
            "tenant_id": "46606f330313430bb0d464049481ab2f"
          },
          "sensitive_attributes": []
        },
        {
          "index_key": 64,
          "schema_version": 0,
          "attributes": {
            "address": "193.190.80.84",
            "all_tags": [],
            "description": "",
            "dns_domain": "",
            "dns_name": "",
            "fixed_ip": "10.113.7.188",
            "id": "90ecb00f-cc6d-4575-b627-412e2f312898",
            "pool": "5c8d7f16-390b-40a0-add8-56c461242872",
            "port_id": "a3152077-9819-419a-ae8b-82101a795358",
            "region": "regionOne",
            "status": "ACTIVE",
            "tags": null,
            "tenant_id": "46606f330313430bb0d464049481ab2f"
          },
          "sensitive_attributes": []
        },
        {
          "index_key": 65,
          "schema_version": 0,
          "attributes": {
            "address": "193.190.80.85",
            "all_tags": [],
            "description": "",
            "dns_domain": "",
            "dns_name": "",
            "fixed_ip": "10.113.7.28",
            "id": "c96d5aba-aa9a-4b43-b813-505d0d4c83f8",
            "pool": "5c8d7f16-390b-40a0-add8-56c461242872",
            "port_id": "9db4fe71-3af1-4c0e-bd17-65de76f9699f",
            "region": "regionOne",
            "status": "ACTIVE",
            "tags": null,
            "tenant_id": "46606f330313430bb0d464049481ab2f"
          },
          "sensitive_attributes": []
        },
        {
          "index_key": 66,
          "schema_version": 0,
          "attributes": {
            "address": "193.190.80.86",
            "all_tags": [],
            "description": "",
            "dns_domain": "",
            "dns_name": "",
            "fixed_ip": "10.113.7.229",
            "id": "7bdb4b56-841c-47da-a1c0-234d8b32cbe7",
            "pool": "5c8d7f16-390b-40a0-add8-56c461242872",
            "port_id": "ae626aaa-262e-487d-b7bd-fa8ad5665d79",
            "region": "regionOne",
            "status": "ACTIVE",
            "tags": null,
            "tenant_id": "46606f330313430bb0d464049481ab2f"
          },
          "sensitive_attributes": []
        },
        {
          "index_key": 67,
          "schema_version": 0,
          "attributes": {
            "address": "193.190.80.87",
            "all_tags": [],
            "description": "",
            "dns_domain": "",
            "dns_name": "",
            "fixed_ip": "10.113.7.92",
            "id": "259bf478-1e8a-4d0d-bac1-2ac448731bd7",
            "pool": "5c8d7f16-390b-40a0-add8-56c461242872",
            "port_id": "21f0babc-a184-47f6-8d88-1aa2380883ea",
            "region": "regionOne",
            "status": "ACTIVE",
            "tags": null,
            "tenant_id": "46606f330313430bb0d464049481ab2f"
          },
          "sensitive_attributes": []
        },
        {
          "index_key": 68,
          "schema_version": 0,
          "attributes": {
            "address": "193.190.80.88",
            "all_tags": [],
            "description": "",
            "dns_domain": "",
            "dns_name": "",
            "fixed_ip": "10.113.7.16",
            "id": "999ceffa-a8ae-462a-ae2c-3b14f752a3e0",
            "pool": "5c8d7f16-390b-40a0-add8-56c461242872",
            "port_id": "a684b42f-34d5-467d-8493-6bf97e657da8",
            "region": "regionOne",
            "status": "ACTIVE",
            "tags": null,
            "tenant_id": "46606f330313430bb0d464049481ab2f"
          },
          "sensitive_attributes": []
        },
        {
          "index_key": 69,
          "schema_version": 0,
          "attributes": {
            "address": "193.190.80.89",
            "all_tags": [],
            "description": "",
            "dns_domain": "",
            "dns_name": "",
            "fixed_ip": "10.113.7.104",
            "id": "152e1554-39e9-439f-97ae-c6c7745033b4",
            "pool": "5c8d7f16-390b-40a0-add8-56c461242872",
            "port_id": "3770083d-4756-4b34-8a30-ff9837e6dd11",
            "region": "regionOne",
            "status": "ACTIVE",
            "tags": null,
            "tenant_id": "46606f330313430bb0d464049481ab2f"
          },
          "sensitive_attributes": []
        },
        {
          "index_key": 70,
          "schema_version": 0,
          "attributes": {
            "address": "193.190.80.90",
            "all_tags": [],
            "description": "",
            "dns_domain": "",
            "dns_name": "",
            "fixed_ip": "10.113.7.251",
            "id": "a1ec23ca-6015-4759-8097-60a1ccc89cd6",
            "pool": "5c8d7f16-390b-40a0-add8-56c461242872",
            "port_id": "e299dbff-7b11-43db-a93a-43d15f4db1ca",
            "region": "regionOne",
            "status": "ACTIVE",
            "tags": null,
            "tenant_id": "46606f330313430bb0d464049481ab2f"
          },
          "sensitive_attributes": []
        },
        {
          "index_key": 71,
          "schema_version": 0,
          "attributes": {
            "address": "193.190.80.91",
            "all_tags": [],
            "description": "",
            "dns_domain": "",
            "dns_name": "",
            "fixed_ip": "10.113.7.103",
            "id": "805d7653-5256-4612-8a08-c650e01c6400",
            "pool": "5c8d7f16-390b-40a0-add8-56c461242872",
            "port_id": "37deb0de-7b78-41f1-b742-b93c09fd9dde",
            "region": "regionOne",
            "status": "ACTIVE",
            "tags": null,
            "tenant_id": "46606f330313430bb0d464049481ab2f"
          },
          "sensitive_attributes": []
        },
        {
          "index_key": 72,
          "schema_version": 0,
          "attributes": {
            "address": "193.190.80.92",
            "all_tags": [],
            "description": "",
            "dns_domain": "",
            "dns_name": "",
            "fixed_ip": "10.113.7.99",
            "id": "e84c6702-8093-425a-8ba0-c42eaad09580",
            "pool": "5c8d7f16-390b-40a0-add8-56c461242872",
            "port_id": "363016ab-3ad6-4dcd-9604-ed8727fba43d",
            "region": "regionOne",
            "status": "ACTIVE",
            "tags": null,
            "tenant_id": "46606f330313430bb0d464049481ab2f"
          },
          "sensitive_attributes": []
        },
        {
          "index_key": 73,
          "schema_version": 0,
          "attributes": {
            "address": "193.190.80.93",
            "all_tags": [],
            "description": "",
            "dns_domain": "",
            "dns_name": "",
            "fixed_ip": "10.113.7.179",
            "id": "6fd38edf-b5a0-44fb-a3a5-1db21cdc1a28",
            "pool": "5c8d7f16-390b-40a0-add8-56c461242872",
            "port_id": "d02fc50f-71cd-4fe8-9b6e-5abffc1932f1",
            "region": "regionOne",
            "status": "ACTIVE",
            "tags": null,
            "tenant_id": "46606f330313430bb0d464049481ab2f"
          },
          "sensitive_attributes": []
        },
        {
          "index_key": 74,
          "schema_version": 0,
          "attributes": {
            "address": "193.190.80.94",
            "all_tags": [],
            "description": "",
            "dns_domain": "",
            "dns_name": "",
            "fixed_ip": "10.113.7.241",
            "id": "85ef78ff-1619-4a04-aae6-40207e752ca8",
            "pool": "5c8d7f16-390b-40a0-add8-56c461242872",
            "port_id": "24f1598a-1fa6-40fb-9e0c-c27d5b723d26",
            "region": "regionOne",
            "status": "ACTIVE",
            "tags": null,
            "tenant_id": "46606f330313430bb0d464049481ab2f"
          },
          "sensitive_attributes": []
        },
        {
          "index_key": 75,
          "schema_version": 0,
          "attributes": {
            "address": "193.190.80.95",
            "all_tags": [],
            "description": "",
            "dns_domain": "",
            "dns_name": "",
            "fixed_ip": "10.113.7.156",
            "id": "8ce8bacd-aa33-4185-bfcf-9e3fc218899f",
            "pool": "5c8d7f16-390b-40a0-add8-56c461242872",
            "port_id": "b33d34c4-15f7-4899-8064-ba91405c2ee1",
            "region": "regionOne",
            "status": "ACTIVE",
            "tags": null,
            "tenant_id": "46606f330313430bb0d464049481ab2f"
          },
          "sensitive_attributes": []
        },
        {
          "index_key": 76,
          "schema_version": 0,
          "attributes": {
            "address": "193.190.80.96",
            "all_tags": [],
            "description": "",
            "dns_domain": "",
            "dns_name": "",
            "fixed_ip": "10.113.7.144",
            "id": "99bb2aed-dd56-48be-b37e-5f68d99a507c",
            "pool": "5c8d7f16-390b-40a0-add8-56c461242872",
            "port_id": "abcf86e5-2dbf-4cc7-a1d2-24c5ca557607",
            "region": "regionOne",
            "status": "ACTIVE",
            "tags": null,
            "tenant_id": "46606f330313430bb0d464049481ab2f"
          },
          "sensitive_attributes": []
        },
        {
          "index_key": 77,
          "schema_version": 0,
          "attributes": {
            "address": "193.190.80.97",
            "all_tags": [],
            "description": "",
            "dns_domain": "",
            "dns_name": "",
            "fixed_ip": "10.113.7.89",
            "id": "b18cc90b-25c1-442f-b151-2cc6cdbff7ac",
            "pool": "5c8d7f16-390b-40a0-add8-56c461242872",
            "port_id": "846990ae-1935-4cf8-947c-5b76f579b65a",
            "region": "regionOne",
            "status": "ACTIVE",
            "tags": null,
            "tenant_id": "46606f330313430bb0d464049481ab2f"
          },
          "sensitive_attributes": []
        },
        {
          "index_key": 78,
          "schema_version": 0,
          "attributes": {
            "address": "193.190.80.98",
            "all_tags": [],
            "description": "",
            "dns_domain": "",
            "dns_name": "",
            "fixed_ip": "10.113.7.72",
            "id": "6712b888-078f-402a-ba39-94cdb559891b",
            "pool": "5c8d7f16-390b-40a0-add8-56c461242872",
            "port_id": "93c2c6f1-541f-4f0e-b567-240124029989",
            "region": "regionOne",
            "status": "ACTIVE",
            "tags": null,
            "tenant_id": "46606f330313430bb0d464049481ab2f"
          },
          "sensitive_attributes": []
        },
        {
          "index_key": 79,
          "schema_version": 0,
          "attributes": {
            "address": "193.190.80.99",
            "all_tags": [],
            "description": "",
            "dns_domain": "",
            "dns_name": "",
            "fixed_ip": "10.113.7.235",
            "id": "9f1c524b-1136-45ba-b0fb-a06878efd387",
            "pool": "5c8d7f16-390b-40a0-add8-56c461242872",
            "port_id": "e9982ba8-6a63-478e-998d-8a6fecbd8656",
            "region": "regionOne",
            "status": "ACTIVE",
            "tags": null,
            "tenant_id": "46606f330313430bb0d464049481ab2f"
          },
          "sensitive_attributes": []
        }
      ]
    },
    {
      "mode": "data",
      "type": "openstack_networking_port_v2",
      "name": "ports",
      "provider": "provider[\"registry.terraform.io/terraform-provider-openstack/openstack\"].vsc",
      "instances": [
        {
          "index_key": 0,
          "schema_version": 0,
          "attributes": {
            "admin_state_up": true,
            "all_fixed_ips": [
              "10.113.7.112"
            ],
            "all_security_group_ids": [
              "dcbfab8a-cb6e-40fb-b95c-fd779c686fab"
            ],
            "all_tags": [],
            "allowed_address_pairs": [],
            "binding": [
              {
                "host_id": "",
                "profile": "",
                "vif_details": {},
                "vif_type": "",
                "vnic_type": "normal"
              }
            ],
            "description": "",
            "device_id": "d656509a-60eb-46a6-9048-e93c4749b1cc",
            "device_owner": "compute:nova",
            "dns_assignment": [],
            "dns_name": "",
            "extra_dhcp_option": [],
            "fixed_ip": "10.113.7.112",
            "id": "e58cbb00-16bc-46bd-9bb2-136a8d356ef9",
            "mac_address": "fa:16:3e:0f:ca:7f",
            "name": "",
            "network_id": "6f3714b9-f2d5-4592-b25d-6fdfddcff48c",
            "port_id": "e58cbb00-16bc-46bd-9bb2-136a8d356ef9",
            "project_id": "46606f330313430bb0d464049481ab2f",
            "region": "regionOne",
            "security_group_ids": null,
            "status": null,
            "tags": null,
            "tenant_id": "46606f330313430bb0d464049481ab2f"
          },
          "sensitive_attributes": []
        },
        {
          "index_key": 1,
          "schema_version": 0,
          "attributes": {
            "admin_state_up": true,
            "all_fixed_ips": [
              "10.113.7.168"
            ],
            "all_security_group_ids": [
              "dcbfab8a-cb6e-40fb-b95c-fd779c686fab"
            ],
            "all_tags": [],
            "allowed_address_pairs": [],
            "binding": [
              {
                "host_id": "",
                "profile": "",
                "vif_details": {},
                "vif_type": "",
                "vnic_type": "normal"
              }
            ],
            "description": "",
            "device_id": "5a747ddc-4f25-418b-8fbd-ba92fbdda90c",
            "device_owner": "compute:nova",
            "dns_assignment": [],
            "dns_name": "",
            "extra_dhcp_option": [],
            "fixed_ip": "10.113.7.168",
            "id": "f24cf495-93ad-41c5-977b-ff02dfd4ae9f",
            "mac_address": "fa:16:3e:c2:66:3b",
            "name": "",
            "network_id": "6f3714b9-f2d5-4592-b25d-6fdfddcff48c",
            "port_id": "f24cf495-93ad-41c5-977b-ff02dfd4ae9f",
            "project_id": "46606f330313430bb0d464049481ab2f",
            "region": "regionOne",
            "security_group_ids": null,
            "status": null,
            "tags": null,
            "tenant_id": "46606f330313430bb0d464049481ab2f"
          },
          "sensitive_attributes": []
        },
        {
          "index_key": 2,
          "schema_version": 0,
          "attributes": {
            "admin_state_up": true,
            "all_fixed_ips": [
              "10.113.7.166"
            ],
            "all_security_group_ids": [
              "dcbfab8a-cb6e-40fb-b95c-fd779c686fab"
            ],
            "all_tags": [],
            "allowed_address_pairs": [],
            "binding": [
              {
                "host_id": "",
                "profile": "",
                "vif_details": {},
                "vif_type": "",
                "vnic_type": "normal"
              }
            ],
            "description": "",
            "device_id": "40b59ec2-e3d8-42c6-9989-b04bb3f5eaa0",
            "device_owner": "compute:nova",
            "dns_assignment": [],
            "dns_name": "",
            "extra_dhcp_option": [],
            "fixed_ip": "10.113.7.166",
            "id": "82478777-f993-4afb-a633-93e529df66fb",
            "mac_address": "fa:16:3e:1f:e0:0c",
            "name": "",
            "network_id": "6f3714b9-f2d5-4592-b25d-6fdfddcff48c",
            "port_id": "82478777-f993-4afb-a633-93e529df66fb",
            "project_id": "46606f330313430bb0d464049481ab2f",
            "region": "regionOne",
            "security_group_ids": null,
            "status": null,
            "tags": null,
            "tenant_id": "46606f330313430bb0d464049481ab2f"
          },
          "sensitive_attributes": []
        },
        {
          "index_key": 3,
          "schema_version": 0,
          "attributes": {
            "admin_state_up": true,
            "all_fixed_ips": [
              "10.113.7.135"
            ],
            "all_security_group_ids": [
              "dcbfab8a-cb6e-40fb-b95c-fd779c686fab"
            ],
            "all_tags": [],
            "allowed_address_pairs": [],
            "binding": [
              {
                "host_id": "",
                "profile": "",
                "vif_details": {},
                "vif_type": "",
                "vnic_type": "normal"
              }
            ],
            "description": "",
            "device_id": "5bd2417c-bd0f-472c-b68a-014d3139bac2",
            "device_owner": "compute:nova",
            "dns_assignment": [],
            "dns_name": "",
            "extra_dhcp_option": [],
            "fixed_ip": "10.113.7.135",
            "id": "90f42dac-f160-4797-ace5-8ffe2d620643",
            "mac_address": "fa:16:3e:f4:67:7d",
            "name": "",
            "network_id": "6f3714b9-f2d5-4592-b25d-6fdfddcff48c",
            "port_id": "90f42dac-f160-4797-ace5-8ffe2d620643",
            "project_id": "46606f330313430bb0d464049481ab2f",
            "region": "regionOne",
            "security_group_ids": null,
            "status": null,
            "tags": null,
            "tenant_id": "46606f330313430bb0d464049481ab2f"
          },
          "sensitive_attributes": []
        },
        {
          "index_key": 4,
          "schema_version": 0,
          "attributes": {
            "admin_state_up": true,
            "all_fixed_ips": [
              "10.113.7.100"
            ],
            "all_security_group_ids": [
              "dcbfab8a-cb6e-40fb-b95c-fd779c686fab"
            ],
            "all_tags": [],
            "allowed_address_pairs": [],
            "binding": [
              {
                "host_id": "",
                "profile": "",
                "vif_details": {},
                "vif_type": "",
                "vnic_type": "normal"
              }
            ],
            "description": "",
            "device_id": "77983040-0d91-4419-818c-74b5c2db8dc5",
            "device_owner": "compute:nova",
            "dns_assignment": [],
            "dns_name": "",
            "extra_dhcp_option": [],
            "fixed_ip": "10.113.7.100",
            "id": "4f7d00c5-fe71-4ce8-8f42-6b8b002ac2db",
            "mac_address": "fa:16:3e:04:fc:3b",
            "name": "",
            "network_id": "6f3714b9-f2d5-4592-b25d-6fdfddcff48c",
            "port_id": "4f7d00c5-fe71-4ce8-8f42-6b8b002ac2db",
            "project_id": "46606f330313430bb0d464049481ab2f",
            "region": "regionOne",
            "security_group_ids": null,
            "status": null,
            "tags": null,
            "tenant_id": "46606f330313430bb0d464049481ab2f"
          },
          "sensitive_attributes": []
        },
        {
          "index_key": 5,
          "schema_version": 0,
          "attributes": {
            "admin_state_up": true,
            "all_fixed_ips": [
              "10.113.7.44"
            ],
            "all_security_group_ids": [
              "dcbfab8a-cb6e-40fb-b95c-fd779c686fab"
            ],
            "all_tags": [],
            "allowed_address_pairs": [],
            "binding": [
              {
                "host_id": "",
                "profile": "",
                "vif_details": {},
                "vif_type": "",
                "vnic_type": "normal"
              }
            ],
            "description": "",
            "device_id": "c814c44e-f0b4-4568-adb7-d1fb67c0cdd4",
            "device_owner": "compute:nova",
            "dns_assignment": [],
            "dns_name": "",
            "extra_dhcp_option": [],
            "fixed_ip": "10.113.7.44",
            "id": "377cd13a-9a9c-484f-89eb-7530967df492",
            "mac_address": "fa:16:3e:8f:09:da",
            "name": "",
            "network_id": "6f3714b9-f2d5-4592-b25d-6fdfddcff48c",
            "port_id": "377cd13a-9a9c-484f-89eb-7530967df492",
            "project_id": "46606f330313430bb0d464049481ab2f",
            "region": "regionOne",
            "security_group_ids": null,
            "status": null,
            "tags": null,
            "tenant_id": "46606f330313430bb0d464049481ab2f"
          },
          "sensitive_attributes": []
        },
        {
          "index_key": 6,
          "schema_version": 0,
          "attributes": {
            "admin_state_up": true,
            "all_fixed_ips": [
              "10.113.7.29"
            ],
            "all_security_group_ids": [
              "dcbfab8a-cb6e-40fb-b95c-fd779c686fab"
            ],
            "all_tags": [],
            "allowed_address_pairs": [],
            "binding": [
              {
                "host_id": "",
                "profile": "",
                "vif_details": {},
                "vif_type": "",
                "vnic_type": "normal"
              }
            ],
            "description": "",
            "device_id": "e4246fdb-bced-40bc-b13a-a82c21a89250",
            "device_owner": "compute:nova",
            "dns_assignment": [],
            "dns_name": "",
            "extra_dhcp_option": [],
            "fixed_ip": "10.113.7.29",
            "id": "b7162240-560e-4069-b129-bb768ebfb5f9",
            "mac_address": "fa:16:3e:25:42:03",
            "name": "",
            "network_id": "6f3714b9-f2d5-4592-b25d-6fdfddcff48c",
            "port_id": "b7162240-560e-4069-b129-bb768ebfb5f9",
            "project_id": "46606f330313430bb0d464049481ab2f",
            "region": "regionOne",
            "security_group_ids": null,
            "status": null,
            "tags": null,
            "tenant_id": "46606f330313430bb0d464049481ab2f"
          },
          "sensitive_attributes": []
        },
        {
          "index_key": 7,
          "schema_version": 0,
          "attributes": {
            "admin_state_up": true,
            "all_fixed_ips": [
              "10.113.7.116"
            ],
            "all_security_group_ids": [
              "dcbfab8a-cb6e-40fb-b95c-fd779c686fab"
            ],
            "all_tags": [],
            "allowed_address_pairs": [],
            "binding": [
              {
                "host_id": "",
                "profile": "",
                "vif_details": {},
                "vif_type": "",
                "vnic_type": "normal"
              }
            ],
            "description": "",
            "device_id": "9935ff24-9185-42f1-a63d-f87778267634",
            "device_owner": "compute:nova",
            "dns_assignment": [],
            "dns_name": "",
            "extra_dhcp_option": [],
            "fixed_ip": "10.113.7.116",
            "id": "b3415b3d-453b-4ee6-ba04-56f0cba82f0a",
            "mac_address": "fa:16:3e:dc:d3:1b",
            "name": "",
            "network_id": "6f3714b9-f2d5-4592-b25d-6fdfddcff48c",
            "port_id": "b3415b3d-453b-4ee6-ba04-56f0cba82f0a",
            "project_id": "46606f330313430bb0d464049481ab2f",
            "region": "regionOne",
            "security_group_ids": null,
            "status": null,
            "tags": null,
            "tenant_id": "46606f330313430bb0d464049481ab2f"
          },
          "sensitive_attributes": []
        },
        {
          "index_key": 8,
          "schema_version": 0,
          "attributes": {
            "admin_state_up": true,
            "all_fixed_ips": [
              "10.113.7.63"
            ],
            "all_security_group_ids": [
              "dcbfab8a-cb6e-40fb-b95c-fd779c686fab"
            ],
            "all_tags": [],
            "allowed_address_pairs": [],
            "binding": [
              {
                "host_id": "",
                "profile": "",
                "vif_details": {},
                "vif_type": "",
                "vnic_type": "normal"
              }
            ],
            "description": "",
            "device_id": "8a014e5d-11b1-4668-8c79-eff65599186b",
            "device_owner": "compute:nova",
            "dns_assignment": [],
            "dns_name": "",
            "extra_dhcp_option": [],
            "fixed_ip": "10.113.7.63",
            "id": "8de688da-4297-43b2-b9e8-79365e48b840",
            "mac_address": "fa:16:3e:f1:87:09",
            "name": "",
            "network_id": "6f3714b9-f2d5-4592-b25d-6fdfddcff48c",
            "port_id": "8de688da-4297-43b2-b9e8-79365e48b840",
            "project_id": "46606f330313430bb0d464049481ab2f",
            "region": "regionOne",
            "security_group_ids": null,
            "status": null,
            "tags": null,
            "tenant_id": "46606f330313430bb0d464049481ab2f"
          },
          "sensitive_attributes": []
        },
        {
          "index_key": 9,
          "schema_version": 0,
          "attributes": {
            "admin_state_up": true,
            "all_fixed_ips": [
              "10.113.7.51"
            ],
            "all_security_group_ids": [
              "dcbfab8a-cb6e-40fb-b95c-fd779c686fab"
            ],
            "all_tags": [],
            "allowed_address_pairs": [],
            "binding": [
              {
                "host_id": "",
                "profile": "",
                "vif_details": {},
                "vif_type": "",
                "vnic_type": "normal"
              }
            ],
            "description": "",
            "device_id": "e968fa8d-1f8e-4f1b-95e5-5789568cf272",
            "device_owner": "compute:nova",
            "dns_assignment": [],
            "dns_name": "",
            "extra_dhcp_option": [],
            "fixed_ip": "10.113.7.51",
            "id": "fa4c7285-d061-4825-b048-d29c4a618de3",
            "mac_address": "fa:16:3e:6a:e2:36",
            "name": "",
            "network_id": "6f3714b9-f2d5-4592-b25d-6fdfddcff48c",
            "port_id": "fa4c7285-d061-4825-b048-d29c4a618de3",
            "project_id": "46606f330313430bb0d464049481ab2f",
            "region": "regionOne",
            "security_group_ids": null,
            "status": null,
            "tags": null,
            "tenant_id": "46606f330313430bb0d464049481ab2f"
          },
          "sensitive_attributes": []
        },
        {
          "index_key": 10,
          "schema_version": 0,
          "attributes": {
            "admin_state_up": true,
            "all_fixed_ips": [
              "10.113.7.57"
            ],
            "all_security_group_ids": [
              "dcbfab8a-cb6e-40fb-b95c-fd779c686fab"
            ],
            "all_tags": [],
            "allowed_address_pairs": [],
            "binding": [
              {
                "host_id": "",
                "profile": "",
                "vif_details": {},
                "vif_type": "",
                "vnic_type": "normal"
              }
            ],
            "description": "",
            "device_id": "68c6c274-063b-49fb-9834-53e379d3dda2",
            "device_owner": "compute:nova",
            "dns_assignment": [],
            "dns_name": "",
            "extra_dhcp_option": [],
            "fixed_ip": "10.113.7.57",
            "id": "9aaaca5a-794c-457e-b894-e7aeb9621052",
            "mac_address": "fa:16:3e:aa:da:9e",
            "name": "",
            "network_id": "6f3714b9-f2d5-4592-b25d-6fdfddcff48c",
            "port_id": "9aaaca5a-794c-457e-b894-e7aeb9621052",
            "project_id": "46606f330313430bb0d464049481ab2f",
            "region": "regionOne",
            "security_group_ids": null,
            "status": null,
            "tags": null,
            "tenant_id": "46606f330313430bb0d464049481ab2f"
          },
          "sensitive_attributes": []
        },
        {
          "index_key": 11,
          "schema_version": 0,
          "attributes": {
            "admin_state_up": true,
            "all_fixed_ips": [
              "10.113.7.148"
            ],
            "all_security_group_ids": [
              "dcbfab8a-cb6e-40fb-b95c-fd779c686fab"
            ],
            "all_tags": [],
            "allowed_address_pairs": [],
            "binding": [
              {
                "host_id": "",
                "profile": "",
                "vif_details": {},
                "vif_type": "",
                "vnic_type": "normal"
              }
            ],
            "description": "",
            "device_id": "22d3bdad-f3b0-4b2b-aa4f-161cafd08ec5",
            "device_owner": "compute:nova",
            "dns_assignment": [],
            "dns_name": "",
            "extra_dhcp_option": [],
            "fixed_ip": "10.113.7.148",
            "id": "70ef9752-baf0-43ff-91c2-f0c3dcbb126e",
            "mac_address": "fa:16:3e:42:eb:74",
            "name": "",
            "network_id": "6f3714b9-f2d5-4592-b25d-6fdfddcff48c",
            "port_id": "70ef9752-baf0-43ff-91c2-f0c3dcbb126e",
            "project_id": "46606f330313430bb0d464049481ab2f",
            "region": "regionOne",
            "security_group_ids": null,
            "status": null,
            "tags": null,
            "tenant_id": "46606f330313430bb0d464049481ab2f"
          },
          "sensitive_attributes": []
        },
        {
          "index_key": 12,
          "schema_version": 0,
          "attributes": {
            "admin_state_up": true,
            "all_fixed_ips": [
              "10.113.7.134"
            ],
            "all_security_group_ids": [
              "dcbfab8a-cb6e-40fb-b95c-fd779c686fab"
            ],
            "all_tags": [],
            "allowed_address_pairs": [],
            "binding": [
              {
                "host_id": "",
                "profile": "",
                "vif_details": {},
                "vif_type": "",
                "vnic_type": "normal"
              }
            ],
            "description": "",
            "device_id": "e89ba614-5132-4b80-962b-4177294f0c8b",
            "device_owner": "compute:nova",
            "dns_assignment": [],
            "dns_name": "",
            "extra_dhcp_option": [],
            "fixed_ip": "10.113.7.134",
            "id": "fa828a87-7b7f-4405-8b75-1b351a63e908",
            "mac_address": "fa:16:3e:15:38:88",
            "name": "",
            "network_id": "6f3714b9-f2d5-4592-b25d-6fdfddcff48c",
            "port_id": "fa828a87-7b7f-4405-8b75-1b351a63e908",
            "project_id": "46606f330313430bb0d464049481ab2f",
            "region": "regionOne",
            "security_group_ids": null,
            "status": null,
            "tags": null,
            "tenant_id": "46606f330313430bb0d464049481ab2f"
          },
          "sensitive_attributes": []
        },
        {
          "index_key": 13,
          "schema_version": 0,
          "attributes": {
            "admin_state_up": true,
            "all_fixed_ips": [
              "10.113.7.78"
            ],
            "all_security_group_ids": [
              "dcbfab8a-cb6e-40fb-b95c-fd779c686fab"
            ],
            "all_tags": [],
            "allowed_address_pairs": [],
            "binding": [
              {
                "host_id": "",
                "profile": "",
                "vif_details": {},
                "vif_type": "",
                "vnic_type": "normal"
              }
            ],
            "description": "",
            "device_id": "aabd7b13-7788-4fdd-9b08-c054bd2d293f",
            "device_owner": "compute:nova",
            "dns_assignment": [],
            "dns_name": "",
            "extra_dhcp_option": [],
            "fixed_ip": "10.113.7.78",
            "id": "59a63935-ddc9-4b8a-83c6-f28ee4ca5593",
            "mac_address": "fa:16:3e:28:8c:80",
            "name": "",
            "network_id": "6f3714b9-f2d5-4592-b25d-6fdfddcff48c",
            "port_id": "59a63935-ddc9-4b8a-83c6-f28ee4ca5593",
            "project_id": "46606f330313430bb0d464049481ab2f",
            "region": "regionOne",
            "security_group_ids": null,
            "status": null,
            "tags": null,
            "tenant_id": "46606f330313430bb0d464049481ab2f"
          },
          "sensitive_attributes": []
        },
        {
          "index_key": 14,
          "schema_version": 0,
          "attributes": {
            "admin_state_up": true,
            "all_fixed_ips": [
              "10.113.7.20"
            ],
            "all_security_group_ids": [
              "dcbfab8a-cb6e-40fb-b95c-fd779c686fab"
            ],
            "all_tags": [],
            "allowed_address_pairs": [],
            "binding": [
              {
                "host_id": "",
                "profile": "",
                "vif_details": {},
                "vif_type": "",
                "vnic_type": "normal"
              }
            ],
            "description": "",
            "device_id": "3f2b8722-052d-4529-a8f7-1a7ce4c07a21",
            "device_owner": "compute:nova",
            "dns_assignment": [],
            "dns_name": "",
            "extra_dhcp_option": [],
            "fixed_ip": "10.113.7.20",
            "id": "f49a5b3f-e441-4208-9793-4e9faa47dffb",
            "mac_address": "fa:16:3e:1c:76:71",
            "name": "",
            "network_id": "6f3714b9-f2d5-4592-b25d-6fdfddcff48c",
            "port_id": "f49a5b3f-e441-4208-9793-4e9faa47dffb",
            "project_id": "46606f330313430bb0d464049481ab2f",
            "region": "regionOne",
            "security_group_ids": null,
            "status": null,
            "tags": null,
            "tenant_id": "46606f330313430bb0d464049481ab2f"
          },
          "sensitive_attributes": []
        },
        {
          "index_key": 15,
          "schema_version": 0,
          "attributes": {
            "admin_state_up": true,
            "all_fixed_ips": [
              "10.113.7.15"
            ],
            "all_security_group_ids": [
              "dcbfab8a-cb6e-40fb-b95c-fd779c686fab"
            ],
            "all_tags": [],
            "allowed_address_pairs": [],
            "binding": [
              {
                "host_id": "",
                "profile": "",
                "vif_details": {},
                "vif_type": "",
                "vnic_type": "normal"
              }
            ],
            "description": "",
            "device_id": "332a9cab-fb1f-4f19-a04c-3683281ca050",
            "device_owner": "compute:nova",
            "dns_assignment": [],
            "dns_name": "",
            "extra_dhcp_option": [],
            "fixed_ip": "10.113.7.15",
            "id": "63008962-2d3a-4200-bf22-b4687736bfd5",
            "mac_address": "fa:16:3e:4d:b7:db",
            "name": "",
            "network_id": "6f3714b9-f2d5-4592-b25d-6fdfddcff48c",
            "port_id": "63008962-2d3a-4200-bf22-b4687736bfd5",
            "project_id": "46606f330313430bb0d464049481ab2f",
            "region": "regionOne",
            "security_group_ids": null,
            "status": null,
            "tags": null,
            "tenant_id": "46606f330313430bb0d464049481ab2f"
          },
          "sensitive_attributes": []
        },
        {
          "index_key": 16,
          "schema_version": 0,
          "attributes": {
            "admin_state_up": true,
            "all_fixed_ips": [
              "10.113.7.202"
            ],
            "all_security_group_ids": [
              "dcbfab8a-cb6e-40fb-b95c-fd779c686fab"
            ],
            "all_tags": [],
            "allowed_address_pairs": [],
            "binding": [
              {
                "host_id": "",
                "profile": "",
                "vif_details": {},
                "vif_type": "",
                "vnic_type": "normal"
              }
            ],
            "description": "",
            "device_id": "8dbda9aa-c647-41d2-a021-534462485fe9",
            "device_owner": "compute:nova",
            "dns_assignment": [],
            "dns_name": "",
            "extra_dhcp_option": [],
            "fixed_ip": "10.113.7.202",
            "id": "7b928ab3-9cd1-4763-ae7a-aa775b0eafb8",
            "mac_address": "fa:16:3e:04:b9:2a",
            "name": "",
            "network_id": "6f3714b9-f2d5-4592-b25d-6fdfddcff48c",
            "port_id": "7b928ab3-9cd1-4763-ae7a-aa775b0eafb8",
            "project_id": "46606f330313430bb0d464049481ab2f",
            "region": "regionOne",
            "security_group_ids": null,
            "status": null,
            "tags": null,
            "tenant_id": "46606f330313430bb0d464049481ab2f"
          },
          "sensitive_attributes": []
        },
        {
          "index_key": 17,
          "schema_version": 0,
          "attributes": {
            "admin_state_up": true,
            "all_fixed_ips": [
              "10.113.7.240"
            ],
            "all_security_group_ids": [
              "dcbfab8a-cb6e-40fb-b95c-fd779c686fab"
            ],
            "all_tags": [],
            "allowed_address_pairs": [],
            "binding": [
              {
                "host_id": "",
                "profile": "",
                "vif_details": {},
                "vif_type": "",
                "vnic_type": "normal"
              }
            ],
            "description": "",
            "device_id": "296110e4-e4d9-4c93-a265-666a0dec66b3",
            "device_owner": "compute:nova",
            "dns_assignment": [],
            "dns_name": "",
            "extra_dhcp_option": [],
            "fixed_ip": "10.113.7.240",
            "id": "364288bd-9a4e-431d-833d-d7e06ac080ad",
            "mac_address": "fa:16:3e:da:56:11",
            "name": "",
            "network_id": "6f3714b9-f2d5-4592-b25d-6fdfddcff48c",
            "port_id": "364288bd-9a4e-431d-833d-d7e06ac080ad",
            "project_id": "46606f330313430bb0d464049481ab2f",
            "region": "regionOne",
            "security_group_ids": null,
            "status": null,
            "tags": null,
            "tenant_id": "46606f330313430bb0d464049481ab2f"
          },
          "sensitive_attributes": []
        },
        {
          "index_key": 18,
          "schema_version": 0,
          "attributes": {
            "admin_state_up": true,
            "all_fixed_ips": [
              "10.113.7.7"
            ],
            "all_security_group_ids": [
              "dcbfab8a-cb6e-40fb-b95c-fd779c686fab"
            ],
            "all_tags": [],
            "allowed_address_pairs": [],
            "binding": [
              {
                "host_id": "",
                "profile": "",
                "vif_details": {},
                "vif_type": "",
                "vnic_type": "normal"
              }
            ],
            "description": "",
            "device_id": "2f4ec804-ea6e-47f6-a435-cf77d4d10e18",
            "device_owner": "compute:nova",
            "dns_assignment": [],
            "dns_name": "",
            "extra_dhcp_option": [],
            "fixed_ip": "10.113.7.7",
            "id": "aa010d1a-3ed0-422c-9921-ce49b735ce1d",
            "mac_address": "fa:16:3e:35:ee:75",
            "name": "",
            "network_id": "6f3714b9-f2d5-4592-b25d-6fdfddcff48c",
            "port_id": "aa010d1a-3ed0-422c-9921-ce49b735ce1d",
            "project_id": "46606f330313430bb0d464049481ab2f",
            "region": "regionOne",
            "security_group_ids": null,
            "status": null,
            "tags": null,
            "tenant_id": "46606f330313430bb0d464049481ab2f"
          },
          "sensitive_attributes": []
        },
        {
          "index_key": 19,
          "schema_version": 0,
          "attributes": {
            "admin_state_up": true,
            "all_fixed_ips": [
              "10.113.7.108"
            ],
            "all_security_group_ids": [
              "dcbfab8a-cb6e-40fb-b95c-fd779c686fab"
            ],
            "all_tags": [],
            "allowed_address_pairs": [],
            "binding": [
              {
                "host_id": "",
                "profile": "",
                "vif_details": {},
                "vif_type": "",
                "vnic_type": "normal"
              }
            ],
            "description": "",
            "device_id": "43aa8762-9674-4fa0-aaee-0ad687cc7c38",
            "device_owner": "compute:nova",
            "dns_assignment": [],
            "dns_name": "",
            "extra_dhcp_option": [],
            "fixed_ip": "10.113.7.108",
            "id": "f3950cb9-d8bd-4364-9db6-05d3dfed3133",
            "mac_address": "fa:16:3e:42:31:9f",
            "name": "",
            "network_id": "6f3714b9-f2d5-4592-b25d-6fdfddcff48c",
            "port_id": "f3950cb9-d8bd-4364-9db6-05d3dfed3133",
            "project_id": "46606f330313430bb0d464049481ab2f",
            "region": "regionOne",
            "security_group_ids": null,
            "status": null,
            "tags": null,
            "tenant_id": "46606f330313430bb0d464049481ab2f"
          },
          "sensitive_attributes": []
        },
        {
          "index_key": 20,
          "schema_version": 0,
          "attributes": {
            "admin_state_up": true,
            "all_fixed_ips": [
              "10.113.7.62"
            ],
            "all_security_group_ids": [
              "dcbfab8a-cb6e-40fb-b95c-fd779c686fab"
            ],
            "all_tags": [],
            "allowed_address_pairs": [],
            "binding": [
              {
                "host_id": "",
                "profile": "",
                "vif_details": {},
                "vif_type": "",
                "vnic_type": "normal"
              }
            ],
            "description": "",
            "device_id": "30452ba0-ccf5-488c-993b-485fb3d07785",
            "device_owner": "compute:nova",
            "dns_assignment": [],
            "dns_name": "",
            "extra_dhcp_option": [],
            "fixed_ip": "10.113.7.62",
            "id": "714b82c7-bd6e-456c-b1b5-e2a449a616e2",
            "mac_address": "fa:16:3e:5d:b3:6b",
            "name": "",
            "network_id": "6f3714b9-f2d5-4592-b25d-6fdfddcff48c",
            "port_id": "714b82c7-bd6e-456c-b1b5-e2a449a616e2",
            "project_id": "46606f330313430bb0d464049481ab2f",
            "region": "regionOne",
            "security_group_ids": null,
            "status": null,
            "tags": null,
            "tenant_id": "46606f330313430bb0d464049481ab2f"
          },
          "sensitive_attributes": []
        },
        {
          "index_key": 21,
          "schema_version": 0,
          "attributes": {
            "admin_state_up": true,
            "all_fixed_ips": [
              "10.113.7.171"
            ],
            "all_security_group_ids": [
              "dcbfab8a-cb6e-40fb-b95c-fd779c686fab"
            ],
            "all_tags": [],
            "allowed_address_pairs": [],
            "binding": [
              {
                "host_id": "",
                "profile": "",
                "vif_details": {},
                "vif_type": "",
                "vnic_type": "normal"
              }
            ],
            "description": "",
            "device_id": "ec0eb12b-8a90-4537-a04a-6480e103823e",
            "device_owner": "compute:nova",
            "dns_assignment": [],
            "dns_name": "",
            "extra_dhcp_option": [],
            "fixed_ip": "10.113.7.171",
            "id": "a1955856-80ef-4bdd-ae6b-aef78ffff95e",
            "mac_address": "fa:16:3e:16:77:36",
            "name": "",
            "network_id": "6f3714b9-f2d5-4592-b25d-6fdfddcff48c",
            "port_id": "a1955856-80ef-4bdd-ae6b-aef78ffff95e",
            "project_id": "46606f330313430bb0d464049481ab2f",
            "region": "regionOne",
            "security_group_ids": null,
            "status": null,
            "tags": null,
            "tenant_id": "46606f330313430bb0d464049481ab2f"
          },
          "sensitive_attributes": []
        },
        {
          "index_key": 22,
          "schema_version": 0,
          "attributes": {
            "admin_state_up": true,
            "all_fixed_ips": [
              "10.113.7.217"
            ],
            "all_security_group_ids": [
              "dcbfab8a-cb6e-40fb-b95c-fd779c686fab"
            ],
            "all_tags": [],
            "allowed_address_pairs": [],
            "binding": [
              {
                "host_id": "",
                "profile": "",
                "vif_details": {},
                "vif_type": "",
                "vnic_type": "normal"
              }
            ],
            "description": "",
            "device_id": "a13b5382-8de8-41e4-999e-6994c58af09e",
            "device_owner": "compute:nova",
            "dns_assignment": [],
            "dns_name": "",
            "extra_dhcp_option": [],
            "fixed_ip": "10.113.7.217",
            "id": "3c0944dc-6d40-4b82-bf41-30e9c2bc3180",
            "mac_address": "fa:16:3e:70:25:ef",
            "name": "",
            "network_id": "6f3714b9-f2d5-4592-b25d-6fdfddcff48c",
            "port_id": "3c0944dc-6d40-4b82-bf41-30e9c2bc3180",
            "project_id": "46606f330313430bb0d464049481ab2f",
            "region": "regionOne",
            "security_group_ids": null,
            "status": null,
            "tags": null,
            "tenant_id": "46606f330313430bb0d464049481ab2f"
          },
          "sensitive_attributes": []
        },
        {
          "index_key": 23,
          "schema_version": 0,
          "attributes": {
            "admin_state_up": true,
            "all_fixed_ips": [
              "10.113.7.74"
            ],
            "all_security_group_ids": [
              "dcbfab8a-cb6e-40fb-b95c-fd779c686fab"
            ],
            "all_tags": [],
            "allowed_address_pairs": [],
            "binding": [
              {
                "host_id": "",
                "profile": "",
                "vif_details": {},
                "vif_type": "",
                "vnic_type": "normal"
              }
            ],
            "description": "",
            "device_id": "526da293-106f-4398-bf78-0b0e824e7983",
            "device_owner": "compute:nova",
            "dns_assignment": [],
            "dns_name": "",
            "extra_dhcp_option": [],
            "fixed_ip": "10.113.7.74",
            "id": "46c60dca-957b-4ab2-94fd-26b2beb2386c",
            "mac_address": "fa:16:3e:89:8b:18",
            "name": "",
            "network_id": "6f3714b9-f2d5-4592-b25d-6fdfddcff48c",
            "port_id": "46c60dca-957b-4ab2-94fd-26b2beb2386c",
            "project_id": "46606f330313430bb0d464049481ab2f",
            "region": "regionOne",
            "security_group_ids": null,
            "status": null,
            "tags": null,
            "tenant_id": "46606f330313430bb0d464049481ab2f"
          },
          "sensitive_attributes": []
        },
        {
          "index_key": 24,
          "schema_version": 0,
          "attributes": {
            "admin_state_up": true,
            "all_fixed_ips": [
              "10.113.7.248"
            ],
            "all_security_group_ids": [
              "dcbfab8a-cb6e-40fb-b95c-fd779c686fab"
            ],
            "all_tags": [],
            "allowed_address_pairs": [],
            "binding": [
              {
                "host_id": "",
                "profile": "",
                "vif_details": {},
                "vif_type": "",
                "vnic_type": "normal"
              }
            ],
            "description": "",
            "device_id": "eab0da81-9dde-4f83-a8ce-13ea60ae1b09",
            "device_owner": "compute:nova",
            "dns_assignment": [],
            "dns_name": "",
            "extra_dhcp_option": [],
            "fixed_ip": "10.113.7.248",
            "id": "0b143cdb-569b-405b-b70d-c121a2076208",
            "mac_address": "fa:16:3e:e5:3e:cf",
            "name": "",
            "network_id": "6f3714b9-f2d5-4592-b25d-6fdfddcff48c",
            "port_id": "0b143cdb-569b-405b-b70d-c121a2076208",
            "project_id": "46606f330313430bb0d464049481ab2f",
            "region": "regionOne",
            "security_group_ids": null,
            "status": null,
            "tags": null,
            "tenant_id": "46606f330313430bb0d464049481ab2f"
          },
          "sensitive_attributes": []
        },
        {
          "index_key": 25,
          "schema_version": 0,
          "attributes": {
            "admin_state_up": true,
            "all_fixed_ips": [
              "10.113.7.191"
            ],
            "all_security_group_ids": [
              "dcbfab8a-cb6e-40fb-b95c-fd779c686fab"
            ],
            "all_tags": [],
            "allowed_address_pairs": [],
            "binding": [
              {
                "host_id": "",
                "profile": "",
                "vif_details": {},
                "vif_type": "",
                "vnic_type": "normal"
              }
            ],
            "description": "",
            "device_id": "e6ccccd1-11fc-486c-ad83-d58d479686c8",
            "device_owner": "compute:nova",
            "dns_assignment": [],
            "dns_name": "",
            "extra_dhcp_option": [],
            "fixed_ip": "10.113.7.191",
            "id": "9664f22d-0aa4-424f-9e18-c53cf76862ed",
            "mac_address": "fa:16:3e:d7:dc:7e",
            "name": "",
            "network_id": "6f3714b9-f2d5-4592-b25d-6fdfddcff48c",
            "port_id": "9664f22d-0aa4-424f-9e18-c53cf76862ed",
            "project_id": "46606f330313430bb0d464049481ab2f",
            "region": "regionOne",
            "security_group_ids": null,
            "status": null,
            "tags": null,
            "tenant_id": "46606f330313430bb0d464049481ab2f"
          },
          "sensitive_attributes": []
        },
        {
          "index_key": 26,
          "schema_version": 0,
          "attributes": {
            "admin_state_up": true,
            "all_fixed_ips": [
              "10.113.7.227"
            ],
            "all_security_group_ids": [
              "dcbfab8a-cb6e-40fb-b95c-fd779c686fab"
            ],
            "all_tags": [],
            "allowed_address_pairs": [],
            "binding": [
              {
                "host_id": "",
                "profile": "",
                "vif_details": {},
                "vif_type": "",
                "vnic_type": "normal"
              }
            ],
            "description": "",
            "device_id": "e70d00a6-1a2d-44ce-b211-4d6d62ab77fd",
            "device_owner": "compute:nova",
            "dns_assignment": [],
            "dns_name": "",
            "extra_dhcp_option": [],
            "fixed_ip": "10.113.7.227",
            "id": "6af9a942-233d-4aeb-8384-b58e520c716a",
            "mac_address": "fa:16:3e:2f:cb:fc",
            "name": "",
            "network_id": "6f3714b9-f2d5-4592-b25d-6fdfddcff48c",
            "port_id": "6af9a942-233d-4aeb-8384-b58e520c716a",
            "project_id": "46606f330313430bb0d464049481ab2f",
            "region": "regionOne",
            "security_group_ids": null,
            "status": null,
            "tags": null,
            "tenant_id": "46606f330313430bb0d464049481ab2f"
          },
          "sensitive_attributes": []
        },
        {
          "index_key": 27,
          "schema_version": 0,
          "attributes": {
            "admin_state_up": true,
            "all_fixed_ips": [
              "10.113.7.48"
            ],
            "all_security_group_ids": [
              "dcbfab8a-cb6e-40fb-b95c-fd779c686fab"
            ],
            "all_tags": [],
            "allowed_address_pairs": [],
            "binding": [
              {
                "host_id": "",
                "profile": "",
                "vif_details": {},
                "vif_type": "",
                "vnic_type": "normal"
              }
            ],
            "description": "",
            "device_id": "053dda7c-30b5-48f1-a023-a7563eeff6e8",
            "device_owner": "compute:nova",
            "dns_assignment": [],
            "dns_name": "",
            "extra_dhcp_option": [],
            "fixed_ip": "10.113.7.48",
            "id": "3ac4655b-022a-4f2f-bf39-f8282bb706ea",
            "mac_address": "fa:16:3e:52:b0:fa",
            "name": "",
            "network_id": "6f3714b9-f2d5-4592-b25d-6fdfddcff48c",
            "port_id": "3ac4655b-022a-4f2f-bf39-f8282bb706ea",
            "project_id": "46606f330313430bb0d464049481ab2f",
            "region": "regionOne",
            "security_group_ids": null,
            "status": null,
            "tags": null,
            "tenant_id": "46606f330313430bb0d464049481ab2f"
          },
          "sensitive_attributes": []
        },
        {
          "index_key": 28,
          "schema_version": 0,
          "attributes": {
            "admin_state_up": true,
            "all_fixed_ips": [
              "10.113.7.243"
            ],
            "all_security_group_ids": [
              "dcbfab8a-cb6e-40fb-b95c-fd779c686fab"
            ],
            "all_tags": [],
            "allowed_address_pairs": [],
            "binding": [
              {
                "host_id": "",
                "profile": "",
                "vif_details": {},
                "vif_type": "",
                "vnic_type": "normal"
              }
            ],
            "description": "",
            "device_id": "ca771019-0633-4291-a3b6-2727889e73e7",
            "device_owner": "compute:nova",
            "dns_assignment": [],
            "dns_name": "",
            "extra_dhcp_option": [],
            "fixed_ip": "10.113.7.243",
            "id": "48152a5f-930e-4dee-8afc-6ab33ca4dad2",
            "mac_address": "fa:16:3e:63:2f:bb",
            "name": "",
            "network_id": "6f3714b9-f2d5-4592-b25d-6fdfddcff48c",
            "port_id": "48152a5f-930e-4dee-8afc-6ab33ca4dad2",
            "project_id": "46606f330313430bb0d464049481ab2f",
            "region": "regionOne",
            "security_group_ids": null,
            "status": null,
            "tags": null,
            "tenant_id": "46606f330313430bb0d464049481ab2f"
          },
          "sensitive_attributes": []
        },
        {
          "index_key": 29,
          "schema_version": 0,
          "attributes": {
            "admin_state_up": true,
            "all_fixed_ips": [
              "10.113.7.35"
            ],
            "all_security_group_ids": [
              "dcbfab8a-cb6e-40fb-b95c-fd779c686fab"
            ],
            "all_tags": [],
            "allowed_address_pairs": [],
            "binding": [
              {
                "host_id": "",
                "profile": "",
                "vif_details": {},
                "vif_type": "",
                "vnic_type": "normal"
              }
            ],
            "description": "",
            "device_id": "9f25204a-634b-47c1-8922-6738cd1b8f3d",
            "device_owner": "compute:nova",
            "dns_assignment": [],
            "dns_name": "",
            "extra_dhcp_option": [],
            "fixed_ip": "10.113.7.35",
            "id": "8bf4b0c3-321c-4d3c-9e43-189e7de2fa14",
            "mac_address": "fa:16:3e:8e:21:1e",
            "name": "",
            "network_id": "6f3714b9-f2d5-4592-b25d-6fdfddcff48c",
            "port_id": "8bf4b0c3-321c-4d3c-9e43-189e7de2fa14",
            "project_id": "46606f330313430bb0d464049481ab2f",
            "region": "regionOne",
            "security_group_ids": null,
            "status": null,
            "tags": null,
            "tenant_id": "46606f330313430bb0d464049481ab2f"
          },
          "sensitive_attributes": []
        },
        {
          "index_key": 30,
          "schema_version": 0,
          "attributes": {
            "admin_state_up": true,
            "all_fixed_ips": [
              "10.113.7.153"
            ],
            "all_security_group_ids": [
              "dcbfab8a-cb6e-40fb-b95c-fd779c686fab"
            ],
            "all_tags": [],
            "allowed_address_pairs": [],
            "binding": [
              {
                "host_id": "",
                "profile": "",
                "vif_details": {},
                "vif_type": "",
                "vnic_type": "normal"
              }
            ],
            "description": "",
            "device_id": "ee6dd1dc-9ca1-40e1-9721-a8ef68b99d4e",
            "device_owner": "compute:nova",
            "dns_assignment": [],
            "dns_name": "",
            "extra_dhcp_option": [],
            "fixed_ip": "10.113.7.153",
            "id": "30fc5f5d-f949-4efd-810a-1590bd164b44",
            "mac_address": "fa:16:3e:65:9a:9a",
            "name": "",
            "network_id": "6f3714b9-f2d5-4592-b25d-6fdfddcff48c",
            "port_id": "30fc5f5d-f949-4efd-810a-1590bd164b44",
            "project_id": "46606f330313430bb0d464049481ab2f",
            "region": "regionOne",
            "security_group_ids": null,
            "status": null,
            "tags": null,
            "tenant_id": "46606f330313430bb0d464049481ab2f"
          },
          "sensitive_attributes": []
        },
        {
          "index_key": 31,
          "schema_version": 0,
          "attributes": {
            "admin_state_up": true,
            "all_fixed_ips": [
              "10.113.7.42"
            ],
            "all_security_group_ids": [
              "dcbfab8a-cb6e-40fb-b95c-fd779c686fab"
            ],
            "all_tags": [],
            "allowed_address_pairs": [],
            "binding": [
              {
                "host_id": "",
                "profile": "",
                "vif_details": {},
                "vif_type": "",
                "vnic_type": "normal"
              }
            ],
            "description": "",
            "device_id": "bd896e52-d4b7-4432-accb-2989f50e992d",
            "device_owner": "compute:nova",
            "dns_assignment": [],
            "dns_name": "",
            "extra_dhcp_option": [],
            "fixed_ip": "10.113.7.42",
            "id": "60ce6958-d1db-458c-bdd0-b4e559fabf90",
            "mac_address": "fa:16:3e:2d:65:19",
            "name": "",
            "network_id": "6f3714b9-f2d5-4592-b25d-6fdfddcff48c",
            "port_id": "60ce6958-d1db-458c-bdd0-b4e559fabf90",
            "project_id": "46606f330313430bb0d464049481ab2f",
            "region": "regionOne",
            "security_group_ids": null,
            "status": null,
            "tags": null,
            "tenant_id": "46606f330313430bb0d464049481ab2f"
          },
          "sensitive_attributes": []
        },
        {
          "index_key": 32,
          "schema_version": 0,
          "attributes": {
            "admin_state_up": true,
            "all_fixed_ips": [
              "10.113.7.81"
            ],
            "all_security_group_ids": [
              "dcbfab8a-cb6e-40fb-b95c-fd779c686fab"
            ],
            "all_tags": [],
            "allowed_address_pairs": [],
            "binding": [
              {
                "host_id": "",
                "profile": "",
                "vif_details": {},
                "vif_type": "",
                "vnic_type": "normal"
              }
            ],
            "description": "",
            "device_id": "59e9f518-0469-4b78-ad85-a904cde4aa39",
            "device_owner": "compute:nova",
            "dns_assignment": [],
            "dns_name": "",
            "extra_dhcp_option": [],
            "fixed_ip": "10.113.7.81",
            "id": "f6f05531-0396-41f0-9e65-f22b64893631",
            "mac_address": "fa:16:3e:17:ac:11",
            "name": "",
            "network_id": "6f3714b9-f2d5-4592-b25d-6fdfddcff48c",
            "port_id": "f6f05531-0396-41f0-9e65-f22b64893631",
            "project_id": "46606f330313430bb0d464049481ab2f",
            "region": "regionOne",
            "security_group_ids": null,
            "status": null,
            "tags": null,
            "tenant_id": "46606f330313430bb0d464049481ab2f"
          },
          "sensitive_attributes": []
        },
        {
          "index_key": 33,
          "schema_version": 0,
          "attributes": {
            "admin_state_up": true,
            "all_fixed_ips": [
              "10.113.7.5"
            ],
            "all_security_group_ids": [
              "dcbfab8a-cb6e-40fb-b95c-fd779c686fab"
            ],
            "all_tags": [],
            "allowed_address_pairs": [],
            "binding": [
              {
                "host_id": "",
                "profile": "",
                "vif_details": {},
                "vif_type": "",
                "vnic_type": "normal"
              }
            ],
            "description": "",
            "device_id": "d3b7b19b-18b2-4ba2-8ee4-8227c4f9c4a1",
            "device_owner": "compute:nova",
            "dns_assignment": [],
            "dns_name": "",
            "extra_dhcp_option": [],
            "fixed_ip": "10.113.7.5",
            "id": "fb91f604-aab5-4f11-b71c-c8f3dd7d9be6",
            "mac_address": "fa:16:3e:72:17:86",
            "name": "",
            "network_id": "6f3714b9-f2d5-4592-b25d-6fdfddcff48c",
            "port_id": "fb91f604-aab5-4f11-b71c-c8f3dd7d9be6",
            "project_id": "46606f330313430bb0d464049481ab2f",
            "region": "regionOne",
            "security_group_ids": null,
            "status": null,
            "tags": null,
            "tenant_id": "46606f330313430bb0d464049481ab2f"
          },
          "sensitive_attributes": []
        },
        {
          "index_key": 34,
          "schema_version": 0,
          "attributes": {
            "admin_state_up": true,
            "all_fixed_ips": [
              "10.113.7.219"
            ],
            "all_security_group_ids": [
              "dcbfab8a-cb6e-40fb-b95c-fd779c686fab"
            ],
            "all_tags": [],
            "allowed_address_pairs": [],
            "binding": [
              {
                "host_id": "",
                "profile": "",
                "vif_details": {},
                "vif_type": "",
                "vnic_type": "normal"
              }
            ],
            "description": "",
            "device_id": "92e99618-274f-4831-961d-802bfb87335b",
            "device_owner": "compute:nova",
            "dns_assignment": [],
            "dns_name": "",
            "extra_dhcp_option": [],
            "fixed_ip": "10.113.7.219",
            "id": "d79e2b9e-8b12-42a0-b4bf-d2285612e09b",
            "mac_address": "fa:16:3e:dd:4a:f8",
            "name": "",
            "network_id": "6f3714b9-f2d5-4592-b25d-6fdfddcff48c",
            "port_id": "d79e2b9e-8b12-42a0-b4bf-d2285612e09b",
            "project_id": "46606f330313430bb0d464049481ab2f",
            "region": "regionOne",
            "security_group_ids": null,
            "status": null,
            "tags": null,
            "tenant_id": "46606f330313430bb0d464049481ab2f"
          },
          "sensitive_attributes": []
        },
        {
          "index_key": 35,
          "schema_version": 0,
          "attributes": {
            "admin_state_up": true,
            "all_fixed_ips": [
              "10.113.7.122"
            ],
            "all_security_group_ids": [
              "dcbfab8a-cb6e-40fb-b95c-fd779c686fab"
            ],
            "all_tags": [],
            "allowed_address_pairs": [],
            "binding": [
              {
                "host_id": "",
                "profile": "",
                "vif_details": {},
                "vif_type": "",
                "vnic_type": "normal"
              }
            ],
            "description": "",
            "device_id": "9caf2d58-642b-4b5c-8c2d-e34a78287607",
            "device_owner": "compute:nova",
            "dns_assignment": [],
            "dns_name": "",
            "extra_dhcp_option": [],
            "fixed_ip": "10.113.7.122",
            "id": "a2cd2c0d-3a3b-4347-98f5-79d68188ae13",
            "mac_address": "fa:16:3e:92:68:29",
            "name": "",
            "network_id": "6f3714b9-f2d5-4592-b25d-6fdfddcff48c",
            "port_id": "a2cd2c0d-3a3b-4347-98f5-79d68188ae13",
            "project_id": "46606f330313430bb0d464049481ab2f",
            "region": "regionOne",
            "security_group_ids": null,
            "status": null,
            "tags": null,
            "tenant_id": "46606f330313430bb0d464049481ab2f"
          },
          "sensitive_attributes": []
        },
        {
          "index_key": 36,
          "schema_version": 0,
          "attributes": {
            "admin_state_up": true,
            "all_fixed_ips": [
              "10.113.7.83"
            ],
            "all_security_group_ids": [
              "dcbfab8a-cb6e-40fb-b95c-fd779c686fab"
            ],
            "all_tags": [],
            "allowed_address_pairs": [],
            "binding": [
              {
                "host_id": "",
                "profile": "",
                "vif_details": {},
                "vif_type": "",
                "vnic_type": "normal"
              }
            ],
            "description": "",
            "device_id": "1b58c5cd-7518-4a57-b42b-e9cdb8f525f9",
            "device_owner": "compute:nova",
            "dns_assignment": [],
            "dns_name": "",
            "extra_dhcp_option": [],
            "fixed_ip": "10.113.7.83",
            "id": "92cbcbbe-7196-464c-b8d2-f9395e3cbdc6",
            "mac_address": "fa:16:3e:2e:14:f6",
            "name": "",
            "network_id": "6f3714b9-f2d5-4592-b25d-6fdfddcff48c",
            "port_id": "92cbcbbe-7196-464c-b8d2-f9395e3cbdc6",
            "project_id": "46606f330313430bb0d464049481ab2f",
            "region": "regionOne",
            "security_group_ids": null,
            "status": null,
            "tags": null,
            "tenant_id": "46606f330313430bb0d464049481ab2f"
          },
          "sensitive_attributes": []
        },
        {
          "index_key": 37,
          "schema_version": 0,
          "attributes": {
            "admin_state_up": true,
            "all_fixed_ips": [
              "10.113.7.141"
            ],
            "all_security_group_ids": [
              "dcbfab8a-cb6e-40fb-b95c-fd779c686fab"
            ],
            "all_tags": [],
            "allowed_address_pairs": [],
            "binding": [
              {
                "host_id": "",
                "profile": "",
                "vif_details": {},
                "vif_type": "",
                "vnic_type": "normal"
              }
            ],
            "description": "",
            "device_id": "14d66db1-b7a9-481a-b21c-fa959d4baee3",
            "device_owner": "compute:nova",
            "dns_assignment": [],
            "dns_name": "",
            "extra_dhcp_option": [],
            "fixed_ip": "10.113.7.141",
            "id": "43c6195f-46bb-4315-88ff-01a41a7a70be",
            "mac_address": "fa:16:3e:a2:d2:eb",
            "name": "",
            "network_id": "6f3714b9-f2d5-4592-b25d-6fdfddcff48c",
            "port_id": "43c6195f-46bb-4315-88ff-01a41a7a70be",
            "project_id": "46606f330313430bb0d464049481ab2f",
            "region": "regionOne",
            "security_group_ids": null,
            "status": null,
            "tags": null,
            "tenant_id": "46606f330313430bb0d464049481ab2f"
          },
          "sensitive_attributes": []
        },
        {
          "index_key": 38,
          "schema_version": 0,
          "attributes": {
            "admin_state_up": true,
            "all_fixed_ips": [
              "10.113.7.24"
            ],
            "all_security_group_ids": [
              "dcbfab8a-cb6e-40fb-b95c-fd779c686fab"
            ],
            "all_tags": [],
            "allowed_address_pairs": [],
            "binding": [
              {
                "host_id": "",
                "profile": "",
                "vif_details": {},
                "vif_type": "",
                "vnic_type": "normal"
              }
            ],
            "description": "",
            "device_id": "d89ebde5-4c07-4670-b549-37d8e79a4d92",
            "device_owner": "compute:nova",
            "dns_assignment": [],
            "dns_name": "",
            "extra_dhcp_option": [],
            "fixed_ip": "10.113.7.24",
            "id": "09d2b117-11cb-4880-97b1-5f19090e54cb",
            "mac_address": "fa:16:3e:5d:26:fb",
            "name": "",
            "network_id": "6f3714b9-f2d5-4592-b25d-6fdfddcff48c",
            "port_id": "09d2b117-11cb-4880-97b1-5f19090e54cb",
            "project_id": "46606f330313430bb0d464049481ab2f",
            "region": "regionOne",
            "security_group_ids": null,
            "status": null,
            "tags": null,
            "tenant_id": "46606f330313430bb0d464049481ab2f"
          },
          "sensitive_attributes": []
        },
        {
          "index_key": 39,
          "schema_version": 0,
          "attributes": {
            "admin_state_up": true,
            "all_fixed_ips": [
              "10.113.7.225"
            ],
            "all_security_group_ids": [
              "dcbfab8a-cb6e-40fb-b95c-fd779c686fab"
            ],
            "all_tags": [],
            "allowed_address_pairs": [],
            "binding": [
              {
                "host_id": "",
                "profile": "",
                "vif_details": {},
                "vif_type": "",
                "vnic_type": "normal"
              }
            ],
            "description": "",
            "device_id": "27a8509c-8faa-44bc-a935-fb8c88a4bb08",
            "device_owner": "compute:nova",
            "dns_assignment": [],
            "dns_name": "",
            "extra_dhcp_option": [],
            "fixed_ip": "10.113.7.225",
            "id": "d9603055-1b35-4cb6-8cb8-f3e918a91fa3",
            "mac_address": "fa:16:3e:54:86:78",
            "name": "",
            "network_id": "6f3714b9-f2d5-4592-b25d-6fdfddcff48c",
            "port_id": "d9603055-1b35-4cb6-8cb8-f3e918a91fa3",
            "project_id": "46606f330313430bb0d464049481ab2f",
            "region": "regionOne",
            "security_group_ids": null,
            "status": null,
            "tags": null,
            "tenant_id": "46606f330313430bb0d464049481ab2f"
          },
          "sensitive_attributes": []
        },
        {
          "index_key": 40,
          "schema_version": 0,
          "attributes": {
            "admin_state_up": true,
            "all_fixed_ips": [
              "10.113.7.40"
            ],
            "all_security_group_ids": [
              "dcbfab8a-cb6e-40fb-b95c-fd779c686fab"
            ],
            "all_tags": [],
            "allowed_address_pairs": [],
            "binding": [
              {
                "host_id": "",
                "profile": "",
                "vif_details": {},
                "vif_type": "",
                "vnic_type": "normal"
              }
            ],
            "description": "",
            "device_id": "1273b4ce-521d-4a92-bc82-eaaa2a419ef9",
            "device_owner": "compute:nova",
            "dns_assignment": [],
            "dns_name": "",
            "extra_dhcp_option": [],
            "fixed_ip": "10.113.7.40",
            "id": "16227504-c5c0-4740-8334-43a8bc35dd70",
            "mac_address": "fa:16:3e:fa:64:53",
            "name": "",
            "network_id": "6f3714b9-f2d5-4592-b25d-6fdfddcff48c",
            "port_id": "16227504-c5c0-4740-8334-43a8bc35dd70",
            "project_id": "46606f330313430bb0d464049481ab2f",
            "region": "regionOne",
            "security_group_ids": null,
            "status": null,
            "tags": null,
            "tenant_id": "46606f330313430bb0d464049481ab2f"
          },
          "sensitive_attributes": []
        },
        {
          "index_key": 41,
          "schema_version": 0,
          "attributes": {
            "admin_state_up": true,
            "all_fixed_ips": [
              "10.113.7.205"
            ],
            "all_security_group_ids": [
              "dcbfab8a-cb6e-40fb-b95c-fd779c686fab"
            ],
            "all_tags": [],
            "allowed_address_pairs": [],
            "binding": [
              {
                "host_id": "",
                "profile": "",
                "vif_details": {},
                "vif_type": "",
                "vnic_type": "normal"
              }
            ],
            "description": "",
            "device_id": "9e83170b-852d-4371-9673-76f4eaa55d18",
            "device_owner": "compute:nova",
            "dns_assignment": [],
            "dns_name": "",
            "extra_dhcp_option": [],
            "fixed_ip": "10.113.7.205",
            "id": "051ea93c-6428-4b38-8a99-c05bb9cf1890",
            "mac_address": "fa:16:3e:5b:67:7b",
            "name": "",
            "network_id": "6f3714b9-f2d5-4592-b25d-6fdfddcff48c",
            "port_id": "051ea93c-6428-4b38-8a99-c05bb9cf1890",
            "project_id": "46606f330313430bb0d464049481ab2f",
            "region": "regionOne",
            "security_group_ids": null,
            "status": null,
            "tags": null,
            "tenant_id": "46606f330313430bb0d464049481ab2f"
          },
          "sensitive_attributes": []
        },
        {
          "index_key": 42,
          "schema_version": 0,
          "attributes": {
            "admin_state_up": true,
            "all_fixed_ips": [
              "10.113.7.139"
            ],
            "all_security_group_ids": [
              "dcbfab8a-cb6e-40fb-b95c-fd779c686fab"
            ],
            "all_tags": [],
            "allowed_address_pairs": [],
            "binding": [
              {
                "host_id": "",
                "profile": "",
                "vif_details": {},
                "vif_type": "",
                "vnic_type": "normal"
              }
            ],
            "description": "",
            "device_id": "7d144d6a-accc-40dc-9adf-80293236936e",
            "device_owner": "compute:nova",
            "dns_assignment": [],
            "dns_name": "",
            "extra_dhcp_option": [],
            "fixed_ip": "10.113.7.139",
            "id": "42904c3e-cfc0-4bf7-abeb-9eddbde3049b",
            "mac_address": "fa:16:3e:84:a4:59",
            "name": "",
            "network_id": "6f3714b9-f2d5-4592-b25d-6fdfddcff48c",
            "port_id": "42904c3e-cfc0-4bf7-abeb-9eddbde3049b",
            "project_id": "46606f330313430bb0d464049481ab2f",
            "region": "regionOne",
            "security_group_ids": null,
            "status": null,
            "tags": null,
            "tenant_id": "46606f330313430bb0d464049481ab2f"
          },
          "sensitive_attributes": []
        },
        {
          "index_key": 43,
          "schema_version": 0,
          "attributes": {
            "admin_state_up": true,
            "all_fixed_ips": [
              "10.113.7.158"
            ],
            "all_security_group_ids": [
              "dcbfab8a-cb6e-40fb-b95c-fd779c686fab"
            ],
            "all_tags": [],
            "allowed_address_pairs": [],
            "binding": [
              {
                "host_id": "",
                "profile": "",
                "vif_details": {},
                "vif_type": "",
                "vnic_type": "normal"
              }
            ],
            "description": "",
            "device_id": "12ddea14-da1b-42a8-8dfc-108c8f42557c",
            "device_owner": "compute:nova",
            "dns_assignment": [],
            "dns_name": "",
            "extra_dhcp_option": [],
            "fixed_ip": "10.113.7.158",
            "id": "2971f13b-1d78-4ff7-b5e4-59ed17ede9de",
            "mac_address": "fa:16:3e:33:be:59",
            "name": "",
            "network_id": "6f3714b9-f2d5-4592-b25d-6fdfddcff48c",
            "port_id": "2971f13b-1d78-4ff7-b5e4-59ed17ede9de",
            "project_id": "46606f330313430bb0d464049481ab2f",
            "region": "regionOne",
            "security_group_ids": null,
            "status": null,
            "tags": null,
            "tenant_id": "46606f330313430bb0d464049481ab2f"
          },
          "sensitive_attributes": []
        },
        {
          "index_key": 44,
          "schema_version": 0,
          "attributes": {
            "admin_state_up": true,
            "all_fixed_ips": [
              "10.113.7.65"
            ],
            "all_security_group_ids": [
              "dcbfab8a-cb6e-40fb-b95c-fd779c686fab"
            ],
            "all_tags": [],
            "allowed_address_pairs": [],
            "binding": [
              {
                "host_id": "",
                "profile": "",
                "vif_details": {},
                "vif_type": "",
                "vnic_type": "normal"
              }
            ],
            "description": "",
            "device_id": "d20c7cfa-37da-4176-bc40-9ebc6c8a8a04",
            "device_owner": "compute:nova",
            "dns_assignment": [],
            "dns_name": "",
            "extra_dhcp_option": [],
            "fixed_ip": "10.113.7.65",
            "id": "8179f556-c47a-4f86-b77e-0145a03d93f2",
            "mac_address": "fa:16:3e:d9:17:5d",
            "name": "",
            "network_id": "6f3714b9-f2d5-4592-b25d-6fdfddcff48c",
            "port_id": "8179f556-c47a-4f86-b77e-0145a03d93f2",
            "project_id": "46606f330313430bb0d464049481ab2f",
            "region": "regionOne",
            "security_group_ids": null,
            "status": null,
            "tags": null,
            "tenant_id": "46606f330313430bb0d464049481ab2f"
          },
          "sensitive_attributes": []
        },
        {
          "index_key": 45,
          "schema_version": 0,
          "attributes": {
            "admin_state_up": true,
            "all_fixed_ips": [
              "10.113.7.226"
            ],
            "all_security_group_ids": [
              "dcbfab8a-cb6e-40fb-b95c-fd779c686fab"
            ],
            "all_tags": [],
            "allowed_address_pairs": [],
            "binding": [
              {
                "host_id": "",
                "profile": "",
                "vif_details": {},
                "vif_type": "",
                "vnic_type": "normal"
              }
            ],
            "description": "",
            "device_id": "a099189c-e407-4b36-8e3a-46ba509a75c3",
            "device_owner": "compute:nova",
            "dns_assignment": [],
            "dns_name": "",
            "extra_dhcp_option": [],
            "fixed_ip": "10.113.7.226",
            "id": "6315a946-2707-4436-90ad-cc7e5869e23d",
            "mac_address": "fa:16:3e:3c:23:15",
            "name": "",
            "network_id": "6f3714b9-f2d5-4592-b25d-6fdfddcff48c",
            "port_id": "6315a946-2707-4436-90ad-cc7e5869e23d",
            "project_id": "46606f330313430bb0d464049481ab2f",
            "region": "regionOne",
            "security_group_ids": null,
            "status": null,
            "tags": null,
            "tenant_id": "46606f330313430bb0d464049481ab2f"
          },
          "sensitive_attributes": []
        },
        {
          "index_key": 46,
          "schema_version": 0,
          "attributes": {
            "admin_state_up": true,
            "all_fixed_ips": [
              "10.113.7.169"
            ],
            "all_security_group_ids": [
              "dcbfab8a-cb6e-40fb-b95c-fd779c686fab"
            ],
            "all_tags": [],
            "allowed_address_pairs": [],
            "binding": [
              {
                "host_id": "",
                "profile": "",
                "vif_details": {},
                "vif_type": "",
                "vnic_type": "normal"
              }
            ],
            "description": "",
            "device_id": "36225002-e323-4534-ae1c-ceb9e13a838f",
            "device_owner": "compute:nova",
            "dns_assignment": [],
            "dns_name": "",
            "extra_dhcp_option": [],
            "fixed_ip": "10.113.7.169",
            "id": "46b05c2c-e16d-44e3-b419-c6f8961b72f4",
            "mac_address": "fa:16:3e:c6:14:38",
            "name": "",
            "network_id": "6f3714b9-f2d5-4592-b25d-6fdfddcff48c",
            "port_id": "46b05c2c-e16d-44e3-b419-c6f8961b72f4",
            "project_id": "46606f330313430bb0d464049481ab2f",
            "region": "regionOne",
            "security_group_ids": null,
            "status": null,
            "tags": null,
            "tenant_id": "46606f330313430bb0d464049481ab2f"
          },
          "sensitive_attributes": []
        },
        {
          "index_key": 47,
          "schema_version": 0,
          "attributes": {
            "admin_state_up": true,
            "all_fixed_ips": [
              "10.113.7.19"
            ],
            "all_security_group_ids": [
              "dcbfab8a-cb6e-40fb-b95c-fd779c686fab"
            ],
            "all_tags": [],
            "allowed_address_pairs": [],
            "binding": [
              {
                "host_id": "",
                "profile": "",
                "vif_details": {},
                "vif_type": "",
                "vnic_type": "normal"
              }
            ],
            "description": "",
            "device_id": "0efaabef-c59d-4fce-8df1-89ad96f1853c",
            "device_owner": "compute:nova",
            "dns_assignment": [],
            "dns_name": "",
            "extra_dhcp_option": [],
            "fixed_ip": "10.113.7.19",
            "id": "36f6a336-c5de-4758-903c-9526fda9be6e",
            "mac_address": "fa:16:3e:69:ee:71",
            "name": "",
            "network_id": "6f3714b9-f2d5-4592-b25d-6fdfddcff48c",
            "port_id": "36f6a336-c5de-4758-903c-9526fda9be6e",
            "project_id": "46606f330313430bb0d464049481ab2f",
            "region": "regionOne",
            "security_group_ids": null,
            "status": null,
            "tags": null,
            "tenant_id": "46606f330313430bb0d464049481ab2f"
          },
          "sensitive_attributes": []
        },
        {
          "index_key": 48,
          "schema_version": 0,
          "attributes": {
            "admin_state_up": true,
            "all_fixed_ips": [
              "10.113.7.113"
            ],
            "all_security_group_ids": [
              "dcbfab8a-cb6e-40fb-b95c-fd779c686fab"
            ],
            "all_tags": [],
            "allowed_address_pairs": [],
            "binding": [
              {
                "host_id": "",
                "profile": "",
                "vif_details": {},
                "vif_type": "",
                "vnic_type": "normal"
              }
            ],
            "description": "",
            "device_id": "59af901e-8da9-4268-ae7c-734530c03c11",
            "device_owner": "compute:nova",
            "dns_assignment": [],
            "dns_name": "",
            "extra_dhcp_option": [],
            "fixed_ip": "10.113.7.113",
            "id": "6558b94a-1c29-4492-a1d3-92742c4d420a",
            "mac_address": "fa:16:3e:23:d0:69",
            "name": "",
            "network_id": "6f3714b9-f2d5-4592-b25d-6fdfddcff48c",
            "port_id": "6558b94a-1c29-4492-a1d3-92742c4d420a",
            "project_id": "46606f330313430bb0d464049481ab2f",
            "region": "regionOne",
            "security_group_ids": null,
            "status": null,
            "tags": null,
            "tenant_id": "46606f330313430bb0d464049481ab2f"
          },
          "sensitive_attributes": []
        },
        {
          "index_key": 49,
          "schema_version": 0,
          "attributes": {
            "admin_state_up": true,
            "all_fixed_ips": [
              "10.113.7.68"
            ],
            "all_security_group_ids": [
              "dcbfab8a-cb6e-40fb-b95c-fd779c686fab"
            ],
            "all_tags": [],
            "allowed_address_pairs": [],
            "binding": [
              {
                "host_id": "",
                "profile": "",
                "vif_details": {},
                "vif_type": "",
                "vnic_type": "normal"
              }
            ],
            "description": "",
            "device_id": "1f71a908-1cf6-4422-b27a-0002d70a5b9f",
            "device_owner": "compute:nova",
            "dns_assignment": [],
            "dns_name": "",
            "extra_dhcp_option": [],
            "fixed_ip": "10.113.7.68",
            "id": "ad9965bc-ed64-4807-9a88-cf83da020a7e",
            "mac_address": "fa:16:3e:d9:4e:b0",
            "name": "",
            "network_id": "6f3714b9-f2d5-4592-b25d-6fdfddcff48c",
            "port_id": "ad9965bc-ed64-4807-9a88-cf83da020a7e",
            "project_id": "46606f330313430bb0d464049481ab2f",
            "region": "regionOne",
            "security_group_ids": null,
            "status": null,
            "tags": null,
            "tenant_id": "46606f330313430bb0d464049481ab2f"
          },
          "sensitive_attributes": []
        },
        {
          "index_key": 50,
          "schema_version": 0,
          "attributes": {
            "admin_state_up": true,
            "all_fixed_ips": [
              "10.113.7.245"
            ],
            "all_security_group_ids": [
              "dcbfab8a-cb6e-40fb-b95c-fd779c686fab"
            ],
            "all_tags": [],
            "allowed_address_pairs": [],
            "binding": [
              {
                "host_id": "",
                "profile": "",
                "vif_details": {},
                "vif_type": "",
                "vnic_type": "normal"
              }
            ],
            "description": "",
            "device_id": "108a24f7-1f6f-4c08-8cf9-9b9c092d4ba0",
            "device_owner": "compute:nova",
            "dns_assignment": [],
            "dns_name": "",
            "extra_dhcp_option": [],
            "fixed_ip": "10.113.7.245",
            "id": "029ff40d-7e5e-4e47-86e6-0ac29d61aac7",
            "mac_address": "fa:16:3e:79:90:1d",
            "name": "",
            "network_id": "6f3714b9-f2d5-4592-b25d-6fdfddcff48c",
            "port_id": "029ff40d-7e5e-4e47-86e6-0ac29d61aac7",
            "project_id": "46606f330313430bb0d464049481ab2f",
            "region": "regionOne",
            "security_group_ids": null,
            "status": null,
            "tags": null,
            "tenant_id": "46606f330313430bb0d464049481ab2f"
          },
          "sensitive_attributes": []
        },
        {
          "index_key": 51,
          "schema_version": 0,
          "attributes": {
            "admin_state_up": true,
            "all_fixed_ips": [
              "10.113.7.110"
            ],
            "all_security_group_ids": [
              "dcbfab8a-cb6e-40fb-b95c-fd779c686fab"
            ],
            "all_tags": [],
            "allowed_address_pairs": [],
            "binding": [
              {
                "host_id": "",
                "profile": "",
                "vif_details": {},
                "vif_type": "",
                "vnic_type": "normal"
              }
            ],
            "description": "",
            "device_id": "a89d9f18-ae91-4dbf-a022-f2e68cd3a35b",
            "device_owner": "compute:nova",
            "dns_assignment": [],
            "dns_name": "",
            "extra_dhcp_option": [],
            "fixed_ip": "10.113.7.110",
            "id": "892c7f36-df89-4f9e-a4b8-1e76a0f8c6ed",
            "mac_address": "fa:16:3e:63:e1:cd",
            "name": "",
            "network_id": "6f3714b9-f2d5-4592-b25d-6fdfddcff48c",
            "port_id": "892c7f36-df89-4f9e-a4b8-1e76a0f8c6ed",
            "project_id": "46606f330313430bb0d464049481ab2f",
            "region": "regionOne",
            "security_group_ids": null,
            "status": null,
            "tags": null,
            "tenant_id": "46606f330313430bb0d464049481ab2f"
          },
          "sensitive_attributes": []
        },
        {
          "index_key": 52,
          "schema_version": 0,
          "attributes": {
            "admin_state_up": true,
            "all_fixed_ips": [
              "10.113.7.203"
            ],
            "all_security_group_ids": [
              "dcbfab8a-cb6e-40fb-b95c-fd779c686fab"
            ],
            "all_tags": [],
            "allowed_address_pairs": [],
            "binding": [
              {
                "host_id": "",
                "profile": "",
                "vif_details": {},
                "vif_type": "",
                "vnic_type": "normal"
              }
            ],
            "description": "",
            "device_id": "753483db-e7ea-4f57-88ed-3ef9c88d9a1c",
            "device_owner": "compute:nova",
            "dns_assignment": [],
            "dns_name": "",
            "extra_dhcp_option": [],
            "fixed_ip": "10.113.7.203",
            "id": "8d70371a-2131-46aa-9a24-7fc2acf91a33",
            "mac_address": "fa:16:3e:73:26:a1",
            "name": "",
            "network_id": "6f3714b9-f2d5-4592-b25d-6fdfddcff48c",
            "port_id": "8d70371a-2131-46aa-9a24-7fc2acf91a33",
            "project_id": "46606f330313430bb0d464049481ab2f",
            "region": "regionOne",
            "security_group_ids": null,
            "status": null,
            "tags": null,
            "tenant_id": "46606f330313430bb0d464049481ab2f"
          },
          "sensitive_attributes": []
        },
        {
          "index_key": 53,
          "schema_version": 0,
          "attributes": {
            "admin_state_up": true,
            "all_fixed_ips": [
              "10.113.7.26"
            ],
            "all_security_group_ids": [
              "dcbfab8a-cb6e-40fb-b95c-fd779c686fab"
            ],
            "all_tags": [],
            "allowed_address_pairs": [],
            "binding": [
              {
                "host_id": "",
                "profile": "",
                "vif_details": {},
                "vif_type": "",
                "vnic_type": "normal"
              }
            ],
            "description": "",
            "device_id": "faf07d52-fdc0-4302-a737-94026c974d12",
            "device_owner": "compute:nova",
            "dns_assignment": [],
            "dns_name": "",
            "extra_dhcp_option": [],
            "fixed_ip": "10.113.7.26",
            "id": "ee4c2071-9fde-4ee4-94bd-b1ab695c760b",
            "mac_address": "fa:16:3e:ea:ad:85",
            "name": "",
            "network_id": "6f3714b9-f2d5-4592-b25d-6fdfddcff48c",
            "port_id": "ee4c2071-9fde-4ee4-94bd-b1ab695c760b",
            "project_id": "46606f330313430bb0d464049481ab2f",
            "region": "regionOne",
            "security_group_ids": null,
            "status": null,
            "tags": null,
            "tenant_id": "46606f330313430bb0d464049481ab2f"
          },
          "sensitive_attributes": []
        },
        {
          "index_key": 54,
          "schema_version": 0,
          "attributes": {
            "admin_state_up": true,
            "all_fixed_ips": [
              "10.113.7.128"
            ],
            "all_security_group_ids": [
              "dcbfab8a-cb6e-40fb-b95c-fd779c686fab"
            ],
            "all_tags": [],
            "allowed_address_pairs": [],
            "binding": [
              {
                "host_id": "",
                "profile": "",
                "vif_details": {},
                "vif_type": "",
                "vnic_type": "normal"
              }
            ],
            "description": "",
            "device_id": "e5731c8d-abdd-4d1d-b542-18640b254c1c",
            "device_owner": "compute:nova",
            "dns_assignment": [],
            "dns_name": "",
            "extra_dhcp_option": [],
            "fixed_ip": "10.113.7.128",
            "id": "ed45eeeb-8727-4e3a-99b7-7aed3a71b11b",
            "mac_address": "fa:16:3e:45:75:d1",
            "name": "",
            "network_id": "6f3714b9-f2d5-4592-b25d-6fdfddcff48c",
            "port_id": "ed45eeeb-8727-4e3a-99b7-7aed3a71b11b",
            "project_id": "46606f330313430bb0d464049481ab2f",
            "region": "regionOne",
            "security_group_ids": null,
            "status": null,
            "tags": null,
            "tenant_id": "46606f330313430bb0d464049481ab2f"
          },
          "sensitive_attributes": []
        },
        {
          "index_key": 55,
          "schema_version": 0,
          "attributes": {
            "admin_state_up": true,
            "all_fixed_ips": [
              "10.113.7.159"
            ],
            "all_security_group_ids": [
              "dcbfab8a-cb6e-40fb-b95c-fd779c686fab"
            ],
            "all_tags": [],
            "allowed_address_pairs": [],
            "binding": [
              {
                "host_id": "",
                "profile": "",
                "vif_details": {},
                "vif_type": "",
                "vnic_type": "normal"
              }
            ],
            "description": "",
            "device_id": "1d10253f-5b3f-47f7-bba3-533b2f615e09",
            "device_owner": "compute:nova",
            "dns_assignment": [],
            "dns_name": "",
            "extra_dhcp_option": [],
            "fixed_ip": "10.113.7.159",
            "id": "75408a2e-1293-46f0-8bc4-fdb1a66caaed",
            "mac_address": "fa:16:3e:e5:b2:60",
            "name": "",
            "network_id": "6f3714b9-f2d5-4592-b25d-6fdfddcff48c",
            "port_id": "75408a2e-1293-46f0-8bc4-fdb1a66caaed",
            "project_id": "46606f330313430bb0d464049481ab2f",
            "region": "regionOne",
            "security_group_ids": null,
            "status": null,
            "tags": null,
            "tenant_id": "46606f330313430bb0d464049481ab2f"
          },
          "sensitive_attributes": []
        },
        {
          "index_key": 56,
          "schema_version": 0,
          "attributes": {
            "admin_state_up": true,
            "all_fixed_ips": [
              "10.113.7.126"
            ],
            "all_security_group_ids": [
              "dcbfab8a-cb6e-40fb-b95c-fd779c686fab"
            ],
            "all_tags": [],
            "allowed_address_pairs": [],
            "binding": [
              {
                "host_id": "",
                "profile": "",
                "vif_details": {},
                "vif_type": "",
                "vnic_type": "normal"
              }
            ],
            "description": "",
            "device_id": "2fca0e35-e8fd-45ae-bf68-6e6ef0835b25",
            "device_owner": "compute:nova",
            "dns_assignment": [],
            "dns_name": "",
            "extra_dhcp_option": [],
            "fixed_ip": "10.113.7.126",
            "id": "34e7d735-2928-4a51-8557-0dad4ebdd8a1",
            "mac_address": "fa:16:3e:09:12:af",
            "name": "",
            "network_id": "6f3714b9-f2d5-4592-b25d-6fdfddcff48c",
            "port_id": "34e7d735-2928-4a51-8557-0dad4ebdd8a1",
            "project_id": "46606f330313430bb0d464049481ab2f",
            "region": "regionOne",
            "security_group_ids": null,
            "status": null,
            "tags": null,
            "tenant_id": "46606f330313430bb0d464049481ab2f"
          },
          "sensitive_attributes": []
        },
        {
          "index_key": 57,
          "schema_version": 0,
          "attributes": {
            "admin_state_up": true,
            "all_fixed_ips": [
              "10.113.7.242"
            ],
            "all_security_group_ids": [
              "dcbfab8a-cb6e-40fb-b95c-fd779c686fab"
            ],
            "all_tags": [],
            "allowed_address_pairs": [],
            "binding": [
              {
                "host_id": "",
                "profile": "",
                "vif_details": {},
                "vif_type": "",
                "vnic_type": "normal"
              }
            ],
            "description": "",
            "device_id": "ff0b7687-0e6e-4eff-9a5b-d17624ec0a62",
            "device_owner": "compute:nova",
            "dns_assignment": [],
            "dns_name": "",
            "extra_dhcp_option": [],
            "fixed_ip": "10.113.7.242",
            "id": "767efbe5-65dd-47c3-954f-deb19fe777e1",
            "mac_address": "fa:16:3e:0f:29:27",
            "name": "",
            "network_id": "6f3714b9-f2d5-4592-b25d-6fdfddcff48c",
            "port_id": "767efbe5-65dd-47c3-954f-deb19fe777e1",
            "project_id": "46606f330313430bb0d464049481ab2f",
            "region": "regionOne",
            "security_group_ids": null,
            "status": null,
            "tags": null,
            "tenant_id": "46606f330313430bb0d464049481ab2f"
          },
          "sensitive_attributes": []
        },
        {
          "index_key": 58,
          "schema_version": 0,
          "attributes": {
            "admin_state_up": true,
            "all_fixed_ips": [
              "10.113.7.120"
            ],
            "all_security_group_ids": [
              "dcbfab8a-cb6e-40fb-b95c-fd779c686fab"
            ],
            "all_tags": [],
            "allowed_address_pairs": [],
            "binding": [
              {
                "host_id": "",
                "profile": "",
                "vif_details": {},
                "vif_type": "",
                "vnic_type": "normal"
              }
            ],
            "description": "",
            "device_id": "d72f3565-0e97-4f25-95b5-41b3ed359719",
            "device_owner": "compute:nova",
            "dns_assignment": [],
            "dns_name": "",
            "extra_dhcp_option": [],
            "fixed_ip": "10.113.7.120",
            "id": "bfec7e11-948a-48ef-a088-530b42cdbc47",
            "mac_address": "fa:16:3e:61:50:e3",
            "name": "",
            "network_id": "6f3714b9-f2d5-4592-b25d-6fdfddcff48c",
            "port_id": "bfec7e11-948a-48ef-a088-530b42cdbc47",
            "project_id": "46606f330313430bb0d464049481ab2f",
            "region": "regionOne",
            "security_group_ids": null,
            "status": null,
            "tags": null,
            "tenant_id": "46606f330313430bb0d464049481ab2f"
          },
          "sensitive_attributes": []
        },
        {
          "index_key": 59,
          "schema_version": 0,
          "attributes": {
            "admin_state_up": true,
            "all_fixed_ips": [
              "10.113.7.154"
            ],
            "all_security_group_ids": [
              "dcbfab8a-cb6e-40fb-b95c-fd779c686fab"
            ],
            "all_tags": [],
            "allowed_address_pairs": [],
            "binding": [
              {
                "host_id": "",
                "profile": "",
                "vif_details": {},
                "vif_type": "",
                "vnic_type": "normal"
              }
            ],
            "description": "",
            "device_id": "0e072fb8-9468-4dd9-a723-94573e2d814b",
            "device_owner": "compute:nova",
            "dns_assignment": [],
            "dns_name": "",
            "extra_dhcp_option": [],
            "fixed_ip": "10.113.7.154",
            "id": "d981b0c0-3af7-48fe-93d0-cb853eb5c778",
            "mac_address": "fa:16:3e:85:4b:6a",
            "name": "",
            "network_id": "6f3714b9-f2d5-4592-b25d-6fdfddcff48c",
            "port_id": "d981b0c0-3af7-48fe-93d0-cb853eb5c778",
            "project_id": "46606f330313430bb0d464049481ab2f",
            "region": "regionOne",
            "security_group_ids": null,
            "status": null,
            "tags": null,
            "tenant_id": "46606f330313430bb0d464049481ab2f"
          },
          "sensitive_attributes": []
        },
        {
          "index_key": 60,
          "schema_version": 0,
          "attributes": {
            "admin_state_up": true,
            "all_fixed_ips": [
              "10.113.7.53"
            ],
            "all_security_group_ids": [
              "dcbfab8a-cb6e-40fb-b95c-fd779c686fab"
            ],
            "all_tags": [],
            "allowed_address_pairs": [],
            "binding": [
              {
                "host_id": "",
                "profile": "",
                "vif_details": {},
                "vif_type": "",
                "vnic_type": "normal"
              }
            ],
            "description": "",
            "device_id": "5112ac2f-3388-444f-84a2-2d32d544bbea",
            "device_owner": "compute:nova",
            "dns_assignment": [],
            "dns_name": "",
            "extra_dhcp_option": [],
            "fixed_ip": "10.113.7.53",
            "id": "8881ee59-e6be-45c6-b377-1b35abf967a4",
            "mac_address": "fa:16:3e:03:60:91",
            "name": "",
            "network_id": "6f3714b9-f2d5-4592-b25d-6fdfddcff48c",
            "port_id": "8881ee59-e6be-45c6-b377-1b35abf967a4",
            "project_id": "46606f330313430bb0d464049481ab2f",
            "region": "regionOne",
            "security_group_ids": null,
            "status": null,
            "tags": null,
            "tenant_id": "46606f330313430bb0d464049481ab2f"
          },
          "sensitive_attributes": []
        },
        {
          "index_key": 61,
          "schema_version": 0,
          "attributes": {
            "admin_state_up": true,
            "all_fixed_ips": [
              "10.113.7.56"
            ],
            "all_security_group_ids": [
              "dcbfab8a-cb6e-40fb-b95c-fd779c686fab"
            ],
            "all_tags": [],
            "allowed_address_pairs": [],
            "binding": [
              {
                "host_id": "",
                "profile": "",
                "vif_details": {},
                "vif_type": "",
                "vnic_type": "normal"
              }
            ],
            "description": "",
            "device_id": "0d243090-8019-41bc-8f5c-ae0642d79039",
            "device_owner": "compute:nova",
            "dns_assignment": [],
            "dns_name": "",
            "extra_dhcp_option": [],
            "fixed_ip": "10.113.7.56",
            "id": "5b0cd118-c619-45d4-b7d8-d7e546e22779",
            "mac_address": "fa:16:3e:6e:1b:1c",
            "name": "",
            "network_id": "6f3714b9-f2d5-4592-b25d-6fdfddcff48c",
            "port_id": "5b0cd118-c619-45d4-b7d8-d7e546e22779",
            "project_id": "46606f330313430bb0d464049481ab2f",
            "region": "regionOne",
            "security_group_ids": null,
            "status": null,
            "tags": null,
            "tenant_id": "46606f330313430bb0d464049481ab2f"
          },
          "sensitive_attributes": []
        },
        {
          "index_key": 62,
          "schema_version": 0,
          "attributes": {
            "admin_state_up": true,
            "all_fixed_ips": [
              "10.113.7.105"
            ],
            "all_security_group_ids": [
              "dcbfab8a-cb6e-40fb-b95c-fd779c686fab"
            ],
            "all_tags": [],
            "allowed_address_pairs": [],
            "binding": [
              {
                "host_id": "",
                "profile": "",
                "vif_details": {},
                "vif_type": "",
                "vnic_type": "normal"
              }
            ],
            "description": "",
            "device_id": "18efb7ca-4d2e-4aa1-ab9f-1180b093b59a",
            "device_owner": "compute:nova",
            "dns_assignment": [],
            "dns_name": "",
            "extra_dhcp_option": [],
            "fixed_ip": "10.113.7.105",
            "id": "32a54329-555b-43f2-8d8f-889357125708",
            "mac_address": "fa:16:3e:4e:fd:cf",
            "name": "",
            "network_id": "6f3714b9-f2d5-4592-b25d-6fdfddcff48c",
            "port_id": "32a54329-555b-43f2-8d8f-889357125708",
            "project_id": "46606f330313430bb0d464049481ab2f",
            "region": "regionOne",
            "security_group_ids": null,
            "status": null,
            "tags": null,
            "tenant_id": "46606f330313430bb0d464049481ab2f"
          },
          "sensitive_attributes": []
        },
        {
          "index_key": 63,
          "schema_version": 0,
          "attributes": {
            "admin_state_up": true,
            "all_fixed_ips": [
              "10.113.7.23"
            ],
            "all_security_group_ids": [
              "dcbfab8a-cb6e-40fb-b95c-fd779c686fab"
            ],
            "all_tags": [],
            "allowed_address_pairs": [],
            "binding": [
              {
                "host_id": "",
                "profile": "",
                "vif_details": {},
                "vif_type": "",
                "vnic_type": "normal"
              }
            ],
            "description": "",
            "device_id": "ca100cb2-bd34-4aa4-82df-002582d8e0c9",
            "device_owner": "compute:nova",
            "dns_assignment": [],
            "dns_name": "",
            "extra_dhcp_option": [],
            "fixed_ip": "10.113.7.23",
            "id": "bff56a9a-d7dd-4ea5-8012-c4a01cccf1c2",
            "mac_address": "fa:16:3e:7f:13:2c",
            "name": "",
            "network_id": "6f3714b9-f2d5-4592-b25d-6fdfddcff48c",
            "port_id": "bff56a9a-d7dd-4ea5-8012-c4a01cccf1c2",
            "project_id": "46606f330313430bb0d464049481ab2f",
            "region": "regionOne",
            "security_group_ids": null,
            "status": null,
            "tags": null,
            "tenant_id": "46606f330313430bb0d464049481ab2f"
          },
          "sensitive_attributes": []
        },
        {
          "index_key": 64,
          "schema_version": 0,
          "attributes": {
            "admin_state_up": true,
            "all_fixed_ips": [
              "10.113.7.188"
            ],
            "all_security_group_ids": [
              "dcbfab8a-cb6e-40fb-b95c-fd779c686fab"
            ],
            "all_tags": [],
            "allowed_address_pairs": [],
            "binding": [
              {
                "host_id": "",
                "profile": "",
                "vif_details": {},
                "vif_type": "",
                "vnic_type": "normal"
              }
            ],
            "description": "",
            "device_id": "84465a29-dbdf-4ba4-8a8e-94de020aaca6",
            "device_owner": "compute:nova",
            "dns_assignment": [],
            "dns_name": "",
            "extra_dhcp_option": [],
            "fixed_ip": "10.113.7.188",
            "id": "a3152077-9819-419a-ae8b-82101a795358",
            "mac_address": "fa:16:3e:c9:a3:6f",
            "name": "",
            "network_id": "6f3714b9-f2d5-4592-b25d-6fdfddcff48c",
            "port_id": "a3152077-9819-419a-ae8b-82101a795358",
            "project_id": "46606f330313430bb0d464049481ab2f",
            "region": "regionOne",
            "security_group_ids": null,
            "status": null,
            "tags": null,
            "tenant_id": "46606f330313430bb0d464049481ab2f"
          },
          "sensitive_attributes": []
        },
        {
          "index_key": 65,
          "schema_version": 0,
          "attributes": {
            "admin_state_up": true,
            "all_fixed_ips": [
              "10.113.7.28"
            ],
            "all_security_group_ids": [
              "dcbfab8a-cb6e-40fb-b95c-fd779c686fab"
            ],
            "all_tags": [],
            "allowed_address_pairs": [],
            "binding": [
              {
                "host_id": "",
                "profile": "",
                "vif_details": {},
                "vif_type": "",
                "vnic_type": "normal"
              }
            ],
            "description": "",
            "device_id": "8e5ee25f-4198-4520-ad46-cd788faf817e",
            "device_owner": "compute:nova",
            "dns_assignment": [],
            "dns_name": "",
            "extra_dhcp_option": [],
            "fixed_ip": "10.113.7.28",
            "id": "9db4fe71-3af1-4c0e-bd17-65de76f9699f",
            "mac_address": "fa:16:3e:43:ce:db",
            "name": "",
            "network_id": "6f3714b9-f2d5-4592-b25d-6fdfddcff48c",
            "port_id": "9db4fe71-3af1-4c0e-bd17-65de76f9699f",
            "project_id": "46606f330313430bb0d464049481ab2f",
            "region": "regionOne",
            "security_group_ids": null,
            "status": null,
            "tags": null,
            "tenant_id": "46606f330313430bb0d464049481ab2f"
          },
          "sensitive_attributes": []
        },
        {
          "index_key": 66,
          "schema_version": 0,
          "attributes": {
            "admin_state_up": true,
            "all_fixed_ips": [
              "10.113.7.229"
            ],
            "all_security_group_ids": [
              "dcbfab8a-cb6e-40fb-b95c-fd779c686fab"
            ],
            "all_tags": [],
            "allowed_address_pairs": [],
            "binding": [
              {
                "host_id": "",
                "profile": "",
                "vif_details": {},
                "vif_type": "",
                "vnic_type": "normal"
              }
            ],
            "description": "",
            "device_id": "bdd06103-8813-4a5f-a64d-d603bac07ba9",
            "device_owner": "compute:nova",
            "dns_assignment": [],
            "dns_name": "",
            "extra_dhcp_option": [],
            "fixed_ip": "10.113.7.229",
            "id": "ae626aaa-262e-487d-b7bd-fa8ad5665d79",
            "mac_address": "fa:16:3e:db:03:a1",
            "name": "",
            "network_id": "6f3714b9-f2d5-4592-b25d-6fdfddcff48c",
            "port_id": "ae626aaa-262e-487d-b7bd-fa8ad5665d79",
            "project_id": "46606f330313430bb0d464049481ab2f",
            "region": "regionOne",
            "security_group_ids": null,
            "status": null,
            "tags": null,
            "tenant_id": "46606f330313430bb0d464049481ab2f"
          },
          "sensitive_attributes": []
        },
        {
          "index_key": 67,
          "schema_version": 0,
          "attributes": {
            "admin_state_up": true,
            "all_fixed_ips": [
              "10.113.7.92"
            ],
            "all_security_group_ids": [
              "dcbfab8a-cb6e-40fb-b95c-fd779c686fab"
            ],
            "all_tags": [],
            "allowed_address_pairs": [],
            "binding": [
              {
                "host_id": "",
                "profile": "",
                "vif_details": {},
                "vif_type": "",
                "vnic_type": "normal"
              }
            ],
            "description": "",
            "device_id": "660c3afb-57d8-4468-8a91-21ce460dc0d7",
            "device_owner": "compute:nova",
            "dns_assignment": [],
            "dns_name": "",
            "extra_dhcp_option": [],
            "fixed_ip": "10.113.7.92",
            "id": "21f0babc-a184-47f6-8d88-1aa2380883ea",
            "mac_address": "fa:16:3e:91:14:cd",
            "name": "",
            "network_id": "6f3714b9-f2d5-4592-b25d-6fdfddcff48c",
            "port_id": "21f0babc-a184-47f6-8d88-1aa2380883ea",
            "project_id": "46606f330313430bb0d464049481ab2f",
            "region": "regionOne",
            "security_group_ids": null,
            "status": null,
            "tags": null,
            "tenant_id": "46606f330313430bb0d464049481ab2f"
          },
          "sensitive_attributes": []
        },
        {
          "index_key": 68,
          "schema_version": 0,
          "attributes": {
            "admin_state_up": true,
            "all_fixed_ips": [
              "10.113.7.16"
            ],
            "all_security_group_ids": [
              "dcbfab8a-cb6e-40fb-b95c-fd779c686fab"
            ],
            "all_tags": [],
            "allowed_address_pairs": [],
            "binding": [
              {
                "host_id": "",
                "profile": "",
                "vif_details": {},
                "vif_type": "",
                "vnic_type": "normal"
              }
            ],
            "description": "",
            "device_id": "518c5bca-4b48-435c-b3d6-61888508f2c1",
            "device_owner": "compute:nova",
            "dns_assignment": [],
            "dns_name": "",
            "extra_dhcp_option": [],
            "fixed_ip": "10.113.7.16",
            "id": "a684b42f-34d5-467d-8493-6bf97e657da8",
            "mac_address": "fa:16:3e:67:de:ca",
            "name": "",
            "network_id": "6f3714b9-f2d5-4592-b25d-6fdfddcff48c",
            "port_id": "a684b42f-34d5-467d-8493-6bf97e657da8",
            "project_id": "46606f330313430bb0d464049481ab2f",
            "region": "regionOne",
            "security_group_ids": null,
            "status": null,
            "tags": null,
            "tenant_id": "46606f330313430bb0d464049481ab2f"
          },
          "sensitive_attributes": []
        },
        {
          "index_key": 69,
          "schema_version": 0,
          "attributes": {
            "admin_state_up": true,
            "all_fixed_ips": [
              "10.113.7.104"
            ],
            "all_security_group_ids": [
              "dcbfab8a-cb6e-40fb-b95c-fd779c686fab"
            ],
            "all_tags": [],
            "allowed_address_pairs": [],
            "binding": [
              {
                "host_id": "",
                "profile": "",
                "vif_details": {},
                "vif_type": "",
                "vnic_type": "normal"
              }
            ],
            "description": "",
            "device_id": "f684428a-8723-44f4-aec2-272b7b6253a3",
            "device_owner": "compute:nova",
            "dns_assignment": [],
            "dns_name": "",
            "extra_dhcp_option": [],
            "fixed_ip": "10.113.7.104",
            "id": "3770083d-4756-4b34-8a30-ff9837e6dd11",
            "mac_address": "fa:16:3e:90:c0:d1",
            "name": "",
            "network_id": "6f3714b9-f2d5-4592-b25d-6fdfddcff48c",
            "port_id": "3770083d-4756-4b34-8a30-ff9837e6dd11",
            "project_id": "46606f330313430bb0d464049481ab2f",
            "region": "regionOne",
            "security_group_ids": null,
            "status": null,
            "tags": null,
            "tenant_id": "46606f330313430bb0d464049481ab2f"
          },
          "sensitive_attributes": []
        },
        {
          "index_key": 70,
          "schema_version": 0,
          "attributes": {
            "admin_state_up": true,
            "all_fixed_ips": [
              "10.113.7.251"
            ],
            "all_security_group_ids": [
              "dcbfab8a-cb6e-40fb-b95c-fd779c686fab"
            ],
            "all_tags": [],
            "allowed_address_pairs": [],
            "binding": [
              {
                "host_id": "",
                "profile": "",
                "vif_details": {},
                "vif_type": "",
                "vnic_type": "normal"
              }
            ],
            "description": "",
            "device_id": "5ab2a469-65ca-4c97-b7b1-7bc7a9ce5f70",
            "device_owner": "compute:nova",
            "dns_assignment": [],
            "dns_name": "",
            "extra_dhcp_option": [],
            "fixed_ip": "10.113.7.251",
            "id": "e299dbff-7b11-43db-a93a-43d15f4db1ca",
            "mac_address": "fa:16:3e:83:8c:a2",
            "name": "",
            "network_id": "6f3714b9-f2d5-4592-b25d-6fdfddcff48c",
            "port_id": "e299dbff-7b11-43db-a93a-43d15f4db1ca",
            "project_id": "46606f330313430bb0d464049481ab2f",
            "region": "regionOne",
            "security_group_ids": null,
            "status": null,
            "tags": null,
            "tenant_id": "46606f330313430bb0d464049481ab2f"
          },
          "sensitive_attributes": []
        },
        {
          "index_key": 71,
          "schema_version": 0,
          "attributes": {
            "admin_state_up": true,
            "all_fixed_ips": [
              "10.113.7.103"
            ],
            "all_security_group_ids": [
              "dcbfab8a-cb6e-40fb-b95c-fd779c686fab"
            ],
            "all_tags": [],
            "allowed_address_pairs": [],
            "binding": [
              {
                "host_id": "",
                "profile": "",
                "vif_details": {},
                "vif_type": "",
                "vnic_type": "normal"
              }
            ],
            "description": "",
            "device_id": "cdc8eb2d-d003-4895-93d8-7b242ede10b2",
            "device_owner": "compute:nova",
            "dns_assignment": [],
            "dns_name": "",
            "extra_dhcp_option": [],
            "fixed_ip": "10.113.7.103",
            "id": "37deb0de-7b78-41f1-b742-b93c09fd9dde",
            "mac_address": "fa:16:3e:9a:e4:59",
            "name": "",
            "network_id": "6f3714b9-f2d5-4592-b25d-6fdfddcff48c",
            "port_id": "37deb0de-7b78-41f1-b742-b93c09fd9dde",
            "project_id": "46606f330313430bb0d464049481ab2f",
            "region": "regionOne",
            "security_group_ids": null,
            "status": null,
            "tags": null,
            "tenant_id": "46606f330313430bb0d464049481ab2f"
          },
          "sensitive_attributes": []
        },
        {
          "index_key": 72,
          "schema_version": 0,
          "attributes": {
            "admin_state_up": true,
            "all_fixed_ips": [
              "10.113.7.99"
            ],
            "all_security_group_ids": [
              "dcbfab8a-cb6e-40fb-b95c-fd779c686fab"
            ],
            "all_tags": [],
            "allowed_address_pairs": [],
            "binding": [
              {
                "host_id": "",
                "profile": "",
                "vif_details": {},
                "vif_type": "",
                "vnic_type": "normal"
              }
            ],
            "description": "",
            "device_id": "45ce2cc8-d8d7-492b-8e44-fdcfa346d27e",
            "device_owner": "compute:nova",
            "dns_assignment": [],
            "dns_name": "",
            "extra_dhcp_option": [],
            "fixed_ip": "10.113.7.99",
            "id": "363016ab-3ad6-4dcd-9604-ed8727fba43d",
            "mac_address": "fa:16:3e:b0:f5:0d",
            "name": "",
            "network_id": "6f3714b9-f2d5-4592-b25d-6fdfddcff48c",
            "port_id": "363016ab-3ad6-4dcd-9604-ed8727fba43d",
            "project_id": "46606f330313430bb0d464049481ab2f",
            "region": "regionOne",
            "security_group_ids": null,
            "status": null,
            "tags": null,
            "tenant_id": "46606f330313430bb0d464049481ab2f"
          },
          "sensitive_attributes": []
        },
        {
          "index_key": 73,
          "schema_version": 0,
          "attributes": {
            "admin_state_up": true,
            "all_fixed_ips": [
              "10.113.7.179"
            ],
            "all_security_group_ids": [
              "dcbfab8a-cb6e-40fb-b95c-fd779c686fab"
            ],
            "all_tags": [],
            "allowed_address_pairs": [],
            "binding": [
              {
                "host_id": "",
                "profile": "",
                "vif_details": {},
                "vif_type": "",
                "vnic_type": "normal"
              }
            ],
            "description": "",
            "device_id": "e2666717-bc81-4917-ad4c-16336aee52c8",
            "device_owner": "compute:nova",
            "dns_assignment": [],
            "dns_name": "",
            "extra_dhcp_option": [],
            "fixed_ip": "10.113.7.179",
            "id": "d02fc50f-71cd-4fe8-9b6e-5abffc1932f1",
            "mac_address": "fa:16:3e:ef:db:be",
            "name": "",
            "network_id": "6f3714b9-f2d5-4592-b25d-6fdfddcff48c",
            "port_id": "d02fc50f-71cd-4fe8-9b6e-5abffc1932f1",
            "project_id": "46606f330313430bb0d464049481ab2f",
            "region": "regionOne",
            "security_group_ids": null,
            "status": null,
            "tags": null,
            "tenant_id": "46606f330313430bb0d464049481ab2f"
          },
          "sensitive_attributes": []
        },
        {
          "index_key": 74,
          "schema_version": 0,
          "attributes": {
            "admin_state_up": true,
            "all_fixed_ips": [
              "10.113.7.241"
            ],
            "all_security_group_ids": [
              "dcbfab8a-cb6e-40fb-b95c-fd779c686fab"
            ],
            "all_tags": [],
            "allowed_address_pairs": [],
            "binding": [
              {
                "host_id": "",
                "profile": "",
                "vif_details": {},
                "vif_type": "",
                "vnic_type": "normal"
              }
            ],
            "description": "",
            "device_id": "937e5015-974c-4890-96c0-d5c9218f350c",
            "device_owner": "compute:nova",
            "dns_assignment": [],
            "dns_name": "",
            "extra_dhcp_option": [],
            "fixed_ip": "10.113.7.241",
            "id": "24f1598a-1fa6-40fb-9e0c-c27d5b723d26",
            "mac_address": "fa:16:3e:58:df:b0",
            "name": "",
            "network_id": "6f3714b9-f2d5-4592-b25d-6fdfddcff48c",
            "port_id": "24f1598a-1fa6-40fb-9e0c-c27d5b723d26",
            "project_id": "46606f330313430bb0d464049481ab2f",
            "region": "regionOne",
            "security_group_ids": null,
            "status": null,
            "tags": null,
            "tenant_id": "46606f330313430bb0d464049481ab2f"
          },
          "sensitive_attributes": []
        },
        {
          "index_key": 75,
          "schema_version": 0,
          "attributes": {
            "admin_state_up": true,
            "all_fixed_ips": [
              "10.113.7.156"
            ],
            "all_security_group_ids": [
              "dcbfab8a-cb6e-40fb-b95c-fd779c686fab"
            ],
            "all_tags": [],
            "allowed_address_pairs": [],
            "binding": [
              {
                "host_id": "",
                "profile": "",
                "vif_details": {},
                "vif_type": "",
                "vnic_type": "normal"
              }
            ],
            "description": "",
            "device_id": "cea8dc89-1657-48cc-a6aa-32c54e605e85",
            "device_owner": "compute:nova",
            "dns_assignment": [],
            "dns_name": "",
            "extra_dhcp_option": [],
            "fixed_ip": "10.113.7.156",
            "id": "b33d34c4-15f7-4899-8064-ba91405c2ee1",
            "mac_address": "fa:16:3e:b4:45:de",
            "name": "",
            "network_id": "6f3714b9-f2d5-4592-b25d-6fdfddcff48c",
            "port_id": "b33d34c4-15f7-4899-8064-ba91405c2ee1",
            "project_id": "46606f330313430bb0d464049481ab2f",
            "region": "regionOne",
            "security_group_ids": null,
            "status": null,
            "tags": null,
            "tenant_id": "46606f330313430bb0d464049481ab2f"
          },
          "sensitive_attributes": []
        },
        {
          "index_key": 76,
          "schema_version": 0,
          "attributes": {
            "admin_state_up": true,
            "all_fixed_ips": [
              "10.113.7.144"
            ],
            "all_security_group_ids": [
              "dcbfab8a-cb6e-40fb-b95c-fd779c686fab"
            ],
            "all_tags": [],
            "allowed_address_pairs": [],
            "binding": [
              {
                "host_id": "",
                "profile": "",
                "vif_details": {},
                "vif_type": "",
                "vnic_type": "normal"
              }
            ],
            "description": "",
            "device_id": "72549fa6-7203-458b-aaad-cdb3f02dc3fd",
            "device_owner": "compute:nova",
            "dns_assignment": [],
            "dns_name": "",
            "extra_dhcp_option": [],
            "fixed_ip": "10.113.7.144",
            "id": "abcf86e5-2dbf-4cc7-a1d2-24c5ca557607",
            "mac_address": "fa:16:3e:26:78:66",
            "name": "",
            "network_id": "6f3714b9-f2d5-4592-b25d-6fdfddcff48c",
            "port_id": "abcf86e5-2dbf-4cc7-a1d2-24c5ca557607",
            "project_id": "46606f330313430bb0d464049481ab2f",
            "region": "regionOne",
            "security_group_ids": null,
            "status": null,
            "tags": null,
            "tenant_id": "46606f330313430bb0d464049481ab2f"
          },
          "sensitive_attributes": []
        },
        {
          "index_key": 77,
          "schema_version": 0,
          "attributes": {
            "admin_state_up": true,
            "all_fixed_ips": [
              "10.113.7.89"
            ],
            "all_security_group_ids": [
              "dcbfab8a-cb6e-40fb-b95c-fd779c686fab"
            ],
            "all_tags": [],
            "allowed_address_pairs": [],
            "binding": [
              {
                "host_id": "",
                "profile": "",
                "vif_details": {},
                "vif_type": "",
                "vnic_type": "normal"
              }
            ],
            "description": "",
            "device_id": "dd9ff7f4-9983-444d-b345-62f13ecb29d4",
            "device_owner": "compute:nova",
            "dns_assignment": [],
            "dns_name": "",
            "extra_dhcp_option": [],
            "fixed_ip": "10.113.7.89",
            "id": "846990ae-1935-4cf8-947c-5b76f579b65a",
            "mac_address": "fa:16:3e:80:ba:e0",
            "name": "",
            "network_id": "6f3714b9-f2d5-4592-b25d-6fdfddcff48c",
            "port_id": "846990ae-1935-4cf8-947c-5b76f579b65a",
            "project_id": "46606f330313430bb0d464049481ab2f",
            "region": "regionOne",
            "security_group_ids": null,
            "status": null,
            "tags": null,
            "tenant_id": "46606f330313430bb0d464049481ab2f"
          },
          "sensitive_attributes": []
        },
        {
          "index_key": 78,
          "schema_version": 0,
          "attributes": {
            "admin_state_up": true,
            "all_fixed_ips": [
              "10.113.7.72"
            ],
            "all_security_group_ids": [
              "dcbfab8a-cb6e-40fb-b95c-fd779c686fab"
            ],
            "all_tags": [],
            "allowed_address_pairs": [],
            "binding": [
              {
                "host_id": "",
                "profile": "",
                "vif_details": {},
                "vif_type": "",
                "vnic_type": "normal"
              }
            ],
            "description": "",
            "device_id": "c72cceca-3c45-424e-b731-01b41f7de834",
            "device_owner": "compute:nova",
            "dns_assignment": [],
            "dns_name": "",
            "extra_dhcp_option": [],
            "fixed_ip": "10.113.7.72",
            "id": "93c2c6f1-541f-4f0e-b567-240124029989",
            "mac_address": "fa:16:3e:90:91:48",
            "name": "",
            "network_id": "6f3714b9-f2d5-4592-b25d-6fdfddcff48c",
            "port_id": "93c2c6f1-541f-4f0e-b567-240124029989",
            "project_id": "46606f330313430bb0d464049481ab2f",
            "region": "regionOne",
            "security_group_ids": null,
            "status": null,
            "tags": null,
            "tenant_id": "46606f330313430bb0d464049481ab2f"
          },
          "sensitive_attributes": []
        },
        {
          "index_key": 79,
          "schema_version": 0,
          "attributes": {
            "admin_state_up": true,
            "all_fixed_ips": [
              "10.113.7.235"
            ],
            "all_security_group_ids": [
              "dcbfab8a-cb6e-40fb-b95c-fd779c686fab"
            ],
            "all_tags": [],
            "allowed_address_pairs": [],
            "binding": [
              {
                "host_id": "",
                "profile": "",
                "vif_details": {},
                "vif_type": "",
                "vnic_type": "normal"
              }
            ],
            "description": "",
            "device_id": "669e533d-6a34-4fcf-b4d6-d84ff06e0e61",
            "device_owner": "compute:nova",
            "dns_assignment": [],
            "dns_name": "",
            "extra_dhcp_option": [],
            "fixed_ip": "10.113.7.235",
            "id": "e9982ba8-6a63-478e-998d-8a6fecbd8656",
            "mac_address": "fa:16:3e:2e:e4:8f",
            "name": "",
            "network_id": "6f3714b9-f2d5-4592-b25d-6fdfddcff48c",
            "port_id": "e9982ba8-6a63-478e-998d-8a6fecbd8656",
            "project_id": "46606f330313430bb0d464049481ab2f",
            "region": "regionOne",
            "security_group_ids": null,
            "status": null,
            "tags": null,
            "tenant_id": "46606f330313430bb0d464049481ab2f"
          },
          "sensitive_attributes": []
        }
      ]
    },
    {
      "mode": "managed",
      "type": "aws_route53_record",
      "name": "training-vm-be",
      "provider": "provider[\"registry.terraform.io/hashicorp/aws\"]",
      "instances": [
        {
          "index_key": 0,
          "schema_version": 2,
          "attributes": {
            "alias": [],
            "allow_overwrite": null,
            "failover_routing_policy": [],
            "fqdn": "gat-0.be.training.galaxyproject.eu",
            "geolocation_routing_policy": [],
            "health_check_id": "",
            "id": "Z05016927AMHTHGB1IS2_gat-0.be.training.galaxyproject.eu_A",
            "latency_routing_policy": [],
            "multivalue_answer_routing_policy": null,
            "name": "gat-0.be.training.galaxyproject.eu",
            "records": [
              "193.190.80.20"
            ],
            "set_identifier": "",
            "ttl": 3600,
            "type": "A",
            "weighted_routing_policy": [],
            "zone_id": "Z05016927AMHTHGB1IS2"
          },
          "sensitive_attributes": [],
          "private": "eyJzY2hlbWFfdmVyc2lvbiI6IjIifQ==",
          "dependencies": [
            "data.aws_route53_zone.training-gxp-eu",
            "data.openstack_networking_floatingip_v2.floatingips"
          ]
        },
        {
          "index_key": 1,
          "schema_version": 2,
          "attributes": {
            "alias": [],
            "allow_overwrite": null,
            "failover_routing_policy": [],
            "fqdn": "gat-1.be.training.galaxyproject.eu",
            "geolocation_routing_policy": [],
            "health_check_id": "",
            "id": "Z05016927AMHTHGB1IS2_gat-1.be.training.galaxyproject.eu_A",
            "latency_routing_policy": [],
            "multivalue_answer_routing_policy": null,
            "name": "gat-1.be.training.galaxyproject.eu",
            "records": [
              "193.190.80.21"
            ],
            "set_identifier": "",
            "ttl": 3600,
            "type": "A",
            "weighted_routing_policy": [],
            "zone_id": "Z05016927AMHTHGB1IS2"
          },
          "sensitive_attributes": [],
          "private": "eyJzY2hlbWFfdmVyc2lvbiI6IjIifQ==",
          "dependencies": [
            "data.aws_route53_zone.training-gxp-eu",
            "data.openstack_networking_floatingip_v2.floatingips"
          ]
        },
        {
          "index_key": 2,
          "schema_version": 2,
          "attributes": {
            "alias": [],
            "allow_overwrite": null,
            "failover_routing_policy": [],
            "fqdn": "gat-2.be.training.galaxyproject.eu",
            "geolocation_routing_policy": [],
            "health_check_id": "",
            "id": "Z05016927AMHTHGB1IS2_gat-2.be.training.galaxyproject.eu_A",
            "latency_routing_policy": [],
            "multivalue_answer_routing_policy": null,
            "name": "gat-2.be.training.galaxyproject.eu",
            "records": [
              "193.190.80.22"
            ],
            "set_identifier": "",
            "ttl": 3600,
            "type": "A",
            "weighted_routing_policy": [],
            "zone_id": "Z05016927AMHTHGB1IS2"
          },
          "sensitive_attributes": [],
          "private": "eyJzY2hlbWFfdmVyc2lvbiI6IjIifQ==",
          "dependencies": [
            "data.aws_route53_zone.training-gxp-eu",
            "data.openstack_networking_floatingip_v2.floatingips"
          ]
        },
        {
          "index_key": 3,
          "schema_version": 2,
          "attributes": {
            "alias": [],
            "allow_overwrite": null,
            "failover_routing_policy": [],
            "fqdn": "gat-3.be.training.galaxyproject.eu",
            "geolocation_routing_policy": [],
            "health_check_id": "",
            "id": "Z05016927AMHTHGB1IS2_gat-3.be.training.galaxyproject.eu_A",
            "latency_routing_policy": [],
            "multivalue_answer_routing_policy": null,
            "name": "gat-3.be.training.galaxyproject.eu",
            "records": [
              "193.190.80.23"
            ],
            "set_identifier": "",
            "ttl": 3600,
            "type": "A",
            "weighted_routing_policy": [],
            "zone_id": "Z05016927AMHTHGB1IS2"
          },
          "sensitive_attributes": [],
          "private": "eyJzY2hlbWFfdmVyc2lvbiI6IjIifQ==",
          "dependencies": [
            "data.aws_route53_zone.training-gxp-eu",
            "data.openstack_networking_floatingip_v2.floatingips"
          ]
        },
        {
          "index_key": 4,
          "schema_version": 2,
          "attributes": {
            "alias": [],
            "allow_overwrite": null,
            "failover_routing_policy": [],
            "fqdn": "gat-4.be.training.galaxyproject.eu",
            "geolocation_routing_policy": [],
            "health_check_id": "",
            "id": "Z05016927AMHTHGB1IS2_gat-4.be.training.galaxyproject.eu_A",
            "latency_routing_policy": [],
            "multivalue_answer_routing_policy": null,
            "name": "gat-4.be.training.galaxyproject.eu",
            "records": [
              "193.190.80.24"
            ],
            "set_identifier": "",
            "ttl": 3600,
            "type": "A",
            "weighted_routing_policy": [],
            "zone_id": "Z05016927AMHTHGB1IS2"
          },
          "sensitive_attributes": [],
          "private": "eyJzY2hlbWFfdmVyc2lvbiI6IjIifQ==",
          "dependencies": [
            "data.aws_route53_zone.training-gxp-eu",
            "data.openstack_networking_floatingip_v2.floatingips"
          ]
        },
        {
          "index_key": 5,
          "schema_version": 2,
          "attributes": {
            "alias": [],
            "allow_overwrite": null,
            "failover_routing_policy": [],
            "fqdn": "gat-5.be.training.galaxyproject.eu",
            "geolocation_routing_policy": [],
            "health_check_id": "",
            "id": "Z05016927AMHTHGB1IS2_gat-5.be.training.galaxyproject.eu_A",
            "latency_routing_policy": [],
            "multivalue_answer_routing_policy": null,
            "name": "gat-5.be.training.galaxyproject.eu",
            "records": [
              "193.190.80.25"
            ],
            "set_identifier": "",
            "ttl": 3600,
            "type": "A",
            "weighted_routing_policy": [],
            "zone_id": "Z05016927AMHTHGB1IS2"
          },
          "sensitive_attributes": [],
          "private": "eyJzY2hlbWFfdmVyc2lvbiI6IjIifQ==",
          "dependencies": [
            "data.aws_route53_zone.training-gxp-eu",
            "data.openstack_networking_floatingip_v2.floatingips"
          ]
        },
        {
          "index_key": 6,
          "schema_version": 2,
          "attributes": {
            "alias": [],
            "allow_overwrite": null,
            "failover_routing_policy": [],
            "fqdn": "gat-6.be.training.galaxyproject.eu",
            "geolocation_routing_policy": [],
            "health_check_id": "",
            "id": "Z05016927AMHTHGB1IS2_gat-6.be.training.galaxyproject.eu_A",
            "latency_routing_policy": [],
            "multivalue_answer_routing_policy": null,
            "name": "gat-6.be.training.galaxyproject.eu",
            "records": [
              "193.190.80.26"
            ],
            "set_identifier": "",
            "ttl": 3600,
            "type": "A",
            "weighted_routing_policy": [],
            "zone_id": "Z05016927AMHTHGB1IS2"
          },
          "sensitive_attributes": [],
          "private": "eyJzY2hlbWFfdmVyc2lvbiI6IjIifQ==",
          "dependencies": [
            "data.aws_route53_zone.training-gxp-eu",
            "data.openstack_networking_floatingip_v2.floatingips"
          ]
        },
        {
          "index_key": 7,
          "schema_version": 2,
          "attributes": {
            "alias": [],
            "allow_overwrite": null,
            "failover_routing_policy": [],
            "fqdn": "gat-7.be.training.galaxyproject.eu",
            "geolocation_routing_policy": [],
            "health_check_id": "",
            "id": "Z05016927AMHTHGB1IS2_gat-7.be.training.galaxyproject.eu_A",
            "latency_routing_policy": [],
            "multivalue_answer_routing_policy": null,
            "name": "gat-7.be.training.galaxyproject.eu",
            "records": [
              "193.190.80.27"
            ],
            "set_identifier": "",
            "ttl": 3600,
            "type": "A",
            "weighted_routing_policy": [],
            "zone_id": "Z05016927AMHTHGB1IS2"
          },
          "sensitive_attributes": [],
          "private": "eyJzY2hlbWFfdmVyc2lvbiI6IjIifQ==",
          "dependencies": [
            "data.aws_route53_zone.training-gxp-eu",
            "data.openstack_networking_floatingip_v2.floatingips"
          ]
        },
        {
          "index_key": 8,
          "schema_version": 2,
          "attributes": {
            "alias": [],
            "allow_overwrite": null,
            "failover_routing_policy": [],
            "fqdn": "gat-8.be.training.galaxyproject.eu",
            "geolocation_routing_policy": [],
            "health_check_id": "",
            "id": "Z05016927AMHTHGB1IS2_gat-8.be.training.galaxyproject.eu_A",
            "latency_routing_policy": [],
            "multivalue_answer_routing_policy": null,
            "name": "gat-8.be.training.galaxyproject.eu",
            "records": [
              "193.190.80.28"
            ],
            "set_identifier": "",
            "ttl": 3600,
            "type": "A",
            "weighted_routing_policy": [],
            "zone_id": "Z05016927AMHTHGB1IS2"
          },
          "sensitive_attributes": [],
          "private": "eyJzY2hlbWFfdmVyc2lvbiI6IjIifQ==",
          "dependencies": [
            "data.aws_route53_zone.training-gxp-eu",
            "data.openstack_networking_floatingip_v2.floatingips"
          ]
        },
        {
          "index_key": 9,
          "schema_version": 2,
          "attributes": {
            "alias": [],
            "allow_overwrite": null,
            "failover_routing_policy": [],
            "fqdn": "gat-9.be.training.galaxyproject.eu",
            "geolocation_routing_policy": [],
            "health_check_id": "",
            "id": "Z05016927AMHTHGB1IS2_gat-9.be.training.galaxyproject.eu_A",
            "latency_routing_policy": [],
            "multivalue_answer_routing_policy": null,
            "name": "gat-9.be.training.galaxyproject.eu",
            "records": [
              "193.190.80.29"
            ],
            "set_identifier": "",
            "ttl": 3600,
            "type": "A",
            "weighted_routing_policy": [],
            "zone_id": "Z05016927AMHTHGB1IS2"
          },
          "sensitive_attributes": [],
          "private": "eyJzY2hlbWFfdmVyc2lvbiI6IjIifQ==",
          "dependencies": [
            "data.openstack_networking_floatingip_v2.floatingips",
            "data.aws_route53_zone.training-gxp-eu"
          ]
        },
        {
          "index_key": 10,
          "schema_version": 2,
          "attributes": {
            "alias": [],
            "allow_overwrite": null,
            "failover_routing_policy": [],
            "fqdn": "gat-10.be.training.galaxyproject.eu",
            "geolocation_routing_policy": [],
            "health_check_id": "",
            "id": "Z05016927AMHTHGB1IS2_gat-10.be.training.galaxyproject.eu_A",
            "latency_routing_policy": [],
            "multivalue_answer_routing_policy": null,
            "name": "gat-10.be.training.galaxyproject.eu",
            "records": [
              "193.190.80.30"
            ],
            "set_identifier": "",
            "ttl": 3600,
            "type": "A",
            "weighted_routing_policy": [],
            "zone_id": "Z05016927AMHTHGB1IS2"
          },
          "sensitive_attributes": [],
          "private": "eyJzY2hlbWFfdmVyc2lvbiI6IjIifQ==",
          "dependencies": [
            "data.openstack_networking_floatingip_v2.floatingips",
            "data.aws_route53_zone.training-gxp-eu"
          ]
        },
        {
          "index_key": 11,
          "schema_version": 2,
          "attributes": {
            "alias": [],
            "allow_overwrite": null,
            "failover_routing_policy": [],
            "fqdn": "gat-11.be.training.galaxyproject.eu",
            "geolocation_routing_policy": [],
            "health_check_id": "",
            "id": "Z05016927AMHTHGB1IS2_gat-11.be.training.galaxyproject.eu_A",
            "latency_routing_policy": [],
            "multivalue_answer_routing_policy": null,
            "name": "gat-11.be.training.galaxyproject.eu",
            "records": [
              "193.190.80.31"
            ],
            "set_identifier": "",
            "ttl": 3600,
            "type": "A",
            "weighted_routing_policy": [],
            "zone_id": "Z05016927AMHTHGB1IS2"
          },
          "sensitive_attributes": [],
          "private": "eyJzY2hlbWFfdmVyc2lvbiI6IjIifQ==",
          "dependencies": [
            "data.aws_route53_zone.training-gxp-eu",
            "data.openstack_networking_floatingip_v2.floatingips"
          ]
        },
        {
          "index_key": 12,
          "schema_version": 2,
          "attributes": {
            "alias": [],
            "allow_overwrite": null,
            "failover_routing_policy": [],
            "fqdn": "gat-12.be.training.galaxyproject.eu",
            "geolocation_routing_policy": [],
            "health_check_id": "",
            "id": "Z05016927AMHTHGB1IS2_gat-12.be.training.galaxyproject.eu_A",
            "latency_routing_policy": [],
            "multivalue_answer_routing_policy": null,
            "name": "gat-12.be.training.galaxyproject.eu",
            "records": [
              "193.190.80.32"
            ],
            "set_identifier": "",
            "ttl": 3600,
            "type": "A",
            "weighted_routing_policy": [],
            "zone_id": "Z05016927AMHTHGB1IS2"
          },
          "sensitive_attributes": [],
          "private": "eyJzY2hlbWFfdmVyc2lvbiI6IjIifQ==",
          "dependencies": [
            "data.openstack_networking_floatingip_v2.floatingips",
            "data.aws_route53_zone.training-gxp-eu"
          ]
        },
        {
          "index_key": 13,
          "schema_version": 2,
          "attributes": {
            "alias": [],
            "allow_overwrite": null,
            "failover_routing_policy": [],
            "fqdn": "gat-13.be.training.galaxyproject.eu",
            "geolocation_routing_policy": [],
            "health_check_id": "",
            "id": "Z05016927AMHTHGB1IS2_gat-13.be.training.galaxyproject.eu_A",
            "latency_routing_policy": [],
            "multivalue_answer_routing_policy": null,
            "name": "gat-13.be.training.galaxyproject.eu",
            "records": [
              "193.190.80.33"
            ],
            "set_identifier": "",
            "ttl": 3600,
            "type": "A",
            "weighted_routing_policy": [],
            "zone_id": "Z05016927AMHTHGB1IS2"
          },
          "sensitive_attributes": [],
          "private": "eyJzY2hlbWFfdmVyc2lvbiI6IjIifQ==",
          "dependencies": [
            "data.aws_route53_zone.training-gxp-eu",
            "data.openstack_networking_floatingip_v2.floatingips"
          ]
        },
        {
          "index_key": 14,
          "schema_version": 2,
          "attributes": {
            "alias": [],
            "allow_overwrite": null,
            "failover_routing_policy": [],
            "fqdn": "gat-14.be.training.galaxyproject.eu",
            "geolocation_routing_policy": [],
            "health_check_id": "",
            "id": "Z05016927AMHTHGB1IS2_gat-14.be.training.galaxyproject.eu_A",
            "latency_routing_policy": [],
            "multivalue_answer_routing_policy": null,
            "name": "gat-14.be.training.galaxyproject.eu",
            "records": [
              "193.190.80.34"
            ],
            "set_identifier": "",
            "ttl": 3600,
            "type": "A",
            "weighted_routing_policy": [],
            "zone_id": "Z05016927AMHTHGB1IS2"
          },
          "sensitive_attributes": [],
          "private": "eyJzY2hlbWFfdmVyc2lvbiI6IjIifQ==",
          "dependencies": [
            "data.aws_route53_zone.training-gxp-eu",
            "data.openstack_networking_floatingip_v2.floatingips"
          ]
        },
        {
          "index_key": 15,
          "schema_version": 2,
          "attributes": {
            "alias": [],
            "allow_overwrite": null,
            "failover_routing_policy": [],
            "fqdn": "gat-15.be.training.galaxyproject.eu",
            "geolocation_routing_policy": [],
            "health_check_id": "",
            "id": "Z05016927AMHTHGB1IS2_gat-15.be.training.galaxyproject.eu_A",
            "latency_routing_policy": [],
            "multivalue_answer_routing_policy": null,
            "name": "gat-15.be.training.galaxyproject.eu",
            "records": [
              "193.190.80.35"
            ],
            "set_identifier": "",
            "ttl": 3600,
            "type": "A",
            "weighted_routing_policy": [],
            "zone_id": "Z05016927AMHTHGB1IS2"
          },
          "sensitive_attributes": [],
          "private": "eyJzY2hlbWFfdmVyc2lvbiI6IjIifQ==",
          "dependencies": [
            "data.aws_route53_zone.training-gxp-eu",
            "data.openstack_networking_floatingip_v2.floatingips"
          ]
        },
        {
          "index_key": 16,
          "schema_version": 2,
          "attributes": {
            "alias": [],
            "allow_overwrite": null,
            "failover_routing_policy": [],
            "fqdn": "gat-16.be.training.galaxyproject.eu",
            "geolocation_routing_policy": [],
            "health_check_id": "",
            "id": "Z05016927AMHTHGB1IS2_gat-16.be.training.galaxyproject.eu_A",
            "latency_routing_policy": [],
            "multivalue_answer_routing_policy": null,
            "name": "gat-16.be.training.galaxyproject.eu",
            "records": [
              "193.190.80.36"
            ],
            "set_identifier": "",
            "ttl": 3600,
            "type": "A",
            "weighted_routing_policy": [],
            "zone_id": "Z05016927AMHTHGB1IS2"
          },
          "sensitive_attributes": [],
          "private": "eyJzY2hlbWFfdmVyc2lvbiI6IjIifQ==",
          "dependencies": [
            "data.aws_route53_zone.training-gxp-eu",
            "data.openstack_networking_floatingip_v2.floatingips"
          ]
        },
        {
          "index_key": 17,
          "schema_version": 2,
          "attributes": {
            "alias": [],
            "allow_overwrite": null,
            "failover_routing_policy": [],
            "fqdn": "gat-17.be.training.galaxyproject.eu",
            "geolocation_routing_policy": [],
            "health_check_id": "",
            "id": "Z05016927AMHTHGB1IS2_gat-17.be.training.galaxyproject.eu_A",
            "latency_routing_policy": [],
            "multivalue_answer_routing_policy": null,
            "name": "gat-17.be.training.galaxyproject.eu",
            "records": [
              "193.190.80.37"
            ],
            "set_identifier": "",
            "ttl": 3600,
            "type": "A",
            "weighted_routing_policy": [],
            "zone_id": "Z05016927AMHTHGB1IS2"
          },
          "sensitive_attributes": [],
          "private": "eyJzY2hlbWFfdmVyc2lvbiI6IjIifQ==",
          "dependencies": [
            "data.aws_route53_zone.training-gxp-eu",
            "data.openstack_networking_floatingip_v2.floatingips"
          ]
        },
        {
          "index_key": 18,
          "schema_version": 2,
          "attributes": {
            "alias": [],
            "allow_overwrite": null,
            "failover_routing_policy": [],
            "fqdn": "gat-18.be.training.galaxyproject.eu",
            "geolocation_routing_policy": [],
            "health_check_id": "",
            "id": "Z05016927AMHTHGB1IS2_gat-18.be.training.galaxyproject.eu_A",
            "latency_routing_policy": [],
            "multivalue_answer_routing_policy": null,
            "name": "gat-18.be.training.galaxyproject.eu",
            "records": [
              "193.190.80.38"
            ],
            "set_identifier": "",
            "ttl": 3600,
            "type": "A",
            "weighted_routing_policy": [],
            "zone_id": "Z05016927AMHTHGB1IS2"
          },
          "sensitive_attributes": [],
          "private": "eyJzY2hlbWFfdmVyc2lvbiI6IjIifQ==",
          "dependencies": [
            "data.aws_route53_zone.training-gxp-eu",
            "data.openstack_networking_floatingip_v2.floatingips"
          ]
        },
        {
          "index_key": 19,
          "schema_version": 2,
          "attributes": {
            "alias": [],
            "allow_overwrite": null,
            "failover_routing_policy": [],
            "fqdn": "gat-19.be.training.galaxyproject.eu",
            "geolocation_routing_policy": [],
            "health_check_id": "",
            "id": "Z05016927AMHTHGB1IS2_gat-19.be.training.galaxyproject.eu_A",
            "latency_routing_policy": [],
            "multivalue_answer_routing_policy": null,
            "name": "gat-19.be.training.galaxyproject.eu",
            "records": [
              "193.190.80.39"
            ],
            "set_identifier": "",
            "ttl": 3600,
            "type": "A",
            "weighted_routing_policy": [],
            "zone_id": "Z05016927AMHTHGB1IS2"
          },
          "sensitive_attributes": [],
          "private": "eyJzY2hlbWFfdmVyc2lvbiI6IjIifQ==",
          "dependencies": [
            "data.aws_route53_zone.training-gxp-eu",
            "data.openstack_networking_floatingip_v2.floatingips"
          ]
        },
        {
          "index_key": 20,
          "schema_version": 2,
          "attributes": {
            "alias": [],
            "allow_overwrite": null,
            "failover_routing_policy": [],
            "fqdn": "gat-20.be.training.galaxyproject.eu",
            "geolocation_routing_policy": [],
            "health_check_id": "",
            "id": "Z05016927AMHTHGB1IS2_gat-20.be.training.galaxyproject.eu_A",
            "latency_routing_policy": [],
            "multivalue_answer_routing_policy": null,
            "name": "gat-20.be.training.galaxyproject.eu",
            "records": [
              "193.190.80.40"
            ],
            "set_identifier": "",
            "ttl": 3600,
            "type": "A",
            "weighted_routing_policy": [],
            "zone_id": "Z05016927AMHTHGB1IS2"
          },
          "sensitive_attributes": [],
          "private": "eyJzY2hlbWFfdmVyc2lvbiI6IjIifQ==",
          "dependencies": [
            "data.aws_route53_zone.training-gxp-eu",
            "data.openstack_networking_floatingip_v2.floatingips"
          ]
        },
        {
          "index_key": 21,
          "schema_version": 2,
          "attributes": {
            "alias": [],
            "allow_overwrite": null,
            "failover_routing_policy": [],
            "fqdn": "gat-21.be.training.galaxyproject.eu",
            "geolocation_routing_policy": [],
            "health_check_id": "",
            "id": "Z05016927AMHTHGB1IS2_gat-21.be.training.galaxyproject.eu_A",
            "latency_routing_policy": [],
            "multivalue_answer_routing_policy": null,
            "name": "gat-21.be.training.galaxyproject.eu",
            "records": [
              "193.190.80.41"
            ],
            "set_identifier": "",
            "ttl": 3600,
            "type": "A",
            "weighted_routing_policy": [],
            "zone_id": "Z05016927AMHTHGB1IS2"
          },
          "sensitive_attributes": [],
          "private": "eyJzY2hlbWFfdmVyc2lvbiI6IjIifQ==",
          "dependencies": [
            "data.aws_route53_zone.training-gxp-eu",
            "data.openstack_networking_floatingip_v2.floatingips"
          ]
        },
        {
          "index_key": 22,
          "schema_version": 2,
          "attributes": {
            "alias": [],
            "allow_overwrite": null,
            "failover_routing_policy": [],
            "fqdn": "gat-22.be.training.galaxyproject.eu",
            "geolocation_routing_policy": [],
            "health_check_id": "",
            "id": "Z05016927AMHTHGB1IS2_gat-22.be.training.galaxyproject.eu_A",
            "latency_routing_policy": [],
            "multivalue_answer_routing_policy": null,
            "name": "gat-22.be.training.galaxyproject.eu",
            "records": [
              "193.190.80.42"
            ],
            "set_identifier": "",
            "ttl": 3600,
            "type": "A",
            "weighted_routing_policy": [],
            "zone_id": "Z05016927AMHTHGB1IS2"
          },
          "sensitive_attributes": [],
          "private": "eyJzY2hlbWFfdmVyc2lvbiI6IjIifQ==",
          "dependencies": [
            "data.aws_route53_zone.training-gxp-eu",
            "data.openstack_networking_floatingip_v2.floatingips"
          ]
        },
        {
          "index_key": 23,
          "schema_version": 2,
          "attributes": {
            "alias": [],
            "allow_overwrite": null,
            "failover_routing_policy": [],
            "fqdn": "gat-23.be.training.galaxyproject.eu",
            "geolocation_routing_policy": [],
            "health_check_id": "",
            "id": "Z05016927AMHTHGB1IS2_gat-23.be.training.galaxyproject.eu_A",
            "latency_routing_policy": [],
            "multivalue_answer_routing_policy": null,
            "name": "gat-23.be.training.galaxyproject.eu",
            "records": [
              "193.190.80.43"
            ],
            "set_identifier": "",
            "ttl": 3600,
            "type": "A",
            "weighted_routing_policy": [],
            "zone_id": "Z05016927AMHTHGB1IS2"
          },
          "sensitive_attributes": [],
          "private": "eyJzY2hlbWFfdmVyc2lvbiI6IjIifQ==",
          "dependencies": [
            "data.aws_route53_zone.training-gxp-eu",
            "data.openstack_networking_floatingip_v2.floatingips"
          ]
        },
        {
          "index_key": 24,
          "schema_version": 2,
          "attributes": {
            "alias": [],
            "allow_overwrite": null,
            "failover_routing_policy": [],
            "fqdn": "gat-24.be.training.galaxyproject.eu",
            "geolocation_routing_policy": [],
            "health_check_id": "",
            "id": "Z05016927AMHTHGB1IS2_gat-24.be.training.galaxyproject.eu_A",
            "latency_routing_policy": [],
            "multivalue_answer_routing_policy": null,
            "name": "gat-24.be.training.galaxyproject.eu",
            "records": [
              "193.190.80.44"
            ],
            "set_identifier": "",
            "ttl": 3600,
            "type": "A",
            "weighted_routing_policy": [],
            "zone_id": "Z05016927AMHTHGB1IS2"
          },
          "sensitive_attributes": [],
          "private": "eyJzY2hlbWFfdmVyc2lvbiI6IjIifQ==",
          "dependencies": [
            "data.aws_route53_zone.training-gxp-eu",
            "data.openstack_networking_floatingip_v2.floatingips"
          ]
        },
        {
          "index_key": 25,
          "schema_version": 2,
          "attributes": {
            "alias": [],
            "allow_overwrite": null,
            "failover_routing_policy": [],
            "fqdn": "gat-25.be.training.galaxyproject.eu",
            "geolocation_routing_policy": [],
            "health_check_id": "",
            "id": "Z05016927AMHTHGB1IS2_gat-25.be.training.galaxyproject.eu_A",
            "latency_routing_policy": [],
            "multivalue_answer_routing_policy": null,
            "name": "gat-25.be.training.galaxyproject.eu",
            "records": [
              "193.190.80.45"
            ],
            "set_identifier": "",
            "ttl": 3600,
            "type": "A",
            "weighted_routing_policy": [],
            "zone_id": "Z05016927AMHTHGB1IS2"
          },
          "sensitive_attributes": [],
          "private": "eyJzY2hlbWFfdmVyc2lvbiI6IjIifQ==",
          "dependencies": [
            "data.aws_route53_zone.training-gxp-eu",
            "data.openstack_networking_floatingip_v2.floatingips"
          ]
        },
        {
          "index_key": 26,
          "schema_version": 2,
          "attributes": {
            "alias": [],
            "allow_overwrite": null,
            "failover_routing_policy": [],
            "fqdn": "gat-26.be.training.galaxyproject.eu",
            "geolocation_routing_policy": [],
            "health_check_id": "",
            "id": "Z05016927AMHTHGB1IS2_gat-26.be.training.galaxyproject.eu_A",
            "latency_routing_policy": [],
            "multivalue_answer_routing_policy": null,
            "name": "gat-26.be.training.galaxyproject.eu",
            "records": [
              "193.190.80.46"
            ],
            "set_identifier": "",
            "ttl": 3600,
            "type": "A",
            "weighted_routing_policy": [],
            "zone_id": "Z05016927AMHTHGB1IS2"
          },
          "sensitive_attributes": [],
          "private": "eyJzY2hlbWFfdmVyc2lvbiI6IjIifQ==",
          "dependencies": [
            "data.aws_route53_zone.training-gxp-eu",
            "data.openstack_networking_floatingip_v2.floatingips"
          ]
        },
        {
          "index_key": 27,
          "schema_version": 2,
          "attributes": {
            "alias": [],
            "allow_overwrite": null,
            "failover_routing_policy": [],
            "fqdn": "gat-27.be.training.galaxyproject.eu",
            "geolocation_routing_policy": [],
            "health_check_id": "",
            "id": "Z05016927AMHTHGB1IS2_gat-27.be.training.galaxyproject.eu_A",
            "latency_routing_policy": [],
            "multivalue_answer_routing_policy": null,
            "name": "gat-27.be.training.galaxyproject.eu",
            "records": [
              "193.190.80.47"
            ],
            "set_identifier": "",
            "ttl": 3600,
            "type": "A",
            "weighted_routing_policy": [],
            "zone_id": "Z05016927AMHTHGB1IS2"
          },
          "sensitive_attributes": [],
          "private": "eyJzY2hlbWFfdmVyc2lvbiI6IjIifQ==",
          "dependencies": [
            "data.aws_route53_zone.training-gxp-eu",
            "data.openstack_networking_floatingip_v2.floatingips"
          ]
        },
        {
          "index_key": 28,
          "schema_version": 2,
          "attributes": {
            "alias": [],
            "allow_overwrite": null,
            "failover_routing_policy": [],
            "fqdn": "gat-28.be.training.galaxyproject.eu",
            "geolocation_routing_policy": [],
            "health_check_id": "",
            "id": "Z05016927AMHTHGB1IS2_gat-28.be.training.galaxyproject.eu_A",
            "latency_routing_policy": [],
            "multivalue_answer_routing_policy": null,
            "name": "gat-28.be.training.galaxyproject.eu",
            "records": [
              "193.190.80.48"
            ],
            "set_identifier": "",
            "ttl": 3600,
            "type": "A",
            "weighted_routing_policy": [],
            "zone_id": "Z05016927AMHTHGB1IS2"
          },
          "sensitive_attributes": [],
          "private": "eyJzY2hlbWFfdmVyc2lvbiI6IjIifQ==",
          "dependencies": [
            "data.aws_route53_zone.training-gxp-eu",
            "data.openstack_networking_floatingip_v2.floatingips"
          ]
        },
        {
          "index_key": 29,
          "schema_version": 2,
          "attributes": {
            "alias": [],
            "allow_overwrite": null,
            "failover_routing_policy": [],
            "fqdn": "gat-29.be.training.galaxyproject.eu",
            "geolocation_routing_policy": [],
            "health_check_id": "",
            "id": "Z05016927AMHTHGB1IS2_gat-29.be.training.galaxyproject.eu_A",
            "latency_routing_policy": [],
            "multivalue_answer_routing_policy": null,
            "name": "gat-29.be.training.galaxyproject.eu",
            "records": [
              "193.190.80.49"
            ],
            "set_identifier": "",
            "ttl": 3600,
            "type": "A",
            "weighted_routing_policy": [],
            "zone_id": "Z05016927AMHTHGB1IS2"
          },
          "sensitive_attributes": [],
          "private": "eyJzY2hlbWFfdmVyc2lvbiI6IjIifQ==",
          "dependencies": [
            "data.aws_route53_zone.training-gxp-eu",
            "data.openstack_networking_floatingip_v2.floatingips"
          ]
        },
        {
          "index_key": 30,
          "schema_version": 2,
          "attributes": {
            "alias": [],
            "allow_overwrite": null,
            "failover_routing_policy": [],
            "fqdn": "gat-30.be.training.galaxyproject.eu",
            "geolocation_routing_policy": [],
            "health_check_id": "",
            "id": "Z05016927AMHTHGB1IS2_gat-30.be.training.galaxyproject.eu_A",
            "latency_routing_policy": [],
            "multivalue_answer_routing_policy": null,
            "name": "gat-30.be.training.galaxyproject.eu",
            "records": [
              "193.190.80.50"
            ],
            "set_identifier": "",
            "ttl": 3600,
            "type": "A",
            "weighted_routing_policy": [],
            "zone_id": "Z05016927AMHTHGB1IS2"
          },
          "sensitive_attributes": [],
          "private": "eyJzY2hlbWFfdmVyc2lvbiI6IjIifQ==",
          "dependencies": [
            "data.aws_route53_zone.training-gxp-eu",
            "data.openstack_networking_floatingip_v2.floatingips"
          ]
        },
        {
          "index_key": 31,
          "schema_version": 2,
          "attributes": {
            "alias": [],
            "allow_overwrite": null,
            "failover_routing_policy": [],
            "fqdn": "gat-31.be.training.galaxyproject.eu",
            "geolocation_routing_policy": [],
            "health_check_id": "",
            "id": "Z05016927AMHTHGB1IS2_gat-31.be.training.galaxyproject.eu_A",
            "latency_routing_policy": [],
            "multivalue_answer_routing_policy": null,
            "name": "gat-31.be.training.galaxyproject.eu",
            "records": [
              "193.190.80.51"
            ],
            "set_identifier": "",
            "ttl": 3600,
            "type": "A",
            "weighted_routing_policy": [],
            "zone_id": "Z05016927AMHTHGB1IS2"
          },
          "sensitive_attributes": [],
          "private": "eyJzY2hlbWFfdmVyc2lvbiI6IjIifQ==",
          "dependencies": [
            "data.aws_route53_zone.training-gxp-eu",
            "data.openstack_networking_floatingip_v2.floatingips"
          ]
        },
        {
          "index_key": 32,
          "schema_version": 2,
          "attributes": {
            "alias": [],
            "allow_overwrite": null,
            "failover_routing_policy": [],
            "fqdn": "gat-32.be.training.galaxyproject.eu",
            "geolocation_routing_policy": [],
            "health_check_id": "",
            "id": "Z05016927AMHTHGB1IS2_gat-32.be.training.galaxyproject.eu_A",
            "latency_routing_policy": [],
            "multivalue_answer_routing_policy": null,
            "name": "gat-32.be.training.galaxyproject.eu",
            "records": [
              "193.190.80.52"
            ],
            "set_identifier": "",
            "ttl": 3600,
            "type": "A",
            "weighted_routing_policy": [],
            "zone_id": "Z05016927AMHTHGB1IS2"
          },
          "sensitive_attributes": [],
          "private": "eyJzY2hlbWFfdmVyc2lvbiI6IjIifQ==",
          "dependencies": [
            "data.aws_route53_zone.training-gxp-eu",
            "data.openstack_networking_floatingip_v2.floatingips"
          ]
        },
        {
          "index_key": 33,
          "schema_version": 2,
          "attributes": {
            "alias": [],
            "allow_overwrite": null,
            "failover_routing_policy": [],
            "fqdn": "gat-33.be.training.galaxyproject.eu",
            "geolocation_routing_policy": [],
            "health_check_id": "",
            "id": "Z05016927AMHTHGB1IS2_gat-33.be.training.galaxyproject.eu_A",
            "latency_routing_policy": [],
            "multivalue_answer_routing_policy": null,
            "name": "gat-33.be.training.galaxyproject.eu",
            "records": [
              "193.190.80.53"
            ],
            "set_identifier": "",
            "ttl": 3600,
            "type": "A",
            "weighted_routing_policy": [],
            "zone_id": "Z05016927AMHTHGB1IS2"
          },
          "sensitive_attributes": [],
          "private": "eyJzY2hlbWFfdmVyc2lvbiI6IjIifQ==",
          "dependencies": [
            "data.aws_route53_zone.training-gxp-eu",
            "data.openstack_networking_floatingip_v2.floatingips"
          ]
        },
        {
          "index_key": 34,
          "schema_version": 2,
          "attributes": {
            "alias": [],
            "allow_overwrite": null,
            "failover_routing_policy": [],
            "fqdn": "gat-34.be.training.galaxyproject.eu",
            "geolocation_routing_policy": [],
            "health_check_id": "",
            "id": "Z05016927AMHTHGB1IS2_gat-34.be.training.galaxyproject.eu_A",
            "latency_routing_policy": [],
            "multivalue_answer_routing_policy": null,
            "name": "gat-34.be.training.galaxyproject.eu",
            "records": [
              "193.190.80.54"
            ],
            "set_identifier": "",
            "ttl": 3600,
            "type": "A",
            "weighted_routing_policy": [],
            "zone_id": "Z05016927AMHTHGB1IS2"
          },
          "sensitive_attributes": [],
          "private": "eyJzY2hlbWFfdmVyc2lvbiI6IjIifQ==",
          "dependencies": [
            "data.openstack_networking_floatingip_v2.floatingips",
            "data.aws_route53_zone.training-gxp-eu"
          ]
        },
        {
          "index_key": 35,
          "schema_version": 2,
          "attributes": {
            "alias": [],
            "allow_overwrite": null,
            "failover_routing_policy": [],
            "fqdn": "gat-35.be.training.galaxyproject.eu",
            "geolocation_routing_policy": [],
            "health_check_id": "",
            "id": "Z05016927AMHTHGB1IS2_gat-35.be.training.galaxyproject.eu_A",
            "latency_routing_policy": [],
            "multivalue_answer_routing_policy": null,
            "name": "gat-35.be.training.galaxyproject.eu",
            "records": [
              "193.190.80.55"
            ],
            "set_identifier": "",
            "ttl": 3600,
            "type": "A",
            "weighted_routing_policy": [],
            "zone_id": "Z05016927AMHTHGB1IS2"
          },
          "sensitive_attributes": [],
          "private": "eyJzY2hlbWFfdmVyc2lvbiI6IjIifQ==",
          "dependencies": [
            "data.openstack_networking_floatingip_v2.floatingips",
            "data.aws_route53_zone.training-gxp-eu"
          ]
        },
        {
          "index_key": 36,
          "schema_version": 2,
          "attributes": {
            "alias": [],
            "allow_overwrite": null,
            "failover_routing_policy": [],
            "fqdn": "gat-36.be.training.galaxyproject.eu",
            "geolocation_routing_policy": [],
            "health_check_id": "",
            "id": "Z05016927AMHTHGB1IS2_gat-36.be.training.galaxyproject.eu_A",
            "latency_routing_policy": [],
            "multivalue_answer_routing_policy": null,
            "name": "gat-36.be.training.galaxyproject.eu",
            "records": [
              "193.190.80.56"
            ],
            "set_identifier": "",
            "ttl": 3600,
            "type": "A",
            "weighted_routing_policy": [],
            "zone_id": "Z05016927AMHTHGB1IS2"
          },
          "sensitive_attributes": [],
          "private": "eyJzY2hlbWFfdmVyc2lvbiI6IjIifQ==",
          "dependencies": [
            "data.openstack_networking_floatingip_v2.floatingips",
            "data.aws_route53_zone.training-gxp-eu"
          ]
        },
        {
          "index_key": 37,
          "schema_version": 2,
          "attributes": {
            "alias": [],
            "allow_overwrite": null,
            "failover_routing_policy": [],
            "fqdn": "gat-37.be.training.galaxyproject.eu",
            "geolocation_routing_policy": [],
            "health_check_id": "",
            "id": "Z05016927AMHTHGB1IS2_gat-37.be.training.galaxyproject.eu_A",
            "latency_routing_policy": [],
            "multivalue_answer_routing_policy": null,
            "name": "gat-37.be.training.galaxyproject.eu",
            "records": [
              "193.190.80.57"
            ],
            "set_identifier": "",
            "ttl": 3600,
            "type": "A",
            "weighted_routing_policy": [],
            "zone_id": "Z05016927AMHTHGB1IS2"
          },
          "sensitive_attributes": [],
          "private": "eyJzY2hlbWFfdmVyc2lvbiI6IjIifQ==",
          "dependencies": [
            "data.aws_route53_zone.training-gxp-eu",
            "data.openstack_networking_floatingip_v2.floatingips"
          ]
        },
        {
          "index_key": 38,
          "schema_version": 2,
          "attributes": {
            "alias": [],
            "allow_overwrite": null,
            "failover_routing_policy": [],
            "fqdn": "gat-38.be.training.galaxyproject.eu",
            "geolocation_routing_policy": [],
            "health_check_id": "",
            "id": "Z05016927AMHTHGB1IS2_gat-38.be.training.galaxyproject.eu_A",
            "latency_routing_policy": [],
            "multivalue_answer_routing_policy": null,
            "name": "gat-38.be.training.galaxyproject.eu",
            "records": [
              "193.190.80.58"
            ],
            "set_identifier": "",
            "ttl": 3600,
            "type": "A",
            "weighted_routing_policy": [],
            "zone_id": "Z05016927AMHTHGB1IS2"
          },
          "sensitive_attributes": [],
          "private": "eyJzY2hlbWFfdmVyc2lvbiI6IjIifQ==",
          "dependencies": [
            "data.aws_route53_zone.training-gxp-eu",
            "data.openstack_networking_floatingip_v2.floatingips"
          ]
        },
        {
          "index_key": 39,
          "schema_version": 2,
          "attributes": {
            "alias": [],
            "allow_overwrite": null,
            "failover_routing_policy": [],
            "fqdn": "gat-39.be.training.galaxyproject.eu",
            "geolocation_routing_policy": [],
            "health_check_id": "",
            "id": "Z05016927AMHTHGB1IS2_gat-39.be.training.galaxyproject.eu_A",
            "latency_routing_policy": [],
            "multivalue_answer_routing_policy": null,
            "name": "gat-39.be.training.galaxyproject.eu",
            "records": [
              "193.190.80.59"
            ],
            "set_identifier": "",
            "ttl": 3600,
            "type": "A",
            "weighted_routing_policy": [],
            "zone_id": "Z05016927AMHTHGB1IS2"
          },
          "sensitive_attributes": [],
          "private": "eyJzY2hlbWFfdmVyc2lvbiI6IjIifQ==",
          "dependencies": [
            "data.aws_route53_zone.training-gxp-eu",
            "data.openstack_networking_floatingip_v2.floatingips"
          ]
        },
        {
          "index_key": 40,
          "schema_version": 2,
          "attributes": {
            "alias": [],
            "allow_overwrite": null,
            "failover_routing_policy": [],
            "fqdn": "gat-40.be.training.galaxyproject.eu",
            "geolocation_routing_policy": [],
            "health_check_id": "",
            "id": "Z05016927AMHTHGB1IS2_gat-40.be.training.galaxyproject.eu_A",
            "latency_routing_policy": [],
            "multivalue_answer_routing_policy": null,
            "name": "gat-40.be.training.galaxyproject.eu",
            "records": [
              "193.190.80.60"
            ],
            "set_identifier": "",
            "ttl": 3600,
            "type": "A",
            "weighted_routing_policy": [],
            "zone_id": "Z05016927AMHTHGB1IS2"
          },
          "sensitive_attributes": [],
          "private": "eyJzY2hlbWFfdmVyc2lvbiI6IjIifQ==",
          "dependencies": [
            "data.aws_route53_zone.training-gxp-eu",
            "data.openstack_networking_floatingip_v2.floatingips"
          ]
        },
        {
          "index_key": 41,
          "schema_version": 2,
          "attributes": {
            "alias": [],
            "allow_overwrite": null,
            "failover_routing_policy": [],
            "fqdn": "gat-41.be.training.galaxyproject.eu",
            "geolocation_routing_policy": [],
            "health_check_id": "",
            "id": "Z05016927AMHTHGB1IS2_gat-41.be.training.galaxyproject.eu_A",
            "latency_routing_policy": [],
            "multivalue_answer_routing_policy": null,
            "name": "gat-41.be.training.galaxyproject.eu",
            "records": [
              "193.190.80.61"
            ],
            "set_identifier": "",
            "ttl": 3600,
            "type": "A",
            "weighted_routing_policy": [],
            "zone_id": "Z05016927AMHTHGB1IS2"
          },
          "sensitive_attributes": [],
          "private": "eyJzY2hlbWFfdmVyc2lvbiI6IjIifQ==",
          "dependencies": [
            "data.aws_route53_zone.training-gxp-eu",
            "data.openstack_networking_floatingip_v2.floatingips"
          ]
        },
        {
          "index_key": 42,
          "schema_version": 2,
          "attributes": {
            "alias": [],
            "allow_overwrite": null,
            "failover_routing_policy": [],
            "fqdn": "gat-42.be.training.galaxyproject.eu",
            "geolocation_routing_policy": [],
            "health_check_id": "",
            "id": "Z05016927AMHTHGB1IS2_gat-42.be.training.galaxyproject.eu_A",
            "latency_routing_policy": [],
            "multivalue_answer_routing_policy": null,
            "name": "gat-42.be.training.galaxyproject.eu",
            "records": [
              "193.190.80.62"
            ],
            "set_identifier": "",
            "ttl": 3600,
            "type": "A",
            "weighted_routing_policy": [],
            "zone_id": "Z05016927AMHTHGB1IS2"
          },
          "sensitive_attributes": [],
          "private": "eyJzY2hlbWFfdmVyc2lvbiI6IjIifQ==",
          "dependencies": [
            "data.aws_route53_zone.training-gxp-eu",
            "data.openstack_networking_floatingip_v2.floatingips"
          ]
        },
        {
          "index_key": 43,
          "schema_version": 2,
          "attributes": {
            "alias": [],
            "allow_overwrite": null,
            "failover_routing_policy": [],
            "fqdn": "gat-43.be.training.galaxyproject.eu",
            "geolocation_routing_policy": [],
            "health_check_id": "",
            "id": "Z05016927AMHTHGB1IS2_gat-43.be.training.galaxyproject.eu_A",
            "latency_routing_policy": [],
            "multivalue_answer_routing_policy": null,
            "name": "gat-43.be.training.galaxyproject.eu",
            "records": [
              "193.190.80.63"
            ],
            "set_identifier": "",
            "ttl": 3600,
            "type": "A",
            "weighted_routing_policy": [],
            "zone_id": "Z05016927AMHTHGB1IS2"
          },
          "sensitive_attributes": [],
          "private": "eyJzY2hlbWFfdmVyc2lvbiI6IjIifQ==",
          "dependencies": [
            "data.openstack_networking_floatingip_v2.floatingips",
            "data.aws_route53_zone.training-gxp-eu"
          ]
        },
        {
          "index_key": 44,
          "schema_version": 2,
          "attributes": {
            "alias": [],
            "allow_overwrite": null,
            "failover_routing_policy": [],
            "fqdn": "gat-44.be.training.galaxyproject.eu",
            "geolocation_routing_policy": [],
            "health_check_id": "",
            "id": "Z05016927AMHTHGB1IS2_gat-44.be.training.galaxyproject.eu_A",
            "latency_routing_policy": [],
            "multivalue_answer_routing_policy": null,
            "name": "gat-44.be.training.galaxyproject.eu",
            "records": [
              "193.190.80.64"
            ],
            "set_identifier": "",
            "ttl": 3600,
            "type": "A",
            "weighted_routing_policy": [],
            "zone_id": "Z05016927AMHTHGB1IS2"
          },
          "sensitive_attributes": [],
          "private": "eyJzY2hlbWFfdmVyc2lvbiI6IjIifQ==",
          "dependencies": [
            "data.aws_route53_zone.training-gxp-eu",
            "data.openstack_networking_floatingip_v2.floatingips"
          ]
        },
        {
          "index_key": 45,
          "schema_version": 2,
          "attributes": {
            "alias": [],
            "allow_overwrite": null,
            "failover_routing_policy": [],
            "fqdn": "gat-45.be.training.galaxyproject.eu",
            "geolocation_routing_policy": [],
            "health_check_id": "",
            "id": "Z05016927AMHTHGB1IS2_gat-45.be.training.galaxyproject.eu_A",
            "latency_routing_policy": [],
            "multivalue_answer_routing_policy": null,
            "name": "gat-45.be.training.galaxyproject.eu",
            "records": [
              "193.190.80.65"
            ],
            "set_identifier": "",
            "ttl": 3600,
            "type": "A",
            "weighted_routing_policy": [],
            "zone_id": "Z05016927AMHTHGB1IS2"
          },
          "sensitive_attributes": [],
          "private": "eyJzY2hlbWFfdmVyc2lvbiI6IjIifQ==",
          "dependencies": [
            "data.aws_route53_zone.training-gxp-eu",
            "data.openstack_networking_floatingip_v2.floatingips"
          ]
        },
        {
          "index_key": 46,
          "schema_version": 2,
          "attributes": {
            "alias": [],
            "allow_overwrite": null,
            "failover_routing_policy": [],
            "fqdn": "gat-46.be.training.galaxyproject.eu",
            "geolocation_routing_policy": [],
            "health_check_id": "",
            "id": "Z05016927AMHTHGB1IS2_gat-46.be.training.galaxyproject.eu_A",
            "latency_routing_policy": [],
            "multivalue_answer_routing_policy": null,
            "name": "gat-46.be.training.galaxyproject.eu",
            "records": [
              "193.190.80.66"
            ],
            "set_identifier": "",
            "ttl": 3600,
            "type": "A",
            "weighted_routing_policy": [],
            "zone_id": "Z05016927AMHTHGB1IS2"
          },
          "sensitive_attributes": [],
          "private": "eyJzY2hlbWFfdmVyc2lvbiI6IjIifQ==",
          "dependencies": [
            "data.aws_route53_zone.training-gxp-eu",
            "data.openstack_networking_floatingip_v2.floatingips"
          ]
        },
        {
          "index_key": 47,
          "schema_version": 2,
          "attributes": {
            "alias": [],
            "allow_overwrite": null,
            "failover_routing_policy": [],
            "fqdn": "gat-47.be.training.galaxyproject.eu",
            "geolocation_routing_policy": [],
            "health_check_id": "",
            "id": "Z05016927AMHTHGB1IS2_gat-47.be.training.galaxyproject.eu_A",
            "latency_routing_policy": [],
            "multivalue_answer_routing_policy": null,
            "name": "gat-47.be.training.galaxyproject.eu",
            "records": [
              "193.190.80.67"
            ],
            "set_identifier": "",
            "ttl": 3600,
            "type": "A",
            "weighted_routing_policy": [],
            "zone_id": "Z05016927AMHTHGB1IS2"
          },
          "sensitive_attributes": [],
          "private": "eyJzY2hlbWFfdmVyc2lvbiI6IjIifQ==",
          "dependencies": [
            "data.aws_route53_zone.training-gxp-eu",
            "data.openstack_networking_floatingip_v2.floatingips"
          ]
        },
        {
          "index_key": 48,
          "schema_version": 2,
          "attributes": {
            "alias": [],
            "allow_overwrite": null,
            "failover_routing_policy": [],
            "fqdn": "gat-48.be.training.galaxyproject.eu",
            "geolocation_routing_policy": [],
            "health_check_id": "",
            "id": "Z05016927AMHTHGB1IS2_gat-48.be.training.galaxyproject.eu_A",
            "latency_routing_policy": [],
            "multivalue_answer_routing_policy": null,
            "name": "gat-48.be.training.galaxyproject.eu",
            "records": [
              "193.190.80.68"
            ],
            "set_identifier": "",
            "ttl": 3600,
            "type": "A",
            "weighted_routing_policy": [],
            "zone_id": "Z05016927AMHTHGB1IS2"
          },
          "sensitive_attributes": [],
          "private": "eyJzY2hlbWFfdmVyc2lvbiI6IjIifQ==",
          "dependencies": [
            "data.aws_route53_zone.training-gxp-eu",
            "data.openstack_networking_floatingip_v2.floatingips"
          ]
        },
        {
          "index_key": 49,
          "schema_version": 2,
          "attributes": {
            "alias": [],
            "allow_overwrite": null,
            "failover_routing_policy": [],
            "fqdn": "gat-49.be.training.galaxyproject.eu",
            "geolocation_routing_policy": [],
            "health_check_id": "",
            "id": "Z05016927AMHTHGB1IS2_gat-49.be.training.galaxyproject.eu_A",
            "latency_routing_policy": [],
            "multivalue_answer_routing_policy": null,
            "name": "gat-49.be.training.galaxyproject.eu",
            "records": [
              "193.190.80.69"
            ],
            "set_identifier": "",
            "ttl": 3600,
            "type": "A",
            "weighted_routing_policy": [],
            "zone_id": "Z05016927AMHTHGB1IS2"
          },
          "sensitive_attributes": [],
          "private": "eyJzY2hlbWFfdmVyc2lvbiI6IjIifQ==",
          "dependencies": [
            "data.aws_route53_zone.training-gxp-eu",
            "data.openstack_networking_floatingip_v2.floatingips"
          ]
        },
        {
          "index_key": 50,
          "schema_version": 2,
          "attributes": {
            "alias": [],
            "allow_overwrite": null,
            "failover_routing_policy": [],
            "fqdn": "gat-50.be.training.galaxyproject.eu",
            "geolocation_routing_policy": [],
            "health_check_id": "",
            "id": "Z05016927AMHTHGB1IS2_gat-50.be.training.galaxyproject.eu_A",
            "latency_routing_policy": [],
            "multivalue_answer_routing_policy": null,
            "name": "gat-50.be.training.galaxyproject.eu",
            "records": [
              "193.190.80.70"
            ],
            "set_identifier": "",
            "ttl": 3600,
            "type": "A",
            "weighted_routing_policy": [],
            "zone_id": "Z05016927AMHTHGB1IS2"
          },
          "sensitive_attributes": [],
          "private": "eyJzY2hlbWFfdmVyc2lvbiI6IjIifQ==",
          "dependencies": [
            "data.aws_route53_zone.training-gxp-eu",
            "data.openstack_networking_floatingip_v2.floatingips"
          ]
        },
        {
          "index_key": 51,
          "schema_version": 2,
          "attributes": {
            "alias": [],
            "allow_overwrite": null,
            "failover_routing_policy": [],
            "fqdn": "gat-51.be.training.galaxyproject.eu",
            "geolocation_routing_policy": [],
            "health_check_id": "",
            "id": "Z05016927AMHTHGB1IS2_gat-51.be.training.galaxyproject.eu_A",
            "latency_routing_policy": [],
            "multivalue_answer_routing_policy": null,
            "name": "gat-51.be.training.galaxyproject.eu",
            "records": [
              "193.190.80.71"
            ],
            "set_identifier": "",
            "ttl": 3600,
            "type": "A",
            "weighted_routing_policy": [],
            "zone_id": "Z05016927AMHTHGB1IS2"
          },
          "sensitive_attributes": [],
          "private": "eyJzY2hlbWFfdmVyc2lvbiI6IjIifQ==",
          "dependencies": [
            "data.openstack_networking_floatingip_v2.floatingips",
            "data.aws_route53_zone.training-gxp-eu"
          ]
        },
        {
          "index_key": 52,
          "schema_version": 2,
          "attributes": {
            "alias": [],
            "allow_overwrite": null,
            "failover_routing_policy": [],
            "fqdn": "gat-52.be.training.galaxyproject.eu",
            "geolocation_routing_policy": [],
            "health_check_id": "",
            "id": "Z05016927AMHTHGB1IS2_gat-52.be.training.galaxyproject.eu_A",
            "latency_routing_policy": [],
            "multivalue_answer_routing_policy": null,
            "name": "gat-52.be.training.galaxyproject.eu",
            "records": [
              "193.190.80.72"
            ],
            "set_identifier": "",
            "ttl": 3600,
            "type": "A",
            "weighted_routing_policy": [],
            "zone_id": "Z05016927AMHTHGB1IS2"
          },
          "sensitive_attributes": [],
          "private": "eyJzY2hlbWFfdmVyc2lvbiI6IjIifQ==",
          "dependencies": [
            "data.aws_route53_zone.training-gxp-eu",
            "data.openstack_networking_floatingip_v2.floatingips"
          ]
        },
        {
          "index_key": 53,
          "schema_version": 2,
          "attributes": {
            "alias": [],
            "allow_overwrite": null,
            "failover_routing_policy": [],
            "fqdn": "gat-53.be.training.galaxyproject.eu",
            "geolocation_routing_policy": [],
            "health_check_id": "",
            "id": "Z05016927AMHTHGB1IS2_gat-53.be.training.galaxyproject.eu_A",
            "latency_routing_policy": [],
            "multivalue_answer_routing_policy": null,
            "name": "gat-53.be.training.galaxyproject.eu",
            "records": [
              "193.190.80.73"
            ],
            "set_identifier": "",
            "ttl": 3600,
            "type": "A",
            "weighted_routing_policy": [],
            "zone_id": "Z05016927AMHTHGB1IS2"
          },
          "sensitive_attributes": [],
          "private": "eyJzY2hlbWFfdmVyc2lvbiI6IjIifQ==",
          "dependencies": [
            "data.aws_route53_zone.training-gxp-eu",
            "data.openstack_networking_floatingip_v2.floatingips"
          ]
        },
        {
          "index_key": 54,
          "schema_version": 2,
          "attributes": {
            "alias": [],
            "allow_overwrite": null,
            "failover_routing_policy": [],
            "fqdn": "gat-54.be.training.galaxyproject.eu",
            "geolocation_routing_policy": [],
            "health_check_id": "",
            "id": "Z05016927AMHTHGB1IS2_gat-54.be.training.galaxyproject.eu_A",
            "latency_routing_policy": [],
            "multivalue_answer_routing_policy": null,
            "name": "gat-54.be.training.galaxyproject.eu",
            "records": [
              "193.190.80.74"
            ],
            "set_identifier": "",
            "ttl": 3600,
            "type": "A",
            "weighted_routing_policy": [],
            "zone_id": "Z05016927AMHTHGB1IS2"
          },
          "sensitive_attributes": [],
          "private": "eyJzY2hlbWFfdmVyc2lvbiI6IjIifQ==",
          "dependencies": [
            "data.aws_route53_zone.training-gxp-eu",
            "data.openstack_networking_floatingip_v2.floatingips"
          ]
        },
        {
          "index_key": 55,
          "schema_version": 2,
          "attributes": {
            "alias": [],
            "allow_overwrite": null,
            "failover_routing_policy": [],
            "fqdn": "gat-55.be.training.galaxyproject.eu",
            "geolocation_routing_policy": [],
            "health_check_id": "",
            "id": "Z05016927AMHTHGB1IS2_gat-55.be.training.galaxyproject.eu_A",
            "latency_routing_policy": [],
            "multivalue_answer_routing_policy": null,
            "name": "gat-55.be.training.galaxyproject.eu",
            "records": [
              "193.190.80.75"
            ],
            "set_identifier": "",
            "ttl": 3600,
            "type": "A",
            "weighted_routing_policy": [],
            "zone_id": "Z05016927AMHTHGB1IS2"
          },
          "sensitive_attributes": [],
          "private": "eyJzY2hlbWFfdmVyc2lvbiI6IjIifQ==",
          "dependencies": [
            "data.aws_route53_zone.training-gxp-eu",
            "data.openstack_networking_floatingip_v2.floatingips"
          ]
        },
        {
          "index_key": 56,
          "schema_version": 2,
          "attributes": {
            "alias": [],
            "allow_overwrite": null,
            "failover_routing_policy": [],
            "fqdn": "gat-56.be.training.galaxyproject.eu",
            "geolocation_routing_policy": [],
            "health_check_id": "",
            "id": "Z05016927AMHTHGB1IS2_gat-56.be.training.galaxyproject.eu_A",
            "latency_routing_policy": [],
            "multivalue_answer_routing_policy": null,
            "name": "gat-56.be.training.galaxyproject.eu",
            "records": [
              "193.190.80.76"
            ],
            "set_identifier": "",
            "ttl": 3600,
            "type": "A",
            "weighted_routing_policy": [],
            "zone_id": "Z05016927AMHTHGB1IS2"
          },
          "sensitive_attributes": [],
          "private": "eyJzY2hlbWFfdmVyc2lvbiI6IjIifQ==",
          "dependencies": [
            "data.aws_route53_zone.training-gxp-eu",
            "data.openstack_networking_floatingip_v2.floatingips"
          ]
        },
        {
          "index_key": 57,
          "schema_version": 2,
          "attributes": {
            "alias": [],
            "allow_overwrite": null,
            "failover_routing_policy": [],
            "fqdn": "gat-57.be.training.galaxyproject.eu",
            "geolocation_routing_policy": [],
            "health_check_id": "",
            "id": "Z05016927AMHTHGB1IS2_gat-57.be.training.galaxyproject.eu_A",
            "latency_routing_policy": [],
            "multivalue_answer_routing_policy": null,
            "name": "gat-57.be.training.galaxyproject.eu",
            "records": [
              "193.190.80.77"
            ],
            "set_identifier": "",
            "ttl": 3600,
            "type": "A",
            "weighted_routing_policy": [],
            "zone_id": "Z05016927AMHTHGB1IS2"
          },
          "sensitive_attributes": [],
          "private": "eyJzY2hlbWFfdmVyc2lvbiI6IjIifQ==",
          "dependencies": [
            "data.aws_route53_zone.training-gxp-eu",
            "data.openstack_networking_floatingip_v2.floatingips"
          ]
        },
        {
          "index_key": 58,
          "schema_version": 2,
          "attributes": {
            "alias": [],
            "allow_overwrite": null,
            "failover_routing_policy": [],
            "fqdn": "gat-58.be.training.galaxyproject.eu",
            "geolocation_routing_policy": [],
            "health_check_id": "",
            "id": "Z05016927AMHTHGB1IS2_gat-58.be.training.galaxyproject.eu_A",
            "latency_routing_policy": [],
            "multivalue_answer_routing_policy": null,
            "name": "gat-58.be.training.galaxyproject.eu",
            "records": [
              "193.190.80.78"
            ],
            "set_identifier": "",
            "ttl": 3600,
            "type": "A",
            "weighted_routing_policy": [],
            "zone_id": "Z05016927AMHTHGB1IS2"
          },
          "sensitive_attributes": [],
          "private": "eyJzY2hlbWFfdmVyc2lvbiI6IjIifQ==",
          "dependencies": [
            "data.aws_route53_zone.training-gxp-eu",
            "data.openstack_networking_floatingip_v2.floatingips"
          ]
        },
        {
          "index_key": 59,
          "schema_version": 2,
          "attributes": {
            "alias": [],
            "allow_overwrite": null,
            "failover_routing_policy": [],
            "fqdn": "gat-59.be.training.galaxyproject.eu",
            "geolocation_routing_policy": [],
            "health_check_id": "",
            "id": "Z05016927AMHTHGB1IS2_gat-59.be.training.galaxyproject.eu_A",
            "latency_routing_policy": [],
            "multivalue_answer_routing_policy": null,
            "name": "gat-59.be.training.galaxyproject.eu",
            "records": [
              "193.190.80.79"
            ],
            "set_identifier": "",
            "ttl": 3600,
            "type": "A",
            "weighted_routing_policy": [],
            "zone_id": "Z05016927AMHTHGB1IS2"
          },
          "sensitive_attributes": [],
          "private": "eyJzY2hlbWFfdmVyc2lvbiI6IjIifQ==",
          "dependencies": [
            "data.aws_route53_zone.training-gxp-eu",
            "data.openstack_networking_floatingip_v2.floatingips"
          ]
        },
        {
          "index_key": 60,
          "schema_version": 2,
          "attributes": {
            "alias": [],
            "allow_overwrite": null,
            "failover_routing_policy": [],
            "fqdn": "gat-60.be.training.galaxyproject.eu",
            "geolocation_routing_policy": [],
            "health_check_id": "",
            "id": "Z05016927AMHTHGB1IS2_gat-60.be.training.galaxyproject.eu_A",
            "latency_routing_policy": [],
            "multivalue_answer_routing_policy": null,
            "name": "gat-60.be.training.galaxyproject.eu",
            "records": [
              "193.190.80.80"
            ],
            "set_identifier": "",
            "ttl": 3600,
            "type": "A",
            "weighted_routing_policy": [],
            "zone_id": "Z05016927AMHTHGB1IS2"
          },
          "sensitive_attributes": [],
          "private": "eyJzY2hlbWFfdmVyc2lvbiI6IjIifQ==",
          "dependencies": [
            "data.aws_route53_zone.training-gxp-eu",
            "data.openstack_networking_floatingip_v2.floatingips"
          ]
        },
        {
          "index_key": 61,
          "schema_version": 2,
          "attributes": {
            "alias": [],
            "allow_overwrite": null,
            "failover_routing_policy": [],
            "fqdn": "gat-61.be.training.galaxyproject.eu",
            "geolocation_routing_policy": [],
            "health_check_id": "",
            "id": "Z05016927AMHTHGB1IS2_gat-61.be.training.galaxyproject.eu_A",
            "latency_routing_policy": [],
            "multivalue_answer_routing_policy": null,
            "name": "gat-61.be.training.galaxyproject.eu",
            "records": [
              "193.190.80.81"
            ],
            "set_identifier": "",
            "ttl": 3600,
            "type": "A",
            "weighted_routing_policy": [],
            "zone_id": "Z05016927AMHTHGB1IS2"
          },
          "sensitive_attributes": [],
          "private": "eyJzY2hlbWFfdmVyc2lvbiI6IjIifQ==",
          "dependencies": [
            "data.aws_route53_zone.training-gxp-eu",
            "data.openstack_networking_floatingip_v2.floatingips"
          ]
        },
        {
          "index_key": 62,
          "schema_version": 2,
          "attributes": {
            "alias": [],
            "allow_overwrite": null,
            "failover_routing_policy": [],
            "fqdn": "gat-62.be.training.galaxyproject.eu",
            "geolocation_routing_policy": [],
            "health_check_id": "",
            "id": "Z05016927AMHTHGB1IS2_gat-62.be.training.galaxyproject.eu_A",
            "latency_routing_policy": [],
            "multivalue_answer_routing_policy": null,
            "name": "gat-62.be.training.galaxyproject.eu",
            "records": [
              "193.190.80.82"
            ],
            "set_identifier": "",
            "ttl": 3600,
            "type": "A",
            "weighted_routing_policy": [],
            "zone_id": "Z05016927AMHTHGB1IS2"
          },
          "sensitive_attributes": [],
          "private": "eyJzY2hlbWFfdmVyc2lvbiI6IjIifQ==",
          "dependencies": [
            "data.aws_route53_zone.training-gxp-eu",
            "data.openstack_networking_floatingip_v2.floatingips"
          ]
        },
        {
          "index_key": 63,
          "schema_version": 2,
          "attributes": {
            "alias": [],
            "allow_overwrite": null,
            "failover_routing_policy": [],
            "fqdn": "gat-63.be.training.galaxyproject.eu",
            "geolocation_routing_policy": [],
            "health_check_id": "",
            "id": "Z05016927AMHTHGB1IS2_gat-63.be.training.galaxyproject.eu_A",
            "latency_routing_policy": [],
            "multivalue_answer_routing_policy": null,
            "name": "gat-63.be.training.galaxyproject.eu",
            "records": [
              "193.190.80.83"
            ],
            "set_identifier": "",
            "ttl": 3600,
            "type": "A",
            "weighted_routing_policy": [],
            "zone_id": "Z05016927AMHTHGB1IS2"
          },
          "sensitive_attributes": [],
          "private": "eyJzY2hlbWFfdmVyc2lvbiI6IjIifQ==",
          "dependencies": [
            "data.aws_route53_zone.training-gxp-eu",
            "data.openstack_networking_floatingip_v2.floatingips"
          ]
        },
        {
          "index_key": 64,
          "schema_version": 2,
          "attributes": {
            "alias": [],
            "allow_overwrite": null,
            "failover_routing_policy": [],
            "fqdn": "gat-64.be.training.galaxyproject.eu",
            "geolocation_routing_policy": [],
            "health_check_id": "",
            "id": "Z05016927AMHTHGB1IS2_gat-64.be.training.galaxyproject.eu_A",
            "latency_routing_policy": [],
            "multivalue_answer_routing_policy": null,
            "name": "gat-64.be.training.galaxyproject.eu",
            "records": [
              "193.190.80.84"
            ],
            "set_identifier": "",
            "ttl": 3600,
            "type": "A",
            "weighted_routing_policy": [],
            "zone_id": "Z05016927AMHTHGB1IS2"
          },
          "sensitive_attributes": [],
          "private": "eyJzY2hlbWFfdmVyc2lvbiI6IjIifQ==",
          "dependencies": [
            "data.aws_route53_zone.training-gxp-eu",
            "data.openstack_networking_floatingip_v2.floatingips"
          ]
        },
        {
          "index_key": 65,
          "schema_version": 2,
          "attributes": {
            "alias": [],
            "allow_overwrite": null,
            "failover_routing_policy": [],
            "fqdn": "gat-65.be.training.galaxyproject.eu",
            "geolocation_routing_policy": [],
            "health_check_id": "",
            "id": "Z05016927AMHTHGB1IS2_gat-65.be.training.galaxyproject.eu_A",
            "latency_routing_policy": [],
            "multivalue_answer_routing_policy": null,
            "name": "gat-65.be.training.galaxyproject.eu",
            "records": [
              "193.190.80.85"
            ],
            "set_identifier": "",
            "ttl": 3600,
            "type": "A",
            "weighted_routing_policy": [],
            "zone_id": "Z05016927AMHTHGB1IS2"
          },
          "sensitive_attributes": [],
          "private": "eyJzY2hlbWFfdmVyc2lvbiI6IjIifQ==",
          "dependencies": [
            "data.openstack_networking_floatingip_v2.floatingips",
            "data.aws_route53_zone.training-gxp-eu"
          ]
        },
        {
          "index_key": 66,
          "schema_version": 2,
          "attributes": {
            "alias": [],
            "allow_overwrite": null,
            "failover_routing_policy": [],
            "fqdn": "gat-66.be.training.galaxyproject.eu",
            "geolocation_routing_policy": [],
            "health_check_id": "",
            "id": "Z05016927AMHTHGB1IS2_gat-66.be.training.galaxyproject.eu_A",
            "latency_routing_policy": [],
            "multivalue_answer_routing_policy": null,
            "name": "gat-66.be.training.galaxyproject.eu",
            "records": [
              "193.190.80.86"
            ],
            "set_identifier": "",
            "ttl": 3600,
            "type": "A",
            "weighted_routing_policy": [],
            "zone_id": "Z05016927AMHTHGB1IS2"
          },
          "sensitive_attributes": [],
          "private": "eyJzY2hlbWFfdmVyc2lvbiI6IjIifQ==",
          "dependencies": [
            "data.aws_route53_zone.training-gxp-eu",
            "data.openstack_networking_floatingip_v2.floatingips"
          ]
        },
        {
          "index_key": 67,
          "schema_version": 2,
          "attributes": {
            "alias": [],
            "allow_overwrite": null,
            "failover_routing_policy": [],
            "fqdn": "gat-67.be.training.galaxyproject.eu",
            "geolocation_routing_policy": [],
            "health_check_id": "",
            "id": "Z05016927AMHTHGB1IS2_gat-67.be.training.galaxyproject.eu_A",
            "latency_routing_policy": [],
            "multivalue_answer_routing_policy": null,
            "name": "gat-67.be.training.galaxyproject.eu",
            "records": [
              "193.190.80.87"
            ],
            "set_identifier": "",
            "ttl": 3600,
            "type": "A",
            "weighted_routing_policy": [],
            "zone_id": "Z05016927AMHTHGB1IS2"
          },
          "sensitive_attributes": [],
          "private": "eyJzY2hlbWFfdmVyc2lvbiI6IjIifQ==",
          "dependencies": [
            "data.aws_route53_zone.training-gxp-eu",
            "data.openstack_networking_floatingip_v2.floatingips"
          ]
        },
        {
          "index_key": 68,
          "schema_version": 2,
          "attributes": {
            "alias": [],
            "allow_overwrite": null,
            "failover_routing_policy": [],
            "fqdn": "gat-68.be.training.galaxyproject.eu",
            "geolocation_routing_policy": [],
            "health_check_id": "",
            "id": "Z05016927AMHTHGB1IS2_gat-68.be.training.galaxyproject.eu_A",
            "latency_routing_policy": [],
            "multivalue_answer_routing_policy": null,
            "name": "gat-68.be.training.galaxyproject.eu",
            "records": [
              "193.190.80.88"
            ],
            "set_identifier": "",
            "ttl": 3600,
            "type": "A",
            "weighted_routing_policy": [],
            "zone_id": "Z05016927AMHTHGB1IS2"
          },
          "sensitive_attributes": [],
          "private": "eyJzY2hlbWFfdmVyc2lvbiI6IjIifQ==",
          "dependencies": [
            "data.aws_route53_zone.training-gxp-eu",
            "data.openstack_networking_floatingip_v2.floatingips"
          ]
        },
        {
          "index_key": 69,
          "schema_version": 2,
          "attributes": {
            "alias": [],
            "allow_overwrite": null,
            "failover_routing_policy": [],
            "fqdn": "gat-69.be.training.galaxyproject.eu",
            "geolocation_routing_policy": [],
            "health_check_id": "",
            "id": "Z05016927AMHTHGB1IS2_gat-69.be.training.galaxyproject.eu_A",
            "latency_routing_policy": [],
            "multivalue_answer_routing_policy": null,
            "name": "gat-69.be.training.galaxyproject.eu",
            "records": [
              "193.190.80.89"
            ],
            "set_identifier": "",
            "ttl": 3600,
            "type": "A",
            "weighted_routing_policy": [],
            "zone_id": "Z05016927AMHTHGB1IS2"
          },
          "sensitive_attributes": [],
          "private": "eyJzY2hlbWFfdmVyc2lvbiI6IjIifQ==",
          "dependencies": [
            "data.openstack_networking_floatingip_v2.floatingips",
            "data.aws_route53_zone.training-gxp-eu"
          ]
        },
        {
          "index_key": 70,
          "schema_version": 2,
          "attributes": {
            "alias": [],
            "allow_overwrite": null,
            "failover_routing_policy": [],
            "fqdn": "gat-70.be.training.galaxyproject.eu",
            "geolocation_routing_policy": [],
            "health_check_id": "",
            "id": "Z05016927AMHTHGB1IS2_gat-70.be.training.galaxyproject.eu_A",
            "latency_routing_policy": [],
            "multivalue_answer_routing_policy": null,
            "name": "gat-70.be.training.galaxyproject.eu",
            "records": [
              "193.190.80.90"
            ],
            "set_identifier": "",
            "ttl": 3600,
            "type": "A",
            "weighted_routing_policy": [],
            "zone_id": "Z05016927AMHTHGB1IS2"
          },
          "sensitive_attributes": [],
          "private": "eyJzY2hlbWFfdmVyc2lvbiI6IjIifQ==",
          "dependencies": [
            "data.aws_route53_zone.training-gxp-eu",
            "data.openstack_networking_floatingip_v2.floatingips"
          ]
        },
        {
          "index_key": 71,
          "schema_version": 2,
          "attributes": {
            "alias": [],
            "allow_overwrite": null,
            "failover_routing_policy": [],
            "fqdn": "gat-71.be.training.galaxyproject.eu",
            "geolocation_routing_policy": [],
            "health_check_id": "",
            "id": "Z05016927AMHTHGB1IS2_gat-71.be.training.galaxyproject.eu_A",
            "latency_routing_policy": [],
            "multivalue_answer_routing_policy": null,
            "name": "gat-71.be.training.galaxyproject.eu",
            "records": [
              "193.190.80.91"
            ],
            "set_identifier": "",
            "ttl": 3600,
            "type": "A",
            "weighted_routing_policy": [],
            "zone_id": "Z05016927AMHTHGB1IS2"
          },
          "sensitive_attributes": [],
          "private": "eyJzY2hlbWFfdmVyc2lvbiI6IjIifQ==",
          "dependencies": [
            "data.aws_route53_zone.training-gxp-eu",
            "data.openstack_networking_floatingip_v2.floatingips"
          ]
        },
        {
          "index_key": 72,
          "schema_version": 2,
          "attributes": {
            "alias": [],
            "allow_overwrite": null,
            "failover_routing_policy": [],
            "fqdn": "gat-72.be.training.galaxyproject.eu",
            "geolocation_routing_policy": [],
            "health_check_id": "",
            "id": "Z05016927AMHTHGB1IS2_gat-72.be.training.galaxyproject.eu_A",
            "latency_routing_policy": [],
            "multivalue_answer_routing_policy": null,
            "name": "gat-72.be.training.galaxyproject.eu",
            "records": [
              "193.190.80.92"
            ],
            "set_identifier": "",
            "ttl": 3600,
            "type": "A",
            "weighted_routing_policy": [],
            "zone_id": "Z05016927AMHTHGB1IS2"
          },
          "sensitive_attributes": [],
          "private": "eyJzY2hlbWFfdmVyc2lvbiI6IjIifQ==",
          "dependencies": [
            "data.openstack_networking_floatingip_v2.floatingips",
            "data.aws_route53_zone.training-gxp-eu"
          ]
        },
        {
          "index_key": 73,
          "schema_version": 2,
          "attributes": {
            "alias": [],
            "allow_overwrite": null,
            "failover_routing_policy": [],
            "fqdn": "gat-73.be.training.galaxyproject.eu",
            "geolocation_routing_policy": [],
            "health_check_id": "",
            "id": "Z05016927AMHTHGB1IS2_gat-73.be.training.galaxyproject.eu_A",
            "latency_routing_policy": [],
            "multivalue_answer_routing_policy": null,
            "name": "gat-73.be.training.galaxyproject.eu",
            "records": [
              "193.190.80.93"
            ],
            "set_identifier": "",
            "ttl": 3600,
            "type": "A",
            "weighted_routing_policy": [],
            "zone_id": "Z05016927AMHTHGB1IS2"
          },
          "sensitive_attributes": [],
          "private": "eyJzY2hlbWFfdmVyc2lvbiI6IjIifQ==",
          "dependencies": [
            "data.aws_route53_zone.training-gxp-eu",
            "data.openstack_networking_floatingip_v2.floatingips"
          ]
        },
        {
          "index_key": 74,
          "schema_version": 2,
          "attributes": {
            "alias": [],
            "allow_overwrite": null,
            "failover_routing_policy": [],
            "fqdn": "gat-74.be.training.galaxyproject.eu",
            "geolocation_routing_policy": [],
            "health_check_id": "",
            "id": "Z05016927AMHTHGB1IS2_gat-74.be.training.galaxyproject.eu_A",
            "latency_routing_policy": [],
            "multivalue_answer_routing_policy": null,
            "name": "gat-74.be.training.galaxyproject.eu",
            "records": [
              "193.190.80.94"
            ],
            "set_identifier": "",
            "ttl": 3600,
            "type": "A",
            "weighted_routing_policy": [],
            "zone_id": "Z05016927AMHTHGB1IS2"
          },
          "sensitive_attributes": [],
          "private": "eyJzY2hlbWFfdmVyc2lvbiI6IjIifQ==",
          "dependencies": [
            "data.aws_route53_zone.training-gxp-eu",
            "data.openstack_networking_floatingip_v2.floatingips"
          ]
        },
        {
          "index_key": 75,
          "schema_version": 2,
          "attributes": {
            "alias": [],
            "allow_overwrite": null,
            "failover_routing_policy": [],
            "fqdn": "gat-75.be.training.galaxyproject.eu",
            "geolocation_routing_policy": [],
            "health_check_id": "",
            "id": "Z05016927AMHTHGB1IS2_gat-75.be.training.galaxyproject.eu_A",
            "latency_routing_policy": [],
            "multivalue_answer_routing_policy": null,
            "name": "gat-75.be.training.galaxyproject.eu",
            "records": [
              "193.190.80.95"
            ],
            "set_identifier": "",
            "ttl": 3600,
            "type": "A",
            "weighted_routing_policy": [],
            "zone_id": "Z05016927AMHTHGB1IS2"
          },
          "sensitive_attributes": [],
          "private": "eyJzY2hlbWFfdmVyc2lvbiI6IjIifQ==",
          "dependencies": [
            "data.openstack_networking_floatingip_v2.floatingips",
            "data.aws_route53_zone.training-gxp-eu"
          ]
        },
        {
          "index_key": 76,
          "schema_version": 2,
          "attributes": {
            "alias": [],
            "allow_overwrite": null,
            "failover_routing_policy": [],
            "fqdn": "gat-76.be.training.galaxyproject.eu",
            "geolocation_routing_policy": [],
            "health_check_id": "",
            "id": "Z05016927AMHTHGB1IS2_gat-76.be.training.galaxyproject.eu_A",
            "latency_routing_policy": [],
            "multivalue_answer_routing_policy": null,
            "name": "gat-76.be.training.galaxyproject.eu",
            "records": [
              "193.190.80.96"
            ],
            "set_identifier": "",
            "ttl": 3600,
            "type": "A",
            "weighted_routing_policy": [],
            "zone_id": "Z05016927AMHTHGB1IS2"
          },
          "sensitive_attributes": [],
          "private": "eyJzY2hlbWFfdmVyc2lvbiI6IjIifQ==",
          "dependencies": [
            "data.aws_route53_zone.training-gxp-eu",
            "data.openstack_networking_floatingip_v2.floatingips"
          ]
        },
        {
          "index_key": 77,
          "schema_version": 2,
          "attributes": {
            "alias": [],
            "allow_overwrite": null,
            "failover_routing_policy": [],
            "fqdn": "gat-77.be.training.galaxyproject.eu",
            "geolocation_routing_policy": [],
            "health_check_id": "",
            "id": "Z05016927AMHTHGB1IS2_gat-77.be.training.galaxyproject.eu_A",
            "latency_routing_policy": [],
            "multivalue_answer_routing_policy": null,
            "name": "gat-77.be.training.galaxyproject.eu",
            "records": [
              "193.190.80.97"
            ],
            "set_identifier": "",
            "ttl": 3600,
            "type": "A",
            "weighted_routing_policy": [],
            "zone_id": "Z05016927AMHTHGB1IS2"
          },
          "sensitive_attributes": [],
          "private": "eyJzY2hlbWFfdmVyc2lvbiI6IjIifQ==",
          "dependencies": [
            "data.aws_route53_zone.training-gxp-eu",
            "data.openstack_networking_floatingip_v2.floatingips"
          ]
        },
        {
          "index_key": 78,
          "schema_version": 2,
          "attributes": {
            "alias": [],
            "allow_overwrite": null,
            "failover_routing_policy": [],
            "fqdn": "gat-78.be.training.galaxyproject.eu",
            "geolocation_routing_policy": [],
            "health_check_id": "",
            "id": "Z05016927AMHTHGB1IS2_gat-78.be.training.galaxyproject.eu_A",
            "latency_routing_policy": [],
            "multivalue_answer_routing_policy": null,
            "name": "gat-78.be.training.galaxyproject.eu",
            "records": [
              "193.190.80.98"
            ],
            "set_identifier": "",
            "ttl": 3600,
            "type": "A",
            "weighted_routing_policy": [],
            "zone_id": "Z05016927AMHTHGB1IS2"
          },
          "sensitive_attributes": [],
          "private": "eyJzY2hlbWFfdmVyc2lvbiI6IjIifQ==",
          "dependencies": [
            "data.aws_route53_zone.training-gxp-eu",
            "data.openstack_networking_floatingip_v2.floatingips"
          ]
        },
        {
          "index_key": 79,
          "schema_version": 2,
          "attributes": {
            "alias": [],
            "allow_overwrite": null,
            "failover_routing_policy": [],
            "fqdn": "gat-79.be.training.galaxyproject.eu",
            "geolocation_routing_policy": [],
            "health_check_id": "",
            "id": "Z05016927AMHTHGB1IS2_gat-79.be.training.galaxyproject.eu_A",
            "latency_routing_policy": [],
            "multivalue_answer_routing_policy": null,
            "name": "gat-79.be.training.galaxyproject.eu",
            "records": [
              "193.190.80.99"
            ],
            "set_identifier": "",
            "ttl": 3600,
            "type": "A",
            "weighted_routing_policy": [],
            "zone_id": "Z05016927AMHTHGB1IS2"
          },
          "sensitive_attributes": [],
          "private": "eyJzY2hlbWFfdmVyc2lvbiI6IjIifQ==",
          "dependencies": [
            "data.aws_route53_zone.training-gxp-eu",
            "data.openstack_networking_floatingip_v2.floatingips"
          ]
        }
      ]
    },
    {
      "mode": "managed",
      "type": "openstack_compute_instance_v2",
      "name": "training-vm-be",
      "provider": "provider[\"registry.terraform.io/terraform-provider-openstack/openstack\"].vsc",
      "instances": [
        {
          "index_key": 0,
          "schema_version": 0,
          "attributes": {
            "access_ip_v4": "10.113.7.112",
            "access_ip_v6": "",
            "admin_pass": null,
            "all_metadata": {},
            "all_tags": [],
            "availability_zone": "nova",
            "availability_zone_hints": null,
            "block_device": [],
            "config_drive": null,
            "flavor_id": "11",
            "flavor_name": "UPSv1.large",
            "floating_ip": null,
            "force_delete": false,
            "id": "d656509a-60eb-46a6-9048-e93c4749b1cc",
            "image_id": "de62ec0f-a467-4315-9485-85606a5738f9",
            "image_name": "Ubuntu-20.04",
            "key_pair": "cloud-be",
            "metadata": null,
            "name": "gat-0.be.training.galaxyproject.eu",
            "network": [
              {
                "access_network": false,
                "fixed_ip_v4": "10.113.7.112",
                "fixed_ip_v6": "",
                "floating_ip": "",
                "mac": "fa:16:3e:0f:ca:7f",
                "name": "VSC_00018_vm",
                "port": "",
                "uuid": "6f3714b9-f2d5-4592-b25d-6fdfddcff48c"
              }
            ],
            "network_mode": null,
            "personality": [],
            "power_state": "active",
            "region": "regionOne",
            "scheduler_hints": [],
            "security_groups": [
              "gat"
            ],
            "stop_before_destroy": false,
            "tags": [],
            "timeouts": null,
            "user_data": null,
            "vendor_options": [],
            "volume": []
          },
          "sensitive_attributes": [],
          "private": "eyJlMmJmYjczMC1lY2FhLTExZTYtOGY4OC0zNDM2M2JjN2M0YzAiOnsiY3JlYXRlIjoxODAwMDAwMDAwMDAwLCJkZWxldGUiOjE4MDAwMDAwMDAwMDAsInVwZGF0ZSI6MTgwMDAwMDAwMDAwMH19",
          "dependencies": [
            "data.openstack_images_image_v2.gat-image-be"
          ]
        },
        {
          "index_key": 1,
          "schema_version": 0,
          "attributes": {
            "access_ip_v4": "10.113.7.168",
            "access_ip_v6": "",
            "admin_pass": null,
            "all_metadata": {},
            "all_tags": [],
            "availability_zone": "nova",
            "availability_zone_hints": null,
            "block_device": [],
            "config_drive": null,
            "flavor_id": "11",
            "flavor_name": "UPSv1.large",
            "floating_ip": null,
            "force_delete": false,
            "id": "5a747ddc-4f25-418b-8fbd-ba92fbdda90c",
            "image_id": "de62ec0f-a467-4315-9485-85606a5738f9",
            "image_name": "Ubuntu-20.04",
            "key_pair": "cloud-be",
            "metadata": null,
            "name": "gat-1.be.training.galaxyproject.eu",
            "network": [
              {
                "access_network": false,
                "fixed_ip_v4": "10.113.7.168",
                "fixed_ip_v6": "",
                "floating_ip": "",
                "mac": "fa:16:3e:c2:66:3b",
                "name": "VSC_00018_vm",
                "port": "",
                "uuid": "6f3714b9-f2d5-4592-b25d-6fdfddcff48c"
              }
            ],
            "network_mode": null,
            "personality": [],
            "power_state": "active",
            "region": "regionOne",
            "scheduler_hints": [],
            "security_groups": [
              "gat"
            ],
            "stop_before_destroy": false,
            "tags": [],
            "timeouts": null,
            "user_data": null,
            "vendor_options": [],
            "volume": []
          },
          "sensitive_attributes": [],
          "private": "eyJlMmJmYjczMC1lY2FhLTExZTYtOGY4OC0zNDM2M2JjN2M0YzAiOnsiY3JlYXRlIjoxODAwMDAwMDAwMDAwLCJkZWxldGUiOjE4MDAwMDAwMDAwMDAsInVwZGF0ZSI6MTgwMDAwMDAwMDAwMH19",
          "dependencies": [
            "data.openstack_images_image_v2.gat-image-be"
          ]
        },
        {
          "index_key": 2,
          "schema_version": 0,
          "attributes": {
            "access_ip_v4": "10.113.7.166",
            "access_ip_v6": "",
            "admin_pass": null,
            "all_metadata": {},
            "all_tags": [],
            "availability_zone": "nova",
            "availability_zone_hints": null,
            "block_device": [],
            "config_drive": null,
            "flavor_id": "11",
            "flavor_name": "UPSv1.large",
            "floating_ip": null,
            "force_delete": false,
            "id": "40b59ec2-e3d8-42c6-9989-b04bb3f5eaa0",
            "image_id": "de62ec0f-a467-4315-9485-85606a5738f9",
            "image_name": "Ubuntu-20.04",
            "key_pair": "cloud-be",
            "metadata": null,
            "name": "gat-2.be.training.galaxyproject.eu",
            "network": [
              {
                "access_network": false,
                "fixed_ip_v4": "10.113.7.166",
                "fixed_ip_v6": "",
                "floating_ip": "",
                "mac": "fa:16:3e:1f:e0:0c",
                "name": "VSC_00018_vm",
                "port": "",
                "uuid": "6f3714b9-f2d5-4592-b25d-6fdfddcff48c"
              }
            ],
            "network_mode": null,
            "personality": [],
            "power_state": "active",
            "region": "regionOne",
            "scheduler_hints": [],
            "security_groups": [
              "gat"
            ],
            "stop_before_destroy": false,
            "tags": [],
            "timeouts": null,
            "user_data": null,
            "vendor_options": [],
            "volume": []
          },
          "sensitive_attributes": [],
          "private": "eyJlMmJmYjczMC1lY2FhLTExZTYtOGY4OC0zNDM2M2JjN2M0YzAiOnsiY3JlYXRlIjoxODAwMDAwMDAwMDAwLCJkZWxldGUiOjE4MDAwMDAwMDAwMDAsInVwZGF0ZSI6MTgwMDAwMDAwMDAwMH19",
          "dependencies": [
            "data.openstack_images_image_v2.gat-image-be"
          ]
        },
        {
          "index_key": 3,
          "schema_version": 0,
          "attributes": {
            "access_ip_v4": "10.113.7.135",
            "access_ip_v6": "",
            "admin_pass": null,
            "all_metadata": {},
            "all_tags": [],
            "availability_zone": "nova",
            "availability_zone_hints": null,
            "block_device": [],
            "config_drive": null,
            "flavor_id": "11",
            "flavor_name": "UPSv1.large",
            "floating_ip": null,
            "force_delete": false,
            "id": "5bd2417c-bd0f-472c-b68a-014d3139bac2",
            "image_id": "de62ec0f-a467-4315-9485-85606a5738f9",
            "image_name": "Ubuntu-20.04",
            "key_pair": "cloud-be",
            "metadata": null,
            "name": "gat-3.be.training.galaxyproject.eu",
            "network": [
              {
                "access_network": false,
                "fixed_ip_v4": "10.113.7.135",
                "fixed_ip_v6": "",
                "floating_ip": "",
                "mac": "fa:16:3e:f4:67:7d",
                "name": "VSC_00018_vm",
                "port": "",
                "uuid": "6f3714b9-f2d5-4592-b25d-6fdfddcff48c"
              }
            ],
            "network_mode": null,
            "personality": [],
            "power_state": "active",
            "region": "regionOne",
            "scheduler_hints": [],
            "security_groups": [
              "gat"
            ],
            "stop_before_destroy": false,
            "tags": [],
            "timeouts": null,
            "user_data": null,
            "vendor_options": [],
            "volume": []
          },
          "sensitive_attributes": [],
          "private": "eyJlMmJmYjczMC1lY2FhLTExZTYtOGY4OC0zNDM2M2JjN2M0YzAiOnsiY3JlYXRlIjoxODAwMDAwMDAwMDAwLCJkZWxldGUiOjE4MDAwMDAwMDAwMDAsInVwZGF0ZSI6MTgwMDAwMDAwMDAwMH19",
          "dependencies": [
            "data.openstack_images_image_v2.gat-image-be"
          ]
        },
        {
          "index_key": 4,
          "schema_version": 0,
          "attributes": {
            "access_ip_v4": "10.113.7.100",
            "access_ip_v6": "",
            "admin_pass": null,
            "all_metadata": {},
            "all_tags": [],
            "availability_zone": "nova",
            "availability_zone_hints": null,
            "block_device": [],
            "config_drive": null,
            "flavor_id": "11",
            "flavor_name": "UPSv1.large",
            "floating_ip": null,
            "force_delete": false,
            "id": "77983040-0d91-4419-818c-74b5c2db8dc5",
            "image_id": "de62ec0f-a467-4315-9485-85606a5738f9",
            "image_name": "Ubuntu-20.04",
            "key_pair": "cloud-be",
            "metadata": null,
            "name": "gat-4.be.training.galaxyproject.eu",
            "network": [
              {
                "access_network": false,
                "fixed_ip_v4": "10.113.7.100",
                "fixed_ip_v6": "",
                "floating_ip": "",
                "mac": "fa:16:3e:04:fc:3b",
                "name": "VSC_00018_vm",
                "port": "",
                "uuid": "6f3714b9-f2d5-4592-b25d-6fdfddcff48c"
              }
            ],
            "network_mode": null,
            "personality": [],
            "power_state": "active",
            "region": "regionOne",
            "scheduler_hints": [],
            "security_groups": [
              "gat"
            ],
            "stop_before_destroy": false,
            "tags": [],
            "timeouts": null,
            "user_data": null,
            "vendor_options": [],
            "volume": []
          },
          "sensitive_attributes": [],
          "private": "eyJlMmJmYjczMC1lY2FhLTExZTYtOGY4OC0zNDM2M2JjN2M0YzAiOnsiY3JlYXRlIjoxODAwMDAwMDAwMDAwLCJkZWxldGUiOjE4MDAwMDAwMDAwMDAsInVwZGF0ZSI6MTgwMDAwMDAwMDAwMH19",
          "dependencies": [
            "data.openstack_images_image_v2.gat-image-be"
          ]
        },
        {
          "index_key": 5,
          "schema_version": 0,
          "attributes": {
            "access_ip_v4": "10.113.7.44",
            "access_ip_v6": "",
            "admin_pass": null,
            "all_metadata": {},
            "all_tags": [],
            "availability_zone": "nova",
            "availability_zone_hints": null,
            "block_device": [],
            "config_drive": null,
            "flavor_id": "11",
            "flavor_name": "UPSv1.large",
            "floating_ip": null,
            "force_delete": false,
            "id": "c814c44e-f0b4-4568-adb7-d1fb67c0cdd4",
            "image_id": "de62ec0f-a467-4315-9485-85606a5738f9",
            "image_name": "Ubuntu-20.04",
            "key_pair": "cloud-be",
            "metadata": null,
            "name": "gat-5.be.training.galaxyproject.eu",
            "network": [
              {
                "access_network": false,
                "fixed_ip_v4": "10.113.7.44",
                "fixed_ip_v6": "",
                "floating_ip": "",
                "mac": "fa:16:3e:8f:09:da",
                "name": "VSC_00018_vm",
                "port": "",
                "uuid": "6f3714b9-f2d5-4592-b25d-6fdfddcff48c"
              }
            ],
            "network_mode": null,
            "personality": [],
            "power_state": "active",
            "region": "regionOne",
            "scheduler_hints": [],
            "security_groups": [
              "gat"
            ],
            "stop_before_destroy": false,
            "tags": [],
            "timeouts": null,
            "user_data": null,
            "vendor_options": [],
            "volume": []
          },
          "sensitive_attributes": [],
          "private": "eyJlMmJmYjczMC1lY2FhLTExZTYtOGY4OC0zNDM2M2JjN2M0YzAiOnsiY3JlYXRlIjoxODAwMDAwMDAwMDAwLCJkZWxldGUiOjE4MDAwMDAwMDAwMDAsInVwZGF0ZSI6MTgwMDAwMDAwMDAwMH19",
          "dependencies": [
            "data.openstack_images_image_v2.gat-image-be"
          ]
        },
        {
          "index_key": 6,
          "schema_version": 0,
          "attributes": {
            "access_ip_v4": "10.113.7.29",
            "access_ip_v6": "",
            "admin_pass": null,
            "all_metadata": {},
            "all_tags": [],
            "availability_zone": "nova",
            "availability_zone_hints": null,
            "block_device": [],
            "config_drive": null,
            "flavor_id": "11",
            "flavor_name": "UPSv1.large",
            "floating_ip": null,
            "force_delete": false,
            "id": "e4246fdb-bced-40bc-b13a-a82c21a89250",
            "image_id": "de62ec0f-a467-4315-9485-85606a5738f9",
            "image_name": "Ubuntu-20.04",
            "key_pair": "cloud-be",
            "metadata": null,
            "name": "gat-6.be.training.galaxyproject.eu",
            "network": [
              {
                "access_network": false,
                "fixed_ip_v4": "10.113.7.29",
                "fixed_ip_v6": "",
                "floating_ip": "",
                "mac": "fa:16:3e:25:42:03",
                "name": "VSC_00018_vm",
                "port": "",
                "uuid": "6f3714b9-f2d5-4592-b25d-6fdfddcff48c"
              }
            ],
            "network_mode": null,
            "personality": [],
            "power_state": "active",
            "region": "regionOne",
            "scheduler_hints": [],
            "security_groups": [
              "gat"
            ],
            "stop_before_destroy": false,
            "tags": [],
            "timeouts": null,
            "user_data": null,
            "vendor_options": [],
            "volume": []
          },
          "sensitive_attributes": [],
          "private": "eyJlMmJmYjczMC1lY2FhLTExZTYtOGY4OC0zNDM2M2JjN2M0YzAiOnsiY3JlYXRlIjoxODAwMDAwMDAwMDAwLCJkZWxldGUiOjE4MDAwMDAwMDAwMDAsInVwZGF0ZSI6MTgwMDAwMDAwMDAwMH19",
          "dependencies": [
            "data.openstack_images_image_v2.gat-image-be"
          ]
        },
        {
          "index_key": 7,
          "schema_version": 0,
          "attributes": {
            "access_ip_v4": "10.113.7.116",
            "access_ip_v6": "",
            "admin_pass": null,
            "all_metadata": {},
            "all_tags": [],
            "availability_zone": "nova",
            "availability_zone_hints": null,
            "block_device": [],
            "config_drive": null,
            "flavor_id": "11",
            "flavor_name": "UPSv1.large",
            "floating_ip": null,
            "force_delete": false,
            "id": "9935ff24-9185-42f1-a63d-f87778267634",
            "image_id": "de62ec0f-a467-4315-9485-85606a5738f9",
            "image_name": "Ubuntu-20.04",
            "key_pair": "cloud-be",
            "metadata": null,
            "name": "gat-7.be.training.galaxyproject.eu",
            "network": [
              {
                "access_network": false,
                "fixed_ip_v4": "10.113.7.116",
                "fixed_ip_v6": "",
                "floating_ip": "",
                "mac": "fa:16:3e:dc:d3:1b",
                "name": "VSC_00018_vm",
                "port": "",
                "uuid": "6f3714b9-f2d5-4592-b25d-6fdfddcff48c"
              }
            ],
            "network_mode": null,
            "personality": [],
            "power_state": "active",
            "region": "regionOne",
            "scheduler_hints": [],
            "security_groups": [
              "gat"
            ],
            "stop_before_destroy": false,
            "tags": [],
            "timeouts": null,
            "user_data": null,
            "vendor_options": [],
            "volume": []
          },
          "sensitive_attributes": [],
          "private": "eyJlMmJmYjczMC1lY2FhLTExZTYtOGY4OC0zNDM2M2JjN2M0YzAiOnsiY3JlYXRlIjoxODAwMDAwMDAwMDAwLCJkZWxldGUiOjE4MDAwMDAwMDAwMDAsInVwZGF0ZSI6MTgwMDAwMDAwMDAwMH19",
          "dependencies": [
            "data.openstack_images_image_v2.gat-image-be"
          ]
        },
        {
          "index_key": 8,
          "schema_version": 0,
          "attributes": {
            "access_ip_v4": "10.113.7.63",
            "access_ip_v6": "",
            "admin_pass": null,
            "all_metadata": {},
            "all_tags": [],
            "availability_zone": "nova",
            "availability_zone_hints": null,
            "block_device": [],
            "config_drive": null,
            "flavor_id": "11",
            "flavor_name": "UPSv1.large",
            "floating_ip": null,
            "force_delete": false,
            "id": "8a014e5d-11b1-4668-8c79-eff65599186b",
            "image_id": "de62ec0f-a467-4315-9485-85606a5738f9",
            "image_name": "Ubuntu-20.04",
            "key_pair": "cloud-be",
            "metadata": null,
            "name": "gat-8.be.training.galaxyproject.eu",
            "network": [
              {
                "access_network": false,
                "fixed_ip_v4": "10.113.7.63",
                "fixed_ip_v6": "",
                "floating_ip": "",
                "mac": "fa:16:3e:f1:87:09",
                "name": "VSC_00018_vm",
                "port": "",
                "uuid": "6f3714b9-f2d5-4592-b25d-6fdfddcff48c"
              }
            ],
            "network_mode": null,
            "personality": [],
            "power_state": "active",
            "region": "regionOne",
            "scheduler_hints": [],
            "security_groups": [
              "gat"
            ],
            "stop_before_destroy": false,
            "tags": [],
            "timeouts": null,
            "user_data": null,
            "vendor_options": [],
            "volume": []
          },
          "sensitive_attributes": [],
          "private": "eyJlMmJmYjczMC1lY2FhLTExZTYtOGY4OC0zNDM2M2JjN2M0YzAiOnsiY3JlYXRlIjoxODAwMDAwMDAwMDAwLCJkZWxldGUiOjE4MDAwMDAwMDAwMDAsInVwZGF0ZSI6MTgwMDAwMDAwMDAwMH19",
          "dependencies": [
            "data.openstack_images_image_v2.gat-image-be"
          ]
        },
        {
          "index_key": 9,
          "schema_version": 0,
          "attributes": {
            "access_ip_v4": "10.113.7.51",
            "access_ip_v6": "",
            "admin_pass": null,
            "all_metadata": {},
            "all_tags": [],
            "availability_zone": "nova",
            "availability_zone_hints": null,
            "block_device": [],
            "config_drive": null,
            "flavor_id": "11",
            "flavor_name": "UPSv1.large",
            "floating_ip": null,
            "force_delete": false,
            "id": "e968fa8d-1f8e-4f1b-95e5-5789568cf272",
            "image_id": "de62ec0f-a467-4315-9485-85606a5738f9",
            "image_name": "Ubuntu-20.04",
            "key_pair": "cloud-be",
            "metadata": null,
            "name": "gat-9.be.training.galaxyproject.eu",
            "network": [
              {
                "access_network": false,
                "fixed_ip_v4": "10.113.7.51",
                "fixed_ip_v6": "",
                "floating_ip": "",
                "mac": "fa:16:3e:6a:e2:36",
                "name": "VSC_00018_vm",
                "port": "",
                "uuid": "6f3714b9-f2d5-4592-b25d-6fdfddcff48c"
              }
            ],
            "network_mode": null,
            "personality": [],
            "power_state": "active",
            "region": "regionOne",
            "scheduler_hints": [],
            "security_groups": [
              "gat"
            ],
            "stop_before_destroy": false,
            "tags": [],
            "timeouts": null,
            "user_data": null,
            "vendor_options": [],
            "volume": []
          },
          "sensitive_attributes": [],
          "private": "eyJlMmJmYjczMC1lY2FhLTExZTYtOGY4OC0zNDM2M2JjN2M0YzAiOnsiY3JlYXRlIjoxODAwMDAwMDAwMDAwLCJkZWxldGUiOjE4MDAwMDAwMDAwMDAsInVwZGF0ZSI6MTgwMDAwMDAwMDAwMH19",
          "dependencies": [
            "data.openstack_images_image_v2.gat-image-be"
          ]
        },
        {
          "index_key": 10,
          "schema_version": 0,
          "attributes": {
            "access_ip_v4": "10.113.7.57",
            "access_ip_v6": "",
            "admin_pass": null,
            "all_metadata": {},
            "all_tags": [],
            "availability_zone": "nova",
            "availability_zone_hints": null,
            "block_device": [],
            "config_drive": null,
            "flavor_id": "11",
            "flavor_name": "UPSv1.large",
            "floating_ip": null,
            "force_delete": false,
            "id": "68c6c274-063b-49fb-9834-53e379d3dda2",
            "image_id": "de62ec0f-a467-4315-9485-85606a5738f9",
            "image_name": "Ubuntu-20.04",
            "key_pair": "cloud-be",
            "metadata": null,
            "name": "gat-10.be.training.galaxyproject.eu",
            "network": [
              {
                "access_network": false,
                "fixed_ip_v4": "10.113.7.57",
                "fixed_ip_v6": "",
                "floating_ip": "",
                "mac": "fa:16:3e:aa:da:9e",
                "name": "VSC_00018_vm",
                "port": "",
                "uuid": "6f3714b9-f2d5-4592-b25d-6fdfddcff48c"
              }
            ],
            "network_mode": null,
            "personality": [],
            "power_state": "active",
            "region": "regionOne",
            "scheduler_hints": [],
            "security_groups": [
              "gat"
            ],
            "stop_before_destroy": false,
            "tags": [],
            "timeouts": null,
            "user_data": null,
            "vendor_options": [],
            "volume": []
          },
          "sensitive_attributes": [],
          "private": "eyJlMmJmYjczMC1lY2FhLTExZTYtOGY4OC0zNDM2M2JjN2M0YzAiOnsiY3JlYXRlIjoxODAwMDAwMDAwMDAwLCJkZWxldGUiOjE4MDAwMDAwMDAwMDAsInVwZGF0ZSI6MTgwMDAwMDAwMDAwMH19",
          "dependencies": [
            "data.openstack_images_image_v2.gat-image-be"
          ]
        },
        {
          "index_key": 11,
          "schema_version": 0,
          "attributes": {
            "access_ip_v4": "10.113.7.148",
            "access_ip_v6": "",
            "admin_pass": null,
            "all_metadata": {},
            "all_tags": [],
            "availability_zone": "nova",
            "availability_zone_hints": null,
            "block_device": [],
            "config_drive": null,
            "flavor_id": "11",
            "flavor_name": "UPSv1.large",
            "floating_ip": null,
            "force_delete": false,
            "id": "22d3bdad-f3b0-4b2b-aa4f-161cafd08ec5",
            "image_id": "de62ec0f-a467-4315-9485-85606a5738f9",
            "image_name": "Ubuntu-20.04",
            "key_pair": "cloud-be",
            "metadata": null,
            "name": "gat-11.be.training.galaxyproject.eu",
            "network": [
              {
                "access_network": false,
                "fixed_ip_v4": "10.113.7.148",
                "fixed_ip_v6": "",
                "floating_ip": "",
                "mac": "fa:16:3e:42:eb:74",
                "name": "VSC_00018_vm",
                "port": "",
                "uuid": "6f3714b9-f2d5-4592-b25d-6fdfddcff48c"
              }
            ],
            "network_mode": null,
            "personality": [],
            "power_state": "active",
            "region": "regionOne",
            "scheduler_hints": [],
            "security_groups": [
              "gat"
            ],
            "stop_before_destroy": false,
            "tags": [],
            "timeouts": null,
            "user_data": null,
            "vendor_options": [],
            "volume": []
          },
          "sensitive_attributes": [],
          "private": "eyJlMmJmYjczMC1lY2FhLTExZTYtOGY4OC0zNDM2M2JjN2M0YzAiOnsiY3JlYXRlIjoxODAwMDAwMDAwMDAwLCJkZWxldGUiOjE4MDAwMDAwMDAwMDAsInVwZGF0ZSI6MTgwMDAwMDAwMDAwMH19",
          "dependencies": [
            "data.openstack_images_image_v2.gat-image-be"
          ]
        },
        {
          "index_key": 12,
          "schema_version": 0,
          "attributes": {
            "access_ip_v4": "10.113.7.134",
            "access_ip_v6": "",
            "admin_pass": null,
            "all_metadata": {},
            "all_tags": [],
            "availability_zone": "nova",
            "availability_zone_hints": null,
            "block_device": [],
            "config_drive": null,
            "flavor_id": "11",
            "flavor_name": "UPSv1.large",
            "floating_ip": null,
            "force_delete": false,
            "id": "e89ba614-5132-4b80-962b-4177294f0c8b",
            "image_id": "de62ec0f-a467-4315-9485-85606a5738f9",
            "image_name": "Ubuntu-20.04",
            "key_pair": "cloud-be",
            "metadata": null,
            "name": "gat-12.be.training.galaxyproject.eu",
            "network": [
              {
                "access_network": false,
                "fixed_ip_v4": "10.113.7.134",
                "fixed_ip_v6": "",
                "floating_ip": "",
                "mac": "fa:16:3e:15:38:88",
                "name": "VSC_00018_vm",
                "port": "",
                "uuid": "6f3714b9-f2d5-4592-b25d-6fdfddcff48c"
              }
            ],
            "network_mode": null,
            "personality": [],
            "power_state": "active",
            "region": "regionOne",
            "scheduler_hints": [],
            "security_groups": [
              "gat"
            ],
            "stop_before_destroy": false,
            "tags": [],
            "timeouts": null,
            "user_data": null,
            "vendor_options": [],
            "volume": []
          },
          "sensitive_attributes": [],
          "private": "eyJlMmJmYjczMC1lY2FhLTExZTYtOGY4OC0zNDM2M2JjN2M0YzAiOnsiY3JlYXRlIjoxODAwMDAwMDAwMDAwLCJkZWxldGUiOjE4MDAwMDAwMDAwMDAsInVwZGF0ZSI6MTgwMDAwMDAwMDAwMH19",
          "dependencies": [
            "data.openstack_images_image_v2.gat-image-be"
          ]
        },
        {
          "index_key": 13,
          "schema_version": 0,
          "attributes": {
            "access_ip_v4": "10.113.7.78",
            "access_ip_v6": "",
            "admin_pass": null,
            "all_metadata": {},
            "all_tags": [],
            "availability_zone": "nova",
            "availability_zone_hints": null,
            "block_device": [],
            "config_drive": null,
            "flavor_id": "11",
            "flavor_name": "UPSv1.large",
            "floating_ip": null,
            "force_delete": false,
            "id": "aabd7b13-7788-4fdd-9b08-c054bd2d293f",
            "image_id": "de62ec0f-a467-4315-9485-85606a5738f9",
            "image_name": "Ubuntu-20.04",
            "key_pair": "cloud-be",
            "metadata": null,
            "name": "gat-13.be.training.galaxyproject.eu",
            "network": [
              {
                "access_network": false,
                "fixed_ip_v4": "10.113.7.78",
                "fixed_ip_v6": "",
                "floating_ip": "",
                "mac": "fa:16:3e:28:8c:80",
                "name": "VSC_00018_vm",
                "port": "",
                "uuid": "6f3714b9-f2d5-4592-b25d-6fdfddcff48c"
              }
            ],
            "network_mode": null,
            "personality": [],
            "power_state": "active",
            "region": "regionOne",
            "scheduler_hints": [],
            "security_groups": [
              "gat"
            ],
            "stop_before_destroy": false,
            "tags": [],
            "timeouts": null,
            "user_data": null,
            "vendor_options": [],
            "volume": []
          },
          "sensitive_attributes": [],
          "private": "eyJlMmJmYjczMC1lY2FhLTExZTYtOGY4OC0zNDM2M2JjN2M0YzAiOnsiY3JlYXRlIjoxODAwMDAwMDAwMDAwLCJkZWxldGUiOjE4MDAwMDAwMDAwMDAsInVwZGF0ZSI6MTgwMDAwMDAwMDAwMH19",
          "dependencies": [
            "data.openstack_images_image_v2.gat-image-be"
          ]
        },
        {
          "index_key": 14,
          "schema_version": 0,
          "attributes": {
            "access_ip_v4": "10.113.7.20",
            "access_ip_v6": "",
            "admin_pass": null,
            "all_metadata": {},
            "all_tags": [],
            "availability_zone": "nova",
            "availability_zone_hints": null,
            "block_device": [],
            "config_drive": null,
            "flavor_id": "11",
            "flavor_name": "UPSv1.large",
            "floating_ip": null,
            "force_delete": false,
            "id": "3f2b8722-052d-4529-a8f7-1a7ce4c07a21",
            "image_id": "de62ec0f-a467-4315-9485-85606a5738f9",
            "image_name": "Ubuntu-20.04",
            "key_pair": "cloud-be",
            "metadata": null,
            "name": "gat-14.be.training.galaxyproject.eu",
            "network": [
              {
                "access_network": false,
                "fixed_ip_v4": "10.113.7.20",
                "fixed_ip_v6": "",
                "floating_ip": "",
                "mac": "fa:16:3e:1c:76:71",
                "name": "VSC_00018_vm",
                "port": "",
                "uuid": "6f3714b9-f2d5-4592-b25d-6fdfddcff48c"
              }
            ],
            "network_mode": null,
            "personality": [],
            "power_state": "active",
            "region": "regionOne",
            "scheduler_hints": [],
            "security_groups": [
              "gat"
            ],
            "stop_before_destroy": false,
            "tags": [],
            "timeouts": null,
            "user_data": null,
            "vendor_options": [],
            "volume": []
          },
          "sensitive_attributes": [],
          "private": "eyJlMmJmYjczMC1lY2FhLTExZTYtOGY4OC0zNDM2M2JjN2M0YzAiOnsiY3JlYXRlIjoxODAwMDAwMDAwMDAwLCJkZWxldGUiOjE4MDAwMDAwMDAwMDAsInVwZGF0ZSI6MTgwMDAwMDAwMDAwMH19",
          "dependencies": [
            "data.openstack_images_image_v2.gat-image-be"
          ]
        },
        {
          "index_key": 15,
          "schema_version": 0,
          "attributes": {
            "access_ip_v4": "10.113.7.15",
            "access_ip_v6": "",
            "admin_pass": null,
            "all_metadata": {},
            "all_tags": [],
            "availability_zone": "nova",
            "availability_zone_hints": null,
            "block_device": [],
            "config_drive": null,
            "flavor_id": "11",
            "flavor_name": "UPSv1.large",
            "floating_ip": null,
            "force_delete": false,
            "id": "332a9cab-fb1f-4f19-a04c-3683281ca050",
            "image_id": "de62ec0f-a467-4315-9485-85606a5738f9",
            "image_name": "Ubuntu-20.04",
            "key_pair": "cloud-be",
            "metadata": null,
            "name": "gat-15.be.training.galaxyproject.eu",
            "network": [
              {
                "access_network": false,
                "fixed_ip_v4": "10.113.7.15",
                "fixed_ip_v6": "",
                "floating_ip": "",
                "mac": "fa:16:3e:4d:b7:db",
                "name": "VSC_00018_vm",
                "port": "",
                "uuid": "6f3714b9-f2d5-4592-b25d-6fdfddcff48c"
              }
            ],
            "network_mode": null,
            "personality": [],
            "power_state": "active",
            "region": "regionOne",
            "scheduler_hints": [],
            "security_groups": [
              "gat"
            ],
            "stop_before_destroy": false,
            "tags": [],
            "timeouts": null,
            "user_data": null,
            "vendor_options": [],
            "volume": []
          },
          "sensitive_attributes": [],
          "private": "eyJlMmJmYjczMC1lY2FhLTExZTYtOGY4OC0zNDM2M2JjN2M0YzAiOnsiY3JlYXRlIjoxODAwMDAwMDAwMDAwLCJkZWxldGUiOjE4MDAwMDAwMDAwMDAsInVwZGF0ZSI6MTgwMDAwMDAwMDAwMH19",
          "dependencies": [
            "data.openstack_images_image_v2.gat-image-be"
          ]
        },
        {
          "index_key": 16,
          "schema_version": 0,
          "attributes": {
            "access_ip_v4": "10.113.7.202",
            "access_ip_v6": "",
            "admin_pass": null,
            "all_metadata": {},
            "all_tags": [],
            "availability_zone": "nova",
            "availability_zone_hints": null,
            "block_device": [],
            "config_drive": null,
            "flavor_id": "11",
            "flavor_name": "UPSv1.large",
            "floating_ip": null,
            "force_delete": false,
            "id": "8dbda9aa-c647-41d2-a021-534462485fe9",
            "image_id": "de62ec0f-a467-4315-9485-85606a5738f9",
            "image_name": "Ubuntu-20.04",
            "key_pair": "cloud-be",
            "metadata": null,
            "name": "gat-16.be.training.galaxyproject.eu",
            "network": [
              {
                "access_network": false,
                "fixed_ip_v4": "10.113.7.202",
                "fixed_ip_v6": "",
                "floating_ip": "",
                "mac": "fa:16:3e:04:b9:2a",
                "name": "VSC_00018_vm",
                "port": "",
                "uuid": "6f3714b9-f2d5-4592-b25d-6fdfddcff48c"
              }
            ],
            "network_mode": null,
            "personality": [],
            "power_state": "active",
            "region": "regionOne",
            "scheduler_hints": [],
            "security_groups": [
              "gat"
            ],
            "stop_before_destroy": false,
            "tags": [],
            "timeouts": null,
            "user_data": null,
            "vendor_options": [],
            "volume": []
          },
          "sensitive_attributes": [],
          "private": "eyJlMmJmYjczMC1lY2FhLTExZTYtOGY4OC0zNDM2M2JjN2M0YzAiOnsiY3JlYXRlIjoxODAwMDAwMDAwMDAwLCJkZWxldGUiOjE4MDAwMDAwMDAwMDAsInVwZGF0ZSI6MTgwMDAwMDAwMDAwMH19",
          "dependencies": [
            "data.openstack_images_image_v2.gat-image-be"
          ]
        },
        {
          "index_key": 17,
          "schema_version": 0,
          "attributes": {
            "access_ip_v4": "10.113.7.240",
            "access_ip_v6": "",
            "admin_pass": null,
            "all_metadata": {},
            "all_tags": [],
            "availability_zone": "nova",
            "availability_zone_hints": null,
            "block_device": [],
            "config_drive": null,
            "flavor_id": "11",
            "flavor_name": "UPSv1.large",
            "floating_ip": null,
            "force_delete": false,
            "id": "296110e4-e4d9-4c93-a265-666a0dec66b3",
            "image_id": "de62ec0f-a467-4315-9485-85606a5738f9",
            "image_name": "Ubuntu-20.04",
            "key_pair": "cloud-be",
            "metadata": null,
            "name": "gat-17.be.training.galaxyproject.eu",
            "network": [
              {
                "access_network": false,
                "fixed_ip_v4": "10.113.7.240",
                "fixed_ip_v6": "",
                "floating_ip": "",
                "mac": "fa:16:3e:da:56:11",
                "name": "VSC_00018_vm",
                "port": "",
                "uuid": "6f3714b9-f2d5-4592-b25d-6fdfddcff48c"
              }
            ],
            "network_mode": null,
            "personality": [],
            "power_state": "active",
            "region": "regionOne",
            "scheduler_hints": [],
            "security_groups": [
              "gat"
            ],
            "stop_before_destroy": false,
            "tags": [],
            "timeouts": null,
            "user_data": null,
            "vendor_options": [],
            "volume": []
          },
          "sensitive_attributes": [],
          "private": "eyJlMmJmYjczMC1lY2FhLTExZTYtOGY4OC0zNDM2M2JjN2M0YzAiOnsiY3JlYXRlIjoxODAwMDAwMDAwMDAwLCJkZWxldGUiOjE4MDAwMDAwMDAwMDAsInVwZGF0ZSI6MTgwMDAwMDAwMDAwMH19",
          "dependencies": [
            "data.openstack_images_image_v2.gat-image-be"
          ]
        },
        {
          "index_key": 18,
          "schema_version": 0,
          "attributes": {
            "access_ip_v4": "10.113.7.7",
            "access_ip_v6": "",
            "admin_pass": null,
            "all_metadata": {},
            "all_tags": [],
            "availability_zone": "nova",
            "availability_zone_hints": null,
            "block_device": [],
            "config_drive": null,
            "flavor_id": "11",
            "flavor_name": "UPSv1.large",
            "floating_ip": null,
            "force_delete": false,
            "id": "2f4ec804-ea6e-47f6-a435-cf77d4d10e18",
            "image_id": "de62ec0f-a467-4315-9485-85606a5738f9",
            "image_name": "Ubuntu-20.04",
            "key_pair": "cloud-be",
            "metadata": null,
            "name": "gat-18.be.training.galaxyproject.eu",
            "network": [
              {
                "access_network": false,
                "fixed_ip_v4": "10.113.7.7",
                "fixed_ip_v6": "",
                "floating_ip": "",
                "mac": "fa:16:3e:35:ee:75",
                "name": "VSC_00018_vm",
                "port": "",
                "uuid": "6f3714b9-f2d5-4592-b25d-6fdfddcff48c"
              }
            ],
            "network_mode": null,
            "personality": [],
            "power_state": "active",
            "region": "regionOne",
            "scheduler_hints": [],
            "security_groups": [
              "gat"
            ],
            "stop_before_destroy": false,
            "tags": [],
            "timeouts": null,
            "user_data": null,
            "vendor_options": [],
            "volume": []
          },
          "sensitive_attributes": [],
          "private": "eyJlMmJmYjczMC1lY2FhLTExZTYtOGY4OC0zNDM2M2JjN2M0YzAiOnsiY3JlYXRlIjoxODAwMDAwMDAwMDAwLCJkZWxldGUiOjE4MDAwMDAwMDAwMDAsInVwZGF0ZSI6MTgwMDAwMDAwMDAwMH19",
          "dependencies": [
            "data.openstack_images_image_v2.gat-image-be"
          ]
        },
        {
          "index_key": 19,
          "schema_version": 0,
          "attributes": {
            "access_ip_v4": "10.113.7.108",
            "access_ip_v6": "",
            "admin_pass": null,
            "all_metadata": {},
            "all_tags": [],
            "availability_zone": "nova",
            "availability_zone_hints": null,
            "block_device": [],
            "config_drive": null,
            "flavor_id": "11",
            "flavor_name": "UPSv1.large",
            "floating_ip": null,
            "force_delete": false,
            "id": "43aa8762-9674-4fa0-aaee-0ad687cc7c38",
            "image_id": "de62ec0f-a467-4315-9485-85606a5738f9",
            "image_name": "Ubuntu-20.04",
            "key_pair": "cloud-be",
            "metadata": null,
            "name": "gat-19.be.training.galaxyproject.eu",
            "network": [
              {
                "access_network": false,
                "fixed_ip_v4": "10.113.7.108",
                "fixed_ip_v6": "",
                "floating_ip": "",
                "mac": "fa:16:3e:42:31:9f",
                "name": "VSC_00018_vm",
                "port": "",
                "uuid": "6f3714b9-f2d5-4592-b25d-6fdfddcff48c"
              }
            ],
            "network_mode": null,
            "personality": [],
            "power_state": "active",
            "region": "regionOne",
            "scheduler_hints": [],
            "security_groups": [
              "gat"
            ],
            "stop_before_destroy": false,
            "tags": [],
            "timeouts": null,
            "user_data": null,
            "vendor_options": [],
            "volume": []
          },
          "sensitive_attributes": [],
          "private": "eyJlMmJmYjczMC1lY2FhLTExZTYtOGY4OC0zNDM2M2JjN2M0YzAiOnsiY3JlYXRlIjoxODAwMDAwMDAwMDAwLCJkZWxldGUiOjE4MDAwMDAwMDAwMDAsInVwZGF0ZSI6MTgwMDAwMDAwMDAwMH19",
          "dependencies": [
            "data.openstack_images_image_v2.gat-image-be"
          ]
        },
        {
          "index_key": 20,
          "schema_version": 0,
          "attributes": {
            "access_ip_v4": "10.113.7.62",
            "access_ip_v6": "",
            "admin_pass": null,
            "all_metadata": {},
            "all_tags": [],
            "availability_zone": "nova",
            "availability_zone_hints": null,
            "block_device": [],
            "config_drive": null,
            "flavor_id": "11",
            "flavor_name": "UPSv1.large",
            "floating_ip": null,
            "force_delete": false,
            "id": "30452ba0-ccf5-488c-993b-485fb3d07785",
            "image_id": "de62ec0f-a467-4315-9485-85606a5738f9",
            "image_name": "Ubuntu-20.04",
            "key_pair": "cloud-be",
            "metadata": null,
            "name": "gat-20.be.training.galaxyproject.eu",
            "network": [
              {
                "access_network": false,
                "fixed_ip_v4": "10.113.7.62",
                "fixed_ip_v6": "",
                "floating_ip": "",
                "mac": "fa:16:3e:5d:b3:6b",
                "name": "VSC_00018_vm",
                "port": "",
                "uuid": "6f3714b9-f2d5-4592-b25d-6fdfddcff48c"
              }
            ],
            "network_mode": null,
            "personality": [],
            "power_state": "active",
            "region": "regionOne",
            "scheduler_hints": [],
            "security_groups": [
              "gat"
            ],
            "stop_before_destroy": false,
            "tags": [],
            "timeouts": null,
            "user_data": null,
            "vendor_options": [],
            "volume": []
          },
          "sensitive_attributes": [],
          "private": "eyJlMmJmYjczMC1lY2FhLTExZTYtOGY4OC0zNDM2M2JjN2M0YzAiOnsiY3JlYXRlIjoxODAwMDAwMDAwMDAwLCJkZWxldGUiOjE4MDAwMDAwMDAwMDAsInVwZGF0ZSI6MTgwMDAwMDAwMDAwMH19",
          "dependencies": [
            "data.openstack_images_image_v2.gat-image-be"
          ]
        },
        {
          "index_key": 21,
          "schema_version": 0,
          "attributes": {
            "access_ip_v4": "10.113.7.171",
            "access_ip_v6": "",
            "admin_pass": null,
            "all_metadata": {},
            "all_tags": [],
            "availability_zone": "nova",
            "availability_zone_hints": null,
            "block_device": [],
            "config_drive": null,
            "flavor_id": "11",
            "flavor_name": "UPSv1.large",
            "floating_ip": null,
            "force_delete": false,
            "id": "ec0eb12b-8a90-4537-a04a-6480e103823e",
            "image_id": "de62ec0f-a467-4315-9485-85606a5738f9",
            "image_name": "Ubuntu-20.04",
            "key_pair": "cloud-be",
            "metadata": null,
            "name": "gat-21.be.training.galaxyproject.eu",
            "network": [
              {
                "access_network": false,
                "fixed_ip_v4": "10.113.7.171",
                "fixed_ip_v6": "",
                "floating_ip": "",
                "mac": "fa:16:3e:16:77:36",
                "name": "VSC_00018_vm",
                "port": "",
                "uuid": "6f3714b9-f2d5-4592-b25d-6fdfddcff48c"
              }
            ],
            "network_mode": null,
            "personality": [],
            "power_state": "active",
            "region": "regionOne",
            "scheduler_hints": [],
            "security_groups": [
              "gat"
            ],
            "stop_before_destroy": false,
            "tags": [],
            "timeouts": null,
            "user_data": null,
            "vendor_options": [],
            "volume": []
          },
          "sensitive_attributes": [],
          "private": "eyJlMmJmYjczMC1lY2FhLTExZTYtOGY4OC0zNDM2M2JjN2M0YzAiOnsiY3JlYXRlIjoxODAwMDAwMDAwMDAwLCJkZWxldGUiOjE4MDAwMDAwMDAwMDAsInVwZGF0ZSI6MTgwMDAwMDAwMDAwMH19",
          "dependencies": [
            "data.openstack_images_image_v2.gat-image-be"
          ]
        },
        {
          "index_key": 22,
          "schema_version": 0,
          "attributes": {
            "access_ip_v4": "10.113.7.217",
            "access_ip_v6": "",
            "admin_pass": null,
            "all_metadata": {},
            "all_tags": [],
            "availability_zone": "nova",
            "availability_zone_hints": null,
            "block_device": [],
            "config_drive": null,
            "flavor_id": "11",
            "flavor_name": "UPSv1.large",
            "floating_ip": null,
            "force_delete": false,
            "id": "a13b5382-8de8-41e4-999e-6994c58af09e",
            "image_id": "de62ec0f-a467-4315-9485-85606a5738f9",
            "image_name": "Ubuntu-20.04",
            "key_pair": "cloud-be",
            "metadata": null,
            "name": "gat-22.be.training.galaxyproject.eu",
            "network": [
              {
                "access_network": false,
                "fixed_ip_v4": "10.113.7.217",
                "fixed_ip_v6": "",
                "floating_ip": "",
                "mac": "fa:16:3e:70:25:ef",
                "name": "VSC_00018_vm",
                "port": "",
                "uuid": "6f3714b9-f2d5-4592-b25d-6fdfddcff48c"
              }
            ],
            "network_mode": null,
            "personality": [],
            "power_state": "active",
            "region": "regionOne",
            "scheduler_hints": [],
            "security_groups": [
              "gat"
            ],
            "stop_before_destroy": false,
            "tags": [],
            "timeouts": null,
            "user_data": null,
            "vendor_options": [],
            "volume": []
          },
          "sensitive_attributes": [],
          "private": "eyJlMmJmYjczMC1lY2FhLTExZTYtOGY4OC0zNDM2M2JjN2M0YzAiOnsiY3JlYXRlIjoxODAwMDAwMDAwMDAwLCJkZWxldGUiOjE4MDAwMDAwMDAwMDAsInVwZGF0ZSI6MTgwMDAwMDAwMDAwMH19",
          "dependencies": [
            "data.openstack_images_image_v2.gat-image-be"
          ]
        },
        {
          "index_key": 23,
          "schema_version": 0,
          "attributes": {
            "access_ip_v4": "10.113.7.74",
            "access_ip_v6": "",
            "admin_pass": null,
            "all_metadata": {},
            "all_tags": [],
            "availability_zone": "nova",
            "availability_zone_hints": null,
            "block_device": [],
            "config_drive": null,
            "flavor_id": "11",
            "flavor_name": "UPSv1.large",
            "floating_ip": null,
            "force_delete": false,
            "id": "526da293-106f-4398-bf78-0b0e824e7983",
            "image_id": "de62ec0f-a467-4315-9485-85606a5738f9",
            "image_name": "Ubuntu-20.04",
            "key_pair": "cloud-be",
            "metadata": null,
            "name": "gat-23.be.training.galaxyproject.eu",
            "network": [
              {
                "access_network": false,
                "fixed_ip_v4": "10.113.7.74",
                "fixed_ip_v6": "",
                "floating_ip": "",
                "mac": "fa:16:3e:89:8b:18",
                "name": "VSC_00018_vm",
                "port": "",
                "uuid": "6f3714b9-f2d5-4592-b25d-6fdfddcff48c"
              }
            ],
            "network_mode": null,
            "personality": [],
            "power_state": "active",
            "region": "regionOne",
            "scheduler_hints": [],
            "security_groups": [
              "gat"
            ],
            "stop_before_destroy": false,
            "tags": [],
            "timeouts": null,
            "user_data": null,
            "vendor_options": [],
            "volume": []
          },
          "sensitive_attributes": [],
          "private": "eyJlMmJmYjczMC1lY2FhLTExZTYtOGY4OC0zNDM2M2JjN2M0YzAiOnsiY3JlYXRlIjoxODAwMDAwMDAwMDAwLCJkZWxldGUiOjE4MDAwMDAwMDAwMDAsInVwZGF0ZSI6MTgwMDAwMDAwMDAwMH19",
          "dependencies": [
            "data.openstack_images_image_v2.gat-image-be"
          ]
        },
        {
          "index_key": 24,
          "schema_version": 0,
          "attributes": {
            "access_ip_v4": "10.113.7.248",
            "access_ip_v6": "",
            "admin_pass": null,
            "all_metadata": {},
            "all_tags": [],
            "availability_zone": "nova",
            "availability_zone_hints": null,
            "block_device": [],
            "config_drive": null,
            "flavor_id": "11",
            "flavor_name": "UPSv1.large",
            "floating_ip": null,
            "force_delete": false,
            "id": "eab0da81-9dde-4f83-a8ce-13ea60ae1b09",
            "image_id": "de62ec0f-a467-4315-9485-85606a5738f9",
            "image_name": "Ubuntu-20.04",
            "key_pair": "cloud-be",
            "metadata": null,
            "name": "gat-24.be.training.galaxyproject.eu",
            "network": [
              {
                "access_network": false,
                "fixed_ip_v4": "10.113.7.248",
                "fixed_ip_v6": "",
                "floating_ip": "",
                "mac": "fa:16:3e:e5:3e:cf",
                "name": "VSC_00018_vm",
                "port": "",
                "uuid": "6f3714b9-f2d5-4592-b25d-6fdfddcff48c"
              }
            ],
            "network_mode": null,
            "personality": [],
            "power_state": "active",
            "region": "regionOne",
            "scheduler_hints": [],
            "security_groups": [
              "gat"
            ],
            "stop_before_destroy": false,
            "tags": [],
            "timeouts": null,
            "user_data": null,
            "vendor_options": [],
            "volume": []
          },
          "sensitive_attributes": [],
          "private": "eyJlMmJmYjczMC1lY2FhLTExZTYtOGY4OC0zNDM2M2JjN2M0YzAiOnsiY3JlYXRlIjoxODAwMDAwMDAwMDAwLCJkZWxldGUiOjE4MDAwMDAwMDAwMDAsInVwZGF0ZSI6MTgwMDAwMDAwMDAwMH19",
          "dependencies": [
            "data.openstack_images_image_v2.gat-image-be"
          ]
        },
        {
          "index_key": 25,
          "schema_version": 0,
          "attributes": {
            "access_ip_v4": "10.113.7.191",
            "access_ip_v6": "",
            "admin_pass": null,
            "all_metadata": {},
            "all_tags": [],
            "availability_zone": "nova",
            "availability_zone_hints": null,
            "block_device": [],
            "config_drive": null,
            "flavor_id": "11",
            "flavor_name": "UPSv1.large",
            "floating_ip": null,
            "force_delete": false,
            "id": "e6ccccd1-11fc-486c-ad83-d58d479686c8",
            "image_id": "de62ec0f-a467-4315-9485-85606a5738f9",
            "image_name": "Ubuntu-20.04",
            "key_pair": "cloud-be",
            "metadata": null,
            "name": "gat-25.be.training.galaxyproject.eu",
            "network": [
              {
                "access_network": false,
                "fixed_ip_v4": "10.113.7.191",
                "fixed_ip_v6": "",
                "floating_ip": "",
                "mac": "fa:16:3e:d7:dc:7e",
                "name": "VSC_00018_vm",
                "port": "",
                "uuid": "6f3714b9-f2d5-4592-b25d-6fdfddcff48c"
              }
            ],
            "network_mode": null,
            "personality": [],
            "power_state": "active",
            "region": "regionOne",
            "scheduler_hints": [],
            "security_groups": [
              "gat"
            ],
            "stop_before_destroy": false,
            "tags": [],
            "timeouts": null,
            "user_data": null,
            "vendor_options": [],
            "volume": []
          },
          "sensitive_attributes": [],
          "private": "eyJlMmJmYjczMC1lY2FhLTExZTYtOGY4OC0zNDM2M2JjN2M0YzAiOnsiY3JlYXRlIjoxODAwMDAwMDAwMDAwLCJkZWxldGUiOjE4MDAwMDAwMDAwMDAsInVwZGF0ZSI6MTgwMDAwMDAwMDAwMH19",
          "dependencies": [
            "data.openstack_images_image_v2.gat-image-be"
          ]
        },
        {
          "index_key": 26,
          "schema_version": 0,
          "attributes": {
            "access_ip_v4": "10.113.7.227",
            "access_ip_v6": "",
            "admin_pass": null,
            "all_metadata": {},
            "all_tags": [],
            "availability_zone": "nova",
            "availability_zone_hints": null,
            "block_device": [],
            "config_drive": null,
            "flavor_id": "11",
            "flavor_name": "UPSv1.large",
            "floating_ip": null,
            "force_delete": false,
            "id": "e70d00a6-1a2d-44ce-b211-4d6d62ab77fd",
            "image_id": "de62ec0f-a467-4315-9485-85606a5738f9",
            "image_name": "Ubuntu-20.04",
            "key_pair": "cloud-be",
            "metadata": null,
            "name": "gat-26.be.training.galaxyproject.eu",
            "network": [
              {
                "access_network": false,
                "fixed_ip_v4": "10.113.7.227",
                "fixed_ip_v6": "",
                "floating_ip": "",
                "mac": "fa:16:3e:2f:cb:fc",
                "name": "VSC_00018_vm",
                "port": "",
                "uuid": "6f3714b9-f2d5-4592-b25d-6fdfddcff48c"
              }
            ],
            "network_mode": null,
            "personality": [],
            "power_state": "active",
            "region": "regionOne",
            "scheduler_hints": [],
            "security_groups": [
              "gat"
            ],
            "stop_before_destroy": false,
            "tags": [],
            "timeouts": null,
            "user_data": null,
            "vendor_options": [],
            "volume": []
          },
          "sensitive_attributes": [],
          "private": "eyJlMmJmYjczMC1lY2FhLTExZTYtOGY4OC0zNDM2M2JjN2M0YzAiOnsiY3JlYXRlIjoxODAwMDAwMDAwMDAwLCJkZWxldGUiOjE4MDAwMDAwMDAwMDAsInVwZGF0ZSI6MTgwMDAwMDAwMDAwMH19",
          "dependencies": [
            "data.openstack_images_image_v2.gat-image-be"
          ]
        },
        {
          "index_key": 27,
          "schema_version": 0,
          "attributes": {
            "access_ip_v4": "10.113.7.48",
            "access_ip_v6": "",
            "admin_pass": null,
            "all_metadata": {},
            "all_tags": [],
            "availability_zone": "nova",
            "availability_zone_hints": null,
            "block_device": [],
            "config_drive": null,
            "flavor_id": "11",
            "flavor_name": "UPSv1.large",
            "floating_ip": null,
            "force_delete": false,
            "id": "053dda7c-30b5-48f1-a023-a7563eeff6e8",
            "image_id": "de62ec0f-a467-4315-9485-85606a5738f9",
            "image_name": "Ubuntu-20.04",
            "key_pair": "cloud-be",
            "metadata": null,
            "name": "gat-27.be.training.galaxyproject.eu",
            "network": [
              {
                "access_network": false,
                "fixed_ip_v4": "10.113.7.48",
                "fixed_ip_v6": "",
                "floating_ip": "",
                "mac": "fa:16:3e:52:b0:fa",
                "name": "VSC_00018_vm",
                "port": "",
                "uuid": "6f3714b9-f2d5-4592-b25d-6fdfddcff48c"
              }
            ],
            "network_mode": null,
            "personality": [],
            "power_state": "active",
            "region": "regionOne",
            "scheduler_hints": [],
            "security_groups": [
              "gat"
            ],
            "stop_before_destroy": false,
            "tags": [],
            "timeouts": null,
            "user_data": null,
            "vendor_options": [],
            "volume": []
          },
          "sensitive_attributes": [],
          "private": "eyJlMmJmYjczMC1lY2FhLTExZTYtOGY4OC0zNDM2M2JjN2M0YzAiOnsiY3JlYXRlIjoxODAwMDAwMDAwMDAwLCJkZWxldGUiOjE4MDAwMDAwMDAwMDAsInVwZGF0ZSI6MTgwMDAwMDAwMDAwMH19",
          "dependencies": [
            "data.openstack_images_image_v2.gat-image-be"
          ]
        },
        {
          "index_key": 28,
          "schema_version": 0,
          "attributes": {
            "access_ip_v4": "10.113.7.243",
            "access_ip_v6": "",
            "admin_pass": null,
            "all_metadata": {},
            "all_tags": [],
            "availability_zone": "nova",
            "availability_zone_hints": null,
            "block_device": [],
            "config_drive": null,
            "flavor_id": "11",
            "flavor_name": "UPSv1.large",
            "floating_ip": null,
            "force_delete": false,
            "id": "ca771019-0633-4291-a3b6-2727889e73e7",
            "image_id": "de62ec0f-a467-4315-9485-85606a5738f9",
            "image_name": "Ubuntu-20.04",
            "key_pair": "cloud-be",
            "metadata": null,
            "name": "gat-28.be.training.galaxyproject.eu",
            "network": [
              {
                "access_network": false,
                "fixed_ip_v4": "10.113.7.243",
                "fixed_ip_v6": "",
                "floating_ip": "",
                "mac": "fa:16:3e:63:2f:bb",
                "name": "VSC_00018_vm",
                "port": "",
                "uuid": "6f3714b9-f2d5-4592-b25d-6fdfddcff48c"
              }
            ],
            "network_mode": null,
            "personality": [],
            "power_state": "active",
            "region": "regionOne",
            "scheduler_hints": [],
            "security_groups": [
              "gat"
            ],
            "stop_before_destroy": false,
            "tags": [],
            "timeouts": null,
            "user_data": null,
            "vendor_options": [],
            "volume": []
          },
          "sensitive_attributes": [],
          "private": "eyJlMmJmYjczMC1lY2FhLTExZTYtOGY4OC0zNDM2M2JjN2M0YzAiOnsiY3JlYXRlIjoxODAwMDAwMDAwMDAwLCJkZWxldGUiOjE4MDAwMDAwMDAwMDAsInVwZGF0ZSI6MTgwMDAwMDAwMDAwMH19",
          "dependencies": [
            "data.openstack_images_image_v2.gat-image-be"
          ]
        },
        {
          "index_key": 29,
          "schema_version": 0,
          "attributes": {
            "access_ip_v4": "10.113.7.35",
            "access_ip_v6": "",
            "admin_pass": null,
            "all_metadata": {},
            "all_tags": [],
            "availability_zone": "nova",
            "availability_zone_hints": null,
            "block_device": [],
            "config_drive": null,
            "flavor_id": "11",
            "flavor_name": "UPSv1.large",
            "floating_ip": null,
            "force_delete": false,
            "id": "9f25204a-634b-47c1-8922-6738cd1b8f3d",
            "image_id": "de62ec0f-a467-4315-9485-85606a5738f9",
            "image_name": "Ubuntu-20.04",
            "key_pair": "cloud-be",
            "metadata": null,
            "name": "gat-29.be.training.galaxyproject.eu",
            "network": [
              {
                "access_network": false,
                "fixed_ip_v4": "10.113.7.35",
                "fixed_ip_v6": "",
                "floating_ip": "",
                "mac": "fa:16:3e:8e:21:1e",
                "name": "VSC_00018_vm",
                "port": "",
                "uuid": "6f3714b9-f2d5-4592-b25d-6fdfddcff48c"
              }
            ],
            "network_mode": null,
            "personality": [],
            "power_state": "active",
            "region": "regionOne",
            "scheduler_hints": [],
            "security_groups": [
              "gat"
            ],
            "stop_before_destroy": false,
            "tags": [],
            "timeouts": null,
            "user_data": null,
            "vendor_options": [],
            "volume": []
          },
          "sensitive_attributes": [],
          "private": "eyJlMmJmYjczMC1lY2FhLTExZTYtOGY4OC0zNDM2M2JjN2M0YzAiOnsiY3JlYXRlIjoxODAwMDAwMDAwMDAwLCJkZWxldGUiOjE4MDAwMDAwMDAwMDAsInVwZGF0ZSI6MTgwMDAwMDAwMDAwMH19",
          "dependencies": [
            "data.openstack_images_image_v2.gat-image-be"
          ]
        },
        {
          "index_key": 30,
          "schema_version": 0,
          "attributes": {
            "access_ip_v4": "10.113.7.153",
            "access_ip_v6": "",
            "admin_pass": null,
            "all_metadata": {},
            "all_tags": [],
            "availability_zone": "nova",
            "availability_zone_hints": null,
            "block_device": [],
            "config_drive": null,
            "flavor_id": "11",
            "flavor_name": "UPSv1.large",
            "floating_ip": null,
            "force_delete": false,
            "id": "ee6dd1dc-9ca1-40e1-9721-a8ef68b99d4e",
            "image_id": "de62ec0f-a467-4315-9485-85606a5738f9",
            "image_name": "Ubuntu-20.04",
            "key_pair": "cloud-be",
            "metadata": null,
            "name": "gat-30.be.training.galaxyproject.eu",
            "network": [
              {
                "access_network": false,
                "fixed_ip_v4": "10.113.7.153",
                "fixed_ip_v6": "",
                "floating_ip": "",
                "mac": "fa:16:3e:65:9a:9a",
                "name": "VSC_00018_vm",
                "port": "",
                "uuid": "6f3714b9-f2d5-4592-b25d-6fdfddcff48c"
              }
            ],
            "network_mode": null,
            "personality": [],
            "power_state": "active",
            "region": "regionOne",
            "scheduler_hints": [],
            "security_groups": [
              "gat"
            ],
            "stop_before_destroy": false,
            "tags": [],
            "timeouts": null,
            "user_data": null,
            "vendor_options": [],
            "volume": []
          },
          "sensitive_attributes": [],
          "private": "eyJlMmJmYjczMC1lY2FhLTExZTYtOGY4OC0zNDM2M2JjN2M0YzAiOnsiY3JlYXRlIjoxODAwMDAwMDAwMDAwLCJkZWxldGUiOjE4MDAwMDAwMDAwMDAsInVwZGF0ZSI6MTgwMDAwMDAwMDAwMH19",
          "dependencies": [
            "data.openstack_images_image_v2.gat-image-be"
          ]
        },
        {
          "index_key": 31,
          "schema_version": 0,
          "attributes": {
            "access_ip_v4": "10.113.7.42",
            "access_ip_v6": "",
            "admin_pass": null,
            "all_metadata": {},
            "all_tags": [],
            "availability_zone": "nova",
            "availability_zone_hints": null,
            "block_device": [],
            "config_drive": null,
            "flavor_id": "11",
            "flavor_name": "UPSv1.large",
            "floating_ip": null,
            "force_delete": false,
            "id": "bd896e52-d4b7-4432-accb-2989f50e992d",
            "image_id": "de62ec0f-a467-4315-9485-85606a5738f9",
            "image_name": "Ubuntu-20.04",
            "key_pair": "cloud-be",
            "metadata": null,
            "name": "gat-31.be.training.galaxyproject.eu",
            "network": [
              {
                "access_network": false,
                "fixed_ip_v4": "10.113.7.42",
                "fixed_ip_v6": "",
                "floating_ip": "",
                "mac": "fa:16:3e:2d:65:19",
                "name": "VSC_00018_vm",
                "port": "",
                "uuid": "6f3714b9-f2d5-4592-b25d-6fdfddcff48c"
              }
            ],
            "network_mode": null,
            "personality": [],
            "power_state": "active",
            "region": "regionOne",
            "scheduler_hints": [],
            "security_groups": [
              "gat"
            ],
            "stop_before_destroy": false,
            "tags": [],
            "timeouts": null,
            "user_data": null,
            "vendor_options": [],
            "volume": []
          },
          "sensitive_attributes": [],
          "private": "eyJlMmJmYjczMC1lY2FhLTExZTYtOGY4OC0zNDM2M2JjN2M0YzAiOnsiY3JlYXRlIjoxODAwMDAwMDAwMDAwLCJkZWxldGUiOjE4MDAwMDAwMDAwMDAsInVwZGF0ZSI6MTgwMDAwMDAwMDAwMH19",
          "dependencies": [
            "data.openstack_images_image_v2.gat-image-be"
          ]
        },
        {
          "index_key": 32,
          "schema_version": 0,
          "attributes": {
            "access_ip_v4": "10.113.7.81",
            "access_ip_v6": "",
            "admin_pass": null,
            "all_metadata": {},
            "all_tags": [],
            "availability_zone": "nova",
            "availability_zone_hints": null,
            "block_device": [],
            "config_drive": null,
            "flavor_id": "11",
            "flavor_name": "UPSv1.large",
            "floating_ip": null,
            "force_delete": false,
            "id": "59e9f518-0469-4b78-ad85-a904cde4aa39",
            "image_id": "de62ec0f-a467-4315-9485-85606a5738f9",
            "image_name": "Ubuntu-20.04",
            "key_pair": "cloud-be",
            "metadata": null,
            "name": "gat-32.be.training.galaxyproject.eu",
            "network": [
              {
                "access_network": false,
                "fixed_ip_v4": "10.113.7.81",
                "fixed_ip_v6": "",
                "floating_ip": "",
                "mac": "fa:16:3e:17:ac:11",
                "name": "VSC_00018_vm",
                "port": "",
                "uuid": "6f3714b9-f2d5-4592-b25d-6fdfddcff48c"
              }
            ],
            "network_mode": null,
            "personality": [],
            "power_state": "active",
            "region": "regionOne",
            "scheduler_hints": [],
            "security_groups": [
              "gat"
            ],
            "stop_before_destroy": false,
            "tags": [],
            "timeouts": null,
            "user_data": null,
            "vendor_options": [],
            "volume": []
          },
          "sensitive_attributes": [],
          "private": "eyJlMmJmYjczMC1lY2FhLTExZTYtOGY4OC0zNDM2M2JjN2M0YzAiOnsiY3JlYXRlIjoxODAwMDAwMDAwMDAwLCJkZWxldGUiOjE4MDAwMDAwMDAwMDAsInVwZGF0ZSI6MTgwMDAwMDAwMDAwMH19",
          "dependencies": [
            "data.openstack_images_image_v2.gat-image-be"
          ]
        },
        {
          "index_key": 33,
          "schema_version": 0,
          "attributes": {
            "access_ip_v4": "10.113.7.5",
            "access_ip_v6": "",
            "admin_pass": null,
            "all_metadata": {},
            "all_tags": [],
            "availability_zone": "nova",
            "availability_zone_hints": null,
            "block_device": [],
            "config_drive": null,
            "flavor_id": "11",
            "flavor_name": "UPSv1.large",
            "floating_ip": null,
            "force_delete": false,
            "id": "d3b7b19b-18b2-4ba2-8ee4-8227c4f9c4a1",
            "image_id": "de62ec0f-a467-4315-9485-85606a5738f9",
            "image_name": "Ubuntu-20.04",
            "key_pair": "cloud-be",
            "metadata": null,
            "name": "gat-33.be.training.galaxyproject.eu",
            "network": [
              {
                "access_network": false,
                "fixed_ip_v4": "10.113.7.5",
                "fixed_ip_v6": "",
                "floating_ip": "",
                "mac": "fa:16:3e:72:17:86",
                "name": "VSC_00018_vm",
                "port": "",
                "uuid": "6f3714b9-f2d5-4592-b25d-6fdfddcff48c"
              }
            ],
            "network_mode": null,
            "personality": [],
            "power_state": "active",
            "region": "regionOne",
            "scheduler_hints": [],
            "security_groups": [
              "gat"
            ],
            "stop_before_destroy": false,
            "tags": [],
            "timeouts": null,
            "user_data": null,
            "vendor_options": [],
            "volume": []
          },
          "sensitive_attributes": [],
          "private": "eyJlMmJmYjczMC1lY2FhLTExZTYtOGY4OC0zNDM2M2JjN2M0YzAiOnsiY3JlYXRlIjoxODAwMDAwMDAwMDAwLCJkZWxldGUiOjE4MDAwMDAwMDAwMDAsInVwZGF0ZSI6MTgwMDAwMDAwMDAwMH19",
          "dependencies": [
            "data.openstack_images_image_v2.gat-image-be"
          ]
        },
        {
          "index_key": 34,
          "schema_version": 0,
          "attributes": {
            "access_ip_v4": "10.113.7.219",
            "access_ip_v6": "",
            "admin_pass": null,
            "all_metadata": {},
            "all_tags": [],
            "availability_zone": "nova",
            "availability_zone_hints": null,
            "block_device": [],
            "config_drive": null,
            "flavor_id": "11",
            "flavor_name": "UPSv1.large",
            "floating_ip": null,
            "force_delete": false,
            "id": "92e99618-274f-4831-961d-802bfb87335b",
            "image_id": "de62ec0f-a467-4315-9485-85606a5738f9",
            "image_name": "Ubuntu-20.04",
            "key_pair": "cloud-be",
            "metadata": null,
            "name": "gat-34.be.training.galaxyproject.eu",
            "network": [
              {
                "access_network": false,
                "fixed_ip_v4": "10.113.7.219",
                "fixed_ip_v6": "",
                "floating_ip": "",
                "mac": "fa:16:3e:dd:4a:f8",
                "name": "VSC_00018_vm",
                "port": "",
                "uuid": "6f3714b9-f2d5-4592-b25d-6fdfddcff48c"
              }
            ],
            "network_mode": null,
            "personality": [],
            "power_state": "active",
            "region": "regionOne",
            "scheduler_hints": [],
            "security_groups": [
              "gat"
            ],
            "stop_before_destroy": false,
            "tags": [],
            "timeouts": null,
            "user_data": null,
            "vendor_options": [],
            "volume": []
          },
          "sensitive_attributes": [],
          "private": "eyJlMmJmYjczMC1lY2FhLTExZTYtOGY4OC0zNDM2M2JjN2M0YzAiOnsiY3JlYXRlIjoxODAwMDAwMDAwMDAwLCJkZWxldGUiOjE4MDAwMDAwMDAwMDAsInVwZGF0ZSI6MTgwMDAwMDAwMDAwMH19",
          "dependencies": [
            "data.openstack_images_image_v2.gat-image-be"
          ]
        },
        {
          "index_key": 35,
          "schema_version": 0,
          "attributes": {
            "access_ip_v4": "10.113.7.122",
            "access_ip_v6": "",
            "admin_pass": null,
            "all_metadata": {},
            "all_tags": [],
            "availability_zone": "nova",
            "availability_zone_hints": null,
            "block_device": [],
            "config_drive": null,
            "flavor_id": "11",
            "flavor_name": "UPSv1.large",
            "floating_ip": null,
            "force_delete": false,
            "id": "9caf2d58-642b-4b5c-8c2d-e34a78287607",
            "image_id": "de62ec0f-a467-4315-9485-85606a5738f9",
            "image_name": "Ubuntu-20.04",
            "key_pair": "cloud-be",
            "metadata": null,
            "name": "gat-35.be.training.galaxyproject.eu",
            "network": [
              {
                "access_network": false,
                "fixed_ip_v4": "10.113.7.122",
                "fixed_ip_v6": "",
                "floating_ip": "",
                "mac": "fa:16:3e:92:68:29",
                "name": "VSC_00018_vm",
                "port": "",
                "uuid": "6f3714b9-f2d5-4592-b25d-6fdfddcff48c"
              }
            ],
            "network_mode": null,
            "personality": [],
            "power_state": "active",
            "region": "regionOne",
            "scheduler_hints": [],
            "security_groups": [
              "gat"
            ],
            "stop_before_destroy": false,
            "tags": [],
            "timeouts": null,
            "user_data": null,
            "vendor_options": [],
            "volume": []
          },
          "sensitive_attributes": [],
          "private": "eyJlMmJmYjczMC1lY2FhLTExZTYtOGY4OC0zNDM2M2JjN2M0YzAiOnsiY3JlYXRlIjoxODAwMDAwMDAwMDAwLCJkZWxldGUiOjE4MDAwMDAwMDAwMDAsInVwZGF0ZSI6MTgwMDAwMDAwMDAwMH19",
          "dependencies": [
            "data.openstack_images_image_v2.gat-image-be"
          ]
        },
        {
          "index_key": 36,
          "schema_version": 0,
          "attributes": {
            "access_ip_v4": "10.113.7.83",
            "access_ip_v6": "",
            "admin_pass": null,
            "all_metadata": {},
            "all_tags": [],
            "availability_zone": "nova",
            "availability_zone_hints": null,
            "block_device": [],
            "config_drive": null,
            "flavor_id": "11",
            "flavor_name": "UPSv1.large",
            "floating_ip": null,
            "force_delete": false,
            "id": "1b58c5cd-7518-4a57-b42b-e9cdb8f525f9",
            "image_id": "de62ec0f-a467-4315-9485-85606a5738f9",
            "image_name": "Ubuntu-20.04",
            "key_pair": "cloud-be",
            "metadata": null,
            "name": "gat-36.be.training.galaxyproject.eu",
            "network": [
              {
                "access_network": false,
                "fixed_ip_v4": "10.113.7.83",
                "fixed_ip_v6": "",
                "floating_ip": "",
                "mac": "fa:16:3e:2e:14:f6",
                "name": "VSC_00018_vm",
                "port": "",
                "uuid": "6f3714b9-f2d5-4592-b25d-6fdfddcff48c"
              }
            ],
            "network_mode": null,
            "personality": [],
            "power_state": "active",
            "region": "regionOne",
            "scheduler_hints": [],
            "security_groups": [
              "gat"
            ],
            "stop_before_destroy": false,
            "tags": [],
            "timeouts": null,
            "user_data": null,
            "vendor_options": [],
            "volume": []
          },
          "sensitive_attributes": [],
          "private": "eyJlMmJmYjczMC1lY2FhLTExZTYtOGY4OC0zNDM2M2JjN2M0YzAiOnsiY3JlYXRlIjoxODAwMDAwMDAwMDAwLCJkZWxldGUiOjE4MDAwMDAwMDAwMDAsInVwZGF0ZSI6MTgwMDAwMDAwMDAwMH19",
          "dependencies": [
            "data.openstack_images_image_v2.gat-image-be"
          ]
        },
        {
          "index_key": 37,
          "schema_version": 0,
          "attributes": {
            "access_ip_v4": "10.113.7.141",
            "access_ip_v6": "",
            "admin_pass": null,
            "all_metadata": {},
            "all_tags": [],
            "availability_zone": "nova",
            "availability_zone_hints": null,
            "block_device": [],
            "config_drive": null,
            "flavor_id": "11",
            "flavor_name": "UPSv1.large",
            "floating_ip": null,
            "force_delete": false,
            "id": "14d66db1-b7a9-481a-b21c-fa959d4baee3",
            "image_id": "de62ec0f-a467-4315-9485-85606a5738f9",
            "image_name": "Ubuntu-20.04",
            "key_pair": "cloud-be",
            "metadata": null,
            "name": "gat-37.be.training.galaxyproject.eu",
            "network": [
              {
                "access_network": false,
                "fixed_ip_v4": "10.113.7.141",
                "fixed_ip_v6": "",
                "floating_ip": "",
                "mac": "fa:16:3e:a2:d2:eb",
                "name": "VSC_00018_vm",
                "port": "",
                "uuid": "6f3714b9-f2d5-4592-b25d-6fdfddcff48c"
              }
            ],
            "network_mode": null,
            "personality": [],
            "power_state": "active",
            "region": "regionOne",
            "scheduler_hints": [],
            "security_groups": [
              "gat"
            ],
            "stop_before_destroy": false,
            "tags": [],
            "timeouts": null,
            "user_data": null,
            "vendor_options": [],
            "volume": []
          },
          "sensitive_attributes": [],
          "private": "eyJlMmJmYjczMC1lY2FhLTExZTYtOGY4OC0zNDM2M2JjN2M0YzAiOnsiY3JlYXRlIjoxODAwMDAwMDAwMDAwLCJkZWxldGUiOjE4MDAwMDAwMDAwMDAsInVwZGF0ZSI6MTgwMDAwMDAwMDAwMH19",
          "dependencies": [
            "data.openstack_images_image_v2.gat-image-be"
          ]
        },
        {
          "index_key": 38,
          "schema_version": 0,
          "attributes": {
            "access_ip_v4": "10.113.7.24",
            "access_ip_v6": "",
            "admin_pass": null,
            "all_metadata": {},
            "all_tags": [],
            "availability_zone": "nova",
            "availability_zone_hints": null,
            "block_device": [],
            "config_drive": null,
            "flavor_id": "11",
            "flavor_name": "UPSv1.large",
            "floating_ip": null,
            "force_delete": false,
            "id": "d89ebde5-4c07-4670-b549-37d8e79a4d92",
            "image_id": "de62ec0f-a467-4315-9485-85606a5738f9",
            "image_name": "Ubuntu-20.04",
            "key_pair": "cloud-be",
            "metadata": null,
            "name": "gat-38.be.training.galaxyproject.eu",
            "network": [
              {
                "access_network": false,
                "fixed_ip_v4": "10.113.7.24",
                "fixed_ip_v6": "",
                "floating_ip": "",
                "mac": "fa:16:3e:5d:26:fb",
                "name": "VSC_00018_vm",
                "port": "",
                "uuid": "6f3714b9-f2d5-4592-b25d-6fdfddcff48c"
              }
            ],
            "network_mode": null,
            "personality": [],
            "power_state": "active",
            "region": "regionOne",
            "scheduler_hints": [],
            "security_groups": [
              "gat"
            ],
            "stop_before_destroy": false,
            "tags": [],
            "timeouts": null,
            "user_data": null,
            "vendor_options": [],
            "volume": []
          },
          "sensitive_attributes": [],
          "private": "eyJlMmJmYjczMC1lY2FhLTExZTYtOGY4OC0zNDM2M2JjN2M0YzAiOnsiY3JlYXRlIjoxODAwMDAwMDAwMDAwLCJkZWxldGUiOjE4MDAwMDAwMDAwMDAsInVwZGF0ZSI6MTgwMDAwMDAwMDAwMH19",
          "dependencies": [
            "data.openstack_images_image_v2.gat-image-be"
          ]
        },
        {
          "index_key": 39,
          "schema_version": 0,
          "attributes": {
            "access_ip_v4": "10.113.7.225",
            "access_ip_v6": "",
            "admin_pass": null,
            "all_metadata": {},
            "all_tags": [],
            "availability_zone": "nova",
            "availability_zone_hints": null,
            "block_device": [],
            "config_drive": null,
            "flavor_id": "11",
            "flavor_name": "UPSv1.large",
            "floating_ip": null,
            "force_delete": false,
            "id": "27a8509c-8faa-44bc-a935-fb8c88a4bb08",
            "image_id": "de62ec0f-a467-4315-9485-85606a5738f9",
            "image_name": "Ubuntu-20.04",
            "key_pair": "cloud-be",
            "metadata": null,
            "name": "gat-39.be.training.galaxyproject.eu",
            "network": [
              {
                "access_network": false,
                "fixed_ip_v4": "10.113.7.225",
                "fixed_ip_v6": "",
                "floating_ip": "",
                "mac": "fa:16:3e:54:86:78",
                "name": "VSC_00018_vm",
                "port": "",
                "uuid": "6f3714b9-f2d5-4592-b25d-6fdfddcff48c"
              }
            ],
            "network_mode": null,
            "personality": [],
            "power_state": "active",
            "region": "regionOne",
            "scheduler_hints": [],
            "security_groups": [
              "gat"
            ],
            "stop_before_destroy": false,
            "tags": [],
            "timeouts": null,
            "user_data": null,
            "vendor_options": [],
            "volume": []
          },
          "sensitive_attributes": [],
          "private": "eyJlMmJmYjczMC1lY2FhLTExZTYtOGY4OC0zNDM2M2JjN2M0YzAiOnsiY3JlYXRlIjoxODAwMDAwMDAwMDAwLCJkZWxldGUiOjE4MDAwMDAwMDAwMDAsInVwZGF0ZSI6MTgwMDAwMDAwMDAwMH19",
          "dependencies": [
            "data.openstack_images_image_v2.gat-image-be"
          ]
        },
        {
          "index_key": 40,
          "schema_version": 0,
          "attributes": {
            "access_ip_v4": "10.113.7.40",
            "access_ip_v6": "",
            "admin_pass": null,
            "all_metadata": {},
            "all_tags": [],
            "availability_zone": "nova",
            "availability_zone_hints": null,
            "block_device": [],
            "config_drive": null,
            "flavor_id": "11",
            "flavor_name": "UPSv1.large",
            "floating_ip": null,
            "force_delete": false,
            "id": "1273b4ce-521d-4a92-bc82-eaaa2a419ef9",
            "image_id": "de62ec0f-a467-4315-9485-85606a5738f9",
            "image_name": "Ubuntu-20.04",
            "key_pair": "cloud-be",
            "metadata": null,
            "name": "gat-40.be.training.galaxyproject.eu",
            "network": [
              {
                "access_network": false,
                "fixed_ip_v4": "10.113.7.40",
                "fixed_ip_v6": "",
                "floating_ip": "",
                "mac": "fa:16:3e:fa:64:53",
                "name": "VSC_00018_vm",
                "port": "",
                "uuid": "6f3714b9-f2d5-4592-b25d-6fdfddcff48c"
              }
            ],
            "network_mode": null,
            "personality": [],
            "power_state": "active",
            "region": "regionOne",
            "scheduler_hints": [],
            "security_groups": [
              "gat"
            ],
            "stop_before_destroy": false,
            "tags": [],
            "timeouts": null,
            "user_data": null,
            "vendor_options": [],
            "volume": []
          },
          "sensitive_attributes": [],
          "private": "eyJlMmJmYjczMC1lY2FhLTExZTYtOGY4OC0zNDM2M2JjN2M0YzAiOnsiY3JlYXRlIjoxODAwMDAwMDAwMDAwLCJkZWxldGUiOjE4MDAwMDAwMDAwMDAsInVwZGF0ZSI6MTgwMDAwMDAwMDAwMH19",
          "dependencies": [
            "data.openstack_images_image_v2.gat-image-be"
          ]
        },
        {
          "index_key": 41,
          "schema_version": 0,
          "attributes": {
            "access_ip_v4": "10.113.7.205",
            "access_ip_v6": "",
            "admin_pass": null,
            "all_metadata": {},
            "all_tags": [],
            "availability_zone": "nova",
            "availability_zone_hints": null,
            "block_device": [],
            "config_drive": null,
            "flavor_id": "11",
            "flavor_name": "UPSv1.large",
            "floating_ip": null,
            "force_delete": false,
            "id": "9e83170b-852d-4371-9673-76f4eaa55d18",
            "image_id": "de62ec0f-a467-4315-9485-85606a5738f9",
            "image_name": "Ubuntu-20.04",
            "key_pair": "cloud-be",
            "metadata": null,
            "name": "gat-41.be.training.galaxyproject.eu",
            "network": [
              {
                "access_network": false,
                "fixed_ip_v4": "10.113.7.205",
                "fixed_ip_v6": "",
                "floating_ip": "",
                "mac": "fa:16:3e:5b:67:7b",
                "name": "VSC_00018_vm",
                "port": "",
                "uuid": "6f3714b9-f2d5-4592-b25d-6fdfddcff48c"
              }
            ],
            "network_mode": null,
            "personality": [],
            "power_state": "active",
            "region": "regionOne",
            "scheduler_hints": [],
            "security_groups": [
              "gat"
            ],
            "stop_before_destroy": false,
            "tags": [],
            "timeouts": null,
            "user_data": null,
            "vendor_options": [],
            "volume": []
          },
          "sensitive_attributes": [],
          "private": "eyJlMmJmYjczMC1lY2FhLTExZTYtOGY4OC0zNDM2M2JjN2M0YzAiOnsiY3JlYXRlIjoxODAwMDAwMDAwMDAwLCJkZWxldGUiOjE4MDAwMDAwMDAwMDAsInVwZGF0ZSI6MTgwMDAwMDAwMDAwMH19",
          "dependencies": [
            "data.openstack_images_image_v2.gat-image-be"
          ]
        },
        {
          "index_key": 42,
          "schema_version": 0,
          "attributes": {
            "access_ip_v4": "10.113.7.139",
            "access_ip_v6": "",
            "admin_pass": null,
            "all_metadata": {},
            "all_tags": [],
            "availability_zone": "nova",
            "availability_zone_hints": null,
            "block_device": [],
            "config_drive": null,
            "flavor_id": "11",
            "flavor_name": "UPSv1.large",
            "floating_ip": null,
            "force_delete": false,
            "id": "7d144d6a-accc-40dc-9adf-80293236936e",
            "image_id": "de62ec0f-a467-4315-9485-85606a5738f9",
            "image_name": "Ubuntu-20.04",
            "key_pair": "cloud-be",
            "metadata": null,
            "name": "gat-42.be.training.galaxyproject.eu",
            "network": [
              {
                "access_network": false,
                "fixed_ip_v4": "10.113.7.139",
                "fixed_ip_v6": "",
                "floating_ip": "",
                "mac": "fa:16:3e:84:a4:59",
                "name": "VSC_00018_vm",
                "port": "",
                "uuid": "6f3714b9-f2d5-4592-b25d-6fdfddcff48c"
              }
            ],
            "network_mode": null,
            "personality": [],
            "power_state": "active",
            "region": "regionOne",
            "scheduler_hints": [],
            "security_groups": [
              "gat"
            ],
            "stop_before_destroy": false,
            "tags": [],
            "timeouts": null,
            "user_data": null,
            "vendor_options": [],
            "volume": []
          },
          "sensitive_attributes": [],
          "private": "eyJlMmJmYjczMC1lY2FhLTExZTYtOGY4OC0zNDM2M2JjN2M0YzAiOnsiY3JlYXRlIjoxODAwMDAwMDAwMDAwLCJkZWxldGUiOjE4MDAwMDAwMDAwMDAsInVwZGF0ZSI6MTgwMDAwMDAwMDAwMH19",
          "dependencies": [
            "data.openstack_images_image_v2.gat-image-be"
          ]
        },
        {
          "index_key": 43,
          "schema_version": 0,
          "attributes": {
            "access_ip_v4": "10.113.7.158",
            "access_ip_v6": "",
            "admin_pass": null,
            "all_metadata": {},
            "all_tags": [],
            "availability_zone": "nova",
            "availability_zone_hints": null,
            "block_device": [],
            "config_drive": null,
            "flavor_id": "11",
            "flavor_name": "UPSv1.large",
            "floating_ip": null,
            "force_delete": false,
            "id": "12ddea14-da1b-42a8-8dfc-108c8f42557c",
            "image_id": "de62ec0f-a467-4315-9485-85606a5738f9",
            "image_name": "Ubuntu-20.04",
            "key_pair": "cloud-be",
            "metadata": null,
            "name": "gat-43.be.training.galaxyproject.eu",
            "network": [
              {
                "access_network": false,
                "fixed_ip_v4": "10.113.7.158",
                "fixed_ip_v6": "",
                "floating_ip": "",
                "mac": "fa:16:3e:33:be:59",
                "name": "VSC_00018_vm",
                "port": "",
                "uuid": "6f3714b9-f2d5-4592-b25d-6fdfddcff48c"
              }
            ],
            "network_mode": null,
            "personality": [],
            "power_state": "active",
            "region": "regionOne",
            "scheduler_hints": [],
            "security_groups": [
              "gat"
            ],
            "stop_before_destroy": false,
            "tags": [],
            "timeouts": null,
            "user_data": null,
            "vendor_options": [],
            "volume": []
          },
          "sensitive_attributes": [],
          "private": "eyJlMmJmYjczMC1lY2FhLTExZTYtOGY4OC0zNDM2M2JjN2M0YzAiOnsiY3JlYXRlIjoxODAwMDAwMDAwMDAwLCJkZWxldGUiOjE4MDAwMDAwMDAwMDAsInVwZGF0ZSI6MTgwMDAwMDAwMDAwMH19",
          "dependencies": [
            "data.openstack_images_image_v2.gat-image-be"
          ]
        },
        {
          "index_key": 44,
          "schema_version": 0,
          "attributes": {
            "access_ip_v4": "10.113.7.65",
            "access_ip_v6": "",
            "admin_pass": null,
            "all_metadata": {},
            "all_tags": [],
            "availability_zone": "nova",
            "availability_zone_hints": null,
            "block_device": [],
            "config_drive": null,
            "flavor_id": "11",
            "flavor_name": "UPSv1.large",
            "floating_ip": null,
            "force_delete": false,
            "id": "d20c7cfa-37da-4176-bc40-9ebc6c8a8a04",
            "image_id": "de62ec0f-a467-4315-9485-85606a5738f9",
            "image_name": "Ubuntu-20.04",
            "key_pair": "cloud-be",
            "metadata": null,
            "name": "gat-44.be.training.galaxyproject.eu",
            "network": [
              {
                "access_network": false,
                "fixed_ip_v4": "10.113.7.65",
                "fixed_ip_v6": "",
                "floating_ip": "",
                "mac": "fa:16:3e:d9:17:5d",
                "name": "VSC_00018_vm",
                "port": "",
                "uuid": "6f3714b9-f2d5-4592-b25d-6fdfddcff48c"
              }
            ],
            "network_mode": null,
            "personality": [],
            "power_state": "active",
            "region": "regionOne",
            "scheduler_hints": [],
            "security_groups": [
              "gat"
            ],
            "stop_before_destroy": false,
            "tags": [],
            "timeouts": null,
            "user_data": null,
            "vendor_options": [],
            "volume": []
          },
          "sensitive_attributes": [],
          "private": "eyJlMmJmYjczMC1lY2FhLTExZTYtOGY4OC0zNDM2M2JjN2M0YzAiOnsiY3JlYXRlIjoxODAwMDAwMDAwMDAwLCJkZWxldGUiOjE4MDAwMDAwMDAwMDAsInVwZGF0ZSI6MTgwMDAwMDAwMDAwMH19",
          "dependencies": [
            "data.openstack_images_image_v2.gat-image-be"
          ]
        },
        {
          "index_key": 45,
          "schema_version": 0,
          "attributes": {
            "access_ip_v4": "10.113.7.226",
            "access_ip_v6": "",
            "admin_pass": null,
            "all_metadata": {},
            "all_tags": [],
            "availability_zone": "nova",
            "availability_zone_hints": null,
            "block_device": [],
            "config_drive": null,
            "flavor_id": "11",
            "flavor_name": "UPSv1.large",
            "floating_ip": null,
            "force_delete": false,
            "id": "a099189c-e407-4b36-8e3a-46ba509a75c3",
            "image_id": "de62ec0f-a467-4315-9485-85606a5738f9",
            "image_name": "Ubuntu-20.04",
            "key_pair": "cloud-be",
            "metadata": null,
            "name": "gat-45.be.training.galaxyproject.eu",
            "network": [
              {
                "access_network": false,
                "fixed_ip_v4": "10.113.7.226",
                "fixed_ip_v6": "",
                "floating_ip": "",
                "mac": "fa:16:3e:3c:23:15",
                "name": "VSC_00018_vm",
                "port": "",
                "uuid": "6f3714b9-f2d5-4592-b25d-6fdfddcff48c"
              }
            ],
            "network_mode": null,
            "personality": [],
            "power_state": "active",
            "region": "regionOne",
            "scheduler_hints": [],
            "security_groups": [
              "gat"
            ],
            "stop_before_destroy": false,
            "tags": [],
            "timeouts": null,
            "user_data": null,
            "vendor_options": [],
            "volume": []
          },
          "sensitive_attributes": [],
          "private": "eyJlMmJmYjczMC1lY2FhLTExZTYtOGY4OC0zNDM2M2JjN2M0YzAiOnsiY3JlYXRlIjoxODAwMDAwMDAwMDAwLCJkZWxldGUiOjE4MDAwMDAwMDAwMDAsInVwZGF0ZSI6MTgwMDAwMDAwMDAwMH19",
          "dependencies": [
            "data.openstack_images_image_v2.gat-image-be"
          ]
        },
        {
          "index_key": 46,
          "schema_version": 0,
          "attributes": {
            "access_ip_v4": "10.113.7.169",
            "access_ip_v6": "",
            "admin_pass": null,
            "all_metadata": {},
            "all_tags": [],
            "availability_zone": "nova",
            "availability_zone_hints": null,
            "block_device": [],
            "config_drive": null,
            "flavor_id": "11",
            "flavor_name": "UPSv1.large",
            "floating_ip": null,
            "force_delete": false,
            "id": "36225002-e323-4534-ae1c-ceb9e13a838f",
            "image_id": "de62ec0f-a467-4315-9485-85606a5738f9",
            "image_name": "Ubuntu-20.04",
            "key_pair": "cloud-be",
            "metadata": null,
            "name": "gat-46.be.training.galaxyproject.eu",
            "network": [
              {
                "access_network": false,
                "fixed_ip_v4": "10.113.7.169",
                "fixed_ip_v6": "",
                "floating_ip": "",
                "mac": "fa:16:3e:c6:14:38",
                "name": "VSC_00018_vm",
                "port": "",
                "uuid": "6f3714b9-f2d5-4592-b25d-6fdfddcff48c"
              }
            ],
            "network_mode": null,
            "personality": [],
            "power_state": "active",
            "region": "regionOne",
            "scheduler_hints": [],
            "security_groups": [
              "gat"
            ],
            "stop_before_destroy": false,
            "tags": [],
            "timeouts": null,
            "user_data": null,
            "vendor_options": [],
            "volume": []
          },
          "sensitive_attributes": [],
          "private": "eyJlMmJmYjczMC1lY2FhLTExZTYtOGY4OC0zNDM2M2JjN2M0YzAiOnsiY3JlYXRlIjoxODAwMDAwMDAwMDAwLCJkZWxldGUiOjE4MDAwMDAwMDAwMDAsInVwZGF0ZSI6MTgwMDAwMDAwMDAwMH19",
          "dependencies": [
            "data.openstack_images_image_v2.gat-image-be"
          ]
        },
        {
          "index_key": 47,
          "schema_version": 0,
          "attributes": {
            "access_ip_v4": "10.113.7.19",
            "access_ip_v6": "",
            "admin_pass": null,
            "all_metadata": {},
            "all_tags": [],
            "availability_zone": "nova",
            "availability_zone_hints": null,
            "block_device": [],
            "config_drive": null,
            "flavor_id": "11",
            "flavor_name": "UPSv1.large",
            "floating_ip": null,
            "force_delete": false,
            "id": "0efaabef-c59d-4fce-8df1-89ad96f1853c",
            "image_id": "de62ec0f-a467-4315-9485-85606a5738f9",
            "image_name": "Ubuntu-20.04",
            "key_pair": "cloud-be",
            "metadata": null,
            "name": "gat-47.be.training.galaxyproject.eu",
            "network": [
              {
                "access_network": false,
                "fixed_ip_v4": "10.113.7.19",
                "fixed_ip_v6": "",
                "floating_ip": "",
                "mac": "fa:16:3e:69:ee:71",
                "name": "VSC_00018_vm",
                "port": "",
                "uuid": "6f3714b9-f2d5-4592-b25d-6fdfddcff48c"
              }
            ],
            "network_mode": null,
            "personality": [],
            "power_state": "active",
            "region": "regionOne",
            "scheduler_hints": [],
            "security_groups": [
              "gat"
            ],
            "stop_before_destroy": false,
            "tags": [],
            "timeouts": null,
            "user_data": null,
            "vendor_options": [],
            "volume": []
          },
          "sensitive_attributes": [],
          "private": "eyJlMmJmYjczMC1lY2FhLTExZTYtOGY4OC0zNDM2M2JjN2M0YzAiOnsiY3JlYXRlIjoxODAwMDAwMDAwMDAwLCJkZWxldGUiOjE4MDAwMDAwMDAwMDAsInVwZGF0ZSI6MTgwMDAwMDAwMDAwMH19",
          "dependencies": [
            "data.openstack_images_image_v2.gat-image-be"
          ]
        },
        {
          "index_key": 48,
          "schema_version": 0,
          "attributes": {
            "access_ip_v4": "10.113.7.113",
            "access_ip_v6": "",
            "admin_pass": null,
            "all_metadata": {},
            "all_tags": [],
            "availability_zone": "nova",
            "availability_zone_hints": null,
            "block_device": [],
            "config_drive": null,
            "flavor_id": "11",
            "flavor_name": "UPSv1.large",
            "floating_ip": null,
            "force_delete": false,
            "id": "59af901e-8da9-4268-ae7c-734530c03c11",
            "image_id": "de62ec0f-a467-4315-9485-85606a5738f9",
            "image_name": "Ubuntu-20.04",
            "key_pair": "cloud-be",
            "metadata": null,
            "name": "gat-48.be.training.galaxyproject.eu",
            "network": [
              {
                "access_network": false,
                "fixed_ip_v4": "10.113.7.113",
                "fixed_ip_v6": "",
                "floating_ip": "",
                "mac": "fa:16:3e:23:d0:69",
                "name": "VSC_00018_vm",
                "port": "",
                "uuid": "6f3714b9-f2d5-4592-b25d-6fdfddcff48c"
              }
            ],
            "network_mode": null,
            "personality": [],
            "power_state": "active",
            "region": "regionOne",
            "scheduler_hints": [],
            "security_groups": [
              "gat"
            ],
            "stop_before_destroy": false,
            "tags": [],
            "timeouts": null,
            "user_data": null,
            "vendor_options": [],
            "volume": []
          },
          "sensitive_attributes": [],
          "private": "eyJlMmJmYjczMC1lY2FhLTExZTYtOGY4OC0zNDM2M2JjN2M0YzAiOnsiY3JlYXRlIjoxODAwMDAwMDAwMDAwLCJkZWxldGUiOjE4MDAwMDAwMDAwMDAsInVwZGF0ZSI6MTgwMDAwMDAwMDAwMH19",
          "dependencies": [
            "data.openstack_images_image_v2.gat-image-be"
          ]
        },
        {
          "index_key": 49,
          "schema_version": 0,
          "attributes": {
            "access_ip_v4": "10.113.7.68",
            "access_ip_v6": "",
            "admin_pass": null,
            "all_metadata": {},
            "all_tags": [],
            "availability_zone": "nova",
            "availability_zone_hints": null,
            "block_device": [],
            "config_drive": null,
            "flavor_id": "11",
            "flavor_name": "UPSv1.large",
            "floating_ip": null,
            "force_delete": false,
            "id": "1f71a908-1cf6-4422-b27a-0002d70a5b9f",
            "image_id": "de62ec0f-a467-4315-9485-85606a5738f9",
            "image_name": "Ubuntu-20.04",
            "key_pair": "cloud-be",
            "metadata": null,
            "name": "gat-49.be.training.galaxyproject.eu",
            "network": [
              {
                "access_network": false,
                "fixed_ip_v4": "10.113.7.68",
                "fixed_ip_v6": "",
                "floating_ip": "",
                "mac": "fa:16:3e:d9:4e:b0",
                "name": "VSC_00018_vm",
                "port": "",
                "uuid": "6f3714b9-f2d5-4592-b25d-6fdfddcff48c"
              }
            ],
            "network_mode": null,
            "personality": [],
            "power_state": "active",
            "region": "regionOne",
            "scheduler_hints": [],
            "security_groups": [
              "gat"
            ],
            "stop_before_destroy": false,
            "tags": [],
            "timeouts": null,
            "user_data": null,
            "vendor_options": [],
            "volume": []
          },
          "sensitive_attributes": [],
          "private": "eyJlMmJmYjczMC1lY2FhLTExZTYtOGY4OC0zNDM2M2JjN2M0YzAiOnsiY3JlYXRlIjoxODAwMDAwMDAwMDAwLCJkZWxldGUiOjE4MDAwMDAwMDAwMDAsInVwZGF0ZSI6MTgwMDAwMDAwMDAwMH19",
          "dependencies": [
            "data.openstack_images_image_v2.gat-image-be"
          ]
        },
        {
          "index_key": 50,
          "schema_version": 0,
          "attributes": {
            "access_ip_v4": "10.113.7.245",
            "access_ip_v6": "",
            "admin_pass": null,
            "all_metadata": {},
            "all_tags": [],
            "availability_zone": "nova",
            "availability_zone_hints": null,
            "block_device": [],
            "config_drive": null,
            "flavor_id": "11",
            "flavor_name": "UPSv1.large",
            "floating_ip": null,
            "force_delete": false,
            "id": "108a24f7-1f6f-4c08-8cf9-9b9c092d4ba0",
            "image_id": "de62ec0f-a467-4315-9485-85606a5738f9",
            "image_name": "Ubuntu-20.04",
            "key_pair": "cloud-be",
            "metadata": null,
            "name": "gat-50.be.training.galaxyproject.eu",
            "network": [
              {
                "access_network": false,
                "fixed_ip_v4": "10.113.7.245",
                "fixed_ip_v6": "",
                "floating_ip": "",
                "mac": "fa:16:3e:79:90:1d",
                "name": "VSC_00018_vm",
                "port": "",
                "uuid": "6f3714b9-f2d5-4592-b25d-6fdfddcff48c"
              }
            ],
            "network_mode": null,
            "personality": [],
            "power_state": "active",
            "region": "regionOne",
            "scheduler_hints": [],
            "security_groups": [
              "gat"
            ],
            "stop_before_destroy": false,
            "tags": [],
            "timeouts": null,
            "user_data": null,
            "vendor_options": [],
            "volume": []
          },
          "sensitive_attributes": [],
          "private": "eyJlMmJmYjczMC1lY2FhLTExZTYtOGY4OC0zNDM2M2JjN2M0YzAiOnsiY3JlYXRlIjoxODAwMDAwMDAwMDAwLCJkZWxldGUiOjE4MDAwMDAwMDAwMDAsInVwZGF0ZSI6MTgwMDAwMDAwMDAwMH19",
          "dependencies": [
            "data.openstack_images_image_v2.gat-image-be"
          ]
        },
        {
          "index_key": 51,
          "schema_version": 0,
          "attributes": {
            "access_ip_v4": "10.113.7.110",
            "access_ip_v6": "",
            "admin_pass": null,
            "all_metadata": {},
            "all_tags": [],
            "availability_zone": "nova",
            "availability_zone_hints": null,
            "block_device": [],
            "config_drive": null,
            "flavor_id": "11",
            "flavor_name": "UPSv1.large",
            "floating_ip": null,
            "force_delete": false,
            "id": "a89d9f18-ae91-4dbf-a022-f2e68cd3a35b",
            "image_id": "de62ec0f-a467-4315-9485-85606a5738f9",
            "image_name": "Ubuntu-20.04",
            "key_pair": "cloud-be",
            "metadata": null,
            "name": "gat-51.be.training.galaxyproject.eu",
            "network": [
              {
                "access_network": false,
                "fixed_ip_v4": "10.113.7.110",
                "fixed_ip_v6": "",
                "floating_ip": "",
                "mac": "fa:16:3e:63:e1:cd",
                "name": "VSC_00018_vm",
                "port": "",
                "uuid": "6f3714b9-f2d5-4592-b25d-6fdfddcff48c"
              }
            ],
            "network_mode": null,
            "personality": [],
            "power_state": "active",
            "region": "regionOne",
            "scheduler_hints": [],
            "security_groups": [
              "gat"
            ],
            "stop_before_destroy": false,
            "tags": [],
            "timeouts": null,
            "user_data": null,
            "vendor_options": [],
            "volume": []
          },
          "sensitive_attributes": [],
          "private": "eyJlMmJmYjczMC1lY2FhLTExZTYtOGY4OC0zNDM2M2JjN2M0YzAiOnsiY3JlYXRlIjoxODAwMDAwMDAwMDAwLCJkZWxldGUiOjE4MDAwMDAwMDAwMDAsInVwZGF0ZSI6MTgwMDAwMDAwMDAwMH19",
          "dependencies": [
            "data.openstack_images_image_v2.gat-image-be"
          ]
        },
        {
          "index_key": 52,
          "schema_version": 0,
          "attributes": {
            "access_ip_v4": "10.113.7.203",
            "access_ip_v6": "",
            "admin_pass": null,
            "all_metadata": {},
            "all_tags": [],
            "availability_zone": "nova",
            "availability_zone_hints": null,
            "block_device": [],
            "config_drive": null,
            "flavor_id": "11",
            "flavor_name": "UPSv1.large",
            "floating_ip": null,
            "force_delete": false,
            "id": "753483db-e7ea-4f57-88ed-3ef9c88d9a1c",
            "image_id": "de62ec0f-a467-4315-9485-85606a5738f9",
            "image_name": "Ubuntu-20.04",
            "key_pair": "cloud-be",
            "metadata": null,
            "name": "gat-52.be.training.galaxyproject.eu",
            "network": [
              {
                "access_network": false,
                "fixed_ip_v4": "10.113.7.203",
                "fixed_ip_v6": "",
                "floating_ip": "",
                "mac": "fa:16:3e:73:26:a1",
                "name": "VSC_00018_vm",
                "port": "",
                "uuid": "6f3714b9-f2d5-4592-b25d-6fdfddcff48c"
              }
            ],
            "network_mode": null,
            "personality": [],
            "power_state": "active",
            "region": "regionOne",
            "scheduler_hints": [],
            "security_groups": [
              "gat"
            ],
            "stop_before_destroy": false,
            "tags": [],
            "timeouts": null,
            "user_data": null,
            "vendor_options": [],
            "volume": []
          },
          "sensitive_attributes": [],
          "private": "eyJlMmJmYjczMC1lY2FhLTExZTYtOGY4OC0zNDM2M2JjN2M0YzAiOnsiY3JlYXRlIjoxODAwMDAwMDAwMDAwLCJkZWxldGUiOjE4MDAwMDAwMDAwMDAsInVwZGF0ZSI6MTgwMDAwMDAwMDAwMH19",
          "dependencies": [
            "data.openstack_images_image_v2.gat-image-be"
          ]
        },
        {
          "index_key": 53,
          "schema_version": 0,
          "attributes": {
            "access_ip_v4": "10.113.7.26",
            "access_ip_v6": "",
            "admin_pass": null,
            "all_metadata": {},
            "all_tags": [],
            "availability_zone": "nova",
            "availability_zone_hints": null,
            "block_device": [],
            "config_drive": null,
            "flavor_id": "11",
            "flavor_name": "UPSv1.large",
            "floating_ip": null,
            "force_delete": false,
            "id": "faf07d52-fdc0-4302-a737-94026c974d12",
            "image_id": "de62ec0f-a467-4315-9485-85606a5738f9",
            "image_name": "Ubuntu-20.04",
            "key_pair": "cloud-be",
            "metadata": null,
            "name": "gat-53.be.training.galaxyproject.eu",
            "network": [
              {
                "access_network": false,
                "fixed_ip_v4": "10.113.7.26",
                "fixed_ip_v6": "",
                "floating_ip": "",
                "mac": "fa:16:3e:ea:ad:85",
                "name": "VSC_00018_vm",
                "port": "",
                "uuid": "6f3714b9-f2d5-4592-b25d-6fdfddcff48c"
              }
            ],
            "network_mode": null,
            "personality": [],
            "power_state": "active",
            "region": "regionOne",
            "scheduler_hints": [],
            "security_groups": [
              "gat"
            ],
            "stop_before_destroy": false,
            "tags": [],
            "timeouts": null,
            "user_data": null,
            "vendor_options": [],
            "volume": []
          },
          "sensitive_attributes": [],
          "private": "eyJlMmJmYjczMC1lY2FhLTExZTYtOGY4OC0zNDM2M2JjN2M0YzAiOnsiY3JlYXRlIjoxODAwMDAwMDAwMDAwLCJkZWxldGUiOjE4MDAwMDAwMDAwMDAsInVwZGF0ZSI6MTgwMDAwMDAwMDAwMH19",
          "dependencies": [
            "data.openstack_images_image_v2.gat-image-be"
          ]
        },
        {
          "index_key": 54,
          "schema_version": 0,
          "attributes": {
            "access_ip_v4": "10.113.7.128",
            "access_ip_v6": "",
            "admin_pass": null,
            "all_metadata": {},
            "all_tags": [],
            "availability_zone": "nova",
            "availability_zone_hints": null,
            "block_device": [],
            "config_drive": null,
            "flavor_id": "11",
            "flavor_name": "UPSv1.large",
            "floating_ip": null,
            "force_delete": false,
            "id": "e5731c8d-abdd-4d1d-b542-18640b254c1c",
            "image_id": "de62ec0f-a467-4315-9485-85606a5738f9",
            "image_name": "Ubuntu-20.04",
            "key_pair": "cloud-be",
            "metadata": null,
            "name": "gat-54.be.training.galaxyproject.eu",
            "network": [
              {
                "access_network": false,
                "fixed_ip_v4": "10.113.7.128",
                "fixed_ip_v6": "",
                "floating_ip": "",
                "mac": "fa:16:3e:45:75:d1",
                "name": "VSC_00018_vm",
                "port": "",
                "uuid": "6f3714b9-f2d5-4592-b25d-6fdfddcff48c"
              }
            ],
            "network_mode": null,
            "personality": [],
            "power_state": "active",
            "region": "regionOne",
            "scheduler_hints": [],
            "security_groups": [
              "gat"
            ],
            "stop_before_destroy": false,
            "tags": [],
            "timeouts": null,
            "user_data": null,
            "vendor_options": [],
            "volume": []
          },
          "sensitive_attributes": [],
          "private": "eyJlMmJmYjczMC1lY2FhLTExZTYtOGY4OC0zNDM2M2JjN2M0YzAiOnsiY3JlYXRlIjoxODAwMDAwMDAwMDAwLCJkZWxldGUiOjE4MDAwMDAwMDAwMDAsInVwZGF0ZSI6MTgwMDAwMDAwMDAwMH19",
          "dependencies": [
            "data.openstack_images_image_v2.gat-image-be"
          ]
        },
        {
          "index_key": 55,
          "schema_version": 0,
          "attributes": {
            "access_ip_v4": "10.113.7.159",
            "access_ip_v6": "",
            "admin_pass": null,
            "all_metadata": {},
            "all_tags": [],
            "availability_zone": "nova",
            "availability_zone_hints": null,
            "block_device": [],
            "config_drive": null,
            "flavor_id": "11",
            "flavor_name": "UPSv1.large",
            "floating_ip": null,
            "force_delete": false,
            "id": "1d10253f-5b3f-47f7-bba3-533b2f615e09",
            "image_id": "de62ec0f-a467-4315-9485-85606a5738f9",
            "image_name": "Ubuntu-20.04",
            "key_pair": "cloud-be",
            "metadata": null,
            "name": "gat-55.be.training.galaxyproject.eu",
            "network": [
              {
                "access_network": false,
                "fixed_ip_v4": "10.113.7.159",
                "fixed_ip_v6": "",
                "floating_ip": "",
                "mac": "fa:16:3e:e5:b2:60",
                "name": "VSC_00018_vm",
                "port": "",
                "uuid": "6f3714b9-f2d5-4592-b25d-6fdfddcff48c"
              }
            ],
            "network_mode": null,
            "personality": [],
            "power_state": "active",
            "region": "regionOne",
            "scheduler_hints": [],
            "security_groups": [
              "gat"
            ],
            "stop_before_destroy": false,
            "tags": [],
            "timeouts": null,
            "user_data": null,
            "vendor_options": [],
            "volume": []
          },
          "sensitive_attributes": [],
          "private": "eyJlMmJmYjczMC1lY2FhLTExZTYtOGY4OC0zNDM2M2JjN2M0YzAiOnsiY3JlYXRlIjoxODAwMDAwMDAwMDAwLCJkZWxldGUiOjE4MDAwMDAwMDAwMDAsInVwZGF0ZSI6MTgwMDAwMDAwMDAwMH19",
          "dependencies": [
            "data.openstack_images_image_v2.gat-image-be"
          ]
        },
        {
          "index_key": 56,
          "schema_version": 0,
          "attributes": {
            "access_ip_v4": "10.113.7.126",
            "access_ip_v6": "",
            "admin_pass": null,
            "all_metadata": {},
            "all_tags": [],
            "availability_zone": "nova",
            "availability_zone_hints": null,
            "block_device": [],
            "config_drive": null,
            "flavor_id": "11",
            "flavor_name": "UPSv1.large",
            "floating_ip": null,
            "force_delete": false,
            "id": "2fca0e35-e8fd-45ae-bf68-6e6ef0835b25",
            "image_id": "de62ec0f-a467-4315-9485-85606a5738f9",
            "image_name": "Ubuntu-20.04",
            "key_pair": "cloud-be",
            "metadata": null,
            "name": "gat-56.be.training.galaxyproject.eu",
            "network": [
              {
                "access_network": false,
                "fixed_ip_v4": "10.113.7.126",
                "fixed_ip_v6": "",
                "floating_ip": "",
                "mac": "fa:16:3e:09:12:af",
                "name": "VSC_00018_vm",
                "port": "",
                "uuid": "6f3714b9-f2d5-4592-b25d-6fdfddcff48c"
              }
            ],
            "network_mode": null,
            "personality": [],
            "power_state": "active",
            "region": "regionOne",
            "scheduler_hints": [],
            "security_groups": [
              "gat"
            ],
            "stop_before_destroy": false,
            "tags": [],
            "timeouts": null,
            "user_data": null,
            "vendor_options": [],
            "volume": []
          },
          "sensitive_attributes": [],
          "private": "eyJlMmJmYjczMC1lY2FhLTExZTYtOGY4OC0zNDM2M2JjN2M0YzAiOnsiY3JlYXRlIjoxODAwMDAwMDAwMDAwLCJkZWxldGUiOjE4MDAwMDAwMDAwMDAsInVwZGF0ZSI6MTgwMDAwMDAwMDAwMH19",
          "dependencies": [
            "data.openstack_images_image_v2.gat-image-be"
          ]
        },
        {
          "index_key": 57,
          "schema_version": 0,
          "attributes": {
            "access_ip_v4": "10.113.7.242",
            "access_ip_v6": "",
            "admin_pass": null,
            "all_metadata": {},
            "all_tags": [],
            "availability_zone": "nova",
            "availability_zone_hints": null,
            "block_device": [],
            "config_drive": null,
            "flavor_id": "11",
            "flavor_name": "UPSv1.large",
            "floating_ip": null,
            "force_delete": false,
            "id": "ff0b7687-0e6e-4eff-9a5b-d17624ec0a62",
            "image_id": "de62ec0f-a467-4315-9485-85606a5738f9",
            "image_name": "Ubuntu-20.04",
            "key_pair": "cloud-be",
            "metadata": null,
            "name": "gat-57.be.training.galaxyproject.eu",
            "network": [
              {
                "access_network": false,
                "fixed_ip_v4": "10.113.7.242",
                "fixed_ip_v6": "",
                "floating_ip": "",
                "mac": "fa:16:3e:0f:29:27",
                "name": "VSC_00018_vm",
                "port": "",
                "uuid": "6f3714b9-f2d5-4592-b25d-6fdfddcff48c"
              }
            ],
            "network_mode": null,
            "personality": [],
            "power_state": "active",
            "region": "regionOne",
            "scheduler_hints": [],
            "security_groups": [
              "gat"
            ],
            "stop_before_destroy": false,
            "tags": [],
            "timeouts": null,
            "user_data": null,
            "vendor_options": [],
            "volume": []
          },
          "sensitive_attributes": [],
          "private": "eyJlMmJmYjczMC1lY2FhLTExZTYtOGY4OC0zNDM2M2JjN2M0YzAiOnsiY3JlYXRlIjoxODAwMDAwMDAwMDAwLCJkZWxldGUiOjE4MDAwMDAwMDAwMDAsInVwZGF0ZSI6MTgwMDAwMDAwMDAwMH19",
          "dependencies": [
            "data.openstack_images_image_v2.gat-image-be"
          ]
        },
        {
          "index_key": 58,
          "schema_version": 0,
          "attributes": {
            "access_ip_v4": "10.113.7.120",
            "access_ip_v6": "",
            "admin_pass": null,
            "all_metadata": {},
            "all_tags": [],
            "availability_zone": "nova",
            "availability_zone_hints": null,
            "block_device": [],
            "config_drive": null,
            "flavor_id": "11",
            "flavor_name": "UPSv1.large",
            "floating_ip": null,
            "force_delete": false,
            "id": "d72f3565-0e97-4f25-95b5-41b3ed359719",
            "image_id": "de62ec0f-a467-4315-9485-85606a5738f9",
            "image_name": "Ubuntu-20.04",
            "key_pair": "cloud-be",
            "metadata": null,
            "name": "gat-58.be.training.galaxyproject.eu",
            "network": [
              {
                "access_network": false,
                "fixed_ip_v4": "10.113.7.120",
                "fixed_ip_v6": "",
                "floating_ip": "",
                "mac": "fa:16:3e:61:50:e3",
                "name": "VSC_00018_vm",
                "port": "",
                "uuid": "6f3714b9-f2d5-4592-b25d-6fdfddcff48c"
              }
            ],
            "network_mode": null,
            "personality": [],
            "power_state": "active",
            "region": "regionOne",
            "scheduler_hints": [],
            "security_groups": [
              "gat"
            ],
            "stop_before_destroy": false,
            "tags": [],
            "timeouts": null,
            "user_data": null,
            "vendor_options": [],
            "volume": []
          },
          "sensitive_attributes": [],
          "private": "eyJlMmJmYjczMC1lY2FhLTExZTYtOGY4OC0zNDM2M2JjN2M0YzAiOnsiY3JlYXRlIjoxODAwMDAwMDAwMDAwLCJkZWxldGUiOjE4MDAwMDAwMDAwMDAsInVwZGF0ZSI6MTgwMDAwMDAwMDAwMH19",
          "dependencies": [
            "data.openstack_images_image_v2.gat-image-be"
          ]
        },
        {
          "index_key": 59,
          "schema_version": 0,
          "attributes": {
            "access_ip_v4": "10.113.7.154",
            "access_ip_v6": "",
            "admin_pass": null,
            "all_metadata": {},
            "all_tags": [],
            "availability_zone": "nova",
            "availability_zone_hints": null,
            "block_device": [],
            "config_drive": null,
            "flavor_id": "11",
            "flavor_name": "UPSv1.large",
            "floating_ip": null,
            "force_delete": false,
            "id": "0e072fb8-9468-4dd9-a723-94573e2d814b",
            "image_id": "de62ec0f-a467-4315-9485-85606a5738f9",
            "image_name": "Ubuntu-20.04",
            "key_pair": "cloud-be",
            "metadata": null,
            "name": "gat-59.be.training.galaxyproject.eu",
            "network": [
              {
                "access_network": false,
                "fixed_ip_v4": "10.113.7.154",
                "fixed_ip_v6": "",
                "floating_ip": "",
                "mac": "fa:16:3e:85:4b:6a",
                "name": "VSC_00018_vm",
                "port": "",
                "uuid": "6f3714b9-f2d5-4592-b25d-6fdfddcff48c"
              }
            ],
            "network_mode": null,
            "personality": [],
            "power_state": "active",
            "region": "regionOne",
            "scheduler_hints": [],
            "security_groups": [
              "gat"
            ],
            "stop_before_destroy": false,
            "tags": [],
            "timeouts": null,
            "user_data": null,
            "vendor_options": [],
            "volume": []
          },
          "sensitive_attributes": [],
          "private": "eyJlMmJmYjczMC1lY2FhLTExZTYtOGY4OC0zNDM2M2JjN2M0YzAiOnsiY3JlYXRlIjoxODAwMDAwMDAwMDAwLCJkZWxldGUiOjE4MDAwMDAwMDAwMDAsInVwZGF0ZSI6MTgwMDAwMDAwMDAwMH19",
          "dependencies": [
            "data.openstack_images_image_v2.gat-image-be"
          ]
        },
        {
          "index_key": 60,
          "schema_version": 0,
          "attributes": {
            "access_ip_v4": "10.113.7.53",
            "access_ip_v6": "",
            "admin_pass": null,
            "all_metadata": {},
            "all_tags": [],
            "availability_zone": "nova",
            "availability_zone_hints": null,
            "block_device": [],
            "config_drive": null,
            "flavor_id": "11",
            "flavor_name": "UPSv1.large",
            "floating_ip": null,
            "force_delete": false,
            "id": "5112ac2f-3388-444f-84a2-2d32d544bbea",
            "image_id": "de62ec0f-a467-4315-9485-85606a5738f9",
            "image_name": "Ubuntu-20.04",
            "key_pair": "cloud-be",
            "metadata": null,
            "name": "gat-60.be.training.galaxyproject.eu",
            "network": [
              {
                "access_network": false,
                "fixed_ip_v4": "10.113.7.53",
                "fixed_ip_v6": "",
                "floating_ip": "",
                "mac": "fa:16:3e:03:60:91",
                "name": "VSC_00018_vm",
                "port": "",
                "uuid": "6f3714b9-f2d5-4592-b25d-6fdfddcff48c"
              }
            ],
            "network_mode": null,
            "personality": [],
            "power_state": "active",
            "region": "regionOne",
            "scheduler_hints": [],
            "security_groups": [
              "gat"
            ],
            "stop_before_destroy": false,
            "tags": [],
            "timeouts": null,
            "user_data": null,
            "vendor_options": [],
            "volume": []
          },
          "sensitive_attributes": [],
          "private": "eyJlMmJmYjczMC1lY2FhLTExZTYtOGY4OC0zNDM2M2JjN2M0YzAiOnsiY3JlYXRlIjoxODAwMDAwMDAwMDAwLCJkZWxldGUiOjE4MDAwMDAwMDAwMDAsInVwZGF0ZSI6MTgwMDAwMDAwMDAwMH19",
          "dependencies": [
            "data.openstack_images_image_v2.gat-image-be"
          ]
        },
        {
          "index_key": 61,
          "schema_version": 0,
          "attributes": {
            "access_ip_v4": "10.113.7.56",
            "access_ip_v6": "",
            "admin_pass": null,
            "all_metadata": {},
            "all_tags": [],
            "availability_zone": "nova",
            "availability_zone_hints": null,
            "block_device": [],
            "config_drive": null,
            "flavor_id": "11",
            "flavor_name": "UPSv1.large",
            "floating_ip": null,
            "force_delete": false,
            "id": "0d243090-8019-41bc-8f5c-ae0642d79039",
            "image_id": "de62ec0f-a467-4315-9485-85606a5738f9",
            "image_name": "Ubuntu-20.04",
            "key_pair": "cloud-be",
            "metadata": null,
            "name": "gat-61.be.training.galaxyproject.eu",
            "network": [
              {
                "access_network": false,
                "fixed_ip_v4": "10.113.7.56",
                "fixed_ip_v6": "",
                "floating_ip": "",
                "mac": "fa:16:3e:6e:1b:1c",
                "name": "VSC_00018_vm",
                "port": "",
                "uuid": "6f3714b9-f2d5-4592-b25d-6fdfddcff48c"
              }
            ],
            "network_mode": null,
            "personality": [],
            "power_state": "active",
            "region": "regionOne",
            "scheduler_hints": [],
            "security_groups": [
              "gat"
            ],
            "stop_before_destroy": false,
            "tags": [],
            "timeouts": null,
            "user_data": null,
            "vendor_options": [],
            "volume": []
          },
          "sensitive_attributes": [],
          "private": "eyJlMmJmYjczMC1lY2FhLTExZTYtOGY4OC0zNDM2M2JjN2M0YzAiOnsiY3JlYXRlIjoxODAwMDAwMDAwMDAwLCJkZWxldGUiOjE4MDAwMDAwMDAwMDAsInVwZGF0ZSI6MTgwMDAwMDAwMDAwMH19",
          "dependencies": [
            "data.openstack_images_image_v2.gat-image-be"
          ]
        },
        {
          "index_key": 62,
          "schema_version": 0,
          "attributes": {
            "access_ip_v4": "10.113.7.105",
            "access_ip_v6": "",
            "admin_pass": null,
            "all_metadata": {},
            "all_tags": [],
            "availability_zone": "nova",
            "availability_zone_hints": null,
            "block_device": [],
            "config_drive": null,
            "flavor_id": "11",
            "flavor_name": "UPSv1.large",
            "floating_ip": null,
            "force_delete": false,
            "id": "18efb7ca-4d2e-4aa1-ab9f-1180b093b59a",
            "image_id": "de62ec0f-a467-4315-9485-85606a5738f9",
            "image_name": "Ubuntu-20.04",
            "key_pair": "cloud-be",
            "metadata": null,
            "name": "gat-62.be.training.galaxyproject.eu",
            "network": [
              {
                "access_network": false,
                "fixed_ip_v4": "10.113.7.105",
                "fixed_ip_v6": "",
                "floating_ip": "",
                "mac": "fa:16:3e:4e:fd:cf",
                "name": "VSC_00018_vm",
                "port": "",
                "uuid": "6f3714b9-f2d5-4592-b25d-6fdfddcff48c"
              }
            ],
            "network_mode": null,
            "personality": [],
            "power_state": "active",
            "region": "regionOne",
            "scheduler_hints": [],
            "security_groups": [
              "gat"
            ],
            "stop_before_destroy": false,
            "tags": [],
            "timeouts": null,
            "user_data": null,
            "vendor_options": [],
            "volume": []
          },
          "sensitive_attributes": [],
          "private": "eyJlMmJmYjczMC1lY2FhLTExZTYtOGY4OC0zNDM2M2JjN2M0YzAiOnsiY3JlYXRlIjoxODAwMDAwMDAwMDAwLCJkZWxldGUiOjE4MDAwMDAwMDAwMDAsInVwZGF0ZSI6MTgwMDAwMDAwMDAwMH19",
          "dependencies": [
            "data.openstack_images_image_v2.gat-image-be"
          ]
        },
        {
          "index_key": 63,
          "schema_version": 0,
          "attributes": {
            "access_ip_v4": "10.113.7.23",
            "access_ip_v6": "",
            "admin_pass": null,
            "all_metadata": {},
            "all_tags": [],
            "availability_zone": "nova",
            "availability_zone_hints": null,
            "block_device": [],
            "config_drive": null,
            "flavor_id": "11",
            "flavor_name": "UPSv1.large",
            "floating_ip": null,
            "force_delete": false,
            "id": "ca100cb2-bd34-4aa4-82df-002582d8e0c9",
            "image_id": "de62ec0f-a467-4315-9485-85606a5738f9",
            "image_name": "Ubuntu-20.04",
            "key_pair": "cloud-be",
            "metadata": null,
            "name": "gat-63.be.training.galaxyproject.eu",
            "network": [
              {
                "access_network": false,
                "fixed_ip_v4": "10.113.7.23",
                "fixed_ip_v6": "",
                "floating_ip": "",
                "mac": "fa:16:3e:7f:13:2c",
                "name": "VSC_00018_vm",
                "port": "",
                "uuid": "6f3714b9-f2d5-4592-b25d-6fdfddcff48c"
              }
            ],
            "network_mode": null,
            "personality": [],
            "power_state": "active",
            "region": "regionOne",
            "scheduler_hints": [],
            "security_groups": [
              "gat"
            ],
            "stop_before_destroy": false,
            "tags": [],
            "timeouts": null,
            "user_data": null,
            "vendor_options": [],
            "volume": []
          },
          "sensitive_attributes": [],
          "private": "eyJlMmJmYjczMC1lY2FhLTExZTYtOGY4OC0zNDM2M2JjN2M0YzAiOnsiY3JlYXRlIjoxODAwMDAwMDAwMDAwLCJkZWxldGUiOjE4MDAwMDAwMDAwMDAsInVwZGF0ZSI6MTgwMDAwMDAwMDAwMH19",
          "dependencies": [
            "data.openstack_images_image_v2.gat-image-be"
          ]
        },
        {
          "index_key": 64,
          "schema_version": 0,
          "attributes": {
            "access_ip_v4": "10.113.7.188",
            "access_ip_v6": "",
            "admin_pass": null,
            "all_metadata": {},
            "all_tags": [],
            "availability_zone": "nova",
            "availability_zone_hints": null,
            "block_device": [],
            "config_drive": null,
            "flavor_id": "11",
            "flavor_name": "UPSv1.large",
            "floating_ip": null,
            "force_delete": false,
            "id": "84465a29-dbdf-4ba4-8a8e-94de020aaca6",
            "image_id": "de62ec0f-a467-4315-9485-85606a5738f9",
            "image_name": "Ubuntu-20.04",
            "key_pair": "cloud-be",
            "metadata": null,
            "name": "gat-64.be.training.galaxyproject.eu",
            "network": [
              {
                "access_network": false,
                "fixed_ip_v4": "10.113.7.188",
                "fixed_ip_v6": "",
                "floating_ip": "",
                "mac": "fa:16:3e:c9:a3:6f",
                "name": "VSC_00018_vm",
                "port": "",
                "uuid": "6f3714b9-f2d5-4592-b25d-6fdfddcff48c"
              }
            ],
            "network_mode": null,
            "personality": [],
            "power_state": "active",
            "region": "regionOne",
            "scheduler_hints": [],
            "security_groups": [
              "gat"
            ],
            "stop_before_destroy": false,
            "tags": [],
            "timeouts": null,
            "user_data": null,
            "vendor_options": [],
            "volume": []
          },
          "sensitive_attributes": [],
          "private": "eyJlMmJmYjczMC1lY2FhLTExZTYtOGY4OC0zNDM2M2JjN2M0YzAiOnsiY3JlYXRlIjoxODAwMDAwMDAwMDAwLCJkZWxldGUiOjE4MDAwMDAwMDAwMDAsInVwZGF0ZSI6MTgwMDAwMDAwMDAwMH19",
          "dependencies": [
            "data.openstack_images_image_v2.gat-image-be"
          ]
        },
        {
          "index_key": 65,
          "schema_version": 0,
          "attributes": {
            "access_ip_v4": "10.113.7.28",
            "access_ip_v6": "",
            "admin_pass": null,
            "all_metadata": {},
            "all_tags": [],
            "availability_zone": "nova",
            "availability_zone_hints": null,
            "block_device": [],
            "config_drive": null,
            "flavor_id": "11",
            "flavor_name": "UPSv1.large",
            "floating_ip": null,
            "force_delete": false,
            "id": "8e5ee25f-4198-4520-ad46-cd788faf817e",
            "image_id": "de62ec0f-a467-4315-9485-85606a5738f9",
            "image_name": "Ubuntu-20.04",
            "key_pair": "cloud-be",
            "metadata": null,
            "name": "gat-65.be.training.galaxyproject.eu",
            "network": [
              {
                "access_network": false,
                "fixed_ip_v4": "10.113.7.28",
                "fixed_ip_v6": "",
                "floating_ip": "",
                "mac": "fa:16:3e:43:ce:db",
                "name": "VSC_00018_vm",
                "port": "",
                "uuid": "6f3714b9-f2d5-4592-b25d-6fdfddcff48c"
              }
            ],
            "network_mode": null,
            "personality": [],
            "power_state": "active",
            "region": "regionOne",
            "scheduler_hints": [],
            "security_groups": [
              "gat"
            ],
            "stop_before_destroy": false,
            "tags": [],
            "timeouts": null,
            "user_data": null,
            "vendor_options": [],
            "volume": []
          },
          "sensitive_attributes": [],
          "private": "eyJlMmJmYjczMC1lY2FhLTExZTYtOGY4OC0zNDM2M2JjN2M0YzAiOnsiY3JlYXRlIjoxODAwMDAwMDAwMDAwLCJkZWxldGUiOjE4MDAwMDAwMDAwMDAsInVwZGF0ZSI6MTgwMDAwMDAwMDAwMH19",
          "dependencies": [
            "data.openstack_images_image_v2.gat-image-be"
          ]
        },
        {
          "index_key": 66,
          "schema_version": 0,
          "attributes": {
            "access_ip_v4": "10.113.7.229",
            "access_ip_v6": "",
            "admin_pass": null,
            "all_metadata": {},
            "all_tags": [],
            "availability_zone": "nova",
            "availability_zone_hints": null,
            "block_device": [],
            "config_drive": null,
            "flavor_id": "11",
            "flavor_name": "UPSv1.large",
            "floating_ip": null,
            "force_delete": false,
            "id": "bdd06103-8813-4a5f-a64d-d603bac07ba9",
            "image_id": "de62ec0f-a467-4315-9485-85606a5738f9",
            "image_name": "Ubuntu-20.04",
            "key_pair": "cloud-be",
            "metadata": null,
            "name": "gat-66.be.training.galaxyproject.eu",
            "network": [
              {
                "access_network": false,
                "fixed_ip_v4": "10.113.7.229",
                "fixed_ip_v6": "",
                "floating_ip": "",
                "mac": "fa:16:3e:db:03:a1",
                "name": "VSC_00018_vm",
                "port": "",
                "uuid": "6f3714b9-f2d5-4592-b25d-6fdfddcff48c"
              }
            ],
            "network_mode": null,
            "personality": [],
            "power_state": "active",
            "region": "regionOne",
            "scheduler_hints": [],
            "security_groups": [
              "gat"
            ],
            "stop_before_destroy": false,
            "tags": [],
            "timeouts": null,
            "user_data": null,
            "vendor_options": [],
            "volume": []
          },
          "sensitive_attributes": [],
          "private": "eyJlMmJmYjczMC1lY2FhLTExZTYtOGY4OC0zNDM2M2JjN2M0YzAiOnsiY3JlYXRlIjoxODAwMDAwMDAwMDAwLCJkZWxldGUiOjE4MDAwMDAwMDAwMDAsInVwZGF0ZSI6MTgwMDAwMDAwMDAwMH19",
          "dependencies": [
            "data.openstack_images_image_v2.gat-image-be"
          ]
        },
        {
          "index_key": 67,
          "schema_version": 0,
          "attributes": {
            "access_ip_v4": "10.113.7.92",
            "access_ip_v6": "",
            "admin_pass": null,
            "all_metadata": {},
            "all_tags": [],
            "availability_zone": "nova",
            "availability_zone_hints": null,
            "block_device": [],
            "config_drive": null,
            "flavor_id": "11",
            "flavor_name": "UPSv1.large",
            "floating_ip": null,
            "force_delete": false,
            "id": "660c3afb-57d8-4468-8a91-21ce460dc0d7",
            "image_id": "de62ec0f-a467-4315-9485-85606a5738f9",
            "image_name": "Ubuntu-20.04",
            "key_pair": "cloud-be",
            "metadata": null,
            "name": "gat-67.be.training.galaxyproject.eu",
            "network": [
              {
                "access_network": false,
                "fixed_ip_v4": "10.113.7.92",
                "fixed_ip_v6": "",
                "floating_ip": "",
                "mac": "fa:16:3e:91:14:cd",
                "name": "VSC_00018_vm",
                "port": "",
                "uuid": "6f3714b9-f2d5-4592-b25d-6fdfddcff48c"
              }
            ],
            "network_mode": null,
            "personality": [],
            "power_state": "active",
            "region": "regionOne",
            "scheduler_hints": [],
            "security_groups": [
              "gat"
            ],
            "stop_before_destroy": false,
            "tags": [],
            "timeouts": null,
            "user_data": null,
            "vendor_options": [],
            "volume": []
          },
          "sensitive_attributes": [],
          "private": "eyJlMmJmYjczMC1lY2FhLTExZTYtOGY4OC0zNDM2M2JjN2M0YzAiOnsiY3JlYXRlIjoxODAwMDAwMDAwMDAwLCJkZWxldGUiOjE4MDAwMDAwMDAwMDAsInVwZGF0ZSI6MTgwMDAwMDAwMDAwMH19",
          "dependencies": [
            "data.openstack_images_image_v2.gat-image-be"
          ]
        },
        {
          "index_key": 68,
          "schema_version": 0,
          "attributes": {
            "access_ip_v4": "10.113.7.16",
            "access_ip_v6": "",
            "admin_pass": null,
            "all_metadata": {},
            "all_tags": [],
            "availability_zone": "nova",
            "availability_zone_hints": null,
            "block_device": [],
            "config_drive": null,
            "flavor_id": "11",
            "flavor_name": "UPSv1.large",
            "floating_ip": null,
            "force_delete": false,
            "id": "518c5bca-4b48-435c-b3d6-61888508f2c1",
            "image_id": "de62ec0f-a467-4315-9485-85606a5738f9",
            "image_name": "Ubuntu-20.04",
            "key_pair": "cloud-be",
            "metadata": null,
            "name": "gat-68.be.training.galaxyproject.eu",
            "network": [
              {
                "access_network": false,
                "fixed_ip_v4": "10.113.7.16",
                "fixed_ip_v6": "",
                "floating_ip": "",
                "mac": "fa:16:3e:67:de:ca",
                "name": "VSC_00018_vm",
                "port": "",
                "uuid": "6f3714b9-f2d5-4592-b25d-6fdfddcff48c"
              }
            ],
            "network_mode": null,
            "personality": [],
            "power_state": "active",
            "region": "regionOne",
            "scheduler_hints": [],
            "security_groups": [
              "gat"
            ],
            "stop_before_destroy": false,
            "tags": [],
            "timeouts": null,
            "user_data": null,
            "vendor_options": [],
            "volume": []
          },
          "sensitive_attributes": [],
          "private": "eyJlMmJmYjczMC1lY2FhLTExZTYtOGY4OC0zNDM2M2JjN2M0YzAiOnsiY3JlYXRlIjoxODAwMDAwMDAwMDAwLCJkZWxldGUiOjE4MDAwMDAwMDAwMDAsInVwZGF0ZSI6MTgwMDAwMDAwMDAwMH19",
          "dependencies": [
            "data.openstack_images_image_v2.gat-image-be"
          ]
        },
        {
          "index_key": 69,
          "schema_version": 0,
          "attributes": {
            "access_ip_v4": "10.113.7.104",
            "access_ip_v6": "",
            "admin_pass": null,
            "all_metadata": {},
            "all_tags": [],
            "availability_zone": "nova",
            "availability_zone_hints": null,
            "block_device": [],
            "config_drive": null,
            "flavor_id": "11",
            "flavor_name": "UPSv1.large",
            "floating_ip": null,
            "force_delete": false,
            "id": "f684428a-8723-44f4-aec2-272b7b6253a3",
            "image_id": "de62ec0f-a467-4315-9485-85606a5738f9",
            "image_name": "Ubuntu-20.04",
            "key_pair": "cloud-be",
            "metadata": null,
            "name": "gat-69.be.training.galaxyproject.eu",
            "network": [
              {
                "access_network": false,
                "fixed_ip_v4": "10.113.7.104",
                "fixed_ip_v6": "",
                "floating_ip": "",
                "mac": "fa:16:3e:90:c0:d1",
                "name": "VSC_00018_vm",
                "port": "",
                "uuid": "6f3714b9-f2d5-4592-b25d-6fdfddcff48c"
              }
            ],
            "network_mode": null,
            "personality": [],
            "power_state": "active",
            "region": "regionOne",
            "scheduler_hints": [],
            "security_groups": [
              "gat"
            ],
            "stop_before_destroy": false,
            "tags": [],
            "timeouts": null,
            "user_data": null,
            "vendor_options": [],
            "volume": []
          },
          "sensitive_attributes": [],
          "private": "eyJlMmJmYjczMC1lY2FhLTExZTYtOGY4OC0zNDM2M2JjN2M0YzAiOnsiY3JlYXRlIjoxODAwMDAwMDAwMDAwLCJkZWxldGUiOjE4MDAwMDAwMDAwMDAsInVwZGF0ZSI6MTgwMDAwMDAwMDAwMH19",
          "dependencies": [
            "data.openstack_images_image_v2.gat-image-be"
          ]
        },
        {
          "index_key": 70,
          "schema_version": 0,
          "attributes": {
            "access_ip_v4": "10.113.7.251",
            "access_ip_v6": "",
            "admin_pass": null,
            "all_metadata": {},
            "all_tags": [],
            "availability_zone": "nova",
            "availability_zone_hints": null,
            "block_device": [],
            "config_drive": null,
            "flavor_id": "11",
            "flavor_name": "UPSv1.large",
            "floating_ip": null,
            "force_delete": false,
            "id": "5ab2a469-65ca-4c97-b7b1-7bc7a9ce5f70",
            "image_id": "de62ec0f-a467-4315-9485-85606a5738f9",
            "image_name": "Ubuntu-20.04",
            "key_pair": "cloud-be",
            "metadata": null,
            "name": "gat-70.be.training.galaxyproject.eu",
            "network": [
              {
                "access_network": false,
                "fixed_ip_v4": "10.113.7.251",
                "fixed_ip_v6": "",
                "floating_ip": "",
                "mac": "fa:16:3e:83:8c:a2",
                "name": "VSC_00018_vm",
                "port": "",
                "uuid": "6f3714b9-f2d5-4592-b25d-6fdfddcff48c"
              }
            ],
            "network_mode": null,
            "personality": [],
            "power_state": "active",
            "region": "regionOne",
            "scheduler_hints": [],
            "security_groups": [
              "gat"
            ],
            "stop_before_destroy": false,
            "tags": [],
            "timeouts": null,
            "user_data": null,
            "vendor_options": [],
            "volume": []
          },
          "sensitive_attributes": [],
          "private": "eyJlMmJmYjczMC1lY2FhLTExZTYtOGY4OC0zNDM2M2JjN2M0YzAiOnsiY3JlYXRlIjoxODAwMDAwMDAwMDAwLCJkZWxldGUiOjE4MDAwMDAwMDAwMDAsInVwZGF0ZSI6MTgwMDAwMDAwMDAwMH19",
          "dependencies": [
            "data.openstack_images_image_v2.gat-image-be"
          ]
        },
        {
          "index_key": 71,
          "schema_version": 0,
          "attributes": {
            "access_ip_v4": "10.113.7.103",
            "access_ip_v6": "",
            "admin_pass": null,
            "all_metadata": {},
            "all_tags": [],
            "availability_zone": "nova",
            "availability_zone_hints": null,
            "block_device": [],
            "config_drive": null,
            "flavor_id": "11",
            "flavor_name": "UPSv1.large",
            "floating_ip": null,
            "force_delete": false,
            "id": "cdc8eb2d-d003-4895-93d8-7b242ede10b2",
            "image_id": "de62ec0f-a467-4315-9485-85606a5738f9",
            "image_name": "Ubuntu-20.04",
            "key_pair": "cloud-be",
            "metadata": null,
            "name": "gat-71.be.training.galaxyproject.eu",
            "network": [
              {
                "access_network": false,
                "fixed_ip_v4": "10.113.7.103",
                "fixed_ip_v6": "",
                "floating_ip": "",
                "mac": "fa:16:3e:9a:e4:59",
                "name": "VSC_00018_vm",
                "port": "",
                "uuid": "6f3714b9-f2d5-4592-b25d-6fdfddcff48c"
              }
            ],
            "network_mode": null,
            "personality": [],
            "power_state": "active",
            "region": "regionOne",
            "scheduler_hints": [],
            "security_groups": [
              "gat"
            ],
            "stop_before_destroy": false,
            "tags": [],
            "timeouts": null,
            "user_data": null,
            "vendor_options": [],
            "volume": []
          },
          "sensitive_attributes": [],
          "private": "eyJlMmJmYjczMC1lY2FhLTExZTYtOGY4OC0zNDM2M2JjN2M0YzAiOnsiY3JlYXRlIjoxODAwMDAwMDAwMDAwLCJkZWxldGUiOjE4MDAwMDAwMDAwMDAsInVwZGF0ZSI6MTgwMDAwMDAwMDAwMH19",
          "dependencies": [
            "data.openstack_images_image_v2.gat-image-be"
          ]
        },
        {
          "index_key": 72,
          "schema_version": 0,
          "attributes": {
            "access_ip_v4": "10.113.7.99",
            "access_ip_v6": "",
            "admin_pass": null,
            "all_metadata": {},
            "all_tags": [],
            "availability_zone": "nova",
            "availability_zone_hints": null,
            "block_device": [],
            "config_drive": null,
            "flavor_id": "11",
            "flavor_name": "UPSv1.large",
            "floating_ip": null,
            "force_delete": false,
            "id": "45ce2cc8-d8d7-492b-8e44-fdcfa346d27e",
            "image_id": "de62ec0f-a467-4315-9485-85606a5738f9",
            "image_name": "Ubuntu-20.04",
            "key_pair": "cloud-be",
            "metadata": null,
            "name": "gat-72.be.training.galaxyproject.eu",
            "network": [
              {
                "access_network": false,
                "fixed_ip_v4": "10.113.7.99",
                "fixed_ip_v6": "",
                "floating_ip": "",
                "mac": "fa:16:3e:b0:f5:0d",
                "name": "VSC_00018_vm",
                "port": "",
                "uuid": "6f3714b9-f2d5-4592-b25d-6fdfddcff48c"
              }
            ],
            "network_mode": null,
            "personality": [],
            "power_state": "active",
            "region": "regionOne",
            "scheduler_hints": [],
            "security_groups": [
              "gat"
            ],
            "stop_before_destroy": false,
            "tags": [],
            "timeouts": null,
            "user_data": null,
            "vendor_options": [],
            "volume": []
          },
          "sensitive_attributes": [],
          "private": "eyJlMmJmYjczMC1lY2FhLTExZTYtOGY4OC0zNDM2M2JjN2M0YzAiOnsiY3JlYXRlIjoxODAwMDAwMDAwMDAwLCJkZWxldGUiOjE4MDAwMDAwMDAwMDAsInVwZGF0ZSI6MTgwMDAwMDAwMDAwMH19",
          "dependencies": [
            "data.openstack_images_image_v2.gat-image-be"
          ]
        },
        {
          "index_key": 73,
          "schema_version": 0,
          "attributes": {
            "access_ip_v4": "10.113.7.179",
            "access_ip_v6": "",
            "admin_pass": null,
            "all_metadata": {},
            "all_tags": [],
            "availability_zone": "nova",
            "availability_zone_hints": null,
            "block_device": [],
            "config_drive": null,
            "flavor_id": "11",
            "flavor_name": "UPSv1.large",
            "floating_ip": null,
            "force_delete": false,
            "id": "e2666717-bc81-4917-ad4c-16336aee52c8",
            "image_id": "de62ec0f-a467-4315-9485-85606a5738f9",
            "image_name": "Ubuntu-20.04",
            "key_pair": "cloud-be",
            "metadata": null,
            "name": "gat-73.be.training.galaxyproject.eu",
            "network": [
              {
                "access_network": false,
                "fixed_ip_v4": "10.113.7.179",
                "fixed_ip_v6": "",
                "floating_ip": "",
                "mac": "fa:16:3e:ef:db:be",
                "name": "VSC_00018_vm",
                "port": "",
                "uuid": "6f3714b9-f2d5-4592-b25d-6fdfddcff48c"
              }
            ],
            "network_mode": null,
            "personality": [],
            "power_state": "active",
            "region": "regionOne",
            "scheduler_hints": [],
            "security_groups": [
              "gat"
            ],
            "stop_before_destroy": false,
            "tags": [],
            "timeouts": null,
            "user_data": null,
            "vendor_options": [],
            "volume": []
          },
          "sensitive_attributes": [],
          "private": "eyJlMmJmYjczMC1lY2FhLTExZTYtOGY4OC0zNDM2M2JjN2M0YzAiOnsiY3JlYXRlIjoxODAwMDAwMDAwMDAwLCJkZWxldGUiOjE4MDAwMDAwMDAwMDAsInVwZGF0ZSI6MTgwMDAwMDAwMDAwMH19",
          "dependencies": [
            "data.openstack_images_image_v2.gat-image-be"
          ]
        },
        {
          "index_key": 74,
          "schema_version": 0,
          "attributes": {
            "access_ip_v4": "10.113.7.241",
            "access_ip_v6": "",
            "admin_pass": null,
            "all_metadata": {},
            "all_tags": [],
            "availability_zone": "nova",
            "availability_zone_hints": null,
            "block_device": [],
            "config_drive": null,
            "flavor_id": "11",
            "flavor_name": "UPSv1.large",
            "floating_ip": null,
            "force_delete": false,
            "id": "937e5015-974c-4890-96c0-d5c9218f350c",
            "image_id": "de62ec0f-a467-4315-9485-85606a5738f9",
            "image_name": "Ubuntu-20.04",
            "key_pair": "cloud-be",
            "metadata": null,
            "name": "gat-74.be.training.galaxyproject.eu",
            "network": [
              {
                "access_network": false,
                "fixed_ip_v4": "10.113.7.241",
                "fixed_ip_v6": "",
                "floating_ip": "",
                "mac": "fa:16:3e:58:df:b0",
                "name": "VSC_00018_vm",
                "port": "",
                "uuid": "6f3714b9-f2d5-4592-b25d-6fdfddcff48c"
              }
            ],
            "network_mode": null,
            "personality": [],
            "power_state": "active",
            "region": "regionOne",
            "scheduler_hints": [],
            "security_groups": [
              "gat"
            ],
            "stop_before_destroy": false,
            "tags": [],
            "timeouts": null,
            "user_data": null,
            "vendor_options": [],
            "volume": []
          },
          "sensitive_attributes": [],
          "private": "eyJlMmJmYjczMC1lY2FhLTExZTYtOGY4OC0zNDM2M2JjN2M0YzAiOnsiY3JlYXRlIjoxODAwMDAwMDAwMDAwLCJkZWxldGUiOjE4MDAwMDAwMDAwMDAsInVwZGF0ZSI6MTgwMDAwMDAwMDAwMH19",
          "dependencies": [
            "data.openstack_images_image_v2.gat-image-be"
          ]
        },
        {
          "index_key": 75,
          "schema_version": 0,
          "attributes": {
            "access_ip_v4": "10.113.7.156",
            "access_ip_v6": "",
            "admin_pass": null,
            "all_metadata": {},
            "all_tags": [],
            "availability_zone": "nova",
            "availability_zone_hints": null,
            "block_device": [],
            "config_drive": null,
            "flavor_id": "11",
            "flavor_name": "UPSv1.large",
            "floating_ip": null,
            "force_delete": false,
            "id": "cea8dc89-1657-48cc-a6aa-32c54e605e85",
            "image_id": "de62ec0f-a467-4315-9485-85606a5738f9",
            "image_name": "Ubuntu-20.04",
            "key_pair": "cloud-be",
            "metadata": null,
            "name": "gat-75.be.training.galaxyproject.eu",
            "network": [
              {
                "access_network": false,
                "fixed_ip_v4": "10.113.7.156",
                "fixed_ip_v6": "",
                "floating_ip": "",
                "mac": "fa:16:3e:b4:45:de",
                "name": "VSC_00018_vm",
                "port": "",
                "uuid": "6f3714b9-f2d5-4592-b25d-6fdfddcff48c"
              }
            ],
            "network_mode": null,
            "personality": [],
            "power_state": "active",
            "region": "regionOne",
            "scheduler_hints": [],
            "security_groups": [
              "gat"
            ],
            "stop_before_destroy": false,
            "tags": [],
            "timeouts": null,
            "user_data": null,
            "vendor_options": [],
            "volume": []
          },
          "sensitive_attributes": [],
          "private": "eyJlMmJmYjczMC1lY2FhLTExZTYtOGY4OC0zNDM2M2JjN2M0YzAiOnsiY3JlYXRlIjoxODAwMDAwMDAwMDAwLCJkZWxldGUiOjE4MDAwMDAwMDAwMDAsInVwZGF0ZSI6MTgwMDAwMDAwMDAwMH19",
          "dependencies": [
            "data.openstack_images_image_v2.gat-image-be"
          ]
        },
        {
          "index_key": 76,
          "schema_version": 0,
          "attributes": {
            "access_ip_v4": "10.113.7.144",
            "access_ip_v6": "",
            "admin_pass": null,
            "all_metadata": {},
            "all_tags": [],
            "availability_zone": "nova",
            "availability_zone_hints": null,
            "block_device": [],
            "config_drive": null,
            "flavor_id": "11",
            "flavor_name": "UPSv1.large",
            "floating_ip": null,
            "force_delete": false,
            "id": "72549fa6-7203-458b-aaad-cdb3f02dc3fd",
            "image_id": "de62ec0f-a467-4315-9485-85606a5738f9",
            "image_name": "Ubuntu-20.04",
            "key_pair": "cloud-be",
            "metadata": null,
            "name": "gat-76.be.training.galaxyproject.eu",
            "network": [
              {
                "access_network": false,
                "fixed_ip_v4": "10.113.7.144",
                "fixed_ip_v6": "",
                "floating_ip": "",
                "mac": "fa:16:3e:26:78:66",
                "name": "VSC_00018_vm",
                "port": "",
                "uuid": "6f3714b9-f2d5-4592-b25d-6fdfddcff48c"
              }
            ],
            "network_mode": null,
            "personality": [],
            "power_state": "active",
            "region": "regionOne",
            "scheduler_hints": [],
            "security_groups": [
              "gat"
            ],
            "stop_before_destroy": false,
            "tags": [],
            "timeouts": null,
            "user_data": null,
            "vendor_options": [],
            "volume": []
          },
          "sensitive_attributes": [],
          "private": "eyJlMmJmYjczMC1lY2FhLTExZTYtOGY4OC0zNDM2M2JjN2M0YzAiOnsiY3JlYXRlIjoxODAwMDAwMDAwMDAwLCJkZWxldGUiOjE4MDAwMDAwMDAwMDAsInVwZGF0ZSI6MTgwMDAwMDAwMDAwMH19",
          "dependencies": [
            "data.openstack_images_image_v2.gat-image-be"
          ]
        },
        {
          "index_key": 77,
          "schema_version": 0,
          "attributes": {
            "access_ip_v4": "10.113.7.89",
            "access_ip_v6": "",
            "admin_pass": null,
            "all_metadata": {},
            "all_tags": [],
            "availability_zone": "nova",
            "availability_zone_hints": null,
            "block_device": [],
            "config_drive": null,
            "flavor_id": "11",
            "flavor_name": "UPSv1.large",
            "floating_ip": null,
            "force_delete": false,
            "id": "dd9ff7f4-9983-444d-b345-62f13ecb29d4",
            "image_id": "de62ec0f-a467-4315-9485-85606a5738f9",
            "image_name": "Ubuntu-20.04",
            "key_pair": "cloud-be",
            "metadata": null,
            "name": "gat-77.be.training.galaxyproject.eu",
            "network": [
              {
                "access_network": false,
                "fixed_ip_v4": "10.113.7.89",
                "fixed_ip_v6": "",
                "floating_ip": "",
                "mac": "fa:16:3e:80:ba:e0",
                "name": "VSC_00018_vm",
                "port": "",
                "uuid": "6f3714b9-f2d5-4592-b25d-6fdfddcff48c"
              }
            ],
            "network_mode": null,
            "personality": [],
            "power_state": "active",
            "region": "regionOne",
            "scheduler_hints": [],
            "security_groups": [
              "gat"
            ],
            "stop_before_destroy": false,
            "tags": [],
            "timeouts": null,
            "user_data": null,
            "vendor_options": [],
            "volume": []
          },
          "sensitive_attributes": [],
          "private": "eyJlMmJmYjczMC1lY2FhLTExZTYtOGY4OC0zNDM2M2JjN2M0YzAiOnsiY3JlYXRlIjoxODAwMDAwMDAwMDAwLCJkZWxldGUiOjE4MDAwMDAwMDAwMDAsInVwZGF0ZSI6MTgwMDAwMDAwMDAwMH19",
          "dependencies": [
            "data.openstack_images_image_v2.gat-image-be"
          ]
        },
        {
          "index_key": 78,
          "schema_version": 0,
          "attributes": {
            "access_ip_v4": "10.113.7.72",
            "access_ip_v6": "",
            "admin_pass": null,
            "all_metadata": {},
            "all_tags": [],
            "availability_zone": "nova",
            "availability_zone_hints": null,
            "block_device": [],
            "config_drive": null,
            "flavor_id": "11",
            "flavor_name": "UPSv1.large",
            "floating_ip": null,
            "force_delete": false,
            "id": "c72cceca-3c45-424e-b731-01b41f7de834",
            "image_id": "de62ec0f-a467-4315-9485-85606a5738f9",
            "image_name": "Ubuntu-20.04",
            "key_pair": "cloud-be",
            "metadata": null,
            "name": "gat-78.be.training.galaxyproject.eu",
            "network": [
              {
                "access_network": false,
                "fixed_ip_v4": "10.113.7.72",
                "fixed_ip_v6": "",
                "floating_ip": "",
                "mac": "fa:16:3e:90:91:48",
                "name": "VSC_00018_vm",
                "port": "",
                "uuid": "6f3714b9-f2d5-4592-b25d-6fdfddcff48c"
              }
            ],
            "network_mode": null,
            "personality": [],
            "power_state": "active",
            "region": "regionOne",
            "scheduler_hints": [],
            "security_groups": [
              "gat"
            ],
            "stop_before_destroy": false,
            "tags": [],
            "timeouts": null,
            "user_data": null,
            "vendor_options": [],
            "volume": []
          },
          "sensitive_attributes": [],
          "private": "eyJlMmJmYjczMC1lY2FhLTExZTYtOGY4OC0zNDM2M2JjN2M0YzAiOnsiY3JlYXRlIjoxODAwMDAwMDAwMDAwLCJkZWxldGUiOjE4MDAwMDAwMDAwMDAsInVwZGF0ZSI6MTgwMDAwMDAwMDAwMH19",
          "dependencies": [
            "data.openstack_images_image_v2.gat-image-be"
          ]
        },
        {
          "index_key": 79,
          "schema_version": 0,
          "attributes": {
            "access_ip_v4": "10.113.7.235",
            "access_ip_v6": "",
            "admin_pass": null,
            "all_metadata": {},
            "all_tags": [],
            "availability_zone": "nova",
            "availability_zone_hints": null,
            "block_device": [],
            "config_drive": null,
            "flavor_id": "11",
            "flavor_name": "UPSv1.large",
            "floating_ip": null,
            "force_delete": false,
            "id": "669e533d-6a34-4fcf-b4d6-d84ff06e0e61",
            "image_id": "de62ec0f-a467-4315-9485-85606a5738f9",
            "image_name": "Ubuntu-20.04",
            "key_pair": "cloud-be",
            "metadata": null,
            "name": "gat-79.be.training.galaxyproject.eu",
            "network": [
              {
                "access_network": false,
                "fixed_ip_v4": "10.113.7.235",
                "fixed_ip_v6": "",
                "floating_ip": "",
                "mac": "fa:16:3e:2e:e4:8f",
                "name": "VSC_00018_vm",
                "port": "",
                "uuid": "6f3714b9-f2d5-4592-b25d-6fdfddcff48c"
              }
            ],
            "network_mode": null,
            "personality": [],
            "power_state": "active",
            "region": "regionOne",
            "scheduler_hints": [],
            "security_groups": [
              "gat"
            ],
            "stop_before_destroy": false,
            "tags": [],
            "timeouts": null,
            "user_data": null,
            "vendor_options": [],
            "volume": []
          },
          "sensitive_attributes": [],
          "private": "eyJlMmJmYjczMC1lY2FhLTExZTYtOGY4OC0zNDM2M2JjN2M0YzAiOnsiY3JlYXRlIjoxODAwMDAwMDAwMDAwLCJkZWxldGUiOjE4MDAwMDAwMDAwMDAsInVwZGF0ZSI6MTgwMDAwMDAwMDAwMH19",
          "dependencies": [
            "data.openstack_images_image_v2.gat-image-be"
          ]
        }
      ]
    },
    {
      "mode": "managed",
      "type": "openstack_compute_keypair_v2",
      "name": "cloud-be",
      "provider": "provider[\"registry.terraform.io/terraform-provider-openstack/openstack\"].vsc",
      "instances": [
        {
          "schema_version": 0,
          "attributes": {
            "fingerprint": "ae:88:93:41:75:64:d5:5c:d6:ab:a8:95:3e:ae:77:b7",
            "id": "cloud-be",
            "name": "cloud-be",
            "private_key": "",
            "public_key": "ssh-rsa AAAAB3NzaC1yc2EAAAADAQABAAABgQCt/QfiAKaRWxkZevBtNKGSN5Zkk8pOIMf76MTtX/P2bu/7KaY1pY+ikvJNtRztEeRZyfbSfMLsAqbzLwSLm0HNZIHWhN140UrLNULpkQjcdmozBIfcE7nNIIQ08fIxqcTIdhLuD3Xo+gf9MB64JRWpqR4RIWItNczGLTwc41ZdVzoAa00frNn+nQIWDPZajIuduegxAeMeIvlZ3/Tw2qq4V1MmZstZKoEcaHEKXA8jHnJj7Ym3j4a4W1xrlEWvPNf6kH3jejuDevyGSreLOH1SY3ODet4tLVjNRBkNnWd13g4sNA3QJX+g9P4U0dSlUBN4JfX1Arcl//GIHWoipEKWaQJLe+OrPGKx2oDSFoK0R9fW9OJ5ublT0+15gq9SLEgFgkaPf7ygRTUtCuRyiyy/Zur5lqTrN7HCENEf+NrFfzL1/X/U4guAkNTa8h7KtSe7p3F0/bYVnCMRHTQdMiy9M5N3v6ctjq4GBaaFsmf4JNmuZdmfs+OOfCcRNVFe3qM= hxr@mk",
            "region": "regionOne",
            "value_specs": null
          },
          "sensitive_attributes": []
        }
      ]
    },
    {
      "mode": "managed",
      "type": "openstack_networking_floatingip_associate_v2",
      "name": "fip_1",
      "provider": "provider[\"registry.terraform.io/terraform-provider-openstack/openstack\"].vsc",
      "instances": [
        {
          "index_key": 0,
          "schema_version": 0,
          "attributes": {
            "fixed_ip": "10.113.7.112",
            "floating_ip": "193.190.80.20",
            "id": "a09c2bf3-fd84-4731-8a86-8d129a77ee1e",
            "port_id": "e58cbb00-16bc-46bd-9bb2-136a8d356ef9",
            "region": "regionOne"
          },
          "sensitive_attributes": [],
          "private": "bnVsbA==",
          "dependencies": [
            "data.openstack_networking_floatingip_v2.floatingips",
            "data.openstack_networking_port_v2.ports",
            "openstack_compute_instance_v2.training-vm-be",
            "data.openstack_images_image_v2.gat-image-be"
          ]
        },
        {
          "index_key": 1,
          "schema_version": 0,
          "attributes": {
            "fixed_ip": "10.113.7.168",
            "floating_ip": "193.190.80.21",
            "id": "75a0df89-1ae2-4cf5-b472-86a4e342eee6",
            "port_id": "f24cf495-93ad-41c5-977b-ff02dfd4ae9f",
            "region": "regionOne"
          },
          "sensitive_attributes": [],
          "private": "bnVsbA==",
          "dependencies": [
            "data.openstack_images_image_v2.gat-image-be",
            "data.openstack_networking_floatingip_v2.floatingips",
            "data.openstack_networking_port_v2.ports",
            "openstack_compute_instance_v2.training-vm-be"
          ]
        },
        {
          "index_key": 2,
          "schema_version": 0,
          "attributes": {
            "fixed_ip": "10.113.7.166",
            "floating_ip": "193.190.80.22",
            "id": "747bd310-3ca6-4cd2-bb26-cd60b5ee828a",
            "port_id": "82478777-f993-4afb-a633-93e529df66fb",
            "region": "regionOne"
          },
          "sensitive_attributes": [],
          "private": "bnVsbA==",
          "dependencies": [
            "data.openstack_images_image_v2.gat-image-be",
            "data.openstack_networking_floatingip_v2.floatingips",
            "data.openstack_networking_port_v2.ports",
            "openstack_compute_instance_v2.training-vm-be"
          ]
        },
        {
          "index_key": 3,
          "schema_version": 0,
          "attributes": {
            "fixed_ip": "10.113.7.135",
            "floating_ip": "193.190.80.23",
            "id": "c3122972-ae2f-4476-a1d8-3a7027df0623",
            "port_id": "90f42dac-f160-4797-ace5-8ffe2d620643",
            "region": "regionOne"
          },
          "sensitive_attributes": [],
          "private": "bnVsbA==",
          "dependencies": [
            "data.openstack_images_image_v2.gat-image-be",
            "data.openstack_networking_floatingip_v2.floatingips",
            "data.openstack_networking_port_v2.ports",
            "openstack_compute_instance_v2.training-vm-be"
          ]
        },
        {
          "index_key": 4,
          "schema_version": 0,
          "attributes": {
            "fixed_ip": "10.113.7.100",
            "floating_ip": "193.190.80.24",
            "id": "60d8fef4-e17c-4e08-a551-ff0893bbf4c0",
            "port_id": "4f7d00c5-fe71-4ce8-8f42-6b8b002ac2db",
            "region": "regionOne"
          },
          "sensitive_attributes": [],
          "private": "bnVsbA==",
          "dependencies": [
            "openstack_compute_instance_v2.training-vm-be",
            "data.openstack_images_image_v2.gat-image-be",
            "data.openstack_networking_floatingip_v2.floatingips",
            "data.openstack_networking_port_v2.ports"
          ]
        },
        {
          "index_key": 5,
          "schema_version": 0,
          "attributes": {
            "fixed_ip": "10.113.7.44",
            "floating_ip": "193.190.80.25",
            "id": "8ce29fb6-d88b-47b2-87c0-3c4a68ad4764",
            "port_id": "377cd13a-9a9c-484f-89eb-7530967df492",
            "region": "regionOne"
          },
          "sensitive_attributes": [],
          "private": "bnVsbA==",
          "dependencies": [
            "data.openstack_images_image_v2.gat-image-be",
            "data.openstack_networking_floatingip_v2.floatingips",
            "data.openstack_networking_port_v2.ports",
            "openstack_compute_instance_v2.training-vm-be"
          ]
        },
        {
          "index_key": 6,
          "schema_version": 0,
          "attributes": {
            "fixed_ip": "10.113.7.29",
            "floating_ip": "193.190.80.26",
            "id": "3026f3e1-61b3-4a85-ab76-a4401d200eb3",
            "port_id": "b7162240-560e-4069-b129-bb768ebfb5f9",
            "region": "regionOne"
          },
          "sensitive_attributes": [],
          "private": "bnVsbA==",
          "dependencies": [
            "data.openstack_images_image_v2.gat-image-be",
            "data.openstack_networking_floatingip_v2.floatingips",
            "data.openstack_networking_port_v2.ports",
            "openstack_compute_instance_v2.training-vm-be"
          ]
        },
        {
          "index_key": 7,
          "schema_version": 0,
          "attributes": {
            "fixed_ip": "10.113.7.116",
            "floating_ip": "193.190.80.27",
            "id": "a648dd01-575d-416e-9b79-59be19ba886e",
            "port_id": "b3415b3d-453b-4ee6-ba04-56f0cba82f0a",
            "region": "regionOne"
          },
          "sensitive_attributes": [],
          "private": "bnVsbA==",
          "dependencies": [
            "data.openstack_images_image_v2.gat-image-be",
            "data.openstack_networking_floatingip_v2.floatingips",
            "data.openstack_networking_port_v2.ports",
            "openstack_compute_instance_v2.training-vm-be"
          ]
        },
        {
          "index_key": 8,
          "schema_version": 0,
          "attributes": {
            "fixed_ip": "10.113.7.63",
            "floating_ip": "193.190.80.28",
            "id": "00d445ef-21df-4b86-9ba9-adad690d0700",
            "port_id": "8de688da-4297-43b2-b9e8-79365e48b840",
            "region": "regionOne"
          },
          "sensitive_attributes": [],
          "private": "bnVsbA==",
          "dependencies": [
            "openstack_compute_instance_v2.training-vm-be",
            "data.openstack_images_image_v2.gat-image-be",
            "data.openstack_networking_floatingip_v2.floatingips",
            "data.openstack_networking_port_v2.ports"
          ]
        },
        {
          "index_key": 9,
          "schema_version": 0,
          "attributes": {
            "fixed_ip": "10.113.7.51",
            "floating_ip": "193.190.80.29",
            "id": "da66545c-b578-4e55-b40f-f5965a63d88f",
            "port_id": "fa4c7285-d061-4825-b048-d29c4a618de3",
            "region": "regionOne"
          },
          "sensitive_attributes": [],
          "private": "bnVsbA==",
          "dependencies": [
            "data.openstack_images_image_v2.gat-image-be",
            "data.openstack_networking_floatingip_v2.floatingips",
            "data.openstack_networking_port_v2.ports",
            "openstack_compute_instance_v2.training-vm-be"
          ]
        },
        {
          "index_key": 10,
          "schema_version": 0,
          "attributes": {
            "fixed_ip": "10.113.7.57",
            "floating_ip": "193.190.80.30",
            "id": "3d9fac0d-ebf1-4183-ab8d-6ab75e8d0dc4",
            "port_id": "9aaaca5a-794c-457e-b894-e7aeb9621052",
            "region": "regionOne"
          },
          "sensitive_attributes": [],
          "private": "bnVsbA==",
          "dependencies": [
            "data.openstack_images_image_v2.gat-image-be",
            "data.openstack_networking_floatingip_v2.floatingips",
            "data.openstack_networking_port_v2.ports",
            "openstack_compute_instance_v2.training-vm-be"
          ]
        },
        {
          "index_key": 11,
          "schema_version": 0,
          "attributes": {
            "fixed_ip": "10.113.7.148",
            "floating_ip": "193.190.80.31",
            "id": "aaf64999-84da-4011-aa3e-ee9fee8cdb8d",
            "port_id": "70ef9752-baf0-43ff-91c2-f0c3dcbb126e",
            "region": "regionOne"
          },
          "sensitive_attributes": [],
          "private": "bnVsbA==",
          "dependencies": [
            "data.openstack_networking_floatingip_v2.floatingips",
            "data.openstack_networking_port_v2.ports",
            "openstack_compute_instance_v2.training-vm-be",
            "data.openstack_images_image_v2.gat-image-be"
          ]
        },
        {
          "index_key": 12,
          "schema_version": 0,
          "attributes": {
            "fixed_ip": "10.113.7.134",
            "floating_ip": "193.190.80.32",
            "id": "46f68d4b-f40c-4cc1-a56a-343c8fe698e4",
            "port_id": "fa828a87-7b7f-4405-8b75-1b351a63e908",
            "region": "regionOne"
          },
          "sensitive_attributes": [],
          "private": "bnVsbA==",
          "dependencies": [
            "data.openstack_images_image_v2.gat-image-be",
            "data.openstack_networking_floatingip_v2.floatingips",
            "data.openstack_networking_port_v2.ports",
            "openstack_compute_instance_v2.training-vm-be"
          ]
        },
        {
          "index_key": 13,
          "schema_version": 0,
          "attributes": {
            "fixed_ip": "10.113.7.78",
            "floating_ip": "193.190.80.33",
            "id": "eec21b2e-051b-4928-a739-8908036d65c1",
            "port_id": "59a63935-ddc9-4b8a-83c6-f28ee4ca5593",
            "region": "regionOne"
          },
          "sensitive_attributes": [],
          "private": "bnVsbA==",
          "dependencies": [
            "data.openstack_images_image_v2.gat-image-be",
            "data.openstack_networking_floatingip_v2.floatingips",
            "data.openstack_networking_port_v2.ports",
            "openstack_compute_instance_v2.training-vm-be"
          ]
        },
        {
          "index_key": 14,
          "schema_version": 0,
          "attributes": {
            "fixed_ip": "10.113.7.20",
            "floating_ip": "193.190.80.34",
            "id": "0acbdc86-38fa-4b05-a127-f4a195ccadd7",
            "port_id": "f49a5b3f-e441-4208-9793-4e9faa47dffb",
            "region": "regionOne"
          },
          "sensitive_attributes": [],
          "private": "bnVsbA==",
          "dependencies": [
            "data.openstack_networking_port_v2.ports",
            "openstack_compute_instance_v2.training-vm-be",
            "data.openstack_images_image_v2.gat-image-be",
            "data.openstack_networking_floatingip_v2.floatingips"
          ]
        },
        {
          "index_key": 15,
          "schema_version": 0,
          "attributes": {
            "fixed_ip": "10.113.7.15",
            "floating_ip": "193.190.80.35",
            "id": "d3020345-f590-4e15-9aee-409033cc2dda",
            "port_id": "63008962-2d3a-4200-bf22-b4687736bfd5",
            "region": "regionOne"
          },
          "sensitive_attributes": [],
          "private": "bnVsbA==",
          "dependencies": [
            "data.openstack_images_image_v2.gat-image-be",
            "data.openstack_networking_floatingip_v2.floatingips",
            "data.openstack_networking_port_v2.ports",
            "openstack_compute_instance_v2.training-vm-be"
          ]
        },
        {
          "index_key": 16,
          "schema_version": 0,
          "attributes": {
            "fixed_ip": "10.113.7.202",
            "floating_ip": "193.190.80.36",
            "id": "d8f8304c-5b8f-4712-80f0-909405ba5e40",
            "port_id": "7b928ab3-9cd1-4763-ae7a-aa775b0eafb8",
            "region": "regionOne"
          },
          "sensitive_attributes": [],
          "private": "bnVsbA==",
          "dependencies": [
            "data.openstack_networking_floatingip_v2.floatingips",
            "data.openstack_networking_port_v2.ports",
            "openstack_compute_instance_v2.training-vm-be",
            "data.openstack_images_image_v2.gat-image-be"
          ]
        },
        {
          "index_key": 17,
          "schema_version": 0,
          "attributes": {
            "fixed_ip": "10.113.7.240",
            "floating_ip": "193.190.80.37",
            "id": "72f83f86-b218-46bd-a6a5-2a21960ef5fa",
            "port_id": "364288bd-9a4e-431d-833d-d7e06ac080ad",
            "region": "regionOne"
          },
          "sensitive_attributes": [],
          "private": "bnVsbA==",
          "dependencies": [
            "openstack_compute_instance_v2.training-vm-be",
            "data.openstack_images_image_v2.gat-image-be",
            "data.openstack_networking_floatingip_v2.floatingips",
            "data.openstack_networking_port_v2.ports"
          ]
        },
        {
          "index_key": 18,
          "schema_version": 0,
          "attributes": {
            "fixed_ip": "10.113.7.7",
            "floating_ip": "193.190.80.38",
            "id": "54cc7f73-3637-4b54-accd-bc04d0cee551",
            "port_id": "aa010d1a-3ed0-422c-9921-ce49b735ce1d",
            "region": "regionOne"
          },
          "sensitive_attributes": [],
          "private": "bnVsbA==",
          "dependencies": [
            "data.openstack_images_image_v2.gat-image-be",
            "data.openstack_networking_floatingip_v2.floatingips",
            "data.openstack_networking_port_v2.ports",
            "openstack_compute_instance_v2.training-vm-be"
          ]
        },
        {
          "index_key": 19,
          "schema_version": 0,
          "attributes": {
            "fixed_ip": "10.113.7.108",
            "floating_ip": "193.190.80.39",
            "id": "bc904fdb-9d5b-42e8-a4e3-d042fd94bfd4",
            "port_id": "f3950cb9-d8bd-4364-9db6-05d3dfed3133",
            "region": "regionOne"
          },
          "sensitive_attributes": [],
          "private": "bnVsbA==",
          "dependencies": [
            "data.openstack_images_image_v2.gat-image-be",
            "data.openstack_networking_floatingip_v2.floatingips",
            "data.openstack_networking_port_v2.ports",
            "openstack_compute_instance_v2.training-vm-be"
          ]
        },
        {
          "index_key": 20,
          "schema_version": 0,
          "attributes": {
            "fixed_ip": "10.113.7.62",
            "floating_ip": "193.190.80.40",
            "id": "0fb903c8-3c84-43c6-bc7d-a93e305a0436",
            "port_id": "714b82c7-bd6e-456c-b1b5-e2a449a616e2",
            "region": "regionOne"
          },
          "sensitive_attributes": [],
          "private": "bnVsbA==",
          "dependencies": [
            "data.openstack_images_image_v2.gat-image-be",
            "data.openstack_networking_floatingip_v2.floatingips",
            "data.openstack_networking_port_v2.ports",
            "openstack_compute_instance_v2.training-vm-be"
          ]
        },
        {
          "index_key": 21,
          "schema_version": 0,
          "attributes": {
            "fixed_ip": "10.113.7.171",
            "floating_ip": "193.190.80.41",
            "id": "2e9de320-362c-4adc-a899-30752f6e0551",
            "port_id": "a1955856-80ef-4bdd-ae6b-aef78ffff95e",
            "region": "regionOne"
          },
          "sensitive_attributes": [],
          "private": "bnVsbA==",
          "dependencies": [
            "openstack_compute_instance_v2.training-vm-be",
            "data.openstack_images_image_v2.gat-image-be",
            "data.openstack_networking_floatingip_v2.floatingips",
            "data.openstack_networking_port_v2.ports"
          ]
        },
        {
          "index_key": 22,
          "schema_version": 0,
          "attributes": {
            "fixed_ip": "10.113.7.217",
            "floating_ip": "193.190.80.42",
            "id": "5e179296-40e2-4426-91ff-eb647e42deda",
            "port_id": "3c0944dc-6d40-4b82-bf41-30e9c2bc3180",
            "region": "regionOne"
          },
          "sensitive_attributes": [],
          "private": "bnVsbA==",
          "dependencies": [
            "data.openstack_networking_port_v2.ports",
            "openstack_compute_instance_v2.training-vm-be",
            "data.openstack_images_image_v2.gat-image-be",
            "data.openstack_networking_floatingip_v2.floatingips"
          ]
        },
        {
          "index_key": 23,
          "schema_version": 0,
          "attributes": {
            "fixed_ip": "10.113.7.74",
            "floating_ip": "193.190.80.43",
            "id": "7a5a6f92-c02f-44b0-8aa8-2af5199d7c8e",
            "port_id": "46c60dca-957b-4ab2-94fd-26b2beb2386c",
            "region": "regionOne"
          },
          "sensitive_attributes": [],
          "private": "bnVsbA==",
          "dependencies": [
            "data.openstack_images_image_v2.gat-image-be",
            "data.openstack_networking_floatingip_v2.floatingips",
            "data.openstack_networking_port_v2.ports",
            "openstack_compute_instance_v2.training-vm-be"
          ]
        },
        {
          "index_key": 24,
          "schema_version": 0,
          "attributes": {
            "fixed_ip": "10.113.7.248",
            "floating_ip": "193.190.80.44",
            "id": "734eca8a-a841-4d4c-92aa-0cd85a8043a1",
            "port_id": "0b143cdb-569b-405b-b70d-c121a2076208",
            "region": "regionOne"
          },
          "sensitive_attributes": [],
          "private": "bnVsbA==",
          "dependencies": [
            "data.openstack_images_image_v2.gat-image-be",
            "data.openstack_networking_floatingip_v2.floatingips",
            "data.openstack_networking_port_v2.ports",
            "openstack_compute_instance_v2.training-vm-be"
          ]
        },
        {
          "index_key": 25,
          "schema_version": 0,
          "attributes": {
            "fixed_ip": "10.113.7.191",
            "floating_ip": "193.190.80.45",
            "id": "c4697c9c-2810-4268-89f4-9b513cfac4bd",
            "port_id": "9664f22d-0aa4-424f-9e18-c53cf76862ed",
            "region": "regionOne"
          },
          "sensitive_attributes": [],
          "private": "bnVsbA==",
          "dependencies": [
            "data.openstack_images_image_v2.gat-image-be",
            "data.openstack_networking_floatingip_v2.floatingips",
            "data.openstack_networking_port_v2.ports",
            "openstack_compute_instance_v2.training-vm-be"
          ]
        },
        {
          "index_key": 26,
          "schema_version": 0,
          "attributes": {
            "fixed_ip": "10.113.7.227",
            "floating_ip": "193.190.80.46",
            "id": "1194423e-9c2a-4b4f-a0fb-df4afd34fe9f",
            "port_id": "6af9a942-233d-4aeb-8384-b58e520c716a",
            "region": "regionOne"
          },
          "sensitive_attributes": [],
          "private": "bnVsbA==",
          "dependencies": [
            "data.openstack_networking_port_v2.ports",
            "openstack_compute_instance_v2.training-vm-be",
            "data.openstack_images_image_v2.gat-image-be",
            "data.openstack_networking_floatingip_v2.floatingips"
          ]
        },
        {
          "index_key": 27,
          "schema_version": 0,
          "attributes": {
            "fixed_ip": "10.113.7.48",
            "floating_ip": "193.190.80.47",
            "id": "7d40e803-ca00-4b22-a4d2-7cc39da5967e",
            "port_id": "3ac4655b-022a-4f2f-bf39-f8282bb706ea",
            "region": "regionOne"
          },
          "sensitive_attributes": [],
          "private": "bnVsbA==",
          "dependencies": [
            "data.openstack_images_image_v2.gat-image-be",
            "data.openstack_networking_floatingip_v2.floatingips",
            "data.openstack_networking_port_v2.ports",
            "openstack_compute_instance_v2.training-vm-be"
          ]
        },
        {
          "index_key": 28,
          "schema_version": 0,
          "attributes": {
            "fixed_ip": "10.113.7.243",
            "floating_ip": "193.190.80.48",
            "id": "f2baa4cb-59d0-40bb-b9ea-7b7f07476805",
            "port_id": "48152a5f-930e-4dee-8afc-6ab33ca4dad2",
            "region": "regionOne"
          },
          "sensitive_attributes": [],
          "private": "bnVsbA==",
          "dependencies": [
            "data.openstack_images_image_v2.gat-image-be",
            "data.openstack_networking_floatingip_v2.floatingips",
            "data.openstack_networking_port_v2.ports",
            "openstack_compute_instance_v2.training-vm-be"
          ]
        },
        {
          "index_key": 29,
          "schema_version": 0,
          "attributes": {
            "fixed_ip": "10.113.7.35",
            "floating_ip": "193.190.80.49",
            "id": "a044593a-42e9-427d-9729-297555977f38",
            "port_id": "8bf4b0c3-321c-4d3c-9e43-189e7de2fa14",
            "region": "regionOne"
          },
          "sensitive_attributes": [],
          "private": "bnVsbA==",
          "dependencies": [
            "data.openstack_images_image_v2.gat-image-be",
            "data.openstack_networking_floatingip_v2.floatingips",
            "data.openstack_networking_port_v2.ports",
            "openstack_compute_instance_v2.training-vm-be"
          ]
        },
        {
          "index_key": 30,
          "schema_version": 0,
          "attributes": {
            "fixed_ip": "10.113.7.153",
            "floating_ip": "193.190.80.50",
            "id": "111b646b-47cc-4278-99bf-99c3b975ea1d",
            "port_id": "30fc5f5d-f949-4efd-810a-1590bd164b44",
            "region": "regionOne"
          },
          "sensitive_attributes": [],
          "private": "bnVsbA==",
          "dependencies": [
            "data.openstack_images_image_v2.gat-image-be",
            "data.openstack_networking_floatingip_v2.floatingips",
            "data.openstack_networking_port_v2.ports",
            "openstack_compute_instance_v2.training-vm-be"
          ]
        },
        {
          "index_key": 31,
          "schema_version": 0,
          "attributes": {
            "fixed_ip": "10.113.7.42",
            "floating_ip": "193.190.80.51",
            "id": "a56b8adf-b745-4b2e-8684-a4c7e1fa4c89",
            "port_id": "60ce6958-d1db-458c-bdd0-b4e559fabf90",
            "region": "regionOne"
          },
          "sensitive_attributes": [],
          "private": "bnVsbA==",
          "dependencies": [
            "data.openstack_networking_port_v2.ports",
            "openstack_compute_instance_v2.training-vm-be",
            "data.openstack_images_image_v2.gat-image-be",
            "data.openstack_networking_floatingip_v2.floatingips"
          ]
        },
        {
          "index_key": 32,
          "schema_version": 0,
          "attributes": {
            "fixed_ip": "10.113.7.81",
            "floating_ip": "193.190.80.52",
            "id": "cebc7db4-df21-4ff7-8325-5197b8cd7ddb",
            "port_id": "f6f05531-0396-41f0-9e65-f22b64893631",
            "region": "regionOne"
          },
          "sensitive_attributes": [],
          "private": "bnVsbA==",
          "dependencies": [
            "data.openstack_images_image_v2.gat-image-be",
            "data.openstack_networking_floatingip_v2.floatingips",
            "data.openstack_networking_port_v2.ports",
            "openstack_compute_instance_v2.training-vm-be"
          ]
        },
        {
          "index_key": 33,
          "schema_version": 0,
          "attributes": {
            "fixed_ip": "10.113.7.5",
            "floating_ip": "193.190.80.53",
            "id": "fd88fc74-4ce1-4c37-aec0-cc51c20ebf96",
            "port_id": "fb91f604-aab5-4f11-b71c-c8f3dd7d9be6",
            "region": "regionOne"
          },
          "sensitive_attributes": [],
          "private": "bnVsbA==",
          "dependencies": [
            "data.openstack_networking_port_v2.ports",
            "openstack_compute_instance_v2.training-vm-be",
            "data.openstack_images_image_v2.gat-image-be",
            "data.openstack_networking_floatingip_v2.floatingips"
          ]
        },
        {
          "index_key": 34,
          "schema_version": 0,
          "attributes": {
            "fixed_ip": "10.113.7.219",
            "floating_ip": "193.190.80.54",
            "id": "642ca9d2-d402-4756-bfcc-16c4f3e10b75",
            "port_id": "d79e2b9e-8b12-42a0-b4bf-d2285612e09b",
            "region": "regionOne"
          },
          "sensitive_attributes": [],
          "private": "bnVsbA==",
          "dependencies": [
            "data.openstack_images_image_v2.gat-image-be",
            "data.openstack_networking_floatingip_v2.floatingips",
            "data.openstack_networking_port_v2.ports",
            "openstack_compute_instance_v2.training-vm-be"
          ]
        },
        {
          "index_key": 35,
          "schema_version": 0,
          "attributes": {
            "fixed_ip": "10.113.7.122",
            "floating_ip": "193.190.80.55",
            "id": "a04e1323-9692-4174-97ce-386e9dcdeb1d",
            "port_id": "a2cd2c0d-3a3b-4347-98f5-79d68188ae13",
            "region": "regionOne"
          },
          "sensitive_attributes": [],
          "private": "bnVsbA==",
          "dependencies": [
            "data.openstack_images_image_v2.gat-image-be",
            "data.openstack_networking_floatingip_v2.floatingips",
            "data.openstack_networking_port_v2.ports",
            "openstack_compute_instance_v2.training-vm-be"
          ]
        },
        {
          "index_key": 36,
          "schema_version": 0,
          "attributes": {
            "fixed_ip": "10.113.7.83",
            "floating_ip": "193.190.80.56",
            "id": "dbe96f37-efde-4e82-a58c-1001898fb787",
            "port_id": "92cbcbbe-7196-464c-b8d2-f9395e3cbdc6",
            "region": "regionOne"
          },
          "sensitive_attributes": [],
          "private": "bnVsbA==",
          "dependencies": [
            "openstack_compute_instance_v2.training-vm-be",
            "data.openstack_images_image_v2.gat-image-be",
            "data.openstack_networking_floatingip_v2.floatingips",
            "data.openstack_networking_port_v2.ports"
          ]
        },
        {
          "index_key": 37,
          "schema_version": 0,
          "attributes": {
            "fixed_ip": "10.113.7.141",
            "floating_ip": "193.190.80.57",
            "id": "3a683eda-032d-4bed-8db1-ccd64525ebd5",
            "port_id": "43c6195f-46bb-4315-88ff-01a41a7a70be",
            "region": "regionOne"
          },
          "sensitive_attributes": [],
          "private": "bnVsbA==",
          "dependencies": [
            "data.openstack_images_image_v2.gat-image-be",
            "data.openstack_networking_floatingip_v2.floatingips",
            "data.openstack_networking_port_v2.ports",
            "openstack_compute_instance_v2.training-vm-be"
          ]
        },
        {
          "index_key": 38,
          "schema_version": 0,
          "attributes": {
            "fixed_ip": "10.113.7.24",
            "floating_ip": "193.190.80.58",
            "id": "348a29ff-2227-4194-8b33-7b3dde9b5db5",
            "port_id": "09d2b117-11cb-4880-97b1-5f19090e54cb",
            "region": "regionOne"
          },
          "sensitive_attributes": [],
          "private": "bnVsbA==",
          "dependencies": [
            "data.openstack_images_image_v2.gat-image-be",
            "data.openstack_networking_floatingip_v2.floatingips",
            "data.openstack_networking_port_v2.ports",
            "openstack_compute_instance_v2.training-vm-be"
          ]
        },
        {
          "index_key": 39,
          "schema_version": 0,
          "attributes": {
            "fixed_ip": "10.113.7.225",
            "floating_ip": "193.190.80.59",
            "id": "5528d295-6c4a-4565-b159-4eb78c8de1a2",
            "port_id": "d9603055-1b35-4cb6-8cb8-f3e918a91fa3",
            "region": "regionOne"
          },
          "sensitive_attributes": [],
          "private": "bnVsbA==",
          "dependencies": [
            "data.openstack_images_image_v2.gat-image-be",
            "data.openstack_networking_floatingip_v2.floatingips",
            "data.openstack_networking_port_v2.ports",
            "openstack_compute_instance_v2.training-vm-be"
          ]
        },
        {
          "index_key": 40,
          "schema_version": 0,
          "attributes": {
            "fixed_ip": "10.113.7.40",
            "floating_ip": "193.190.80.60",
            "id": "b30760ee-ed01-4379-9895-5b143533cf2f",
            "port_id": "16227504-c5c0-4740-8334-43a8bc35dd70",
            "region": "regionOne"
          },
          "sensitive_attributes": [],
          "private": "bnVsbA==",
          "dependencies": [
            "data.openstack_images_image_v2.gat-image-be",
            "data.openstack_networking_floatingip_v2.floatingips",
            "data.openstack_networking_port_v2.ports",
            "openstack_compute_instance_v2.training-vm-be"
          ]
        },
        {
          "index_key": 41,
          "schema_version": 0,
          "attributes": {
            "fixed_ip": "10.113.7.205",
            "floating_ip": "193.190.80.61",
            "id": "5b173dc0-48b3-459a-9348-bdf0f9f3801f",
            "port_id": "051ea93c-6428-4b38-8a99-c05bb9cf1890",
            "region": "regionOne"
          },
          "sensitive_attributes": [],
          "private": "bnVsbA==",
          "dependencies": [
            "openstack_compute_instance_v2.training-vm-be",
            "data.openstack_images_image_v2.gat-image-be",
            "data.openstack_networking_floatingip_v2.floatingips",
            "data.openstack_networking_port_v2.ports"
          ]
        },
        {
          "index_key": 42,
          "schema_version": 0,
          "attributes": {
            "fixed_ip": "10.113.7.139",
            "floating_ip": "193.190.80.62",
            "id": "cdd810da-da63-4659-8da7-d16d16347434",
            "port_id": "42904c3e-cfc0-4bf7-abeb-9eddbde3049b",
            "region": "regionOne"
          },
          "sensitive_attributes": [],
          "private": "bnVsbA==",
          "dependencies": [
            "data.openstack_images_image_v2.gat-image-be",
            "data.openstack_networking_floatingip_v2.floatingips",
            "data.openstack_networking_port_v2.ports",
            "openstack_compute_instance_v2.training-vm-be"
          ]
        },
        {
          "index_key": 43,
          "schema_version": 0,
          "attributes": {
            "fixed_ip": "10.113.7.158",
            "floating_ip": "193.190.80.63",
            "id": "0a6ef0af-6bf1-450c-babd-4c1e8478b57e",
            "port_id": "2971f13b-1d78-4ff7-b5e4-59ed17ede9de",
            "region": "regionOne"
          },
          "sensitive_attributes": [],
          "private": "bnVsbA==",
          "dependencies": [
            "data.openstack_images_image_v2.gat-image-be",
            "data.openstack_networking_floatingip_v2.floatingips",
            "data.openstack_networking_port_v2.ports",
            "openstack_compute_instance_v2.training-vm-be"
          ]
        },
        {
          "index_key": 44,
          "schema_version": 0,
          "attributes": {
            "fixed_ip": "10.113.7.65",
            "floating_ip": "193.190.80.64",
            "id": "d7e10d44-8ec8-40c1-956c-0f0ef56f2cb3",
            "port_id": "8179f556-c47a-4f86-b77e-0145a03d93f2",
            "region": "regionOne"
          },
          "sensitive_attributes": [],
          "private": "bnVsbA==",
          "dependencies": [
            "data.openstack_images_image_v2.gat-image-be",
            "data.openstack_networking_floatingip_v2.floatingips",
            "data.openstack_networking_port_v2.ports",
            "openstack_compute_instance_v2.training-vm-be"
          ]
        },
        {
          "index_key": 45,
          "schema_version": 0,
          "attributes": {
            "fixed_ip": "10.113.7.226",
            "floating_ip": "193.190.80.65",
            "id": "15ebc70c-d9a0-4d8c-a33a-7b01287c06b0",
            "port_id": "6315a946-2707-4436-90ad-cc7e5869e23d",
            "region": "regionOne"
          },
          "sensitive_attributes": [],
          "private": "bnVsbA==",
          "dependencies": [
            "openstack_compute_instance_v2.training-vm-be",
            "data.openstack_images_image_v2.gat-image-be",
            "data.openstack_networking_floatingip_v2.floatingips",
            "data.openstack_networking_port_v2.ports"
          ]
        },
        {
          "index_key": 46,
          "schema_version": 0,
          "attributes": {
            "fixed_ip": "10.113.7.169",
            "floating_ip": "193.190.80.66",
            "id": "3118d33d-2068-4fa1-9562-f7103f491a0f",
            "port_id": "46b05c2c-e16d-44e3-b419-c6f8961b72f4",
            "region": "regionOne"
          },
          "sensitive_attributes": [],
          "private": "bnVsbA==",
          "dependencies": [
            "data.openstack_images_image_v2.gat-image-be",
            "data.openstack_networking_floatingip_v2.floatingips",
            "data.openstack_networking_port_v2.ports",
            "openstack_compute_instance_v2.training-vm-be"
          ]
        },
        {
          "index_key": 47,
          "schema_version": 0,
          "attributes": {
            "fixed_ip": "10.113.7.19",
            "floating_ip": "193.190.80.67",
            "id": "da71de73-df64-4d57-a40e-5c18c7ff0772",
            "port_id": "36f6a336-c5de-4758-903c-9526fda9be6e",
            "region": "regionOne"
          },
          "sensitive_attributes": [],
          "private": "bnVsbA==",
          "dependencies": [
            "data.openstack_images_image_v2.gat-image-be",
            "data.openstack_networking_floatingip_v2.floatingips",
            "data.openstack_networking_port_v2.ports",
            "openstack_compute_instance_v2.training-vm-be"
          ]
        },
        {
          "index_key": 48,
          "schema_version": 0,
          "attributes": {
            "fixed_ip": "10.113.7.113",
            "floating_ip": "193.190.80.68",
            "id": "9e71514b-219d-4a73-a566-8a0fd02582ea",
            "port_id": "6558b94a-1c29-4492-a1d3-92742c4d420a",
            "region": "regionOne"
          },
          "sensitive_attributes": [],
          "private": "bnVsbA==",
          "dependencies": [
            "data.openstack_images_image_v2.gat-image-be",
            "data.openstack_networking_floatingip_v2.floatingips",
            "data.openstack_networking_port_v2.ports",
            "openstack_compute_instance_v2.training-vm-be"
          ]
        },
        {
          "index_key": 49,
          "schema_version": 0,
          "attributes": {
            "fixed_ip": "10.113.7.68",
            "floating_ip": "193.190.80.69",
            "id": "6bea98d3-ab75-4d66-bc73-672874ad3b31",
            "port_id": "ad9965bc-ed64-4807-9a88-cf83da020a7e",
            "region": "regionOne"
          },
          "sensitive_attributes": [],
          "private": "bnVsbA==",
          "dependencies": [
            "openstack_compute_instance_v2.training-vm-be",
            "data.openstack_images_image_v2.gat-image-be",
            "data.openstack_networking_floatingip_v2.floatingips",
            "data.openstack_networking_port_v2.ports"
          ]
        },
        {
          "index_key": 50,
          "schema_version": 0,
          "attributes": {
            "fixed_ip": "10.113.7.245",
            "floating_ip": "193.190.80.70",
            "id": "6bcae70b-a836-4678-bb6c-3967b6bfdf93",
            "port_id": "029ff40d-7e5e-4e47-86e6-0ac29d61aac7",
            "region": "regionOne"
          },
          "sensitive_attributes": [],
          "private": "bnVsbA==",
          "dependencies": [
            "data.openstack_networking_floatingip_v2.floatingips",
            "data.openstack_networking_port_v2.ports",
            "openstack_compute_instance_v2.training-vm-be",
            "data.openstack_images_image_v2.gat-image-be"
          ]
        },
        {
          "index_key": 51,
          "schema_version": 0,
          "attributes": {
            "fixed_ip": "10.113.7.110",
            "floating_ip": "193.190.80.71",
            "id": "db0d072b-62e7-4e26-8204-0d28736056d5",
            "port_id": "892c7f36-df89-4f9e-a4b8-1e76a0f8c6ed",
            "region": "regionOne"
          },
          "sensitive_attributes": [],
          "private": "bnVsbA==",
          "dependencies": [
            "data.openstack_networking_floatingip_v2.floatingips",
            "data.openstack_networking_port_v2.ports",
            "openstack_compute_instance_v2.training-vm-be",
            "data.openstack_images_image_v2.gat-image-be"
          ]
        },
        {
          "index_key": 52,
          "schema_version": 0,
          "attributes": {
            "fixed_ip": "10.113.7.203",
            "floating_ip": "193.190.80.72",
            "id": "1e19dd33-0b9a-4dfb-809f-e773ac70b9bd",
            "port_id": "8d70371a-2131-46aa-9a24-7fc2acf91a33",
            "region": "regionOne"
          },
          "sensitive_attributes": [],
          "private": "bnVsbA==",
          "dependencies": [
            "data.openstack_images_image_v2.gat-image-be",
            "data.openstack_networking_floatingip_v2.floatingips",
            "data.openstack_networking_port_v2.ports",
            "openstack_compute_instance_v2.training-vm-be"
          ]
        },
        {
          "index_key": 53,
          "schema_version": 0,
          "attributes": {
            "fixed_ip": "10.113.7.26",
            "floating_ip": "193.190.80.73",
            "id": "371f35ba-abdb-42dd-a028-30a093aba90f",
            "port_id": "ee4c2071-9fde-4ee4-94bd-b1ab695c760b",
            "region": "regionOne"
          },
          "sensitive_attributes": [],
          "private": "bnVsbA==",
          "dependencies": [
            "data.openstack_images_image_v2.gat-image-be",
            "data.openstack_networking_floatingip_v2.floatingips",
            "data.openstack_networking_port_v2.ports",
            "openstack_compute_instance_v2.training-vm-be"
          ]
        },
        {
          "index_key": 54,
          "schema_version": 0,
          "attributes": {
            "fixed_ip": "10.113.7.128",
            "floating_ip": "193.190.80.74",
            "id": "393c942f-201a-4ff7-9c76-4830914d6419",
            "port_id": "ed45eeeb-8727-4e3a-99b7-7aed3a71b11b",
            "region": "regionOne"
          },
          "sensitive_attributes": [],
          "private": "bnVsbA==",
          "dependencies": [
            "data.openstack_images_image_v2.gat-image-be",
            "data.openstack_networking_floatingip_v2.floatingips",
            "data.openstack_networking_port_v2.ports",
            "openstack_compute_instance_v2.training-vm-be"
          ]
        },
        {
          "index_key": 55,
          "schema_version": 0,
          "attributes": {
            "fixed_ip": "10.113.7.159",
            "floating_ip": "193.190.80.75",
            "id": "5138d056-8dae-48d9-82b3-982cc0d03e85",
            "port_id": "75408a2e-1293-46f0-8bc4-fdb1a66caaed",
            "region": "regionOne"
          },
          "sensitive_attributes": [],
          "private": "bnVsbA==",
          "dependencies": [
            "data.openstack_images_image_v2.gat-image-be",
            "data.openstack_networking_floatingip_v2.floatingips",
            "data.openstack_networking_port_v2.ports",
            "openstack_compute_instance_v2.training-vm-be"
          ]
        },
        {
          "index_key": 56,
          "schema_version": 0,
          "attributes": {
            "fixed_ip": "10.113.7.126",
            "floating_ip": "193.190.80.76",
            "id": "df8c6e31-401d-4d05-8cb9-357acc0042cc",
            "port_id": "34e7d735-2928-4a51-8557-0dad4ebdd8a1",
            "region": "regionOne"
          },
          "sensitive_attributes": [],
          "private": "bnVsbA==",
          "dependencies": [
            "openstack_compute_instance_v2.training-vm-be",
            "data.openstack_images_image_v2.gat-image-be",
            "data.openstack_networking_floatingip_v2.floatingips",
            "data.openstack_networking_port_v2.ports"
          ]
        },
        {
          "index_key": 57,
          "schema_version": 0,
          "attributes": {
            "fixed_ip": "10.113.7.242",
            "floating_ip": "193.190.80.77",
            "id": "1c563fde-df33-46f8-aad9-250b3dc17beb",
            "port_id": "767efbe5-65dd-47c3-954f-deb19fe777e1",
            "region": "regionOne"
          },
          "sensitive_attributes": [],
          "private": "bnVsbA==",
          "dependencies": [
            "data.openstack_images_image_v2.gat-image-be",
            "data.openstack_networking_floatingip_v2.floatingips",
            "data.openstack_networking_port_v2.ports",
            "openstack_compute_instance_v2.training-vm-be"
          ]
        },
        {
          "index_key": 58,
          "schema_version": 0,
          "attributes": {
            "fixed_ip": "10.113.7.120",
            "floating_ip": "193.190.80.78",
            "id": "743ec9a7-82c9-496e-94a3-0fbb3cc419da",
            "port_id": "bfec7e11-948a-48ef-a088-530b42cdbc47",
            "region": "regionOne"
          },
          "sensitive_attributes": [],
          "private": "bnVsbA==",
          "dependencies": [
            "openstack_compute_instance_v2.training-vm-be",
            "data.openstack_images_image_v2.gat-image-be",
            "data.openstack_networking_floatingip_v2.floatingips",
            "data.openstack_networking_port_v2.ports"
          ]
        },
        {
          "index_key": 59,
          "schema_version": 0,
          "attributes": {
            "fixed_ip": "10.113.7.154",
            "floating_ip": "193.190.80.79",
            "id": "27ce11a7-26f6-4014-94a4-c5ece83ba437",
            "port_id": "d981b0c0-3af7-48fe-93d0-cb853eb5c778",
            "region": "regionOne"
          },
          "sensitive_attributes": [],
          "private": "bnVsbA==",
          "dependencies": [
            "data.openstack_images_image_v2.gat-image-be",
            "data.openstack_networking_floatingip_v2.floatingips",
            "data.openstack_networking_port_v2.ports",
            "openstack_compute_instance_v2.training-vm-be"
          ]
        },
        {
          "index_key": 60,
          "schema_version": 0,
          "attributes": {
            "fixed_ip": "10.113.7.53",
            "floating_ip": "193.190.80.80",
            "id": "8ac4bca1-8466-4649-bb5a-735748b190d4",
            "port_id": "8881ee59-e6be-45c6-b377-1b35abf967a4",
            "region": "regionOne"
          },
          "sensitive_attributes": [],
          "private": "bnVsbA==",
          "dependencies": [
            "data.openstack_networking_floatingip_v2.floatingips",
            "data.openstack_networking_port_v2.ports",
            "openstack_compute_instance_v2.training-vm-be",
            "data.openstack_images_image_v2.gat-image-be"
          ]
        },
        {
          "index_key": 61,
          "schema_version": 0,
          "attributes": {
            "fixed_ip": "10.113.7.56",
            "floating_ip": "193.190.80.81",
            "id": "b5a54c9d-88f9-42bf-8a9e-615c199e1769",
            "port_id": "5b0cd118-c619-45d4-b7d8-d7e546e22779",
            "region": "regionOne"
          },
          "sensitive_attributes": [],
          "private": "bnVsbA==",
          "dependencies": [
            "data.openstack_networking_port_v2.ports",
            "openstack_compute_instance_v2.training-vm-be",
            "data.openstack_images_image_v2.gat-image-be",
            "data.openstack_networking_floatingip_v2.floatingips"
          ]
        },
        {
          "index_key": 62,
          "schema_version": 0,
          "attributes": {
            "fixed_ip": "10.113.7.105",
            "floating_ip": "193.190.80.82",
            "id": "0bc1bbe2-15e0-4442-b666-e487db3cf0cc",
            "port_id": "32a54329-555b-43f2-8d8f-889357125708",
            "region": "regionOne"
          },
          "sensitive_attributes": [],
          "private": "bnVsbA==",
          "dependencies": [
            "data.openstack_images_image_v2.gat-image-be",
            "data.openstack_networking_floatingip_v2.floatingips",
            "data.openstack_networking_port_v2.ports",
            "openstack_compute_instance_v2.training-vm-be"
          ]
        },
        {
          "index_key": 63,
          "schema_version": 0,
          "attributes": {
            "fixed_ip": "10.113.7.23",
            "floating_ip": "193.190.80.83",
            "id": "b590eb68-28ad-4639-94f6-a98bf68f94de",
            "port_id": "bff56a9a-d7dd-4ea5-8012-c4a01cccf1c2",
            "region": "regionOne"
          },
          "sensitive_attributes": [],
          "private": "bnVsbA==",
          "dependencies": [
            "openstack_compute_instance_v2.training-vm-be",
            "data.openstack_images_image_v2.gat-image-be",
            "data.openstack_networking_floatingip_v2.floatingips",
            "data.openstack_networking_port_v2.ports"
          ]
        },
        {
          "index_key": 64,
          "schema_version": 0,
          "attributes": {
            "fixed_ip": "10.113.7.188",
            "floating_ip": "193.190.80.84",
            "id": "90ecb00f-cc6d-4575-b627-412e2f312898",
            "port_id": "a3152077-9819-419a-ae8b-82101a795358",
            "region": "regionOne"
          },
          "sensitive_attributes": [],
          "private": "bnVsbA==",
          "dependencies": [
            "data.openstack_networking_port_v2.ports",
            "openstack_compute_instance_v2.training-vm-be",
            "data.openstack_images_image_v2.gat-image-be",
            "data.openstack_networking_floatingip_v2.floatingips"
          ]
        },
        {
          "index_key": 65,
          "schema_version": 0,
          "attributes": {
            "fixed_ip": "10.113.7.28",
            "floating_ip": "193.190.80.85",
            "id": "c96d5aba-aa9a-4b43-b813-505d0d4c83f8",
            "port_id": "9db4fe71-3af1-4c0e-bd17-65de76f9699f",
            "region": "regionOne"
          },
          "sensitive_attributes": [],
          "private": "bnVsbA==",
          "dependencies": [
            "data.openstack_images_image_v2.gat-image-be",
            "data.openstack_networking_floatingip_v2.floatingips",
            "data.openstack_networking_port_v2.ports",
            "openstack_compute_instance_v2.training-vm-be"
          ]
        },
        {
          "index_key": 66,
          "schema_version": 0,
          "attributes": {
            "fixed_ip": "10.113.7.229",
            "floating_ip": "193.190.80.86",
            "id": "7bdb4b56-841c-47da-a1c0-234d8b32cbe7",
            "port_id": "ae626aaa-262e-487d-b7bd-fa8ad5665d79",
            "region": "regionOne"
          },
          "sensitive_attributes": [],
          "private": "bnVsbA==",
          "dependencies": [
            "data.openstack_networking_floatingip_v2.floatingips",
            "data.openstack_networking_port_v2.ports",
            "openstack_compute_instance_v2.training-vm-be",
            "data.openstack_images_image_v2.gat-image-be"
          ]
        },
        {
          "index_key": 67,
          "schema_version": 0,
          "attributes": {
            "fixed_ip": "10.113.7.92",
            "floating_ip": "193.190.80.87",
            "id": "259bf478-1e8a-4d0d-bac1-2ac448731bd7",
            "port_id": "21f0babc-a184-47f6-8d88-1aa2380883ea",
            "region": "regionOne"
          },
          "sensitive_attributes": [],
          "private": "bnVsbA==",
          "dependencies": [
            "data.openstack_networking_floatingip_v2.floatingips",
            "data.openstack_networking_port_v2.ports",
            "openstack_compute_instance_v2.training-vm-be",
            "data.openstack_images_image_v2.gat-image-be"
          ]
        },
        {
          "index_key": 68,
          "schema_version": 0,
          "attributes": {
            "fixed_ip": "10.113.7.16",
            "floating_ip": "193.190.80.88",
            "id": "999ceffa-a8ae-462a-ae2c-3b14f752a3e0",
            "port_id": "a684b42f-34d5-467d-8493-6bf97e657da8",
            "region": "regionOne"
          },
          "sensitive_attributes": [],
          "private": "bnVsbA==",
          "dependencies": [
            "openstack_compute_instance_v2.training-vm-be",
            "data.openstack_images_image_v2.gat-image-be",
            "data.openstack_networking_floatingip_v2.floatingips",
            "data.openstack_networking_port_v2.ports"
          ]
        },
        {
          "index_key": 69,
          "schema_version": 0,
          "attributes": {
            "fixed_ip": "10.113.7.104",
            "floating_ip": "193.190.80.89",
            "id": "152e1554-39e9-439f-97ae-c6c7745033b4",
            "port_id": "3770083d-4756-4b34-8a30-ff9837e6dd11",
            "region": "regionOne"
          },
          "sensitive_attributes": [],
          "private": "bnVsbA==",
          "dependencies": [
            "data.openstack_networking_port_v2.ports",
            "openstack_compute_instance_v2.training-vm-be",
            "data.openstack_images_image_v2.gat-image-be",
            "data.openstack_networking_floatingip_v2.floatingips"
          ]
        },
        {
          "index_key": 70,
          "schema_version": 0,
          "attributes": {
            "fixed_ip": "10.113.7.251",
            "floating_ip": "193.190.80.90",
            "id": "a1ec23ca-6015-4759-8097-60a1ccc89cd6",
            "port_id": "e299dbff-7b11-43db-a93a-43d15f4db1ca",
            "region": "regionOne"
          },
          "sensitive_attributes": [],
          "private": "bnVsbA==",
          "dependencies": [
            "data.openstack_images_image_v2.gat-image-be",
            "data.openstack_networking_floatingip_v2.floatingips",
            "data.openstack_networking_port_v2.ports",
            "openstack_compute_instance_v2.training-vm-be"
          ]
        },
        {
          "index_key": 71,
          "schema_version": 0,
          "attributes": {
            "fixed_ip": "10.113.7.103",
            "floating_ip": "193.190.80.91",
            "id": "805d7653-5256-4612-8a08-c650e01c6400",
            "port_id": "37deb0de-7b78-41f1-b742-b93c09fd9dde",
            "region": "regionOne"
          },
          "sensitive_attributes": [],
          "private": "bnVsbA==",
          "dependencies": [
            "data.openstack_images_image_v2.gat-image-be",
            "data.openstack_networking_floatingip_v2.floatingips",
            "data.openstack_networking_port_v2.ports",
            "openstack_compute_instance_v2.training-vm-be"
          ]
        },
        {
          "index_key": 72,
          "schema_version": 0,
          "attributes": {
            "fixed_ip": "10.113.7.99",
            "floating_ip": "193.190.80.92",
            "id": "e84c6702-8093-425a-8ba0-c42eaad09580",
            "port_id": "363016ab-3ad6-4dcd-9604-ed8727fba43d",
            "region": "regionOne"
          },
          "sensitive_attributes": [],
          "private": "bnVsbA==",
          "dependencies": [
            "data.openstack_networking_floatingip_v2.floatingips",
            "data.openstack_networking_port_v2.ports",
            "openstack_compute_instance_v2.training-vm-be",
            "data.openstack_images_image_v2.gat-image-be"
          ]
        },
        {
          "index_key": 73,
          "schema_version": 0,
          "attributes": {
            "fixed_ip": "10.113.7.179",
            "floating_ip": "193.190.80.93",
            "id": "6fd38edf-b5a0-44fb-a3a5-1db21cdc1a28",
            "port_id": "d02fc50f-71cd-4fe8-9b6e-5abffc1932f1",
            "region": "regionOne"
          },
          "sensitive_attributes": [],
          "private": "bnVsbA==",
          "dependencies": [
            "data.openstack_networking_floatingip_v2.floatingips",
            "data.openstack_networking_port_v2.ports",
            "openstack_compute_instance_v2.training-vm-be",
            "data.openstack_images_image_v2.gat-image-be"
          ]
        },
        {
          "index_key": 74,
          "schema_version": 0,
          "attributes": {
            "fixed_ip": "10.113.7.241",
            "floating_ip": "193.190.80.94",
            "id": "85ef78ff-1619-4a04-aae6-40207e752ca8",
            "port_id": "24f1598a-1fa6-40fb-9e0c-c27d5b723d26",
            "region": "regionOne"
          },
          "sensitive_attributes": [],
          "private": "bnVsbA==",
          "dependencies": [
            "data.openstack_images_image_v2.gat-image-be",
            "data.openstack_networking_floatingip_v2.floatingips",
            "data.openstack_networking_port_v2.ports",
            "openstack_compute_instance_v2.training-vm-be"
          ]
        },
        {
          "index_key": 75,
          "schema_version": 0,
          "attributes": {
            "fixed_ip": "10.113.7.156",
            "floating_ip": "193.190.80.95",
            "id": "8ce8bacd-aa33-4185-bfcf-9e3fc218899f",
            "port_id": "b33d34c4-15f7-4899-8064-ba91405c2ee1",
            "region": "regionOne"
          },
          "sensitive_attributes": [],
          "private": "bnVsbA==",
          "dependencies": [
            "data.openstack_networking_floatingip_v2.floatingips",
            "data.openstack_networking_port_v2.ports",
            "openstack_compute_instance_v2.training-vm-be",
            "data.openstack_images_image_v2.gat-image-be"
          ]
        },
        {
          "index_key": 76,
          "schema_version": 0,
          "attributes": {
            "fixed_ip": "10.113.7.144",
            "floating_ip": "193.190.80.96",
            "id": "99bb2aed-dd56-48be-b37e-5f68d99a507c",
            "port_id": "abcf86e5-2dbf-4cc7-a1d2-24c5ca557607",
            "region": "regionOne"
          },
          "sensitive_attributes": [],
          "private": "bnVsbA==",
          "dependencies": [
            "data.openstack_networking_port_v2.ports",
            "openstack_compute_instance_v2.training-vm-be",
            "data.openstack_images_image_v2.gat-image-be",
            "data.openstack_networking_floatingip_v2.floatingips"
          ]
        },
        {
          "index_key": 77,
          "schema_version": 0,
          "attributes": {
            "fixed_ip": "10.113.7.89",
            "floating_ip": "193.190.80.97",
            "id": "b18cc90b-25c1-442f-b151-2cc6cdbff7ac",
            "port_id": "846990ae-1935-4cf8-947c-5b76f579b65a",
            "region": "regionOne"
          },
          "sensitive_attributes": [],
          "private": "bnVsbA==",
          "dependencies": [
            "data.openstack_networking_floatingip_v2.floatingips",
            "data.openstack_networking_port_v2.ports",
            "openstack_compute_instance_v2.training-vm-be",
            "data.openstack_images_image_v2.gat-image-be"
          ]
        },
        {
          "index_key": 78,
          "schema_version": 0,
          "attributes": {
            "fixed_ip": "10.113.7.72",
            "floating_ip": "193.190.80.98",
            "id": "6712b888-078f-402a-ba39-94cdb559891b",
            "port_id": "93c2c6f1-541f-4f0e-b567-240124029989",
            "region": "regionOne"
          },
          "sensitive_attributes": [],
          "private": "bnVsbA==",
          "dependencies": [
            "data.openstack_images_image_v2.gat-image-be",
            "data.openstack_networking_floatingip_v2.floatingips",
            "data.openstack_networking_port_v2.ports",
            "openstack_compute_instance_v2.training-vm-be"
          ]
        },
        {
          "index_key": 79,
          "schema_version": 0,
          "attributes": {
            "fixed_ip": "10.113.7.235",
            "floating_ip": "193.190.80.99",
            "id": "9f1c524b-1136-45ba-b0fb-a06878efd387",
            "port_id": "e9982ba8-6a63-478e-998d-8a6fecbd8656",
            "region": "regionOne"
          },
          "sensitive_attributes": [],
          "private": "bnVsbA==",
          "dependencies": [
            "data.openstack_images_image_v2.gat-image-be",
            "data.openstack_networking_floatingip_v2.floatingips",
            "data.openstack_networking_port_v2.ports",
            "openstack_compute_instance_v2.training-vm-be"
          ]
        }
      ]
    },
    {
      "mode": "managed",
      "type": "openstack_networking_secgroup_rule_v2",
      "name": "gat-egress4",
      "provider": "provider[\"registry.terraform.io/terraform-provider-openstack/openstack\"].vsc",
      "instances": [
        {
          "schema_version": 0,
          "attributes": {
            "description": "",
            "direction": "egress",
            "ethertype": "IPv4",
            "id": "54b504cf-5ef0-4977-a8ea-e3572450cfc6",
            "port_range_max": 0,
            "port_range_min": 0,
            "protocol": "",
            "region": "regionOne",
            "remote_group_id": "",
            "remote_ip_prefix": "",
            "security_group_id": "dcbfab8a-cb6e-40fb-b95c-fd779c686fab",
            "tenant_id": "46606f330313430bb0d464049481ab2f",
            "timeouts": {
              "delete": null
            }
          },
          "sensitive_attributes": [],
          "private": "eyJlMmJmYjczMC1lY2FhLTExZTYtOGY4OC0zNDM2M2JjN2M0YzAiOnsiZGVsZXRlIjo2MDAwMDAwMDAwMDB9fQ==",
          "dependencies": [
            "openstack_networking_secgroup_v2.gat"
          ]
        }
      ]
    },
    {
      "mode": "managed",
      "type": "openstack_networking_secgroup_rule_v2",
      "name": "gat-egress6",
      "provider": "provider[\"registry.terraform.io/terraform-provider-openstack/openstack\"].vsc",
      "instances": [
        {
          "schema_version": 0,
          "attributes": {
            "description": "",
            "direction": "egress",
            "ethertype": "IPv6",
            "id": "83214d7d-5e7c-4302-b2c3-ab251fa3e9ac",
            "port_range_max": 0,
            "port_range_min": 0,
            "protocol": "",
            "region": "regionOne",
            "remote_group_id": "",
            "remote_ip_prefix": "",
            "security_group_id": "dcbfab8a-cb6e-40fb-b95c-fd779c686fab",
            "tenant_id": "46606f330313430bb0d464049481ab2f",
            "timeouts": {
              "delete": null
            }
          },
          "sensitive_attributes": [],
          "private": "eyJlMmJmYjczMC1lY2FhLTExZTYtOGY4OC0zNDM2M2JjN2M0YzAiOnsiZGVsZXRlIjo2MDAwMDAwMDAwMDB9fQ==",
          "dependencies": [
            "openstack_networking_secgroup_v2.gat"
          ]
        }
      ]
    },
    {
      "mode": "managed",
      "type": "openstack_networking_secgroup_rule_v2",
      "name": "gat-ping",
      "provider": "provider[\"registry.terraform.io/terraform-provider-openstack/openstack\"].vsc",
      "instances": [
        {
          "schema_version": 0,
          "attributes": {
            "description": "",
            "direction": "ingress",
            "ethertype": "IPv4",
            "id": "20751863-0793-40bb-83e0-d099f85b8505",
            "port_range_max": 0,
            "port_range_min": 0,
            "protocol": "icmp",
            "region": "regionOne",
            "remote_group_id": "",
            "remote_ip_prefix": "",
            "security_group_id": "dcbfab8a-cb6e-40fb-b95c-fd779c686fab",
            "tenant_id": "46606f330313430bb0d464049481ab2f",
            "timeouts": {
              "delete": null
            }
          },
          "sensitive_attributes": [],
          "private": "eyJlMmJmYjczMC1lY2FhLTExZTYtOGY4OC0zNDM2M2JjN2M0YzAiOnsiZGVsZXRlIjo2MDAwMDAwMDAwMDB9fQ==",
          "dependencies": [
            "openstack_networking_secgroup_v2.gat"
          ]
        }
      ]
    },
    {
      "mode": "managed",
      "type": "openstack_networking_secgroup_rule_v2",
      "name": "gat-ports4",
      "provider": "provider[\"registry.terraform.io/terraform-provider-openstack/openstack\"].vsc",
      "instances": [
        {
          "index_key": 0,
          "schema_version": 0,
          "attributes": {
            "description": "",
            "direction": "ingress",
            "ethertype": "IPv4",
            "id": "06a160c7-274d-4fb0-8bc4-22d395cbde54",
            "port_range_max": 22,
            "port_range_min": 22,
            "protocol": "tcp",
            "region": "regionOne",
            "remote_group_id": "",
            "remote_ip_prefix": "",
            "security_group_id": "dcbfab8a-cb6e-40fb-b95c-fd779c686fab",
            "tenant_id": "46606f330313430bb0d464049481ab2f",
            "timeouts": {
              "delete": null
            }
          },
          "sensitive_attributes": [],
          "private": "eyJlMmJmYjczMC1lY2FhLTExZTYtOGY4OC0zNDM2M2JjN2M0YzAiOnsiZGVsZXRlIjo2MDAwMDAwMDAwMDB9fQ==",
          "dependencies": [
            "openstack_networking_secgroup_v2.gat"
          ]
        },
        {
          "index_key": 1,
          "schema_version": 0,
          "attributes": {
            "description": "",
            "direction": "ingress",
            "ethertype": "IPv4",
            "id": "4ebc362a-b4bb-4b25-a798-79016335c5bc",
            "port_range_max": 80,
            "port_range_min": 80,
            "protocol": "tcp",
            "region": "regionOne",
            "remote_group_id": "",
            "remote_ip_prefix": "",
            "security_group_id": "dcbfab8a-cb6e-40fb-b95c-fd779c686fab",
            "tenant_id": "46606f330313430bb0d464049481ab2f",
            "timeouts": {
              "delete": null
            }
          },
          "sensitive_attributes": [],
          "private": "eyJlMmJmYjczMC1lY2FhLTExZTYtOGY4OC0zNDM2M2JjN2M0YzAiOnsiZGVsZXRlIjo2MDAwMDAwMDAwMDB9fQ==",
          "dependencies": [
            "openstack_networking_secgroup_v2.gat"
          ]
        },
        {
          "index_key": 2,
          "schema_version": 0,
          "attributes": {
            "description": "",
            "direction": "ingress",
            "ethertype": "IPv4",
            "id": "98922ac3-670d-4a6d-8973-ba6e7469d417",
            "port_range_max": 443,
            "port_range_min": 443,
            "protocol": "tcp",
            "region": "regionOne",
            "remote_group_id": "",
            "remote_ip_prefix": "",
            "security_group_id": "dcbfab8a-cb6e-40fb-b95c-fd779c686fab",
            "tenant_id": "46606f330313430bb0d464049481ab2f",
            "timeouts": {
              "delete": null
            }
          },
          "sensitive_attributes": [],
          "private": "eyJlMmJmYjczMC1lY2FhLTExZTYtOGY4OC0zNDM2M2JjN2M0YzAiOnsiZGVsZXRlIjo2MDAwMDAwMDAwMDB9fQ==",
          "dependencies": [
            "openstack_networking_secgroup_v2.gat"
          ]
        },
        {
          "index_key": 3,
          "schema_version": 0,
          "attributes": {
            "description": "",
            "direction": "ingress",
            "ethertype": "IPv4",
            "id": "7282d085-2529-4927-940a-a6bbb267f5ae",
            "port_range_max": 5671,
            "port_range_min": 5671,
            "protocol": "tcp",
            "region": "regionOne",
            "remote_group_id": "",
            "remote_ip_prefix": "",
            "security_group_id": "dcbfab8a-cb6e-40fb-b95c-fd779c686fab",
            "tenant_id": "46606f330313430bb0d464049481ab2f",
            "timeouts": {
              "delete": null
            }
          },
          "sensitive_attributes": [],
          "private": "eyJlMmJmYjczMC1lY2FhLTExZTYtOGY4OC0zNDM2M2JjN2M0YzAiOnsiZGVsZXRlIjo2MDAwMDAwMDAwMDB9fQ==",
          "dependencies": [
            "openstack_networking_secgroup_v2.gat"
          ]
        },
        {
          "index_key": 4,
          "schema_version": 0,
          "attributes": {
            "description": "",
            "direction": "ingress",
            "ethertype": "IPv4",
            "id": "2b6da6f8-6c24-442a-9305-5d08f63494f4",
            "port_range_max": 8080,
            "port_range_min": 8080,
            "protocol": "tcp",
            "region": "regionOne",
            "remote_group_id": "",
            "remote_ip_prefix": "",
            "security_group_id": "dcbfab8a-cb6e-40fb-b95c-fd779c686fab",
            "tenant_id": "46606f330313430bb0d464049481ab2f",
            "timeouts": {
              "delete": null
            }
          },
          "sensitive_attributes": [],
          "private": "eyJlMmJmYjczMC1lY2FhLTExZTYtOGY4OC0zNDM2M2JjN2M0YzAiOnsiZGVsZXRlIjo2MDAwMDAwMDAwMDB9fQ==",
          "dependencies": [
            "openstack_networking_secgroup_v2.gat"
          ]
        }
      ]
    },
    {
      "mode": "managed",
      "type": "openstack_networking_secgroup_rule_v2",
      "name": "gat-ports6",
      "provider": "provider[\"registry.terraform.io/terraform-provider-openstack/openstack\"].vsc",
      "instances": [
        {
          "index_key": 0,
          "schema_version": 0,
          "attributes": {
            "description": "",
            "direction": "ingress",
            "ethertype": "IPv6",
            "id": "98968b0d-bc2e-4b2e-b930-395b7241b4c7",
            "port_range_max": 22,
            "port_range_min": 22,
            "protocol": "tcp",
            "region": "regionOne",
            "remote_group_id": "",
            "remote_ip_prefix": "",
            "security_group_id": "dcbfab8a-cb6e-40fb-b95c-fd779c686fab",
            "tenant_id": "46606f330313430bb0d464049481ab2f",
            "timeouts": {
              "delete": null
            }
          },
          "sensitive_attributes": [],
          "private": "eyJlMmJmYjczMC1lY2FhLTExZTYtOGY4OC0zNDM2M2JjN2M0YzAiOnsiZGVsZXRlIjo2MDAwMDAwMDAwMDB9fQ==",
          "dependencies": [
            "openstack_networking_secgroup_v2.gat"
          ]
        },
        {
          "index_key": 1,
          "schema_version": 0,
          "attributes": {
            "description": "",
            "direction": "ingress",
            "ethertype": "IPv6",
            "id": "981085fc-072a-4c08-a102-47f098b4cce7",
            "port_range_max": 80,
            "port_range_min": 80,
            "protocol": "tcp",
            "region": "regionOne",
            "remote_group_id": "",
            "remote_ip_prefix": "",
            "security_group_id": "dcbfab8a-cb6e-40fb-b95c-fd779c686fab",
            "tenant_id": "46606f330313430bb0d464049481ab2f",
            "timeouts": {
              "delete": null
            }
          },
          "sensitive_attributes": [],
          "private": "eyJlMmJmYjczMC1lY2FhLTExZTYtOGY4OC0zNDM2M2JjN2M0YzAiOnsiZGVsZXRlIjo2MDAwMDAwMDAwMDB9fQ==",
          "dependencies": [
            "openstack_networking_secgroup_v2.gat"
          ]
        },
        {
          "index_key": 2,
          "schema_version": 0,
          "attributes": {
            "description": "",
            "direction": "ingress",
            "ethertype": "IPv6",
            "id": "656651bb-8557-47d9-b60d-50ee6be9d16a",
            "port_range_max": 443,
            "port_range_min": 443,
            "protocol": "tcp",
            "region": "regionOne",
            "remote_group_id": "",
            "remote_ip_prefix": "",
            "security_group_id": "dcbfab8a-cb6e-40fb-b95c-fd779c686fab",
            "tenant_id": "46606f330313430bb0d464049481ab2f",
            "timeouts": {
              "delete": null
            }
          },
          "sensitive_attributes": [],
          "private": "eyJlMmJmYjczMC1lY2FhLTExZTYtOGY4OC0zNDM2M2JjN2M0YzAiOnsiZGVsZXRlIjo2MDAwMDAwMDAwMDB9fQ==",
          "dependencies": [
            "openstack_networking_secgroup_v2.gat"
          ]
        },
        {
          "index_key": 3,
          "schema_version": 0,
          "attributes": {
            "description": "",
            "direction": "ingress",
            "ethertype": "IPv6",
            "id": "88f4b162-65f6-4750-bc5f-6523c4ed9980",
            "port_range_max": 5671,
            "port_range_min": 5671,
            "protocol": "tcp",
            "region": "regionOne",
            "remote_group_id": "",
            "remote_ip_prefix": "",
            "security_group_id": "dcbfab8a-cb6e-40fb-b95c-fd779c686fab",
            "tenant_id": "46606f330313430bb0d464049481ab2f",
            "timeouts": {
              "delete": null
            }
          },
          "sensitive_attributes": [],
          "private": "eyJlMmJmYjczMC1lY2FhLTExZTYtOGY4OC0zNDM2M2JjN2M0YzAiOnsiZGVsZXRlIjo2MDAwMDAwMDAwMDB9fQ==",
          "dependencies": [
            "openstack_networking_secgroup_v2.gat"
          ]
        },
        {
          "index_key": 4,
          "schema_version": 0,
          "attributes": {
            "description": "",
            "direction": "ingress",
            "ethertype": "IPv6",
            "id": "7fc9c0fc-61ab-49fe-8cf0-a74c11077ecf",
            "port_range_max": 8080,
            "port_range_min": 8080,
            "protocol": "tcp",
            "region": "regionOne",
            "remote_group_id": "",
            "remote_ip_prefix": "",
            "security_group_id": "dcbfab8a-cb6e-40fb-b95c-fd779c686fab",
            "tenant_id": "46606f330313430bb0d464049481ab2f",
            "timeouts": {
              "delete": null
            }
          },
          "sensitive_attributes": [],
          "private": "eyJlMmJmYjczMC1lY2FhLTExZTYtOGY4OC0zNDM2M2JjN2M0YzAiOnsiZGVsZXRlIjo2MDAwMDAwMDAwMDB9fQ==",
          "dependencies": [
            "openstack_networking_secgroup_v2.gat"
          ]
        }
      ]
    },
    {
      "mode": "managed",
      "type": "openstack_networking_secgroup_v2",
      "name": "gat",
      "provider": "provider[\"registry.terraform.io/terraform-provider-openstack/openstack\"].vsc",
      "instances": [
        {
          "schema_version": 0,
          "attributes": {
            "all_tags": [],
            "delete_default_rules": true,
            "description": "[tf] Allow GAT port",
            "id": "dcbfab8a-cb6e-40fb-b95c-fd779c686fab",
            "name": "gat",
            "region": "regionOne",
            "tags": [],
            "tenant_id": "46606f330313430bb0d464049481ab2f",
            "timeouts": {
              "delete": null
            }
          },
          "sensitive_attributes": [],
          "private": "eyJlMmJmYjczMC1lY2FhLTExZTYtOGY4OC0zNDM2M2JjN2M0YzAiOnsiZGVsZXRlIjo2MDAwMDAwMDAwMDB9fQ=="
        }
      ]
    }
  ]
}
