{
  "version": 4,
  "terraform_version": "0.15.4",
  "serial": 201,
  "lineage": "7c944dab-7be1-a790-bc6d-08c8467bd2fd",
  "outputs": {},
  "resources": [
    {
      "mode": "managed",
      "type": "aws_route53_record",
      "name": "training-vm-eu-0",
      "provider": "provider[\"registry.terraform.io/hashicorp/aws\"]",
      "instances": [
        {
          "schema_version": 2,
          "attributes": {
            "alias": [],
            "allow_overwrite": null,
            "failover_routing_policy": [],
            "fqdn": "gat-0.eu.galaxy.training",
            "geolocation_routing_policy": [],
            "health_check_id": "",
            "id": "Z061285412X3TSRV2I2PH_gat-0.eu.galaxy.training_A",
            "latency_routing_policy": [],
            "multivalue_answer_routing_policy": null,
            "name": "gat-0.eu.galaxy.training",
            "records": [
              "192.52.42.1"
            ],
            "set_identifier": "",
            "ttl": 7200,
            "type": "A",
            "weighted_routing_policy": [],
            "zone_id": "Z061285412X3TSRV2I2PH"
          },
          "sensitive_attributes": [],
          "private": "eyJzY2hlbWFfdmVyc2lvbiI6IjIifQ=="
        }
      ]
    },
    {
      "mode": "managed",
      "type": "aws_route53_record",
      "name": "training-vm-eu-0-wildcard",
      "provider": "provider[\"registry.terraform.io/hashicorp/aws\"]",
      "instances": [
        {
          "schema_version": 2,
          "attributes": {
            "alias": [],
            "allow_overwrite": null,
            "failover_routing_policy": [],
            "fqdn": "*.interactivetoolentrypoint.interactivetool.gat-0.eu.galaxy.training",
            "geolocation_routing_policy": [],
            "health_check_id": "",
            "id": "Z061285412X3TSRV2I2PH_*.interactivetoolentrypoint.interactivetool.gat-0.eu.galaxy.training_CNAME",
            "latency_routing_policy": [],
            "multivalue_answer_routing_policy": null,
            "name": "*.interactivetoolentrypoint.interactivetool.gat-0.eu.galaxy.training",
            "records": [
              "gat-0.eu.galaxy.training"
            ],
            "set_identifier": "",
            "ttl": 7200,
            "type": "CNAME",
            "weighted_routing_policy": [],
            "zone_id": "Z061285412X3TSRV2I2PH"
          },
          "sensitive_attributes": [],
          "private": "eyJzY2hlbWFfdmVyc2lvbiI6IjIifQ=="
        }
      ]
    },
    {
      "mode": "managed",
      "type": "aws_route53_record",
      "name": "training-vm-eu-0-wildcard-other",
      "provider": "provider[\"registry.terraform.io/hashicorp/aws\"]",
      "instances": [
        {
          "schema_version": 2,
          "attributes": {
            "alias": [],
            "allow_overwrite": null,
            "failover_routing_policy": [],
            "fqdn": "*.gat-0.eu.galaxy.training",
            "geolocation_routing_policy": [],
            "health_check_id": "",
            "id": "Z061285412X3TSRV2I2PH_*.gat-0.eu.galaxy.training_CNAME",
            "latency_routing_policy": [],
            "multivalue_answer_routing_policy": null,
            "name": "*.gat-0.eu.galaxy.training",
            "records": [
              "gat-0.eu.galaxy.training"
            ],
            "set_identifier": "",
            "ttl": 7200,
            "type": "CNAME",
            "weighted_routing_policy": [],
            "zone_id": "Z061285412X3TSRV2I2PH"
          },
          "sensitive_attributes": [],
          "private": "eyJzY2hlbWFfdmVyc2lvbiI6IjIifQ=="
        }
      ]
    },
    {
      "mode": "managed",
      "type": "aws_route53_record",
      "name": "training-vm-eu-1",
      "provider": "provider[\"registry.terraform.io/hashicorp/aws\"]",
      "instances": [
        {
          "schema_version": 2,
          "attributes": {
            "alias": [],
            "allow_overwrite": null,
            "failover_routing_policy": [],
            "fqdn": "gat-1.eu.galaxy.training",
            "geolocation_routing_policy": [],
            "health_check_id": "",
            "id": "Z061285412X3TSRV2I2PH_gat-1.eu.galaxy.training_A",
            "latency_routing_policy": [],
            "multivalue_answer_routing_policy": null,
            "name": "gat-1.eu.galaxy.training",
            "records": [
              "192.52.46.84"
            ],
            "set_identifier": "",
            "ttl": 7200,
            "type": "A",
            "weighted_routing_policy": [],
            "zone_id": "Z061285412X3TSRV2I2PH"
          },
          "sensitive_attributes": [],
          "private": "eyJzY2hlbWFfdmVyc2lvbiI6IjIifQ=="
        }
      ]
    },
    {
      "mode": "managed",
      "type": "aws_route53_record",
      "name": "training-vm-eu-1-wildcard",
      "provider": "provider[\"registry.terraform.io/hashicorp/aws\"]",
      "instances": [
        {
          "schema_version": 2,
          "attributes": {
            "alias": [],
            "allow_overwrite": null,
            "failover_routing_policy": [],
            "fqdn": "*.interactivetoolentrypoint.interactivetool.gat-1.eu.galaxy.training",
            "geolocation_routing_policy": [],
            "health_check_id": "",
            "id": "Z061285412X3TSRV2I2PH_*.interactivetoolentrypoint.interactivetool.gat-1.eu.galaxy.training_CNAME",
            "latency_routing_policy": [],
            "multivalue_answer_routing_policy": null,
            "name": "*.interactivetoolentrypoint.interactivetool.gat-1.eu.galaxy.training",
            "records": [
              "gat-1.eu.galaxy.training"
            ],
            "set_identifier": "",
            "ttl": 7200,
            "type": "CNAME",
            "weighted_routing_policy": [],
            "zone_id": "Z061285412X3TSRV2I2PH"
          },
          "sensitive_attributes": [],
          "private": "eyJzY2hlbWFfdmVyc2lvbiI6IjIifQ=="
        }
      ]
    },
    {
      "mode": "managed",
      "type": "aws_route53_record",
      "name": "training-vm-eu-1-wildcard-other",
      "provider": "provider[\"registry.terraform.io/hashicorp/aws\"]",
      "instances": [
        {
          "schema_version": 2,
          "attributes": {
            "alias": [],
            "allow_overwrite": null,
            "failover_routing_policy": [],
            "fqdn": "*.gat-1.eu.galaxy.training",
            "geolocation_routing_policy": [],
            "health_check_id": "",
            "id": "Z061285412X3TSRV2I2PH_*.gat-1.eu.galaxy.training_CNAME",
            "latency_routing_policy": [],
            "multivalue_answer_routing_policy": null,
            "name": "*.gat-1.eu.galaxy.training",
            "records": [
              "gat-1.eu.galaxy.training"
            ],
            "set_identifier": "",
            "ttl": 7200,
            "type": "CNAME",
            "weighted_routing_policy": [],
            "zone_id": "Z061285412X3TSRV2I2PH"
          },
          "sensitive_attributes": [],
          "private": "eyJzY2hlbWFfdmVyc2lvbiI6IjIifQ=="
        }
      ]
    },
    {
      "mode": "managed",
      "type": "aws_route53_record",
      "name": "training-vm-eu-10",
      "provider": "provider[\"registry.terraform.io/hashicorp/aws\"]",
      "instances": [
        {
          "schema_version": 2,
          "attributes": {
            "alias": [],
            "allow_overwrite": null,
            "failover_routing_policy": [],
            "fqdn": "gat-10.eu.galaxy.training",
            "geolocation_routing_policy": [],
            "health_check_id": "",
            "id": "Z061285412X3TSRV2I2PH_gat-10.eu.galaxy.training_A",
            "latency_routing_policy": [],
            "multivalue_answer_routing_policy": null,
            "name": "gat-10.eu.galaxy.training",
            "records": [
              "192.52.45.91"
            ],
            "set_identifier": "",
            "ttl": 7200,
            "type": "A",
            "weighted_routing_policy": [],
            "zone_id": "Z061285412X3TSRV2I2PH"
          },
          "sensitive_attributes": [],
          "private": "eyJzY2hlbWFfdmVyc2lvbiI6IjIifQ=="
        }
      ]
    },
    {
      "mode": "managed",
      "type": "aws_route53_record",
      "name": "training-vm-eu-10-wildcard",
      "provider": "provider[\"registry.terraform.io/hashicorp/aws\"]",
      "instances": [
        {
          "schema_version": 2,
          "attributes": {
            "alias": [],
            "allow_overwrite": null,
            "failover_routing_policy": [],
            "fqdn": "*.interactivetoolentrypoint.interactivetool.gat-10.eu.galaxy.training",
            "geolocation_routing_policy": [],
            "health_check_id": "",
            "id": "Z061285412X3TSRV2I2PH_*.interactivetoolentrypoint.interactivetool.gat-10.eu.galaxy.training_CNAME",
            "latency_routing_policy": [],
            "multivalue_answer_routing_policy": null,
            "name": "*.interactivetoolentrypoint.interactivetool.gat-10.eu.galaxy.training",
            "records": [
              "gat-10.eu.galaxy.training"
            ],
            "set_identifier": "",
            "ttl": 7200,
            "type": "CNAME",
            "weighted_routing_policy": [],
            "zone_id": "Z061285412X3TSRV2I2PH"
          },
          "sensitive_attributes": [],
          "private": "eyJzY2hlbWFfdmVyc2lvbiI6IjIifQ=="
        }
      ]
    },
    {
      "mode": "managed",
      "type": "aws_route53_record",
      "name": "training-vm-eu-10-wildcard-other",
      "provider": "provider[\"registry.terraform.io/hashicorp/aws\"]",
      "instances": [
        {
          "schema_version": 2,
          "attributes": {
            "alias": [],
            "allow_overwrite": null,
            "failover_routing_policy": [],
            "fqdn": "*.gat-10.eu.galaxy.training",
            "geolocation_routing_policy": [],
            "health_check_id": "",
            "id": "Z061285412X3TSRV2I2PH_*.gat-10.eu.galaxy.training_CNAME",
            "latency_routing_policy": [],
            "multivalue_answer_routing_policy": null,
            "name": "*.gat-10.eu.galaxy.training",
            "records": [
              "gat-10.eu.galaxy.training"
            ],
            "set_identifier": "",
            "ttl": 7200,
            "type": "CNAME",
            "weighted_routing_policy": [],
            "zone_id": "Z061285412X3TSRV2I2PH"
          },
          "sensitive_attributes": [],
          "private": "eyJzY2hlbWFfdmVyc2lvbiI6IjIifQ=="
        }
      ]
    },
    {
      "mode": "managed",
      "type": "aws_route53_record",
      "name": "training-vm-eu-11",
      "provider": "provider[\"registry.terraform.io/hashicorp/aws\"]",
      "instances": [
        {
          "schema_version": 2,
          "attributes": {
            "alias": [],
            "allow_overwrite": null,
            "failover_routing_policy": [],
            "fqdn": "gat-11.eu.galaxy.training",
            "geolocation_routing_policy": [],
            "health_check_id": "",
            "id": "Z061285412X3TSRV2I2PH_gat-11.eu.galaxy.training_A",
            "latency_routing_policy": [],
            "multivalue_answer_routing_policy": null,
            "name": "gat-11.eu.galaxy.training",
            "records": [
              "192.52.45.107"
            ],
            "set_identifier": "",
            "ttl": 7200,
            "type": "A",
            "weighted_routing_policy": [],
            "zone_id": "Z061285412X3TSRV2I2PH"
          },
          "sensitive_attributes": [],
          "private": "eyJzY2hlbWFfdmVyc2lvbiI6IjIifQ=="
        }
      ]
    },
    {
      "mode": "managed",
      "type": "aws_route53_record",
      "name": "training-vm-eu-11-wildcard",
      "provider": "provider[\"registry.terraform.io/hashicorp/aws\"]",
      "instances": [
        {
          "schema_version": 2,
          "attributes": {
            "alias": [],
            "allow_overwrite": null,
            "failover_routing_policy": [],
            "fqdn": "*.interactivetoolentrypoint.interactivetool.gat-11.eu.galaxy.training",
            "geolocation_routing_policy": [],
            "health_check_id": "",
            "id": "Z061285412X3TSRV2I2PH_*.interactivetoolentrypoint.interactivetool.gat-11.eu.galaxy.training_CNAME",
            "latency_routing_policy": [],
            "multivalue_answer_routing_policy": null,
            "name": "*.interactivetoolentrypoint.interactivetool.gat-11.eu.galaxy.training",
            "records": [
              "gat-11.eu.galaxy.training"
            ],
            "set_identifier": "",
            "ttl": 7200,
            "type": "CNAME",
            "weighted_routing_policy": [],
            "zone_id": "Z061285412X3TSRV2I2PH"
          },
          "sensitive_attributes": [],
          "private": "eyJzY2hlbWFfdmVyc2lvbiI6IjIifQ=="
        }
      ]
    },
    {
      "mode": "managed",
      "type": "aws_route53_record",
      "name": "training-vm-eu-11-wildcard-other",
      "provider": "provider[\"registry.terraform.io/hashicorp/aws\"]",
      "instances": [
        {
          "schema_version": 2,
          "attributes": {
            "alias": [],
            "allow_overwrite": null,
            "failover_routing_policy": [],
            "fqdn": "*.gat-11.eu.galaxy.training",
            "geolocation_routing_policy": [],
            "health_check_id": "",
            "id": "Z061285412X3TSRV2I2PH_*.gat-11.eu.galaxy.training_CNAME",
            "latency_routing_policy": [],
            "multivalue_answer_routing_policy": null,
            "name": "*.gat-11.eu.galaxy.training",
            "records": [
              "gat-11.eu.galaxy.training"
            ],
            "set_identifier": "",
            "ttl": 7200,
            "type": "CNAME",
            "weighted_routing_policy": [],
            "zone_id": "Z061285412X3TSRV2I2PH"
          },
          "sensitive_attributes": [],
          "private": "eyJzY2hlbWFfdmVyc2lvbiI6IjIifQ=="
        }
      ]
    },
    {
      "mode": "managed",
      "type": "aws_route53_record",
      "name": "training-vm-eu-12",
      "provider": "provider[\"registry.terraform.io/hashicorp/aws\"]",
      "instances": [
        {
          "schema_version": 2,
          "attributes": {
            "alias": [],
            "allow_overwrite": null,
            "failover_routing_policy": [],
            "fqdn": "gat-12.eu.galaxy.training",
            "geolocation_routing_policy": [],
            "health_check_id": "",
            "id": "Z061285412X3TSRV2I2PH_gat-12.eu.galaxy.training_A",
            "latency_routing_policy": [],
            "multivalue_answer_routing_policy": null,
            "name": "gat-12.eu.galaxy.training",
            "records": [
              "192.52.47.155"
            ],
            "set_identifier": "",
            "ttl": 7200,
            "type": "A",
            "weighted_routing_policy": [],
            "zone_id": "Z061285412X3TSRV2I2PH"
          },
          "sensitive_attributes": [],
          "private": "eyJzY2hlbWFfdmVyc2lvbiI6IjIifQ=="
        }
      ]
    },
    {
      "mode": "managed",
      "type": "aws_route53_record",
      "name": "training-vm-eu-12-wildcard",
      "provider": "provider[\"registry.terraform.io/hashicorp/aws\"]",
      "instances": [
        {
          "schema_version": 2,
          "attributes": {
            "alias": [],
            "allow_overwrite": null,
            "failover_routing_policy": [],
            "fqdn": "*.interactivetoolentrypoint.interactivetool.gat-12.eu.galaxy.training",
            "geolocation_routing_policy": [],
            "health_check_id": "",
            "id": "Z061285412X3TSRV2I2PH_*.interactivetoolentrypoint.interactivetool.gat-12.eu.galaxy.training_CNAME",
            "latency_routing_policy": [],
            "multivalue_answer_routing_policy": null,
            "name": "*.interactivetoolentrypoint.interactivetool.gat-12.eu.galaxy.training",
            "records": [
              "gat-12.eu.galaxy.training"
            ],
            "set_identifier": "",
            "ttl": 7200,
            "type": "CNAME",
            "weighted_routing_policy": [],
            "zone_id": "Z061285412X3TSRV2I2PH"
          },
          "sensitive_attributes": [],
          "private": "eyJzY2hlbWFfdmVyc2lvbiI6IjIifQ=="
        }
      ]
    },
    {
      "mode": "managed",
      "type": "aws_route53_record",
      "name": "training-vm-eu-12-wildcard-other",
      "provider": "provider[\"registry.terraform.io/hashicorp/aws\"]",
      "instances": [
        {
          "schema_version": 2,
          "attributes": {
            "alias": [],
            "allow_overwrite": null,
            "failover_routing_policy": [],
            "fqdn": "*.gat-12.eu.galaxy.training",
            "geolocation_routing_policy": [],
            "health_check_id": "",
            "id": "Z061285412X3TSRV2I2PH_*.gat-12.eu.galaxy.training_CNAME",
            "latency_routing_policy": [],
            "multivalue_answer_routing_policy": null,
            "name": "*.gat-12.eu.galaxy.training",
            "records": [
              "gat-12.eu.galaxy.training"
            ],
            "set_identifier": "",
            "ttl": 7200,
            "type": "CNAME",
            "weighted_routing_policy": [],
            "zone_id": "Z061285412X3TSRV2I2PH"
          },
          "sensitive_attributes": [],
          "private": "eyJzY2hlbWFfdmVyc2lvbiI6IjIifQ=="
        }
      ]
    },
    {
      "mode": "managed",
      "type": "aws_route53_record",
      "name": "training-vm-eu-13",
      "provider": "provider[\"registry.terraform.io/hashicorp/aws\"]",
      "instances": [
        {
          "schema_version": 2,
          "attributes": {
            "alias": [],
            "allow_overwrite": null,
            "failover_routing_policy": [],
            "fqdn": "gat-13.eu.galaxy.training",
            "geolocation_routing_policy": [],
            "health_check_id": "",
            "id": "Z061285412X3TSRV2I2PH_gat-13.eu.galaxy.training_A",
            "latency_routing_policy": [],
            "multivalue_answer_routing_policy": null,
            "name": "gat-13.eu.galaxy.training",
            "records": [
              "192.52.44.28"
            ],
            "set_identifier": "",
            "ttl": 7200,
            "type": "A",
            "weighted_routing_policy": [],
            "zone_id": "Z061285412X3TSRV2I2PH"
          },
          "sensitive_attributes": [],
          "private": "eyJzY2hlbWFfdmVyc2lvbiI6IjIifQ=="
        }
      ]
    },
    {
      "mode": "managed",
      "type": "aws_route53_record",
      "name": "training-vm-eu-13-wildcard",
      "provider": "provider[\"registry.terraform.io/hashicorp/aws\"]",
      "instances": [
        {
          "schema_version": 2,
          "attributes": {
            "alias": [],
            "allow_overwrite": null,
            "failover_routing_policy": [],
            "fqdn": "*.interactivetoolentrypoint.interactivetool.gat-13.eu.galaxy.training",
            "geolocation_routing_policy": [],
            "health_check_id": "",
            "id": "Z061285412X3TSRV2I2PH_*.interactivetoolentrypoint.interactivetool.gat-13.eu.galaxy.training_CNAME",
            "latency_routing_policy": [],
            "multivalue_answer_routing_policy": null,
            "name": "*.interactivetoolentrypoint.interactivetool.gat-13.eu.galaxy.training",
            "records": [
              "gat-13.eu.galaxy.training"
            ],
            "set_identifier": "",
            "ttl": 7200,
            "type": "CNAME",
            "weighted_routing_policy": [],
            "zone_id": "Z061285412X3TSRV2I2PH"
          },
          "sensitive_attributes": [],
          "private": "eyJzY2hlbWFfdmVyc2lvbiI6IjIifQ=="
        }
      ]
    },
    {
      "mode": "managed",
      "type": "aws_route53_record",
      "name": "training-vm-eu-13-wildcard-other",
      "provider": "provider[\"registry.terraform.io/hashicorp/aws\"]",
      "instances": [
        {
          "schema_version": 2,
          "attributes": {
            "alias": [],
            "allow_overwrite": null,
            "failover_routing_policy": [],
            "fqdn": "*.gat-13.eu.galaxy.training",
            "geolocation_routing_policy": [],
            "health_check_id": "",
            "id": "Z061285412X3TSRV2I2PH_*.gat-13.eu.galaxy.training_CNAME",
            "latency_routing_policy": [],
            "multivalue_answer_routing_policy": null,
            "name": "*.gat-13.eu.galaxy.training",
            "records": [
              "gat-13.eu.galaxy.training"
            ],
            "set_identifier": "",
            "ttl": 7200,
            "type": "CNAME",
            "weighted_routing_policy": [],
            "zone_id": "Z061285412X3TSRV2I2PH"
          },
          "sensitive_attributes": [],
          "private": "eyJzY2hlbWFfdmVyc2lvbiI6IjIifQ=="
        }
      ]
    },
    {
      "mode": "managed",
      "type": "aws_route53_record",
      "name": "training-vm-eu-14",
      "provider": "provider[\"registry.terraform.io/hashicorp/aws\"]",
      "instances": [
        {
          "schema_version": 2,
          "attributes": {
            "alias": [],
            "allow_overwrite": null,
            "failover_routing_policy": [],
            "fqdn": "gat-14.eu.galaxy.training",
            "geolocation_routing_policy": [],
            "health_check_id": "",
            "id": "Z061285412X3TSRV2I2PH_gat-14.eu.galaxy.training_A",
            "latency_routing_policy": [],
            "multivalue_answer_routing_policy": null,
            "name": "gat-14.eu.galaxy.training",
            "records": [
              "192.52.46.243"
            ],
            "set_identifier": "",
            "ttl": 7200,
            "type": "A",
            "weighted_routing_policy": [],
            "zone_id": "Z061285412X3TSRV2I2PH"
          },
          "sensitive_attributes": [],
          "private": "eyJzY2hlbWFfdmVyc2lvbiI6IjIifQ=="
        }
      ]
    },
    {
      "mode": "managed",
      "type": "aws_route53_record",
      "name": "training-vm-eu-14-wildcard",
      "provider": "provider[\"registry.terraform.io/hashicorp/aws\"]",
      "instances": [
        {
          "schema_version": 2,
          "attributes": {
            "alias": [],
            "allow_overwrite": null,
            "failover_routing_policy": [],
            "fqdn": "*.interactivetoolentrypoint.interactivetool.gat-14.eu.galaxy.training",
            "geolocation_routing_policy": [],
            "health_check_id": "",
            "id": "Z061285412X3TSRV2I2PH_*.interactivetoolentrypoint.interactivetool.gat-14.eu.galaxy.training_CNAME",
            "latency_routing_policy": [],
            "multivalue_answer_routing_policy": null,
            "name": "*.interactivetoolentrypoint.interactivetool.gat-14.eu.galaxy.training",
            "records": [
              "gat-14.eu.galaxy.training"
            ],
            "set_identifier": "",
            "ttl": 7200,
            "type": "CNAME",
            "weighted_routing_policy": [],
            "zone_id": "Z061285412X3TSRV2I2PH"
          },
          "sensitive_attributes": [],
          "private": "eyJzY2hlbWFfdmVyc2lvbiI6IjIifQ=="
        }
      ]
    },
    {
      "mode": "managed",
      "type": "aws_route53_record",
      "name": "training-vm-eu-14-wildcard-other",
      "provider": "provider[\"registry.terraform.io/hashicorp/aws\"]",
      "instances": [
        {
          "schema_version": 2,
          "attributes": {
            "alias": [],
            "allow_overwrite": null,
            "failover_routing_policy": [],
            "fqdn": "*.gat-14.eu.galaxy.training",
            "geolocation_routing_policy": [],
            "health_check_id": "",
            "id": "Z061285412X3TSRV2I2PH_*.gat-14.eu.galaxy.training_CNAME",
            "latency_routing_policy": [],
            "multivalue_answer_routing_policy": null,
            "name": "*.gat-14.eu.galaxy.training",
            "records": [
              "gat-14.eu.galaxy.training"
            ],
            "set_identifier": "",
            "ttl": 7200,
            "type": "CNAME",
            "weighted_routing_policy": [],
            "zone_id": "Z061285412X3TSRV2I2PH"
          },
          "sensitive_attributes": [],
          "private": "eyJzY2hlbWFfdmVyc2lvbiI6IjIifQ=="
        }
      ]
    },
    {
      "mode": "managed",
      "type": "aws_route53_record",
      "name": "training-vm-eu-15",
      "provider": "provider[\"registry.terraform.io/hashicorp/aws\"]",
      "instances": [
        {
          "schema_version": 2,
          "attributes": {
            "alias": [],
            "allow_overwrite": null,
            "failover_routing_policy": [],
            "fqdn": "gat-15.eu.galaxy.training",
            "geolocation_routing_policy": [],
            "health_check_id": "",
            "id": "Z061285412X3TSRV2I2PH_gat-15.eu.galaxy.training_A",
            "latency_routing_policy": [],
            "multivalue_answer_routing_policy": null,
            "name": "gat-15.eu.galaxy.training",
            "records": [
              "192.52.45.192"
            ],
            "set_identifier": "",
            "ttl": 7200,
            "type": "A",
            "weighted_routing_policy": [],
            "zone_id": "Z061285412X3TSRV2I2PH"
          },
          "sensitive_attributes": [],
          "private": "eyJzY2hlbWFfdmVyc2lvbiI6IjIifQ=="
        }
      ]
    },
    {
      "mode": "managed",
      "type": "aws_route53_record",
      "name": "training-vm-eu-15-wildcard",
      "provider": "provider[\"registry.terraform.io/hashicorp/aws\"]",
      "instances": [
        {
          "schema_version": 2,
          "attributes": {
            "alias": [],
            "allow_overwrite": null,
            "failover_routing_policy": [],
            "fqdn": "*.interactivetoolentrypoint.interactivetool.gat-15.eu.galaxy.training",
            "geolocation_routing_policy": [],
            "health_check_id": "",
            "id": "Z061285412X3TSRV2I2PH_*.interactivetoolentrypoint.interactivetool.gat-15.eu.galaxy.training_CNAME",
            "latency_routing_policy": [],
            "multivalue_answer_routing_policy": null,
            "name": "*.interactivetoolentrypoint.interactivetool.gat-15.eu.galaxy.training",
            "records": [
              "gat-15.eu.galaxy.training"
            ],
            "set_identifier": "",
            "ttl": 7200,
            "type": "CNAME",
            "weighted_routing_policy": [],
            "zone_id": "Z061285412X3TSRV2I2PH"
          },
          "sensitive_attributes": [],
          "private": "eyJzY2hlbWFfdmVyc2lvbiI6IjIifQ=="
        }
      ]
    },
    {
      "mode": "managed",
      "type": "aws_route53_record",
      "name": "training-vm-eu-15-wildcard-other",
      "provider": "provider[\"registry.terraform.io/hashicorp/aws\"]",
      "instances": [
        {
          "schema_version": 2,
          "attributes": {
            "alias": [],
            "allow_overwrite": null,
            "failover_routing_policy": [],
            "fqdn": "*.gat-15.eu.galaxy.training",
            "geolocation_routing_policy": [],
            "health_check_id": "",
            "id": "Z061285412X3TSRV2I2PH_*.gat-15.eu.galaxy.training_CNAME",
            "latency_routing_policy": [],
            "multivalue_answer_routing_policy": null,
            "name": "*.gat-15.eu.galaxy.training",
            "records": [
              "gat-15.eu.galaxy.training"
            ],
            "set_identifier": "",
            "ttl": 7200,
            "type": "CNAME",
            "weighted_routing_policy": [],
            "zone_id": "Z061285412X3TSRV2I2PH"
          },
          "sensitive_attributes": [],
          "private": "eyJzY2hlbWFfdmVyc2lvbiI6IjIifQ=="
        }
      ]
    },
    {
      "mode": "managed",
      "type": "aws_route53_record",
      "name": "training-vm-eu-16",
      "provider": "provider[\"registry.terraform.io/hashicorp/aws\"]",
      "instances": [
        {
          "schema_version": 2,
          "attributes": {
            "alias": [],
            "allow_overwrite": null,
            "failover_routing_policy": [],
            "fqdn": "gat-16.eu.galaxy.training",
            "geolocation_routing_policy": [],
            "health_check_id": "",
            "id": "Z061285412X3TSRV2I2PH_gat-16.eu.galaxy.training_A",
            "latency_routing_policy": [],
            "multivalue_answer_routing_policy": null,
            "name": "gat-16.eu.galaxy.training",
            "records": [
              "192.52.43.232"
            ],
            "set_identifier": "",
            "ttl": 7200,
            "type": "A",
            "weighted_routing_policy": [],
            "zone_id": "Z061285412X3TSRV2I2PH"
          },
          "sensitive_attributes": [],
          "private": "eyJzY2hlbWFfdmVyc2lvbiI6IjIifQ=="
        }
      ]
    },
    {
      "mode": "managed",
      "type": "aws_route53_record",
      "name": "training-vm-eu-16-wildcard",
      "provider": "provider[\"registry.terraform.io/hashicorp/aws\"]",
      "instances": [
        {
          "schema_version": 2,
          "attributes": {
            "alias": [],
            "allow_overwrite": null,
            "failover_routing_policy": [],
            "fqdn": "*.interactivetoolentrypoint.interactivetool.gat-16.eu.galaxy.training",
            "geolocation_routing_policy": [],
            "health_check_id": "",
            "id": "Z061285412X3TSRV2I2PH_*.interactivetoolentrypoint.interactivetool.gat-16.eu.galaxy.training_CNAME",
            "latency_routing_policy": [],
            "multivalue_answer_routing_policy": null,
            "name": "*.interactivetoolentrypoint.interactivetool.gat-16.eu.galaxy.training",
            "records": [
              "gat-16.eu.galaxy.training"
            ],
            "set_identifier": "",
            "ttl": 7200,
            "type": "CNAME",
            "weighted_routing_policy": [],
            "zone_id": "Z061285412X3TSRV2I2PH"
          },
          "sensitive_attributes": [],
          "private": "eyJzY2hlbWFfdmVyc2lvbiI6IjIifQ=="
        }
      ]
    },
    {
      "mode": "managed",
      "type": "aws_route53_record",
      "name": "training-vm-eu-16-wildcard-other",
      "provider": "provider[\"registry.terraform.io/hashicorp/aws\"]",
      "instances": [
        {
          "schema_version": 2,
          "attributes": {
            "alias": [],
            "allow_overwrite": null,
            "failover_routing_policy": [],
            "fqdn": "*.gat-16.eu.galaxy.training",
            "geolocation_routing_policy": [],
            "health_check_id": "",
            "id": "Z061285412X3TSRV2I2PH_*.gat-16.eu.galaxy.training_CNAME",
            "latency_routing_policy": [],
            "multivalue_answer_routing_policy": null,
            "name": "*.gat-16.eu.galaxy.training",
            "records": [
              "gat-16.eu.galaxy.training"
            ],
            "set_identifier": "",
            "ttl": 7200,
            "type": "CNAME",
            "weighted_routing_policy": [],
            "zone_id": "Z061285412X3TSRV2I2PH"
          },
          "sensitive_attributes": [],
          "private": "eyJzY2hlbWFfdmVyc2lvbiI6IjIifQ=="
        }
      ]
    },
    {
      "mode": "managed",
      "type": "aws_route53_record",
      "name": "training-vm-eu-17",
      "provider": "provider[\"registry.terraform.io/hashicorp/aws\"]",
      "instances": [
        {
          "schema_version": 2,
          "attributes": {
            "alias": [],
            "allow_overwrite": null,
            "failover_routing_policy": [],
            "fqdn": "gat-17.eu.galaxy.training",
            "geolocation_routing_policy": [],
            "health_check_id": "",
            "id": "Z061285412X3TSRV2I2PH_gat-17.eu.galaxy.training_A",
            "latency_routing_policy": [],
            "multivalue_answer_routing_policy": null,
            "name": "gat-17.eu.galaxy.training",
            "records": [
              "192.52.44.223"
            ],
            "set_identifier": "",
            "ttl": 7200,
            "type": "A",
            "weighted_routing_policy": [],
            "zone_id": "Z061285412X3TSRV2I2PH"
          },
          "sensitive_attributes": [],
          "private": "eyJzY2hlbWFfdmVyc2lvbiI6IjIifQ=="
        }
      ]
    },
    {
      "mode": "managed",
      "type": "aws_route53_record",
      "name": "training-vm-eu-17-wildcard",
      "provider": "provider[\"registry.terraform.io/hashicorp/aws\"]",
      "instances": [
        {
          "schema_version": 2,
          "attributes": {
            "alias": [],
            "allow_overwrite": null,
            "failover_routing_policy": [],
            "fqdn": "*.interactivetoolentrypoint.interactivetool.gat-17.eu.galaxy.training",
            "geolocation_routing_policy": [],
            "health_check_id": "",
            "id": "Z061285412X3TSRV2I2PH_*.interactivetoolentrypoint.interactivetool.gat-17.eu.galaxy.training_CNAME",
            "latency_routing_policy": [],
            "multivalue_answer_routing_policy": null,
            "name": "*.interactivetoolentrypoint.interactivetool.gat-17.eu.galaxy.training",
            "records": [
              "gat-17.eu.galaxy.training"
            ],
            "set_identifier": "",
            "ttl": 7200,
            "type": "CNAME",
            "weighted_routing_policy": [],
            "zone_id": "Z061285412X3TSRV2I2PH"
          },
          "sensitive_attributes": [],
          "private": "eyJzY2hlbWFfdmVyc2lvbiI6IjIifQ=="
        }
      ]
    },
    {
      "mode": "managed",
      "type": "aws_route53_record",
      "name": "training-vm-eu-17-wildcard-other",
      "provider": "provider[\"registry.terraform.io/hashicorp/aws\"]",
      "instances": [
        {
          "schema_version": 2,
          "attributes": {
            "alias": [],
            "allow_overwrite": null,
            "failover_routing_policy": [],
            "fqdn": "*.gat-17.eu.galaxy.training",
            "geolocation_routing_policy": [],
            "health_check_id": "",
            "id": "Z061285412X3TSRV2I2PH_*.gat-17.eu.galaxy.training_CNAME",
            "latency_routing_policy": [],
            "multivalue_answer_routing_policy": null,
            "name": "*.gat-17.eu.galaxy.training",
            "records": [
              "gat-17.eu.galaxy.training"
            ],
            "set_identifier": "",
            "ttl": 7200,
            "type": "CNAME",
            "weighted_routing_policy": [],
            "zone_id": "Z061285412X3TSRV2I2PH"
          },
          "sensitive_attributes": [],
          "private": "eyJzY2hlbWFfdmVyc2lvbiI6IjIifQ=="
        }
      ]
    },
    {
      "mode": "managed",
      "type": "aws_route53_record",
      "name": "training-vm-eu-18",
      "provider": "provider[\"registry.terraform.io/hashicorp/aws\"]",
      "instances": [
        {
          "schema_version": 2,
          "attributes": {
            "alias": [],
            "allow_overwrite": null,
            "failover_routing_policy": [],
            "fqdn": "gat-18.eu.galaxy.training",
            "geolocation_routing_policy": [],
            "health_check_id": "",
            "id": "Z061285412X3TSRV2I2PH_gat-18.eu.galaxy.training_A",
            "latency_routing_policy": [],
            "multivalue_answer_routing_policy": null,
            "name": "gat-18.eu.galaxy.training",
            "records": [
              "192.52.46.223"
            ],
            "set_identifier": "",
            "ttl": 7200,
            "type": "A",
            "weighted_routing_policy": [],
            "zone_id": "Z061285412X3TSRV2I2PH"
          },
          "sensitive_attributes": [],
          "private": "eyJzY2hlbWFfdmVyc2lvbiI6IjIifQ=="
        }
      ]
    },
    {
      "mode": "managed",
      "type": "aws_route53_record",
      "name": "training-vm-eu-18-wildcard",
      "provider": "provider[\"registry.terraform.io/hashicorp/aws\"]",
      "instances": [
        {
          "schema_version": 2,
          "attributes": {
            "alias": [],
            "allow_overwrite": null,
            "failover_routing_policy": [],
            "fqdn": "*.interactivetoolentrypoint.interactivetool.gat-18.eu.galaxy.training",
            "geolocation_routing_policy": [],
            "health_check_id": "",
            "id": "Z061285412X3TSRV2I2PH_*.interactivetoolentrypoint.interactivetool.gat-18.eu.galaxy.training_CNAME",
            "latency_routing_policy": [],
            "multivalue_answer_routing_policy": null,
            "name": "*.interactivetoolentrypoint.interactivetool.gat-18.eu.galaxy.training",
            "records": [
              "gat-18.eu.galaxy.training"
            ],
            "set_identifier": "",
            "ttl": 7200,
            "type": "CNAME",
            "weighted_routing_policy": [],
            "zone_id": "Z061285412X3TSRV2I2PH"
          },
          "sensitive_attributes": [],
          "private": "eyJzY2hlbWFfdmVyc2lvbiI6IjIifQ=="
        }
      ]
    },
    {
      "mode": "managed",
      "type": "aws_route53_record",
      "name": "training-vm-eu-18-wildcard-other",
      "provider": "provider[\"registry.terraform.io/hashicorp/aws\"]",
      "instances": [
        {
          "schema_version": 2,
          "attributes": {
            "alias": [],
            "allow_overwrite": null,
            "failover_routing_policy": [],
            "fqdn": "*.gat-18.eu.galaxy.training",
            "geolocation_routing_policy": [],
            "health_check_id": "",
            "id": "Z061285412X3TSRV2I2PH_*.gat-18.eu.galaxy.training_CNAME",
            "latency_routing_policy": [],
            "multivalue_answer_routing_policy": null,
            "name": "*.gat-18.eu.galaxy.training",
            "records": [
              "gat-18.eu.galaxy.training"
            ],
            "set_identifier": "",
            "ttl": 7200,
            "type": "CNAME",
            "weighted_routing_policy": [],
            "zone_id": "Z061285412X3TSRV2I2PH"
          },
          "sensitive_attributes": [],
          "private": "eyJzY2hlbWFfdmVyc2lvbiI6IjIifQ=="
        }
      ]
    },
    {
      "mode": "managed",
      "type": "aws_route53_record",
      "name": "training-vm-eu-19",
      "provider": "provider[\"registry.terraform.io/hashicorp/aws\"]",
      "instances": [
        {
          "schema_version": 2,
          "attributes": {
            "alias": [],
            "allow_overwrite": null,
            "failover_routing_policy": [],
            "fqdn": "gat-19.eu.galaxy.training",
            "geolocation_routing_policy": [],
            "health_check_id": "",
            "id": "Z061285412X3TSRV2I2PH_gat-19.eu.galaxy.training_A",
            "latency_routing_policy": [],
            "multivalue_answer_routing_policy": null,
            "name": "gat-19.eu.galaxy.training",
            "records": [
              "192.52.43.0"
            ],
            "set_identifier": "",
            "ttl": 7200,
            "type": "A",
            "weighted_routing_policy": [],
            "zone_id": "Z061285412X3TSRV2I2PH"
          },
          "sensitive_attributes": [],
          "private": "eyJzY2hlbWFfdmVyc2lvbiI6IjIifQ=="
        }
      ]
    },
    {
      "mode": "managed",
      "type": "aws_route53_record",
      "name": "training-vm-eu-19-wildcard",
      "provider": "provider[\"registry.terraform.io/hashicorp/aws\"]",
      "instances": [
        {
          "schema_version": 2,
          "attributes": {
            "alias": [],
            "allow_overwrite": null,
            "failover_routing_policy": [],
            "fqdn": "*.interactivetoolentrypoint.interactivetool.gat-19.eu.galaxy.training",
            "geolocation_routing_policy": [],
            "health_check_id": "",
            "id": "Z061285412X3TSRV2I2PH_*.interactivetoolentrypoint.interactivetool.gat-19.eu.galaxy.training_CNAME",
            "latency_routing_policy": [],
            "multivalue_answer_routing_policy": null,
            "name": "*.interactivetoolentrypoint.interactivetool.gat-19.eu.galaxy.training",
            "records": [
              "gat-19.eu.galaxy.training"
            ],
            "set_identifier": "",
            "ttl": 7200,
            "type": "CNAME",
            "weighted_routing_policy": [],
            "zone_id": "Z061285412X3TSRV2I2PH"
          },
          "sensitive_attributes": [],
          "private": "eyJzY2hlbWFfdmVyc2lvbiI6IjIifQ=="
        }
      ]
    },
    {
      "mode": "managed",
      "type": "aws_route53_record",
      "name": "training-vm-eu-19-wildcard-other",
      "provider": "provider[\"registry.terraform.io/hashicorp/aws\"]",
      "instances": [
        {
          "schema_version": 2,
          "attributes": {
            "alias": [],
            "allow_overwrite": null,
            "failover_routing_policy": [],
            "fqdn": "*.gat-19.eu.galaxy.training",
            "geolocation_routing_policy": [],
            "health_check_id": "",
            "id": "Z061285412X3TSRV2I2PH_*.gat-19.eu.galaxy.training_CNAME",
            "latency_routing_policy": [],
            "multivalue_answer_routing_policy": null,
            "name": "*.gat-19.eu.galaxy.training",
            "records": [
              "gat-19.eu.galaxy.training"
            ],
            "set_identifier": "",
            "ttl": 7200,
            "type": "CNAME",
            "weighted_routing_policy": [],
            "zone_id": "Z061285412X3TSRV2I2PH"
          },
          "sensitive_attributes": [],
          "private": "eyJzY2hlbWFfdmVyc2lvbiI6IjIifQ=="
        }
      ]
    },
    {
      "mode": "managed",
      "type": "aws_route53_record",
      "name": "training-vm-eu-2",
      "provider": "provider[\"registry.terraform.io/hashicorp/aws\"]",
      "instances": [
        {
          "schema_version": 2,
          "attributes": {
            "alias": [],
            "allow_overwrite": null,
            "failover_routing_policy": [],
            "fqdn": "gat-2.eu.galaxy.training",
            "geolocation_routing_policy": [],
            "health_check_id": "",
            "id": "Z061285412X3TSRV2I2PH_gat-2.eu.galaxy.training_A",
            "latency_routing_policy": [],
            "multivalue_answer_routing_policy": null,
            "name": "gat-2.eu.galaxy.training",
            "records": [
              "192.52.43.17"
            ],
            "set_identifier": "",
            "ttl": 7200,
            "type": "A",
            "weighted_routing_policy": [],
            "zone_id": "Z061285412X3TSRV2I2PH"
          },
          "sensitive_attributes": [],
          "private": "eyJzY2hlbWFfdmVyc2lvbiI6IjIifQ=="
        }
      ]
    },
    {
      "mode": "managed",
      "type": "aws_route53_record",
      "name": "training-vm-eu-2-wildcard",
      "provider": "provider[\"registry.terraform.io/hashicorp/aws\"]",
      "instances": [
        {
          "schema_version": 2,
          "attributes": {
            "alias": [],
            "allow_overwrite": null,
            "failover_routing_policy": [],
            "fqdn": "*.interactivetoolentrypoint.interactivetool.gat-2.eu.galaxy.training",
            "geolocation_routing_policy": [],
            "health_check_id": "",
            "id": "Z061285412X3TSRV2I2PH_*.interactivetoolentrypoint.interactivetool.gat-2.eu.galaxy.training_CNAME",
            "latency_routing_policy": [],
            "multivalue_answer_routing_policy": null,
            "name": "*.interactivetoolentrypoint.interactivetool.gat-2.eu.galaxy.training",
            "records": [
              "gat-2.eu.galaxy.training"
            ],
            "set_identifier": "",
            "ttl": 7200,
            "type": "CNAME",
            "weighted_routing_policy": [],
            "zone_id": "Z061285412X3TSRV2I2PH"
          },
          "sensitive_attributes": [],
          "private": "eyJzY2hlbWFfdmVyc2lvbiI6IjIifQ=="
        }
      ]
    },
    {
      "mode": "managed",
      "type": "aws_route53_record",
      "name": "training-vm-eu-2-wildcard-other",
      "provider": "provider[\"registry.terraform.io/hashicorp/aws\"]",
      "instances": [
        {
          "schema_version": 2,
          "attributes": {
            "alias": [],
            "allow_overwrite": null,
            "failover_routing_policy": [],
            "fqdn": "*.gat-2.eu.galaxy.training",
            "geolocation_routing_policy": [],
            "health_check_id": "",
            "id": "Z061285412X3TSRV2I2PH_*.gat-2.eu.galaxy.training_CNAME",
            "latency_routing_policy": [],
            "multivalue_answer_routing_policy": null,
            "name": "*.gat-2.eu.galaxy.training",
            "records": [
              "gat-2.eu.galaxy.training"
            ],
            "set_identifier": "",
            "ttl": 7200,
            "type": "CNAME",
            "weighted_routing_policy": [],
            "zone_id": "Z061285412X3TSRV2I2PH"
          },
          "sensitive_attributes": [],
          "private": "eyJzY2hlbWFfdmVyc2lvbiI6IjIifQ=="
        }
      ]
    },
    {
      "mode": "managed",
      "type": "aws_route53_record",
      "name": "training-vm-eu-20",
      "provider": "provider[\"registry.terraform.io/hashicorp/aws\"]",
      "instances": [
        {
          "schema_version": 2,
          "attributes": {
            "alias": [],
            "allow_overwrite": null,
            "failover_routing_policy": [],
            "fqdn": "gat-20.eu.galaxy.training",
            "geolocation_routing_policy": [],
            "health_check_id": "",
            "id": "Z061285412X3TSRV2I2PH_gat-20.eu.galaxy.training_A",
            "latency_routing_policy": [],
            "multivalue_answer_routing_policy": null,
            "name": "gat-20.eu.galaxy.training",
            "records": [
              "192.52.43.37"
            ],
            "set_identifier": "",
            "ttl": 7200,
            "type": "A",
            "weighted_routing_policy": [],
            "zone_id": "Z061285412X3TSRV2I2PH"
          },
          "sensitive_attributes": [],
          "private": "eyJzY2hlbWFfdmVyc2lvbiI6IjIifQ=="
        }
      ]
    },
    {
      "mode": "managed",
      "type": "aws_route53_record",
      "name": "training-vm-eu-20-wildcard",
      "provider": "provider[\"registry.terraform.io/hashicorp/aws\"]",
      "instances": [
        {
          "schema_version": 2,
          "attributes": {
            "alias": [],
            "allow_overwrite": null,
            "failover_routing_policy": [],
            "fqdn": "*.interactivetoolentrypoint.interactivetool.gat-20.eu.galaxy.training",
            "geolocation_routing_policy": [],
            "health_check_id": "",
            "id": "Z061285412X3TSRV2I2PH_*.interactivetoolentrypoint.interactivetool.gat-20.eu.galaxy.training_CNAME",
            "latency_routing_policy": [],
            "multivalue_answer_routing_policy": null,
            "name": "*.interactivetoolentrypoint.interactivetool.gat-20.eu.galaxy.training",
            "records": [
              "gat-20.eu.galaxy.training"
            ],
            "set_identifier": "",
            "ttl": 7200,
            "type": "CNAME",
            "weighted_routing_policy": [],
            "zone_id": "Z061285412X3TSRV2I2PH"
          },
          "sensitive_attributes": [],
          "private": "eyJzY2hlbWFfdmVyc2lvbiI6IjIifQ=="
        }
      ]
    },
    {
      "mode": "managed",
      "type": "aws_route53_record",
      "name": "training-vm-eu-20-wildcard-other",
      "provider": "provider[\"registry.terraform.io/hashicorp/aws\"]",
      "instances": [
        {
          "schema_version": 2,
          "attributes": {
            "alias": [],
            "allow_overwrite": null,
            "failover_routing_policy": [],
            "fqdn": "*.gat-20.eu.galaxy.training",
            "geolocation_routing_policy": [],
            "health_check_id": "",
            "id": "Z061285412X3TSRV2I2PH_*.gat-20.eu.galaxy.training_CNAME",
            "latency_routing_policy": [],
            "multivalue_answer_routing_policy": null,
            "name": "*.gat-20.eu.galaxy.training",
            "records": [
              "gat-20.eu.galaxy.training"
            ],
            "set_identifier": "",
            "ttl": 7200,
            "type": "CNAME",
            "weighted_routing_policy": [],
            "zone_id": "Z061285412X3TSRV2I2PH"
          },
          "sensitive_attributes": [],
          "private": "eyJzY2hlbWFfdmVyc2lvbiI6IjIifQ=="
        }
      ]
    },
    {
      "mode": "managed",
      "type": "aws_route53_record",
      "name": "training-vm-eu-21",
      "provider": "provider[\"registry.terraform.io/hashicorp/aws\"]",
      "instances": [
        {
          "schema_version": 2,
          "attributes": {
            "alias": [],
            "allow_overwrite": null,
            "failover_routing_policy": [],
            "fqdn": "gat-21.eu.galaxy.training",
            "geolocation_routing_policy": [],
            "health_check_id": "",
            "id": "Z061285412X3TSRV2I2PH_gat-21.eu.galaxy.training_A",
            "latency_routing_policy": [],
            "multivalue_answer_routing_policy": null,
            "name": "gat-21.eu.galaxy.training",
            "records": [
              "192.52.46.49"
            ],
            "set_identifier": "",
            "ttl": 7200,
            "type": "A",
            "weighted_routing_policy": [],
            "zone_id": "Z061285412X3TSRV2I2PH"
          },
          "sensitive_attributes": [],
          "private": "eyJzY2hlbWFfdmVyc2lvbiI6IjIifQ=="
        }
      ]
    },
    {
      "mode": "managed",
      "type": "aws_route53_record",
      "name": "training-vm-eu-21-wildcard",
      "provider": "provider[\"registry.terraform.io/hashicorp/aws\"]",
      "instances": [
        {
          "schema_version": 2,
          "attributes": {
            "alias": [],
            "allow_overwrite": null,
            "failover_routing_policy": [],
            "fqdn": "*.interactivetoolentrypoint.interactivetool.gat-21.eu.galaxy.training",
            "geolocation_routing_policy": [],
            "health_check_id": "",
            "id": "Z061285412X3TSRV2I2PH_*.interactivetoolentrypoint.interactivetool.gat-21.eu.galaxy.training_CNAME",
            "latency_routing_policy": [],
            "multivalue_answer_routing_policy": null,
            "name": "*.interactivetoolentrypoint.interactivetool.gat-21.eu.galaxy.training",
            "records": [
              "gat-21.eu.galaxy.training"
            ],
            "set_identifier": "",
            "ttl": 7200,
            "type": "CNAME",
            "weighted_routing_policy": [],
            "zone_id": "Z061285412X3TSRV2I2PH"
          },
          "sensitive_attributes": [],
          "private": "eyJzY2hlbWFfdmVyc2lvbiI6IjIifQ=="
        }
      ]
    },
    {
      "mode": "managed",
      "type": "aws_route53_record",
      "name": "training-vm-eu-21-wildcard-other",
      "provider": "provider[\"registry.terraform.io/hashicorp/aws\"]",
      "instances": [
        {
          "schema_version": 2,
          "attributes": {
            "alias": [],
            "allow_overwrite": null,
            "failover_routing_policy": [],
            "fqdn": "*.gat-21.eu.galaxy.training",
            "geolocation_routing_policy": [],
            "health_check_id": "",
            "id": "Z061285412X3TSRV2I2PH_*.gat-21.eu.galaxy.training_CNAME",
            "latency_routing_policy": [],
            "multivalue_answer_routing_policy": null,
            "name": "*.gat-21.eu.galaxy.training",
            "records": [
              "gat-21.eu.galaxy.training"
            ],
            "set_identifier": "",
            "ttl": 7200,
            "type": "CNAME",
            "weighted_routing_policy": [],
            "zone_id": "Z061285412X3TSRV2I2PH"
          },
          "sensitive_attributes": [],
          "private": "eyJzY2hlbWFfdmVyc2lvbiI6IjIifQ=="
        }
      ]
    },
    {
      "mode": "managed",
      "type": "aws_route53_record",
      "name": "training-vm-eu-22",
      "provider": "provider[\"registry.terraform.io/hashicorp/aws\"]",
      "instances": [
        {
          "schema_version": 2,
          "attributes": {
            "alias": [],
            "allow_overwrite": null,
            "failover_routing_policy": [],
            "fqdn": "gat-22.eu.galaxy.training",
            "geolocation_routing_policy": [],
            "health_check_id": "",
            "id": "Z061285412X3TSRV2I2PH_gat-22.eu.galaxy.training_A",
            "latency_routing_policy": [],
            "multivalue_answer_routing_policy": null,
            "name": "gat-22.eu.galaxy.training",
            "records": [
              "192.52.43.29"
            ],
            "set_identifier": "",
            "ttl": 7200,
            "type": "A",
            "weighted_routing_policy": [],
            "zone_id": "Z061285412X3TSRV2I2PH"
          },
          "sensitive_attributes": [],
          "private": "eyJzY2hlbWFfdmVyc2lvbiI6IjIifQ=="
        }
      ]
    },
    {
      "mode": "managed",
      "type": "aws_route53_record",
      "name": "training-vm-eu-22-wildcard",
      "provider": "provider[\"registry.terraform.io/hashicorp/aws\"]",
      "instances": [
        {
          "schema_version": 2,
          "attributes": {
            "alias": [],
            "allow_overwrite": null,
            "failover_routing_policy": [],
            "fqdn": "*.interactivetoolentrypoint.interactivetool.gat-22.eu.galaxy.training",
            "geolocation_routing_policy": [],
            "health_check_id": "",
            "id": "Z061285412X3TSRV2I2PH_*.interactivetoolentrypoint.interactivetool.gat-22.eu.galaxy.training_CNAME",
            "latency_routing_policy": [],
            "multivalue_answer_routing_policy": null,
            "name": "*.interactivetoolentrypoint.interactivetool.gat-22.eu.galaxy.training",
            "records": [
              "gat-22.eu.galaxy.training"
            ],
            "set_identifier": "",
            "ttl": 7200,
            "type": "CNAME",
            "weighted_routing_policy": [],
            "zone_id": "Z061285412X3TSRV2I2PH"
          },
          "sensitive_attributes": [],
          "private": "eyJzY2hlbWFfdmVyc2lvbiI6IjIifQ=="
        }
      ]
    },
    {
      "mode": "managed",
      "type": "aws_route53_record",
      "name": "training-vm-eu-22-wildcard-other",
      "provider": "provider[\"registry.terraform.io/hashicorp/aws\"]",
      "instances": [
        {
          "schema_version": 2,
          "attributes": {
            "alias": [],
            "allow_overwrite": null,
            "failover_routing_policy": [],
            "fqdn": "*.gat-22.eu.galaxy.training",
            "geolocation_routing_policy": [],
            "health_check_id": "",
            "id": "Z061285412X3TSRV2I2PH_*.gat-22.eu.galaxy.training_CNAME",
            "latency_routing_policy": [],
            "multivalue_answer_routing_policy": null,
            "name": "*.gat-22.eu.galaxy.training",
            "records": [
              "gat-22.eu.galaxy.training"
            ],
            "set_identifier": "",
            "ttl": 7200,
            "type": "CNAME",
            "weighted_routing_policy": [],
            "zone_id": "Z061285412X3TSRV2I2PH"
          },
          "sensitive_attributes": [],
          "private": "eyJzY2hlbWFfdmVyc2lvbiI6IjIifQ=="
        }
      ]
    },
    {
      "mode": "managed",
      "type": "aws_route53_record",
      "name": "training-vm-eu-23",
      "provider": "provider[\"registry.terraform.io/hashicorp/aws\"]",
      "instances": [
        {
          "schema_version": 2,
          "attributes": {
            "alias": [],
            "allow_overwrite": null,
            "failover_routing_policy": [],
            "fqdn": "gat-23.eu.galaxy.training",
            "geolocation_routing_policy": [],
            "health_check_id": "",
            "id": "Z061285412X3TSRV2I2PH_gat-23.eu.galaxy.training_A",
            "latency_routing_policy": [],
            "multivalue_answer_routing_policy": null,
            "name": "gat-23.eu.galaxy.training",
            "records": [
              "192.52.46.98"
            ],
            "set_identifier": "",
            "ttl": 7200,
            "type": "A",
            "weighted_routing_policy": [],
            "zone_id": "Z061285412X3TSRV2I2PH"
          },
          "sensitive_attributes": [],
          "private": "eyJzY2hlbWFfdmVyc2lvbiI6IjIifQ=="
        }
      ]
    },
    {
      "mode": "managed",
      "type": "aws_route53_record",
      "name": "training-vm-eu-23-wildcard",
      "provider": "provider[\"registry.terraform.io/hashicorp/aws\"]",
      "instances": [
        {
          "schema_version": 2,
          "attributes": {
            "alias": [],
            "allow_overwrite": null,
            "failover_routing_policy": [],
            "fqdn": "*.interactivetoolentrypoint.interactivetool.gat-23.eu.galaxy.training",
            "geolocation_routing_policy": [],
            "health_check_id": "",
            "id": "Z061285412X3TSRV2I2PH_*.interactivetoolentrypoint.interactivetool.gat-23.eu.galaxy.training_CNAME",
            "latency_routing_policy": [],
            "multivalue_answer_routing_policy": null,
            "name": "*.interactivetoolentrypoint.interactivetool.gat-23.eu.galaxy.training",
            "records": [
              "gat-23.eu.galaxy.training"
            ],
            "set_identifier": "",
            "ttl": 7200,
            "type": "CNAME",
            "weighted_routing_policy": [],
            "zone_id": "Z061285412X3TSRV2I2PH"
          },
          "sensitive_attributes": [],
          "private": "eyJzY2hlbWFfdmVyc2lvbiI6IjIifQ=="
        }
      ]
    },
    {
      "mode": "managed",
      "type": "aws_route53_record",
      "name": "training-vm-eu-23-wildcard-other",
      "provider": "provider[\"registry.terraform.io/hashicorp/aws\"]",
      "instances": [
        {
          "schema_version": 2,
          "attributes": {
            "alias": [],
            "allow_overwrite": null,
            "failover_routing_policy": [],
            "fqdn": "*.gat-23.eu.galaxy.training",
            "geolocation_routing_policy": [],
            "health_check_id": "",
            "id": "Z061285412X3TSRV2I2PH_*.gat-23.eu.galaxy.training_CNAME",
            "latency_routing_policy": [],
            "multivalue_answer_routing_policy": null,
            "name": "*.gat-23.eu.galaxy.training",
            "records": [
              "gat-23.eu.galaxy.training"
            ],
            "set_identifier": "",
            "ttl": 7200,
            "type": "CNAME",
            "weighted_routing_policy": [],
            "zone_id": "Z061285412X3TSRV2I2PH"
          },
          "sensitive_attributes": [],
          "private": "eyJzY2hlbWFfdmVyc2lvbiI6IjIifQ=="
        }
      ]
    },
    {
      "mode": "managed",
      "type": "aws_route53_record",
      "name": "training-vm-eu-24",
      "provider": "provider[\"registry.terraform.io/hashicorp/aws\"]",
      "instances": [
        {
          "schema_version": 2,
          "attributes": {
            "alias": [],
            "allow_overwrite": null,
            "failover_routing_policy": [],
            "fqdn": "gat-24.eu.galaxy.training",
            "geolocation_routing_policy": [],
            "health_check_id": "",
            "id": "Z061285412X3TSRV2I2PH_gat-24.eu.galaxy.training_A",
            "latency_routing_policy": [],
            "multivalue_answer_routing_policy": null,
            "name": "gat-24.eu.galaxy.training",
            "records": [
              "192.52.47.141"
            ],
            "set_identifier": "",
            "ttl": 7200,
            "type": "A",
            "weighted_routing_policy": [],
            "zone_id": "Z061285412X3TSRV2I2PH"
          },
          "sensitive_attributes": [],
          "private": "eyJzY2hlbWFfdmVyc2lvbiI6IjIifQ=="
        }
      ]
    },
    {
      "mode": "managed",
      "type": "aws_route53_record",
      "name": "training-vm-eu-24-wildcard",
      "provider": "provider[\"registry.terraform.io/hashicorp/aws\"]",
      "instances": [
        {
          "schema_version": 2,
          "attributes": {
            "alias": [],
            "allow_overwrite": null,
            "failover_routing_policy": [],
            "fqdn": "*.interactivetoolentrypoint.interactivetool.gat-24.eu.galaxy.training",
            "geolocation_routing_policy": [],
            "health_check_id": "",
            "id": "Z061285412X3TSRV2I2PH_*.interactivetoolentrypoint.interactivetool.gat-24.eu.galaxy.training_CNAME",
            "latency_routing_policy": [],
            "multivalue_answer_routing_policy": null,
            "name": "*.interactivetoolentrypoint.interactivetool.gat-24.eu.galaxy.training",
            "records": [
              "gat-24.eu.galaxy.training"
            ],
            "set_identifier": "",
            "ttl": 7200,
            "type": "CNAME",
            "weighted_routing_policy": [],
            "zone_id": "Z061285412X3TSRV2I2PH"
          },
          "sensitive_attributes": [],
          "private": "eyJzY2hlbWFfdmVyc2lvbiI6IjIifQ=="
        }
      ]
    },
    {
      "mode": "managed",
      "type": "aws_route53_record",
      "name": "training-vm-eu-24-wildcard-other",
      "provider": "provider[\"registry.terraform.io/hashicorp/aws\"]",
      "instances": [
        {
          "schema_version": 2,
          "attributes": {
            "alias": [],
            "allow_overwrite": null,
            "failover_routing_policy": [],
            "fqdn": "*.gat-24.eu.galaxy.training",
            "geolocation_routing_policy": [],
            "health_check_id": "",
            "id": "Z061285412X3TSRV2I2PH_*.gat-24.eu.galaxy.training_CNAME",
            "latency_routing_policy": [],
            "multivalue_answer_routing_policy": null,
            "name": "*.gat-24.eu.galaxy.training",
            "records": [
              "gat-24.eu.galaxy.training"
            ],
            "set_identifier": "",
            "ttl": 7200,
            "type": "CNAME",
            "weighted_routing_policy": [],
            "zone_id": "Z061285412X3TSRV2I2PH"
          },
          "sensitive_attributes": [],
          "private": "eyJzY2hlbWFfdmVyc2lvbiI6IjIifQ=="
        }
      ]
    },
    {
      "mode": "managed",
      "type": "aws_route53_record",
      "name": "training-vm-eu-25",
      "provider": "provider[\"registry.terraform.io/hashicorp/aws\"]",
      "instances": [
        {
          "schema_version": 2,
          "attributes": {
            "alias": [],
            "allow_overwrite": null,
            "failover_routing_policy": [],
            "fqdn": "gat-25.eu.galaxy.training",
            "geolocation_routing_policy": [],
            "health_check_id": "",
            "id": "Z061285412X3TSRV2I2PH_gat-25.eu.galaxy.training_A",
            "latency_routing_policy": [],
            "multivalue_answer_routing_policy": null,
            "name": "gat-25.eu.galaxy.training",
            "records": [
              "192.52.46.11"
            ],
            "set_identifier": "",
            "ttl": 7200,
            "type": "A",
            "weighted_routing_policy": [],
            "zone_id": "Z061285412X3TSRV2I2PH"
          },
          "sensitive_attributes": [],
          "private": "eyJzY2hlbWFfdmVyc2lvbiI6IjIifQ=="
        }
      ]
    },
    {
      "mode": "managed",
      "type": "aws_route53_record",
      "name": "training-vm-eu-25-wildcard",
      "provider": "provider[\"registry.terraform.io/hashicorp/aws\"]",
      "instances": [
        {
          "schema_version": 2,
          "attributes": {
            "alias": [],
            "allow_overwrite": null,
            "failover_routing_policy": [],
            "fqdn": "*.interactivetoolentrypoint.interactivetool.gat-25.eu.galaxy.training",
            "geolocation_routing_policy": [],
            "health_check_id": "",
            "id": "Z061285412X3TSRV2I2PH_*.interactivetoolentrypoint.interactivetool.gat-25.eu.galaxy.training_CNAME",
            "latency_routing_policy": [],
            "multivalue_answer_routing_policy": null,
            "name": "*.interactivetoolentrypoint.interactivetool.gat-25.eu.galaxy.training",
            "records": [
              "gat-25.eu.galaxy.training"
            ],
            "set_identifier": "",
            "ttl": 7200,
            "type": "CNAME",
            "weighted_routing_policy": [],
            "zone_id": "Z061285412X3TSRV2I2PH"
          },
          "sensitive_attributes": [],
          "private": "eyJzY2hlbWFfdmVyc2lvbiI6IjIifQ=="
        }
      ]
    },
    {
      "mode": "managed",
      "type": "aws_route53_record",
      "name": "training-vm-eu-25-wildcard-other",
      "provider": "provider[\"registry.terraform.io/hashicorp/aws\"]",
      "instances": [
        {
          "schema_version": 2,
          "attributes": {
            "alias": [],
            "allow_overwrite": null,
            "failover_routing_policy": [],
            "fqdn": "*.gat-25.eu.galaxy.training",
            "geolocation_routing_policy": [],
            "health_check_id": "",
            "id": "Z061285412X3TSRV2I2PH_*.gat-25.eu.galaxy.training_CNAME",
            "latency_routing_policy": [],
            "multivalue_answer_routing_policy": null,
            "name": "*.gat-25.eu.galaxy.training",
            "records": [
              "gat-25.eu.galaxy.training"
            ],
            "set_identifier": "",
            "ttl": 7200,
            "type": "CNAME",
            "weighted_routing_policy": [],
            "zone_id": "Z061285412X3TSRV2I2PH"
          },
          "sensitive_attributes": [],
          "private": "eyJzY2hlbWFfdmVyc2lvbiI6IjIifQ=="
        }
      ]
    },
    {
      "mode": "managed",
      "type": "aws_route53_record",
      "name": "training-vm-eu-26",
      "provider": "provider[\"registry.terraform.io/hashicorp/aws\"]",
      "instances": [
        {
          "schema_version": 2,
          "attributes": {
            "alias": [],
            "allow_overwrite": null,
            "failover_routing_policy": [],
            "fqdn": "gat-26.eu.galaxy.training",
            "geolocation_routing_policy": [],
            "health_check_id": "",
            "id": "Z061285412X3TSRV2I2PH_gat-26.eu.galaxy.training_A",
            "latency_routing_policy": [],
            "multivalue_answer_routing_policy": null,
            "name": "gat-26.eu.galaxy.training",
            "records": [
              "192.52.47.108"
            ],
            "set_identifier": "",
            "ttl": 7200,
            "type": "A",
            "weighted_routing_policy": [],
            "zone_id": "Z061285412X3TSRV2I2PH"
          },
          "sensitive_attributes": [],
          "private": "eyJzY2hlbWFfdmVyc2lvbiI6IjIifQ=="
        }
      ]
    },
    {
      "mode": "managed",
      "type": "aws_route53_record",
      "name": "training-vm-eu-26-wildcard",
      "provider": "provider[\"registry.terraform.io/hashicorp/aws\"]",
      "instances": [
        {
          "schema_version": 2,
          "attributes": {
            "alias": [],
            "allow_overwrite": null,
            "failover_routing_policy": [],
            "fqdn": "*.interactivetoolentrypoint.interactivetool.gat-26.eu.galaxy.training",
            "geolocation_routing_policy": [],
            "health_check_id": "",
            "id": "Z061285412X3TSRV2I2PH_*.interactivetoolentrypoint.interactivetool.gat-26.eu.galaxy.training_CNAME",
            "latency_routing_policy": [],
            "multivalue_answer_routing_policy": null,
            "name": "*.interactivetoolentrypoint.interactivetool.gat-26.eu.galaxy.training",
            "records": [
              "gat-26.eu.galaxy.training"
            ],
            "set_identifier": "",
            "ttl": 7200,
            "type": "CNAME",
            "weighted_routing_policy": [],
            "zone_id": "Z061285412X3TSRV2I2PH"
          },
          "sensitive_attributes": [],
          "private": "eyJzY2hlbWFfdmVyc2lvbiI6IjIifQ=="
        }
      ]
    },
    {
      "mode": "managed",
      "type": "aws_route53_record",
      "name": "training-vm-eu-26-wildcard-other",
      "provider": "provider[\"registry.terraform.io/hashicorp/aws\"]",
      "instances": [
        {
          "schema_version": 2,
          "attributes": {
            "alias": [],
            "allow_overwrite": null,
            "failover_routing_policy": [],
            "fqdn": "*.gat-26.eu.galaxy.training",
            "geolocation_routing_policy": [],
            "health_check_id": "",
            "id": "Z061285412X3TSRV2I2PH_*.gat-26.eu.galaxy.training_CNAME",
            "latency_routing_policy": [],
            "multivalue_answer_routing_policy": null,
            "name": "*.gat-26.eu.galaxy.training",
            "records": [
              "gat-26.eu.galaxy.training"
            ],
            "set_identifier": "",
            "ttl": 7200,
            "type": "CNAME",
            "weighted_routing_policy": [],
            "zone_id": "Z061285412X3TSRV2I2PH"
          },
          "sensitive_attributes": [],
          "private": "eyJzY2hlbWFfdmVyc2lvbiI6IjIifQ=="
        }
      ]
    },
    {
      "mode": "managed",
      "type": "aws_route53_record",
      "name": "training-vm-eu-27",
      "provider": "provider[\"registry.terraform.io/hashicorp/aws\"]",
      "instances": [
        {
          "schema_version": 2,
          "attributes": {
            "alias": [],
            "allow_overwrite": null,
            "failover_routing_policy": [],
            "fqdn": "gat-27.eu.galaxy.training",
            "geolocation_routing_policy": [],
            "health_check_id": "",
            "id": "Z061285412X3TSRV2I2PH_gat-27.eu.galaxy.training_A",
            "latency_routing_policy": [],
            "multivalue_answer_routing_policy": null,
            "name": "gat-27.eu.galaxy.training",
            "records": [
              "192.52.45.11"
            ],
            "set_identifier": "",
            "ttl": 7200,
            "type": "A",
            "weighted_routing_policy": [],
            "zone_id": "Z061285412X3TSRV2I2PH"
          },
          "sensitive_attributes": [],
          "private": "eyJzY2hlbWFfdmVyc2lvbiI6IjIifQ=="
        }
      ]
    },
    {
      "mode": "managed",
      "type": "aws_route53_record",
      "name": "training-vm-eu-27-wildcard",
      "provider": "provider[\"registry.terraform.io/hashicorp/aws\"]",
      "instances": [
        {
          "schema_version": 2,
          "attributes": {
            "alias": [],
            "allow_overwrite": null,
            "failover_routing_policy": [],
            "fqdn": "*.interactivetoolentrypoint.interactivetool.gat-27.eu.galaxy.training",
            "geolocation_routing_policy": [],
            "health_check_id": "",
            "id": "Z061285412X3TSRV2I2PH_*.interactivetoolentrypoint.interactivetool.gat-27.eu.galaxy.training_CNAME",
            "latency_routing_policy": [],
            "multivalue_answer_routing_policy": null,
            "name": "*.interactivetoolentrypoint.interactivetool.gat-27.eu.galaxy.training",
            "records": [
              "gat-27.eu.galaxy.training"
            ],
            "set_identifier": "",
            "ttl": 7200,
            "type": "CNAME",
            "weighted_routing_policy": [],
            "zone_id": "Z061285412X3TSRV2I2PH"
          },
          "sensitive_attributes": [],
          "private": "eyJzY2hlbWFfdmVyc2lvbiI6IjIifQ=="
        }
      ]
    },
    {
      "mode": "managed",
      "type": "aws_route53_record",
      "name": "training-vm-eu-27-wildcard-other",
      "provider": "provider[\"registry.terraform.io/hashicorp/aws\"]",
      "instances": [
        {
          "schema_version": 2,
          "attributes": {
            "alias": [],
            "allow_overwrite": null,
            "failover_routing_policy": [],
            "fqdn": "*.gat-27.eu.galaxy.training",
            "geolocation_routing_policy": [],
            "health_check_id": "",
            "id": "Z061285412X3TSRV2I2PH_*.gat-27.eu.galaxy.training_CNAME",
            "latency_routing_policy": [],
            "multivalue_answer_routing_policy": null,
            "name": "*.gat-27.eu.galaxy.training",
            "records": [
              "gat-27.eu.galaxy.training"
            ],
            "set_identifier": "",
            "ttl": 7200,
            "type": "CNAME",
            "weighted_routing_policy": [],
            "zone_id": "Z061285412X3TSRV2I2PH"
          },
          "sensitive_attributes": [],
          "private": "eyJzY2hlbWFfdmVyc2lvbiI6IjIifQ=="
        }
      ]
    },
    {
      "mode": "managed",
      "type": "aws_route53_record",
      "name": "training-vm-eu-28",
      "provider": "provider[\"registry.terraform.io/hashicorp/aws\"]",
      "instances": [
        {
          "schema_version": 2,
          "attributes": {
            "alias": [],
            "allow_overwrite": null,
            "failover_routing_policy": [],
            "fqdn": "gat-28.eu.galaxy.training",
            "geolocation_routing_policy": [],
            "health_check_id": "",
            "id": "Z061285412X3TSRV2I2PH_gat-28.eu.galaxy.training_A",
            "latency_routing_policy": [],
            "multivalue_answer_routing_policy": null,
            "name": "gat-28.eu.galaxy.training",
            "records": [
              "192.52.47.87"
            ],
            "set_identifier": "",
            "ttl": 7200,
            "type": "A",
            "weighted_routing_policy": [],
            "zone_id": "Z061285412X3TSRV2I2PH"
          },
          "sensitive_attributes": [],
          "private": "eyJzY2hlbWFfdmVyc2lvbiI6IjIifQ=="
        }
      ]
    },
    {
      "mode": "managed",
      "type": "aws_route53_record",
      "name": "training-vm-eu-28-wildcard",
      "provider": "provider[\"registry.terraform.io/hashicorp/aws\"]",
      "instances": [
        {
          "schema_version": 2,
          "attributes": {
            "alias": [],
            "allow_overwrite": null,
            "failover_routing_policy": [],
            "fqdn": "*.interactivetoolentrypoint.interactivetool.gat-28.eu.galaxy.training",
            "geolocation_routing_policy": [],
            "health_check_id": "",
            "id": "Z061285412X3TSRV2I2PH_*.interactivetoolentrypoint.interactivetool.gat-28.eu.galaxy.training_CNAME",
            "latency_routing_policy": [],
            "multivalue_answer_routing_policy": null,
            "name": "*.interactivetoolentrypoint.interactivetool.gat-28.eu.galaxy.training",
            "records": [
              "gat-28.eu.galaxy.training"
            ],
            "set_identifier": "",
            "ttl": 7200,
            "type": "CNAME",
            "weighted_routing_policy": [],
            "zone_id": "Z061285412X3TSRV2I2PH"
          },
          "sensitive_attributes": [],
          "private": "eyJzY2hlbWFfdmVyc2lvbiI6IjIifQ=="
        }
      ]
    },
    {
      "mode": "managed",
      "type": "aws_route53_record",
      "name": "training-vm-eu-28-wildcard-other",
      "provider": "provider[\"registry.terraform.io/hashicorp/aws\"]",
      "instances": [
        {
          "schema_version": 2,
          "attributes": {
            "alias": [],
            "allow_overwrite": null,
            "failover_routing_policy": [],
            "fqdn": "*.gat-28.eu.galaxy.training",
            "geolocation_routing_policy": [],
            "health_check_id": "",
            "id": "Z061285412X3TSRV2I2PH_*.gat-28.eu.galaxy.training_CNAME",
            "latency_routing_policy": [],
            "multivalue_answer_routing_policy": null,
            "name": "*.gat-28.eu.galaxy.training",
            "records": [
              "gat-28.eu.galaxy.training"
            ],
            "set_identifier": "",
            "ttl": 7200,
            "type": "CNAME",
            "weighted_routing_policy": [],
            "zone_id": "Z061285412X3TSRV2I2PH"
          },
          "sensitive_attributes": [],
          "private": "eyJzY2hlbWFfdmVyc2lvbiI6IjIifQ=="
        }
      ]
    },
    {
      "mode": "managed",
      "type": "aws_route53_record",
      "name": "training-vm-eu-29",
      "provider": "provider[\"registry.terraform.io/hashicorp/aws\"]",
      "instances": [
        {
          "schema_version": 2,
          "attributes": {
            "alias": [],
            "allow_overwrite": null,
            "failover_routing_policy": [],
            "fqdn": "gat-29.eu.galaxy.training",
            "geolocation_routing_policy": [],
            "health_check_id": "",
            "id": "Z061285412X3TSRV2I2PH_gat-29.eu.galaxy.training_A",
            "latency_routing_policy": [],
            "multivalue_answer_routing_policy": null,
            "name": "gat-29.eu.galaxy.training",
            "records": [
              "192.52.47.110"
            ],
            "set_identifier": "",
            "ttl": 7200,
            "type": "A",
            "weighted_routing_policy": [],
            "zone_id": "Z061285412X3TSRV2I2PH"
          },
          "sensitive_attributes": [],
          "private": "eyJzY2hlbWFfdmVyc2lvbiI6IjIifQ=="
        }
      ]
    },
    {
      "mode": "managed",
      "type": "aws_route53_record",
      "name": "training-vm-eu-29-wildcard",
      "provider": "provider[\"registry.terraform.io/hashicorp/aws\"]",
      "instances": [
        {
          "schema_version": 2,
          "attributes": {
            "alias": [],
            "allow_overwrite": null,
            "failover_routing_policy": [],
            "fqdn": "*.interactivetoolentrypoint.interactivetool.gat-29.eu.galaxy.training",
            "geolocation_routing_policy": [],
            "health_check_id": "",
            "id": "Z061285412X3TSRV2I2PH_*.interactivetoolentrypoint.interactivetool.gat-29.eu.galaxy.training_CNAME",
            "latency_routing_policy": [],
            "multivalue_answer_routing_policy": null,
            "name": "*.interactivetoolentrypoint.interactivetool.gat-29.eu.galaxy.training",
            "records": [
              "gat-29.eu.galaxy.training"
            ],
            "set_identifier": "",
            "ttl": 7200,
            "type": "CNAME",
            "weighted_routing_policy": [],
            "zone_id": "Z061285412X3TSRV2I2PH"
          },
          "sensitive_attributes": [],
          "private": "eyJzY2hlbWFfdmVyc2lvbiI6IjIifQ=="
        }
      ]
    },
    {
      "mode": "managed",
      "type": "aws_route53_record",
      "name": "training-vm-eu-29-wildcard-other",
      "provider": "provider[\"registry.terraform.io/hashicorp/aws\"]",
      "instances": [
        {
          "schema_version": 2,
          "attributes": {
            "alias": [],
            "allow_overwrite": null,
            "failover_routing_policy": [],
            "fqdn": "*.gat-29.eu.galaxy.training",
            "geolocation_routing_policy": [],
            "health_check_id": "",
            "id": "Z061285412X3TSRV2I2PH_*.gat-29.eu.galaxy.training_CNAME",
            "latency_routing_policy": [],
            "multivalue_answer_routing_policy": null,
            "name": "*.gat-29.eu.galaxy.training",
            "records": [
              "gat-29.eu.galaxy.training"
            ],
            "set_identifier": "",
            "ttl": 7200,
            "type": "CNAME",
            "weighted_routing_policy": [],
            "zone_id": "Z061285412X3TSRV2I2PH"
          },
          "sensitive_attributes": [],
          "private": "eyJzY2hlbWFfdmVyc2lvbiI6IjIifQ=="
        }
      ]
    },
    {
      "mode": "managed",
      "type": "aws_route53_record",
      "name": "training-vm-eu-3",
      "provider": "provider[\"registry.terraform.io/hashicorp/aws\"]",
      "instances": [
        {
          "schema_version": 2,
          "attributes": {
            "alias": [],
            "allow_overwrite": null,
            "failover_routing_policy": [],
            "fqdn": "gat-3.eu.galaxy.training",
            "geolocation_routing_policy": [],
            "health_check_id": "",
            "id": "Z061285412X3TSRV2I2PH_gat-3.eu.galaxy.training_A",
            "latency_routing_policy": [],
            "multivalue_answer_routing_policy": null,
            "name": "gat-3.eu.galaxy.training",
            "records": [
              "192.52.46.180"
            ],
            "set_identifier": "",
            "ttl": 7200,
            "type": "A",
            "weighted_routing_policy": [],
            "zone_id": "Z061285412X3TSRV2I2PH"
          },
          "sensitive_attributes": [],
          "private": "eyJzY2hlbWFfdmVyc2lvbiI6IjIifQ=="
        }
      ]
    },
    {
      "mode": "managed",
      "type": "aws_route53_record",
      "name": "training-vm-eu-3-wildcard",
      "provider": "provider[\"registry.terraform.io/hashicorp/aws\"]",
      "instances": [
        {
          "schema_version": 2,
          "attributes": {
            "alias": [],
            "allow_overwrite": null,
            "failover_routing_policy": [],
            "fqdn": "*.interactivetoolentrypoint.interactivetool.gat-3.eu.galaxy.training",
            "geolocation_routing_policy": [],
            "health_check_id": "",
            "id": "Z061285412X3TSRV2I2PH_*.interactivetoolentrypoint.interactivetool.gat-3.eu.galaxy.training_CNAME",
            "latency_routing_policy": [],
            "multivalue_answer_routing_policy": null,
            "name": "*.interactivetoolentrypoint.interactivetool.gat-3.eu.galaxy.training",
            "records": [
              "gat-3.eu.galaxy.training"
            ],
            "set_identifier": "",
            "ttl": 7200,
            "type": "CNAME",
            "weighted_routing_policy": [],
            "zone_id": "Z061285412X3TSRV2I2PH"
          },
          "sensitive_attributes": [],
          "private": "eyJzY2hlbWFfdmVyc2lvbiI6IjIifQ=="
        }
      ]
    },
    {
      "mode": "managed",
      "type": "aws_route53_record",
      "name": "training-vm-eu-3-wildcard-other",
      "provider": "provider[\"registry.terraform.io/hashicorp/aws\"]",
      "instances": [
        {
          "schema_version": 2,
          "attributes": {
            "alias": [],
            "allow_overwrite": null,
            "failover_routing_policy": [],
            "fqdn": "*.gat-3.eu.galaxy.training",
            "geolocation_routing_policy": [],
            "health_check_id": "",
            "id": "Z061285412X3TSRV2I2PH_*.gat-3.eu.galaxy.training_CNAME",
            "latency_routing_policy": [],
            "multivalue_answer_routing_policy": null,
            "name": "*.gat-3.eu.galaxy.training",
            "records": [
              "gat-3.eu.galaxy.training"
            ],
            "set_identifier": "",
            "ttl": 7200,
            "type": "CNAME",
            "weighted_routing_policy": [],
            "zone_id": "Z061285412X3TSRV2I2PH"
          },
          "sensitive_attributes": [],
          "private": "eyJzY2hlbWFfdmVyc2lvbiI6IjIifQ=="
        }
      ]
    },
    {
      "mode": "managed",
      "type": "aws_route53_record",
      "name": "training-vm-eu-30",
      "provider": "provider[\"registry.terraform.io/hashicorp/aws\"]",
      "instances": [
        {
          "schema_version": 2,
          "attributes": {
            "alias": [],
            "allow_overwrite": null,
            "failover_routing_policy": [],
            "fqdn": "gat-30.eu.galaxy.training",
            "geolocation_routing_policy": [],
            "health_check_id": "",
            "id": "Z061285412X3TSRV2I2PH_gat-30.eu.galaxy.training_A",
            "latency_routing_policy": [],
            "multivalue_answer_routing_policy": null,
            "name": "gat-30.eu.galaxy.training",
            "records": [
              "192.52.46.164"
            ],
            "set_identifier": "",
            "ttl": 7200,
            "type": "A",
            "weighted_routing_policy": [],
            "zone_id": "Z061285412X3TSRV2I2PH"
          },
          "sensitive_attributes": [],
          "private": "eyJzY2hlbWFfdmVyc2lvbiI6IjIifQ=="
        }
      ]
    },
    {
      "mode": "managed",
      "type": "aws_route53_record",
      "name": "training-vm-eu-30-wildcard",
      "provider": "provider[\"registry.terraform.io/hashicorp/aws\"]",
      "instances": [
        {
          "schema_version": 2,
          "attributes": {
            "alias": [],
            "allow_overwrite": null,
            "failover_routing_policy": [],
            "fqdn": "*.interactivetoolentrypoint.interactivetool.gat-30.eu.galaxy.training",
            "geolocation_routing_policy": [],
            "health_check_id": "",
            "id": "Z061285412X3TSRV2I2PH_*.interactivetoolentrypoint.interactivetool.gat-30.eu.galaxy.training_CNAME",
            "latency_routing_policy": [],
            "multivalue_answer_routing_policy": null,
            "name": "*.interactivetoolentrypoint.interactivetool.gat-30.eu.galaxy.training",
            "records": [
              "gat-30.eu.galaxy.training"
            ],
            "set_identifier": "",
            "ttl": 7200,
            "type": "CNAME",
            "weighted_routing_policy": [],
            "zone_id": "Z061285412X3TSRV2I2PH"
          },
          "sensitive_attributes": [],
          "private": "eyJzY2hlbWFfdmVyc2lvbiI6IjIifQ=="
        }
      ]
    },
    {
      "mode": "managed",
      "type": "aws_route53_record",
      "name": "training-vm-eu-30-wildcard-other",
      "provider": "provider[\"registry.terraform.io/hashicorp/aws\"]",
      "instances": [
        {
          "schema_version": 2,
          "attributes": {
            "alias": [],
            "allow_overwrite": null,
            "failover_routing_policy": [],
            "fqdn": "*.gat-30.eu.galaxy.training",
            "geolocation_routing_policy": [],
            "health_check_id": "",
            "id": "Z061285412X3TSRV2I2PH_*.gat-30.eu.galaxy.training_CNAME",
            "latency_routing_policy": [],
            "multivalue_answer_routing_policy": null,
            "name": "*.gat-30.eu.galaxy.training",
            "records": [
              "gat-30.eu.galaxy.training"
            ],
            "set_identifier": "",
            "ttl": 7200,
            "type": "CNAME",
            "weighted_routing_policy": [],
            "zone_id": "Z061285412X3TSRV2I2PH"
          },
          "sensitive_attributes": [],
          "private": "eyJzY2hlbWFfdmVyc2lvbiI6IjIifQ=="
        }
      ]
    },
    {
      "mode": "managed",
      "type": "aws_route53_record",
      "name": "training-vm-eu-31",
      "provider": "provider[\"registry.terraform.io/hashicorp/aws\"]",
      "instances": [
        {
          "schema_version": 2,
          "attributes": {
            "alias": [],
            "allow_overwrite": null,
            "failover_routing_policy": [],
            "fqdn": "gat-31.eu.galaxy.training",
            "geolocation_routing_policy": [],
            "health_check_id": "",
            "id": "Z061285412X3TSRV2I2PH_gat-31.eu.galaxy.training_A",
            "latency_routing_policy": [],
            "multivalue_answer_routing_policy": null,
            "name": "gat-31.eu.galaxy.training",
            "records": [
              "192.52.45.41"
            ],
            "set_identifier": "",
            "ttl": 7200,
            "type": "A",
            "weighted_routing_policy": [],
            "zone_id": "Z061285412X3TSRV2I2PH"
          },
          "sensitive_attributes": [],
          "private": "eyJzY2hlbWFfdmVyc2lvbiI6IjIifQ=="
        }
      ]
    },
    {
      "mode": "managed",
      "type": "aws_route53_record",
      "name": "training-vm-eu-31-wildcard",
      "provider": "provider[\"registry.terraform.io/hashicorp/aws\"]",
      "instances": [
        {
          "schema_version": 2,
          "attributes": {
            "alias": [],
            "allow_overwrite": null,
            "failover_routing_policy": [],
            "fqdn": "*.interactivetoolentrypoint.interactivetool.gat-31.eu.galaxy.training",
            "geolocation_routing_policy": [],
            "health_check_id": "",
            "id": "Z061285412X3TSRV2I2PH_*.interactivetoolentrypoint.interactivetool.gat-31.eu.galaxy.training_CNAME",
            "latency_routing_policy": [],
            "multivalue_answer_routing_policy": null,
            "name": "*.interactivetoolentrypoint.interactivetool.gat-31.eu.galaxy.training",
            "records": [
              "gat-31.eu.galaxy.training"
            ],
            "set_identifier": "",
            "ttl": 7200,
            "type": "CNAME",
            "weighted_routing_policy": [],
            "zone_id": "Z061285412X3TSRV2I2PH"
          },
          "sensitive_attributes": [],
          "private": "eyJzY2hlbWFfdmVyc2lvbiI6IjIifQ=="
        }
      ]
    },
    {
      "mode": "managed",
      "type": "aws_route53_record",
      "name": "training-vm-eu-31-wildcard-other",
      "provider": "provider[\"registry.terraform.io/hashicorp/aws\"]",
      "instances": [
        {
          "schema_version": 2,
          "attributes": {
            "alias": [],
            "allow_overwrite": null,
            "failover_routing_policy": [],
            "fqdn": "*.gat-31.eu.galaxy.training",
            "geolocation_routing_policy": [],
            "health_check_id": "",
            "id": "Z061285412X3TSRV2I2PH_*.gat-31.eu.galaxy.training_CNAME",
            "latency_routing_policy": [],
            "multivalue_answer_routing_policy": null,
            "name": "*.gat-31.eu.galaxy.training",
            "records": [
              "gat-31.eu.galaxy.training"
            ],
            "set_identifier": "",
            "ttl": 7200,
            "type": "CNAME",
            "weighted_routing_policy": [],
            "zone_id": "Z061285412X3TSRV2I2PH"
          },
          "sensitive_attributes": [],
          "private": "eyJzY2hlbWFfdmVyc2lvbiI6IjIifQ=="
        }
      ]
    },
    {
      "mode": "managed",
      "type": "aws_route53_record",
      "name": "training-vm-eu-32",
      "provider": "provider[\"registry.terraform.io/hashicorp/aws\"]",
      "instances": [
        {
          "schema_version": 2,
          "attributes": {
            "alias": [],
            "allow_overwrite": null,
            "failover_routing_policy": [],
            "fqdn": "gat-32.eu.galaxy.training",
            "geolocation_routing_policy": [],
            "health_check_id": "",
            "id": "Z061285412X3TSRV2I2PH_gat-32.eu.galaxy.training_A",
            "latency_routing_policy": [],
            "multivalue_answer_routing_policy": null,
            "name": "gat-32.eu.galaxy.training",
            "records": [
              "192.52.46.10"
            ],
            "set_identifier": "",
            "ttl": 7200,
            "type": "A",
            "weighted_routing_policy": [],
            "zone_id": "Z061285412X3TSRV2I2PH"
          },
          "sensitive_attributes": [],
          "private": "eyJzY2hlbWFfdmVyc2lvbiI6IjIifQ=="
        }
      ]
    },
    {
      "mode": "managed",
      "type": "aws_route53_record",
      "name": "training-vm-eu-32-wildcard",
      "provider": "provider[\"registry.terraform.io/hashicorp/aws\"]",
      "instances": [
        {
          "schema_version": 2,
          "attributes": {
            "alias": [],
            "allow_overwrite": null,
            "failover_routing_policy": [],
            "fqdn": "*.interactivetoolentrypoint.interactivetool.gat-32.eu.galaxy.training",
            "geolocation_routing_policy": [],
            "health_check_id": "",
            "id": "Z061285412X3TSRV2I2PH_*.interactivetoolentrypoint.interactivetool.gat-32.eu.galaxy.training_CNAME",
            "latency_routing_policy": [],
            "multivalue_answer_routing_policy": null,
            "name": "*.interactivetoolentrypoint.interactivetool.gat-32.eu.galaxy.training",
            "records": [
              "gat-32.eu.galaxy.training"
            ],
            "set_identifier": "",
            "ttl": 7200,
            "type": "CNAME",
            "weighted_routing_policy": [],
            "zone_id": "Z061285412X3TSRV2I2PH"
          },
          "sensitive_attributes": [],
          "private": "eyJzY2hlbWFfdmVyc2lvbiI6IjIifQ=="
        }
      ]
    },
    {
      "mode": "managed",
      "type": "aws_route53_record",
      "name": "training-vm-eu-32-wildcard-other",
      "provider": "provider[\"registry.terraform.io/hashicorp/aws\"]",
      "instances": [
        {
          "schema_version": 2,
          "attributes": {
            "alias": [],
            "allow_overwrite": null,
            "failover_routing_policy": [],
            "fqdn": "*.gat-32.eu.galaxy.training",
            "geolocation_routing_policy": [],
            "health_check_id": "",
            "id": "Z061285412X3TSRV2I2PH_*.gat-32.eu.galaxy.training_CNAME",
            "latency_routing_policy": [],
            "multivalue_answer_routing_policy": null,
            "name": "*.gat-32.eu.galaxy.training",
            "records": [
              "gat-32.eu.galaxy.training"
            ],
            "set_identifier": "",
            "ttl": 7200,
            "type": "CNAME",
            "weighted_routing_policy": [],
            "zone_id": "Z061285412X3TSRV2I2PH"
          },
          "sensitive_attributes": [],
          "private": "eyJzY2hlbWFfdmVyc2lvbiI6IjIifQ=="
        }
      ]
    },
    {
      "mode": "managed",
      "type": "aws_route53_record",
      "name": "training-vm-eu-33",
      "provider": "provider[\"registry.terraform.io/hashicorp/aws\"]",
      "instances": [
        {
          "schema_version": 2,
          "attributes": {
            "alias": [],
            "allow_overwrite": null,
            "failover_routing_policy": [],
            "fqdn": "gat-33.eu.galaxy.training",
            "geolocation_routing_policy": [],
            "health_check_id": "",
            "id": "Z061285412X3TSRV2I2PH_gat-33.eu.galaxy.training_A",
            "latency_routing_policy": [],
            "multivalue_answer_routing_policy": null,
            "name": "gat-33.eu.galaxy.training",
            "records": [
              "192.52.46.51"
            ],
            "set_identifier": "",
            "ttl": 7200,
            "type": "A",
            "weighted_routing_policy": [],
            "zone_id": "Z061285412X3TSRV2I2PH"
          },
          "sensitive_attributes": [],
          "private": "eyJzY2hlbWFfdmVyc2lvbiI6IjIifQ=="
        }
      ]
    },
    {
      "mode": "managed",
      "type": "aws_route53_record",
      "name": "training-vm-eu-33-wildcard",
      "provider": "provider[\"registry.terraform.io/hashicorp/aws\"]",
      "instances": [
        {
          "schema_version": 2,
          "attributes": {
            "alias": [],
            "allow_overwrite": null,
            "failover_routing_policy": [],
            "fqdn": "*.interactivetoolentrypoint.interactivetool.gat-33.eu.galaxy.training",
            "geolocation_routing_policy": [],
            "health_check_id": "",
            "id": "Z061285412X3TSRV2I2PH_*.interactivetoolentrypoint.interactivetool.gat-33.eu.galaxy.training_CNAME",
            "latency_routing_policy": [],
            "multivalue_answer_routing_policy": null,
            "name": "*.interactivetoolentrypoint.interactivetool.gat-33.eu.galaxy.training",
            "records": [
              "gat-33.eu.galaxy.training"
            ],
            "set_identifier": "",
            "ttl": 7200,
            "type": "CNAME",
            "weighted_routing_policy": [],
            "zone_id": "Z061285412X3TSRV2I2PH"
          },
          "sensitive_attributes": [],
          "private": "eyJzY2hlbWFfdmVyc2lvbiI6IjIifQ=="
        }
      ]
    },
    {
      "mode": "managed",
      "type": "aws_route53_record",
      "name": "training-vm-eu-33-wildcard-other",
      "provider": "provider[\"registry.terraform.io/hashicorp/aws\"]",
      "instances": [
        {
          "schema_version": 2,
          "attributes": {
            "alias": [],
            "allow_overwrite": null,
            "failover_routing_policy": [],
            "fqdn": "*.gat-33.eu.galaxy.training",
            "geolocation_routing_policy": [],
            "health_check_id": "",
            "id": "Z061285412X3TSRV2I2PH_*.gat-33.eu.galaxy.training_CNAME",
            "latency_routing_policy": [],
            "multivalue_answer_routing_policy": null,
            "name": "*.gat-33.eu.galaxy.training",
            "records": [
              "gat-33.eu.galaxy.training"
            ],
            "set_identifier": "",
            "ttl": 7200,
            "type": "CNAME",
            "weighted_routing_policy": [],
            "zone_id": "Z061285412X3TSRV2I2PH"
          },
          "sensitive_attributes": [],
          "private": "eyJzY2hlbWFfdmVyc2lvbiI6IjIifQ=="
        }
      ]
    },
    {
      "mode": "managed",
      "type": "aws_route53_record",
      "name": "training-vm-eu-34",
      "provider": "provider[\"registry.terraform.io/hashicorp/aws\"]",
      "instances": [
        {
          "schema_version": 2,
          "attributes": {
            "alias": [],
            "allow_overwrite": null,
            "failover_routing_policy": [],
            "fqdn": "gat-34.eu.galaxy.training",
            "geolocation_routing_policy": [],
            "health_check_id": "",
            "id": "Z061285412X3TSRV2I2PH_gat-34.eu.galaxy.training_A",
            "latency_routing_policy": [],
            "multivalue_answer_routing_policy": null,
            "name": "gat-34.eu.galaxy.training",
            "records": [
              "192.52.46.167"
            ],
            "set_identifier": "",
            "ttl": 7200,
            "type": "A",
            "weighted_routing_policy": [],
            "zone_id": "Z061285412X3TSRV2I2PH"
          },
          "sensitive_attributes": [],
          "private": "eyJzY2hlbWFfdmVyc2lvbiI6IjIifQ=="
        }
      ]
    },
    {
      "mode": "managed",
      "type": "aws_route53_record",
      "name": "training-vm-eu-34-wildcard",
      "provider": "provider[\"registry.terraform.io/hashicorp/aws\"]",
      "instances": [
        {
          "schema_version": 2,
          "attributes": {
            "alias": [],
            "allow_overwrite": null,
            "failover_routing_policy": [],
            "fqdn": "*.interactivetoolentrypoint.interactivetool.gat-34.eu.galaxy.training",
            "geolocation_routing_policy": [],
            "health_check_id": "",
            "id": "Z061285412X3TSRV2I2PH_*.interactivetoolentrypoint.interactivetool.gat-34.eu.galaxy.training_CNAME",
            "latency_routing_policy": [],
            "multivalue_answer_routing_policy": null,
            "name": "*.interactivetoolentrypoint.interactivetool.gat-34.eu.galaxy.training",
            "records": [
              "gat-34.eu.galaxy.training"
            ],
            "set_identifier": "",
            "ttl": 7200,
            "type": "CNAME",
            "weighted_routing_policy": [],
            "zone_id": "Z061285412X3TSRV2I2PH"
          },
          "sensitive_attributes": [],
          "private": "eyJzY2hlbWFfdmVyc2lvbiI6IjIifQ=="
        }
      ]
    },
    {
      "mode": "managed",
      "type": "aws_route53_record",
      "name": "training-vm-eu-34-wildcard-other",
      "provider": "provider[\"registry.terraform.io/hashicorp/aws\"]",
      "instances": [
        {
          "schema_version": 2,
          "attributes": {
            "alias": [],
            "allow_overwrite": null,
            "failover_routing_policy": [],
            "fqdn": "*.gat-34.eu.galaxy.training",
            "geolocation_routing_policy": [],
            "health_check_id": "",
            "id": "Z061285412X3TSRV2I2PH_*.gat-34.eu.galaxy.training_CNAME",
            "latency_routing_policy": [],
            "multivalue_answer_routing_policy": null,
            "name": "*.gat-34.eu.galaxy.training",
            "records": [
              "gat-34.eu.galaxy.training"
            ],
            "set_identifier": "",
            "ttl": 7200,
            "type": "CNAME",
            "weighted_routing_policy": [],
            "zone_id": "Z061285412X3TSRV2I2PH"
          },
          "sensitive_attributes": [],
          "private": "eyJzY2hlbWFfdmVyc2lvbiI6IjIifQ=="
        }
      ]
    },
    {
      "mode": "managed",
      "type": "aws_route53_record",
      "name": "training-vm-eu-35",
      "provider": "provider[\"registry.terraform.io/hashicorp/aws\"]",
      "instances": [
        {
          "schema_version": 2,
          "attributes": {
            "alias": [],
            "allow_overwrite": null,
            "failover_routing_policy": [],
            "fqdn": "gat-35.eu.galaxy.training",
            "geolocation_routing_policy": [],
            "health_check_id": "",
            "id": "Z061285412X3TSRV2I2PH_gat-35.eu.galaxy.training_A",
            "latency_routing_policy": [],
            "multivalue_answer_routing_policy": null,
            "name": "gat-35.eu.galaxy.training",
            "records": [
              "192.52.44.137"
            ],
            "set_identifier": "",
            "ttl": 7200,
            "type": "A",
            "weighted_routing_policy": [],
            "zone_id": "Z061285412X3TSRV2I2PH"
          },
          "sensitive_attributes": [],
          "private": "eyJzY2hlbWFfdmVyc2lvbiI6IjIifQ=="
        }
      ]
    },
    {
      "mode": "managed",
      "type": "aws_route53_record",
      "name": "training-vm-eu-35-wildcard",
      "provider": "provider[\"registry.terraform.io/hashicorp/aws\"]",
      "instances": [
        {
          "schema_version": 2,
          "attributes": {
            "alias": [],
            "allow_overwrite": null,
            "failover_routing_policy": [],
            "fqdn": "*.interactivetoolentrypoint.interactivetool.gat-35.eu.galaxy.training",
            "geolocation_routing_policy": [],
            "health_check_id": "",
            "id": "Z061285412X3TSRV2I2PH_*.interactivetoolentrypoint.interactivetool.gat-35.eu.galaxy.training_CNAME",
            "latency_routing_policy": [],
            "multivalue_answer_routing_policy": null,
            "name": "*.interactivetoolentrypoint.interactivetool.gat-35.eu.galaxy.training",
            "records": [
              "gat-35.eu.galaxy.training"
            ],
            "set_identifier": "",
            "ttl": 7200,
            "type": "CNAME",
            "weighted_routing_policy": [],
            "zone_id": "Z061285412X3TSRV2I2PH"
          },
          "sensitive_attributes": [],
          "private": "eyJzY2hlbWFfdmVyc2lvbiI6IjIifQ=="
        }
      ]
    },
    {
      "mode": "managed",
      "type": "aws_route53_record",
      "name": "training-vm-eu-35-wildcard-other",
      "provider": "provider[\"registry.terraform.io/hashicorp/aws\"]",
      "instances": [
        {
          "schema_version": 2,
          "attributes": {
            "alias": [],
            "allow_overwrite": null,
            "failover_routing_policy": [],
            "fqdn": "*.gat-35.eu.galaxy.training",
            "geolocation_routing_policy": [],
            "health_check_id": "",
            "id": "Z061285412X3TSRV2I2PH_*.gat-35.eu.galaxy.training_CNAME",
            "latency_routing_policy": [],
            "multivalue_answer_routing_policy": null,
            "name": "*.gat-35.eu.galaxy.training",
            "records": [
              "gat-35.eu.galaxy.training"
            ],
            "set_identifier": "",
            "ttl": 7200,
            "type": "CNAME",
            "weighted_routing_policy": [],
            "zone_id": "Z061285412X3TSRV2I2PH"
          },
          "sensitive_attributes": [],
          "private": "eyJzY2hlbWFfdmVyc2lvbiI6IjIifQ=="
        }
      ]
    },
    {
      "mode": "managed",
      "type": "aws_route53_record",
      "name": "training-vm-eu-36",
      "provider": "provider[\"registry.terraform.io/hashicorp/aws\"]",
      "instances": [
        {
          "schema_version": 2,
          "attributes": {
            "alias": [],
            "allow_overwrite": null,
            "failover_routing_policy": [],
            "fqdn": "gat-36.eu.galaxy.training",
            "geolocation_routing_policy": [],
            "health_check_id": "",
            "id": "Z061285412X3TSRV2I2PH_gat-36.eu.galaxy.training_A",
            "latency_routing_policy": [],
            "multivalue_answer_routing_policy": null,
            "name": "gat-36.eu.galaxy.training",
            "records": [
              "192.52.42.83"
            ],
            "set_identifier": "",
            "ttl": 7200,
            "type": "A",
            "weighted_routing_policy": [],
            "zone_id": "Z061285412X3TSRV2I2PH"
          },
          "sensitive_attributes": [],
          "private": "eyJzY2hlbWFfdmVyc2lvbiI6IjIifQ=="
        }
      ]
    },
    {
      "mode": "managed",
      "type": "aws_route53_record",
      "name": "training-vm-eu-36-wildcard",
      "provider": "provider[\"registry.terraform.io/hashicorp/aws\"]",
      "instances": [
        {
          "schema_version": 2,
          "attributes": {
            "alias": [],
            "allow_overwrite": null,
            "failover_routing_policy": [],
            "fqdn": "*.interactivetoolentrypoint.interactivetool.gat-36.eu.galaxy.training",
            "geolocation_routing_policy": [],
            "health_check_id": "",
            "id": "Z061285412X3TSRV2I2PH_*.interactivetoolentrypoint.interactivetool.gat-36.eu.galaxy.training_CNAME",
            "latency_routing_policy": [],
            "multivalue_answer_routing_policy": null,
            "name": "*.interactivetoolentrypoint.interactivetool.gat-36.eu.galaxy.training",
            "records": [
              "gat-36.eu.galaxy.training"
            ],
            "set_identifier": "",
            "ttl": 7200,
            "type": "CNAME",
            "weighted_routing_policy": [],
            "zone_id": "Z061285412X3TSRV2I2PH"
          },
          "sensitive_attributes": [],
          "private": "eyJzY2hlbWFfdmVyc2lvbiI6IjIifQ=="
        }
      ]
    },
    {
      "mode": "managed",
      "type": "aws_route53_record",
      "name": "training-vm-eu-36-wildcard-other",
      "provider": "provider[\"registry.terraform.io/hashicorp/aws\"]",
      "instances": [
        {
          "schema_version": 2,
          "attributes": {
            "alias": [],
            "allow_overwrite": null,
            "failover_routing_policy": [],
            "fqdn": "*.gat-36.eu.galaxy.training",
            "geolocation_routing_policy": [],
            "health_check_id": "",
            "id": "Z061285412X3TSRV2I2PH_*.gat-36.eu.galaxy.training_CNAME",
            "latency_routing_policy": [],
            "multivalue_answer_routing_policy": null,
            "name": "*.gat-36.eu.galaxy.training",
            "records": [
              "gat-36.eu.galaxy.training"
            ],
            "set_identifier": "",
            "ttl": 7200,
            "type": "CNAME",
            "weighted_routing_policy": [],
            "zone_id": "Z061285412X3TSRV2I2PH"
          },
          "sensitive_attributes": [],
          "private": "eyJzY2hlbWFfdmVyc2lvbiI6IjIifQ=="
        }
      ]
    },
    {
      "mode": "managed",
      "type": "aws_route53_record",
      "name": "training-vm-eu-37",
      "provider": "provider[\"registry.terraform.io/hashicorp/aws\"]",
      "instances": [
        {
          "schema_version": 2,
          "attributes": {
            "alias": [],
            "allow_overwrite": null,
            "failover_routing_policy": [],
            "fqdn": "gat-37.eu.galaxy.training",
            "geolocation_routing_policy": [],
            "health_check_id": "",
            "id": "Z061285412X3TSRV2I2PH_gat-37.eu.galaxy.training_A",
            "latency_routing_policy": [],
            "multivalue_answer_routing_policy": null,
            "name": "gat-37.eu.galaxy.training",
            "records": [
              "192.52.47.200"
            ],
            "set_identifier": "",
            "ttl": 7200,
            "type": "A",
            "weighted_routing_policy": [],
            "zone_id": "Z061285412X3TSRV2I2PH"
          },
          "sensitive_attributes": [],
          "private": "eyJzY2hlbWFfdmVyc2lvbiI6IjIifQ=="
        }
      ]
    },
    {
      "mode": "managed",
      "type": "aws_route53_record",
      "name": "training-vm-eu-37-wildcard",
      "provider": "provider[\"registry.terraform.io/hashicorp/aws\"]",
      "instances": [
        {
          "schema_version": 2,
          "attributes": {
            "alias": [],
            "allow_overwrite": null,
            "failover_routing_policy": [],
            "fqdn": "*.interactivetoolentrypoint.interactivetool.gat-37.eu.galaxy.training",
            "geolocation_routing_policy": [],
            "health_check_id": "",
            "id": "Z061285412X3TSRV2I2PH_*.interactivetoolentrypoint.interactivetool.gat-37.eu.galaxy.training_CNAME",
            "latency_routing_policy": [],
            "multivalue_answer_routing_policy": null,
            "name": "*.interactivetoolentrypoint.interactivetool.gat-37.eu.galaxy.training",
            "records": [
              "gat-37.eu.galaxy.training"
            ],
            "set_identifier": "",
            "ttl": 7200,
            "type": "CNAME",
            "weighted_routing_policy": [],
            "zone_id": "Z061285412X3TSRV2I2PH"
          },
          "sensitive_attributes": [],
          "private": "eyJzY2hlbWFfdmVyc2lvbiI6IjIifQ=="
        }
      ]
    },
    {
      "mode": "managed",
      "type": "aws_route53_record",
      "name": "training-vm-eu-37-wildcard-other",
      "provider": "provider[\"registry.terraform.io/hashicorp/aws\"]",
      "instances": [
        {
          "schema_version": 2,
          "attributes": {
            "alias": [],
            "allow_overwrite": null,
            "failover_routing_policy": [],
            "fqdn": "*.gat-37.eu.galaxy.training",
            "geolocation_routing_policy": [],
            "health_check_id": "",
            "id": "Z061285412X3TSRV2I2PH_*.gat-37.eu.galaxy.training_CNAME",
            "latency_routing_policy": [],
            "multivalue_answer_routing_policy": null,
            "name": "*.gat-37.eu.galaxy.training",
            "records": [
              "gat-37.eu.galaxy.training"
            ],
            "set_identifier": "",
            "ttl": 7200,
            "type": "CNAME",
            "weighted_routing_policy": [],
            "zone_id": "Z061285412X3TSRV2I2PH"
          },
          "sensitive_attributes": [],
          "private": "eyJzY2hlbWFfdmVyc2lvbiI6IjIifQ=="
        }
      ]
    },
    {
      "mode": "managed",
      "type": "aws_route53_record",
      "name": "training-vm-eu-38",
      "provider": "provider[\"registry.terraform.io/hashicorp/aws\"]",
      "instances": [
        {
          "schema_version": 2,
          "attributes": {
            "alias": [],
            "allow_overwrite": null,
            "failover_routing_policy": [],
            "fqdn": "gat-38.eu.galaxy.training",
            "geolocation_routing_policy": [],
            "health_check_id": "",
            "id": "Z061285412X3TSRV2I2PH_gat-38.eu.galaxy.training_A",
            "latency_routing_policy": [],
            "multivalue_answer_routing_policy": null,
            "name": "gat-38.eu.galaxy.training",
            "records": [
              "192.52.44.49"
            ],
            "set_identifier": "",
            "ttl": 7200,
            "type": "A",
            "weighted_routing_policy": [],
            "zone_id": "Z061285412X3TSRV2I2PH"
          },
          "sensitive_attributes": [],
          "private": "eyJzY2hlbWFfdmVyc2lvbiI6IjIifQ=="
        }
      ]
    },
    {
      "mode": "managed",
      "type": "aws_route53_record",
      "name": "training-vm-eu-38-wildcard",
      "provider": "provider[\"registry.terraform.io/hashicorp/aws\"]",
      "instances": [
        {
          "schema_version": 2,
          "attributes": {
            "alias": [],
            "allow_overwrite": null,
            "failover_routing_policy": [],
            "fqdn": "*.interactivetoolentrypoint.interactivetool.gat-38.eu.galaxy.training",
            "geolocation_routing_policy": [],
            "health_check_id": "",
            "id": "Z061285412X3TSRV2I2PH_*.interactivetoolentrypoint.interactivetool.gat-38.eu.galaxy.training_CNAME",
            "latency_routing_policy": [],
            "multivalue_answer_routing_policy": null,
            "name": "*.interactivetoolentrypoint.interactivetool.gat-38.eu.galaxy.training",
            "records": [
              "gat-38.eu.galaxy.training"
            ],
            "set_identifier": "",
            "ttl": 7200,
            "type": "CNAME",
            "weighted_routing_policy": [],
            "zone_id": "Z061285412X3TSRV2I2PH"
          },
          "sensitive_attributes": [],
          "private": "eyJzY2hlbWFfdmVyc2lvbiI6IjIifQ=="
        }
      ]
    },
    {
      "mode": "managed",
      "type": "aws_route53_record",
      "name": "training-vm-eu-38-wildcard-other",
      "provider": "provider[\"registry.terraform.io/hashicorp/aws\"]",
      "instances": [
        {
          "schema_version": 2,
          "attributes": {
            "alias": [],
            "allow_overwrite": null,
            "failover_routing_policy": [],
            "fqdn": "*.gat-38.eu.galaxy.training",
            "geolocation_routing_policy": [],
            "health_check_id": "",
            "id": "Z061285412X3TSRV2I2PH_*.gat-38.eu.galaxy.training_CNAME",
            "latency_routing_policy": [],
            "multivalue_answer_routing_policy": null,
            "name": "*.gat-38.eu.galaxy.training",
            "records": [
              "gat-38.eu.galaxy.training"
            ],
            "set_identifier": "",
            "ttl": 7200,
            "type": "CNAME",
            "weighted_routing_policy": [],
            "zone_id": "Z061285412X3TSRV2I2PH"
          },
          "sensitive_attributes": [],
          "private": "eyJzY2hlbWFfdmVyc2lvbiI6IjIifQ=="
        }
      ]
    },
    {
      "mode": "managed",
      "type": "aws_route53_record",
      "name": "training-vm-eu-39",
      "provider": "provider[\"registry.terraform.io/hashicorp/aws\"]",
      "instances": [
        {
          "schema_version": 2,
          "attributes": {
            "alias": [],
            "allow_overwrite": null,
            "failover_routing_policy": [],
            "fqdn": "gat-39.eu.galaxy.training",
            "geolocation_routing_policy": [],
            "health_check_id": "",
            "id": "Z061285412X3TSRV2I2PH_gat-39.eu.galaxy.training_A",
            "latency_routing_policy": [],
            "multivalue_answer_routing_policy": null,
            "name": "gat-39.eu.galaxy.training",
            "records": [
              "192.52.47.225"
            ],
            "set_identifier": "",
            "ttl": 7200,
            "type": "A",
            "weighted_routing_policy": [],
            "zone_id": "Z061285412X3TSRV2I2PH"
          },
          "sensitive_attributes": [],
          "private": "eyJzY2hlbWFfdmVyc2lvbiI6IjIifQ=="
        }
      ]
    },
    {
      "mode": "managed",
      "type": "aws_route53_record",
      "name": "training-vm-eu-39-wildcard",
      "provider": "provider[\"registry.terraform.io/hashicorp/aws\"]",
      "instances": [
        {
          "schema_version": 2,
          "attributes": {
            "alias": [],
            "allow_overwrite": null,
            "failover_routing_policy": [],
            "fqdn": "*.interactivetoolentrypoint.interactivetool.gat-39.eu.galaxy.training",
            "geolocation_routing_policy": [],
            "health_check_id": "",
            "id": "Z061285412X3TSRV2I2PH_*.interactivetoolentrypoint.interactivetool.gat-39.eu.galaxy.training_CNAME",
            "latency_routing_policy": [],
            "multivalue_answer_routing_policy": null,
            "name": "*.interactivetoolentrypoint.interactivetool.gat-39.eu.galaxy.training",
            "records": [
              "gat-39.eu.galaxy.training"
            ],
            "set_identifier": "",
            "ttl": 7200,
            "type": "CNAME",
            "weighted_routing_policy": [],
            "zone_id": "Z061285412X3TSRV2I2PH"
          },
          "sensitive_attributes": [],
          "private": "eyJzY2hlbWFfdmVyc2lvbiI6IjIifQ=="
        }
      ]
    },
    {
      "mode": "managed",
      "type": "aws_route53_record",
      "name": "training-vm-eu-39-wildcard-other",
      "provider": "provider[\"registry.terraform.io/hashicorp/aws\"]",
      "instances": [
        {
          "schema_version": 2,
          "attributes": {
            "alias": [],
            "allow_overwrite": null,
            "failover_routing_policy": [],
            "fqdn": "*.gat-39.eu.galaxy.training",
            "geolocation_routing_policy": [],
            "health_check_id": "",
            "id": "Z061285412X3TSRV2I2PH_*.gat-39.eu.galaxy.training_CNAME",
            "latency_routing_policy": [],
            "multivalue_answer_routing_policy": null,
            "name": "*.gat-39.eu.galaxy.training",
            "records": [
              "gat-39.eu.galaxy.training"
            ],
            "set_identifier": "",
            "ttl": 7200,
            "type": "CNAME",
            "weighted_routing_policy": [],
            "zone_id": "Z061285412X3TSRV2I2PH"
          },
          "sensitive_attributes": [],
          "private": "eyJzY2hlbWFfdmVyc2lvbiI6IjIifQ=="
        }
      ]
    },
    {
      "mode": "managed",
      "type": "aws_route53_record",
      "name": "training-vm-eu-4",
      "provider": "provider[\"registry.terraform.io/hashicorp/aws\"]",
      "instances": [
        {
          "schema_version": 2,
          "attributes": {
            "alias": [],
            "allow_overwrite": null,
            "failover_routing_policy": [],
            "fqdn": "gat-4.eu.galaxy.training",
            "geolocation_routing_policy": [],
            "health_check_id": "",
            "id": "Z061285412X3TSRV2I2PH_gat-4.eu.galaxy.training_A",
            "latency_routing_policy": [],
            "multivalue_answer_routing_policy": null,
            "name": "gat-4.eu.galaxy.training",
            "records": [
              "192.52.45.246"
            ],
            "set_identifier": "",
            "ttl": 7200,
            "type": "A",
            "weighted_routing_policy": [],
            "zone_id": "Z061285412X3TSRV2I2PH"
          },
          "sensitive_attributes": [],
          "private": "eyJzY2hlbWFfdmVyc2lvbiI6IjIifQ=="
        }
      ]
    },
    {
      "mode": "managed",
      "type": "aws_route53_record",
      "name": "training-vm-eu-4-wildcard",
      "provider": "provider[\"registry.terraform.io/hashicorp/aws\"]",
      "instances": [
        {
          "schema_version": 2,
          "attributes": {
            "alias": [],
            "allow_overwrite": null,
            "failover_routing_policy": [],
            "fqdn": "*.interactivetoolentrypoint.interactivetool.gat-4.eu.galaxy.training",
            "geolocation_routing_policy": [],
            "health_check_id": "",
            "id": "Z061285412X3TSRV2I2PH_*.interactivetoolentrypoint.interactivetool.gat-4.eu.galaxy.training_CNAME",
            "latency_routing_policy": [],
            "multivalue_answer_routing_policy": null,
            "name": "*.interactivetoolentrypoint.interactivetool.gat-4.eu.galaxy.training",
            "records": [
              "gat-4.eu.galaxy.training"
            ],
            "set_identifier": "",
            "ttl": 7200,
            "type": "CNAME",
            "weighted_routing_policy": [],
            "zone_id": "Z061285412X3TSRV2I2PH"
          },
          "sensitive_attributes": [],
          "private": "eyJzY2hlbWFfdmVyc2lvbiI6IjIifQ=="
        }
      ]
    },
    {
      "mode": "managed",
      "type": "aws_route53_record",
      "name": "training-vm-eu-4-wildcard-other",
      "provider": "provider[\"registry.terraform.io/hashicorp/aws\"]",
      "instances": [
        {
          "schema_version": 2,
          "attributes": {
            "alias": [],
            "allow_overwrite": null,
            "failover_routing_policy": [],
            "fqdn": "*.gat-4.eu.galaxy.training",
            "geolocation_routing_policy": [],
            "health_check_id": "",
            "id": "Z061285412X3TSRV2I2PH_*.gat-4.eu.galaxy.training_CNAME",
            "latency_routing_policy": [],
            "multivalue_answer_routing_policy": null,
            "name": "*.gat-4.eu.galaxy.training",
            "records": [
              "gat-4.eu.galaxy.training"
            ],
            "set_identifier": "",
            "ttl": 7200,
            "type": "CNAME",
            "weighted_routing_policy": [],
            "zone_id": "Z061285412X3TSRV2I2PH"
          },
          "sensitive_attributes": [],
          "private": "eyJzY2hlbWFfdmVyc2lvbiI6IjIifQ=="
        }
      ]
    },
    {
      "mode": "managed",
      "type": "aws_route53_record",
      "name": "training-vm-eu-5",
      "provider": "provider[\"registry.terraform.io/hashicorp/aws\"]",
      "instances": [
        {
          "schema_version": 2,
          "attributes": {
            "alias": [],
            "allow_overwrite": null,
            "failover_routing_policy": [],
            "fqdn": "gat-5.eu.galaxy.training",
            "geolocation_routing_policy": [],
            "health_check_id": "",
            "id": "Z061285412X3TSRV2I2PH_gat-5.eu.galaxy.training_A",
            "latency_routing_policy": [],
            "multivalue_answer_routing_policy": null,
            "name": "gat-5.eu.galaxy.training",
            "records": [
              "192.52.46.221"
            ],
            "set_identifier": "",
            "ttl": 7200,
            "type": "A",
            "weighted_routing_policy": [],
            "zone_id": "Z061285412X3TSRV2I2PH"
          },
          "sensitive_attributes": [],
          "private": "eyJzY2hlbWFfdmVyc2lvbiI6IjIifQ=="
        }
      ]
    },
    {
      "mode": "managed",
      "type": "aws_route53_record",
      "name": "training-vm-eu-5-wildcard",
      "provider": "provider[\"registry.terraform.io/hashicorp/aws\"]",
      "instances": [
        {
          "schema_version": 2,
          "attributes": {
            "alias": [],
            "allow_overwrite": null,
            "failover_routing_policy": [],
            "fqdn": "*.interactivetoolentrypoint.interactivetool.gat-5.eu.galaxy.training",
            "geolocation_routing_policy": [],
            "health_check_id": "",
            "id": "Z061285412X3TSRV2I2PH_*.interactivetoolentrypoint.interactivetool.gat-5.eu.galaxy.training_CNAME",
            "latency_routing_policy": [],
            "multivalue_answer_routing_policy": null,
            "name": "*.interactivetoolentrypoint.interactivetool.gat-5.eu.galaxy.training",
            "records": [
              "gat-5.eu.galaxy.training"
            ],
            "set_identifier": "",
            "ttl": 7200,
            "type": "CNAME",
            "weighted_routing_policy": [],
            "zone_id": "Z061285412X3TSRV2I2PH"
          },
          "sensitive_attributes": [],
          "private": "eyJzY2hlbWFfdmVyc2lvbiI6IjIifQ=="
        }
      ]
    },
    {
      "mode": "managed",
      "type": "aws_route53_record",
      "name": "training-vm-eu-5-wildcard-other",
      "provider": "provider[\"registry.terraform.io/hashicorp/aws\"]",
      "instances": [
        {
          "schema_version": 2,
          "attributes": {
            "alias": [],
            "allow_overwrite": null,
            "failover_routing_policy": [],
            "fqdn": "*.gat-5.eu.galaxy.training",
            "geolocation_routing_policy": [],
            "health_check_id": "",
            "id": "Z061285412X3TSRV2I2PH_*.gat-5.eu.galaxy.training_CNAME",
            "latency_routing_policy": [],
            "multivalue_answer_routing_policy": null,
            "name": "*.gat-5.eu.galaxy.training",
            "records": [
              "gat-5.eu.galaxy.training"
            ],
            "set_identifier": "",
            "ttl": 7200,
            "type": "CNAME",
            "weighted_routing_policy": [],
            "zone_id": "Z061285412X3TSRV2I2PH"
          },
          "sensitive_attributes": [],
          "private": "eyJzY2hlbWFfdmVyc2lvbiI6IjIifQ=="
        }
      ]
    },
    {
      "mode": "managed",
      "type": "aws_route53_record",
      "name": "training-vm-eu-6",
      "provider": "provider[\"registry.terraform.io/hashicorp/aws\"]",
      "instances": [
        {
          "schema_version": 2,
          "attributes": {
            "alias": [],
            "allow_overwrite": null,
            "failover_routing_policy": [],
            "fqdn": "gat-6.eu.galaxy.training",
            "geolocation_routing_policy": [],
            "health_check_id": "",
            "id": "Z061285412X3TSRV2I2PH_gat-6.eu.galaxy.training_A",
            "latency_routing_policy": [],
            "multivalue_answer_routing_policy": null,
            "name": "gat-6.eu.galaxy.training",
            "records": [
              "192.52.45.171"
            ],
            "set_identifier": "",
            "ttl": 7200,
            "type": "A",
            "weighted_routing_policy": [],
            "zone_id": "Z061285412X3TSRV2I2PH"
          },
          "sensitive_attributes": [],
          "private": "eyJzY2hlbWFfdmVyc2lvbiI6IjIifQ=="
        }
      ]
    },
    {
      "mode": "managed",
      "type": "aws_route53_record",
      "name": "training-vm-eu-6-wildcard",
      "provider": "provider[\"registry.terraform.io/hashicorp/aws\"]",
      "instances": [
        {
          "schema_version": 2,
          "attributes": {
            "alias": [],
            "allow_overwrite": null,
            "failover_routing_policy": [],
            "fqdn": "*.interactivetoolentrypoint.interactivetool.gat-6.eu.galaxy.training",
            "geolocation_routing_policy": [],
            "health_check_id": "",
            "id": "Z061285412X3TSRV2I2PH_*.interactivetoolentrypoint.interactivetool.gat-6.eu.galaxy.training_CNAME",
            "latency_routing_policy": [],
            "multivalue_answer_routing_policy": null,
            "name": "*.interactivetoolentrypoint.interactivetool.gat-6.eu.galaxy.training",
            "records": [
              "gat-6.eu.galaxy.training"
            ],
            "set_identifier": "",
            "ttl": 7200,
            "type": "CNAME",
            "weighted_routing_policy": [],
            "zone_id": "Z061285412X3TSRV2I2PH"
          },
          "sensitive_attributes": [],
          "private": "eyJzY2hlbWFfdmVyc2lvbiI6IjIifQ=="
        }
      ]
    },
    {
      "mode": "managed",
      "type": "aws_route53_record",
      "name": "training-vm-eu-6-wildcard-other",
      "provider": "provider[\"registry.terraform.io/hashicorp/aws\"]",
      "instances": [
        {
          "schema_version": 2,
          "attributes": {
            "alias": [],
            "allow_overwrite": null,
            "failover_routing_policy": [],
            "fqdn": "*.gat-6.eu.galaxy.training",
            "geolocation_routing_policy": [],
            "health_check_id": "",
            "id": "Z061285412X3TSRV2I2PH_*.gat-6.eu.galaxy.training_CNAME",
            "latency_routing_policy": [],
            "multivalue_answer_routing_policy": null,
            "name": "*.gat-6.eu.galaxy.training",
            "records": [
              "gat-6.eu.galaxy.training"
            ],
            "set_identifier": "",
            "ttl": 7200,
            "type": "CNAME",
            "weighted_routing_policy": [],
            "zone_id": "Z061285412X3TSRV2I2PH"
          },
          "sensitive_attributes": [],
          "private": "eyJzY2hlbWFfdmVyc2lvbiI6IjIifQ=="
        }
      ]
    },
    {
      "mode": "managed",
      "type": "aws_route53_record",
      "name": "training-vm-eu-7",
      "provider": "provider[\"registry.terraform.io/hashicorp/aws\"]",
      "instances": [
        {
          "schema_version": 2,
          "attributes": {
            "alias": [],
            "allow_overwrite": null,
            "failover_routing_policy": [],
            "fqdn": "gat-7.eu.galaxy.training",
            "geolocation_routing_policy": [],
            "health_check_id": "",
            "id": "Z061285412X3TSRV2I2PH_gat-7.eu.galaxy.training_A",
            "latency_routing_policy": [],
            "multivalue_answer_routing_policy": null,
            "name": "gat-7.eu.galaxy.training",
            "records": [
              "192.52.45.202"
            ],
            "set_identifier": "",
            "ttl": 7200,
            "type": "A",
            "weighted_routing_policy": [],
            "zone_id": "Z061285412X3TSRV2I2PH"
          },
          "sensitive_attributes": [],
          "private": "eyJzY2hlbWFfdmVyc2lvbiI6IjIifQ=="
        }
      ]
    },
    {
      "mode": "managed",
      "type": "aws_route53_record",
      "name": "training-vm-eu-7-wildcard",
      "provider": "provider[\"registry.terraform.io/hashicorp/aws\"]",
      "instances": [
        {
          "schema_version": 2,
          "attributes": {
            "alias": [],
            "allow_overwrite": null,
            "failover_routing_policy": [],
            "fqdn": "*.interactivetoolentrypoint.interactivetool.gat-7.eu.galaxy.training",
            "geolocation_routing_policy": [],
            "health_check_id": "",
            "id": "Z061285412X3TSRV2I2PH_*.interactivetoolentrypoint.interactivetool.gat-7.eu.galaxy.training_CNAME",
            "latency_routing_policy": [],
            "multivalue_answer_routing_policy": null,
            "name": "*.interactivetoolentrypoint.interactivetool.gat-7.eu.galaxy.training",
            "records": [
              "gat-7.eu.galaxy.training"
            ],
            "set_identifier": "",
            "ttl": 7200,
            "type": "CNAME",
            "weighted_routing_policy": [],
            "zone_id": "Z061285412X3TSRV2I2PH"
          },
          "sensitive_attributes": [],
          "private": "eyJzY2hlbWFfdmVyc2lvbiI6IjIifQ=="
        }
      ]
    },
    {
      "mode": "managed",
      "type": "aws_route53_record",
      "name": "training-vm-eu-7-wildcard-other",
      "provider": "provider[\"registry.terraform.io/hashicorp/aws\"]",
      "instances": [
        {
          "schema_version": 2,
          "attributes": {
            "alias": [],
            "allow_overwrite": null,
            "failover_routing_policy": [],
            "fqdn": "*.gat-7.eu.galaxy.training",
            "geolocation_routing_policy": [],
            "health_check_id": "",
            "id": "Z061285412X3TSRV2I2PH_*.gat-7.eu.galaxy.training_CNAME",
            "latency_routing_policy": [],
            "multivalue_answer_routing_policy": null,
            "name": "*.gat-7.eu.galaxy.training",
            "records": [
              "gat-7.eu.galaxy.training"
            ],
            "set_identifier": "",
            "ttl": 7200,
            "type": "CNAME",
            "weighted_routing_policy": [],
            "zone_id": "Z061285412X3TSRV2I2PH"
          },
          "sensitive_attributes": [],
          "private": "eyJzY2hlbWFfdmVyc2lvbiI6IjIifQ=="
        }
      ]
    },
    {
      "mode": "managed",
      "type": "aws_route53_record",
      "name": "training-vm-eu-8",
      "provider": "provider[\"registry.terraform.io/hashicorp/aws\"]",
      "instances": [
        {
          "schema_version": 2,
          "attributes": {
            "alias": [],
            "allow_overwrite": null,
            "failover_routing_policy": [],
            "fqdn": "gat-8.eu.galaxy.training",
            "geolocation_routing_policy": [],
            "health_check_id": "",
            "id": "Z061285412X3TSRV2I2PH_gat-8.eu.galaxy.training_A",
            "latency_routing_policy": [],
            "multivalue_answer_routing_policy": null,
            "name": "gat-8.eu.galaxy.training",
            "records": [
              "192.52.42.8"
            ],
            "set_identifier": "",
            "ttl": 7200,
            "type": "A",
            "weighted_routing_policy": [],
            "zone_id": "Z061285412X3TSRV2I2PH"
          },
          "sensitive_attributes": [],
          "private": "eyJzY2hlbWFfdmVyc2lvbiI6IjIifQ=="
        }
      ]
    },
    {
      "mode": "managed",
      "type": "aws_route53_record",
      "name": "training-vm-eu-8-wildcard",
      "provider": "provider[\"registry.terraform.io/hashicorp/aws\"]",
      "instances": [
        {
          "schema_version": 2,
          "attributes": {
            "alias": [],
            "allow_overwrite": null,
            "failover_routing_policy": [],
            "fqdn": "*.interactivetoolentrypoint.interactivetool.gat-8.eu.galaxy.training",
            "geolocation_routing_policy": [],
            "health_check_id": "",
            "id": "Z061285412X3TSRV2I2PH_*.interactivetoolentrypoint.interactivetool.gat-8.eu.galaxy.training_CNAME",
            "latency_routing_policy": [],
            "multivalue_answer_routing_policy": null,
            "name": "*.interactivetoolentrypoint.interactivetool.gat-8.eu.galaxy.training",
            "records": [
              "gat-8.eu.galaxy.training"
            ],
            "set_identifier": "",
            "ttl": 7200,
            "type": "CNAME",
            "weighted_routing_policy": [],
            "zone_id": "Z061285412X3TSRV2I2PH"
          },
          "sensitive_attributes": [],
          "private": "eyJzY2hlbWFfdmVyc2lvbiI6IjIifQ=="
        }
      ]
    },
    {
      "mode": "managed",
      "type": "aws_route53_record",
      "name": "training-vm-eu-8-wildcard-other",
      "provider": "provider[\"registry.terraform.io/hashicorp/aws\"]",
      "instances": [
        {
          "schema_version": 2,
          "attributes": {
            "alias": [],
            "allow_overwrite": null,
            "failover_routing_policy": [],
            "fqdn": "*.gat-8.eu.galaxy.training",
            "geolocation_routing_policy": [],
            "health_check_id": "",
            "id": "Z061285412X3TSRV2I2PH_*.gat-8.eu.galaxy.training_CNAME",
            "latency_routing_policy": [],
            "multivalue_answer_routing_policy": null,
            "name": "*.gat-8.eu.galaxy.training",
            "records": [
              "gat-8.eu.galaxy.training"
            ],
            "set_identifier": "",
            "ttl": 7200,
            "type": "CNAME",
            "weighted_routing_policy": [],
            "zone_id": "Z061285412X3TSRV2I2PH"
          },
          "sensitive_attributes": [],
          "private": "eyJzY2hlbWFfdmVyc2lvbiI6IjIifQ=="
        }
      ]
    },
    {
      "mode": "managed",
      "type": "aws_route53_record",
      "name": "training-vm-eu-9",
      "provider": "provider[\"registry.terraform.io/hashicorp/aws\"]",
      "instances": [
        {
          "schema_version": 2,
          "attributes": {
            "alias": [],
            "allow_overwrite": null,
            "failover_routing_policy": [],
            "fqdn": "gat-9.eu.galaxy.training",
            "geolocation_routing_policy": [],
            "health_check_id": "",
            "id": "Z061285412X3TSRV2I2PH_gat-9.eu.galaxy.training_A",
            "latency_routing_policy": [],
            "multivalue_answer_routing_policy": null,
            "name": "gat-9.eu.galaxy.training",
            "records": [
              "192.52.42.251"
            ],
            "set_identifier": "",
            "ttl": 7200,
            "type": "A",
            "weighted_routing_policy": [],
            "zone_id": "Z061285412X3TSRV2I2PH"
          },
          "sensitive_attributes": [],
          "private": "eyJzY2hlbWFfdmVyc2lvbiI6IjIifQ=="
        }
      ]
    },
    {
      "mode": "managed",
      "type": "aws_route53_record",
      "name": "training-vm-eu-9-wildcard",
      "provider": "provider[\"registry.terraform.io/hashicorp/aws\"]",
      "instances": [
        {
          "schema_version": 2,
          "attributes": {
            "alias": [],
            "allow_overwrite": null,
            "failover_routing_policy": [],
            "fqdn": "*.interactivetoolentrypoint.interactivetool.gat-9.eu.galaxy.training",
            "geolocation_routing_policy": [],
            "health_check_id": "",
            "id": "Z061285412X3TSRV2I2PH_*.interactivetoolentrypoint.interactivetool.gat-9.eu.galaxy.training_CNAME",
            "latency_routing_policy": [],
            "multivalue_answer_routing_policy": null,
            "name": "*.interactivetoolentrypoint.interactivetool.gat-9.eu.galaxy.training",
            "records": [
              "gat-9.eu.galaxy.training"
            ],
            "set_identifier": "",
            "ttl": 7200,
            "type": "CNAME",
            "weighted_routing_policy": [],
            "zone_id": "Z061285412X3TSRV2I2PH"
          },
          "sensitive_attributes": [],
          "private": "eyJzY2hlbWFfdmVyc2lvbiI6IjIifQ=="
        }
      ]
    },
    {
      "mode": "managed",
      "type": "aws_route53_record",
      "name": "training-vm-eu-9-wildcard-other",
      "provider": "provider[\"registry.terraform.io/hashicorp/aws\"]",
      "instances": [
        {
          "schema_version": 2,
          "attributes": {
            "alias": [],
            "allow_overwrite": null,
            "failover_routing_policy": [],
            "fqdn": "*.gat-9.eu.galaxy.training",
            "geolocation_routing_policy": [],
            "health_check_id": "",
            "id": "Z061285412X3TSRV2I2PH_*.gat-9.eu.galaxy.training_CNAME",
            "latency_routing_policy": [],
            "multivalue_answer_routing_policy": null,
            "name": "*.gat-9.eu.galaxy.training",
            "records": [
              "gat-9.eu.galaxy.training"
            ],
            "set_identifier": "",
            "ttl": 7200,
            "type": "CNAME",
            "weighted_routing_policy": [],
            "zone_id": "Z061285412X3TSRV2I2PH"
          },
          "sensitive_attributes": [],
          "private": "eyJzY2hlbWFfdmVyc2lvbiI6IjIifQ=="
        }
      ]
    },
    {
      "mode": "managed",
      "type": "aws_route53_record",
      "name": "training-vm-oz-0",
      "provider": "provider[\"registry.terraform.io/hashicorp/aws\"]",
      "instances": [
        {
          "schema_version": 2,
          "attributes": {
            "alias": [],
            "allow_overwrite": null,
            "failover_routing_policy": [],
            "fqdn": "gat-0.oz.galaxy.training",
            "geolocation_routing_policy": [],
            "health_check_id": "",
            "id": "Z06074271TNBSU75H5S3Y_gat-0.oz.galaxy.training_A",
            "latency_routing_policy": [],
            "multivalue_answer_routing_policy": null,
            "name": "gat-0.oz.galaxy.training",
            "records": [
              "115.146.84.109"
            ],
            "set_identifier": "",
            "ttl": 7200,
            "type": "A",
            "weighted_routing_policy": [],
            "zone_id": "Z06074271TNBSU75H5S3Y"
          },
          "sensitive_attributes": [],
          "private": "eyJzY2hlbWFfdmVyc2lvbiI6IjIifQ=="
        }
      ]
    },
    {
      "mode": "managed",
      "type": "aws_route53_record",
      "name": "training-vm-oz-0-wildcard",
      "provider": "provider[\"registry.terraform.io/hashicorp/aws\"]",
      "instances": [
        {
          "schema_version": 2,
          "attributes": {
            "alias": [],
            "allow_overwrite": null,
            "failover_routing_policy": [],
            "fqdn": "*.interactivetoolentrypoint.interactivetool.gat-0.oz.galaxy.training",
            "geolocation_routing_policy": [],
            "health_check_id": "",
            "id": "Z06074271TNBSU75H5S3Y_*.interactivetoolentrypoint.interactivetool.gat-0.oz.galaxy.training_CNAME",
            "latency_routing_policy": [],
            "multivalue_answer_routing_policy": null,
            "name": "*.interactivetoolentrypoint.interactivetool.gat-0.oz.galaxy.training",
            "records": [
              "gat-0.oz.galaxy.training"
            ],
            "set_identifier": "",
            "ttl": 7200,
            "type": "CNAME",
            "weighted_routing_policy": [],
            "zone_id": "Z06074271TNBSU75H5S3Y"
          },
          "sensitive_attributes": [],
          "private": "eyJzY2hlbWFfdmVyc2lvbiI6IjIifQ=="
        }
      ]
    },
    {
      "mode": "managed",
      "type": "aws_route53_record",
      "name": "training-vm-oz-1",
      "provider": "provider[\"registry.terraform.io/hashicorp/aws\"]",
      "instances": [
        {
          "schema_version": 2,
          "attributes": {
            "alias": [],
            "allow_overwrite": null,
            "failover_routing_policy": [],
            "fqdn": "gat-1.oz.galaxy.training",
            "geolocation_routing_policy": [],
            "health_check_id": "",
            "id": "Z06074271TNBSU75H5S3Y_gat-1.oz.galaxy.training_A",
            "latency_routing_policy": [],
            "multivalue_answer_routing_policy": null,
            "name": "gat-1.oz.galaxy.training",
            "records": [
              "115.146.85.1"
            ],
            "set_identifier": "",
            "ttl": 7200,
            "type": "A",
            "weighted_routing_policy": [],
            "zone_id": "Z06074271TNBSU75H5S3Y"
          },
          "sensitive_attributes": [],
          "private": "eyJzY2hlbWFfdmVyc2lvbiI6IjIifQ=="
        }
      ]
    },
    {
      "mode": "managed",
      "type": "aws_route53_record",
      "name": "training-vm-oz-1-wildcard",
      "provider": "provider[\"registry.terraform.io/hashicorp/aws\"]",
      "instances": [
        {
          "schema_version": 2,
          "attributes": {
            "alias": [],
            "allow_overwrite": null,
            "failover_routing_policy": [],
            "fqdn": "*.interactivetoolentrypoint.interactivetool.gat-1.oz.galaxy.training",
            "geolocation_routing_policy": [],
            "health_check_id": "",
            "id": "Z06074271TNBSU75H5S3Y_*.interactivetoolentrypoint.interactivetool.gat-1.oz.galaxy.training_CNAME",
            "latency_routing_policy": [],
            "multivalue_answer_routing_policy": null,
            "name": "*.interactivetoolentrypoint.interactivetool.gat-1.oz.galaxy.training",
            "records": [
              "gat-1.oz.galaxy.training"
            ],
            "set_identifier": "",
            "ttl": 7200,
            "type": "CNAME",
            "weighted_routing_policy": [],
            "zone_id": "Z06074271TNBSU75H5S3Y"
          },
          "sensitive_attributes": [],
          "private": "eyJzY2hlbWFfdmVyc2lvbiI6IjIifQ=="
        }
      ]
    },
    {
      "mode": "managed",
      "type": "aws_route53_record",
      "name": "training-vm-oz-10",
      "provider": "provider[\"registry.terraform.io/hashicorp/aws\"]",
      "instances": [
        {
          "schema_version": 2,
          "attributes": {
            "alias": [],
            "allow_overwrite": null,
            "failover_routing_policy": [],
            "fqdn": "gat-10.oz.galaxy.training",
            "geolocation_routing_policy": [],
            "health_check_id": "",
            "id": "Z06074271TNBSU75H5S3Y_gat-10.oz.galaxy.training_A",
            "latency_routing_policy": [],
            "multivalue_answer_routing_policy": null,
            "name": "gat-10.oz.galaxy.training",
            "records": [
              "115.146.86.104"
            ],
            "set_identifier": "",
            "ttl": 7200,
            "type": "A",
            "weighted_routing_policy": [],
            "zone_id": "Z06074271TNBSU75H5S3Y"
          },
          "sensitive_attributes": [],
          "private": "eyJzY2hlbWFfdmVyc2lvbiI6IjIifQ=="
        }
      ]
    },
    {
      "mode": "managed",
      "type": "aws_route53_record",
      "name": "training-vm-oz-10-wildcard",
      "provider": "provider[\"registry.terraform.io/hashicorp/aws\"]",
      "instances": [
        {
          "schema_version": 2,
          "attributes": {
            "alias": [],
            "allow_overwrite": null,
            "failover_routing_policy": [],
            "fqdn": "*.interactivetoolentrypoint.interactivetool.gat-10.oz.galaxy.training",
            "geolocation_routing_policy": [],
            "health_check_id": "",
            "id": "Z06074271TNBSU75H5S3Y_*.interactivetoolentrypoint.interactivetool.gat-10.oz.galaxy.training_CNAME",
            "latency_routing_policy": [],
            "multivalue_answer_routing_policy": null,
            "name": "*.interactivetoolentrypoint.interactivetool.gat-10.oz.galaxy.training",
            "records": [
              "gat-10.oz.galaxy.training"
            ],
            "set_identifier": "",
            "ttl": 7200,
            "type": "CNAME",
            "weighted_routing_policy": [],
            "zone_id": "Z06074271TNBSU75H5S3Y"
          },
          "sensitive_attributes": [],
          "private": "eyJzY2hlbWFfdmVyc2lvbiI6IjIifQ=="
        }
      ]
    },
    {
      "mode": "managed",
      "type": "aws_route53_record",
      "name": "training-vm-oz-11",
      "provider": "provider[\"registry.terraform.io/hashicorp/aws\"]",
      "instances": [
        {
          "schema_version": 2,
          "attributes": {
            "alias": [],
            "allow_overwrite": null,
            "failover_routing_policy": [],
            "fqdn": "gat-11.oz.galaxy.training",
            "geolocation_routing_policy": [],
            "health_check_id": "",
            "id": "Z06074271TNBSU75H5S3Y_gat-11.oz.galaxy.training_A",
            "latency_routing_policy": [],
            "multivalue_answer_routing_policy": null,
            "name": "gat-11.oz.galaxy.training",
            "records": [
              "115.146.84.221"
            ],
            "set_identifier": "",
            "ttl": 7200,
            "type": "A",
            "weighted_routing_policy": [],
            "zone_id": "Z06074271TNBSU75H5S3Y"
          },
          "sensitive_attributes": [],
          "private": "eyJzY2hlbWFfdmVyc2lvbiI6IjIifQ=="
        }
      ]
    },
    {
      "mode": "managed",
      "type": "aws_route53_record",
      "name": "training-vm-oz-11-wildcard",
      "provider": "provider[\"registry.terraform.io/hashicorp/aws\"]",
      "instances": [
        {
          "schema_version": 2,
          "attributes": {
            "alias": [],
            "allow_overwrite": null,
            "failover_routing_policy": [],
            "fqdn": "*.interactivetoolentrypoint.interactivetool.gat-11.oz.galaxy.training",
            "geolocation_routing_policy": [],
            "health_check_id": "",
            "id": "Z06074271TNBSU75H5S3Y_*.interactivetoolentrypoint.interactivetool.gat-11.oz.galaxy.training_CNAME",
            "latency_routing_policy": [],
            "multivalue_answer_routing_policy": null,
            "name": "*.interactivetoolentrypoint.interactivetool.gat-11.oz.galaxy.training",
            "records": [
              "gat-11.oz.galaxy.training"
            ],
            "set_identifier": "",
            "ttl": 7200,
            "type": "CNAME",
            "weighted_routing_policy": [],
            "zone_id": "Z06074271TNBSU75H5S3Y"
          },
          "sensitive_attributes": [],
          "private": "eyJzY2hlbWFfdmVyc2lvbiI6IjIifQ=="
        }
      ]
    },
    {
      "mode": "managed",
      "type": "aws_route53_record",
      "name": "training-vm-oz-12",
      "provider": "provider[\"registry.terraform.io/hashicorp/aws\"]",
      "instances": [
        {
          "schema_version": 2,
          "attributes": {
            "alias": [],
            "allow_overwrite": null,
            "failover_routing_policy": [],
            "fqdn": "gat-12.oz.galaxy.training",
            "geolocation_routing_policy": [],
            "health_check_id": "",
            "id": "Z06074271TNBSU75H5S3Y_gat-12.oz.galaxy.training_A",
            "latency_routing_policy": [],
            "multivalue_answer_routing_policy": null,
            "name": "gat-12.oz.galaxy.training",
            "records": [
              "115.146.85.11"
            ],
            "set_identifier": "",
            "ttl": 7200,
            "type": "A",
            "weighted_routing_policy": [],
            "zone_id": "Z06074271TNBSU75H5S3Y"
          },
          "sensitive_attributes": [],
          "private": "eyJzY2hlbWFfdmVyc2lvbiI6IjIifQ=="
        }
      ]
    },
    {
      "mode": "managed",
      "type": "aws_route53_record",
      "name": "training-vm-oz-12-wildcard",
      "provider": "provider[\"registry.terraform.io/hashicorp/aws\"]",
      "instances": [
        {
          "schema_version": 2,
          "attributes": {
            "alias": [],
            "allow_overwrite": null,
            "failover_routing_policy": [],
            "fqdn": "*.interactivetoolentrypoint.interactivetool.gat-12.oz.galaxy.training",
            "geolocation_routing_policy": [],
            "health_check_id": "",
            "id": "Z06074271TNBSU75H5S3Y_*.interactivetoolentrypoint.interactivetool.gat-12.oz.galaxy.training_CNAME",
            "latency_routing_policy": [],
            "multivalue_answer_routing_policy": null,
            "name": "*.interactivetoolentrypoint.interactivetool.gat-12.oz.galaxy.training",
            "records": [
              "gat-12.oz.galaxy.training"
            ],
            "set_identifier": "",
            "ttl": 7200,
            "type": "CNAME",
            "weighted_routing_policy": [],
            "zone_id": "Z06074271TNBSU75H5S3Y"
          },
          "sensitive_attributes": [],
          "private": "eyJzY2hlbWFfdmVyc2lvbiI6IjIifQ=="
        }
      ]
    },
    {
      "mode": "managed",
      "type": "aws_route53_record",
      "name": "training-vm-oz-13",
      "provider": "provider[\"registry.terraform.io/hashicorp/aws\"]",
      "instances": [
        {
          "schema_version": 2,
          "attributes": {
            "alias": [],
            "allow_overwrite": null,
            "failover_routing_policy": [],
            "fqdn": "gat-13.oz.galaxy.training",
            "geolocation_routing_policy": [],
            "health_check_id": "",
            "id": "Z06074271TNBSU75H5S3Y_gat-13.oz.galaxy.training_A",
            "latency_routing_policy": [],
            "multivalue_answer_routing_policy": null,
            "name": "gat-13.oz.galaxy.training",
            "records": [
              "115.146.84.179"
            ],
            "set_identifier": "",
            "ttl": 7200,
            "type": "A",
            "weighted_routing_policy": [],
            "zone_id": "Z06074271TNBSU75H5S3Y"
          },
          "sensitive_attributes": [],
          "private": "eyJzY2hlbWFfdmVyc2lvbiI6IjIifQ=="
        }
      ]
    },
    {
      "mode": "managed",
      "type": "aws_route53_record",
      "name": "training-vm-oz-13-wildcard",
      "provider": "provider[\"registry.terraform.io/hashicorp/aws\"]",
      "instances": [
        {
          "schema_version": 2,
          "attributes": {
            "alias": [],
            "allow_overwrite": null,
            "failover_routing_policy": [],
            "fqdn": "*.interactivetoolentrypoint.interactivetool.gat-13.oz.galaxy.training",
            "geolocation_routing_policy": [],
            "health_check_id": "",
            "id": "Z06074271TNBSU75H5S3Y_*.interactivetoolentrypoint.interactivetool.gat-13.oz.galaxy.training_CNAME",
            "latency_routing_policy": [],
            "multivalue_answer_routing_policy": null,
            "name": "*.interactivetoolentrypoint.interactivetool.gat-13.oz.galaxy.training",
            "records": [
              "gat-13.oz.galaxy.training"
            ],
            "set_identifier": "",
            "ttl": 7200,
            "type": "CNAME",
            "weighted_routing_policy": [],
            "zone_id": "Z06074271TNBSU75H5S3Y"
          },
          "sensitive_attributes": [],
          "private": "eyJzY2hlbWFfdmVyc2lvbiI6IjIifQ=="
        }
      ]
    },
    {
      "mode": "managed",
      "type": "aws_route53_record",
      "name": "training-vm-oz-14",
      "provider": "provider[\"registry.terraform.io/hashicorp/aws\"]",
      "instances": [
        {
          "schema_version": 2,
          "attributes": {
            "alias": [],
            "allow_overwrite": null,
            "failover_routing_policy": [],
            "fqdn": "gat-14.oz.galaxy.training",
            "geolocation_routing_policy": [],
            "health_check_id": "",
            "id": "Z06074271TNBSU75H5S3Y_gat-14.oz.galaxy.training_A",
            "latency_routing_policy": [],
            "multivalue_answer_routing_policy": null,
            "name": "gat-14.oz.galaxy.training",
            "records": [
              "115.146.84.229"
            ],
            "set_identifier": "",
            "ttl": 7200,
            "type": "A",
            "weighted_routing_policy": [],
            "zone_id": "Z06074271TNBSU75H5S3Y"
          },
          "sensitive_attributes": [],
          "private": "eyJzY2hlbWFfdmVyc2lvbiI6IjIifQ=="
        }
      ]
    },
    {
      "mode": "managed",
      "type": "aws_route53_record",
      "name": "training-vm-oz-14-wildcard",
      "provider": "provider[\"registry.terraform.io/hashicorp/aws\"]",
      "instances": [
        {
          "schema_version": 2,
          "attributes": {
            "alias": [],
            "allow_overwrite": null,
            "failover_routing_policy": [],
            "fqdn": "*.interactivetoolentrypoint.interactivetool.gat-14.oz.galaxy.training",
            "geolocation_routing_policy": [],
            "health_check_id": "",
            "id": "Z06074271TNBSU75H5S3Y_*.interactivetoolentrypoint.interactivetool.gat-14.oz.galaxy.training_CNAME",
            "latency_routing_policy": [],
            "multivalue_answer_routing_policy": null,
            "name": "*.interactivetoolentrypoint.interactivetool.gat-14.oz.galaxy.training",
            "records": [
              "gat-14.oz.galaxy.training"
            ],
            "set_identifier": "",
            "ttl": 7200,
            "type": "CNAME",
            "weighted_routing_policy": [],
            "zone_id": "Z06074271TNBSU75H5S3Y"
          },
          "sensitive_attributes": [],
          "private": "eyJzY2hlbWFfdmVyc2lvbiI6IjIifQ=="
        }
      ]
    },
    {
      "mode": "managed",
      "type": "aws_route53_record",
      "name": "training-vm-oz-15",
      "provider": "provider[\"registry.terraform.io/hashicorp/aws\"]",
      "instances": [
        {
          "schema_version": 2,
          "attributes": {
            "alias": [],
            "allow_overwrite": null,
            "failover_routing_policy": [],
            "fqdn": "gat-15.oz.galaxy.training",
            "geolocation_routing_policy": [],
            "health_check_id": "",
            "id": "Z06074271TNBSU75H5S3Y_gat-15.oz.galaxy.training_A",
            "latency_routing_policy": [],
            "multivalue_answer_routing_policy": null,
            "name": "gat-15.oz.galaxy.training",
            "records": [
              "115.146.87.175"
            ],
            "set_identifier": "",
            "ttl": 7200,
            "type": "A",
            "weighted_routing_policy": [],
            "zone_id": "Z06074271TNBSU75H5S3Y"
          },
          "sensitive_attributes": [],
          "private": "eyJzY2hlbWFfdmVyc2lvbiI6IjIifQ=="
        }
      ]
    },
    {
      "mode": "managed",
      "type": "aws_route53_record",
      "name": "training-vm-oz-15-wildcard",
      "provider": "provider[\"registry.terraform.io/hashicorp/aws\"]",
      "instances": [
        {
          "schema_version": 2,
          "attributes": {
            "alias": [],
            "allow_overwrite": null,
            "failover_routing_policy": [],
            "fqdn": "*.interactivetoolentrypoint.interactivetool.gat-15.oz.galaxy.training",
            "geolocation_routing_policy": [],
            "health_check_id": "",
            "id": "Z06074271TNBSU75H5S3Y_*.interactivetoolentrypoint.interactivetool.gat-15.oz.galaxy.training_CNAME",
            "latency_routing_policy": [],
            "multivalue_answer_routing_policy": null,
            "name": "*.interactivetoolentrypoint.interactivetool.gat-15.oz.galaxy.training",
            "records": [
              "gat-15.oz.galaxy.training"
            ],
            "set_identifier": "",
            "ttl": 7200,
            "type": "CNAME",
            "weighted_routing_policy": [],
            "zone_id": "Z06074271TNBSU75H5S3Y"
          },
          "sensitive_attributes": [],
          "private": "eyJzY2hlbWFfdmVyc2lvbiI6IjIifQ=="
        }
      ]
    },
    {
      "mode": "managed",
      "type": "aws_route53_record",
      "name": "training-vm-oz-16",
      "provider": "provider[\"registry.terraform.io/hashicorp/aws\"]",
      "instances": [
        {
          "schema_version": 2,
          "attributes": {
            "alias": [],
            "allow_overwrite": null,
            "failover_routing_policy": [],
            "fqdn": "gat-16.oz.galaxy.training",
            "geolocation_routing_policy": [],
            "health_check_id": "",
            "id": "Z06074271TNBSU75H5S3Y_gat-16.oz.galaxy.training_A",
            "latency_routing_policy": [],
            "multivalue_answer_routing_policy": null,
            "name": "gat-16.oz.galaxy.training",
            "records": [
              "115.146.85.68"
            ],
            "set_identifier": "",
            "ttl": 7200,
            "type": "A",
            "weighted_routing_policy": [],
            "zone_id": "Z06074271TNBSU75H5S3Y"
          },
          "sensitive_attributes": [],
          "private": "eyJzY2hlbWFfdmVyc2lvbiI6IjIifQ=="
        }
      ]
    },
    {
      "mode": "managed",
      "type": "aws_route53_record",
      "name": "training-vm-oz-16-wildcard",
      "provider": "provider[\"registry.terraform.io/hashicorp/aws\"]",
      "instances": [
        {
          "schema_version": 2,
          "attributes": {
            "alias": [],
            "allow_overwrite": null,
            "failover_routing_policy": [],
            "fqdn": "*.interactivetoolentrypoint.interactivetool.gat-16.oz.galaxy.training",
            "geolocation_routing_policy": [],
            "health_check_id": "",
            "id": "Z06074271TNBSU75H5S3Y_*.interactivetoolentrypoint.interactivetool.gat-16.oz.galaxy.training_CNAME",
            "latency_routing_policy": [],
            "multivalue_answer_routing_policy": null,
            "name": "*.interactivetoolentrypoint.interactivetool.gat-16.oz.galaxy.training",
            "records": [
              "gat-16.oz.galaxy.training"
            ],
            "set_identifier": "",
            "ttl": 7200,
            "type": "CNAME",
            "weighted_routing_policy": [],
            "zone_id": "Z06074271TNBSU75H5S3Y"
          },
          "sensitive_attributes": [],
          "private": "eyJzY2hlbWFfdmVyc2lvbiI6IjIifQ=="
        }
      ]
    },
    {
      "mode": "managed",
      "type": "aws_route53_record",
      "name": "training-vm-oz-17",
      "provider": "provider[\"registry.terraform.io/hashicorp/aws\"]",
      "instances": [
        {
          "schema_version": 2,
          "attributes": {
            "alias": [],
            "allow_overwrite": null,
            "failover_routing_policy": [],
            "fqdn": "gat-17.oz.galaxy.training",
            "geolocation_routing_policy": [],
            "health_check_id": "",
            "id": "Z06074271TNBSU75H5S3Y_gat-17.oz.galaxy.training_A",
            "latency_routing_policy": [],
            "multivalue_answer_routing_policy": null,
            "name": "gat-17.oz.galaxy.training",
            "records": [
              "115.146.85.129"
            ],
            "set_identifier": "",
            "ttl": 7200,
            "type": "A",
            "weighted_routing_policy": [],
            "zone_id": "Z06074271TNBSU75H5S3Y"
          },
          "sensitive_attributes": [],
          "private": "eyJzY2hlbWFfdmVyc2lvbiI6IjIifQ=="
        }
      ]
    },
    {
      "mode": "managed",
      "type": "aws_route53_record",
      "name": "training-vm-oz-17-wildcard",
      "provider": "provider[\"registry.terraform.io/hashicorp/aws\"]",
      "instances": [
        {
          "schema_version": 2,
          "attributes": {
            "alias": [],
            "allow_overwrite": null,
            "failover_routing_policy": [],
            "fqdn": "*.interactivetoolentrypoint.interactivetool.gat-17.oz.galaxy.training",
            "geolocation_routing_policy": [],
            "health_check_id": "",
            "id": "Z06074271TNBSU75H5S3Y_*.interactivetoolentrypoint.interactivetool.gat-17.oz.galaxy.training_CNAME",
            "latency_routing_policy": [],
            "multivalue_answer_routing_policy": null,
            "name": "*.interactivetoolentrypoint.interactivetool.gat-17.oz.galaxy.training",
            "records": [
              "gat-17.oz.galaxy.training"
            ],
            "set_identifier": "",
            "ttl": 7200,
            "type": "CNAME",
            "weighted_routing_policy": [],
            "zone_id": "Z06074271TNBSU75H5S3Y"
          },
          "sensitive_attributes": [],
          "private": "eyJzY2hlbWFfdmVyc2lvbiI6IjIifQ=="
        }
      ]
    },
    {
      "mode": "managed",
      "type": "aws_route53_record",
      "name": "training-vm-oz-18",
      "provider": "provider[\"registry.terraform.io/hashicorp/aws\"]",
      "instances": [
        {
          "schema_version": 2,
          "attributes": {
            "alias": [],
            "allow_overwrite": null,
            "failover_routing_policy": [],
            "fqdn": "gat-18.oz.galaxy.training",
            "geolocation_routing_policy": [],
            "health_check_id": "",
            "id": "Z06074271TNBSU75H5S3Y_gat-18.oz.galaxy.training_A",
            "latency_routing_policy": [],
            "multivalue_answer_routing_policy": null,
            "name": "gat-18.oz.galaxy.training",
            "records": [
              "115.146.84.214"
            ],
            "set_identifier": "",
            "ttl": 7200,
            "type": "A",
            "weighted_routing_policy": [],
            "zone_id": "Z06074271TNBSU75H5S3Y"
          },
          "sensitive_attributes": [],
          "private": "eyJzY2hlbWFfdmVyc2lvbiI6IjIifQ=="
        }
      ]
    },
    {
      "mode": "managed",
      "type": "aws_route53_record",
      "name": "training-vm-oz-18-wildcard",
      "provider": "provider[\"registry.terraform.io/hashicorp/aws\"]",
      "instances": [
        {
          "schema_version": 2,
          "attributes": {
            "alias": [],
            "allow_overwrite": null,
            "failover_routing_policy": [],
            "fqdn": "*.interactivetoolentrypoint.interactivetool.gat-18.oz.galaxy.training",
            "geolocation_routing_policy": [],
            "health_check_id": "",
            "id": "Z06074271TNBSU75H5S3Y_*.interactivetoolentrypoint.interactivetool.gat-18.oz.galaxy.training_CNAME",
            "latency_routing_policy": [],
            "multivalue_answer_routing_policy": null,
            "name": "*.interactivetoolentrypoint.interactivetool.gat-18.oz.galaxy.training",
            "records": [
              "gat-18.oz.galaxy.training"
            ],
            "set_identifier": "",
            "ttl": 7200,
            "type": "CNAME",
            "weighted_routing_policy": [],
            "zone_id": "Z06074271TNBSU75H5S3Y"
          },
          "sensitive_attributes": [],
          "private": "eyJzY2hlbWFfdmVyc2lvbiI6IjIifQ=="
        }
      ]
    },
    {
      "mode": "managed",
      "type": "aws_route53_record",
      "name": "training-vm-oz-19",
      "provider": "provider[\"registry.terraform.io/hashicorp/aws\"]",
      "instances": [
        {
          "schema_version": 2,
          "attributes": {
            "alias": [],
            "allow_overwrite": null,
            "failover_routing_policy": [],
            "fqdn": "gat-19.oz.galaxy.training",
            "geolocation_routing_policy": [],
            "health_check_id": "",
            "id": "Z06074271TNBSU75H5S3Y_gat-19.oz.galaxy.training_A",
            "latency_routing_policy": [],
            "multivalue_answer_routing_policy": null,
            "name": "gat-19.oz.galaxy.training",
            "records": [
              "115.146.84.10"
            ],
            "set_identifier": "",
            "ttl": 7200,
            "type": "A",
            "weighted_routing_policy": [],
            "zone_id": "Z06074271TNBSU75H5S3Y"
          },
          "sensitive_attributes": [],
          "private": "eyJzY2hlbWFfdmVyc2lvbiI6IjIifQ=="
        }
      ]
    },
    {
      "mode": "managed",
      "type": "aws_route53_record",
      "name": "training-vm-oz-19-wildcard",
      "provider": "provider[\"registry.terraform.io/hashicorp/aws\"]",
      "instances": [
        {
          "schema_version": 2,
          "attributes": {
            "alias": [],
            "allow_overwrite": null,
            "failover_routing_policy": [],
            "fqdn": "*.interactivetoolentrypoint.interactivetool.gat-19.oz.galaxy.training",
            "geolocation_routing_policy": [],
            "health_check_id": "",
            "id": "Z06074271TNBSU75H5S3Y_*.interactivetoolentrypoint.interactivetool.gat-19.oz.galaxy.training_CNAME",
            "latency_routing_policy": [],
            "multivalue_answer_routing_policy": null,
            "name": "*.interactivetoolentrypoint.interactivetool.gat-19.oz.galaxy.training",
            "records": [
              "gat-19.oz.galaxy.training"
            ],
            "set_identifier": "",
            "ttl": 7200,
            "type": "CNAME",
            "weighted_routing_policy": [],
            "zone_id": "Z06074271TNBSU75H5S3Y"
          },
          "sensitive_attributes": [],
          "private": "eyJzY2hlbWFfdmVyc2lvbiI6IjIifQ=="
        }
      ]
    },
    {
      "mode": "managed",
      "type": "aws_route53_record",
      "name": "training-vm-oz-2",
      "provider": "provider[\"registry.terraform.io/hashicorp/aws\"]",
      "instances": [
        {
          "schema_version": 2,
          "attributes": {
            "alias": [],
            "allow_overwrite": null,
            "failover_routing_policy": [],
            "fqdn": "gat-2.oz.galaxy.training",
            "geolocation_routing_policy": [],
            "health_check_id": "",
            "id": "Z06074271TNBSU75H5S3Y_gat-2.oz.galaxy.training_A",
            "latency_routing_policy": [],
            "multivalue_answer_routing_policy": null,
            "name": "gat-2.oz.galaxy.training",
            "records": [
              "115.146.86.96"
            ],
            "set_identifier": "",
            "ttl": 7200,
            "type": "A",
            "weighted_routing_policy": [],
            "zone_id": "Z06074271TNBSU75H5S3Y"
          },
          "sensitive_attributes": [],
          "private": "eyJzY2hlbWFfdmVyc2lvbiI6IjIifQ=="
        }
      ]
    },
    {
      "mode": "managed",
      "type": "aws_route53_record",
      "name": "training-vm-oz-2-wildcard",
      "provider": "provider[\"registry.terraform.io/hashicorp/aws\"]",
      "instances": [
        {
          "schema_version": 2,
          "attributes": {
            "alias": [],
            "allow_overwrite": null,
            "failover_routing_policy": [],
            "fqdn": "*.interactivetoolentrypoint.interactivetool.gat-2.oz.galaxy.training",
            "geolocation_routing_policy": [],
            "health_check_id": "",
            "id": "Z06074271TNBSU75H5S3Y_*.interactivetoolentrypoint.interactivetool.gat-2.oz.galaxy.training_CNAME",
            "latency_routing_policy": [],
            "multivalue_answer_routing_policy": null,
            "name": "*.interactivetoolentrypoint.interactivetool.gat-2.oz.galaxy.training",
            "records": [
              "gat-2.oz.galaxy.training"
            ],
            "set_identifier": "",
            "ttl": 7200,
            "type": "CNAME",
            "weighted_routing_policy": [],
            "zone_id": "Z06074271TNBSU75H5S3Y"
          },
          "sensitive_attributes": [],
          "private": "eyJzY2hlbWFfdmVyc2lvbiI6IjIifQ=="
        }
      ]
    },
    {
      "mode": "managed",
      "type": "aws_route53_record",
      "name": "training-vm-oz-20",
      "provider": "provider[\"registry.terraform.io/hashicorp/aws\"]",
      "instances": [
        {
          "schema_version": 2,
          "attributes": {
            "alias": [],
            "allow_overwrite": null,
            "failover_routing_policy": [],
            "fqdn": "gat-20.oz.galaxy.training",
            "geolocation_routing_policy": [],
            "health_check_id": "",
            "id": "Z06074271TNBSU75H5S3Y_gat-20.oz.galaxy.training_A",
            "latency_routing_policy": [],
            "multivalue_answer_routing_policy": null,
            "name": "gat-20.oz.galaxy.training",
            "records": [
              "115.146.86.255"
            ],
            "set_identifier": "",
            "ttl": 7200,
            "type": "A",
            "weighted_routing_policy": [],
            "zone_id": "Z06074271TNBSU75H5S3Y"
          },
          "sensitive_attributes": [],
          "private": "eyJzY2hlbWFfdmVyc2lvbiI6IjIifQ=="
        }
      ]
    },
    {
      "mode": "managed",
      "type": "aws_route53_record",
      "name": "training-vm-oz-20-wildcard",
      "provider": "provider[\"registry.terraform.io/hashicorp/aws\"]",
      "instances": [
        {
          "schema_version": 2,
          "attributes": {
            "alias": [],
            "allow_overwrite": null,
            "failover_routing_policy": [],
            "fqdn": "*.interactivetoolentrypoint.interactivetool.gat-20.oz.galaxy.training",
            "geolocation_routing_policy": [],
            "health_check_id": "",
            "id": "Z06074271TNBSU75H5S3Y_*.interactivetoolentrypoint.interactivetool.gat-20.oz.galaxy.training_CNAME",
            "latency_routing_policy": [],
            "multivalue_answer_routing_policy": null,
            "name": "*.interactivetoolentrypoint.interactivetool.gat-20.oz.galaxy.training",
            "records": [
              "gat-20.oz.galaxy.training"
            ],
            "set_identifier": "",
            "ttl": 7200,
            "type": "CNAME",
            "weighted_routing_policy": [],
            "zone_id": "Z06074271TNBSU75H5S3Y"
          },
          "sensitive_attributes": [],
          "private": "eyJzY2hlbWFfdmVyc2lvbiI6IjIifQ=="
        }
      ]
    },
    {
      "mode": "managed",
      "type": "aws_route53_record",
      "name": "training-vm-oz-21",
      "provider": "provider[\"registry.terraform.io/hashicorp/aws\"]",
      "instances": [
        {
          "schema_version": 2,
          "attributes": {
            "alias": [],
            "allow_overwrite": null,
            "failover_routing_policy": [],
            "fqdn": "gat-21.oz.galaxy.training",
            "geolocation_routing_policy": [],
            "health_check_id": "",
            "id": "Z06074271TNBSU75H5S3Y_gat-21.oz.galaxy.training_A",
            "latency_routing_policy": [],
            "multivalue_answer_routing_policy": null,
            "name": "gat-21.oz.galaxy.training",
            "records": [
              "115.146.86.88"
            ],
            "set_identifier": "",
            "ttl": 7200,
            "type": "A",
            "weighted_routing_policy": [],
            "zone_id": "Z06074271TNBSU75H5S3Y"
          },
          "sensitive_attributes": [],
          "private": "eyJzY2hlbWFfdmVyc2lvbiI6IjIifQ=="
        }
      ]
    },
    {
      "mode": "managed",
      "type": "aws_route53_record",
      "name": "training-vm-oz-21-wildcard",
      "provider": "provider[\"registry.terraform.io/hashicorp/aws\"]",
      "instances": [
        {
          "schema_version": 2,
          "attributes": {
            "alias": [],
            "allow_overwrite": null,
            "failover_routing_policy": [],
            "fqdn": "*.interactivetoolentrypoint.interactivetool.gat-21.oz.galaxy.training",
            "geolocation_routing_policy": [],
            "health_check_id": "",
            "id": "Z06074271TNBSU75H5S3Y_*.interactivetoolentrypoint.interactivetool.gat-21.oz.galaxy.training_CNAME",
            "latency_routing_policy": [],
            "multivalue_answer_routing_policy": null,
            "name": "*.interactivetoolentrypoint.interactivetool.gat-21.oz.galaxy.training",
            "records": [
              "gat-21.oz.galaxy.training"
            ],
            "set_identifier": "",
            "ttl": 7200,
            "type": "CNAME",
            "weighted_routing_policy": [],
            "zone_id": "Z06074271TNBSU75H5S3Y"
          },
          "sensitive_attributes": [],
          "private": "eyJzY2hlbWFfdmVyc2lvbiI6IjIifQ=="
        }
      ]
    },
    {
      "mode": "managed",
      "type": "aws_route53_record",
      "name": "training-vm-oz-22",
      "provider": "provider[\"registry.terraform.io/hashicorp/aws\"]",
      "instances": [
        {
          "schema_version": 2,
          "attributes": {
            "alias": [],
            "allow_overwrite": null,
            "failover_routing_policy": [],
            "fqdn": "gat-22.oz.galaxy.training",
            "geolocation_routing_policy": [],
            "health_check_id": "",
            "id": "Z06074271TNBSU75H5S3Y_gat-22.oz.galaxy.training_A",
            "latency_routing_policy": [],
            "multivalue_answer_routing_policy": null,
            "name": "gat-22.oz.galaxy.training",
            "records": [
              "115.146.84.127"
            ],
            "set_identifier": "",
            "ttl": 7200,
            "type": "A",
            "weighted_routing_policy": [],
            "zone_id": "Z06074271TNBSU75H5S3Y"
          },
          "sensitive_attributes": [],
          "private": "eyJzY2hlbWFfdmVyc2lvbiI6IjIifQ=="
        }
      ]
    },
    {
      "mode": "managed",
      "type": "aws_route53_record",
      "name": "training-vm-oz-22-wildcard",
      "provider": "provider[\"registry.terraform.io/hashicorp/aws\"]",
      "instances": [
        {
          "schema_version": 2,
          "attributes": {
            "alias": [],
            "allow_overwrite": null,
            "failover_routing_policy": [],
            "fqdn": "*.interactivetoolentrypoint.interactivetool.gat-22.oz.galaxy.training",
            "geolocation_routing_policy": [],
            "health_check_id": "",
            "id": "Z06074271TNBSU75H5S3Y_*.interactivetoolentrypoint.interactivetool.gat-22.oz.galaxy.training_CNAME",
            "latency_routing_policy": [],
            "multivalue_answer_routing_policy": null,
            "name": "*.interactivetoolentrypoint.interactivetool.gat-22.oz.galaxy.training",
            "records": [
              "gat-22.oz.galaxy.training"
            ],
            "set_identifier": "",
            "ttl": 7200,
            "type": "CNAME",
            "weighted_routing_policy": [],
            "zone_id": "Z06074271TNBSU75H5S3Y"
          },
          "sensitive_attributes": [],
          "private": "eyJzY2hlbWFfdmVyc2lvbiI6IjIifQ=="
        }
      ]
    },
    {
      "mode": "managed",
      "type": "aws_route53_record",
      "name": "training-vm-oz-23",
      "provider": "provider[\"registry.terraform.io/hashicorp/aws\"]",
      "instances": [
        {
          "schema_version": 2,
          "attributes": {
            "alias": [],
            "allow_overwrite": null,
            "failover_routing_policy": [],
            "fqdn": "gat-23.oz.galaxy.training",
            "geolocation_routing_policy": [],
            "health_check_id": "",
            "id": "Z06074271TNBSU75H5S3Y_gat-23.oz.galaxy.training_A",
            "latency_routing_policy": [],
            "multivalue_answer_routing_policy": null,
            "name": "gat-23.oz.galaxy.training",
            "records": [
              "115.146.84.123"
            ],
            "set_identifier": "",
            "ttl": 7200,
            "type": "A",
            "weighted_routing_policy": [],
            "zone_id": "Z06074271TNBSU75H5S3Y"
          },
          "sensitive_attributes": [],
          "private": "eyJzY2hlbWFfdmVyc2lvbiI6IjIifQ=="
        }
      ]
    },
    {
      "mode": "managed",
      "type": "aws_route53_record",
      "name": "training-vm-oz-23-wildcard",
      "provider": "provider[\"registry.terraform.io/hashicorp/aws\"]",
      "instances": [
        {
          "schema_version": 2,
          "attributes": {
            "alias": [],
            "allow_overwrite": null,
            "failover_routing_policy": [],
            "fqdn": "*.interactivetoolentrypoint.interactivetool.gat-23.oz.galaxy.training",
            "geolocation_routing_policy": [],
            "health_check_id": "",
            "id": "Z06074271TNBSU75H5S3Y_*.interactivetoolentrypoint.interactivetool.gat-23.oz.galaxy.training_CNAME",
            "latency_routing_policy": [],
            "multivalue_answer_routing_policy": null,
            "name": "*.interactivetoolentrypoint.interactivetool.gat-23.oz.galaxy.training",
            "records": [
              "gat-23.oz.galaxy.training"
            ],
            "set_identifier": "",
            "ttl": 7200,
            "type": "CNAME",
            "weighted_routing_policy": [],
            "zone_id": "Z06074271TNBSU75H5S3Y"
          },
          "sensitive_attributes": [],
          "private": "eyJzY2hlbWFfdmVyc2lvbiI6IjIifQ=="
        }
      ]
    },
    {
      "mode": "managed",
      "type": "aws_route53_record",
      "name": "training-vm-oz-24",
      "provider": "provider[\"registry.terraform.io/hashicorp/aws\"]",
      "instances": [
        {
          "schema_version": 2,
          "attributes": {
            "alias": [],
            "allow_overwrite": null,
            "failover_routing_policy": [],
            "fqdn": "gat-24.oz.galaxy.training",
            "geolocation_routing_policy": [],
            "health_check_id": "",
            "id": "Z06074271TNBSU75H5S3Y_gat-24.oz.galaxy.training_A",
            "latency_routing_policy": [],
            "multivalue_answer_routing_policy": null,
            "name": "gat-24.oz.galaxy.training",
            "records": [
              "115.146.87.194"
            ],
            "set_identifier": "",
            "ttl": 7200,
            "type": "A",
            "weighted_routing_policy": [],
            "zone_id": "Z06074271TNBSU75H5S3Y"
          },
          "sensitive_attributes": [],
          "private": "eyJzY2hlbWFfdmVyc2lvbiI6IjIifQ=="
        }
      ]
    },
    {
      "mode": "managed",
      "type": "aws_route53_record",
      "name": "training-vm-oz-24-wildcard",
      "provider": "provider[\"registry.terraform.io/hashicorp/aws\"]",
      "instances": [
        {
          "schema_version": 2,
          "attributes": {
            "alias": [],
            "allow_overwrite": null,
            "failover_routing_policy": [],
            "fqdn": "*.interactivetoolentrypoint.interactivetool.gat-24.oz.galaxy.training",
            "geolocation_routing_policy": [],
            "health_check_id": "",
            "id": "Z06074271TNBSU75H5S3Y_*.interactivetoolentrypoint.interactivetool.gat-24.oz.galaxy.training_CNAME",
            "latency_routing_policy": [],
            "multivalue_answer_routing_policy": null,
            "name": "*.interactivetoolentrypoint.interactivetool.gat-24.oz.galaxy.training",
            "records": [
              "gat-24.oz.galaxy.training"
            ],
            "set_identifier": "",
            "ttl": 7200,
            "type": "CNAME",
            "weighted_routing_policy": [],
            "zone_id": "Z06074271TNBSU75H5S3Y"
          },
          "sensitive_attributes": [],
          "private": "eyJzY2hlbWFfdmVyc2lvbiI6IjIifQ=="
        }
      ]
    },
    {
      "mode": "managed",
      "type": "aws_route53_record",
      "name": "training-vm-oz-25",
      "provider": "provider[\"registry.terraform.io/hashicorp/aws\"]",
      "instances": [
        {
          "schema_version": 2,
          "attributes": {
            "alias": [],
            "allow_overwrite": null,
            "failover_routing_policy": [],
            "fqdn": "gat-25.oz.galaxy.training",
            "geolocation_routing_policy": [],
            "health_check_id": "",
            "id": "Z06074271TNBSU75H5S3Y_gat-25.oz.galaxy.training_A",
            "latency_routing_policy": [],
            "multivalue_answer_routing_policy": null,
            "name": "gat-25.oz.galaxy.training",
            "records": [
              "115.146.85.112"
            ],
            "set_identifier": "",
            "ttl": 7200,
            "type": "A",
            "weighted_routing_policy": [],
            "zone_id": "Z06074271TNBSU75H5S3Y"
          },
          "sensitive_attributes": [],
          "private": "eyJzY2hlbWFfdmVyc2lvbiI6IjIifQ=="
        }
      ]
    },
    {
      "mode": "managed",
      "type": "aws_route53_record",
      "name": "training-vm-oz-25-wildcard",
      "provider": "provider[\"registry.terraform.io/hashicorp/aws\"]",
      "instances": [
        {
          "schema_version": 2,
          "attributes": {
            "alias": [],
            "allow_overwrite": null,
            "failover_routing_policy": [],
            "fqdn": "*.interactivetoolentrypoint.interactivetool.gat-25.oz.galaxy.training",
            "geolocation_routing_policy": [],
            "health_check_id": "",
            "id": "Z06074271TNBSU75H5S3Y_*.interactivetoolentrypoint.interactivetool.gat-25.oz.galaxy.training_CNAME",
            "latency_routing_policy": [],
            "multivalue_answer_routing_policy": null,
            "name": "*.interactivetoolentrypoint.interactivetool.gat-25.oz.galaxy.training",
            "records": [
              "gat-25.oz.galaxy.training"
            ],
            "set_identifier": "",
            "ttl": 7200,
            "type": "CNAME",
            "weighted_routing_policy": [],
            "zone_id": "Z06074271TNBSU75H5S3Y"
          },
          "sensitive_attributes": [],
          "private": "eyJzY2hlbWFfdmVyc2lvbiI6IjIifQ=="
        }
      ]
    },
    {
      "mode": "managed",
      "type": "aws_route53_record",
      "name": "training-vm-oz-26",
      "provider": "provider[\"registry.terraform.io/hashicorp/aws\"]",
      "instances": [
        {
          "schema_version": 2,
          "attributes": {
            "alias": [],
            "allow_overwrite": null,
            "failover_routing_policy": [],
            "fqdn": "gat-26.oz.galaxy.training",
            "geolocation_routing_policy": [],
            "health_check_id": "",
            "id": "Z06074271TNBSU75H5S3Y_gat-26.oz.galaxy.training_A",
            "latency_routing_policy": [],
            "multivalue_answer_routing_policy": null,
            "name": "gat-26.oz.galaxy.training",
            "records": [
              "115.146.86.143"
            ],
            "set_identifier": "",
            "ttl": 7200,
            "type": "A",
            "weighted_routing_policy": [],
            "zone_id": "Z06074271TNBSU75H5S3Y"
          },
          "sensitive_attributes": [],
          "private": "eyJzY2hlbWFfdmVyc2lvbiI6IjIifQ=="
        }
      ]
    },
    {
      "mode": "managed",
      "type": "aws_route53_record",
      "name": "training-vm-oz-26-wildcard",
      "provider": "provider[\"registry.terraform.io/hashicorp/aws\"]",
      "instances": [
        {
          "schema_version": 2,
          "attributes": {
            "alias": [],
            "allow_overwrite": null,
            "failover_routing_policy": [],
            "fqdn": "*.interactivetoolentrypoint.interactivetool.gat-26.oz.galaxy.training",
            "geolocation_routing_policy": [],
            "health_check_id": "",
            "id": "Z06074271TNBSU75H5S3Y_*.interactivetoolentrypoint.interactivetool.gat-26.oz.galaxy.training_CNAME",
            "latency_routing_policy": [],
            "multivalue_answer_routing_policy": null,
            "name": "*.interactivetoolentrypoint.interactivetool.gat-26.oz.galaxy.training",
            "records": [
              "gat-26.oz.galaxy.training"
            ],
            "set_identifier": "",
            "ttl": 7200,
            "type": "CNAME",
            "weighted_routing_policy": [],
            "zone_id": "Z06074271TNBSU75H5S3Y"
          },
          "sensitive_attributes": [],
          "private": "eyJzY2hlbWFfdmVyc2lvbiI6IjIifQ=="
        }
      ]
    },
    {
      "mode": "managed",
      "type": "aws_route53_record",
      "name": "training-vm-oz-27",
      "provider": "provider[\"registry.terraform.io/hashicorp/aws\"]",
      "instances": [
        {
          "schema_version": 2,
          "attributes": {
            "alias": [],
            "allow_overwrite": null,
            "failover_routing_policy": [],
            "fqdn": "gat-27.oz.galaxy.training",
            "geolocation_routing_policy": [],
            "health_check_id": "",
            "id": "Z06074271TNBSU75H5S3Y_gat-27.oz.galaxy.training_A",
            "latency_routing_policy": [],
            "multivalue_answer_routing_policy": null,
            "name": "gat-27.oz.galaxy.training",
            "records": [
              "115.146.84.130"
            ],
            "set_identifier": "",
            "ttl": 7200,
            "type": "A",
            "weighted_routing_policy": [],
            "zone_id": "Z06074271TNBSU75H5S3Y"
          },
          "sensitive_attributes": [],
          "private": "eyJzY2hlbWFfdmVyc2lvbiI6IjIifQ=="
        }
      ]
    },
    {
      "mode": "managed",
      "type": "aws_route53_record",
      "name": "training-vm-oz-27-wildcard",
      "provider": "provider[\"registry.terraform.io/hashicorp/aws\"]",
      "instances": [
        {
          "schema_version": 2,
          "attributes": {
            "alias": [],
            "allow_overwrite": null,
            "failover_routing_policy": [],
            "fqdn": "*.interactivetoolentrypoint.interactivetool.gat-27.oz.galaxy.training",
            "geolocation_routing_policy": [],
            "health_check_id": "",
            "id": "Z06074271TNBSU75H5S3Y_*.interactivetoolentrypoint.interactivetool.gat-27.oz.galaxy.training_CNAME",
            "latency_routing_policy": [],
            "multivalue_answer_routing_policy": null,
            "name": "*.interactivetoolentrypoint.interactivetool.gat-27.oz.galaxy.training",
            "records": [
              "gat-27.oz.galaxy.training"
            ],
            "set_identifier": "",
            "ttl": 7200,
            "type": "CNAME",
            "weighted_routing_policy": [],
            "zone_id": "Z06074271TNBSU75H5S3Y"
          },
          "sensitive_attributes": [],
          "private": "eyJzY2hlbWFfdmVyc2lvbiI6IjIifQ=="
        }
      ]
    },
    {
      "mode": "managed",
      "type": "aws_route53_record",
      "name": "training-vm-oz-28",
      "provider": "provider[\"registry.terraform.io/hashicorp/aws\"]",
      "instances": [
        {
          "schema_version": 2,
          "attributes": {
            "alias": [],
            "allow_overwrite": null,
            "failover_routing_policy": [],
            "fqdn": "gat-28.oz.galaxy.training",
            "geolocation_routing_policy": [],
            "health_check_id": "",
            "id": "Z06074271TNBSU75H5S3Y_gat-28.oz.galaxy.training_A",
            "latency_routing_policy": [],
            "multivalue_answer_routing_policy": null,
            "name": "gat-28.oz.galaxy.training",
            "records": [
              "115.146.84.215"
            ],
            "set_identifier": "",
            "ttl": 7200,
            "type": "A",
            "weighted_routing_policy": [],
            "zone_id": "Z06074271TNBSU75H5S3Y"
          },
          "sensitive_attributes": [],
          "private": "eyJzY2hlbWFfdmVyc2lvbiI6IjIifQ=="
        }
      ]
    },
    {
      "mode": "managed",
      "type": "aws_route53_record",
      "name": "training-vm-oz-28-wildcard",
      "provider": "provider[\"registry.terraform.io/hashicorp/aws\"]",
      "instances": [
        {
          "schema_version": 2,
          "attributes": {
            "alias": [],
            "allow_overwrite": null,
            "failover_routing_policy": [],
            "fqdn": "*.interactivetoolentrypoint.interactivetool.gat-28.oz.galaxy.training",
            "geolocation_routing_policy": [],
            "health_check_id": "",
            "id": "Z06074271TNBSU75H5S3Y_*.interactivetoolentrypoint.interactivetool.gat-28.oz.galaxy.training_CNAME",
            "latency_routing_policy": [],
            "multivalue_answer_routing_policy": null,
            "name": "*.interactivetoolentrypoint.interactivetool.gat-28.oz.galaxy.training",
            "records": [
              "gat-28.oz.galaxy.training"
            ],
            "set_identifier": "",
            "ttl": 7200,
            "type": "CNAME",
            "weighted_routing_policy": [],
            "zone_id": "Z06074271TNBSU75H5S3Y"
          },
          "sensitive_attributes": [],
          "private": "eyJzY2hlbWFfdmVyc2lvbiI6IjIifQ=="
        }
      ]
    },
    {
      "mode": "managed",
      "type": "aws_route53_record",
      "name": "training-vm-oz-29",
      "provider": "provider[\"registry.terraform.io/hashicorp/aws\"]",
      "instances": [
        {
          "schema_version": 2,
          "attributes": {
            "alias": [],
            "allow_overwrite": null,
            "failover_routing_policy": [],
            "fqdn": "gat-29.oz.galaxy.training",
            "geolocation_routing_policy": [],
            "health_check_id": "",
            "id": "Z06074271TNBSU75H5S3Y_gat-29.oz.galaxy.training_A",
            "latency_routing_policy": [],
            "multivalue_answer_routing_policy": null,
            "name": "gat-29.oz.galaxy.training",
            "records": [
              "115.146.86.193"
            ],
            "set_identifier": "",
            "ttl": 7200,
            "type": "A",
            "weighted_routing_policy": [],
            "zone_id": "Z06074271TNBSU75H5S3Y"
          },
          "sensitive_attributes": [],
          "private": "eyJzY2hlbWFfdmVyc2lvbiI6IjIifQ=="
        }
      ]
    },
    {
      "mode": "managed",
      "type": "aws_route53_record",
      "name": "training-vm-oz-29-wildcard",
      "provider": "provider[\"registry.terraform.io/hashicorp/aws\"]",
      "instances": [
        {
          "schema_version": 2,
          "attributes": {
            "alias": [],
            "allow_overwrite": null,
            "failover_routing_policy": [],
            "fqdn": "*.interactivetoolentrypoint.interactivetool.gat-29.oz.galaxy.training",
            "geolocation_routing_policy": [],
            "health_check_id": "",
            "id": "Z06074271TNBSU75H5S3Y_*.interactivetoolentrypoint.interactivetool.gat-29.oz.galaxy.training_CNAME",
            "latency_routing_policy": [],
            "multivalue_answer_routing_policy": null,
            "name": "*.interactivetoolentrypoint.interactivetool.gat-29.oz.galaxy.training",
            "records": [
              "gat-29.oz.galaxy.training"
            ],
            "set_identifier": "",
            "ttl": 7200,
            "type": "CNAME",
            "weighted_routing_policy": [],
            "zone_id": "Z06074271TNBSU75H5S3Y"
          },
          "sensitive_attributes": [],
          "private": "eyJzY2hlbWFfdmVyc2lvbiI6IjIifQ=="
        }
      ]
    },
    {
      "mode": "managed",
      "type": "aws_route53_record",
      "name": "training-vm-oz-3",
      "provider": "provider[\"registry.terraform.io/hashicorp/aws\"]",
      "instances": [
        {
          "schema_version": 2,
          "attributes": {
            "alias": [],
            "allow_overwrite": null,
            "failover_routing_policy": [],
            "fqdn": "gat-3.oz.galaxy.training",
            "geolocation_routing_policy": [],
            "health_check_id": "",
            "id": "Z06074271TNBSU75H5S3Y_gat-3.oz.galaxy.training_A",
            "latency_routing_policy": [],
            "multivalue_answer_routing_policy": null,
            "name": "gat-3.oz.galaxy.training",
            "records": [
              "115.146.85.189"
            ],
            "set_identifier": "",
            "ttl": 7200,
            "type": "A",
            "weighted_routing_policy": [],
            "zone_id": "Z06074271TNBSU75H5S3Y"
          },
          "sensitive_attributes": [],
          "private": "eyJzY2hlbWFfdmVyc2lvbiI6IjIifQ=="
        }
      ]
    },
    {
      "mode": "managed",
      "type": "aws_route53_record",
      "name": "training-vm-oz-3-wildcard",
      "provider": "provider[\"registry.terraform.io/hashicorp/aws\"]",
      "instances": [
        {
          "schema_version": 2,
          "attributes": {
            "alias": [],
            "allow_overwrite": null,
            "failover_routing_policy": [],
            "fqdn": "*.interactivetoolentrypoint.interactivetool.gat-3.oz.galaxy.training",
            "geolocation_routing_policy": [],
            "health_check_id": "",
            "id": "Z06074271TNBSU75H5S3Y_*.interactivetoolentrypoint.interactivetool.gat-3.oz.galaxy.training_CNAME",
            "latency_routing_policy": [],
            "multivalue_answer_routing_policy": null,
            "name": "*.interactivetoolentrypoint.interactivetool.gat-3.oz.galaxy.training",
            "records": [
              "gat-3.oz.galaxy.training"
            ],
            "set_identifier": "",
            "ttl": 7200,
            "type": "CNAME",
            "weighted_routing_policy": [],
            "zone_id": "Z06074271TNBSU75H5S3Y"
          },
          "sensitive_attributes": [],
          "private": "eyJzY2hlbWFfdmVyc2lvbiI6IjIifQ=="
        }
      ]
    },
    {
      "mode": "managed",
      "type": "aws_route53_record",
      "name": "training-vm-oz-30",
      "provider": "provider[\"registry.terraform.io/hashicorp/aws\"]",
      "instances": [
        {
          "schema_version": 2,
          "attributes": {
            "alias": [],
            "allow_overwrite": null,
            "failover_routing_policy": [],
            "fqdn": "gat-30.oz.galaxy.training",
            "geolocation_routing_policy": [],
            "health_check_id": "",
            "id": "Z06074271TNBSU75H5S3Y_gat-30.oz.galaxy.training_A",
            "latency_routing_policy": [],
            "multivalue_answer_routing_policy": null,
            "name": "gat-30.oz.galaxy.training",
            "records": [
              "115.146.85.251"
            ],
            "set_identifier": "",
            "ttl": 7200,
            "type": "A",
            "weighted_routing_policy": [],
            "zone_id": "Z06074271TNBSU75H5S3Y"
          },
          "sensitive_attributes": [],
          "private": "eyJzY2hlbWFfdmVyc2lvbiI6IjIifQ=="
        }
      ]
    },
    {
      "mode": "managed",
      "type": "aws_route53_record",
      "name": "training-vm-oz-30-wildcard",
      "provider": "provider[\"registry.terraform.io/hashicorp/aws\"]",
      "instances": [
        {
          "schema_version": 2,
          "attributes": {
            "alias": [],
            "allow_overwrite": null,
            "failover_routing_policy": [],
            "fqdn": "*.interactivetoolentrypoint.interactivetool.gat-30.oz.galaxy.training",
            "geolocation_routing_policy": [],
            "health_check_id": "",
            "id": "Z06074271TNBSU75H5S3Y_*.interactivetoolentrypoint.interactivetool.gat-30.oz.galaxy.training_CNAME",
            "latency_routing_policy": [],
            "multivalue_answer_routing_policy": null,
            "name": "*.interactivetoolentrypoint.interactivetool.gat-30.oz.galaxy.training",
            "records": [
              "gat-30.oz.galaxy.training"
            ],
            "set_identifier": "",
            "ttl": 7200,
            "type": "CNAME",
            "weighted_routing_policy": [],
            "zone_id": "Z06074271TNBSU75H5S3Y"
          },
          "sensitive_attributes": [],
          "private": "eyJzY2hlbWFfdmVyc2lvbiI6IjIifQ=="
        }
      ]
    },
    {
      "mode": "managed",
      "type": "aws_route53_record",
      "name": "training-vm-oz-31",
      "provider": "provider[\"registry.terraform.io/hashicorp/aws\"]",
      "instances": [
        {
          "schema_version": 2,
          "attributes": {
            "alias": [],
            "allow_overwrite": null,
            "failover_routing_policy": [],
            "fqdn": "gat-31.oz.galaxy.training",
            "geolocation_routing_policy": [],
            "health_check_id": "",
            "id": "Z06074271TNBSU75H5S3Y_gat-31.oz.galaxy.training_A",
            "latency_routing_policy": [],
            "multivalue_answer_routing_policy": null,
            "name": "gat-31.oz.galaxy.training",
            "records": [
              "115.146.84.40"
            ],
            "set_identifier": "",
            "ttl": 7200,
            "type": "A",
            "weighted_routing_policy": [],
            "zone_id": "Z06074271TNBSU75H5S3Y"
          },
          "sensitive_attributes": [],
          "private": "eyJzY2hlbWFfdmVyc2lvbiI6IjIifQ=="
        }
      ]
    },
    {
      "mode": "managed",
      "type": "aws_route53_record",
      "name": "training-vm-oz-31-wildcard",
      "provider": "provider[\"registry.terraform.io/hashicorp/aws\"]",
      "instances": [
        {
          "schema_version": 2,
          "attributes": {
            "alias": [],
            "allow_overwrite": null,
            "failover_routing_policy": [],
            "fqdn": "*.interactivetoolentrypoint.interactivetool.gat-31.oz.galaxy.training",
            "geolocation_routing_policy": [],
            "health_check_id": "",
            "id": "Z06074271TNBSU75H5S3Y_*.interactivetoolentrypoint.interactivetool.gat-31.oz.galaxy.training_CNAME",
            "latency_routing_policy": [],
            "multivalue_answer_routing_policy": null,
            "name": "*.interactivetoolentrypoint.interactivetool.gat-31.oz.galaxy.training",
            "records": [
              "gat-31.oz.galaxy.training"
            ],
            "set_identifier": "",
            "ttl": 7200,
            "type": "CNAME",
            "weighted_routing_policy": [],
            "zone_id": "Z06074271TNBSU75H5S3Y"
          },
          "sensitive_attributes": [],
          "private": "eyJzY2hlbWFfdmVyc2lvbiI6IjIifQ=="
        }
      ]
    },
    {
      "mode": "managed",
      "type": "aws_route53_record",
      "name": "training-vm-oz-32",
      "provider": "provider[\"registry.terraform.io/hashicorp/aws\"]",
      "instances": [
        {
          "schema_version": 2,
          "attributes": {
            "alias": [],
            "allow_overwrite": null,
            "failover_routing_policy": [],
            "fqdn": "gat-32.oz.galaxy.training",
            "geolocation_routing_policy": [],
            "health_check_id": "",
            "id": "Z06074271TNBSU75H5S3Y_gat-32.oz.galaxy.training_A",
            "latency_routing_policy": [],
            "multivalue_answer_routing_policy": null,
            "name": "gat-32.oz.galaxy.training",
            "records": [
              "115.146.84.118"
            ],
            "set_identifier": "",
            "ttl": 7200,
            "type": "A",
            "weighted_routing_policy": [],
            "zone_id": "Z06074271TNBSU75H5S3Y"
          },
          "sensitive_attributes": [],
          "private": "eyJzY2hlbWFfdmVyc2lvbiI6IjIifQ=="
        }
      ]
    },
    {
      "mode": "managed",
      "type": "aws_route53_record",
      "name": "training-vm-oz-32-wildcard",
      "provider": "provider[\"registry.terraform.io/hashicorp/aws\"]",
      "instances": [
        {
          "schema_version": 2,
          "attributes": {
            "alias": [],
            "allow_overwrite": null,
            "failover_routing_policy": [],
            "fqdn": "*.interactivetoolentrypoint.interactivetool.gat-32.oz.galaxy.training",
            "geolocation_routing_policy": [],
            "health_check_id": "",
            "id": "Z06074271TNBSU75H5S3Y_*.interactivetoolentrypoint.interactivetool.gat-32.oz.galaxy.training_CNAME",
            "latency_routing_policy": [],
            "multivalue_answer_routing_policy": null,
            "name": "*.interactivetoolentrypoint.interactivetool.gat-32.oz.galaxy.training",
            "records": [
              "gat-32.oz.galaxy.training"
            ],
            "set_identifier": "",
            "ttl": 7200,
            "type": "CNAME",
            "weighted_routing_policy": [],
            "zone_id": "Z06074271TNBSU75H5S3Y"
          },
          "sensitive_attributes": [],
          "private": "eyJzY2hlbWFfdmVyc2lvbiI6IjIifQ=="
        }
      ]
    },
    {
      "mode": "managed",
      "type": "aws_route53_record",
      "name": "training-vm-oz-33",
      "provider": "provider[\"registry.terraform.io/hashicorp/aws\"]",
      "instances": [
        {
          "schema_version": 2,
          "attributes": {
            "alias": [],
            "allow_overwrite": null,
            "failover_routing_policy": [],
            "fqdn": "gat-33.oz.galaxy.training",
            "geolocation_routing_policy": [],
            "health_check_id": "",
            "id": "Z06074271TNBSU75H5S3Y_gat-33.oz.galaxy.training_A",
            "latency_routing_policy": [],
            "multivalue_answer_routing_policy": null,
            "name": "gat-33.oz.galaxy.training",
            "records": [
              "115.146.85.145"
            ],
            "set_identifier": "",
            "ttl": 7200,
            "type": "A",
            "weighted_routing_policy": [],
            "zone_id": "Z06074271TNBSU75H5S3Y"
          },
          "sensitive_attributes": [],
          "private": "eyJzY2hlbWFfdmVyc2lvbiI6IjIifQ=="
        }
      ]
    },
    {
      "mode": "managed",
      "type": "aws_route53_record",
      "name": "training-vm-oz-33-wildcard",
      "provider": "provider[\"registry.terraform.io/hashicorp/aws\"]",
      "instances": [
        {
          "schema_version": 2,
          "attributes": {
            "alias": [],
            "allow_overwrite": null,
            "failover_routing_policy": [],
            "fqdn": "*.interactivetoolentrypoint.interactivetool.gat-33.oz.galaxy.training",
            "geolocation_routing_policy": [],
            "health_check_id": "",
            "id": "Z06074271TNBSU75H5S3Y_*.interactivetoolentrypoint.interactivetool.gat-33.oz.galaxy.training_CNAME",
            "latency_routing_policy": [],
            "multivalue_answer_routing_policy": null,
            "name": "*.interactivetoolentrypoint.interactivetool.gat-33.oz.galaxy.training",
            "records": [
              "gat-33.oz.galaxy.training"
            ],
            "set_identifier": "",
            "ttl": 7200,
            "type": "CNAME",
            "weighted_routing_policy": [],
            "zone_id": "Z06074271TNBSU75H5S3Y"
          },
          "sensitive_attributes": [],
          "private": "eyJzY2hlbWFfdmVyc2lvbiI6IjIifQ=="
        }
      ]
    },
    {
      "mode": "managed",
      "type": "aws_route53_record",
      "name": "training-vm-oz-34",
      "provider": "provider[\"registry.terraform.io/hashicorp/aws\"]",
      "instances": [
        {
          "schema_version": 2,
          "attributes": {
            "alias": [],
            "allow_overwrite": null,
            "failover_routing_policy": [],
            "fqdn": "gat-34.oz.galaxy.training",
            "geolocation_routing_policy": [],
            "health_check_id": "",
            "id": "Z06074271TNBSU75H5S3Y_gat-34.oz.galaxy.training_A",
            "latency_routing_policy": [],
            "multivalue_answer_routing_policy": null,
            "name": "gat-34.oz.galaxy.training",
            "records": [
              "115.146.87.89"
            ],
            "set_identifier": "",
            "ttl": 7200,
            "type": "A",
            "weighted_routing_policy": [],
            "zone_id": "Z06074271TNBSU75H5S3Y"
          },
          "sensitive_attributes": [],
          "private": "eyJzY2hlbWFfdmVyc2lvbiI6IjIifQ=="
        }
      ]
    },
    {
      "mode": "managed",
      "type": "aws_route53_record",
      "name": "training-vm-oz-34-wildcard",
      "provider": "provider[\"registry.terraform.io/hashicorp/aws\"]",
      "instances": [
        {
          "schema_version": 2,
          "attributes": {
            "alias": [],
            "allow_overwrite": null,
            "failover_routing_policy": [],
            "fqdn": "*.interactivetoolentrypoint.interactivetool.gat-34.oz.galaxy.training",
            "geolocation_routing_policy": [],
            "health_check_id": "",
            "id": "Z06074271TNBSU75H5S3Y_*.interactivetoolentrypoint.interactivetool.gat-34.oz.galaxy.training_CNAME",
            "latency_routing_policy": [],
            "multivalue_answer_routing_policy": null,
            "name": "*.interactivetoolentrypoint.interactivetool.gat-34.oz.galaxy.training",
            "records": [
              "gat-34.oz.galaxy.training"
            ],
            "set_identifier": "",
            "ttl": 7200,
            "type": "CNAME",
            "weighted_routing_policy": [],
            "zone_id": "Z06074271TNBSU75H5S3Y"
          },
          "sensitive_attributes": [],
          "private": "eyJzY2hlbWFfdmVyc2lvbiI6IjIifQ=="
        }
      ]
    },
    {
      "mode": "managed",
      "type": "aws_route53_record",
      "name": "training-vm-oz-35",
      "provider": "provider[\"registry.terraform.io/hashicorp/aws\"]",
      "instances": [
        {
          "schema_version": 2,
          "attributes": {
            "alias": [],
            "allow_overwrite": null,
            "failover_routing_policy": [],
            "fqdn": "gat-35.oz.galaxy.training",
            "geolocation_routing_policy": [],
            "health_check_id": "",
            "id": "Z06074271TNBSU75H5S3Y_gat-35.oz.galaxy.training_A",
            "latency_routing_policy": [],
            "multivalue_answer_routing_policy": null,
            "name": "gat-35.oz.galaxy.training",
            "records": [
              "115.146.85.88"
            ],
            "set_identifier": "",
            "ttl": 7200,
            "type": "A",
            "weighted_routing_policy": [],
            "zone_id": "Z06074271TNBSU75H5S3Y"
          },
          "sensitive_attributes": [],
          "private": "eyJzY2hlbWFfdmVyc2lvbiI6IjIifQ=="
        }
      ]
    },
    {
      "mode": "managed",
      "type": "aws_route53_record",
      "name": "training-vm-oz-35-wildcard",
      "provider": "provider[\"registry.terraform.io/hashicorp/aws\"]",
      "instances": [
        {
          "schema_version": 2,
          "attributes": {
            "alias": [],
            "allow_overwrite": null,
            "failover_routing_policy": [],
            "fqdn": "*.interactivetoolentrypoint.interactivetool.gat-35.oz.galaxy.training",
            "geolocation_routing_policy": [],
            "health_check_id": "",
            "id": "Z06074271TNBSU75H5S3Y_*.interactivetoolentrypoint.interactivetool.gat-35.oz.galaxy.training_CNAME",
            "latency_routing_policy": [],
            "multivalue_answer_routing_policy": null,
            "name": "*.interactivetoolentrypoint.interactivetool.gat-35.oz.galaxy.training",
            "records": [
              "gat-35.oz.galaxy.training"
            ],
            "set_identifier": "",
            "ttl": 7200,
            "type": "CNAME",
            "weighted_routing_policy": [],
            "zone_id": "Z06074271TNBSU75H5S3Y"
          },
          "sensitive_attributes": [],
          "private": "eyJzY2hlbWFfdmVyc2lvbiI6IjIifQ=="
        }
      ]
    },
    {
      "mode": "managed",
      "type": "aws_route53_record",
      "name": "training-vm-oz-36",
      "provider": "provider[\"registry.terraform.io/hashicorp/aws\"]",
      "instances": [
        {
          "schema_version": 2,
          "attributes": {
            "alias": [],
            "allow_overwrite": null,
            "failover_routing_policy": [],
            "fqdn": "gat-36.oz.galaxy.training",
            "geolocation_routing_policy": [],
            "health_check_id": "",
            "id": "Z06074271TNBSU75H5S3Y_gat-36.oz.galaxy.training_A",
            "latency_routing_policy": [],
            "multivalue_answer_routing_policy": null,
            "name": "gat-36.oz.galaxy.training",
            "records": [
              "115.146.85.152"
            ],
            "set_identifier": "",
            "ttl": 7200,
            "type": "A",
            "weighted_routing_policy": [],
            "zone_id": "Z06074271TNBSU75H5S3Y"
          },
          "sensitive_attributes": [],
          "private": "eyJzY2hlbWFfdmVyc2lvbiI6IjIifQ=="
        }
      ]
    },
    {
      "mode": "managed",
      "type": "aws_route53_record",
      "name": "training-vm-oz-36-wildcard",
      "provider": "provider[\"registry.terraform.io/hashicorp/aws\"]",
      "instances": [
        {
          "schema_version": 2,
          "attributes": {
            "alias": [],
            "allow_overwrite": null,
            "failover_routing_policy": [],
            "fqdn": "*.interactivetoolentrypoint.interactivetool.gat-36.oz.galaxy.training",
            "geolocation_routing_policy": [],
            "health_check_id": "",
            "id": "Z06074271TNBSU75H5S3Y_*.interactivetoolentrypoint.interactivetool.gat-36.oz.galaxy.training_CNAME",
            "latency_routing_policy": [],
            "multivalue_answer_routing_policy": null,
            "name": "*.interactivetoolentrypoint.interactivetool.gat-36.oz.galaxy.training",
            "records": [
              "gat-36.oz.galaxy.training"
            ],
            "set_identifier": "",
            "ttl": 7200,
            "type": "CNAME",
            "weighted_routing_policy": [],
            "zone_id": "Z06074271TNBSU75H5S3Y"
          },
          "sensitive_attributes": [],
          "private": "eyJzY2hlbWFfdmVyc2lvbiI6IjIifQ=="
        }
      ]
    },
    {
      "mode": "managed",
      "type": "aws_route53_record",
      "name": "training-vm-oz-37",
      "provider": "provider[\"registry.terraform.io/hashicorp/aws\"]",
      "instances": [
        {
          "schema_version": 2,
          "attributes": {
            "alias": [],
            "allow_overwrite": null,
            "failover_routing_policy": [],
            "fqdn": "gat-37.oz.galaxy.training",
            "geolocation_routing_policy": [],
            "health_check_id": "",
            "id": "Z06074271TNBSU75H5S3Y_gat-37.oz.galaxy.training_A",
            "latency_routing_policy": [],
            "multivalue_answer_routing_policy": null,
            "name": "gat-37.oz.galaxy.training",
            "records": [
              "115.146.84.74"
            ],
            "set_identifier": "",
            "ttl": 7200,
            "type": "A",
            "weighted_routing_policy": [],
            "zone_id": "Z06074271TNBSU75H5S3Y"
          },
          "sensitive_attributes": [],
          "private": "eyJzY2hlbWFfdmVyc2lvbiI6IjIifQ=="
        }
      ]
    },
    {
      "mode": "managed",
      "type": "aws_route53_record",
      "name": "training-vm-oz-37-wildcard",
      "provider": "provider[\"registry.terraform.io/hashicorp/aws\"]",
      "instances": [
        {
          "schema_version": 2,
          "attributes": {
            "alias": [],
            "allow_overwrite": null,
            "failover_routing_policy": [],
            "fqdn": "*.interactivetoolentrypoint.interactivetool.gat-37.oz.galaxy.training",
            "geolocation_routing_policy": [],
            "health_check_id": "",
            "id": "Z06074271TNBSU75H5S3Y_*.interactivetoolentrypoint.interactivetool.gat-37.oz.galaxy.training_CNAME",
            "latency_routing_policy": [],
            "multivalue_answer_routing_policy": null,
            "name": "*.interactivetoolentrypoint.interactivetool.gat-37.oz.galaxy.training",
            "records": [
              "gat-37.oz.galaxy.training"
            ],
            "set_identifier": "",
            "ttl": 7200,
            "type": "CNAME",
            "weighted_routing_policy": [],
            "zone_id": "Z06074271TNBSU75H5S3Y"
          },
          "sensitive_attributes": [],
          "private": "eyJzY2hlbWFfdmVyc2lvbiI6IjIifQ=="
        }
      ]
    },
    {
      "mode": "managed",
      "type": "aws_route53_record",
      "name": "training-vm-oz-38",
      "provider": "provider[\"registry.terraform.io/hashicorp/aws\"]",
      "instances": [
        {
          "schema_version": 2,
          "attributes": {
            "alias": [],
            "allow_overwrite": null,
            "failover_routing_policy": [],
            "fqdn": "gat-38.oz.galaxy.training",
            "geolocation_routing_policy": [],
            "health_check_id": "",
            "id": "Z06074271TNBSU75H5S3Y_gat-38.oz.galaxy.training_A",
            "latency_routing_policy": [],
            "multivalue_answer_routing_policy": null,
            "name": "gat-38.oz.galaxy.training",
            "records": [
              "115.146.85.222"
            ],
            "set_identifier": "",
            "ttl": 7200,
            "type": "A",
            "weighted_routing_policy": [],
            "zone_id": "Z06074271TNBSU75H5S3Y"
          },
          "sensitive_attributes": [],
          "private": "eyJzY2hlbWFfdmVyc2lvbiI6IjIifQ=="
        }
      ]
    },
    {
      "mode": "managed",
      "type": "aws_route53_record",
      "name": "training-vm-oz-38-wildcard",
      "provider": "provider[\"registry.terraform.io/hashicorp/aws\"]",
      "instances": [
        {
          "schema_version": 2,
          "attributes": {
            "alias": [],
            "allow_overwrite": null,
            "failover_routing_policy": [],
            "fqdn": "*.interactivetoolentrypoint.interactivetool.gat-38.oz.galaxy.training",
            "geolocation_routing_policy": [],
            "health_check_id": "",
            "id": "Z06074271TNBSU75H5S3Y_*.interactivetoolentrypoint.interactivetool.gat-38.oz.galaxy.training_CNAME",
            "latency_routing_policy": [],
            "multivalue_answer_routing_policy": null,
            "name": "*.interactivetoolentrypoint.interactivetool.gat-38.oz.galaxy.training",
            "records": [
              "gat-38.oz.galaxy.training"
            ],
            "set_identifier": "",
            "ttl": 7200,
            "type": "CNAME",
            "weighted_routing_policy": [],
            "zone_id": "Z06074271TNBSU75H5S3Y"
          },
          "sensitive_attributes": [],
          "private": "eyJzY2hlbWFfdmVyc2lvbiI6IjIifQ=="
        }
      ]
    },
    {
      "mode": "managed",
      "type": "aws_route53_record",
      "name": "training-vm-oz-4",
      "provider": "provider[\"registry.terraform.io/hashicorp/aws\"]",
      "instances": [
        {
          "schema_version": 2,
          "attributes": {
            "alias": [],
            "allow_overwrite": null,
            "failover_routing_policy": [],
            "fqdn": "gat-4.oz.galaxy.training",
            "geolocation_routing_policy": [],
            "health_check_id": "",
            "id": "Z06074271TNBSU75H5S3Y_gat-4.oz.galaxy.training_A",
            "latency_routing_policy": [],
            "multivalue_answer_routing_policy": null,
            "name": "gat-4.oz.galaxy.training",
            "records": [
              "115.146.84.110"
            ],
            "set_identifier": "",
            "ttl": 7200,
            "type": "A",
            "weighted_routing_policy": [],
            "zone_id": "Z06074271TNBSU75H5S3Y"
          },
          "sensitive_attributes": [],
          "private": "eyJzY2hlbWFfdmVyc2lvbiI6IjIifQ=="
        }
      ]
    },
    {
      "mode": "managed",
      "type": "aws_route53_record",
      "name": "training-vm-oz-4-wildcard",
      "provider": "provider[\"registry.terraform.io/hashicorp/aws\"]",
      "instances": [
        {
          "schema_version": 2,
          "attributes": {
            "alias": [],
            "allow_overwrite": null,
            "failover_routing_policy": [],
            "fqdn": "*.interactivetoolentrypoint.interactivetool.gat-4.oz.galaxy.training",
            "geolocation_routing_policy": [],
            "health_check_id": "",
            "id": "Z06074271TNBSU75H5S3Y_*.interactivetoolentrypoint.interactivetool.gat-4.oz.galaxy.training_CNAME",
            "latency_routing_policy": [],
            "multivalue_answer_routing_policy": null,
            "name": "*.interactivetoolentrypoint.interactivetool.gat-4.oz.galaxy.training",
            "records": [
              "gat-4.oz.galaxy.training"
            ],
            "set_identifier": "",
            "ttl": 7200,
            "type": "CNAME",
            "weighted_routing_policy": [],
            "zone_id": "Z06074271TNBSU75H5S3Y"
          },
          "sensitive_attributes": [],
          "private": "eyJzY2hlbWFfdmVyc2lvbiI6IjIifQ=="
        }
      ]
    },
    {
      "mode": "managed",
      "type": "aws_route53_record",
      "name": "training-vm-oz-5",
      "provider": "provider[\"registry.terraform.io/hashicorp/aws\"]",
      "instances": [
        {
          "schema_version": 2,
          "attributes": {
            "alias": [],
            "allow_overwrite": null,
            "failover_routing_policy": [],
            "fqdn": "gat-5.oz.galaxy.training",
            "geolocation_routing_policy": [],
            "health_check_id": "",
            "id": "Z06074271TNBSU75H5S3Y_gat-5.oz.galaxy.training_A",
            "latency_routing_policy": [],
            "multivalue_answer_routing_policy": null,
            "name": "gat-5.oz.galaxy.training",
            "records": [
              "115.146.85.95"
            ],
            "set_identifier": "",
            "ttl": 7200,
            "type": "A",
            "weighted_routing_policy": [],
            "zone_id": "Z06074271TNBSU75H5S3Y"
          },
          "sensitive_attributes": [],
          "private": "eyJzY2hlbWFfdmVyc2lvbiI6IjIifQ=="
        }
      ]
    },
    {
      "mode": "managed",
      "type": "aws_route53_record",
      "name": "training-vm-oz-5-wildcard",
      "provider": "provider[\"registry.terraform.io/hashicorp/aws\"]",
      "instances": [
        {
          "schema_version": 2,
          "attributes": {
            "alias": [],
            "allow_overwrite": null,
            "failover_routing_policy": [],
            "fqdn": "*.interactivetoolentrypoint.interactivetool.gat-5.oz.galaxy.training",
            "geolocation_routing_policy": [],
            "health_check_id": "",
            "id": "Z06074271TNBSU75H5S3Y_*.interactivetoolentrypoint.interactivetool.gat-5.oz.galaxy.training_CNAME",
            "latency_routing_policy": [],
            "multivalue_answer_routing_policy": null,
            "name": "*.interactivetoolentrypoint.interactivetool.gat-5.oz.galaxy.training",
            "records": [
              "gat-5.oz.galaxy.training"
            ],
            "set_identifier": "",
            "ttl": 7200,
            "type": "CNAME",
            "weighted_routing_policy": [],
            "zone_id": "Z06074271TNBSU75H5S3Y"
          },
          "sensitive_attributes": [],
          "private": "eyJzY2hlbWFfdmVyc2lvbiI6IjIifQ=="
        }
      ]
    },
    {
      "mode": "managed",
      "type": "aws_route53_record",
      "name": "training-vm-oz-6",
      "provider": "provider[\"registry.terraform.io/hashicorp/aws\"]",
      "instances": [
        {
          "schema_version": 2,
          "attributes": {
            "alias": [],
            "allow_overwrite": null,
            "failover_routing_policy": [],
            "fqdn": "gat-6.oz.galaxy.training",
            "geolocation_routing_policy": [],
            "health_check_id": "",
            "id": "Z06074271TNBSU75H5S3Y_gat-6.oz.galaxy.training_A",
            "latency_routing_policy": [],
            "multivalue_answer_routing_policy": null,
            "name": "gat-6.oz.galaxy.training",
            "records": [
              "115.146.87.146"
            ],
            "set_identifier": "",
            "ttl": 7200,
            "type": "A",
            "weighted_routing_policy": [],
            "zone_id": "Z06074271TNBSU75H5S3Y"
          },
          "sensitive_attributes": [],
          "private": "eyJzY2hlbWFfdmVyc2lvbiI6IjIifQ=="
        }
      ]
    },
    {
      "mode": "managed",
      "type": "aws_route53_record",
      "name": "training-vm-oz-6-wildcard",
      "provider": "provider[\"registry.terraform.io/hashicorp/aws\"]",
      "instances": [
        {
          "schema_version": 2,
          "attributes": {
            "alias": [],
            "allow_overwrite": null,
            "failover_routing_policy": [],
            "fqdn": "*.interactivetoolentrypoint.interactivetool.gat-6.oz.galaxy.training",
            "geolocation_routing_policy": [],
            "health_check_id": "",
            "id": "Z06074271TNBSU75H5S3Y_*.interactivetoolentrypoint.interactivetool.gat-6.oz.galaxy.training_CNAME",
            "latency_routing_policy": [],
            "multivalue_answer_routing_policy": null,
            "name": "*.interactivetoolentrypoint.interactivetool.gat-6.oz.galaxy.training",
            "records": [
              "gat-6.oz.galaxy.training"
            ],
            "set_identifier": "",
            "ttl": 7200,
            "type": "CNAME",
            "weighted_routing_policy": [],
            "zone_id": "Z06074271TNBSU75H5S3Y"
          },
          "sensitive_attributes": [],
          "private": "eyJzY2hlbWFfdmVyc2lvbiI6IjIifQ=="
        }
      ]
    },
    {
      "mode": "managed",
      "type": "aws_route53_record",
      "name": "training-vm-oz-7",
      "provider": "provider[\"registry.terraform.io/hashicorp/aws\"]",
      "instances": [
        {
          "schema_version": 2,
          "attributes": {
            "alias": [],
            "allow_overwrite": null,
            "failover_routing_policy": [],
            "fqdn": "gat-7.oz.galaxy.training",
            "geolocation_routing_policy": [],
            "health_check_id": "",
            "id": "Z06074271TNBSU75H5S3Y_gat-7.oz.galaxy.training_A",
            "latency_routing_policy": [],
            "multivalue_answer_routing_policy": null,
            "name": "gat-7.oz.galaxy.training",
            "records": [
              "115.146.84.82"
            ],
            "set_identifier": "",
            "ttl": 7200,
            "type": "A",
            "weighted_routing_policy": [],
            "zone_id": "Z06074271TNBSU75H5S3Y"
          },
          "sensitive_attributes": [],
          "private": "eyJzY2hlbWFfdmVyc2lvbiI6IjIifQ=="
        }
      ]
    },
    {
      "mode": "managed",
      "type": "aws_route53_record",
      "name": "training-vm-oz-7-wildcard",
      "provider": "provider[\"registry.terraform.io/hashicorp/aws\"]",
      "instances": [
        {
          "schema_version": 2,
          "attributes": {
            "alias": [],
            "allow_overwrite": null,
            "failover_routing_policy": [],
            "fqdn": "*.interactivetoolentrypoint.interactivetool.gat-7.oz.galaxy.training",
            "geolocation_routing_policy": [],
            "health_check_id": "",
            "id": "Z06074271TNBSU75H5S3Y_*.interactivetoolentrypoint.interactivetool.gat-7.oz.galaxy.training_CNAME",
            "latency_routing_policy": [],
            "multivalue_answer_routing_policy": null,
            "name": "*.interactivetoolentrypoint.interactivetool.gat-7.oz.galaxy.training",
            "records": [
              "gat-7.oz.galaxy.training"
            ],
            "set_identifier": "",
            "ttl": 7200,
            "type": "CNAME",
            "weighted_routing_policy": [],
            "zone_id": "Z06074271TNBSU75H5S3Y"
          },
          "sensitive_attributes": [],
          "private": "eyJzY2hlbWFfdmVyc2lvbiI6IjIifQ=="
        }
      ]
    },
    {
      "mode": "managed",
      "type": "aws_route53_record",
      "name": "training-vm-oz-8",
      "provider": "provider[\"registry.terraform.io/hashicorp/aws\"]",
      "instances": [
        {
          "schema_version": 2,
          "attributes": {
            "alias": [],
            "allow_overwrite": null,
            "failover_routing_policy": [],
            "fqdn": "gat-8.oz.galaxy.training",
            "geolocation_routing_policy": [],
            "health_check_id": "",
            "id": "Z06074271TNBSU75H5S3Y_gat-8.oz.galaxy.training_A",
            "latency_routing_policy": [],
            "multivalue_answer_routing_policy": null,
            "name": "gat-8.oz.galaxy.training",
            "records": [
              "115.146.84.255"
            ],
            "set_identifier": "",
            "ttl": 7200,
            "type": "A",
            "weighted_routing_policy": [],
            "zone_id": "Z06074271TNBSU75H5S3Y"
          },
          "sensitive_attributes": [],
          "private": "eyJzY2hlbWFfdmVyc2lvbiI6IjIifQ=="
        }
      ]
    },
    {
      "mode": "managed",
      "type": "aws_route53_record",
      "name": "training-vm-oz-8-wildcard",
      "provider": "provider[\"registry.terraform.io/hashicorp/aws\"]",
      "instances": [
        {
          "schema_version": 2,
          "attributes": {
            "alias": [],
            "allow_overwrite": null,
            "failover_routing_policy": [],
            "fqdn": "*.interactivetoolentrypoint.interactivetool.gat-8.oz.galaxy.training",
            "geolocation_routing_policy": [],
            "health_check_id": "",
            "id": "Z06074271TNBSU75H5S3Y_*.interactivetoolentrypoint.interactivetool.gat-8.oz.galaxy.training_CNAME",
            "latency_routing_policy": [],
            "multivalue_answer_routing_policy": null,
            "name": "*.interactivetoolentrypoint.interactivetool.gat-8.oz.galaxy.training",
            "records": [
              "gat-8.oz.galaxy.training"
            ],
            "set_identifier": "",
            "ttl": 7200,
            "type": "CNAME",
            "weighted_routing_policy": [],
            "zone_id": "Z06074271TNBSU75H5S3Y"
          },
          "sensitive_attributes": [],
          "private": "eyJzY2hlbWFfdmVyc2lvbiI6IjIifQ=="
        }
      ]
    },
    {
      "mode": "managed",
      "type": "aws_route53_record",
      "name": "training-vm-oz-9",
      "provider": "provider[\"registry.terraform.io/hashicorp/aws\"]",
      "instances": [
        {
          "schema_version": 2,
          "attributes": {
            "alias": [],
            "allow_overwrite": null,
            "failover_routing_policy": [],
            "fqdn": "gat-9.oz.galaxy.training",
            "geolocation_routing_policy": [],
            "health_check_id": "",
            "id": "Z06074271TNBSU75H5S3Y_gat-9.oz.galaxy.training_A",
            "latency_routing_policy": [],
            "multivalue_answer_routing_policy": null,
            "name": "gat-9.oz.galaxy.training",
            "records": [
              "115.146.87.169"
            ],
            "set_identifier": "",
            "ttl": 7200,
            "type": "A",
            "weighted_routing_policy": [],
            "zone_id": "Z06074271TNBSU75H5S3Y"
          },
          "sensitive_attributes": [],
          "private": "eyJzY2hlbWFfdmVyc2lvbiI6IjIifQ=="
        }
      ]
    },
    {
      "mode": "managed",
      "type": "aws_route53_record",
      "name": "training-vm-oz-9-wildcard",
      "provider": "provider[\"registry.terraform.io/hashicorp/aws\"]",
      "instances": [
        {
          "schema_version": 2,
          "attributes": {
            "alias": [],
            "allow_overwrite": null,
            "failover_routing_policy": [],
            "fqdn": "*.interactivetoolentrypoint.interactivetool.gat-9.oz.galaxy.training",
            "geolocation_routing_policy": [],
            "health_check_id": "",
            "id": "Z06074271TNBSU75H5S3Y_*.interactivetoolentrypoint.interactivetool.gat-9.oz.galaxy.training_CNAME",
            "latency_routing_policy": [],
            "multivalue_answer_routing_policy": null,
            "name": "*.interactivetoolentrypoint.interactivetool.gat-9.oz.galaxy.training",
            "records": [
              "gat-9.oz.galaxy.training"
            ],
            "set_identifier": "",
            "ttl": 7200,
            "type": "CNAME",
            "weighted_routing_policy": [],
            "zone_id": "Z06074271TNBSU75H5S3Y"
          },
          "sensitive_attributes": [],
          "private": "eyJzY2hlbWFfdmVyc2lvbiI6IjIifQ=="
        }
      ]
    }
  ]
}
